{
  "version": 4,
  "terraform_version": "1.10.4",
  "serial": 62,
  "lineage": "cf6b3e9a-4566-8fdc-9f40-02c12ce3af20",
  "outputs": {},
  "resources": [
    {
      "mode": "data",
      "type": "aws_acm_certificate",
      "name": "cert",
      "provider": "provider[\"registry.terraform.io/hashicorp/aws\"]",
      "instances": [
        {
          "schema_version": 0,
          "attributes": {
            "arn": "arn:aws:acm:us-east-1:640168420071:certificate/62ebb762-81f0-4002-84d0-0f15fd865a24",
            "certificate": "-----BEGIN CERTIFICATE-----\nMIIF0jCCBLqgAwIBAgIQCn5X1E2d19GDWAXIYkHjAjANBgkqhkiG9w0BAQsFADA8\nMQswCQYDVQQGEwJVUzEPMA0GA1UEChMGQW1hem9uMRwwGgYDVQQDExNBbWF6b24g\nUlNBIDIwNDggTTAyMB4XDTI1MDEyNDAwMDAwMFoXDTI2MDIyMjIzNTk1OVowFTET\nMBEGA1UEAxMKeWJvcnQuc2hvcDCCASIwDQYJKoZIhvcNAQEBBQADggEPADCCAQoC\nggEBAK1YvwpXV61ucFZwnplaG8w+akMk33ssDG2p4QChoYx0JL0LKP4JWnZvV4kS\nNnzylXeWc7ZVrnRWHBElBFriZ9mwyimKZebG8dR8Y2TjJf0EZ+PY6SKyCZJ5dik7\nDPMJVdNEQHS04kpWkCOtALtXwFn5//RmoqAFq3LzeM8vIVwho1Xx0icyXt0tPguw\nffSPqPwI2d8OrP30/o1AfI0iuhCkIlO1sHDZrO3sXcG0lgedKwV9rceVoscSTbz5\n3f3WyB/XV/ULg2xv5wZ1QZ4cyD2vpwu5T4sqNRcXWn9/TMv8/6ljxfOgKCXnzEos\nc3WwkTHyrrl8blbhJXx7cC+shMkCAwEAAaOCAvUwggLxMB8GA1UdIwQYMBaAFMAx\nUs1aUMOCfHRxzsvpnPl664LiMB0GA1UdDgQWBBR5iz4nqT53MMOVCQ1DhqpHmNVQ\n3DAnBgNVHREEIDAeggp5Ym9ydC5zaG9wghAqLmRldi55Ym9ydC5zaG9wMBMGA1Ud\nIAQMMAowCAYGZ4EMAQIBMA4GA1UdDwEB/wQEAwIFoDAdBgNVHSUEFjAUBggrBgEF\nBQcDAQYIKwYBBQUHAwIwOwYDVR0fBDQwMjAwoC6gLIYqaHR0cDovL2NybC5yMm0w\nMi5hbWF6b250cnVzdC5jb20vcjJtMDIuY3JsMHUGCCsGAQUFBwEBBGkwZzAtBggr\nBgEFBQcwAYYhaHR0cDovL29jc3AucjJtMDIuYW1hem9udHJ1c3QuY29tMDYGCCsG\nAQUFBzAChipodHRwOi8vY3J0LnIybTAyLmFtYXpvbnRydXN0LmNvbS9yMm0wMi5j\nZXIwDAYDVR0TAQH/BAIwADCCAX4GCisGAQQB1nkCBAIEggFuBIIBagFoAHYADleU\nvPOuqT4zGyyZB7P3kN+bwj1xMiXdIaklrGHFTiEAAAGUmU3RUAAABAMARzBFAiAx\nFfEHGtPH42QZuAEKpQt08xA0VzDirYZNnzbS5xn7WAIhAJpd3qh+0+ASC7Qe3+H8\n1BG1heO8c/cUl0+fbZTqG9giAHYAZBHEbKQS7KeJHKICLgC8q08oB9QeNSer6v7V\nA8l9zfAAAAGUmU3RkAAABAMARzBFAiAvV9U6NAKXnIwHWSDhTzAHp1t40rEE41nL\noI+KuZY9vAIhAMeCYDAe2ITdlPng4gc9W70GkIsiKdguevRXPQQYrgz7AHYASZyb\nad4dfOz8Nt7Nh2SmuFuvCoeAGdFVUvvp6ynd+MMAAAGUmU3RngAABAMARzBFAiAI\nYZV/5aMcQtwdaszYUvvPx1Chs9F9HNnDQLdm8BGIhgIhAINqsT9vzsqUItUp34d2\nitmDN4xugmTxCna28TY+i0elMA0GCSqGSIb3DQEBCwUAA4IBAQBkVjbyiRh3h9Z5\ni12fGH5NobY6q5H7zadiP1+68eh6z5BwoQwXzFlh1PElMAf4FHFhhTqIWkWpAyue\nycKZiXRChKLUR3hGCkA/yvoWRJf3f3FmejgDypfV6yulG7kfwMHPpvdAEPIZI3nE\nuheV+dkA+2/fjzZLKtO4SgVvcCTInY5h6+yY0ovJHH0Krdvil75PIQzswQzvvHP3\njx4d9Wt/4a77sSPZ16ZEvw+tuo1wsdHDl2Av+BrKQaMgBXFa/SttJsoAVRNpbtJL\nmONOjimL5Za9cjjVrKdfdDu9AGL1+/P7Umqmdh3wKyKZI2TsWcJcRrfLjAvRhX19\nQqcSUgI5\n-----END CERTIFICATE-----\n",
            "certificate_chain": "-----BEGIN CERTIFICATE-----\nMIIEXjCCA0agAwIBAgITB3MSSkvL1E7HtTvq8ZSELToPoTANBgkqhkiG9w0BAQsF\nADA5MQswCQYDVQQGEwJVUzEPMA0GA1UEChMGQW1hem9uMRkwFwYDVQQDExBBbWF6\nb24gUm9vdCBDQSAxMB4XDTIyMDgyMzIyMjUzMFoXDTMwMDgyMzIyMjUzMFowPDEL\nMAkGA1UEBhMCVVMxDzANBgNVBAoTBkFtYXpvbjEcMBoGA1UEAxMTQW1hem9uIFJT\nQSAyMDQ4IE0wMjCCASIwDQYJKoZIhvcNAQEBBQADggEPADCCAQoCggEBALtDGMZa\nqHneKei1by6+pUPPLljTB143Si6VpEWPc6mSkFhZb/6qrkZyoHlQLbDYnI2D7hD0\nsdzEqfnuAjIsuXQLG3A8TvX6V3oFNBFVe8NlLJHvBseKY88saLwufxkZVwk74g4n\nWlNMXzla9Y5F3wwRHwMVH443xGz6UtGSZSqQ94eFx5X7Tlqt8whi8qCaKdZ5rNak\n+r9nUThOeClqFd4oXych//Rc7Y0eX1KNWHYSI1Nk31mYgiK3JvH063g+K9tHA63Z\neTgKgndlh+WI+zv7i44HepRZjA1FYwYZ9Vv/9UkC5Yz8/yU65fgjaE+wVHM4e/Yy\nC2osrPWE7gJ+dXMCAwEAAaOCAVowggFWMBIGA1UdEwEB/wQIMAYBAf8CAQAwDgYD\nVR0PAQH/BAQDAgGGMB0GA1UdJQQWMBQGCCsGAQUFBwMBBggrBgEFBQcDAjAdBgNV\nHQ4EFgQUwDFSzVpQw4J8dHHOy+mc+XrrguIwHwYDVR0jBBgwFoAUhBjMhTTsvAyU\nlC4IWZzHshBOCggwewYIKwYBBQUHAQEEbzBtMC8GCCsGAQUFBzABhiNodHRwOi8v\nb2NzcC5yb290Y2ExLmFtYXpvbnRydXN0LmNvbTA6BggrBgEFBQcwAoYuaHR0cDov\nL2NydC5yb290Y2ExLmFtYXpvbnRydXN0LmNvbS9yb290Y2ExLmNlcjA/BgNVHR8E\nODA2MDSgMqAwhi5odHRwOi8vY3JsLnJvb3RjYTEuYW1hem9udHJ1c3QuY29tL3Jv\nb3RjYTEuY3JsMBMGA1UdIAQMMAowCAYGZ4EMAQIBMA0GCSqGSIb3DQEBCwUAA4IB\nAQAtTi6Fs0Azfi+iwm7jrz+CSxHH+uHl7Law3MQSXVtR8RV53PtR6r/6gNpqlzdo\nZq4FKbADi1v9Bun8RY8D51uedRfjsbeodizeBB8nXmeyD33Ep7VATj4ozcd31YFV\nfgRhvTSxNrrTlNpWkUk0m3BMPv8sg381HhA6uEYokE5q9uws/3YkKqRiEz3TsaWm\nJqIRZhMbgAfp7O7FUwFIb7UIspogZSKxPIWJpxiPo3TcBambbVtQOcNRWz5qCQdD\nslI2yayq0n2TXoHyNCLEH8rpsJRVILFsg0jc7BaFrMnF462+ajSehgj12IidNeRN\n4zl+EoNaWdpnWndvSpAEkq2P\n-----END CERTIFICATE-----\n-----BEGIN CERTIFICATE-----\nMIIEkjCCA3qgAwIBAgITBn+USionzfP6wq4rAfkI7rnExjANBgkqhkiG9w0BAQsF\nADCBmDELMAkGA1UEBhMCVVMxEDAOBgNVBAgTB0FyaXpvbmExEzARBgNVBAcTClNj\nb3R0c2RhbGUxJTAjBgNVBAoTHFN0YXJmaWVsZCBUZWNobm9sb2dpZXMsIEluYy4x\nOzA5BgNVBAMTMlN0YXJmaWVsZCBTZXJ2aWNlcyBSb290IENlcnRpZmljYXRlIEF1\ndGhvcml0eSAtIEcyMB4XDTE1MDUyNTEyMDAwMFoXDTM3MTIzMTAxMDAwMFowOTEL\nMAkGA1UEBhMCVVMxDzANBgNVBAoTBkFtYXpvbjEZMBcGA1UEAxMQQW1hem9uIFJv\nb3QgQ0EgMTCCASIwDQYJKoZIhvcNAQEBBQADggEPADCCAQoCggEBALJ4gHHKeNXj\nca9HgFB0fW7Y14h29Jlo91ghYPl0hAEvrAIthtOgQ3pOsqTQNroBvo3bSMgHFzZM\n9O6II8c+6zf1tRn4SWiw3te5djgdYZ6k/oI2peVKVuRF4fn9tBb6dNqcmzU5L/qw\nIFAGbHrQgLKm+a/sRxmPUDgH3KKHOVj4utWp+UhnMJbulHheb4mjUcAwhmahRWa6\nVOujw5H5SNz/0egwLX0tdHA114gk957EWW67c4cX8jJGKLhD+rcdqsq08p8kDi1L\n93FcXmn/6pUCyziKrlA4b9v7LWIbxcceVOF34GfID5yHI9Y/QCB/IIDEgEw+OyQm\njgSubJrIqg0CAwEAAaOCATEwggEtMA8GA1UdEwEB/wQFMAMBAf8wDgYDVR0PAQH/\nBAQDAgGGMB0GA1UdDgQWBBSEGMyFNOy8DJSULghZnMeyEE4KCDAfBgNVHSMEGDAW\ngBScXwDfqgHXMCs4iKK4bUqc8hGRgzB4BggrBgEFBQcBAQRsMGowLgYIKwYBBQUH\nMAGGImh0dHA6Ly9vY3NwLnJvb3RnMi5hbWF6b250cnVzdC5jb20wOAYIKwYBBQUH\nMAKGLGh0dHA6Ly9jcnQucm9vdGcyLmFtYXpvbnRydXN0LmNvbS9yb290ZzIuY2Vy\nMD0GA1UdHwQ2MDQwMqAwoC6GLGh0dHA6Ly9jcmwucm9vdGcyLmFtYXpvbnRydXN0\nLmNvbS9yb290ZzIuY3JsMBEGA1UdIAQKMAgwBgYEVR0gADANBgkqhkiG9w0BAQsF\nAAOCAQEAYjdCXLwQtT6LLOkMm2xF4gcAevnFWAu5CIw+7bMlPLVvUOTNNWqnkzSW\nMiGpSESrnO09tKpzbeR/FoCJbM8oAxiDR3mjEH4wW6w7sGDgd9QIpuEdfF7Au/ma\neyKdpwAJfqxGF4PcnCZXmTA5YpaP7dreqsXMGz7KQ2hsVxa81Q4gLv7/wmpdLqBK\nbRRYh5TmOTFffHPLkIhqhBGWJ6bt2YFGpn6jcgAKUj6DiAdjd4lpFw85hdKrCEVN\n0FE6/V1dN2RMfjCyVSRCnTawXZwXgWHxyvkQAiSr6w10kY17RSlQOYiypok1JR4U\nakcjMS9cmvqtmg5iUaQqqcT5NJ0hGA==\n-----END CERTIFICATE-----\n",
            "domain": "ybort.shop",
            "id": "arn:aws:acm:us-east-1:640168420071:certificate/62ebb762-81f0-4002-84d0-0f15fd865a24",
            "key_types": null,
            "most_recent": false,
            "status": "ISSUED",
            "statuses": [
              "ISSUED"
            ],
            "tags": {},
            "types": null
          },
          "sensitive_attributes": []
        }
      ]
    },
    {
      "mode": "data",
      "type": "aws_alb",
      "name": "alb_nginx",
      "provider": "provider[\"registry.terraform.io/hashicorp/aws\"]",
      "instances": [
        {
          "schema_version": 0,
          "attributes": {
            "access_logs": [
              {
                "bucket": "",
                "enabled": false,
                "prefix": ""
              }
            ],
            "arn": "arn:aws:elasticloadbalancing:us-east-1:640168420071:loadbalancer/app/dev-alb/692df754e0b1e442",
            "arn_suffix": "app/dev-alb/692df754e0b1e442",
            "client_keep_alive": 3600,
            "connection_logs": [
              {
                "bucket": "",
                "enabled": false,
                "prefix": ""
              }
            ],
            "customer_owned_ipv4_pool": "",
            "desync_mitigation_mode": "defensive",
            "dns_name": "dev-alb-1454280577.us-east-1.elb.amazonaws.com",
            "dns_record_client_routing_policy": null,
            "drop_invalid_header_fields": false,
            "enable_cross_zone_load_balancing": true,
            "enable_deletion_protection": false,
            "enable_http2": true,
            "enable_tls_version_and_cipher_suite_headers": false,
            "enable_waf_fail_open": false,
            "enable_xff_client_port": false,
            "enable_zonal_shift": false,
            "enforce_security_group_inbound_rules_on_private_link_traffic": "",
            "id": "arn:aws:elasticloadbalancing:us-east-1:640168420071:loadbalancer/app/dev-alb/692df754e0b1e442",
            "idle_timeout": 60,
            "internal": false,
            "ip_address_type": "ipv4",
            "load_balancer_type": "application",
            "name": "dev-alb",
            "preserve_host_header": false,
            "security_groups": [
              "sg-04ad8889b8e4863f9",
              "sg-04da3fbacb6b56802"
            ],
            "subnet_mapping": [
              {
                "allocation_id": "",
                "ipv6_address": "",
                "outpost_id": "",
                "private_ipv4_address": "",
                "subnet_id": "subnet-0098f50fc1aadb56e"
              },
              {
                "allocation_id": "",
                "ipv6_address": "",
                "outpost_id": "",
                "private_ipv4_address": "",
                "subnet_id": "subnet-0d2cf41ffa49ec54f"
              }
            ],
            "subnets": [
              "subnet-0098f50fc1aadb56e",
              "subnet-0d2cf41ffa49ec54f"
            ],
            "tags": {
              "elbv2.k8s.aws/cluster": "dev-DevOpsProject",
              "ingress.k8s.aws/resource": "LoadBalancer",
              "ingress.k8s.aws/stack": "ingress-nginx/alb-nginx"
            },
            "timeouts": null,
            "vpc_id": "vpc-035cd613c43fc31f5",
            "xff_header_processing_mode": "append",
            "zone_id": "Z35SXDOTRQ7X7K"
          },
          "sensitive_attributes": []
        }
      ]
    },
    {
      "mode": "data",
      "type": "aws_iam_policy_document",
      "name": "aws_lbc",
      "provider": "provider[\"registry.terraform.io/hashicorp/aws\"]",
      "instances": [
        {
          "schema_version": 0,
          "attributes": {
            "id": "1514588020",
            "json": "{\n  \"Version\": \"2012-10-17\",\n  \"Statement\": [\n    {\n      \"Effect\": \"Allow\",\n      \"Action\": [\n        \"elasticloadbalancing:SetSubnets\",\n        \"elasticloadbalancing:SetSecurityGroups\",\n        \"elasticloadbalancing:SetIpAddressType\",\n        \"elasticloadbalancing:RemoveTags\",\n        \"elasticloadbalancing:RegisterTargets\",\n        \"elasticloadbalancing:ModifyTargetGroupAttributes\",\n        \"elasticloadbalancing:ModifyTargetGroup\",\n        \"elasticloadbalancing:ModifyRule\",\n        \"elasticloadbalancing:ModifyLoadBalancerAttributes\",\n        \"elasticloadbalancing:ModifyListener\",\n        \"elasticloadbalancing:DescribeTargetHealth\",\n        \"elasticloadbalancing:DescribeTargetGroups\",\n        \"elasticloadbalancing:DescribeTargetGroupAttributes\",\n        \"elasticloadbalancing:DescribeTags\",\n        \"elasticloadbalancing:DescribeSSLPolicies\",\n        \"elasticloadbalancing:DescribeRules\",\n        \"elasticloadbalancing:DescribeLoadBalancers\",\n        \"elasticloadbalancing:DescribeLoadBalancerAttributes\",\n        \"elasticloadbalancing:DescribeListeners\",\n        \"elasticloadbalancing:DescribeListenerCertificates\",\n        \"elasticloadbalancing:DeregisterTargets\",\n        \"elasticloadbalancing:DeleteTargetGroup\",\n        \"elasticloadbalancing:DeleteRule\",\n        \"elasticloadbalancing:DeleteLoadBalancer\",\n        \"elasticloadbalancing:DeleteListener\",\n        \"elasticloadbalancing:CreateTargetGroup\",\n        \"elasticloadbalancing:CreateRule\",\n        \"elasticloadbalancing:CreateLoadBalancer\",\n        \"elasticloadbalancing:CreateListener\",\n        \"elasticloadbalancing:AddTags\",\n        \"ec2:GetCoipPoolUsage\",\n        \"ec2:DescribeVpcs\",\n        \"ec2:DescribeTags\",\n        \"ec2:DescribeSubnets\",\n        \"ec2:DescribeSecurityGroups\",\n        \"ec2:DescribeNetworkInterfaces\",\n        \"ec2:DescribeInternetGateways\",\n        \"ec2:DescribeInstances\",\n        \"ec2:DescribeCoipPools\",\n        \"ec2:DescribeAvailabilityZones\",\n        \"ec2:DescribeAddresses\",\n        \"ec2:DescribeAccountAttributes\"\n      ],\n      \"Resource\": \"*\"\n    }\n  ]\n}",
            "minified_json": "{\"Version\":\"2012-10-17\",\"Statement\":[{\"Effect\":\"Allow\",\"Action\":[\"elasticloadbalancing:SetSubnets\",\"elasticloadbalancing:SetSecurityGroups\",\"elasticloadbalancing:SetIpAddressType\",\"elasticloadbalancing:RemoveTags\",\"elasticloadbalancing:RegisterTargets\",\"elasticloadbalancing:ModifyTargetGroupAttributes\",\"elasticloadbalancing:ModifyTargetGroup\",\"elasticloadbalancing:ModifyRule\",\"elasticloadbalancing:ModifyLoadBalancerAttributes\",\"elasticloadbalancing:ModifyListener\",\"elasticloadbalancing:DescribeTargetHealth\",\"elasticloadbalancing:DescribeTargetGroups\",\"elasticloadbalancing:DescribeTargetGroupAttributes\",\"elasticloadbalancing:DescribeTags\",\"elasticloadbalancing:DescribeSSLPolicies\",\"elasticloadbalancing:DescribeRules\",\"elasticloadbalancing:DescribeLoadBalancers\",\"elasticloadbalancing:DescribeLoadBalancerAttributes\",\"elasticloadbalancing:DescribeListeners\",\"elasticloadbalancing:DescribeListenerCertificates\",\"elasticloadbalancing:DeregisterTargets\",\"elasticloadbalancing:DeleteTargetGroup\",\"elasticloadbalancing:DeleteRule\",\"elasticloadbalancing:DeleteLoadBalancer\",\"elasticloadbalancing:DeleteListener\",\"elasticloadbalancing:CreateTargetGroup\",\"elasticloadbalancing:CreateRule\",\"elasticloadbalancing:CreateLoadBalancer\",\"elasticloadbalancing:CreateListener\",\"elasticloadbalancing:AddTags\",\"ec2:GetCoipPoolUsage\",\"ec2:DescribeVpcs\",\"ec2:DescribeTags\",\"ec2:DescribeSubnets\",\"ec2:DescribeSecurityGroups\",\"ec2:DescribeNetworkInterfaces\",\"ec2:DescribeInternetGateways\",\"ec2:DescribeInstances\",\"ec2:DescribeCoipPools\",\"ec2:DescribeAvailabilityZones\",\"ec2:DescribeAddresses\",\"ec2:DescribeAccountAttributes\"],\"Resource\":\"*\"}]}",
            "override_json": null,
            "override_policy_documents": null,
            "policy_id": null,
            "source_json": null,
            "source_policy_documents": null,
            "statement": [
              {
                "actions": [
                  "ec2:DescribeAccountAttributes",
                  "ec2:DescribeAddresses",
                  "ec2:DescribeAvailabilityZones",
                  "ec2:DescribeCoipPools",
                  "ec2:DescribeInstances",
                  "ec2:DescribeInternetGateways",
                  "ec2:DescribeNetworkInterfaces",
                  "ec2:DescribeSecurityGroups",
                  "ec2:DescribeSubnets",
                  "ec2:DescribeTags",
                  "ec2:DescribeVpcs",
                  "ec2:GetCoipPoolUsage",
                  "elasticloadbalancing:AddTags",
                  "elasticloadbalancing:CreateListener",
                  "elasticloadbalancing:CreateLoadBalancer",
                  "elasticloadbalancing:CreateRule",
                  "elasticloadbalancing:CreateTargetGroup",
                  "elasticloadbalancing:DeleteListener",
                  "elasticloadbalancing:DeleteLoadBalancer",
                  "elasticloadbalancing:DeleteRule",
                  "elasticloadbalancing:DeleteTargetGroup",
                  "elasticloadbalancing:DeregisterTargets",
                  "elasticloadbalancing:DescribeListenerCertificates",
                  "elasticloadbalancing:DescribeListeners",
                  "elasticloadbalancing:DescribeLoadBalancerAttributes",
                  "elasticloadbalancing:DescribeLoadBalancers",
                  "elasticloadbalancing:DescribeRules",
                  "elasticloadbalancing:DescribeSSLPolicies",
                  "elasticloadbalancing:DescribeTags",
                  "elasticloadbalancing:DescribeTargetGroupAttributes",
                  "elasticloadbalancing:DescribeTargetGroups",
                  "elasticloadbalancing:DescribeTargetHealth",
                  "elasticloadbalancing:ModifyListener",
                  "elasticloadbalancing:ModifyLoadBalancerAttributes",
                  "elasticloadbalancing:ModifyRule",
                  "elasticloadbalancing:ModifyTargetGroup",
                  "elasticloadbalancing:ModifyTargetGroupAttributes",
                  "elasticloadbalancing:RegisterTargets",
                  "elasticloadbalancing:RemoveTags",
                  "elasticloadbalancing:SetIpAddressType",
                  "elasticloadbalancing:SetSecurityGroups",
                  "elasticloadbalancing:SetSubnets"
                ],
                "condition": [],
                "effect": "Allow",
                "not_actions": [],
                "not_principals": [],
                "not_resources": [],
                "principals": [],
                "resources": [
                  "*"
                ],
                "sid": ""
              }
            ],
            "version": "2012-10-17"
          },
          "sensitive_attributes": []
        }
      ]
    },
    {
      "mode": "data",
      "type": "aws_iam_policy_document",
      "name": "aws_lbc_assume",
      "provider": "provider[\"registry.terraform.io/hashicorp/aws\"]",
      "instances": [
        {
          "schema_version": 0,
          "attributes": {
            "id": "819195744",
            "json": "{\n  \"Version\": \"2012-10-17\",\n  \"Statement\": [\n    {\n      \"Effect\": \"Allow\",\n      \"Action\": [\n        \"sts:TagSession\",\n        \"sts:AssumeRole\"\n      ],\n      \"Principal\": {\n        \"Service\": \"pods.eks.amazonaws.com\"\n      }\n    }\n  ]\n}",
            "minified_json": "{\"Version\":\"2012-10-17\",\"Statement\":[{\"Effect\":\"Allow\",\"Action\":[\"sts:TagSession\",\"sts:AssumeRole\"],\"Principal\":{\"Service\":\"pods.eks.amazonaws.com\"}}]}",
            "override_json": null,
            "override_policy_documents": null,
            "policy_id": null,
            "source_json": null,
            "source_policy_documents": null,
            "statement": [
              {
                "actions": [
                  "sts:AssumeRole",
                  "sts:TagSession"
                ],
                "condition": [],
                "effect": "Allow",
                "not_actions": [],
                "not_principals": [],
                "not_resources": [],
                "principals": [
                  {
                    "identifiers": [
                      "pods.eks.amazonaws.com"
                    ],
                    "type": "Service"
                  }
                ],
                "resources": [],
                "sid": ""
              }
            ],
            "version": "2012-10-17"
          },
          "sensitive_attributes": []
        }
      ]
    },
    {
      "mode": "data",
      "type": "aws_iam_policy_document",
      "name": "ebs_csi_driver",
      "provider": "provider[\"registry.terraform.io/hashicorp/aws\"]",
      "instances": [
        {
          "schema_version": 0,
          "attributes": {
            "id": "819195744",
            "json": "{\n  \"Version\": \"2012-10-17\",\n  \"Statement\": [\n    {\n      \"Effect\": \"Allow\",\n      \"Action\": [\n        \"sts:TagSession\",\n        \"sts:AssumeRole\"\n      ],\n      \"Principal\": {\n        \"Service\": \"pods.eks.amazonaws.com\"\n      }\n    }\n  ]\n}",
            "minified_json": "{\"Version\":\"2012-10-17\",\"Statement\":[{\"Effect\":\"Allow\",\"Action\":[\"sts:TagSession\",\"sts:AssumeRole\"],\"Principal\":{\"Service\":\"pods.eks.amazonaws.com\"}}]}",
            "override_json": null,
            "override_policy_documents": null,
            "policy_id": null,
            "source_json": null,
            "source_policy_documents": null,
            "statement": [
              {
                "actions": [
                  "sts:AssumeRole",
                  "sts:TagSession"
                ],
                "condition": [],
                "effect": "Allow",
                "not_actions": [],
                "not_principals": [],
                "not_resources": [],
                "principals": [
                  {
                    "identifiers": [
                      "pods.eks.amazonaws.com"
                    ],
                    "type": "Service"
                  }
                ],
                "resources": [],
                "sid": ""
              }
            ],
            "version": "2012-10-17"
          },
          "sensitive_attributes": []
        }
      ]
    },
    {
      "mode": "data",
      "type": "aws_route53_zone",
      "name": "zone",
      "provider": "provider[\"registry.terraform.io/hashicorp/aws\"]",
      "instances": [
        {
          "schema_version": 0,
          "attributes": {
            "arn": "arn:aws:route53:::hostedzone/Z09406153GH1DJ54EPTTZ",
            "caller_reference": "24bb0341-4fc1-44c9-aa91-ae31736b9efd",
            "comment": "",
            "id": "Z09406153GH1DJ54EPTTZ",
            "linked_service_description": null,
            "linked_service_principal": null,
            "name": "ybort.shop",
            "name_servers": [
              "ns-1377.awsdns-44.org",
              "ns-1908.awsdns-46.co.uk",
              "ns-489.awsdns-61.com",
              "ns-595.awsdns-10.net"
            ],
            "primary_name_server": "ns-1377.awsdns-44.org",
            "private_zone": false,
            "resource_record_set_count": 5,
            "tags": {},
            "vpc_id": null,
            "zone_id": "Z09406153GH1DJ54EPTTZ"
          },
          "sensitive_attributes": []
        }
      ]
    },
    {
      "mode": "managed",
      "type": "aws_eks_pod_identity_association",
      "name": "aws_lbc",
      "provider": "provider[\"registry.terraform.io/hashicorp/aws\"]",
      "instances": [
        {
          "schema_version": 0,
          "attributes": {
            "association_arn": "arn:aws:eks:us-east-1:640168420071:podidentityassociation/dev-DevOpsProject/a-w9oxz93ev4pvkmi7j",
            "association_id": "a-w9oxz93ev4pvkmi7j",
            "cluster_name": "dev-DevOpsProject",
            "id": "a-w9oxz93ev4pvkmi7j",
            "namespace": "kube-system",
            "role_arn": "arn:aws:iam::640168420071:role/AWSLoadBalancerControllerRole",
            "service_account": "aws-load-balancer-controller",
            "tags": null,
            "tags_all": {}
          },
          "sensitive_attributes": [],
          "dependencies": [
            "aws_iam_role.aws_lbc",
            "data.aws_iam_policy_document.aws_lbc_assume"
          ],
          "create_before_destroy": true
        }
      ]
    },
    {
      "mode": "managed",
      "type": "aws_eks_pod_identity_association",
      "name": "ebs_csi_driver",
      "provider": "provider[\"registry.terraform.io/hashicorp/aws\"]",
      "instances": [
        {
          "schema_version": 0,
          "attributes": {
            "association_arn": "arn:aws:eks:us-east-1:640168420071:podidentityassociation/dev-DevOpsProject/a-ohlrnshb30lvjwfbr",
            "association_id": "a-ohlrnshb30lvjwfbr",
            "cluster_name": "dev-DevOpsProject",
            "id": "a-ohlrnshb30lvjwfbr",
            "namespace": "kube-system",
            "role_arn": "arn:aws:iam::640168420071:role/DevOpsProject-ebs-csi-driver",
            "service_account": "ebs-csi-controller-sa",
            "tags": null,
            "tags_all": {}
          },
          "sensitive_attributes": [],
          "dependencies": [
            "aws_iam_role.ebs_csi_driver",
            "data.aws_iam_policy_document.ebs_csi_driver"
          ]
        }
      ]
    },
    {
      "mode": "managed",
      "type": "aws_iam_role",
      "name": "aws_lbc",
      "provider": "provider[\"registry.terraform.io/hashicorp/aws\"]",
      "instances": [
        {
          "schema_version": 0,
          "attributes": {
            "arn": "arn:aws:iam::640168420071:role/AWSLoadBalancerControllerRole",
            "assume_role_policy": "{\"Statement\":[{\"Action\":[\"sts:TagSession\",\"sts:AssumeRole\"],\"Effect\":\"Allow\",\"Principal\":{\"Service\":\"pods.eks.amazonaws.com\"}}],\"Version\":\"2012-10-17\"}",
            "create_date": "2025-01-24T17:13:08Z",
            "description": "",
            "force_detach_policies": false,
            "id": "AWSLoadBalancerControllerRole",
            "inline_policy": [
              {
                "name": "aws-load-balancer-controller",
                "policy": "{\"Version\":\"2012-10-17\",\"Statement\":[{\"Action\":[\"elasticloadbalancing:SetSubnets\",\"elasticloadbalancing:SetSecurityGroups\",\"elasticloadbalancing:SetIpAddressType\",\"elasticloadbalancing:RemoveTags\",\"elasticloadbalancing:RegisterTargets\",\"elasticloadbalancing:ModifyTargetGroupAttributes\",\"elasticloadbalancing:ModifyTargetGroup\",\"elasticloadbalancing:ModifyRule\",\"elasticloadbalancing:ModifyLoadBalancerAttributes\",\"elasticloadbalancing:ModifyListener\",\"elasticloadbalancing:DescribeTargetHealth\",\"elasticloadbalancing:DescribeTargetGroups\",\"elasticloadbalancing:DescribeTargetGroupAttributes\",\"elasticloadbalancing:DescribeTags\",\"elasticloadbalancing:DescribeSSLPolicies\",\"elasticloadbalancing:DescribeRules\",\"elasticloadbalancing:DescribeLoadBalancers\",\"elasticloadbalancing:DescribeLoadBalancerAttributes\",\"elasticloadbalancing:DescribeListeners\",\"elasticloadbalancing:DescribeListenerCertificates\",\"elasticloadbalancing:DeregisterTargets\",\"elasticloadbalancing:DeleteTargetGroup\",\"elasticloadbalancing:DeleteRule\",\"elasticloadbalancing:DeleteLoadBalancer\",\"elasticloadbalancing:DeleteListener\",\"elasticloadbalancing:CreateTargetGroup\",\"elasticloadbalancing:CreateRule\",\"elasticloadbalancing:CreateLoadBalancer\",\"elasticloadbalancing:CreateListener\",\"elasticloadbalancing:AddTags\",\"ec2:GetCoipPoolUsage\",\"ec2:DescribeVpcs\",\"ec2:DescribeTags\",\"ec2:DescribeSubnets\",\"ec2:DescribeSecurityGroups\",\"ec2:DescribeNetworkInterfaces\",\"ec2:DescribeInternetGateways\",\"ec2:DescribeInstances\",\"ec2:DescribeCoipPools\",\"ec2:DescribeAvailabilityZones\",\"ec2:DescribeAddresses\",\"ec2:DescribeAccountAttributes\"],\"Effect\":\"Allow\",\"Resource\":\"*\"}]}"
              }
            ],
            "managed_policy_arns": [],
            "max_session_duration": 3600,
            "name": "AWSLoadBalancerControllerRole",
            "name_prefix": "",
            "path": "/",
            "permissions_boundary": "",
            "tags": {
              "Environment": "dev",
              "Project": "DevOpsProject",
              "Provisioned_by": "Terraform"
            },
            "tags_all": {
              "Environment": "dev",
              "Project": "DevOpsProject",
              "Provisioned_by": "Terraform"
            },
            "unique_id": "AROAZKDIC4LTSYKBMPDBT"
          },
          "sensitive_attributes": [],
          "private": "bnVsbA==",
          "dependencies": [
            "data.aws_iam_policy_document.aws_lbc_assume"
          ],
          "create_before_destroy": true
        }
      ]
    },
    {
      "mode": "managed",
      "type": "aws_iam_role",
      "name": "ebs_csi_driver",
      "provider": "provider[\"registry.terraform.io/hashicorp/aws\"]",
      "instances": [
        {
          "schema_version": 0,
          "attributes": {
            "arn": "arn:aws:iam::640168420071:role/DevOpsProject-ebs-csi-driver",
            "assume_role_policy": "{\"Statement\":[{\"Action\":[\"sts:TagSession\",\"sts:AssumeRole\"],\"Effect\":\"Allow\",\"Principal\":{\"Service\":\"pods.eks.amazonaws.com\"}}],\"Version\":\"2012-10-17\"}",
            "create_date": "2025-01-24T17:13:08Z",
            "description": "",
            "force_detach_policies": false,
            "id": "DevOpsProject-ebs-csi-driver",
            "inline_policy": [],
            "managed_policy_arns": [
              "arn:aws:iam::aws:policy/service-role/AmazonEBSCSIDriverPolicy"
            ],
            "max_session_duration": 3600,
            "name": "DevOpsProject-ebs-csi-driver",
            "name_prefix": "",
            "path": "/",
            "permissions_boundary": "",
            "tags": {
              "Environment": "dev",
              "Project": "DevOpsProject",
              "Provisioned_by": "Terraform"
            },
            "tags_all": {
              "Environment": "dev",
              "Project": "DevOpsProject",
              "Provisioned_by": "Terraform"
            },
            "unique_id": "AROAZKDIC4LTXHYOFHSQB"
          },
          "sensitive_attributes": [],
          "private": "bnVsbA==",
          "dependencies": [
            "data.aws_iam_policy_document.ebs_csi_driver"
          ]
        }
      ]
    },
    {
      "mode": "managed",
      "type": "aws_iam_role_policy",
      "name": "aws_lbc",
      "provider": "provider[\"registry.terraform.io/hashicorp/aws\"]",
      "instances": [
        {
          "schema_version": 0,
          "attributes": {
            "id": "AWSLoadBalancerControllerRole:aws-load-balancer-controller",
            "name": "aws-load-balancer-controller",
            "name_prefix": "",
            "policy": "{\"Version\":\"2012-10-17\",\"Statement\":[{\"Action\":[\"elasticloadbalancing:SetSubnets\",\"elasticloadbalancing:SetSecurityGroups\",\"elasticloadbalancing:SetIpAddressType\",\"elasticloadbalancing:RemoveTags\",\"elasticloadbalancing:RegisterTargets\",\"elasticloadbalancing:ModifyTargetGroupAttributes\",\"elasticloadbalancing:ModifyTargetGroup\",\"elasticloadbalancing:ModifyRule\",\"elasticloadbalancing:ModifyLoadBalancerAttributes\",\"elasticloadbalancing:ModifyListener\",\"elasticloadbalancing:DescribeTargetHealth\",\"elasticloadbalancing:DescribeTargetGroups\",\"elasticloadbalancing:DescribeTargetGroupAttributes\",\"elasticloadbalancing:DescribeTags\",\"elasticloadbalancing:DescribeSSLPolicies\",\"elasticloadbalancing:DescribeRules\",\"elasticloadbalancing:DescribeLoadBalancers\",\"elasticloadbalancing:DescribeLoadBalancerAttributes\",\"elasticloadbalancing:DescribeListeners\",\"elasticloadbalancing:DescribeListenerCertificates\",\"elasticloadbalancing:DeregisterTargets\",\"elasticloadbalancing:DeleteTargetGroup\",\"elasticloadbalancing:DeleteRule\",\"elasticloadbalancing:DeleteLoadBalancer\",\"elasticloadbalancing:DeleteListener\",\"elasticloadbalancing:CreateTargetGroup\",\"elasticloadbalancing:CreateRule\",\"elasticloadbalancing:CreateLoadBalancer\",\"elasticloadbalancing:CreateListener\",\"elasticloadbalancing:AddTags\",\"ec2:GetCoipPoolUsage\",\"ec2:DescribeVpcs\",\"ec2:DescribeTags\",\"ec2:DescribeSubnets\",\"ec2:DescribeSecurityGroups\",\"ec2:DescribeNetworkInterfaces\",\"ec2:DescribeInternetGateways\",\"ec2:DescribeInstances\",\"ec2:DescribeCoipPools\",\"ec2:DescribeAvailabilityZones\",\"ec2:DescribeAddresses\",\"ec2:DescribeAccountAttributes\"],\"Effect\":\"Allow\",\"Resource\":\"*\"}]}",
            "role": "AWSLoadBalancerControllerRole"
          },
          "sensitive_attributes": [],
          "private": "bnVsbA==",
          "dependencies": [
            "aws_iam_role.aws_lbc",
            "data.aws_iam_policy_document.aws_lbc",
            "data.aws_iam_policy_document.aws_lbc_assume"
          ]
        }
      ]
    },
    {
      "mode": "managed",
      "type": "aws_iam_role_policy_attachment",
      "name": "ebs_csi_driver",
      "provider": "provider[\"registry.terraform.io/hashicorp/aws\"]",
      "instances": [
        {
          "schema_version": 0,
          "attributes": {
            "id": "DevOpsProject-ebs-csi-driver-20250124171309820600000004",
            "policy_arn": "arn:aws:iam::aws:policy/service-role/AmazonEBSCSIDriverPolicy",
            "role": "DevOpsProject-ebs-csi-driver"
          },
          "sensitive_attributes": [],
          "private": "bnVsbA==",
          "dependencies": [
            "aws_iam_role.ebs_csi_driver",
            "data.aws_iam_policy_document.ebs_csi_driver"
          ]
        }
      ]
    },
    {
      "mode": "managed",
      "type": "aws_route53_record",
      "name": "alb_nginx",
      "provider": "provider[\"registry.terraform.io/hashicorp/aws\"]",
      "instances": [
        {
          "schema_version": 2,
          "attributes": {
            "alias": [
              {
                "evaluate_target_health": true,
                "name": "dev-alb-1454280577.us-east-1.elb.amazonaws.com",
                "zone_id": "Z35SXDOTRQ7X7K"
              }
            ],
            "allow_overwrite": null,
            "cidr_routing_policy": [],
            "failover_routing_policy": [],
            "fqdn": "*.dev.ybort.shop",
            "geolocation_routing_policy": [],
            "geoproximity_routing_policy": [],
            "health_check_id": "",
            "id": "Z09406153GH1DJ54EPTTZ_*.dev.ybort.shop_A",
            "latency_routing_policy": [],
            "multivalue_answer_routing_policy": false,
            "name": "*.dev.ybort.shop",
            "records": [],
            "set_identifier": "",
            "ttl": 0,
            "type": "A",
            "weighted_routing_policy": [],
            "zone_id": "Z09406153GH1DJ54EPTTZ"
          },
          "sensitive_attributes": [],
          "private": "eyJzY2hlbWFfdmVyc2lvbiI6IjIifQ==",
          "dependencies": [
            "aws_eks_pod_identity_association.aws_lbc",
            "aws_eks_pod_identity_association.ebs_csi_driver",
            "aws_iam_role.aws_lbc",
            "aws_iam_role.ebs_csi_driver",
            "aws_iam_role_policy.aws_lbc",
            "aws_iam_role_policy_attachment.ebs_csi_driver",
            "data.aws_acm_certificate.cert",
            "data.aws_alb.alb_nginx",
            "data.aws_iam_policy_document.aws_lbc",
            "data.aws_iam_policy_document.aws_lbc_assume",
            "data.aws_iam_policy_document.ebs_csi_driver",
            "data.aws_route53_zone.zone",
            "helm_release.nginx",
            "kubernetes_ingress_v1.alb_nginx",
            "module.acm.aws_acm_certificate.this",
            "module.acm.aws_acm_certificate_validation.this",
            "module.acm.aws_route53_record.validation",
            "module.eks_blueprints_addons.aws_autoscaling_group_tag.aws_node_termination_handler",
            "module.eks_blueprints_addons.aws_autoscaling_lifecycle_hook.aws_node_termination_handler",
            "module.eks_blueprints_addons.aws_cloudformation_stack.usage_telemetry",
            "module.eks_blueprints_addons.aws_cloudwatch_event_rule.aws_node_termination_handler",
            "module.eks_blueprints_addons.aws_cloudwatch_event_rule.karpenter",
            "module.eks_blueprints_addons.aws_cloudwatch_event_target.aws_node_termination_handler",
            "module.eks_blueprints_addons.aws_cloudwatch_event_target.karpenter",
            "module.eks_blueprints_addons.aws_cloudwatch_log_group.aws_for_fluentbit",
            "module.eks_blueprints_addons.aws_cloudwatch_log_group.fargate_fluentbit",
            "module.eks_blueprints_addons.aws_eks_addon.this",
            "module.eks_blueprints_addons.aws_iam_instance_profile.karpenter",
            "module.eks_blueprints_addons.aws_iam_policy.fargate_fluentbit",
            "module.eks_blueprints_addons.aws_iam_role.karpenter",
            "module.eks_blueprints_addons.aws_iam_role_policy_attachment.additional",
            "module.eks_blueprints_addons.aws_iam_role_policy_attachment.karpenter",
            "module.eks_blueprints_addons.data.aws_caller_identity.current",
            "module.eks_blueprints_addons.data.aws_eks_addon_version.this",
            "module.eks_blueprints_addons.data.aws_iam_policy_document.aws_efs_csi_driver",
            "module.eks_blueprints_addons.data.aws_iam_policy_document.aws_for_fluentbit",
            "module.eks_blueprints_addons.data.aws_iam_policy_document.aws_fsx_csi_driver",
            "module.eks_blueprints_addons.data.aws_iam_policy_document.aws_gateway_api_controller",
            "module.eks_blueprints_addons.data.aws_iam_policy_document.aws_load_balancer_controller",
            "module.eks_blueprints_addons.data.aws_iam_policy_document.aws_node_termination_handler",
            "module.eks_blueprints_addons.data.aws_iam_policy_document.aws_privateca_issuer",
            "module.eks_blueprints_addons.data.aws_iam_policy_document.cert_manager",
            "module.eks_blueprints_addons.data.aws_iam_policy_document.cluster_autoscaler",
            "module.eks_blueprints_addons.data.aws_iam_policy_document.external_dns",
            "module.eks_blueprints_addons.data.aws_iam_policy_document.external_secrets",
            "module.eks_blueprints_addons.data.aws_iam_policy_document.fargate_fluentbit",
            "module.eks_blueprints_addons.data.aws_iam_policy_document.karpenter",
            "module.eks_blueprints_addons.data.aws_iam_policy_document.karpenter_assume_role",
            "module.eks_blueprints_addons.data.aws_iam_policy_document.velero",
            "module.eks_blueprints_addons.data.aws_partition.current",
            "module.eks_blueprints_addons.data.aws_region.current",
            "module.eks_blueprints_addons.helm_release.this",
            "module.eks_blueprints_addons.kubernetes_config_map_v1.aws_logging",
            "module.eks_blueprints_addons.kubernetes_config_map_v1_data.aws_for_fluentbit_containerinsights",
            "module.eks_blueprints_addons.kubernetes_namespace_v1.aws_observability",
            "module.eks_blueprints_addons.module.argo_events.aws_iam_policy.this",
            "module.eks_blueprints_addons.module.argo_events.aws_iam_role.this",
            "module.eks_blueprints_addons.module.argo_events.aws_iam_role_policy_attachment.additional",
            "module.eks_blueprints_addons.module.argo_events.aws_iam_role_policy_attachment.this",
            "module.eks_blueprints_addons.module.argo_events.data.aws_caller_identity.current",
            "module.eks_blueprints_addons.module.argo_events.data.aws_iam_policy_document.assume",
            "module.eks_blueprints_addons.module.argo_events.data.aws_iam_policy_document.this",
            "module.eks_blueprints_addons.module.argo_events.data.aws_partition.current",
            "module.eks_blueprints_addons.module.argo_events.helm_release.this",
            "module.eks_blueprints_addons.module.argo_rollouts.aws_iam_policy.this",
            "module.eks_blueprints_addons.module.argo_rollouts.aws_iam_role.this",
            "module.eks_blueprints_addons.module.argo_rollouts.aws_iam_role_policy_attachment.additional",
            "module.eks_blueprints_addons.module.argo_rollouts.aws_iam_role_policy_attachment.this",
            "module.eks_blueprints_addons.module.argo_rollouts.data.aws_caller_identity.current",
            "module.eks_blueprints_addons.module.argo_rollouts.data.aws_iam_policy_document.assume",
            "module.eks_blueprints_addons.module.argo_rollouts.data.aws_iam_policy_document.this",
            "module.eks_blueprints_addons.module.argo_rollouts.data.aws_partition.current",
            "module.eks_blueprints_addons.module.argo_rollouts.helm_release.this",
            "module.eks_blueprints_addons.module.argo_workflows.aws_iam_policy.this",
            "module.eks_blueprints_addons.module.argo_workflows.aws_iam_role.this",
            "module.eks_blueprints_addons.module.argo_workflows.aws_iam_role_policy_attachment.additional",
            "module.eks_blueprints_addons.module.argo_workflows.aws_iam_role_policy_attachment.this",
            "module.eks_blueprints_addons.module.argo_workflows.data.aws_caller_identity.current",
            "module.eks_blueprints_addons.module.argo_workflows.data.aws_iam_policy_document.assume",
            "module.eks_blueprints_addons.module.argo_workflows.data.aws_iam_policy_document.this",
            "module.eks_blueprints_addons.module.argo_workflows.data.aws_partition.current",
            "module.eks_blueprints_addons.module.argo_workflows.helm_release.this",
            "module.eks_blueprints_addons.module.argocd.aws_iam_policy.this",
            "module.eks_blueprints_addons.module.argocd.aws_iam_role.this",
            "module.eks_blueprints_addons.module.argocd.aws_iam_role_policy_attachment.additional",
            "module.eks_blueprints_addons.module.argocd.aws_iam_role_policy_attachment.this",
            "module.eks_blueprints_addons.module.argocd.data.aws_caller_identity.current",
            "module.eks_blueprints_addons.module.argocd.data.aws_iam_policy_document.assume",
            "module.eks_blueprints_addons.module.argocd.data.aws_iam_policy_document.this",
            "module.eks_blueprints_addons.module.argocd.data.aws_partition.current",
            "module.eks_blueprints_addons.module.argocd.helm_release.this",
            "module.eks_blueprints_addons.module.aws_cloudwatch_metrics.aws_iam_policy.this",
            "module.eks_blueprints_addons.module.aws_cloudwatch_metrics.aws_iam_role.this",
            "module.eks_blueprints_addons.module.aws_cloudwatch_metrics.aws_iam_role_policy_attachment.additional",
            "module.eks_blueprints_addons.module.aws_cloudwatch_metrics.aws_iam_role_policy_attachment.this",
            "module.eks_blueprints_addons.module.aws_cloudwatch_metrics.data.aws_caller_identity.current",
            "module.eks_blueprints_addons.module.aws_cloudwatch_metrics.data.aws_iam_policy_document.assume",
            "module.eks_blueprints_addons.module.aws_cloudwatch_metrics.data.aws_iam_policy_document.this",
            "module.eks_blueprints_addons.module.aws_cloudwatch_metrics.data.aws_partition.current",
            "module.eks_blueprints_addons.module.aws_cloudwatch_metrics.helm_release.this",
            "module.eks_blueprints_addons.module.aws_efs_csi_driver.aws_iam_policy.this",
            "module.eks_blueprints_addons.module.aws_efs_csi_driver.aws_iam_role.this",
            "module.eks_blueprints_addons.module.aws_efs_csi_driver.aws_iam_role_policy_attachment.additional",
            "module.eks_blueprints_addons.module.aws_efs_csi_driver.aws_iam_role_policy_attachment.this",
            "module.eks_blueprints_addons.module.aws_efs_csi_driver.data.aws_caller_identity.current",
            "module.eks_blueprints_addons.module.aws_efs_csi_driver.data.aws_iam_policy_document.assume",
            "module.eks_blueprints_addons.module.aws_efs_csi_driver.data.aws_iam_policy_document.this",
            "module.eks_blueprints_addons.module.aws_efs_csi_driver.data.aws_partition.current",
            "module.eks_blueprints_addons.module.aws_efs_csi_driver.helm_release.this",
            "module.eks_blueprints_addons.module.aws_for_fluentbit.aws_iam_policy.this",
            "module.eks_blueprints_addons.module.aws_for_fluentbit.aws_iam_role.this",
            "module.eks_blueprints_addons.module.aws_for_fluentbit.aws_iam_role_policy_attachment.additional",
            "module.eks_blueprints_addons.module.aws_for_fluentbit.aws_iam_role_policy_attachment.this",
            "module.eks_blueprints_addons.module.aws_for_fluentbit.data.aws_caller_identity.current",
            "module.eks_blueprints_addons.module.aws_for_fluentbit.data.aws_iam_policy_document.assume",
            "module.eks_blueprints_addons.module.aws_for_fluentbit.data.aws_iam_policy_document.this",
            "module.eks_blueprints_addons.module.aws_for_fluentbit.data.aws_partition.current",
            "module.eks_blueprints_addons.module.aws_for_fluentbit.helm_release.this",
            "module.eks_blueprints_addons.module.aws_fsx_csi_driver.aws_iam_policy.this",
            "module.eks_blueprints_addons.module.aws_fsx_csi_driver.aws_iam_role.this",
            "module.eks_blueprints_addons.module.aws_fsx_csi_driver.aws_iam_role_policy_attachment.additional",
            "module.eks_blueprints_addons.module.aws_fsx_csi_driver.aws_iam_role_policy_attachment.this",
            "module.eks_blueprints_addons.module.aws_fsx_csi_driver.data.aws_caller_identity.current",
            "module.eks_blueprints_addons.module.aws_fsx_csi_driver.data.aws_iam_policy_document.assume",
            "module.eks_blueprints_addons.module.aws_fsx_csi_driver.data.aws_iam_policy_document.this",
            "module.eks_blueprints_addons.module.aws_fsx_csi_driver.data.aws_partition.current",
            "module.eks_blueprints_addons.module.aws_fsx_csi_driver.helm_release.this",
            "module.eks_blueprints_addons.module.aws_gateway_api_controller.aws_iam_policy.this",
            "module.eks_blueprints_addons.module.aws_gateway_api_controller.aws_iam_role.this",
            "module.eks_blueprints_addons.module.aws_gateway_api_controller.aws_iam_role_policy_attachment.additional",
            "module.eks_blueprints_addons.module.aws_gateway_api_controller.aws_iam_role_policy_attachment.this",
            "module.eks_blueprints_addons.module.aws_gateway_api_controller.data.aws_caller_identity.current",
            "module.eks_blueprints_addons.module.aws_gateway_api_controller.data.aws_iam_policy_document.assume",
            "module.eks_blueprints_addons.module.aws_gateway_api_controller.data.aws_iam_policy_document.this",
            "module.eks_blueprints_addons.module.aws_gateway_api_controller.data.aws_partition.current",
            "module.eks_blueprints_addons.module.aws_gateway_api_controller.helm_release.this",
            "module.eks_blueprints_addons.module.aws_load_balancer_controller.aws_iam_policy.this",
            "module.eks_blueprints_addons.module.aws_load_balancer_controller.aws_iam_role.this",
            "module.eks_blueprints_addons.module.aws_load_balancer_controller.aws_iam_role_policy_attachment.additional",
            "module.eks_blueprints_addons.module.aws_load_balancer_controller.aws_iam_role_policy_attachment.this",
            "module.eks_blueprints_addons.module.aws_load_balancer_controller.data.aws_caller_identity.current",
            "module.eks_blueprints_addons.module.aws_load_balancer_controller.data.aws_iam_policy_document.assume",
            "module.eks_blueprints_addons.module.aws_load_balancer_controller.data.aws_iam_policy_document.this",
            "module.eks_blueprints_addons.module.aws_load_balancer_controller.data.aws_partition.current",
            "module.eks_blueprints_addons.module.aws_load_balancer_controller.helm_release.this",
            "module.eks_blueprints_addons.module.aws_node_termination_handler.aws_iam_policy.this",
            "module.eks_blueprints_addons.module.aws_node_termination_handler.aws_iam_role.this",
            "module.eks_blueprints_addons.module.aws_node_termination_handler.aws_iam_role_policy_attachment.additional",
            "module.eks_blueprints_addons.module.aws_node_termination_handler.aws_iam_role_policy_attachment.this",
            "module.eks_blueprints_addons.module.aws_node_termination_handler.data.aws_caller_identity.current",
            "module.eks_blueprints_addons.module.aws_node_termination_handler.data.aws_iam_policy_document.assume",
            "module.eks_blueprints_addons.module.aws_node_termination_handler.data.aws_iam_policy_document.this",
            "module.eks_blueprints_addons.module.aws_node_termination_handler.data.aws_partition.current",
            "module.eks_blueprints_addons.module.aws_node_termination_handler.helm_release.this",
            "module.eks_blueprints_addons.module.aws_node_termination_handler_sqs.aws_sqs_queue.dlq",
            "module.eks_blueprints_addons.module.aws_node_termination_handler_sqs.aws_sqs_queue.this",
            "module.eks_blueprints_addons.module.aws_node_termination_handler_sqs.aws_sqs_queue_policy.dlq",
            "module.eks_blueprints_addons.module.aws_node_termination_handler_sqs.aws_sqs_queue_policy.this",
            "module.eks_blueprints_addons.module.aws_node_termination_handler_sqs.aws_sqs_queue_redrive_allow_policy.dlq",
            "module.eks_blueprints_addons.module.aws_node_termination_handler_sqs.aws_sqs_queue_redrive_allow_policy.this",
            "module.eks_blueprints_addons.module.aws_node_termination_handler_sqs.aws_sqs_queue_redrive_policy.dlq",
            "module.eks_blueprints_addons.module.aws_node_termination_handler_sqs.aws_sqs_queue_redrive_policy.this",
            "module.eks_blueprints_addons.module.aws_node_termination_handler_sqs.data.aws_iam_policy_document.dlq",
            "module.eks_blueprints_addons.module.aws_node_termination_handler_sqs.data.aws_iam_policy_document.this",
            "module.eks_blueprints_addons.module.aws_privateca_issuer.aws_iam_policy.this",
            "module.eks_blueprints_addons.module.aws_privateca_issuer.aws_iam_role.this",
            "module.eks_blueprints_addons.module.aws_privateca_issuer.aws_iam_role_policy_attachment.additional",
            "module.eks_blueprints_addons.module.aws_privateca_issuer.aws_iam_role_policy_attachment.this",
            "module.eks_blueprints_addons.module.aws_privateca_issuer.data.aws_caller_identity.current",
            "module.eks_blueprints_addons.module.aws_privateca_issuer.data.aws_iam_policy_document.assume",
            "module.eks_blueprints_addons.module.aws_privateca_issuer.data.aws_iam_policy_document.this",
            "module.eks_blueprints_addons.module.aws_privateca_issuer.data.aws_partition.current",
            "module.eks_blueprints_addons.module.aws_privateca_issuer.helm_release.this",
            "module.eks_blueprints_addons.module.bottlerocket_shadow.aws_iam_policy.this",
            "module.eks_blueprints_addons.module.bottlerocket_shadow.aws_iam_role.this",
            "module.eks_blueprints_addons.module.bottlerocket_shadow.aws_iam_role_policy_attachment.additional",
            "module.eks_blueprints_addons.module.bottlerocket_shadow.aws_iam_role_policy_attachment.this",
            "module.eks_blueprints_addons.module.bottlerocket_shadow.data.aws_caller_identity.current",
            "module.eks_blueprints_addons.module.bottlerocket_shadow.data.aws_iam_policy_document.assume",
            "module.eks_blueprints_addons.module.bottlerocket_shadow.data.aws_iam_policy_document.this",
            "module.eks_blueprints_addons.module.bottlerocket_shadow.data.aws_partition.current",
            "module.eks_blueprints_addons.module.bottlerocket_shadow.helm_release.this",
            "module.eks_blueprints_addons.module.bottlerocket_update_operator.aws_iam_policy.this",
            "module.eks_blueprints_addons.module.bottlerocket_update_operator.aws_iam_role.this",
            "module.eks_blueprints_addons.module.bottlerocket_update_operator.aws_iam_role_policy_attachment.additional",
            "module.eks_blueprints_addons.module.bottlerocket_update_operator.aws_iam_role_policy_attachment.this",
            "module.eks_blueprints_addons.module.bottlerocket_update_operator.data.aws_caller_identity.current",
            "module.eks_blueprints_addons.module.bottlerocket_update_operator.data.aws_iam_policy_document.assume",
            "module.eks_blueprints_addons.module.bottlerocket_update_operator.data.aws_iam_policy_document.this",
            "module.eks_blueprints_addons.module.bottlerocket_update_operator.data.aws_partition.current",
            "module.eks_blueprints_addons.module.bottlerocket_update_operator.helm_release.this",
            "module.eks_blueprints_addons.module.cert_manager.aws_iam_policy.this",
            "module.eks_blueprints_addons.module.cert_manager.aws_iam_role.this",
            "module.eks_blueprints_addons.module.cert_manager.aws_iam_role_policy_attachment.additional",
            "module.eks_blueprints_addons.module.cert_manager.aws_iam_role_policy_attachment.this",
            "module.eks_blueprints_addons.module.cert_manager.data.aws_caller_identity.current",
            "module.eks_blueprints_addons.module.cert_manager.data.aws_iam_policy_document.assume",
            "module.eks_blueprints_addons.module.cert_manager.data.aws_iam_policy_document.this",
            "module.eks_blueprints_addons.module.cert_manager.data.aws_partition.current",
            "module.eks_blueprints_addons.module.cert_manager.helm_release.this",
            "module.eks_blueprints_addons.module.cluster_autoscaler.aws_iam_policy.this",
            "module.eks_blueprints_addons.module.cluster_autoscaler.aws_iam_role.this",
            "module.eks_blueprints_addons.module.cluster_autoscaler.aws_iam_role_policy_attachment.additional",
            "module.eks_blueprints_addons.module.cluster_autoscaler.aws_iam_role_policy_attachment.this",
            "module.eks_blueprints_addons.module.cluster_autoscaler.data.aws_caller_identity.current",
            "module.eks_blueprints_addons.module.cluster_autoscaler.data.aws_iam_policy_document.assume",
            "module.eks_blueprints_addons.module.cluster_autoscaler.data.aws_iam_policy_document.this",
            "module.eks_blueprints_addons.module.cluster_autoscaler.data.aws_partition.current",
            "module.eks_blueprints_addons.module.cluster_autoscaler.helm_release.this",
            "module.eks_blueprints_addons.module.cluster_proportional_autoscaler.aws_iam_policy.this",
            "module.eks_blueprints_addons.module.cluster_proportional_autoscaler.aws_iam_role.this",
            "module.eks_blueprints_addons.module.cluster_proportional_autoscaler.aws_iam_role_policy_attachment.additional",
            "module.eks_blueprints_addons.module.cluster_proportional_autoscaler.aws_iam_role_policy_attachment.this",
            "module.eks_blueprints_addons.module.cluster_proportional_autoscaler.data.aws_caller_identity.current",
            "module.eks_blueprints_addons.module.cluster_proportional_autoscaler.data.aws_iam_policy_document.assume",
            "module.eks_blueprints_addons.module.cluster_proportional_autoscaler.data.aws_iam_policy_document.this",
            "module.eks_blueprints_addons.module.cluster_proportional_autoscaler.data.aws_partition.current",
            "module.eks_blueprints_addons.module.cluster_proportional_autoscaler.helm_release.this",
            "module.eks_blueprints_addons.module.external_dns.aws_iam_policy.this",
            "module.eks_blueprints_addons.module.external_dns.aws_iam_role.this",
            "module.eks_blueprints_addons.module.external_dns.aws_iam_role_policy_attachment.additional",
            "module.eks_blueprints_addons.module.external_dns.aws_iam_role_policy_attachment.this",
            "module.eks_blueprints_addons.module.external_dns.data.aws_caller_identity.current",
            "module.eks_blueprints_addons.module.external_dns.data.aws_iam_policy_document.assume",
            "module.eks_blueprints_addons.module.external_dns.data.aws_iam_policy_document.this",
            "module.eks_blueprints_addons.module.external_dns.data.aws_partition.current",
            "module.eks_blueprints_addons.module.external_dns.helm_release.this",
            "module.eks_blueprints_addons.module.external_secrets.aws_iam_policy.this",
            "module.eks_blueprints_addons.module.external_secrets.aws_iam_role.this",
            "module.eks_blueprints_addons.module.external_secrets.aws_iam_role_policy_attachment.additional",
            "module.eks_blueprints_addons.module.external_secrets.aws_iam_role_policy_attachment.this",
            "module.eks_blueprints_addons.module.external_secrets.data.aws_caller_identity.current",
            "module.eks_blueprints_addons.module.external_secrets.data.aws_iam_policy_document.assume",
            "module.eks_blueprints_addons.module.external_secrets.data.aws_iam_policy_document.this",
            "module.eks_blueprints_addons.module.external_secrets.data.aws_partition.current",
            "module.eks_blueprints_addons.module.external_secrets.helm_release.this",
            "module.eks_blueprints_addons.module.gatekeeper.aws_iam_policy.this",
            "module.eks_blueprints_addons.module.gatekeeper.aws_iam_role.this",
            "module.eks_blueprints_addons.module.gatekeeper.aws_iam_role_policy_attachment.additional",
            "module.eks_blueprints_addons.module.gatekeeper.aws_iam_role_policy_attachment.this",
            "module.eks_blueprints_addons.module.gatekeeper.data.aws_caller_identity.current",
            "module.eks_blueprints_addons.module.gatekeeper.data.aws_iam_policy_document.assume",
            "module.eks_blueprints_addons.module.gatekeeper.data.aws_iam_policy_document.this",
            "module.eks_blueprints_addons.module.gatekeeper.data.aws_partition.current",
            "module.eks_blueprints_addons.module.gatekeeper.helm_release.this",
            "module.eks_blueprints_addons.module.ingress_nginx.aws_iam_policy.this",
            "module.eks_blueprints_addons.module.ingress_nginx.aws_iam_role.this",
            "module.eks_blueprints_addons.module.ingress_nginx.aws_iam_role_policy_attachment.additional",
            "module.eks_blueprints_addons.module.ingress_nginx.aws_iam_role_policy_attachment.this",
            "module.eks_blueprints_addons.module.ingress_nginx.data.aws_caller_identity.current",
            "module.eks_blueprints_addons.module.ingress_nginx.data.aws_iam_policy_document.assume",
            "module.eks_blueprints_addons.module.ingress_nginx.data.aws_iam_policy_document.this",
            "module.eks_blueprints_addons.module.ingress_nginx.data.aws_partition.current",
            "module.eks_blueprints_addons.module.ingress_nginx.helm_release.this",
            "module.eks_blueprints_addons.module.karpenter.aws_iam_policy.this",
            "module.eks_blueprints_addons.module.karpenter.aws_iam_role.this",
            "module.eks_blueprints_addons.module.karpenter.aws_iam_role_policy_attachment.additional",
            "module.eks_blueprints_addons.module.karpenter.aws_iam_role_policy_attachment.this",
            "module.eks_blueprints_addons.module.karpenter.data.aws_caller_identity.current",
            "module.eks_blueprints_addons.module.karpenter.data.aws_iam_policy_document.assume",
            "module.eks_blueprints_addons.module.karpenter.data.aws_iam_policy_document.this",
            "module.eks_blueprints_addons.module.karpenter.data.aws_partition.current",
            "module.eks_blueprints_addons.module.karpenter.helm_release.this",
            "module.eks_blueprints_addons.module.karpenter_sqs.aws_sqs_queue.dlq",
            "module.eks_blueprints_addons.module.karpenter_sqs.aws_sqs_queue.this",
            "module.eks_blueprints_addons.module.karpenter_sqs.aws_sqs_queue_policy.dlq",
            "module.eks_blueprints_addons.module.karpenter_sqs.aws_sqs_queue_policy.this",
            "module.eks_blueprints_addons.module.karpenter_sqs.aws_sqs_queue_redrive_allow_policy.dlq",
            "module.eks_blueprints_addons.module.karpenter_sqs.aws_sqs_queue_redrive_allow_policy.this",
            "module.eks_blueprints_addons.module.karpenter_sqs.aws_sqs_queue_redrive_policy.dlq",
            "module.eks_blueprints_addons.module.karpenter_sqs.aws_sqs_queue_redrive_policy.this",
            "module.eks_blueprints_addons.module.karpenter_sqs.data.aws_iam_policy_document.dlq",
            "module.eks_blueprints_addons.module.karpenter_sqs.data.aws_iam_policy_document.this",
            "module.eks_blueprints_addons.module.kube_prometheus_stack.aws_iam_policy.this",
            "module.eks_blueprints_addons.module.kube_prometheus_stack.aws_iam_role.this",
            "module.eks_blueprints_addons.module.kube_prometheus_stack.aws_iam_role_policy_attachment.additional",
            "module.eks_blueprints_addons.module.kube_prometheus_stack.aws_iam_role_policy_attachment.this",
            "module.eks_blueprints_addons.module.kube_prometheus_stack.data.aws_caller_identity.current",
            "module.eks_blueprints_addons.module.kube_prometheus_stack.data.aws_iam_policy_document.assume",
            "module.eks_blueprints_addons.module.kube_prometheus_stack.data.aws_iam_policy_document.this",
            "module.eks_blueprints_addons.module.kube_prometheus_stack.data.aws_partition.current",
            "module.eks_blueprints_addons.module.kube_prometheus_stack.helm_release.this",
            "module.eks_blueprints_addons.module.metrics_server.aws_iam_policy.this",
            "module.eks_blueprints_addons.module.metrics_server.aws_iam_role.this",
            "module.eks_blueprints_addons.module.metrics_server.aws_iam_role_policy_attachment.additional",
            "module.eks_blueprints_addons.module.metrics_server.aws_iam_role_policy_attachment.this",
            "module.eks_blueprints_addons.module.metrics_server.data.aws_caller_identity.current",
            "module.eks_blueprints_addons.module.metrics_server.data.aws_iam_policy_document.assume",
            "module.eks_blueprints_addons.module.metrics_server.data.aws_iam_policy_document.this",
            "module.eks_blueprints_addons.module.metrics_server.data.aws_partition.current",
            "module.eks_blueprints_addons.module.metrics_server.helm_release.this",
            "module.eks_blueprints_addons.module.secrets_store_csi_driver.aws_iam_policy.this",
            "module.eks_blueprints_addons.module.secrets_store_csi_driver.aws_iam_role.this",
            "module.eks_blueprints_addons.module.secrets_store_csi_driver.aws_iam_role_policy_attachment.additional",
            "module.eks_blueprints_addons.module.secrets_store_csi_driver.aws_iam_role_policy_attachment.this",
            "module.eks_blueprints_addons.module.secrets_store_csi_driver.data.aws_caller_identity.current",
            "module.eks_blueprints_addons.module.secrets_store_csi_driver.data.aws_iam_policy_document.assume",
            "module.eks_blueprints_addons.module.secrets_store_csi_driver.data.aws_iam_policy_document.this",
            "module.eks_blueprints_addons.module.secrets_store_csi_driver.data.aws_partition.current",
            "module.eks_blueprints_addons.module.secrets_store_csi_driver.helm_release.this",
            "module.eks_blueprints_addons.module.secrets_store_csi_driver_provider_aws.aws_iam_policy.this",
            "module.eks_blueprints_addons.module.secrets_store_csi_driver_provider_aws.aws_iam_role.this",
            "module.eks_blueprints_addons.module.secrets_store_csi_driver_provider_aws.aws_iam_role_policy_attachment.additional",
            "module.eks_blueprints_addons.module.secrets_store_csi_driver_provider_aws.aws_iam_role_policy_attachment.this",
            "module.eks_blueprints_addons.module.secrets_store_csi_driver_provider_aws.data.aws_caller_identity.current",
            "module.eks_blueprints_addons.module.secrets_store_csi_driver_provider_aws.data.aws_iam_policy_document.assume",
            "module.eks_blueprints_addons.module.secrets_store_csi_driver_provider_aws.data.aws_iam_policy_document.this",
            "module.eks_blueprints_addons.module.secrets_store_csi_driver_provider_aws.data.aws_partition.current",
            "module.eks_blueprints_addons.module.secrets_store_csi_driver_provider_aws.helm_release.this",
            "module.eks_blueprints_addons.module.velero.aws_iam_policy.this",
            "module.eks_blueprints_addons.module.velero.aws_iam_role.this",
            "module.eks_blueprints_addons.module.velero.aws_iam_role_policy_attachment.additional",
            "module.eks_blueprints_addons.module.velero.aws_iam_role_policy_attachment.this",
            "module.eks_blueprints_addons.module.velero.data.aws_caller_identity.current",
            "module.eks_blueprints_addons.module.velero.data.aws_iam_policy_document.assume",
            "module.eks_blueprints_addons.module.velero.data.aws_iam_policy_document.this",
            "module.eks_blueprints_addons.module.velero.data.aws_partition.current",
            "module.eks_blueprints_addons.module.velero.helm_release.this",
            "module.eks_blueprints_addons.module.vpa.aws_iam_policy.this",
            "module.eks_blueprints_addons.module.vpa.aws_iam_role.this",
            "module.eks_blueprints_addons.module.vpa.aws_iam_role_policy_attachment.additional",
            "module.eks_blueprints_addons.module.vpa.aws_iam_role_policy_attachment.this",
            "module.eks_blueprints_addons.module.vpa.data.aws_caller_identity.current",
            "module.eks_blueprints_addons.module.vpa.data.aws_iam_policy_document.assume",
            "module.eks_blueprints_addons.module.vpa.data.aws_iam_policy_document.this",
            "module.eks_blueprints_addons.module.vpa.data.aws_partition.current",
            "module.eks_blueprints_addons.module.vpa.helm_release.this",
            "module.eks_blueprints_addons.random_bytes.this",
            "module.eks_blueprints_addons.time_sleep.this",
            "module.eks_blueprints_addons_lbc.aws_autoscaling_group_tag.aws_node_termination_handler",
            "module.eks_blueprints_addons_lbc.aws_autoscaling_lifecycle_hook.aws_node_termination_handler",
            "module.eks_blueprints_addons_lbc.aws_cloudformation_stack.usage_telemetry",
            "module.eks_blueprints_addons_lbc.aws_cloudwatch_event_rule.aws_node_termination_handler",
            "module.eks_blueprints_addons_lbc.aws_cloudwatch_event_rule.karpenter",
            "module.eks_blueprints_addons_lbc.aws_cloudwatch_event_target.aws_node_termination_handler",
            "module.eks_blueprints_addons_lbc.aws_cloudwatch_event_target.karpenter",
            "module.eks_blueprints_addons_lbc.aws_cloudwatch_log_group.aws_for_fluentbit",
            "module.eks_blueprints_addons_lbc.aws_cloudwatch_log_group.fargate_fluentbit",
            "module.eks_blueprints_addons_lbc.aws_eks_addon.this",
            "module.eks_blueprints_addons_lbc.aws_iam_instance_profile.karpenter",
            "module.eks_blueprints_addons_lbc.aws_iam_policy.fargate_fluentbit",
            "module.eks_blueprints_addons_lbc.aws_iam_role.karpenter",
            "module.eks_blueprints_addons_lbc.aws_iam_role_policy_attachment.additional",
            "module.eks_blueprints_addons_lbc.aws_iam_role_policy_attachment.karpenter",
            "module.eks_blueprints_addons_lbc.data.aws_caller_identity.current",
            "module.eks_blueprints_addons_lbc.data.aws_eks_addon_version.this",
            "module.eks_blueprints_addons_lbc.data.aws_iam_policy_document.aws_efs_csi_driver",
            "module.eks_blueprints_addons_lbc.data.aws_iam_policy_document.aws_for_fluentbit",
            "module.eks_blueprints_addons_lbc.data.aws_iam_policy_document.aws_fsx_csi_driver",
            "module.eks_blueprints_addons_lbc.data.aws_iam_policy_document.aws_gateway_api_controller",
            "module.eks_blueprints_addons_lbc.data.aws_iam_policy_document.aws_load_balancer_controller",
            "module.eks_blueprints_addons_lbc.data.aws_iam_policy_document.aws_node_termination_handler",
            "module.eks_blueprints_addons_lbc.data.aws_iam_policy_document.aws_privateca_issuer",
            "module.eks_blueprints_addons_lbc.data.aws_iam_policy_document.cert_manager",
            "module.eks_blueprints_addons_lbc.data.aws_iam_policy_document.cluster_autoscaler",
            "module.eks_blueprints_addons_lbc.data.aws_iam_policy_document.external_dns",
            "module.eks_blueprints_addons_lbc.data.aws_iam_policy_document.external_secrets",
            "module.eks_blueprints_addons_lbc.data.aws_iam_policy_document.fargate_fluentbit",
            "module.eks_blueprints_addons_lbc.data.aws_iam_policy_document.karpenter",
            "module.eks_blueprints_addons_lbc.data.aws_iam_policy_document.karpenter_assume_role",
            "module.eks_blueprints_addons_lbc.data.aws_iam_policy_document.velero",
            "module.eks_blueprints_addons_lbc.data.aws_partition.current",
            "module.eks_blueprints_addons_lbc.data.aws_region.current",
            "module.eks_blueprints_addons_lbc.helm_release.this",
            "module.eks_blueprints_addons_lbc.kubernetes_config_map_v1.aws_logging",
            "module.eks_blueprints_addons_lbc.kubernetes_config_map_v1_data.aws_for_fluentbit_containerinsights",
            "module.eks_blueprints_addons_lbc.kubernetes_namespace_v1.aws_observability",
            "module.eks_blueprints_addons_lbc.module.argo_events.aws_iam_policy.this",
            "module.eks_blueprints_addons_lbc.module.argo_events.aws_iam_role.this",
            "module.eks_blueprints_addons_lbc.module.argo_events.aws_iam_role_policy_attachment.additional",
            "module.eks_blueprints_addons_lbc.module.argo_events.aws_iam_role_policy_attachment.this",
            "module.eks_blueprints_addons_lbc.module.argo_events.data.aws_caller_identity.current",
            "module.eks_blueprints_addons_lbc.module.argo_events.data.aws_iam_policy_document.assume",
            "module.eks_blueprints_addons_lbc.module.argo_events.data.aws_iam_policy_document.this",
            "module.eks_blueprints_addons_lbc.module.argo_events.data.aws_partition.current",
            "module.eks_blueprints_addons_lbc.module.argo_events.helm_release.this",
            "module.eks_blueprints_addons_lbc.module.argo_rollouts.aws_iam_policy.this",
            "module.eks_blueprints_addons_lbc.module.argo_rollouts.aws_iam_role.this",
            "module.eks_blueprints_addons_lbc.module.argo_rollouts.aws_iam_role_policy_attachment.additional",
            "module.eks_blueprints_addons_lbc.module.argo_rollouts.aws_iam_role_policy_attachment.this",
            "module.eks_blueprints_addons_lbc.module.argo_rollouts.data.aws_caller_identity.current",
            "module.eks_blueprints_addons_lbc.module.argo_rollouts.data.aws_iam_policy_document.assume",
            "module.eks_blueprints_addons_lbc.module.argo_rollouts.data.aws_iam_policy_document.this",
            "module.eks_blueprints_addons_lbc.module.argo_rollouts.data.aws_partition.current",
            "module.eks_blueprints_addons_lbc.module.argo_rollouts.helm_release.this",
            "module.eks_blueprints_addons_lbc.module.argo_workflows.aws_iam_policy.this",
            "module.eks_blueprints_addons_lbc.module.argo_workflows.aws_iam_role.this",
            "module.eks_blueprints_addons_lbc.module.argo_workflows.aws_iam_role_policy_attachment.additional",
            "module.eks_blueprints_addons_lbc.module.argo_workflows.aws_iam_role_policy_attachment.this",
            "module.eks_blueprints_addons_lbc.module.argo_workflows.data.aws_caller_identity.current",
            "module.eks_blueprints_addons_lbc.module.argo_workflows.data.aws_iam_policy_document.assume",
            "module.eks_blueprints_addons_lbc.module.argo_workflows.data.aws_iam_policy_document.this",
            "module.eks_blueprints_addons_lbc.module.argo_workflows.data.aws_partition.current",
            "module.eks_blueprints_addons_lbc.module.argo_workflows.helm_release.this",
            "module.eks_blueprints_addons_lbc.module.argocd.aws_iam_policy.this",
            "module.eks_blueprints_addons_lbc.module.argocd.aws_iam_role.this",
            "module.eks_blueprints_addons_lbc.module.argocd.aws_iam_role_policy_attachment.additional",
            "module.eks_blueprints_addons_lbc.module.argocd.aws_iam_role_policy_attachment.this",
            "module.eks_blueprints_addons_lbc.module.argocd.data.aws_caller_identity.current",
            "module.eks_blueprints_addons_lbc.module.argocd.data.aws_iam_policy_document.assume",
            "module.eks_blueprints_addons_lbc.module.argocd.data.aws_iam_policy_document.this",
            "module.eks_blueprints_addons_lbc.module.argocd.data.aws_partition.current",
            "module.eks_blueprints_addons_lbc.module.argocd.helm_release.this",
            "module.eks_blueprints_addons_lbc.module.aws_cloudwatch_metrics.aws_iam_policy.this",
            "module.eks_blueprints_addons_lbc.module.aws_cloudwatch_metrics.aws_iam_role.this",
            "module.eks_blueprints_addons_lbc.module.aws_cloudwatch_metrics.aws_iam_role_policy_attachment.additional",
            "module.eks_blueprints_addons_lbc.module.aws_cloudwatch_metrics.aws_iam_role_policy_attachment.this",
            "module.eks_blueprints_addons_lbc.module.aws_cloudwatch_metrics.data.aws_caller_identity.current",
            "module.eks_blueprints_addons_lbc.module.aws_cloudwatch_metrics.data.aws_iam_policy_document.assume",
            "module.eks_blueprints_addons_lbc.module.aws_cloudwatch_metrics.data.aws_iam_policy_document.this",
            "module.eks_blueprints_addons_lbc.module.aws_cloudwatch_metrics.data.aws_partition.current",
            "module.eks_blueprints_addons_lbc.module.aws_cloudwatch_metrics.helm_release.this",
            "module.eks_blueprints_addons_lbc.module.aws_efs_csi_driver.aws_iam_policy.this",
            "module.eks_blueprints_addons_lbc.module.aws_efs_csi_driver.aws_iam_role.this",
            "module.eks_blueprints_addons_lbc.module.aws_efs_csi_driver.aws_iam_role_policy_attachment.additional",
            "module.eks_blueprints_addons_lbc.module.aws_efs_csi_driver.aws_iam_role_policy_attachment.this",
            "module.eks_blueprints_addons_lbc.module.aws_efs_csi_driver.data.aws_caller_identity.current",
            "module.eks_blueprints_addons_lbc.module.aws_efs_csi_driver.data.aws_iam_policy_document.assume",
            "module.eks_blueprints_addons_lbc.module.aws_efs_csi_driver.data.aws_iam_policy_document.this",
            "module.eks_blueprints_addons_lbc.module.aws_efs_csi_driver.data.aws_partition.current",
            "module.eks_blueprints_addons_lbc.module.aws_efs_csi_driver.helm_release.this",
            "module.eks_blueprints_addons_lbc.module.aws_for_fluentbit.aws_iam_policy.this",
            "module.eks_blueprints_addons_lbc.module.aws_for_fluentbit.aws_iam_role.this",
            "module.eks_blueprints_addons_lbc.module.aws_for_fluentbit.aws_iam_role_policy_attachment.additional",
            "module.eks_blueprints_addons_lbc.module.aws_for_fluentbit.aws_iam_role_policy_attachment.this",
            "module.eks_blueprints_addons_lbc.module.aws_for_fluentbit.data.aws_caller_identity.current",
            "module.eks_blueprints_addons_lbc.module.aws_for_fluentbit.data.aws_iam_policy_document.assume",
            "module.eks_blueprints_addons_lbc.module.aws_for_fluentbit.data.aws_iam_policy_document.this",
            "module.eks_blueprints_addons_lbc.module.aws_for_fluentbit.data.aws_partition.current",
            "module.eks_blueprints_addons_lbc.module.aws_for_fluentbit.helm_release.this",
            "module.eks_blueprints_addons_lbc.module.aws_fsx_csi_driver.aws_iam_policy.this",
            "module.eks_blueprints_addons_lbc.module.aws_fsx_csi_driver.aws_iam_role.this",
            "module.eks_blueprints_addons_lbc.module.aws_fsx_csi_driver.aws_iam_role_policy_attachment.additional",
            "module.eks_blueprints_addons_lbc.module.aws_fsx_csi_driver.aws_iam_role_policy_attachment.this",
            "module.eks_blueprints_addons_lbc.module.aws_fsx_csi_driver.data.aws_caller_identity.current",
            "module.eks_blueprints_addons_lbc.module.aws_fsx_csi_driver.data.aws_iam_policy_document.assume",
            "module.eks_blueprints_addons_lbc.module.aws_fsx_csi_driver.data.aws_iam_policy_document.this",
            "module.eks_blueprints_addons_lbc.module.aws_fsx_csi_driver.data.aws_partition.current",
            "module.eks_blueprints_addons_lbc.module.aws_fsx_csi_driver.helm_release.this",
            "module.eks_blueprints_addons_lbc.module.aws_gateway_api_controller.aws_iam_policy.this",
            "module.eks_blueprints_addons_lbc.module.aws_gateway_api_controller.aws_iam_role.this",
            "module.eks_blueprints_addons_lbc.module.aws_gateway_api_controller.aws_iam_role_policy_attachment.additional",
            "module.eks_blueprints_addons_lbc.module.aws_gateway_api_controller.aws_iam_role_policy_attachment.this",
            "module.eks_blueprints_addons_lbc.module.aws_gateway_api_controller.data.aws_caller_identity.current",
            "module.eks_blueprints_addons_lbc.module.aws_gateway_api_controller.data.aws_iam_policy_document.assume",
            "module.eks_blueprints_addons_lbc.module.aws_gateway_api_controller.data.aws_iam_policy_document.this",
            "module.eks_blueprints_addons_lbc.module.aws_gateway_api_controller.data.aws_partition.current",
            "module.eks_blueprints_addons_lbc.module.aws_gateway_api_controller.helm_release.this",
            "module.eks_blueprints_addons_lbc.module.aws_load_balancer_controller.aws_iam_policy.this",
            "module.eks_blueprints_addons_lbc.module.aws_load_balancer_controller.aws_iam_role.this",
            "module.eks_blueprints_addons_lbc.module.aws_load_balancer_controller.aws_iam_role_policy_attachment.additional",
            "module.eks_blueprints_addons_lbc.module.aws_load_balancer_controller.aws_iam_role_policy_attachment.this",
            "module.eks_blueprints_addons_lbc.module.aws_load_balancer_controller.data.aws_caller_identity.current",
            "module.eks_blueprints_addons_lbc.module.aws_load_balancer_controller.data.aws_iam_policy_document.assume",
            "module.eks_blueprints_addons_lbc.module.aws_load_balancer_controller.data.aws_iam_policy_document.this",
            "module.eks_blueprints_addons_lbc.module.aws_load_balancer_controller.data.aws_partition.current",
            "module.eks_blueprints_addons_lbc.module.aws_load_balancer_controller.helm_release.this",
            "module.eks_blueprints_addons_lbc.module.aws_node_termination_handler.aws_iam_policy.this",
            "module.eks_blueprints_addons_lbc.module.aws_node_termination_handler.aws_iam_role.this",
            "module.eks_blueprints_addons_lbc.module.aws_node_termination_handler.aws_iam_role_policy_attachment.additional",
            "module.eks_blueprints_addons_lbc.module.aws_node_termination_handler.aws_iam_role_policy_attachment.this",
            "module.eks_blueprints_addons_lbc.module.aws_node_termination_handler.data.aws_caller_identity.current",
            "module.eks_blueprints_addons_lbc.module.aws_node_termination_handler.data.aws_iam_policy_document.assume",
            "module.eks_blueprints_addons_lbc.module.aws_node_termination_handler.data.aws_iam_policy_document.this",
            "module.eks_blueprints_addons_lbc.module.aws_node_termination_handler.data.aws_partition.current",
            "module.eks_blueprints_addons_lbc.module.aws_node_termination_handler.helm_release.this",
            "module.eks_blueprints_addons_lbc.module.aws_node_termination_handler_sqs.aws_sqs_queue.dlq",
            "module.eks_blueprints_addons_lbc.module.aws_node_termination_handler_sqs.aws_sqs_queue.this",
            "module.eks_blueprints_addons_lbc.module.aws_node_termination_handler_sqs.aws_sqs_queue_policy.dlq",
            "module.eks_blueprints_addons_lbc.module.aws_node_termination_handler_sqs.aws_sqs_queue_policy.this",
            "module.eks_blueprints_addons_lbc.module.aws_node_termination_handler_sqs.aws_sqs_queue_redrive_allow_policy.dlq",
            "module.eks_blueprints_addons_lbc.module.aws_node_termination_handler_sqs.aws_sqs_queue_redrive_allow_policy.this",
            "module.eks_blueprints_addons_lbc.module.aws_node_termination_handler_sqs.aws_sqs_queue_redrive_policy.dlq",
            "module.eks_blueprints_addons_lbc.module.aws_node_termination_handler_sqs.aws_sqs_queue_redrive_policy.this",
            "module.eks_blueprints_addons_lbc.module.aws_node_termination_handler_sqs.data.aws_iam_policy_document.dlq",
            "module.eks_blueprints_addons_lbc.module.aws_node_termination_handler_sqs.data.aws_iam_policy_document.this",
            "module.eks_blueprints_addons_lbc.module.aws_privateca_issuer.aws_iam_policy.this",
            "module.eks_blueprints_addons_lbc.module.aws_privateca_issuer.aws_iam_role.this",
            "module.eks_blueprints_addons_lbc.module.aws_privateca_issuer.aws_iam_role_policy_attachment.additional",
            "module.eks_blueprints_addons_lbc.module.aws_privateca_issuer.aws_iam_role_policy_attachment.this",
            "module.eks_blueprints_addons_lbc.module.aws_privateca_issuer.data.aws_caller_identity.current",
            "module.eks_blueprints_addons_lbc.module.aws_privateca_issuer.data.aws_iam_policy_document.assume",
            "module.eks_blueprints_addons_lbc.module.aws_privateca_issuer.data.aws_iam_policy_document.this",
            "module.eks_blueprints_addons_lbc.module.aws_privateca_issuer.data.aws_partition.current",
            "module.eks_blueprints_addons_lbc.module.aws_privateca_issuer.helm_release.this",
            "module.eks_blueprints_addons_lbc.module.bottlerocket_shadow.aws_iam_policy.this",
            "module.eks_blueprints_addons_lbc.module.bottlerocket_shadow.aws_iam_role.this",
            "module.eks_blueprints_addons_lbc.module.bottlerocket_shadow.aws_iam_role_policy_attachment.additional",
            "module.eks_blueprints_addons_lbc.module.bottlerocket_shadow.aws_iam_role_policy_attachment.this",
            "module.eks_blueprints_addons_lbc.module.bottlerocket_shadow.data.aws_caller_identity.current",
            "module.eks_blueprints_addons_lbc.module.bottlerocket_shadow.data.aws_iam_policy_document.assume",
            "module.eks_blueprints_addons_lbc.module.bottlerocket_shadow.data.aws_iam_policy_document.this",
            "module.eks_blueprints_addons_lbc.module.bottlerocket_shadow.data.aws_partition.current",
            "module.eks_blueprints_addons_lbc.module.bottlerocket_shadow.helm_release.this",
            "module.eks_blueprints_addons_lbc.module.bottlerocket_update_operator.aws_iam_policy.this",
            "module.eks_blueprints_addons_lbc.module.bottlerocket_update_operator.aws_iam_role.this",
            "module.eks_blueprints_addons_lbc.module.bottlerocket_update_operator.aws_iam_role_policy_attachment.additional",
            "module.eks_blueprints_addons_lbc.module.bottlerocket_update_operator.aws_iam_role_policy_attachment.this",
            "module.eks_blueprints_addons_lbc.module.bottlerocket_update_operator.data.aws_caller_identity.current",
            "module.eks_blueprints_addons_lbc.module.bottlerocket_update_operator.data.aws_iam_policy_document.assume",
            "module.eks_blueprints_addons_lbc.module.bottlerocket_update_operator.data.aws_iam_policy_document.this",
            "module.eks_blueprints_addons_lbc.module.bottlerocket_update_operator.data.aws_partition.current",
            "module.eks_blueprints_addons_lbc.module.bottlerocket_update_operator.helm_release.this",
            "module.eks_blueprints_addons_lbc.module.cert_manager.aws_iam_policy.this",
            "module.eks_blueprints_addons_lbc.module.cert_manager.aws_iam_role.this",
            "module.eks_blueprints_addons_lbc.module.cert_manager.aws_iam_role_policy_attachment.additional",
            "module.eks_blueprints_addons_lbc.module.cert_manager.aws_iam_role_policy_attachment.this",
            "module.eks_blueprints_addons_lbc.module.cert_manager.data.aws_caller_identity.current",
            "module.eks_blueprints_addons_lbc.module.cert_manager.data.aws_iam_policy_document.assume",
            "module.eks_blueprints_addons_lbc.module.cert_manager.data.aws_iam_policy_document.this",
            "module.eks_blueprints_addons_lbc.module.cert_manager.data.aws_partition.current",
            "module.eks_blueprints_addons_lbc.module.cert_manager.helm_release.this",
            "module.eks_blueprints_addons_lbc.module.cluster_autoscaler.aws_iam_policy.this",
            "module.eks_blueprints_addons_lbc.module.cluster_autoscaler.aws_iam_role.this",
            "module.eks_blueprints_addons_lbc.module.cluster_autoscaler.aws_iam_role_policy_attachment.additional",
            "module.eks_blueprints_addons_lbc.module.cluster_autoscaler.aws_iam_role_policy_attachment.this",
            "module.eks_blueprints_addons_lbc.module.cluster_autoscaler.data.aws_caller_identity.current",
            "module.eks_blueprints_addons_lbc.module.cluster_autoscaler.data.aws_iam_policy_document.assume",
            "module.eks_blueprints_addons_lbc.module.cluster_autoscaler.data.aws_iam_policy_document.this",
            "module.eks_blueprints_addons_lbc.module.cluster_autoscaler.data.aws_partition.current",
            "module.eks_blueprints_addons_lbc.module.cluster_autoscaler.helm_release.this",
            "module.eks_blueprints_addons_lbc.module.cluster_proportional_autoscaler.aws_iam_policy.this",
            "module.eks_blueprints_addons_lbc.module.cluster_proportional_autoscaler.aws_iam_role.this",
            "module.eks_blueprints_addons_lbc.module.cluster_proportional_autoscaler.aws_iam_role_policy_attachment.additional",
            "module.eks_blueprints_addons_lbc.module.cluster_proportional_autoscaler.aws_iam_role_policy_attachment.this",
            "module.eks_blueprints_addons_lbc.module.cluster_proportional_autoscaler.data.aws_caller_identity.current",
            "module.eks_blueprints_addons_lbc.module.cluster_proportional_autoscaler.data.aws_iam_policy_document.assume",
            "module.eks_blueprints_addons_lbc.module.cluster_proportional_autoscaler.data.aws_iam_policy_document.this",
            "module.eks_blueprints_addons_lbc.module.cluster_proportional_autoscaler.data.aws_partition.current",
            "module.eks_blueprints_addons_lbc.module.cluster_proportional_autoscaler.helm_release.this",
            "module.eks_blueprints_addons_lbc.module.external_dns.aws_iam_policy.this",
            "module.eks_blueprints_addons_lbc.module.external_dns.aws_iam_role.this",
            "module.eks_blueprints_addons_lbc.module.external_dns.aws_iam_role_policy_attachment.additional",
            "module.eks_blueprints_addons_lbc.module.external_dns.aws_iam_role_policy_attachment.this",
            "module.eks_blueprints_addons_lbc.module.external_dns.data.aws_caller_identity.current",
            "module.eks_blueprints_addons_lbc.module.external_dns.data.aws_iam_policy_document.assume",
            "module.eks_blueprints_addons_lbc.module.external_dns.data.aws_iam_policy_document.this",
            "module.eks_blueprints_addons_lbc.module.external_dns.data.aws_partition.current",
            "module.eks_blueprints_addons_lbc.module.external_dns.helm_release.this",
            "module.eks_blueprints_addons_lbc.module.external_secrets.aws_iam_policy.this",
            "module.eks_blueprints_addons_lbc.module.external_secrets.aws_iam_role.this",
            "module.eks_blueprints_addons_lbc.module.external_secrets.aws_iam_role_policy_attachment.additional",
            "module.eks_blueprints_addons_lbc.module.external_secrets.aws_iam_role_policy_attachment.this",
            "module.eks_blueprints_addons_lbc.module.external_secrets.data.aws_caller_identity.current",
            "module.eks_blueprints_addons_lbc.module.external_secrets.data.aws_iam_policy_document.assume",
            "module.eks_blueprints_addons_lbc.module.external_secrets.data.aws_iam_policy_document.this",
            "module.eks_blueprints_addons_lbc.module.external_secrets.data.aws_partition.current",
            "module.eks_blueprints_addons_lbc.module.external_secrets.helm_release.this",
            "module.eks_blueprints_addons_lbc.module.gatekeeper.aws_iam_policy.this",
            "module.eks_blueprints_addons_lbc.module.gatekeeper.aws_iam_role.this",
            "module.eks_blueprints_addons_lbc.module.gatekeeper.aws_iam_role_policy_attachment.additional",
            "module.eks_blueprints_addons_lbc.module.gatekeeper.aws_iam_role_policy_attachment.this",
            "module.eks_blueprints_addons_lbc.module.gatekeeper.data.aws_caller_identity.current",
            "module.eks_blueprints_addons_lbc.module.gatekeeper.data.aws_iam_policy_document.assume",
            "module.eks_blueprints_addons_lbc.module.gatekeeper.data.aws_iam_policy_document.this",
            "module.eks_blueprints_addons_lbc.module.gatekeeper.data.aws_partition.current",
            "module.eks_blueprints_addons_lbc.module.gatekeeper.helm_release.this",
            "module.eks_blueprints_addons_lbc.module.ingress_nginx.aws_iam_policy.this",
            "module.eks_blueprints_addons_lbc.module.ingress_nginx.aws_iam_role.this",
            "module.eks_blueprints_addons_lbc.module.ingress_nginx.aws_iam_role_policy_attachment.additional",
            "module.eks_blueprints_addons_lbc.module.ingress_nginx.aws_iam_role_policy_attachment.this",
            "module.eks_blueprints_addons_lbc.module.ingress_nginx.data.aws_caller_identity.current",
            "module.eks_blueprints_addons_lbc.module.ingress_nginx.data.aws_iam_policy_document.assume",
            "module.eks_blueprints_addons_lbc.module.ingress_nginx.data.aws_iam_policy_document.this",
            "module.eks_blueprints_addons_lbc.module.ingress_nginx.data.aws_partition.current",
            "module.eks_blueprints_addons_lbc.module.ingress_nginx.helm_release.this",
            "module.eks_blueprints_addons_lbc.module.karpenter.aws_iam_policy.this",
            "module.eks_blueprints_addons_lbc.module.karpenter.aws_iam_role.this",
            "module.eks_blueprints_addons_lbc.module.karpenter.aws_iam_role_policy_attachment.additional",
            "module.eks_blueprints_addons_lbc.module.karpenter.aws_iam_role_policy_attachment.this",
            "module.eks_blueprints_addons_lbc.module.karpenter.data.aws_caller_identity.current",
            "module.eks_blueprints_addons_lbc.module.karpenter.data.aws_iam_policy_document.assume",
            "module.eks_blueprints_addons_lbc.module.karpenter.data.aws_iam_policy_document.this",
            "module.eks_blueprints_addons_lbc.module.karpenter.data.aws_partition.current",
            "module.eks_blueprints_addons_lbc.module.karpenter.helm_release.this",
            "module.eks_blueprints_addons_lbc.module.karpenter_sqs.aws_sqs_queue.dlq",
            "module.eks_blueprints_addons_lbc.module.karpenter_sqs.aws_sqs_queue.this",
            "module.eks_blueprints_addons_lbc.module.karpenter_sqs.aws_sqs_queue_policy.dlq",
            "module.eks_blueprints_addons_lbc.module.karpenter_sqs.aws_sqs_queue_policy.this",
            "module.eks_blueprints_addons_lbc.module.karpenter_sqs.aws_sqs_queue_redrive_allow_policy.dlq",
            "module.eks_blueprints_addons_lbc.module.karpenter_sqs.aws_sqs_queue_redrive_allow_policy.this",
            "module.eks_blueprints_addons_lbc.module.karpenter_sqs.aws_sqs_queue_redrive_policy.dlq",
            "module.eks_blueprints_addons_lbc.module.karpenter_sqs.aws_sqs_queue_redrive_policy.this",
            "module.eks_blueprints_addons_lbc.module.karpenter_sqs.data.aws_iam_policy_document.dlq",
            "module.eks_blueprints_addons_lbc.module.karpenter_sqs.data.aws_iam_policy_document.this",
            "module.eks_blueprints_addons_lbc.module.kube_prometheus_stack.aws_iam_policy.this",
            "module.eks_blueprints_addons_lbc.module.kube_prometheus_stack.aws_iam_role.this",
            "module.eks_blueprints_addons_lbc.module.kube_prometheus_stack.aws_iam_role_policy_attachment.additional",
            "module.eks_blueprints_addons_lbc.module.kube_prometheus_stack.aws_iam_role_policy_attachment.this",
            "module.eks_blueprints_addons_lbc.module.kube_prometheus_stack.data.aws_caller_identity.current",
            "module.eks_blueprints_addons_lbc.module.kube_prometheus_stack.data.aws_iam_policy_document.assume",
            "module.eks_blueprints_addons_lbc.module.kube_prometheus_stack.data.aws_iam_policy_document.this",
            "module.eks_blueprints_addons_lbc.module.kube_prometheus_stack.data.aws_partition.current",
            "module.eks_blueprints_addons_lbc.module.kube_prometheus_stack.helm_release.this",
            "module.eks_blueprints_addons_lbc.module.metrics_server.aws_iam_policy.this",
            "module.eks_blueprints_addons_lbc.module.metrics_server.aws_iam_role.this",
            "module.eks_blueprints_addons_lbc.module.metrics_server.aws_iam_role_policy_attachment.additional",
            "module.eks_blueprints_addons_lbc.module.metrics_server.aws_iam_role_policy_attachment.this",
            "module.eks_blueprints_addons_lbc.module.metrics_server.data.aws_caller_identity.current",
            "module.eks_blueprints_addons_lbc.module.metrics_server.data.aws_iam_policy_document.assume",
            "module.eks_blueprints_addons_lbc.module.metrics_server.data.aws_iam_policy_document.this",
            "module.eks_blueprints_addons_lbc.module.metrics_server.data.aws_partition.current",
            "module.eks_blueprints_addons_lbc.module.metrics_server.helm_release.this",
            "module.eks_blueprints_addons_lbc.module.secrets_store_csi_driver.aws_iam_policy.this",
            "module.eks_blueprints_addons_lbc.module.secrets_store_csi_driver.aws_iam_role.this",
            "module.eks_blueprints_addons_lbc.module.secrets_store_csi_driver.aws_iam_role_policy_attachment.additional",
            "module.eks_blueprints_addons_lbc.module.secrets_store_csi_driver.aws_iam_role_policy_attachment.this",
            "module.eks_blueprints_addons_lbc.module.secrets_store_csi_driver.data.aws_caller_identity.current",
            "module.eks_blueprints_addons_lbc.module.secrets_store_csi_driver.data.aws_iam_policy_document.assume",
            "module.eks_blueprints_addons_lbc.module.secrets_store_csi_driver.data.aws_iam_policy_document.this",
            "module.eks_blueprints_addons_lbc.module.secrets_store_csi_driver.data.aws_partition.current",
            "module.eks_blueprints_addons_lbc.module.secrets_store_csi_driver.helm_release.this",
            "module.eks_blueprints_addons_lbc.module.secrets_store_csi_driver_provider_aws.aws_iam_policy.this",
            "module.eks_blueprints_addons_lbc.module.secrets_store_csi_driver_provider_aws.aws_iam_role.this",
            "module.eks_blueprints_addons_lbc.module.secrets_store_csi_driver_provider_aws.aws_iam_role_policy_attachment.additional",
            "module.eks_blueprints_addons_lbc.module.secrets_store_csi_driver_provider_aws.aws_iam_role_policy_attachment.this",
            "module.eks_blueprints_addons_lbc.module.secrets_store_csi_driver_provider_aws.data.aws_caller_identity.current",
            "module.eks_blueprints_addons_lbc.module.secrets_store_csi_driver_provider_aws.data.aws_iam_policy_document.assume",
            "module.eks_blueprints_addons_lbc.module.secrets_store_csi_driver_provider_aws.data.aws_iam_policy_document.this",
            "module.eks_blueprints_addons_lbc.module.secrets_store_csi_driver_provider_aws.data.aws_partition.current",
            "module.eks_blueprints_addons_lbc.module.secrets_store_csi_driver_provider_aws.helm_release.this",
            "module.eks_blueprints_addons_lbc.module.velero.aws_iam_policy.this",
            "module.eks_blueprints_addons_lbc.module.velero.aws_iam_role.this",
            "module.eks_blueprints_addons_lbc.module.velero.aws_iam_role_policy_attachment.additional",
            "module.eks_blueprints_addons_lbc.module.velero.aws_iam_role_policy_attachment.this",
            "module.eks_blueprints_addons_lbc.module.velero.data.aws_caller_identity.current",
            "module.eks_blueprints_addons_lbc.module.velero.data.aws_iam_policy_document.assume",
            "module.eks_blueprints_addons_lbc.module.velero.data.aws_iam_policy_document.this",
            "module.eks_blueprints_addons_lbc.module.velero.data.aws_partition.current",
            "module.eks_blueprints_addons_lbc.module.velero.helm_release.this",
            "module.eks_blueprints_addons_lbc.module.vpa.aws_iam_policy.this",
            "module.eks_blueprints_addons_lbc.module.vpa.aws_iam_role.this",
            "module.eks_blueprints_addons_lbc.module.vpa.aws_iam_role_policy_attachment.additional",
            "module.eks_blueprints_addons_lbc.module.vpa.aws_iam_role_policy_attachment.this",
            "module.eks_blueprints_addons_lbc.module.vpa.data.aws_caller_identity.current",
            "module.eks_blueprints_addons_lbc.module.vpa.data.aws_iam_policy_document.assume",
            "module.eks_blueprints_addons_lbc.module.vpa.data.aws_iam_policy_document.this",
            "module.eks_blueprints_addons_lbc.module.vpa.data.aws_partition.current",
            "module.eks_blueprints_addons_lbc.module.vpa.helm_release.this",
            "module.eks_blueprints_addons_lbc.random_bytes.this",
            "module.eks_blueprints_addons_lbc.time_sleep.this",
            "null_resource.ingress_cleanup",
            "null_resource.wait_for_aws_lb_controller"
          ]
        }
      ]
    },
    {
      "mode": "managed",
      "type": "helm_release",
      "name": "nginx",
      "provider": "provider[\"registry.terraform.io/hashicorp/helm\"]",
      "instances": [
        {
          "schema_version": 1,
          "attributes": {
            "atomic": false,
            "chart": "ingress-nginx",
            "cleanup_on_fail": false,
            "create_namespace": true,
            "dependency_update": false,
            "description": null,
            "devel": null,
            "disable_crd_hooks": false,
            "disable_openapi_validation": false,
            "disable_webhooks": false,
            "force_update": false,
            "id": "nginx-ingress-controller",
            "keyring": null,
            "lint": false,
            "manifest": null,
            "max_history": 0,
            "metadata": [
              {
                "app_version": "1.12.0",
                "chart": "ingress-nginx",
                "first_deployed": 1737739081,
                "last_deployed": 1737739081,
                "name": "nginx-ingress-controller",
                "namespace": "ingress-nginx",
                "notes": "The ingress-nginx controller has been installed.\nGet the application URL by running these commands:\n  export POD_NAME=\"$(kubectl get pods --namespace ingress-nginx --selector app.kubernetes.io/name=ingress-nginx,app.kubernetes.io/instance=nginx-ingress-controller,app.kubernetes.io/component=controller --output jsonpath=\"{.items[0].metadata.name}\")\"\n  kubectl port-forward --namespace ingress-nginx \"${POD_NAME}\" 8080:80\n  echo \"Visit http://127.0.0.1:8080 to access your application.\"\n\nAn example Ingress that makes use of the controller:\n  apiVersion: networking.k8s.io/v1\n  kind: Ingress\n  metadata:\n    name: example\n    namespace: foo\n  spec:\n    ingressClassName: nginx\n    rules:\n      - host: www.example.com\n        http:\n          paths:\n            - pathType: Prefix\n              backend:\n                service:\n                  name: exampleService\n                  port:\n                    number: 80\n              path: /\n    # This section is only required if TLS is to be enabled for the Ingress\n    tls:\n      - hosts:\n        - www.example.com\n        secretName: example-tls\n\nIf TLS is enabled for the Ingress, a Secret containing the certificate and key must also be provided:\n\n  apiVersion: v1\n  kind: Secret\n  metadata:\n    name: example-tls\n    namespace: foo\n  data:\n    tls.crt: \u003cbase64 encoded cert\u003e\n    tls.key: \u003cbase64 encoded key\u003e\n  type: kubernetes.io/tls\n",
                "revision": 1,
                "values": "{\"controller\":{\"extraArgs\":{\"metrics-per-host\":\"false\"},\"ingressClassResource\":{\"enabled\":true,\"name\":\"nginx\"},\"metrics\":{\"enabled\":true,\"serviceMonitor\":{\"additionalLabels\":{\"release\":\"kube-prometheus-stack\"},\"enabled\":true}},\"podAnnotations\":{\"prometheus.io/port\":\"10254\",\"prometheus.io/scrape\":\"true\"},\"service\":{\"type\":\"ClusterIP\"}}}",
                "version": "4.12.0"
              }
            ],
            "name": "nginx-ingress-controller",
            "namespace": "ingress-nginx",
            "pass_credentials": false,
            "postrender": [],
            "recreate_pods": false,
            "render_subchart_notes": true,
            "replace": false,
            "repository": "https://kubernetes.github.io/ingress-nginx",
            "repository_ca_file": null,
            "repository_cert_file": null,
            "repository_key_file": null,
            "repository_password": null,
            "repository_username": null,
            "reset_values": false,
            "reuse_values": false,
            "set": [],
            "set_list": [],
            "set_sensitive": [],
            "skip_crds": false,
            "status": "deployed",
            "timeout": 300,
            "upgrade_install": null,
            "values": [
              "    controller:\n        service:\n          type: ClusterIP\n        ingressClassResource:\n          name: nginx\n          enabled: true\n        metrics:\n          enabled: true\n          serviceMonitor:\n            enabled: true\n            additionalLabels:\n              release: kube-prometheus-stack\n        podAnnotations:\n          prometheus.io/port: \"10254\"\n          prometheus.io/scrape: \"true\"\n        extraArgs:\n          metrics-per-host: \"false\"\n\n"
            ],
            "verify": false,
            "version": "4.12.0",
            "wait": true,
            "wait_for_jobs": false
          },
          "sensitive_attributes": [
            [
              {
                "type": "get_attr",
                "value": "repository_password"
              }
            ]
          ],
          "private": "eyJzY2hlbWFfdmVyc2lvbiI6IjEifQ==",
          "dependencies": [
            "aws_eks_pod_identity_association.aws_lbc",
            "aws_eks_pod_identity_association.ebs_csi_driver",
            "aws_iam_role.aws_lbc",
            "aws_iam_role.ebs_csi_driver",
            "aws_iam_role_policy.aws_lbc",
            "aws_iam_role_policy_attachment.ebs_csi_driver",
            "data.aws_iam_policy_document.aws_lbc",
            "data.aws_iam_policy_document.aws_lbc_assume",
            "data.aws_iam_policy_document.ebs_csi_driver",
            "module.eks_blueprints_addons.aws_autoscaling_group_tag.aws_node_termination_handler",
            "module.eks_blueprints_addons.aws_autoscaling_lifecycle_hook.aws_node_termination_handler",
            "module.eks_blueprints_addons.aws_cloudformation_stack.usage_telemetry",
            "module.eks_blueprints_addons.aws_cloudwatch_event_rule.aws_node_termination_handler",
            "module.eks_blueprints_addons.aws_cloudwatch_event_rule.karpenter",
            "module.eks_blueprints_addons.aws_cloudwatch_event_target.aws_node_termination_handler",
            "module.eks_blueprints_addons.aws_cloudwatch_event_target.karpenter",
            "module.eks_blueprints_addons.aws_cloudwatch_log_group.aws_for_fluentbit",
            "module.eks_blueprints_addons.aws_cloudwatch_log_group.fargate_fluentbit",
            "module.eks_blueprints_addons.aws_eks_addon.this",
            "module.eks_blueprints_addons.aws_iam_instance_profile.karpenter",
            "module.eks_blueprints_addons.aws_iam_policy.fargate_fluentbit",
            "module.eks_blueprints_addons.aws_iam_role.karpenter",
            "module.eks_blueprints_addons.aws_iam_role_policy_attachment.additional",
            "module.eks_blueprints_addons.aws_iam_role_policy_attachment.karpenter",
            "module.eks_blueprints_addons.data.aws_caller_identity.current",
            "module.eks_blueprints_addons.data.aws_eks_addon_version.this",
            "module.eks_blueprints_addons.data.aws_iam_policy_document.aws_efs_csi_driver",
            "module.eks_blueprints_addons.data.aws_iam_policy_document.aws_for_fluentbit",
            "module.eks_blueprints_addons.data.aws_iam_policy_document.aws_fsx_csi_driver",
            "module.eks_blueprints_addons.data.aws_iam_policy_document.aws_gateway_api_controller",
            "module.eks_blueprints_addons.data.aws_iam_policy_document.aws_load_balancer_controller",
            "module.eks_blueprints_addons.data.aws_iam_policy_document.aws_node_termination_handler",
            "module.eks_blueprints_addons.data.aws_iam_policy_document.aws_privateca_issuer",
            "module.eks_blueprints_addons.data.aws_iam_policy_document.cert_manager",
            "module.eks_blueprints_addons.data.aws_iam_policy_document.cluster_autoscaler",
            "module.eks_blueprints_addons.data.aws_iam_policy_document.external_dns",
            "module.eks_blueprints_addons.data.aws_iam_policy_document.external_secrets",
            "module.eks_blueprints_addons.data.aws_iam_policy_document.fargate_fluentbit",
            "module.eks_blueprints_addons.data.aws_iam_policy_document.karpenter",
            "module.eks_blueprints_addons.data.aws_iam_policy_document.karpenter_assume_role",
            "module.eks_blueprints_addons.data.aws_iam_policy_document.velero",
            "module.eks_blueprints_addons.data.aws_partition.current",
            "module.eks_blueprints_addons.data.aws_region.current",
            "module.eks_blueprints_addons.helm_release.this",
            "module.eks_blueprints_addons.kubernetes_config_map_v1.aws_logging",
            "module.eks_blueprints_addons.kubernetes_config_map_v1_data.aws_for_fluentbit_containerinsights",
            "module.eks_blueprints_addons.kubernetes_namespace_v1.aws_observability",
            "module.eks_blueprints_addons.module.argo_events.aws_iam_policy.this",
            "module.eks_blueprints_addons.module.argo_events.aws_iam_role.this",
            "module.eks_blueprints_addons.module.argo_events.aws_iam_role_policy_attachment.additional",
            "module.eks_blueprints_addons.module.argo_events.aws_iam_role_policy_attachment.this",
            "module.eks_blueprints_addons.module.argo_events.data.aws_caller_identity.current",
            "module.eks_blueprints_addons.module.argo_events.data.aws_iam_policy_document.assume",
            "module.eks_blueprints_addons.module.argo_events.data.aws_iam_policy_document.this",
            "module.eks_blueprints_addons.module.argo_events.data.aws_partition.current",
            "module.eks_blueprints_addons.module.argo_events.helm_release.this",
            "module.eks_blueprints_addons.module.argo_rollouts.aws_iam_policy.this",
            "module.eks_blueprints_addons.module.argo_rollouts.aws_iam_role.this",
            "module.eks_blueprints_addons.module.argo_rollouts.aws_iam_role_policy_attachment.additional",
            "module.eks_blueprints_addons.module.argo_rollouts.aws_iam_role_policy_attachment.this",
            "module.eks_blueprints_addons.module.argo_rollouts.data.aws_caller_identity.current",
            "module.eks_blueprints_addons.module.argo_rollouts.data.aws_iam_policy_document.assume",
            "module.eks_blueprints_addons.module.argo_rollouts.data.aws_iam_policy_document.this",
            "module.eks_blueprints_addons.module.argo_rollouts.data.aws_partition.current",
            "module.eks_blueprints_addons.module.argo_rollouts.helm_release.this",
            "module.eks_blueprints_addons.module.argo_workflows.aws_iam_policy.this",
            "module.eks_blueprints_addons.module.argo_workflows.aws_iam_role.this",
            "module.eks_blueprints_addons.module.argo_workflows.aws_iam_role_policy_attachment.additional",
            "module.eks_blueprints_addons.module.argo_workflows.aws_iam_role_policy_attachment.this",
            "module.eks_blueprints_addons.module.argo_workflows.data.aws_caller_identity.current",
            "module.eks_blueprints_addons.module.argo_workflows.data.aws_iam_policy_document.assume",
            "module.eks_blueprints_addons.module.argo_workflows.data.aws_iam_policy_document.this",
            "module.eks_blueprints_addons.module.argo_workflows.data.aws_partition.current",
            "module.eks_blueprints_addons.module.argo_workflows.helm_release.this",
            "module.eks_blueprints_addons.module.argocd.aws_iam_policy.this",
            "module.eks_blueprints_addons.module.argocd.aws_iam_role.this",
            "module.eks_blueprints_addons.module.argocd.aws_iam_role_policy_attachment.additional",
            "module.eks_blueprints_addons.module.argocd.aws_iam_role_policy_attachment.this",
            "module.eks_blueprints_addons.module.argocd.data.aws_caller_identity.current",
            "module.eks_blueprints_addons.module.argocd.data.aws_iam_policy_document.assume",
            "module.eks_blueprints_addons.module.argocd.data.aws_iam_policy_document.this",
            "module.eks_blueprints_addons.module.argocd.data.aws_partition.current",
            "module.eks_blueprints_addons.module.argocd.helm_release.this",
            "module.eks_blueprints_addons.module.aws_cloudwatch_metrics.aws_iam_policy.this",
            "module.eks_blueprints_addons.module.aws_cloudwatch_metrics.aws_iam_role.this",
            "module.eks_blueprints_addons.module.aws_cloudwatch_metrics.aws_iam_role_policy_attachment.additional",
            "module.eks_blueprints_addons.module.aws_cloudwatch_metrics.aws_iam_role_policy_attachment.this",
            "module.eks_blueprints_addons.module.aws_cloudwatch_metrics.data.aws_caller_identity.current",
            "module.eks_blueprints_addons.module.aws_cloudwatch_metrics.data.aws_iam_policy_document.assume",
            "module.eks_blueprints_addons.module.aws_cloudwatch_metrics.data.aws_iam_policy_document.this",
            "module.eks_blueprints_addons.module.aws_cloudwatch_metrics.data.aws_partition.current",
            "module.eks_blueprints_addons.module.aws_cloudwatch_metrics.helm_release.this",
            "module.eks_blueprints_addons.module.aws_efs_csi_driver.aws_iam_policy.this",
            "module.eks_blueprints_addons.module.aws_efs_csi_driver.aws_iam_role.this",
            "module.eks_blueprints_addons.module.aws_efs_csi_driver.aws_iam_role_policy_attachment.additional",
            "module.eks_blueprints_addons.module.aws_efs_csi_driver.aws_iam_role_policy_attachment.this",
            "module.eks_blueprints_addons.module.aws_efs_csi_driver.data.aws_caller_identity.current",
            "module.eks_blueprints_addons.module.aws_efs_csi_driver.data.aws_iam_policy_document.assume",
            "module.eks_blueprints_addons.module.aws_efs_csi_driver.data.aws_iam_policy_document.this",
            "module.eks_blueprints_addons.module.aws_efs_csi_driver.data.aws_partition.current",
            "module.eks_blueprints_addons.module.aws_efs_csi_driver.helm_release.this",
            "module.eks_blueprints_addons.module.aws_for_fluentbit.aws_iam_policy.this",
            "module.eks_blueprints_addons.module.aws_for_fluentbit.aws_iam_role.this",
            "module.eks_blueprints_addons.module.aws_for_fluentbit.aws_iam_role_policy_attachment.additional",
            "module.eks_blueprints_addons.module.aws_for_fluentbit.aws_iam_role_policy_attachment.this",
            "module.eks_blueprints_addons.module.aws_for_fluentbit.data.aws_caller_identity.current",
            "module.eks_blueprints_addons.module.aws_for_fluentbit.data.aws_iam_policy_document.assume",
            "module.eks_blueprints_addons.module.aws_for_fluentbit.data.aws_iam_policy_document.this",
            "module.eks_blueprints_addons.module.aws_for_fluentbit.data.aws_partition.current",
            "module.eks_blueprints_addons.module.aws_for_fluentbit.helm_release.this",
            "module.eks_blueprints_addons.module.aws_fsx_csi_driver.aws_iam_policy.this",
            "module.eks_blueprints_addons.module.aws_fsx_csi_driver.aws_iam_role.this",
            "module.eks_blueprints_addons.module.aws_fsx_csi_driver.aws_iam_role_policy_attachment.additional",
            "module.eks_blueprints_addons.module.aws_fsx_csi_driver.aws_iam_role_policy_attachment.this",
            "module.eks_blueprints_addons.module.aws_fsx_csi_driver.data.aws_caller_identity.current",
            "module.eks_blueprints_addons.module.aws_fsx_csi_driver.data.aws_iam_policy_document.assume",
            "module.eks_blueprints_addons.module.aws_fsx_csi_driver.data.aws_iam_policy_document.this",
            "module.eks_blueprints_addons.module.aws_fsx_csi_driver.data.aws_partition.current",
            "module.eks_blueprints_addons.module.aws_fsx_csi_driver.helm_release.this",
            "module.eks_blueprints_addons.module.aws_gateway_api_controller.aws_iam_policy.this",
            "module.eks_blueprints_addons.module.aws_gateway_api_controller.aws_iam_role.this",
            "module.eks_blueprints_addons.module.aws_gateway_api_controller.aws_iam_role_policy_attachment.additional",
            "module.eks_blueprints_addons.module.aws_gateway_api_controller.aws_iam_role_policy_attachment.this",
            "module.eks_blueprints_addons.module.aws_gateway_api_controller.data.aws_caller_identity.current",
            "module.eks_blueprints_addons.module.aws_gateway_api_controller.data.aws_iam_policy_document.assume",
            "module.eks_blueprints_addons.module.aws_gateway_api_controller.data.aws_iam_policy_document.this",
            "module.eks_blueprints_addons.module.aws_gateway_api_controller.data.aws_partition.current",
            "module.eks_blueprints_addons.module.aws_gateway_api_controller.helm_release.this",
            "module.eks_blueprints_addons.module.aws_load_balancer_controller.aws_iam_policy.this",
            "module.eks_blueprints_addons.module.aws_load_balancer_controller.aws_iam_role.this",
            "module.eks_blueprints_addons.module.aws_load_balancer_controller.aws_iam_role_policy_attachment.additional",
            "module.eks_blueprints_addons.module.aws_load_balancer_controller.aws_iam_role_policy_attachment.this",
            "module.eks_blueprints_addons.module.aws_load_balancer_controller.data.aws_caller_identity.current",
            "module.eks_blueprints_addons.module.aws_load_balancer_controller.data.aws_iam_policy_document.assume",
            "module.eks_blueprints_addons.module.aws_load_balancer_controller.data.aws_iam_policy_document.this",
            "module.eks_blueprints_addons.module.aws_load_balancer_controller.data.aws_partition.current",
            "module.eks_blueprints_addons.module.aws_load_balancer_controller.helm_release.this",
            "module.eks_blueprints_addons.module.aws_node_termination_handler.aws_iam_policy.this",
            "module.eks_blueprints_addons.module.aws_node_termination_handler.aws_iam_role.this",
            "module.eks_blueprints_addons.module.aws_node_termination_handler.aws_iam_role_policy_attachment.additional",
            "module.eks_blueprints_addons.module.aws_node_termination_handler.aws_iam_role_policy_attachment.this",
            "module.eks_blueprints_addons.module.aws_node_termination_handler.data.aws_caller_identity.current",
            "module.eks_blueprints_addons.module.aws_node_termination_handler.data.aws_iam_policy_document.assume",
            "module.eks_blueprints_addons.module.aws_node_termination_handler.data.aws_iam_policy_document.this",
            "module.eks_blueprints_addons.module.aws_node_termination_handler.data.aws_partition.current",
            "module.eks_blueprints_addons.module.aws_node_termination_handler.helm_release.this",
            "module.eks_blueprints_addons.module.aws_node_termination_handler_sqs.aws_sqs_queue.dlq",
            "module.eks_blueprints_addons.module.aws_node_termination_handler_sqs.aws_sqs_queue.this",
            "module.eks_blueprints_addons.module.aws_node_termination_handler_sqs.aws_sqs_queue_policy.dlq",
            "module.eks_blueprints_addons.module.aws_node_termination_handler_sqs.aws_sqs_queue_policy.this",
            "module.eks_blueprints_addons.module.aws_node_termination_handler_sqs.aws_sqs_queue_redrive_allow_policy.dlq",
            "module.eks_blueprints_addons.module.aws_node_termination_handler_sqs.aws_sqs_queue_redrive_allow_policy.this",
            "module.eks_blueprints_addons.module.aws_node_termination_handler_sqs.aws_sqs_queue_redrive_policy.dlq",
            "module.eks_blueprints_addons.module.aws_node_termination_handler_sqs.aws_sqs_queue_redrive_policy.this",
            "module.eks_blueprints_addons.module.aws_node_termination_handler_sqs.data.aws_iam_policy_document.dlq",
            "module.eks_blueprints_addons.module.aws_node_termination_handler_sqs.data.aws_iam_policy_document.this",
            "module.eks_blueprints_addons.module.aws_privateca_issuer.aws_iam_policy.this",
            "module.eks_blueprints_addons.module.aws_privateca_issuer.aws_iam_role.this",
            "module.eks_blueprints_addons.module.aws_privateca_issuer.aws_iam_role_policy_attachment.additional",
            "module.eks_blueprints_addons.module.aws_privateca_issuer.aws_iam_role_policy_attachment.this",
            "module.eks_blueprints_addons.module.aws_privateca_issuer.data.aws_caller_identity.current",
            "module.eks_blueprints_addons.module.aws_privateca_issuer.data.aws_iam_policy_document.assume",
            "module.eks_blueprints_addons.module.aws_privateca_issuer.data.aws_iam_policy_document.this",
            "module.eks_blueprints_addons.module.aws_privateca_issuer.data.aws_partition.current",
            "module.eks_blueprints_addons.module.aws_privateca_issuer.helm_release.this",
            "module.eks_blueprints_addons.module.bottlerocket_shadow.aws_iam_policy.this",
            "module.eks_blueprints_addons.module.bottlerocket_shadow.aws_iam_role.this",
            "module.eks_blueprints_addons.module.bottlerocket_shadow.aws_iam_role_policy_attachment.additional",
            "module.eks_blueprints_addons.module.bottlerocket_shadow.aws_iam_role_policy_attachment.this",
            "module.eks_blueprints_addons.module.bottlerocket_shadow.data.aws_caller_identity.current",
            "module.eks_blueprints_addons.module.bottlerocket_shadow.data.aws_iam_policy_document.assume",
            "module.eks_blueprints_addons.module.bottlerocket_shadow.data.aws_iam_policy_document.this",
            "module.eks_blueprints_addons.module.bottlerocket_shadow.data.aws_partition.current",
            "module.eks_blueprints_addons.module.bottlerocket_shadow.helm_release.this",
            "module.eks_blueprints_addons.module.bottlerocket_update_operator.aws_iam_policy.this",
            "module.eks_blueprints_addons.module.bottlerocket_update_operator.aws_iam_role.this",
            "module.eks_blueprints_addons.module.bottlerocket_update_operator.aws_iam_role_policy_attachment.additional",
            "module.eks_blueprints_addons.module.bottlerocket_update_operator.aws_iam_role_policy_attachment.this",
            "module.eks_blueprints_addons.module.bottlerocket_update_operator.data.aws_caller_identity.current",
            "module.eks_blueprints_addons.module.bottlerocket_update_operator.data.aws_iam_policy_document.assume",
            "module.eks_blueprints_addons.module.bottlerocket_update_operator.data.aws_iam_policy_document.this",
            "module.eks_blueprints_addons.module.bottlerocket_update_operator.data.aws_partition.current",
            "module.eks_blueprints_addons.module.bottlerocket_update_operator.helm_release.this",
            "module.eks_blueprints_addons.module.cert_manager.aws_iam_policy.this",
            "module.eks_blueprints_addons.module.cert_manager.aws_iam_role.this",
            "module.eks_blueprints_addons.module.cert_manager.aws_iam_role_policy_attachment.additional",
            "module.eks_blueprints_addons.module.cert_manager.aws_iam_role_policy_attachment.this",
            "module.eks_blueprints_addons.module.cert_manager.data.aws_caller_identity.current",
            "module.eks_blueprints_addons.module.cert_manager.data.aws_iam_policy_document.assume",
            "module.eks_blueprints_addons.module.cert_manager.data.aws_iam_policy_document.this",
            "module.eks_blueprints_addons.module.cert_manager.data.aws_partition.current",
            "module.eks_blueprints_addons.module.cert_manager.helm_release.this",
            "module.eks_blueprints_addons.module.cluster_autoscaler.aws_iam_policy.this",
            "module.eks_blueprints_addons.module.cluster_autoscaler.aws_iam_role.this",
            "module.eks_blueprints_addons.module.cluster_autoscaler.aws_iam_role_policy_attachment.additional",
            "module.eks_blueprints_addons.module.cluster_autoscaler.aws_iam_role_policy_attachment.this",
            "module.eks_blueprints_addons.module.cluster_autoscaler.data.aws_caller_identity.current",
            "module.eks_blueprints_addons.module.cluster_autoscaler.data.aws_iam_policy_document.assume",
            "module.eks_blueprints_addons.module.cluster_autoscaler.data.aws_iam_policy_document.this",
            "module.eks_blueprints_addons.module.cluster_autoscaler.data.aws_partition.current",
            "module.eks_blueprints_addons.module.cluster_autoscaler.helm_release.this",
            "module.eks_blueprints_addons.module.cluster_proportional_autoscaler.aws_iam_policy.this",
            "module.eks_blueprints_addons.module.cluster_proportional_autoscaler.aws_iam_role.this",
            "module.eks_blueprints_addons.module.cluster_proportional_autoscaler.aws_iam_role_policy_attachment.additional",
            "module.eks_blueprints_addons.module.cluster_proportional_autoscaler.aws_iam_role_policy_attachment.this",
            "module.eks_blueprints_addons.module.cluster_proportional_autoscaler.data.aws_caller_identity.current",
            "module.eks_blueprints_addons.module.cluster_proportional_autoscaler.data.aws_iam_policy_document.assume",
            "module.eks_blueprints_addons.module.cluster_proportional_autoscaler.data.aws_iam_policy_document.this",
            "module.eks_blueprints_addons.module.cluster_proportional_autoscaler.data.aws_partition.current",
            "module.eks_blueprints_addons.module.cluster_proportional_autoscaler.helm_release.this",
            "module.eks_blueprints_addons.module.external_dns.aws_iam_policy.this",
            "module.eks_blueprints_addons.module.external_dns.aws_iam_role.this",
            "module.eks_blueprints_addons.module.external_dns.aws_iam_role_policy_attachment.additional",
            "module.eks_blueprints_addons.module.external_dns.aws_iam_role_policy_attachment.this",
            "module.eks_blueprints_addons.module.external_dns.data.aws_caller_identity.current",
            "module.eks_blueprints_addons.module.external_dns.data.aws_iam_policy_document.assume",
            "module.eks_blueprints_addons.module.external_dns.data.aws_iam_policy_document.this",
            "module.eks_blueprints_addons.module.external_dns.data.aws_partition.current",
            "module.eks_blueprints_addons.module.external_dns.helm_release.this",
            "module.eks_blueprints_addons.module.external_secrets.aws_iam_policy.this",
            "module.eks_blueprints_addons.module.external_secrets.aws_iam_role.this",
            "module.eks_blueprints_addons.module.external_secrets.aws_iam_role_policy_attachment.additional",
            "module.eks_blueprints_addons.module.external_secrets.aws_iam_role_policy_attachment.this",
            "module.eks_blueprints_addons.module.external_secrets.data.aws_caller_identity.current",
            "module.eks_blueprints_addons.module.external_secrets.data.aws_iam_policy_document.assume",
            "module.eks_blueprints_addons.module.external_secrets.data.aws_iam_policy_document.this",
            "module.eks_blueprints_addons.module.external_secrets.data.aws_partition.current",
            "module.eks_blueprints_addons.module.external_secrets.helm_release.this",
            "module.eks_blueprints_addons.module.gatekeeper.aws_iam_policy.this",
            "module.eks_blueprints_addons.module.gatekeeper.aws_iam_role.this",
            "module.eks_blueprints_addons.module.gatekeeper.aws_iam_role_policy_attachment.additional",
            "module.eks_blueprints_addons.module.gatekeeper.aws_iam_role_policy_attachment.this",
            "module.eks_blueprints_addons.module.gatekeeper.data.aws_caller_identity.current",
            "module.eks_blueprints_addons.module.gatekeeper.data.aws_iam_policy_document.assume",
            "module.eks_blueprints_addons.module.gatekeeper.data.aws_iam_policy_document.this",
            "module.eks_blueprints_addons.module.gatekeeper.data.aws_partition.current",
            "module.eks_blueprints_addons.module.gatekeeper.helm_release.this",
            "module.eks_blueprints_addons.module.ingress_nginx.aws_iam_policy.this",
            "module.eks_blueprints_addons.module.ingress_nginx.aws_iam_role.this",
            "module.eks_blueprints_addons.module.ingress_nginx.aws_iam_role_policy_attachment.additional",
            "module.eks_blueprints_addons.module.ingress_nginx.aws_iam_role_policy_attachment.this",
            "module.eks_blueprints_addons.module.ingress_nginx.data.aws_caller_identity.current",
            "module.eks_blueprints_addons.module.ingress_nginx.data.aws_iam_policy_document.assume",
            "module.eks_blueprints_addons.module.ingress_nginx.data.aws_iam_policy_document.this",
            "module.eks_blueprints_addons.module.ingress_nginx.data.aws_partition.current",
            "module.eks_blueprints_addons.module.ingress_nginx.helm_release.this",
            "module.eks_blueprints_addons.module.karpenter.aws_iam_policy.this",
            "module.eks_blueprints_addons.module.karpenter.aws_iam_role.this",
            "module.eks_blueprints_addons.module.karpenter.aws_iam_role_policy_attachment.additional",
            "module.eks_blueprints_addons.module.karpenter.aws_iam_role_policy_attachment.this",
            "module.eks_blueprints_addons.module.karpenter.data.aws_caller_identity.current",
            "module.eks_blueprints_addons.module.karpenter.data.aws_iam_policy_document.assume",
            "module.eks_blueprints_addons.module.karpenter.data.aws_iam_policy_document.this",
            "module.eks_blueprints_addons.module.karpenter.data.aws_partition.current",
            "module.eks_blueprints_addons.module.karpenter.helm_release.this",
            "module.eks_blueprints_addons.module.karpenter_sqs.aws_sqs_queue.dlq",
            "module.eks_blueprints_addons.module.karpenter_sqs.aws_sqs_queue.this",
            "module.eks_blueprints_addons.module.karpenter_sqs.aws_sqs_queue_policy.dlq",
            "module.eks_blueprints_addons.module.karpenter_sqs.aws_sqs_queue_policy.this",
            "module.eks_blueprints_addons.module.karpenter_sqs.aws_sqs_queue_redrive_allow_policy.dlq",
            "module.eks_blueprints_addons.module.karpenter_sqs.aws_sqs_queue_redrive_allow_policy.this",
            "module.eks_blueprints_addons.module.karpenter_sqs.aws_sqs_queue_redrive_policy.dlq",
            "module.eks_blueprints_addons.module.karpenter_sqs.aws_sqs_queue_redrive_policy.this",
            "module.eks_blueprints_addons.module.karpenter_sqs.data.aws_iam_policy_document.dlq",
            "module.eks_blueprints_addons.module.karpenter_sqs.data.aws_iam_policy_document.this",
            "module.eks_blueprints_addons.module.kube_prometheus_stack.aws_iam_policy.this",
            "module.eks_blueprints_addons.module.kube_prometheus_stack.aws_iam_role.this",
            "module.eks_blueprints_addons.module.kube_prometheus_stack.aws_iam_role_policy_attachment.additional",
            "module.eks_blueprints_addons.module.kube_prometheus_stack.aws_iam_role_policy_attachment.this",
            "module.eks_blueprints_addons.module.kube_prometheus_stack.data.aws_caller_identity.current",
            "module.eks_blueprints_addons.module.kube_prometheus_stack.data.aws_iam_policy_document.assume",
            "module.eks_blueprints_addons.module.kube_prometheus_stack.data.aws_iam_policy_document.this",
            "module.eks_blueprints_addons.module.kube_prometheus_stack.data.aws_partition.current",
            "module.eks_blueprints_addons.module.kube_prometheus_stack.helm_release.this",
            "module.eks_blueprints_addons.module.metrics_server.aws_iam_policy.this",
            "module.eks_blueprints_addons.module.metrics_server.aws_iam_role.this",
            "module.eks_blueprints_addons.module.metrics_server.aws_iam_role_policy_attachment.additional",
            "module.eks_blueprints_addons.module.metrics_server.aws_iam_role_policy_attachment.this",
            "module.eks_blueprints_addons.module.metrics_server.data.aws_caller_identity.current",
            "module.eks_blueprints_addons.module.metrics_server.data.aws_iam_policy_document.assume",
            "module.eks_blueprints_addons.module.metrics_server.data.aws_iam_policy_document.this",
            "module.eks_blueprints_addons.module.metrics_server.data.aws_partition.current",
            "module.eks_blueprints_addons.module.metrics_server.helm_release.this",
            "module.eks_blueprints_addons.module.secrets_store_csi_driver.aws_iam_policy.this",
            "module.eks_blueprints_addons.module.secrets_store_csi_driver.aws_iam_role.this",
            "module.eks_blueprints_addons.module.secrets_store_csi_driver.aws_iam_role_policy_attachment.additional",
            "module.eks_blueprints_addons.module.secrets_store_csi_driver.aws_iam_role_policy_attachment.this",
            "module.eks_blueprints_addons.module.secrets_store_csi_driver.data.aws_caller_identity.current",
            "module.eks_blueprints_addons.module.secrets_store_csi_driver.data.aws_iam_policy_document.assume",
            "module.eks_blueprints_addons.module.secrets_store_csi_driver.data.aws_iam_policy_document.this",
            "module.eks_blueprints_addons.module.secrets_store_csi_driver.data.aws_partition.current",
            "module.eks_blueprints_addons.module.secrets_store_csi_driver.helm_release.this",
            "module.eks_blueprints_addons.module.secrets_store_csi_driver_provider_aws.aws_iam_policy.this",
            "module.eks_blueprints_addons.module.secrets_store_csi_driver_provider_aws.aws_iam_role.this",
            "module.eks_blueprints_addons.module.secrets_store_csi_driver_provider_aws.aws_iam_role_policy_attachment.additional",
            "module.eks_blueprints_addons.module.secrets_store_csi_driver_provider_aws.aws_iam_role_policy_attachment.this",
            "module.eks_blueprints_addons.module.secrets_store_csi_driver_provider_aws.data.aws_caller_identity.current",
            "module.eks_blueprints_addons.module.secrets_store_csi_driver_provider_aws.data.aws_iam_policy_document.assume",
            "module.eks_blueprints_addons.module.secrets_store_csi_driver_provider_aws.data.aws_iam_policy_document.this",
            "module.eks_blueprints_addons.module.secrets_store_csi_driver_provider_aws.data.aws_partition.current",
            "module.eks_blueprints_addons.module.secrets_store_csi_driver_provider_aws.helm_release.this",
            "module.eks_blueprints_addons.module.velero.aws_iam_policy.this",
            "module.eks_blueprints_addons.module.velero.aws_iam_role.this",
            "module.eks_blueprints_addons.module.velero.aws_iam_role_policy_attachment.additional",
            "module.eks_blueprints_addons.module.velero.aws_iam_role_policy_attachment.this",
            "module.eks_blueprints_addons.module.velero.data.aws_caller_identity.current",
            "module.eks_blueprints_addons.module.velero.data.aws_iam_policy_document.assume",
            "module.eks_blueprints_addons.module.velero.data.aws_iam_policy_document.this",
            "module.eks_blueprints_addons.module.velero.data.aws_partition.current",
            "module.eks_blueprints_addons.module.velero.helm_release.this",
            "module.eks_blueprints_addons.module.vpa.aws_iam_policy.this",
            "module.eks_blueprints_addons.module.vpa.aws_iam_role.this",
            "module.eks_blueprints_addons.module.vpa.aws_iam_role_policy_attachment.additional",
            "module.eks_blueprints_addons.module.vpa.aws_iam_role_policy_attachment.this",
            "module.eks_blueprints_addons.module.vpa.data.aws_caller_identity.current",
            "module.eks_blueprints_addons.module.vpa.data.aws_iam_policy_document.assume",
            "module.eks_blueprints_addons.module.vpa.data.aws_iam_policy_document.this",
            "module.eks_blueprints_addons.module.vpa.data.aws_partition.current",
            "module.eks_blueprints_addons.module.vpa.helm_release.this",
            "module.eks_blueprints_addons.random_bytes.this",
            "module.eks_blueprints_addons.time_sleep.this",
            "module.eks_blueprints_addons_lbc.aws_autoscaling_group_tag.aws_node_termination_handler",
            "module.eks_blueprints_addons_lbc.aws_autoscaling_lifecycle_hook.aws_node_termination_handler",
            "module.eks_blueprints_addons_lbc.aws_cloudformation_stack.usage_telemetry",
            "module.eks_blueprints_addons_lbc.aws_cloudwatch_event_rule.aws_node_termination_handler",
            "module.eks_blueprints_addons_lbc.aws_cloudwatch_event_rule.karpenter",
            "module.eks_blueprints_addons_lbc.aws_cloudwatch_event_target.aws_node_termination_handler",
            "module.eks_blueprints_addons_lbc.aws_cloudwatch_event_target.karpenter",
            "module.eks_blueprints_addons_lbc.aws_cloudwatch_log_group.aws_for_fluentbit",
            "module.eks_blueprints_addons_lbc.aws_cloudwatch_log_group.fargate_fluentbit",
            "module.eks_blueprints_addons_lbc.aws_eks_addon.this",
            "module.eks_blueprints_addons_lbc.aws_iam_instance_profile.karpenter",
            "module.eks_blueprints_addons_lbc.aws_iam_policy.fargate_fluentbit",
            "module.eks_blueprints_addons_lbc.aws_iam_role.karpenter",
            "module.eks_blueprints_addons_lbc.aws_iam_role_policy_attachment.additional",
            "module.eks_blueprints_addons_lbc.aws_iam_role_policy_attachment.karpenter",
            "module.eks_blueprints_addons_lbc.data.aws_caller_identity.current",
            "module.eks_blueprints_addons_lbc.data.aws_eks_addon_version.this",
            "module.eks_blueprints_addons_lbc.data.aws_iam_policy_document.aws_efs_csi_driver",
            "module.eks_blueprints_addons_lbc.data.aws_iam_policy_document.aws_for_fluentbit",
            "module.eks_blueprints_addons_lbc.data.aws_iam_policy_document.aws_fsx_csi_driver",
            "module.eks_blueprints_addons_lbc.data.aws_iam_policy_document.aws_gateway_api_controller",
            "module.eks_blueprints_addons_lbc.data.aws_iam_policy_document.aws_load_balancer_controller",
            "module.eks_blueprints_addons_lbc.data.aws_iam_policy_document.aws_node_termination_handler",
            "module.eks_blueprints_addons_lbc.data.aws_iam_policy_document.aws_privateca_issuer",
            "module.eks_blueprints_addons_lbc.data.aws_iam_policy_document.cert_manager",
            "module.eks_blueprints_addons_lbc.data.aws_iam_policy_document.cluster_autoscaler",
            "module.eks_blueprints_addons_lbc.data.aws_iam_policy_document.external_dns",
            "module.eks_blueprints_addons_lbc.data.aws_iam_policy_document.external_secrets",
            "module.eks_blueprints_addons_lbc.data.aws_iam_policy_document.fargate_fluentbit",
            "module.eks_blueprints_addons_lbc.data.aws_iam_policy_document.karpenter",
            "module.eks_blueprints_addons_lbc.data.aws_iam_policy_document.karpenter_assume_role",
            "module.eks_blueprints_addons_lbc.data.aws_iam_policy_document.velero",
            "module.eks_blueprints_addons_lbc.data.aws_partition.current",
            "module.eks_blueprints_addons_lbc.data.aws_region.current",
            "module.eks_blueprints_addons_lbc.helm_release.this",
            "module.eks_blueprints_addons_lbc.kubernetes_config_map_v1.aws_logging",
            "module.eks_blueprints_addons_lbc.kubernetes_config_map_v1_data.aws_for_fluentbit_containerinsights",
            "module.eks_blueprints_addons_lbc.kubernetes_namespace_v1.aws_observability",
            "module.eks_blueprints_addons_lbc.module.argo_events.aws_iam_policy.this",
            "module.eks_blueprints_addons_lbc.module.argo_events.aws_iam_role.this",
            "module.eks_blueprints_addons_lbc.module.argo_events.aws_iam_role_policy_attachment.additional",
            "module.eks_blueprints_addons_lbc.module.argo_events.aws_iam_role_policy_attachment.this",
            "module.eks_blueprints_addons_lbc.module.argo_events.data.aws_caller_identity.current",
            "module.eks_blueprints_addons_lbc.module.argo_events.data.aws_iam_policy_document.assume",
            "module.eks_blueprints_addons_lbc.module.argo_events.data.aws_iam_policy_document.this",
            "module.eks_blueprints_addons_lbc.module.argo_events.data.aws_partition.current",
            "module.eks_blueprints_addons_lbc.module.argo_events.helm_release.this",
            "module.eks_blueprints_addons_lbc.module.argo_rollouts.aws_iam_policy.this",
            "module.eks_blueprints_addons_lbc.module.argo_rollouts.aws_iam_role.this",
            "module.eks_blueprints_addons_lbc.module.argo_rollouts.aws_iam_role_policy_attachment.additional",
            "module.eks_blueprints_addons_lbc.module.argo_rollouts.aws_iam_role_policy_attachment.this",
            "module.eks_blueprints_addons_lbc.module.argo_rollouts.data.aws_caller_identity.current",
            "module.eks_blueprints_addons_lbc.module.argo_rollouts.data.aws_iam_policy_document.assume",
            "module.eks_blueprints_addons_lbc.module.argo_rollouts.data.aws_iam_policy_document.this",
            "module.eks_blueprints_addons_lbc.module.argo_rollouts.data.aws_partition.current",
            "module.eks_blueprints_addons_lbc.module.argo_rollouts.helm_release.this",
            "module.eks_blueprints_addons_lbc.module.argo_workflows.aws_iam_policy.this",
            "module.eks_blueprints_addons_lbc.module.argo_workflows.aws_iam_role.this",
            "module.eks_blueprints_addons_lbc.module.argo_workflows.aws_iam_role_policy_attachment.additional",
            "module.eks_blueprints_addons_lbc.module.argo_workflows.aws_iam_role_policy_attachment.this",
            "module.eks_blueprints_addons_lbc.module.argo_workflows.data.aws_caller_identity.current",
            "module.eks_blueprints_addons_lbc.module.argo_workflows.data.aws_iam_policy_document.assume",
            "module.eks_blueprints_addons_lbc.module.argo_workflows.data.aws_iam_policy_document.this",
            "module.eks_blueprints_addons_lbc.module.argo_workflows.data.aws_partition.current",
            "module.eks_blueprints_addons_lbc.module.argo_workflows.helm_release.this",
            "module.eks_blueprints_addons_lbc.module.argocd.aws_iam_policy.this",
            "module.eks_blueprints_addons_lbc.module.argocd.aws_iam_role.this",
            "module.eks_blueprints_addons_lbc.module.argocd.aws_iam_role_policy_attachment.additional",
            "module.eks_blueprints_addons_lbc.module.argocd.aws_iam_role_policy_attachment.this",
            "module.eks_blueprints_addons_lbc.module.argocd.data.aws_caller_identity.current",
            "module.eks_blueprints_addons_lbc.module.argocd.data.aws_iam_policy_document.assume",
            "module.eks_blueprints_addons_lbc.module.argocd.data.aws_iam_policy_document.this",
            "module.eks_blueprints_addons_lbc.module.argocd.data.aws_partition.current",
            "module.eks_blueprints_addons_lbc.module.argocd.helm_release.this",
            "module.eks_blueprints_addons_lbc.module.aws_cloudwatch_metrics.aws_iam_policy.this",
            "module.eks_blueprints_addons_lbc.module.aws_cloudwatch_metrics.aws_iam_role.this",
            "module.eks_blueprints_addons_lbc.module.aws_cloudwatch_metrics.aws_iam_role_policy_attachment.additional",
            "module.eks_blueprints_addons_lbc.module.aws_cloudwatch_metrics.aws_iam_role_policy_attachment.this",
            "module.eks_blueprints_addons_lbc.module.aws_cloudwatch_metrics.data.aws_caller_identity.current",
            "module.eks_blueprints_addons_lbc.module.aws_cloudwatch_metrics.data.aws_iam_policy_document.assume",
            "module.eks_blueprints_addons_lbc.module.aws_cloudwatch_metrics.data.aws_iam_policy_document.this",
            "module.eks_blueprints_addons_lbc.module.aws_cloudwatch_metrics.data.aws_partition.current",
            "module.eks_blueprints_addons_lbc.module.aws_cloudwatch_metrics.helm_release.this",
            "module.eks_blueprints_addons_lbc.module.aws_efs_csi_driver.aws_iam_policy.this",
            "module.eks_blueprints_addons_lbc.module.aws_efs_csi_driver.aws_iam_role.this",
            "module.eks_blueprints_addons_lbc.module.aws_efs_csi_driver.aws_iam_role_policy_attachment.additional",
            "module.eks_blueprints_addons_lbc.module.aws_efs_csi_driver.aws_iam_role_policy_attachment.this",
            "module.eks_blueprints_addons_lbc.module.aws_efs_csi_driver.data.aws_caller_identity.current",
            "module.eks_blueprints_addons_lbc.module.aws_efs_csi_driver.data.aws_iam_policy_document.assume",
            "module.eks_blueprints_addons_lbc.module.aws_efs_csi_driver.data.aws_iam_policy_document.this",
            "module.eks_blueprints_addons_lbc.module.aws_efs_csi_driver.data.aws_partition.current",
            "module.eks_blueprints_addons_lbc.module.aws_efs_csi_driver.helm_release.this",
            "module.eks_blueprints_addons_lbc.module.aws_for_fluentbit.aws_iam_policy.this",
            "module.eks_blueprints_addons_lbc.module.aws_for_fluentbit.aws_iam_role.this",
            "module.eks_blueprints_addons_lbc.module.aws_for_fluentbit.aws_iam_role_policy_attachment.additional",
            "module.eks_blueprints_addons_lbc.module.aws_for_fluentbit.aws_iam_role_policy_attachment.this",
            "module.eks_blueprints_addons_lbc.module.aws_for_fluentbit.data.aws_caller_identity.current",
            "module.eks_blueprints_addons_lbc.module.aws_for_fluentbit.data.aws_iam_policy_document.assume",
            "module.eks_blueprints_addons_lbc.module.aws_for_fluentbit.data.aws_iam_policy_document.this",
            "module.eks_blueprints_addons_lbc.module.aws_for_fluentbit.data.aws_partition.current",
            "module.eks_blueprints_addons_lbc.module.aws_for_fluentbit.helm_release.this",
            "module.eks_blueprints_addons_lbc.module.aws_fsx_csi_driver.aws_iam_policy.this",
            "module.eks_blueprints_addons_lbc.module.aws_fsx_csi_driver.aws_iam_role.this",
            "module.eks_blueprints_addons_lbc.module.aws_fsx_csi_driver.aws_iam_role_policy_attachment.additional",
            "module.eks_blueprints_addons_lbc.module.aws_fsx_csi_driver.aws_iam_role_policy_attachment.this",
            "module.eks_blueprints_addons_lbc.module.aws_fsx_csi_driver.data.aws_caller_identity.current",
            "module.eks_blueprints_addons_lbc.module.aws_fsx_csi_driver.data.aws_iam_policy_document.assume",
            "module.eks_blueprints_addons_lbc.module.aws_fsx_csi_driver.data.aws_iam_policy_document.this",
            "module.eks_blueprints_addons_lbc.module.aws_fsx_csi_driver.data.aws_partition.current",
            "module.eks_blueprints_addons_lbc.module.aws_fsx_csi_driver.helm_release.this",
            "module.eks_blueprints_addons_lbc.module.aws_gateway_api_controller.aws_iam_policy.this",
            "module.eks_blueprints_addons_lbc.module.aws_gateway_api_controller.aws_iam_role.this",
            "module.eks_blueprints_addons_lbc.module.aws_gateway_api_controller.aws_iam_role_policy_attachment.additional",
            "module.eks_blueprints_addons_lbc.module.aws_gateway_api_controller.aws_iam_role_policy_attachment.this",
            "module.eks_blueprints_addons_lbc.module.aws_gateway_api_controller.data.aws_caller_identity.current",
            "module.eks_blueprints_addons_lbc.module.aws_gateway_api_controller.data.aws_iam_policy_document.assume",
            "module.eks_blueprints_addons_lbc.module.aws_gateway_api_controller.data.aws_iam_policy_document.this",
            "module.eks_blueprints_addons_lbc.module.aws_gateway_api_controller.data.aws_partition.current",
            "module.eks_blueprints_addons_lbc.module.aws_gateway_api_controller.helm_release.this",
            "module.eks_blueprints_addons_lbc.module.aws_load_balancer_controller.aws_iam_policy.this",
            "module.eks_blueprints_addons_lbc.module.aws_load_balancer_controller.aws_iam_role.this",
            "module.eks_blueprints_addons_lbc.module.aws_load_balancer_controller.aws_iam_role_policy_attachment.additional",
            "module.eks_blueprints_addons_lbc.module.aws_load_balancer_controller.aws_iam_role_policy_attachment.this",
            "module.eks_blueprints_addons_lbc.module.aws_load_balancer_controller.data.aws_caller_identity.current",
            "module.eks_blueprints_addons_lbc.module.aws_load_balancer_controller.data.aws_iam_policy_document.assume",
            "module.eks_blueprints_addons_lbc.module.aws_load_balancer_controller.data.aws_iam_policy_document.this",
            "module.eks_blueprints_addons_lbc.module.aws_load_balancer_controller.data.aws_partition.current",
            "module.eks_blueprints_addons_lbc.module.aws_load_balancer_controller.helm_release.this",
            "module.eks_blueprints_addons_lbc.module.aws_node_termination_handler.aws_iam_policy.this",
            "module.eks_blueprints_addons_lbc.module.aws_node_termination_handler.aws_iam_role.this",
            "module.eks_blueprints_addons_lbc.module.aws_node_termination_handler.aws_iam_role_policy_attachment.additional",
            "module.eks_blueprints_addons_lbc.module.aws_node_termination_handler.aws_iam_role_policy_attachment.this",
            "module.eks_blueprints_addons_lbc.module.aws_node_termination_handler.data.aws_caller_identity.current",
            "module.eks_blueprints_addons_lbc.module.aws_node_termination_handler.data.aws_iam_policy_document.assume",
            "module.eks_blueprints_addons_lbc.module.aws_node_termination_handler.data.aws_iam_policy_document.this",
            "module.eks_blueprints_addons_lbc.module.aws_node_termination_handler.data.aws_partition.current",
            "module.eks_blueprints_addons_lbc.module.aws_node_termination_handler.helm_release.this",
            "module.eks_blueprints_addons_lbc.module.aws_node_termination_handler_sqs.aws_sqs_queue.dlq",
            "module.eks_blueprints_addons_lbc.module.aws_node_termination_handler_sqs.aws_sqs_queue.this",
            "module.eks_blueprints_addons_lbc.module.aws_node_termination_handler_sqs.aws_sqs_queue_policy.dlq",
            "module.eks_blueprints_addons_lbc.module.aws_node_termination_handler_sqs.aws_sqs_queue_policy.this",
            "module.eks_blueprints_addons_lbc.module.aws_node_termination_handler_sqs.aws_sqs_queue_redrive_allow_policy.dlq",
            "module.eks_blueprints_addons_lbc.module.aws_node_termination_handler_sqs.aws_sqs_queue_redrive_allow_policy.this",
            "module.eks_blueprints_addons_lbc.module.aws_node_termination_handler_sqs.aws_sqs_queue_redrive_policy.dlq",
            "module.eks_blueprints_addons_lbc.module.aws_node_termination_handler_sqs.aws_sqs_queue_redrive_policy.this",
            "module.eks_blueprints_addons_lbc.module.aws_node_termination_handler_sqs.data.aws_iam_policy_document.dlq",
            "module.eks_blueprints_addons_lbc.module.aws_node_termination_handler_sqs.data.aws_iam_policy_document.this",
            "module.eks_blueprints_addons_lbc.module.aws_privateca_issuer.aws_iam_policy.this",
            "module.eks_blueprints_addons_lbc.module.aws_privateca_issuer.aws_iam_role.this",
            "module.eks_blueprints_addons_lbc.module.aws_privateca_issuer.aws_iam_role_policy_attachment.additional",
            "module.eks_blueprints_addons_lbc.module.aws_privateca_issuer.aws_iam_role_policy_attachment.this",
            "module.eks_blueprints_addons_lbc.module.aws_privateca_issuer.data.aws_caller_identity.current",
            "module.eks_blueprints_addons_lbc.module.aws_privateca_issuer.data.aws_iam_policy_document.assume",
            "module.eks_blueprints_addons_lbc.module.aws_privateca_issuer.data.aws_iam_policy_document.this",
            "module.eks_blueprints_addons_lbc.module.aws_privateca_issuer.data.aws_partition.current",
            "module.eks_blueprints_addons_lbc.module.aws_privateca_issuer.helm_release.this",
            "module.eks_blueprints_addons_lbc.module.bottlerocket_shadow.aws_iam_policy.this",
            "module.eks_blueprints_addons_lbc.module.bottlerocket_shadow.aws_iam_role.this",
            "module.eks_blueprints_addons_lbc.module.bottlerocket_shadow.aws_iam_role_policy_attachment.additional",
            "module.eks_blueprints_addons_lbc.module.bottlerocket_shadow.aws_iam_role_policy_attachment.this",
            "module.eks_blueprints_addons_lbc.module.bottlerocket_shadow.data.aws_caller_identity.current",
            "module.eks_blueprints_addons_lbc.module.bottlerocket_shadow.data.aws_iam_policy_document.assume",
            "module.eks_blueprints_addons_lbc.module.bottlerocket_shadow.data.aws_iam_policy_document.this",
            "module.eks_blueprints_addons_lbc.module.bottlerocket_shadow.data.aws_partition.current",
            "module.eks_blueprints_addons_lbc.module.bottlerocket_shadow.helm_release.this",
            "module.eks_blueprints_addons_lbc.module.bottlerocket_update_operator.aws_iam_policy.this",
            "module.eks_blueprints_addons_lbc.module.bottlerocket_update_operator.aws_iam_role.this",
            "module.eks_blueprints_addons_lbc.module.bottlerocket_update_operator.aws_iam_role_policy_attachment.additional",
            "module.eks_blueprints_addons_lbc.module.bottlerocket_update_operator.aws_iam_role_policy_attachment.this",
            "module.eks_blueprints_addons_lbc.module.bottlerocket_update_operator.data.aws_caller_identity.current",
            "module.eks_blueprints_addons_lbc.module.bottlerocket_update_operator.data.aws_iam_policy_document.assume",
            "module.eks_blueprints_addons_lbc.module.bottlerocket_update_operator.data.aws_iam_policy_document.this",
            "module.eks_blueprints_addons_lbc.module.bottlerocket_update_operator.data.aws_partition.current",
            "module.eks_blueprints_addons_lbc.module.bottlerocket_update_operator.helm_release.this",
            "module.eks_blueprints_addons_lbc.module.cert_manager.aws_iam_policy.this",
            "module.eks_blueprints_addons_lbc.module.cert_manager.aws_iam_role.this",
            "module.eks_blueprints_addons_lbc.module.cert_manager.aws_iam_role_policy_attachment.additional",
            "module.eks_blueprints_addons_lbc.module.cert_manager.aws_iam_role_policy_attachment.this",
            "module.eks_blueprints_addons_lbc.module.cert_manager.data.aws_caller_identity.current",
            "module.eks_blueprints_addons_lbc.module.cert_manager.data.aws_iam_policy_document.assume",
            "module.eks_blueprints_addons_lbc.module.cert_manager.data.aws_iam_policy_document.this",
            "module.eks_blueprints_addons_lbc.module.cert_manager.data.aws_partition.current",
            "module.eks_blueprints_addons_lbc.module.cert_manager.helm_release.this",
            "module.eks_blueprints_addons_lbc.module.cluster_autoscaler.aws_iam_policy.this",
            "module.eks_blueprints_addons_lbc.module.cluster_autoscaler.aws_iam_role.this",
            "module.eks_blueprints_addons_lbc.module.cluster_autoscaler.aws_iam_role_policy_attachment.additional",
            "module.eks_blueprints_addons_lbc.module.cluster_autoscaler.aws_iam_role_policy_attachment.this",
            "module.eks_blueprints_addons_lbc.module.cluster_autoscaler.data.aws_caller_identity.current",
            "module.eks_blueprints_addons_lbc.module.cluster_autoscaler.data.aws_iam_policy_document.assume",
            "module.eks_blueprints_addons_lbc.module.cluster_autoscaler.data.aws_iam_policy_document.this",
            "module.eks_blueprints_addons_lbc.module.cluster_autoscaler.data.aws_partition.current",
            "module.eks_blueprints_addons_lbc.module.cluster_autoscaler.helm_release.this",
            "module.eks_blueprints_addons_lbc.module.cluster_proportional_autoscaler.aws_iam_policy.this",
            "module.eks_blueprints_addons_lbc.module.cluster_proportional_autoscaler.aws_iam_role.this",
            "module.eks_blueprints_addons_lbc.module.cluster_proportional_autoscaler.aws_iam_role_policy_attachment.additional",
            "module.eks_blueprints_addons_lbc.module.cluster_proportional_autoscaler.aws_iam_role_policy_attachment.this",
            "module.eks_blueprints_addons_lbc.module.cluster_proportional_autoscaler.data.aws_caller_identity.current",
            "module.eks_blueprints_addons_lbc.module.cluster_proportional_autoscaler.data.aws_iam_policy_document.assume",
            "module.eks_blueprints_addons_lbc.module.cluster_proportional_autoscaler.data.aws_iam_policy_document.this",
            "module.eks_blueprints_addons_lbc.module.cluster_proportional_autoscaler.data.aws_partition.current",
            "module.eks_blueprints_addons_lbc.module.cluster_proportional_autoscaler.helm_release.this",
            "module.eks_blueprints_addons_lbc.module.external_dns.aws_iam_policy.this",
            "module.eks_blueprints_addons_lbc.module.external_dns.aws_iam_role.this",
            "module.eks_blueprints_addons_lbc.module.external_dns.aws_iam_role_policy_attachment.additional",
            "module.eks_blueprints_addons_lbc.module.external_dns.aws_iam_role_policy_attachment.this",
            "module.eks_blueprints_addons_lbc.module.external_dns.data.aws_caller_identity.current",
            "module.eks_blueprints_addons_lbc.module.external_dns.data.aws_iam_policy_document.assume",
            "module.eks_blueprints_addons_lbc.module.external_dns.data.aws_iam_policy_document.this",
            "module.eks_blueprints_addons_lbc.module.external_dns.data.aws_partition.current",
            "module.eks_blueprints_addons_lbc.module.external_dns.helm_release.this",
            "module.eks_blueprints_addons_lbc.module.external_secrets.aws_iam_policy.this",
            "module.eks_blueprints_addons_lbc.module.external_secrets.aws_iam_role.this",
            "module.eks_blueprints_addons_lbc.module.external_secrets.aws_iam_role_policy_attachment.additional",
            "module.eks_blueprints_addons_lbc.module.external_secrets.aws_iam_role_policy_attachment.this",
            "module.eks_blueprints_addons_lbc.module.external_secrets.data.aws_caller_identity.current",
            "module.eks_blueprints_addons_lbc.module.external_secrets.data.aws_iam_policy_document.assume",
            "module.eks_blueprints_addons_lbc.module.external_secrets.data.aws_iam_policy_document.this",
            "module.eks_blueprints_addons_lbc.module.external_secrets.data.aws_partition.current",
            "module.eks_blueprints_addons_lbc.module.external_secrets.helm_release.this",
            "module.eks_blueprints_addons_lbc.module.gatekeeper.aws_iam_policy.this",
            "module.eks_blueprints_addons_lbc.module.gatekeeper.aws_iam_role.this",
            "module.eks_blueprints_addons_lbc.module.gatekeeper.aws_iam_role_policy_attachment.additional",
            "module.eks_blueprints_addons_lbc.module.gatekeeper.aws_iam_role_policy_attachment.this",
            "module.eks_blueprints_addons_lbc.module.gatekeeper.data.aws_caller_identity.current",
            "module.eks_blueprints_addons_lbc.module.gatekeeper.data.aws_iam_policy_document.assume",
            "module.eks_blueprints_addons_lbc.module.gatekeeper.data.aws_iam_policy_document.this",
            "module.eks_blueprints_addons_lbc.module.gatekeeper.data.aws_partition.current",
            "module.eks_blueprints_addons_lbc.module.gatekeeper.helm_release.this",
            "module.eks_blueprints_addons_lbc.module.ingress_nginx.aws_iam_policy.this",
            "module.eks_blueprints_addons_lbc.module.ingress_nginx.aws_iam_role.this",
            "module.eks_blueprints_addons_lbc.module.ingress_nginx.aws_iam_role_policy_attachment.additional",
            "module.eks_blueprints_addons_lbc.module.ingress_nginx.aws_iam_role_policy_attachment.this",
            "module.eks_blueprints_addons_lbc.module.ingress_nginx.data.aws_caller_identity.current",
            "module.eks_blueprints_addons_lbc.module.ingress_nginx.data.aws_iam_policy_document.assume",
            "module.eks_blueprints_addons_lbc.module.ingress_nginx.data.aws_iam_policy_document.this",
            "module.eks_blueprints_addons_lbc.module.ingress_nginx.data.aws_partition.current",
            "module.eks_blueprints_addons_lbc.module.ingress_nginx.helm_release.this",
            "module.eks_blueprints_addons_lbc.module.karpenter.aws_iam_policy.this",
            "module.eks_blueprints_addons_lbc.module.karpenter.aws_iam_role.this",
            "module.eks_blueprints_addons_lbc.module.karpenter.aws_iam_role_policy_attachment.additional",
            "module.eks_blueprints_addons_lbc.module.karpenter.aws_iam_role_policy_attachment.this",
            "module.eks_blueprints_addons_lbc.module.karpenter.data.aws_caller_identity.current",
            "module.eks_blueprints_addons_lbc.module.karpenter.data.aws_iam_policy_document.assume",
            "module.eks_blueprints_addons_lbc.module.karpenter.data.aws_iam_policy_document.this",
            "module.eks_blueprints_addons_lbc.module.karpenter.data.aws_partition.current",
            "module.eks_blueprints_addons_lbc.module.karpenter.helm_release.this",
            "module.eks_blueprints_addons_lbc.module.karpenter_sqs.aws_sqs_queue.dlq",
            "module.eks_blueprints_addons_lbc.module.karpenter_sqs.aws_sqs_queue.this",
            "module.eks_blueprints_addons_lbc.module.karpenter_sqs.aws_sqs_queue_policy.dlq",
            "module.eks_blueprints_addons_lbc.module.karpenter_sqs.aws_sqs_queue_policy.this",
            "module.eks_blueprints_addons_lbc.module.karpenter_sqs.aws_sqs_queue_redrive_allow_policy.dlq",
            "module.eks_blueprints_addons_lbc.module.karpenter_sqs.aws_sqs_queue_redrive_allow_policy.this",
            "module.eks_blueprints_addons_lbc.module.karpenter_sqs.aws_sqs_queue_redrive_policy.dlq",
            "module.eks_blueprints_addons_lbc.module.karpenter_sqs.aws_sqs_queue_redrive_policy.this",
            "module.eks_blueprints_addons_lbc.module.karpenter_sqs.data.aws_iam_policy_document.dlq",
            "module.eks_blueprints_addons_lbc.module.karpenter_sqs.data.aws_iam_policy_document.this",
            "module.eks_blueprints_addons_lbc.module.kube_prometheus_stack.aws_iam_policy.this",
            "module.eks_blueprints_addons_lbc.module.kube_prometheus_stack.aws_iam_role.this",
            "module.eks_blueprints_addons_lbc.module.kube_prometheus_stack.aws_iam_role_policy_attachment.additional",
            "module.eks_blueprints_addons_lbc.module.kube_prometheus_stack.aws_iam_role_policy_attachment.this",
            "module.eks_blueprints_addons_lbc.module.kube_prometheus_stack.data.aws_caller_identity.current",
            "module.eks_blueprints_addons_lbc.module.kube_prometheus_stack.data.aws_iam_policy_document.assume",
            "module.eks_blueprints_addons_lbc.module.kube_prometheus_stack.data.aws_iam_policy_document.this",
            "module.eks_blueprints_addons_lbc.module.kube_prometheus_stack.data.aws_partition.current",
            "module.eks_blueprints_addons_lbc.module.kube_prometheus_stack.helm_release.this",
            "module.eks_blueprints_addons_lbc.module.metrics_server.aws_iam_policy.this",
            "module.eks_blueprints_addons_lbc.module.metrics_server.aws_iam_role.this",
            "module.eks_blueprints_addons_lbc.module.metrics_server.aws_iam_role_policy_attachment.additional",
            "module.eks_blueprints_addons_lbc.module.metrics_server.aws_iam_role_policy_attachment.this",
            "module.eks_blueprints_addons_lbc.module.metrics_server.data.aws_caller_identity.current",
            "module.eks_blueprints_addons_lbc.module.metrics_server.data.aws_iam_policy_document.assume",
            "module.eks_blueprints_addons_lbc.module.metrics_server.data.aws_iam_policy_document.this",
            "module.eks_blueprints_addons_lbc.module.metrics_server.data.aws_partition.current",
            "module.eks_blueprints_addons_lbc.module.metrics_server.helm_release.this",
            "module.eks_blueprints_addons_lbc.module.secrets_store_csi_driver.aws_iam_policy.this",
            "module.eks_blueprints_addons_lbc.module.secrets_store_csi_driver.aws_iam_role.this",
            "module.eks_blueprints_addons_lbc.module.secrets_store_csi_driver.aws_iam_role_policy_attachment.additional",
            "module.eks_blueprints_addons_lbc.module.secrets_store_csi_driver.aws_iam_role_policy_attachment.this",
            "module.eks_blueprints_addons_lbc.module.secrets_store_csi_driver.data.aws_caller_identity.current",
            "module.eks_blueprints_addons_lbc.module.secrets_store_csi_driver.data.aws_iam_policy_document.assume",
            "module.eks_blueprints_addons_lbc.module.secrets_store_csi_driver.data.aws_iam_policy_document.this",
            "module.eks_blueprints_addons_lbc.module.secrets_store_csi_driver.data.aws_partition.current",
            "module.eks_blueprints_addons_lbc.module.secrets_store_csi_driver.helm_release.this",
            "module.eks_blueprints_addons_lbc.module.secrets_store_csi_driver_provider_aws.aws_iam_policy.this",
            "module.eks_blueprints_addons_lbc.module.secrets_store_csi_driver_provider_aws.aws_iam_role.this",
            "module.eks_blueprints_addons_lbc.module.secrets_store_csi_driver_provider_aws.aws_iam_role_policy_attachment.additional",
            "module.eks_blueprints_addons_lbc.module.secrets_store_csi_driver_provider_aws.aws_iam_role_policy_attachment.this",
            "module.eks_blueprints_addons_lbc.module.secrets_store_csi_driver_provider_aws.data.aws_caller_identity.current",
            "module.eks_blueprints_addons_lbc.module.secrets_store_csi_driver_provider_aws.data.aws_iam_policy_document.assume",
            "module.eks_blueprints_addons_lbc.module.secrets_store_csi_driver_provider_aws.data.aws_iam_policy_document.this",
            "module.eks_blueprints_addons_lbc.module.secrets_store_csi_driver_provider_aws.data.aws_partition.current",
            "module.eks_blueprints_addons_lbc.module.secrets_store_csi_driver_provider_aws.helm_release.this",
            "module.eks_blueprints_addons_lbc.module.velero.aws_iam_policy.this",
            "module.eks_blueprints_addons_lbc.module.velero.aws_iam_role.this",
            "module.eks_blueprints_addons_lbc.module.velero.aws_iam_role_policy_attachment.additional",
            "module.eks_blueprints_addons_lbc.module.velero.aws_iam_role_policy_attachment.this",
            "module.eks_blueprints_addons_lbc.module.velero.data.aws_caller_identity.current",
            "module.eks_blueprints_addons_lbc.module.velero.data.aws_iam_policy_document.assume",
            "module.eks_blueprints_addons_lbc.module.velero.data.aws_iam_policy_document.this",
            "module.eks_blueprints_addons_lbc.module.velero.data.aws_partition.current",
            "module.eks_blueprints_addons_lbc.module.velero.helm_release.this",
            "module.eks_blueprints_addons_lbc.module.vpa.aws_iam_policy.this",
            "module.eks_blueprints_addons_lbc.module.vpa.aws_iam_role.this",
            "module.eks_blueprints_addons_lbc.module.vpa.aws_iam_role_policy_attachment.additional",
            "module.eks_blueprints_addons_lbc.module.vpa.aws_iam_role_policy_attachment.this",
            "module.eks_blueprints_addons_lbc.module.vpa.data.aws_caller_identity.current",
            "module.eks_blueprints_addons_lbc.module.vpa.data.aws_iam_policy_document.assume",
            "module.eks_blueprints_addons_lbc.module.vpa.data.aws_iam_policy_document.this",
            "module.eks_blueprints_addons_lbc.module.vpa.data.aws_partition.current",
            "module.eks_blueprints_addons_lbc.module.vpa.helm_release.this",
            "module.eks_blueprints_addons_lbc.random_bytes.this",
            "module.eks_blueprints_addons_lbc.time_sleep.this",
            "null_resource.wait_for_aws_lb_controller"
          ]
        }
      ]
    },
    {
      "mode": "managed",
      "type": "kubernetes_ingress_v1",
      "name": "alb_nginx",
      "provider": "provider[\"registry.terraform.io/hashicorp/kubernetes\"]",
      "instances": [
        {
          "schema_version": 0,
          "attributes": {
            "id": "ingress-nginx/alb-nginx",
            "metadata": [
              {
                "annotations": {
                  "alb.ingress.kubernetes.io/certificate-arn": "arn:aws:acm:us-east-1:640168420071:certificate/62ebb762-81f0-4002-84d0-0f15fd865a24",
                  "alb.ingress.kubernetes.io/healthcheck-path": "/healthz",
                  "alb.ingress.kubernetes.io/listen-ports": "[{\"HTTP\": 80}, {\"HTTPS\": 443}]",
                  "alb.ingress.kubernetes.io/load-balancer-name": "dev-alb",
                  "alb.ingress.kubernetes.io/scheme": "internet-facing",
                  "alb.ingress.kubernetes.io/ssl-redirect": "443",
                  "alb.ingress.kubernetes.io/target-type": "ip"
                },
                "generate_name": "",
                "generation": 1,
                "labels": {},
                "name": "alb-nginx",
                "namespace": "ingress-nginx",
                "resource_version": "8593",
                "uid": "b451f1eb-9f65-4214-9093-ec690da0ec5b"
              }
            ],
            "spec": [
              {
                "default_backend": [],
                "ingress_class_name": "alb",
                "rule": [
                  {
                    "host": "",
                    "http": [
                      {
                        "path": [
                          {
                            "backend": [
                              {
                                "resource": [],
                                "service": [
                                  {
                                    "name": "nginx-ingress-controller-ingress-nginx-controller",
                                    "port": [
                                      {
                                        "name": "",
                                        "number": 80
                                      }
                                    ]
                                  }
                                ]
                              }
                            ],
                            "path": "/",
                            "path_type": "Prefix"
                          }
                        ]
                      }
                    ]
                  }
                ],
                "tls": []
              }
            ],
            "status": [
              {
                "load_balancer": [
                  {
                    "ingress": [
                      {
                        "hostname": "dev-alb-1454280577.us-east-1.elb.amazonaws.com",
                        "ip": ""
                      }
                    ]
                  }
                ]
              }
            ],
            "timeouts": null,
            "wait_for_load_balancer": true
          },
          "sensitive_attributes": [],
          "private": "eyJlMmJmYjczMC1lY2FhLTExZTYtOGY4OC0zNDM2M2JjN2M0YzAiOnsiY3JlYXRlIjoxMjAwMDAwMDAwMDAwLCJkZWxldGUiOjEyMDAwMDAwMDAwMDB9fQ==",
          "dependencies": [
            "aws_eks_pod_identity_association.aws_lbc",
            "aws_eks_pod_identity_association.ebs_csi_driver",
            "aws_iam_role.aws_lbc",
            "aws_iam_role.ebs_csi_driver",
            "aws_iam_role_policy.aws_lbc",
            "aws_iam_role_policy_attachment.ebs_csi_driver",
            "data.aws_acm_certificate.cert",
            "data.aws_iam_policy_document.aws_lbc",
            "data.aws_iam_policy_document.aws_lbc_assume",
            "data.aws_iam_policy_document.ebs_csi_driver",
            "data.aws_route53_zone.zone",
            "helm_release.nginx",
            "module.acm.aws_acm_certificate.this",
            "module.acm.aws_acm_certificate_validation.this",
            "module.acm.aws_route53_record.validation",
            "module.eks_blueprints_addons.aws_autoscaling_group_tag.aws_node_termination_handler",
            "module.eks_blueprints_addons.aws_autoscaling_lifecycle_hook.aws_node_termination_handler",
            "module.eks_blueprints_addons.aws_cloudformation_stack.usage_telemetry",
            "module.eks_blueprints_addons.aws_cloudwatch_event_rule.aws_node_termination_handler",
            "module.eks_blueprints_addons.aws_cloudwatch_event_rule.karpenter",
            "module.eks_blueprints_addons.aws_cloudwatch_event_target.aws_node_termination_handler",
            "module.eks_blueprints_addons.aws_cloudwatch_event_target.karpenter",
            "module.eks_blueprints_addons.aws_cloudwatch_log_group.aws_for_fluentbit",
            "module.eks_blueprints_addons.aws_cloudwatch_log_group.fargate_fluentbit",
            "module.eks_blueprints_addons.aws_eks_addon.this",
            "module.eks_blueprints_addons.aws_iam_instance_profile.karpenter",
            "module.eks_blueprints_addons.aws_iam_policy.fargate_fluentbit",
            "module.eks_blueprints_addons.aws_iam_role.karpenter",
            "module.eks_blueprints_addons.aws_iam_role_policy_attachment.additional",
            "module.eks_blueprints_addons.aws_iam_role_policy_attachment.karpenter",
            "module.eks_blueprints_addons.data.aws_caller_identity.current",
            "module.eks_blueprints_addons.data.aws_eks_addon_version.this",
            "module.eks_blueprints_addons.data.aws_iam_policy_document.aws_efs_csi_driver",
            "module.eks_blueprints_addons.data.aws_iam_policy_document.aws_for_fluentbit",
            "module.eks_blueprints_addons.data.aws_iam_policy_document.aws_fsx_csi_driver",
            "module.eks_blueprints_addons.data.aws_iam_policy_document.aws_gateway_api_controller",
            "module.eks_blueprints_addons.data.aws_iam_policy_document.aws_load_balancer_controller",
            "module.eks_blueprints_addons.data.aws_iam_policy_document.aws_node_termination_handler",
            "module.eks_blueprints_addons.data.aws_iam_policy_document.aws_privateca_issuer",
            "module.eks_blueprints_addons.data.aws_iam_policy_document.cert_manager",
            "module.eks_blueprints_addons.data.aws_iam_policy_document.cluster_autoscaler",
            "module.eks_blueprints_addons.data.aws_iam_policy_document.external_dns",
            "module.eks_blueprints_addons.data.aws_iam_policy_document.external_secrets",
            "module.eks_blueprints_addons.data.aws_iam_policy_document.fargate_fluentbit",
            "module.eks_blueprints_addons.data.aws_iam_policy_document.karpenter",
            "module.eks_blueprints_addons.data.aws_iam_policy_document.karpenter_assume_role",
            "module.eks_blueprints_addons.data.aws_iam_policy_document.velero",
            "module.eks_blueprints_addons.data.aws_partition.current",
            "module.eks_blueprints_addons.data.aws_region.current",
            "module.eks_blueprints_addons.helm_release.this",
            "module.eks_blueprints_addons.kubernetes_config_map_v1.aws_logging",
            "module.eks_blueprints_addons.kubernetes_config_map_v1_data.aws_for_fluentbit_containerinsights",
            "module.eks_blueprints_addons.kubernetes_namespace_v1.aws_observability",
            "module.eks_blueprints_addons.module.argo_events.aws_iam_policy.this",
            "module.eks_blueprints_addons.module.argo_events.aws_iam_role.this",
            "module.eks_blueprints_addons.module.argo_events.aws_iam_role_policy_attachment.additional",
            "module.eks_blueprints_addons.module.argo_events.aws_iam_role_policy_attachment.this",
            "module.eks_blueprints_addons.module.argo_events.data.aws_caller_identity.current",
            "module.eks_blueprints_addons.module.argo_events.data.aws_iam_policy_document.assume",
            "module.eks_blueprints_addons.module.argo_events.data.aws_iam_policy_document.this",
            "module.eks_blueprints_addons.module.argo_events.data.aws_partition.current",
            "module.eks_blueprints_addons.module.argo_events.helm_release.this",
            "module.eks_blueprints_addons.module.argo_rollouts.aws_iam_policy.this",
            "module.eks_blueprints_addons.module.argo_rollouts.aws_iam_role.this",
            "module.eks_blueprints_addons.module.argo_rollouts.aws_iam_role_policy_attachment.additional",
            "module.eks_blueprints_addons.module.argo_rollouts.aws_iam_role_policy_attachment.this",
            "module.eks_blueprints_addons.module.argo_rollouts.data.aws_caller_identity.current",
            "module.eks_blueprints_addons.module.argo_rollouts.data.aws_iam_policy_document.assume",
            "module.eks_blueprints_addons.module.argo_rollouts.data.aws_iam_policy_document.this",
            "module.eks_blueprints_addons.module.argo_rollouts.data.aws_partition.current",
            "module.eks_blueprints_addons.module.argo_rollouts.helm_release.this",
            "module.eks_blueprints_addons.module.argo_workflows.aws_iam_policy.this",
            "module.eks_blueprints_addons.module.argo_workflows.aws_iam_role.this",
            "module.eks_blueprints_addons.module.argo_workflows.aws_iam_role_policy_attachment.additional",
            "module.eks_blueprints_addons.module.argo_workflows.aws_iam_role_policy_attachment.this",
            "module.eks_blueprints_addons.module.argo_workflows.data.aws_caller_identity.current",
            "module.eks_blueprints_addons.module.argo_workflows.data.aws_iam_policy_document.assume",
            "module.eks_blueprints_addons.module.argo_workflows.data.aws_iam_policy_document.this",
            "module.eks_blueprints_addons.module.argo_workflows.data.aws_partition.current",
            "module.eks_blueprints_addons.module.argo_workflows.helm_release.this",
            "module.eks_blueprints_addons.module.argocd.aws_iam_policy.this",
            "module.eks_blueprints_addons.module.argocd.aws_iam_role.this",
            "module.eks_blueprints_addons.module.argocd.aws_iam_role_policy_attachment.additional",
            "module.eks_blueprints_addons.module.argocd.aws_iam_role_policy_attachment.this",
            "module.eks_blueprints_addons.module.argocd.data.aws_caller_identity.current",
            "module.eks_blueprints_addons.module.argocd.data.aws_iam_policy_document.assume",
            "module.eks_blueprints_addons.module.argocd.data.aws_iam_policy_document.this",
            "module.eks_blueprints_addons.module.argocd.data.aws_partition.current",
            "module.eks_blueprints_addons.module.argocd.helm_release.this",
            "module.eks_blueprints_addons.module.aws_cloudwatch_metrics.aws_iam_policy.this",
            "module.eks_blueprints_addons.module.aws_cloudwatch_metrics.aws_iam_role.this",
            "module.eks_blueprints_addons.module.aws_cloudwatch_metrics.aws_iam_role_policy_attachment.additional",
            "module.eks_blueprints_addons.module.aws_cloudwatch_metrics.aws_iam_role_policy_attachment.this",
            "module.eks_blueprints_addons.module.aws_cloudwatch_metrics.data.aws_caller_identity.current",
            "module.eks_blueprints_addons.module.aws_cloudwatch_metrics.data.aws_iam_policy_document.assume",
            "module.eks_blueprints_addons.module.aws_cloudwatch_metrics.data.aws_iam_policy_document.this",
            "module.eks_blueprints_addons.module.aws_cloudwatch_metrics.data.aws_partition.current",
            "module.eks_blueprints_addons.module.aws_cloudwatch_metrics.helm_release.this",
            "module.eks_blueprints_addons.module.aws_efs_csi_driver.aws_iam_policy.this",
            "module.eks_blueprints_addons.module.aws_efs_csi_driver.aws_iam_role.this",
            "module.eks_blueprints_addons.module.aws_efs_csi_driver.aws_iam_role_policy_attachment.additional",
            "module.eks_blueprints_addons.module.aws_efs_csi_driver.aws_iam_role_policy_attachment.this",
            "module.eks_blueprints_addons.module.aws_efs_csi_driver.data.aws_caller_identity.current",
            "module.eks_blueprints_addons.module.aws_efs_csi_driver.data.aws_iam_policy_document.assume",
            "module.eks_blueprints_addons.module.aws_efs_csi_driver.data.aws_iam_policy_document.this",
            "module.eks_blueprints_addons.module.aws_efs_csi_driver.data.aws_partition.current",
            "module.eks_blueprints_addons.module.aws_efs_csi_driver.helm_release.this",
            "module.eks_blueprints_addons.module.aws_for_fluentbit.aws_iam_policy.this",
            "module.eks_blueprints_addons.module.aws_for_fluentbit.aws_iam_role.this",
            "module.eks_blueprints_addons.module.aws_for_fluentbit.aws_iam_role_policy_attachment.additional",
            "module.eks_blueprints_addons.module.aws_for_fluentbit.aws_iam_role_policy_attachment.this",
            "module.eks_blueprints_addons.module.aws_for_fluentbit.data.aws_caller_identity.current",
            "module.eks_blueprints_addons.module.aws_for_fluentbit.data.aws_iam_policy_document.assume",
            "module.eks_blueprints_addons.module.aws_for_fluentbit.data.aws_iam_policy_document.this",
            "module.eks_blueprints_addons.module.aws_for_fluentbit.data.aws_partition.current",
            "module.eks_blueprints_addons.module.aws_for_fluentbit.helm_release.this",
            "module.eks_blueprints_addons.module.aws_fsx_csi_driver.aws_iam_policy.this",
            "module.eks_blueprints_addons.module.aws_fsx_csi_driver.aws_iam_role.this",
            "module.eks_blueprints_addons.module.aws_fsx_csi_driver.aws_iam_role_policy_attachment.additional",
            "module.eks_blueprints_addons.module.aws_fsx_csi_driver.aws_iam_role_policy_attachment.this",
            "module.eks_blueprints_addons.module.aws_fsx_csi_driver.data.aws_caller_identity.current",
            "module.eks_blueprints_addons.module.aws_fsx_csi_driver.data.aws_iam_policy_document.assume",
            "module.eks_blueprints_addons.module.aws_fsx_csi_driver.data.aws_iam_policy_document.this",
            "module.eks_blueprints_addons.module.aws_fsx_csi_driver.data.aws_partition.current",
            "module.eks_blueprints_addons.module.aws_fsx_csi_driver.helm_release.this",
            "module.eks_blueprints_addons.module.aws_gateway_api_controller.aws_iam_policy.this",
            "module.eks_blueprints_addons.module.aws_gateway_api_controller.aws_iam_role.this",
            "module.eks_blueprints_addons.module.aws_gateway_api_controller.aws_iam_role_policy_attachment.additional",
            "module.eks_blueprints_addons.module.aws_gateway_api_controller.aws_iam_role_policy_attachment.this",
            "module.eks_blueprints_addons.module.aws_gateway_api_controller.data.aws_caller_identity.current",
            "module.eks_blueprints_addons.module.aws_gateway_api_controller.data.aws_iam_policy_document.assume",
            "module.eks_blueprints_addons.module.aws_gateway_api_controller.data.aws_iam_policy_document.this",
            "module.eks_blueprints_addons.module.aws_gateway_api_controller.data.aws_partition.current",
            "module.eks_blueprints_addons.module.aws_gateway_api_controller.helm_release.this",
            "module.eks_blueprints_addons.module.aws_load_balancer_controller.aws_iam_policy.this",
            "module.eks_blueprints_addons.module.aws_load_balancer_controller.aws_iam_role.this",
            "module.eks_blueprints_addons.module.aws_load_balancer_controller.aws_iam_role_policy_attachment.additional",
            "module.eks_blueprints_addons.module.aws_load_balancer_controller.aws_iam_role_policy_attachment.this",
            "module.eks_blueprints_addons.module.aws_load_balancer_controller.data.aws_caller_identity.current",
            "module.eks_blueprints_addons.module.aws_load_balancer_controller.data.aws_iam_policy_document.assume",
            "module.eks_blueprints_addons.module.aws_load_balancer_controller.data.aws_iam_policy_document.this",
            "module.eks_blueprints_addons.module.aws_load_balancer_controller.data.aws_partition.current",
            "module.eks_blueprints_addons.module.aws_load_balancer_controller.helm_release.this",
            "module.eks_blueprints_addons.module.aws_node_termination_handler.aws_iam_policy.this",
            "module.eks_blueprints_addons.module.aws_node_termination_handler.aws_iam_role.this",
            "module.eks_blueprints_addons.module.aws_node_termination_handler.aws_iam_role_policy_attachment.additional",
            "module.eks_blueprints_addons.module.aws_node_termination_handler.aws_iam_role_policy_attachment.this",
            "module.eks_blueprints_addons.module.aws_node_termination_handler.data.aws_caller_identity.current",
            "module.eks_blueprints_addons.module.aws_node_termination_handler.data.aws_iam_policy_document.assume",
            "module.eks_blueprints_addons.module.aws_node_termination_handler.data.aws_iam_policy_document.this",
            "module.eks_blueprints_addons.module.aws_node_termination_handler.data.aws_partition.current",
            "module.eks_blueprints_addons.module.aws_node_termination_handler.helm_release.this",
            "module.eks_blueprints_addons.module.aws_node_termination_handler_sqs.aws_sqs_queue.dlq",
            "module.eks_blueprints_addons.module.aws_node_termination_handler_sqs.aws_sqs_queue.this",
            "module.eks_blueprints_addons.module.aws_node_termination_handler_sqs.aws_sqs_queue_policy.dlq",
            "module.eks_blueprints_addons.module.aws_node_termination_handler_sqs.aws_sqs_queue_policy.this",
            "module.eks_blueprints_addons.module.aws_node_termination_handler_sqs.aws_sqs_queue_redrive_allow_policy.dlq",
            "module.eks_blueprints_addons.module.aws_node_termination_handler_sqs.aws_sqs_queue_redrive_allow_policy.this",
            "module.eks_blueprints_addons.module.aws_node_termination_handler_sqs.aws_sqs_queue_redrive_policy.dlq",
            "module.eks_blueprints_addons.module.aws_node_termination_handler_sqs.aws_sqs_queue_redrive_policy.this",
            "module.eks_blueprints_addons.module.aws_node_termination_handler_sqs.data.aws_iam_policy_document.dlq",
            "module.eks_blueprints_addons.module.aws_node_termination_handler_sqs.data.aws_iam_policy_document.this",
            "module.eks_blueprints_addons.module.aws_privateca_issuer.aws_iam_policy.this",
            "module.eks_blueprints_addons.module.aws_privateca_issuer.aws_iam_role.this",
            "module.eks_blueprints_addons.module.aws_privateca_issuer.aws_iam_role_policy_attachment.additional",
            "module.eks_blueprints_addons.module.aws_privateca_issuer.aws_iam_role_policy_attachment.this",
            "module.eks_blueprints_addons.module.aws_privateca_issuer.data.aws_caller_identity.current",
            "module.eks_blueprints_addons.module.aws_privateca_issuer.data.aws_iam_policy_document.assume",
            "module.eks_blueprints_addons.module.aws_privateca_issuer.data.aws_iam_policy_document.this",
            "module.eks_blueprints_addons.module.aws_privateca_issuer.data.aws_partition.current",
            "module.eks_blueprints_addons.module.aws_privateca_issuer.helm_release.this",
            "module.eks_blueprints_addons.module.bottlerocket_shadow.aws_iam_policy.this",
            "module.eks_blueprints_addons.module.bottlerocket_shadow.aws_iam_role.this",
            "module.eks_blueprints_addons.module.bottlerocket_shadow.aws_iam_role_policy_attachment.additional",
            "module.eks_blueprints_addons.module.bottlerocket_shadow.aws_iam_role_policy_attachment.this",
            "module.eks_blueprints_addons.module.bottlerocket_shadow.data.aws_caller_identity.current",
            "module.eks_blueprints_addons.module.bottlerocket_shadow.data.aws_iam_policy_document.assume",
            "module.eks_blueprints_addons.module.bottlerocket_shadow.data.aws_iam_policy_document.this",
            "module.eks_blueprints_addons.module.bottlerocket_shadow.data.aws_partition.current",
            "module.eks_blueprints_addons.module.bottlerocket_shadow.helm_release.this",
            "module.eks_blueprints_addons.module.bottlerocket_update_operator.aws_iam_policy.this",
            "module.eks_blueprints_addons.module.bottlerocket_update_operator.aws_iam_role.this",
            "module.eks_blueprints_addons.module.bottlerocket_update_operator.aws_iam_role_policy_attachment.additional",
            "module.eks_blueprints_addons.module.bottlerocket_update_operator.aws_iam_role_policy_attachment.this",
            "module.eks_blueprints_addons.module.bottlerocket_update_operator.data.aws_caller_identity.current",
            "module.eks_blueprints_addons.module.bottlerocket_update_operator.data.aws_iam_policy_document.assume",
            "module.eks_blueprints_addons.module.bottlerocket_update_operator.data.aws_iam_policy_document.this",
            "module.eks_blueprints_addons.module.bottlerocket_update_operator.data.aws_partition.current",
            "module.eks_blueprints_addons.module.bottlerocket_update_operator.helm_release.this",
            "module.eks_blueprints_addons.module.cert_manager.aws_iam_policy.this",
            "module.eks_blueprints_addons.module.cert_manager.aws_iam_role.this",
            "module.eks_blueprints_addons.module.cert_manager.aws_iam_role_policy_attachment.additional",
            "module.eks_blueprints_addons.module.cert_manager.aws_iam_role_policy_attachment.this",
            "module.eks_blueprints_addons.module.cert_manager.data.aws_caller_identity.current",
            "module.eks_blueprints_addons.module.cert_manager.data.aws_iam_policy_document.assume",
            "module.eks_blueprints_addons.module.cert_manager.data.aws_iam_policy_document.this",
            "module.eks_blueprints_addons.module.cert_manager.data.aws_partition.current",
            "module.eks_blueprints_addons.module.cert_manager.helm_release.this",
            "module.eks_blueprints_addons.module.cluster_autoscaler.aws_iam_policy.this",
            "module.eks_blueprints_addons.module.cluster_autoscaler.aws_iam_role.this",
            "module.eks_blueprints_addons.module.cluster_autoscaler.aws_iam_role_policy_attachment.additional",
            "module.eks_blueprints_addons.module.cluster_autoscaler.aws_iam_role_policy_attachment.this",
            "module.eks_blueprints_addons.module.cluster_autoscaler.data.aws_caller_identity.current",
            "module.eks_blueprints_addons.module.cluster_autoscaler.data.aws_iam_policy_document.assume",
            "module.eks_blueprints_addons.module.cluster_autoscaler.data.aws_iam_policy_document.this",
            "module.eks_blueprints_addons.module.cluster_autoscaler.data.aws_partition.current",
            "module.eks_blueprints_addons.module.cluster_autoscaler.helm_release.this",
            "module.eks_blueprints_addons.module.cluster_proportional_autoscaler.aws_iam_policy.this",
            "module.eks_blueprints_addons.module.cluster_proportional_autoscaler.aws_iam_role.this",
            "module.eks_blueprints_addons.module.cluster_proportional_autoscaler.aws_iam_role_policy_attachment.additional",
            "module.eks_blueprints_addons.module.cluster_proportional_autoscaler.aws_iam_role_policy_attachment.this",
            "module.eks_blueprints_addons.module.cluster_proportional_autoscaler.data.aws_caller_identity.current",
            "module.eks_blueprints_addons.module.cluster_proportional_autoscaler.data.aws_iam_policy_document.assume",
            "module.eks_blueprints_addons.module.cluster_proportional_autoscaler.data.aws_iam_policy_document.this",
            "module.eks_blueprints_addons.module.cluster_proportional_autoscaler.data.aws_partition.current",
            "module.eks_blueprints_addons.module.cluster_proportional_autoscaler.helm_release.this",
            "module.eks_blueprints_addons.module.external_dns.aws_iam_policy.this",
            "module.eks_blueprints_addons.module.external_dns.aws_iam_role.this",
            "module.eks_blueprints_addons.module.external_dns.aws_iam_role_policy_attachment.additional",
            "module.eks_blueprints_addons.module.external_dns.aws_iam_role_policy_attachment.this",
            "module.eks_blueprints_addons.module.external_dns.data.aws_caller_identity.current",
            "module.eks_blueprints_addons.module.external_dns.data.aws_iam_policy_document.assume",
            "module.eks_blueprints_addons.module.external_dns.data.aws_iam_policy_document.this",
            "module.eks_blueprints_addons.module.external_dns.data.aws_partition.current",
            "module.eks_blueprints_addons.module.external_dns.helm_release.this",
            "module.eks_blueprints_addons.module.external_secrets.aws_iam_policy.this",
            "module.eks_blueprints_addons.module.external_secrets.aws_iam_role.this",
            "module.eks_blueprints_addons.module.external_secrets.aws_iam_role_policy_attachment.additional",
            "module.eks_blueprints_addons.module.external_secrets.aws_iam_role_policy_attachment.this",
            "module.eks_blueprints_addons.module.external_secrets.data.aws_caller_identity.current",
            "module.eks_blueprints_addons.module.external_secrets.data.aws_iam_policy_document.assume",
            "module.eks_blueprints_addons.module.external_secrets.data.aws_iam_policy_document.this",
            "module.eks_blueprints_addons.module.external_secrets.data.aws_partition.current",
            "module.eks_blueprints_addons.module.external_secrets.helm_release.this",
            "module.eks_blueprints_addons.module.gatekeeper.aws_iam_policy.this",
            "module.eks_blueprints_addons.module.gatekeeper.aws_iam_role.this",
            "module.eks_blueprints_addons.module.gatekeeper.aws_iam_role_policy_attachment.additional",
            "module.eks_blueprints_addons.module.gatekeeper.aws_iam_role_policy_attachment.this",
            "module.eks_blueprints_addons.module.gatekeeper.data.aws_caller_identity.current",
            "module.eks_blueprints_addons.module.gatekeeper.data.aws_iam_policy_document.assume",
            "module.eks_blueprints_addons.module.gatekeeper.data.aws_iam_policy_document.this",
            "module.eks_blueprints_addons.module.gatekeeper.data.aws_partition.current",
            "module.eks_blueprints_addons.module.gatekeeper.helm_release.this",
            "module.eks_blueprints_addons.module.ingress_nginx.aws_iam_policy.this",
            "module.eks_blueprints_addons.module.ingress_nginx.aws_iam_role.this",
            "module.eks_blueprints_addons.module.ingress_nginx.aws_iam_role_policy_attachment.additional",
            "module.eks_blueprints_addons.module.ingress_nginx.aws_iam_role_policy_attachment.this",
            "module.eks_blueprints_addons.module.ingress_nginx.data.aws_caller_identity.current",
            "module.eks_blueprints_addons.module.ingress_nginx.data.aws_iam_policy_document.assume",
            "module.eks_blueprints_addons.module.ingress_nginx.data.aws_iam_policy_document.this",
            "module.eks_blueprints_addons.module.ingress_nginx.data.aws_partition.current",
            "module.eks_blueprints_addons.module.ingress_nginx.helm_release.this",
            "module.eks_blueprints_addons.module.karpenter.aws_iam_policy.this",
            "module.eks_blueprints_addons.module.karpenter.aws_iam_role.this",
            "module.eks_blueprints_addons.module.karpenter.aws_iam_role_policy_attachment.additional",
            "module.eks_blueprints_addons.module.karpenter.aws_iam_role_policy_attachment.this",
            "module.eks_blueprints_addons.module.karpenter.data.aws_caller_identity.current",
            "module.eks_blueprints_addons.module.karpenter.data.aws_iam_policy_document.assume",
            "module.eks_blueprints_addons.module.karpenter.data.aws_iam_policy_document.this",
            "module.eks_blueprints_addons.module.karpenter.data.aws_partition.current",
            "module.eks_blueprints_addons.module.karpenter.helm_release.this",
            "module.eks_blueprints_addons.module.karpenter_sqs.aws_sqs_queue.dlq",
            "module.eks_blueprints_addons.module.karpenter_sqs.aws_sqs_queue.this",
            "module.eks_blueprints_addons.module.karpenter_sqs.aws_sqs_queue_policy.dlq",
            "module.eks_blueprints_addons.module.karpenter_sqs.aws_sqs_queue_policy.this",
            "module.eks_blueprints_addons.module.karpenter_sqs.aws_sqs_queue_redrive_allow_policy.dlq",
            "module.eks_blueprints_addons.module.karpenter_sqs.aws_sqs_queue_redrive_allow_policy.this",
            "module.eks_blueprints_addons.module.karpenter_sqs.aws_sqs_queue_redrive_policy.dlq",
            "module.eks_blueprints_addons.module.karpenter_sqs.aws_sqs_queue_redrive_policy.this",
            "module.eks_blueprints_addons.module.karpenter_sqs.data.aws_iam_policy_document.dlq",
            "module.eks_blueprints_addons.module.karpenter_sqs.data.aws_iam_policy_document.this",
            "module.eks_blueprints_addons.module.kube_prometheus_stack.aws_iam_policy.this",
            "module.eks_blueprints_addons.module.kube_prometheus_stack.aws_iam_role.this",
            "module.eks_blueprints_addons.module.kube_prometheus_stack.aws_iam_role_policy_attachment.additional",
            "module.eks_blueprints_addons.module.kube_prometheus_stack.aws_iam_role_policy_attachment.this",
            "module.eks_blueprints_addons.module.kube_prometheus_stack.data.aws_caller_identity.current",
            "module.eks_blueprints_addons.module.kube_prometheus_stack.data.aws_iam_policy_document.assume",
            "module.eks_blueprints_addons.module.kube_prometheus_stack.data.aws_iam_policy_document.this",
            "module.eks_blueprints_addons.module.kube_prometheus_stack.data.aws_partition.current",
            "module.eks_blueprints_addons.module.kube_prometheus_stack.helm_release.this",
            "module.eks_blueprints_addons.module.metrics_server.aws_iam_policy.this",
            "module.eks_blueprints_addons.module.metrics_server.aws_iam_role.this",
            "module.eks_blueprints_addons.module.metrics_server.aws_iam_role_policy_attachment.additional",
            "module.eks_blueprints_addons.module.metrics_server.aws_iam_role_policy_attachment.this",
            "module.eks_blueprints_addons.module.metrics_server.data.aws_caller_identity.current",
            "module.eks_blueprints_addons.module.metrics_server.data.aws_iam_policy_document.assume",
            "module.eks_blueprints_addons.module.metrics_server.data.aws_iam_policy_document.this",
            "module.eks_blueprints_addons.module.metrics_server.data.aws_partition.current",
            "module.eks_blueprints_addons.module.metrics_server.helm_release.this",
            "module.eks_blueprints_addons.module.secrets_store_csi_driver.aws_iam_policy.this",
            "module.eks_blueprints_addons.module.secrets_store_csi_driver.aws_iam_role.this",
            "module.eks_blueprints_addons.module.secrets_store_csi_driver.aws_iam_role_policy_attachment.additional",
            "module.eks_blueprints_addons.module.secrets_store_csi_driver.aws_iam_role_policy_attachment.this",
            "module.eks_blueprints_addons.module.secrets_store_csi_driver.data.aws_caller_identity.current",
            "module.eks_blueprints_addons.module.secrets_store_csi_driver.data.aws_iam_policy_document.assume",
            "module.eks_blueprints_addons.module.secrets_store_csi_driver.data.aws_iam_policy_document.this",
            "module.eks_blueprints_addons.module.secrets_store_csi_driver.data.aws_partition.current",
            "module.eks_blueprints_addons.module.secrets_store_csi_driver.helm_release.this",
            "module.eks_blueprints_addons.module.secrets_store_csi_driver_provider_aws.aws_iam_policy.this",
            "module.eks_blueprints_addons.module.secrets_store_csi_driver_provider_aws.aws_iam_role.this",
            "module.eks_blueprints_addons.module.secrets_store_csi_driver_provider_aws.aws_iam_role_policy_attachment.additional",
            "module.eks_blueprints_addons.module.secrets_store_csi_driver_provider_aws.aws_iam_role_policy_attachment.this",
            "module.eks_blueprints_addons.module.secrets_store_csi_driver_provider_aws.data.aws_caller_identity.current",
            "module.eks_blueprints_addons.module.secrets_store_csi_driver_provider_aws.data.aws_iam_policy_document.assume",
            "module.eks_blueprints_addons.module.secrets_store_csi_driver_provider_aws.data.aws_iam_policy_document.this",
            "module.eks_blueprints_addons.module.secrets_store_csi_driver_provider_aws.data.aws_partition.current",
            "module.eks_blueprints_addons.module.secrets_store_csi_driver_provider_aws.helm_release.this",
            "module.eks_blueprints_addons.module.velero.aws_iam_policy.this",
            "module.eks_blueprints_addons.module.velero.aws_iam_role.this",
            "module.eks_blueprints_addons.module.velero.aws_iam_role_policy_attachment.additional",
            "module.eks_blueprints_addons.module.velero.aws_iam_role_policy_attachment.this",
            "module.eks_blueprints_addons.module.velero.data.aws_caller_identity.current",
            "module.eks_blueprints_addons.module.velero.data.aws_iam_policy_document.assume",
            "module.eks_blueprints_addons.module.velero.data.aws_iam_policy_document.this",
            "module.eks_blueprints_addons.module.velero.data.aws_partition.current",
            "module.eks_blueprints_addons.module.velero.helm_release.this",
            "module.eks_blueprints_addons.module.vpa.aws_iam_policy.this",
            "module.eks_blueprints_addons.module.vpa.aws_iam_role.this",
            "module.eks_blueprints_addons.module.vpa.aws_iam_role_policy_attachment.additional",
            "module.eks_blueprints_addons.module.vpa.aws_iam_role_policy_attachment.this",
            "module.eks_blueprints_addons.module.vpa.data.aws_caller_identity.current",
            "module.eks_blueprints_addons.module.vpa.data.aws_iam_policy_document.assume",
            "module.eks_blueprints_addons.module.vpa.data.aws_iam_policy_document.this",
            "module.eks_blueprints_addons.module.vpa.data.aws_partition.current",
            "module.eks_blueprints_addons.module.vpa.helm_release.this",
            "module.eks_blueprints_addons.random_bytes.this",
            "module.eks_blueprints_addons.time_sleep.this",
            "module.eks_blueprints_addons_lbc.aws_autoscaling_group_tag.aws_node_termination_handler",
            "module.eks_blueprints_addons_lbc.aws_autoscaling_lifecycle_hook.aws_node_termination_handler",
            "module.eks_blueprints_addons_lbc.aws_cloudformation_stack.usage_telemetry",
            "module.eks_blueprints_addons_lbc.aws_cloudwatch_event_rule.aws_node_termination_handler",
            "module.eks_blueprints_addons_lbc.aws_cloudwatch_event_rule.karpenter",
            "module.eks_blueprints_addons_lbc.aws_cloudwatch_event_target.aws_node_termination_handler",
            "module.eks_blueprints_addons_lbc.aws_cloudwatch_event_target.karpenter",
            "module.eks_blueprints_addons_lbc.aws_cloudwatch_log_group.aws_for_fluentbit",
            "module.eks_blueprints_addons_lbc.aws_cloudwatch_log_group.fargate_fluentbit",
            "module.eks_blueprints_addons_lbc.aws_eks_addon.this",
            "module.eks_blueprints_addons_lbc.aws_iam_instance_profile.karpenter",
            "module.eks_blueprints_addons_lbc.aws_iam_policy.fargate_fluentbit",
            "module.eks_blueprints_addons_lbc.aws_iam_role.karpenter",
            "module.eks_blueprints_addons_lbc.aws_iam_role_policy_attachment.additional",
            "module.eks_blueprints_addons_lbc.aws_iam_role_policy_attachment.karpenter",
            "module.eks_blueprints_addons_lbc.data.aws_caller_identity.current",
            "module.eks_blueprints_addons_lbc.data.aws_eks_addon_version.this",
            "module.eks_blueprints_addons_lbc.data.aws_iam_policy_document.aws_efs_csi_driver",
            "module.eks_blueprints_addons_lbc.data.aws_iam_policy_document.aws_for_fluentbit",
            "module.eks_blueprints_addons_lbc.data.aws_iam_policy_document.aws_fsx_csi_driver",
            "module.eks_blueprints_addons_lbc.data.aws_iam_policy_document.aws_gateway_api_controller",
            "module.eks_blueprints_addons_lbc.data.aws_iam_policy_document.aws_load_balancer_controller",
            "module.eks_blueprints_addons_lbc.data.aws_iam_policy_document.aws_node_termination_handler",
            "module.eks_blueprints_addons_lbc.data.aws_iam_policy_document.aws_privateca_issuer",
            "module.eks_blueprints_addons_lbc.data.aws_iam_policy_document.cert_manager",
            "module.eks_blueprints_addons_lbc.data.aws_iam_policy_document.cluster_autoscaler",
            "module.eks_blueprints_addons_lbc.data.aws_iam_policy_document.external_dns",
            "module.eks_blueprints_addons_lbc.data.aws_iam_policy_document.external_secrets",
            "module.eks_blueprints_addons_lbc.data.aws_iam_policy_document.fargate_fluentbit",
            "module.eks_blueprints_addons_lbc.data.aws_iam_policy_document.karpenter",
            "module.eks_blueprints_addons_lbc.data.aws_iam_policy_document.karpenter_assume_role",
            "module.eks_blueprints_addons_lbc.data.aws_iam_policy_document.velero",
            "module.eks_blueprints_addons_lbc.data.aws_partition.current",
            "module.eks_blueprints_addons_lbc.data.aws_region.current",
            "module.eks_blueprints_addons_lbc.helm_release.this",
            "module.eks_blueprints_addons_lbc.kubernetes_config_map_v1.aws_logging",
            "module.eks_blueprints_addons_lbc.kubernetes_config_map_v1_data.aws_for_fluentbit_containerinsights",
            "module.eks_blueprints_addons_lbc.kubernetes_namespace_v1.aws_observability",
            "module.eks_blueprints_addons_lbc.module.argo_events.aws_iam_policy.this",
            "module.eks_blueprints_addons_lbc.module.argo_events.aws_iam_role.this",
            "module.eks_blueprints_addons_lbc.module.argo_events.aws_iam_role_policy_attachment.additional",
            "module.eks_blueprints_addons_lbc.module.argo_events.aws_iam_role_policy_attachment.this",
            "module.eks_blueprints_addons_lbc.module.argo_events.data.aws_caller_identity.current",
            "module.eks_blueprints_addons_lbc.module.argo_events.data.aws_iam_policy_document.assume",
            "module.eks_blueprints_addons_lbc.module.argo_events.data.aws_iam_policy_document.this",
            "module.eks_blueprints_addons_lbc.module.argo_events.data.aws_partition.current",
            "module.eks_blueprints_addons_lbc.module.argo_events.helm_release.this",
            "module.eks_blueprints_addons_lbc.module.argo_rollouts.aws_iam_policy.this",
            "module.eks_blueprints_addons_lbc.module.argo_rollouts.aws_iam_role.this",
            "module.eks_blueprints_addons_lbc.module.argo_rollouts.aws_iam_role_policy_attachment.additional",
            "module.eks_blueprints_addons_lbc.module.argo_rollouts.aws_iam_role_policy_attachment.this",
            "module.eks_blueprints_addons_lbc.module.argo_rollouts.data.aws_caller_identity.current",
            "module.eks_blueprints_addons_lbc.module.argo_rollouts.data.aws_iam_policy_document.assume",
            "module.eks_blueprints_addons_lbc.module.argo_rollouts.data.aws_iam_policy_document.this",
            "module.eks_blueprints_addons_lbc.module.argo_rollouts.data.aws_partition.current",
            "module.eks_blueprints_addons_lbc.module.argo_rollouts.helm_release.this",
            "module.eks_blueprints_addons_lbc.module.argo_workflows.aws_iam_policy.this",
            "module.eks_blueprints_addons_lbc.module.argo_workflows.aws_iam_role.this",
            "module.eks_blueprints_addons_lbc.module.argo_workflows.aws_iam_role_policy_attachment.additional",
            "module.eks_blueprints_addons_lbc.module.argo_workflows.aws_iam_role_policy_attachment.this",
            "module.eks_blueprints_addons_lbc.module.argo_workflows.data.aws_caller_identity.current",
            "module.eks_blueprints_addons_lbc.module.argo_workflows.data.aws_iam_policy_document.assume",
            "module.eks_blueprints_addons_lbc.module.argo_workflows.data.aws_iam_policy_document.this",
            "module.eks_blueprints_addons_lbc.module.argo_workflows.data.aws_partition.current",
            "module.eks_blueprints_addons_lbc.module.argo_workflows.helm_release.this",
            "module.eks_blueprints_addons_lbc.module.argocd.aws_iam_policy.this",
            "module.eks_blueprints_addons_lbc.module.argocd.aws_iam_role.this",
            "module.eks_blueprints_addons_lbc.module.argocd.aws_iam_role_policy_attachment.additional",
            "module.eks_blueprints_addons_lbc.module.argocd.aws_iam_role_policy_attachment.this",
            "module.eks_blueprints_addons_lbc.module.argocd.data.aws_caller_identity.current",
            "module.eks_blueprints_addons_lbc.module.argocd.data.aws_iam_policy_document.assume",
            "module.eks_blueprints_addons_lbc.module.argocd.data.aws_iam_policy_document.this",
            "module.eks_blueprints_addons_lbc.module.argocd.data.aws_partition.current",
            "module.eks_blueprints_addons_lbc.module.argocd.helm_release.this",
            "module.eks_blueprints_addons_lbc.module.aws_cloudwatch_metrics.aws_iam_policy.this",
            "module.eks_blueprints_addons_lbc.module.aws_cloudwatch_metrics.aws_iam_role.this",
            "module.eks_blueprints_addons_lbc.module.aws_cloudwatch_metrics.aws_iam_role_policy_attachment.additional",
            "module.eks_blueprints_addons_lbc.module.aws_cloudwatch_metrics.aws_iam_role_policy_attachment.this",
            "module.eks_blueprints_addons_lbc.module.aws_cloudwatch_metrics.data.aws_caller_identity.current",
            "module.eks_blueprints_addons_lbc.module.aws_cloudwatch_metrics.data.aws_iam_policy_document.assume",
            "module.eks_blueprints_addons_lbc.module.aws_cloudwatch_metrics.data.aws_iam_policy_document.this",
            "module.eks_blueprints_addons_lbc.module.aws_cloudwatch_metrics.data.aws_partition.current",
            "module.eks_blueprints_addons_lbc.module.aws_cloudwatch_metrics.helm_release.this",
            "module.eks_blueprints_addons_lbc.module.aws_efs_csi_driver.aws_iam_policy.this",
            "module.eks_blueprints_addons_lbc.module.aws_efs_csi_driver.aws_iam_role.this",
            "module.eks_blueprints_addons_lbc.module.aws_efs_csi_driver.aws_iam_role_policy_attachment.additional",
            "module.eks_blueprints_addons_lbc.module.aws_efs_csi_driver.aws_iam_role_policy_attachment.this",
            "module.eks_blueprints_addons_lbc.module.aws_efs_csi_driver.data.aws_caller_identity.current",
            "module.eks_blueprints_addons_lbc.module.aws_efs_csi_driver.data.aws_iam_policy_document.assume",
            "module.eks_blueprints_addons_lbc.module.aws_efs_csi_driver.data.aws_iam_policy_document.this",
            "module.eks_blueprints_addons_lbc.module.aws_efs_csi_driver.data.aws_partition.current",
            "module.eks_blueprints_addons_lbc.module.aws_efs_csi_driver.helm_release.this",
            "module.eks_blueprints_addons_lbc.module.aws_for_fluentbit.aws_iam_policy.this",
            "module.eks_blueprints_addons_lbc.module.aws_for_fluentbit.aws_iam_role.this",
            "module.eks_blueprints_addons_lbc.module.aws_for_fluentbit.aws_iam_role_policy_attachment.additional",
            "module.eks_blueprints_addons_lbc.module.aws_for_fluentbit.aws_iam_role_policy_attachment.this",
            "module.eks_blueprints_addons_lbc.module.aws_for_fluentbit.data.aws_caller_identity.current",
            "module.eks_blueprints_addons_lbc.module.aws_for_fluentbit.data.aws_iam_policy_document.assume",
            "module.eks_blueprints_addons_lbc.module.aws_for_fluentbit.data.aws_iam_policy_document.this",
            "module.eks_blueprints_addons_lbc.module.aws_for_fluentbit.data.aws_partition.current",
            "module.eks_blueprints_addons_lbc.module.aws_for_fluentbit.helm_release.this",
            "module.eks_blueprints_addons_lbc.module.aws_fsx_csi_driver.aws_iam_policy.this",
            "module.eks_blueprints_addons_lbc.module.aws_fsx_csi_driver.aws_iam_role.this",
            "module.eks_blueprints_addons_lbc.module.aws_fsx_csi_driver.aws_iam_role_policy_attachment.additional",
            "module.eks_blueprints_addons_lbc.module.aws_fsx_csi_driver.aws_iam_role_policy_attachment.this",
            "module.eks_blueprints_addons_lbc.module.aws_fsx_csi_driver.data.aws_caller_identity.current",
            "module.eks_blueprints_addons_lbc.module.aws_fsx_csi_driver.data.aws_iam_policy_document.assume",
            "module.eks_blueprints_addons_lbc.module.aws_fsx_csi_driver.data.aws_iam_policy_document.this",
            "module.eks_blueprints_addons_lbc.module.aws_fsx_csi_driver.data.aws_partition.current",
            "module.eks_blueprints_addons_lbc.module.aws_fsx_csi_driver.helm_release.this",
            "module.eks_blueprints_addons_lbc.module.aws_gateway_api_controller.aws_iam_policy.this",
            "module.eks_blueprints_addons_lbc.module.aws_gateway_api_controller.aws_iam_role.this",
            "module.eks_blueprints_addons_lbc.module.aws_gateway_api_controller.aws_iam_role_policy_attachment.additional",
            "module.eks_blueprints_addons_lbc.module.aws_gateway_api_controller.aws_iam_role_policy_attachment.this",
            "module.eks_blueprints_addons_lbc.module.aws_gateway_api_controller.data.aws_caller_identity.current",
            "module.eks_blueprints_addons_lbc.module.aws_gateway_api_controller.data.aws_iam_policy_document.assume",
            "module.eks_blueprints_addons_lbc.module.aws_gateway_api_controller.data.aws_iam_policy_document.this",
            "module.eks_blueprints_addons_lbc.module.aws_gateway_api_controller.data.aws_partition.current",
            "module.eks_blueprints_addons_lbc.module.aws_gateway_api_controller.helm_release.this",
            "module.eks_blueprints_addons_lbc.module.aws_load_balancer_controller.aws_iam_policy.this",
            "module.eks_blueprints_addons_lbc.module.aws_load_balancer_controller.aws_iam_role.this",
            "module.eks_blueprints_addons_lbc.module.aws_load_balancer_controller.aws_iam_role_policy_attachment.additional",
            "module.eks_blueprints_addons_lbc.module.aws_load_balancer_controller.aws_iam_role_policy_attachment.this",
            "module.eks_blueprints_addons_lbc.module.aws_load_balancer_controller.data.aws_caller_identity.current",
            "module.eks_blueprints_addons_lbc.module.aws_load_balancer_controller.data.aws_iam_policy_document.assume",
            "module.eks_blueprints_addons_lbc.module.aws_load_balancer_controller.data.aws_iam_policy_document.this",
            "module.eks_blueprints_addons_lbc.module.aws_load_balancer_controller.data.aws_partition.current",
            "module.eks_blueprints_addons_lbc.module.aws_load_balancer_controller.helm_release.this",
            "module.eks_blueprints_addons_lbc.module.aws_node_termination_handler.aws_iam_policy.this",
            "module.eks_blueprints_addons_lbc.module.aws_node_termination_handler.aws_iam_role.this",
            "module.eks_blueprints_addons_lbc.module.aws_node_termination_handler.aws_iam_role_policy_attachment.additional",
            "module.eks_blueprints_addons_lbc.module.aws_node_termination_handler.aws_iam_role_policy_attachment.this",
            "module.eks_blueprints_addons_lbc.module.aws_node_termination_handler.data.aws_caller_identity.current",
            "module.eks_blueprints_addons_lbc.module.aws_node_termination_handler.data.aws_iam_policy_document.assume",
            "module.eks_blueprints_addons_lbc.module.aws_node_termination_handler.data.aws_iam_policy_document.this",
            "module.eks_blueprints_addons_lbc.module.aws_node_termination_handler.data.aws_partition.current",
            "module.eks_blueprints_addons_lbc.module.aws_node_termination_handler.helm_release.this",
            "module.eks_blueprints_addons_lbc.module.aws_node_termination_handler_sqs.aws_sqs_queue.dlq",
            "module.eks_blueprints_addons_lbc.module.aws_node_termination_handler_sqs.aws_sqs_queue.this",
            "module.eks_blueprints_addons_lbc.module.aws_node_termination_handler_sqs.aws_sqs_queue_policy.dlq",
            "module.eks_blueprints_addons_lbc.module.aws_node_termination_handler_sqs.aws_sqs_queue_policy.this",
            "module.eks_blueprints_addons_lbc.module.aws_node_termination_handler_sqs.aws_sqs_queue_redrive_allow_policy.dlq",
            "module.eks_blueprints_addons_lbc.module.aws_node_termination_handler_sqs.aws_sqs_queue_redrive_allow_policy.this",
            "module.eks_blueprints_addons_lbc.module.aws_node_termination_handler_sqs.aws_sqs_queue_redrive_policy.dlq",
            "module.eks_blueprints_addons_lbc.module.aws_node_termination_handler_sqs.aws_sqs_queue_redrive_policy.this",
            "module.eks_blueprints_addons_lbc.module.aws_node_termination_handler_sqs.data.aws_iam_policy_document.dlq",
            "module.eks_blueprints_addons_lbc.module.aws_node_termination_handler_sqs.data.aws_iam_policy_document.this",
            "module.eks_blueprints_addons_lbc.module.aws_privateca_issuer.aws_iam_policy.this",
            "module.eks_blueprints_addons_lbc.module.aws_privateca_issuer.aws_iam_role.this",
            "module.eks_blueprints_addons_lbc.module.aws_privateca_issuer.aws_iam_role_policy_attachment.additional",
            "module.eks_blueprints_addons_lbc.module.aws_privateca_issuer.aws_iam_role_policy_attachment.this",
            "module.eks_blueprints_addons_lbc.module.aws_privateca_issuer.data.aws_caller_identity.current",
            "module.eks_blueprints_addons_lbc.module.aws_privateca_issuer.data.aws_iam_policy_document.assume",
            "module.eks_blueprints_addons_lbc.module.aws_privateca_issuer.data.aws_iam_policy_document.this",
            "module.eks_blueprints_addons_lbc.module.aws_privateca_issuer.data.aws_partition.current",
            "module.eks_blueprints_addons_lbc.module.aws_privateca_issuer.helm_release.this",
            "module.eks_blueprints_addons_lbc.module.bottlerocket_shadow.aws_iam_policy.this",
            "module.eks_blueprints_addons_lbc.module.bottlerocket_shadow.aws_iam_role.this",
            "module.eks_blueprints_addons_lbc.module.bottlerocket_shadow.aws_iam_role_policy_attachment.additional",
            "module.eks_blueprints_addons_lbc.module.bottlerocket_shadow.aws_iam_role_policy_attachment.this",
            "module.eks_blueprints_addons_lbc.module.bottlerocket_shadow.data.aws_caller_identity.current",
            "module.eks_blueprints_addons_lbc.module.bottlerocket_shadow.data.aws_iam_policy_document.assume",
            "module.eks_blueprints_addons_lbc.module.bottlerocket_shadow.data.aws_iam_policy_document.this",
            "module.eks_blueprints_addons_lbc.module.bottlerocket_shadow.data.aws_partition.current",
            "module.eks_blueprints_addons_lbc.module.bottlerocket_shadow.helm_release.this",
            "module.eks_blueprints_addons_lbc.module.bottlerocket_update_operator.aws_iam_policy.this",
            "module.eks_blueprints_addons_lbc.module.bottlerocket_update_operator.aws_iam_role.this",
            "module.eks_blueprints_addons_lbc.module.bottlerocket_update_operator.aws_iam_role_policy_attachment.additional",
            "module.eks_blueprints_addons_lbc.module.bottlerocket_update_operator.aws_iam_role_policy_attachment.this",
            "module.eks_blueprints_addons_lbc.module.bottlerocket_update_operator.data.aws_caller_identity.current",
            "module.eks_blueprints_addons_lbc.module.bottlerocket_update_operator.data.aws_iam_policy_document.assume",
            "module.eks_blueprints_addons_lbc.module.bottlerocket_update_operator.data.aws_iam_policy_document.this",
            "module.eks_blueprints_addons_lbc.module.bottlerocket_update_operator.data.aws_partition.current",
            "module.eks_blueprints_addons_lbc.module.bottlerocket_update_operator.helm_release.this",
            "module.eks_blueprints_addons_lbc.module.cert_manager.aws_iam_policy.this",
            "module.eks_blueprints_addons_lbc.module.cert_manager.aws_iam_role.this",
            "module.eks_blueprints_addons_lbc.module.cert_manager.aws_iam_role_policy_attachment.additional",
            "module.eks_blueprints_addons_lbc.module.cert_manager.aws_iam_role_policy_attachment.this",
            "module.eks_blueprints_addons_lbc.module.cert_manager.data.aws_caller_identity.current",
            "module.eks_blueprints_addons_lbc.module.cert_manager.data.aws_iam_policy_document.assume",
            "module.eks_blueprints_addons_lbc.module.cert_manager.data.aws_iam_policy_document.this",
            "module.eks_blueprints_addons_lbc.module.cert_manager.data.aws_partition.current",
            "module.eks_blueprints_addons_lbc.module.cert_manager.helm_release.this",
            "module.eks_blueprints_addons_lbc.module.cluster_autoscaler.aws_iam_policy.this",
            "module.eks_blueprints_addons_lbc.module.cluster_autoscaler.aws_iam_role.this",
            "module.eks_blueprints_addons_lbc.module.cluster_autoscaler.aws_iam_role_policy_attachment.additional",
            "module.eks_blueprints_addons_lbc.module.cluster_autoscaler.aws_iam_role_policy_attachment.this",
            "module.eks_blueprints_addons_lbc.module.cluster_autoscaler.data.aws_caller_identity.current",
            "module.eks_blueprints_addons_lbc.module.cluster_autoscaler.data.aws_iam_policy_document.assume",
            "module.eks_blueprints_addons_lbc.module.cluster_autoscaler.data.aws_iam_policy_document.this",
            "module.eks_blueprints_addons_lbc.module.cluster_autoscaler.data.aws_partition.current",
            "module.eks_blueprints_addons_lbc.module.cluster_autoscaler.helm_release.this",
            "module.eks_blueprints_addons_lbc.module.cluster_proportional_autoscaler.aws_iam_policy.this",
            "module.eks_blueprints_addons_lbc.module.cluster_proportional_autoscaler.aws_iam_role.this",
            "module.eks_blueprints_addons_lbc.module.cluster_proportional_autoscaler.aws_iam_role_policy_attachment.additional",
            "module.eks_blueprints_addons_lbc.module.cluster_proportional_autoscaler.aws_iam_role_policy_attachment.this",
            "module.eks_blueprints_addons_lbc.module.cluster_proportional_autoscaler.data.aws_caller_identity.current",
            "module.eks_blueprints_addons_lbc.module.cluster_proportional_autoscaler.data.aws_iam_policy_document.assume",
            "module.eks_blueprints_addons_lbc.module.cluster_proportional_autoscaler.data.aws_iam_policy_document.this",
            "module.eks_blueprints_addons_lbc.module.cluster_proportional_autoscaler.data.aws_partition.current",
            "module.eks_blueprints_addons_lbc.module.cluster_proportional_autoscaler.helm_release.this",
            "module.eks_blueprints_addons_lbc.module.external_dns.aws_iam_policy.this",
            "module.eks_blueprints_addons_lbc.module.external_dns.aws_iam_role.this",
            "module.eks_blueprints_addons_lbc.module.external_dns.aws_iam_role_policy_attachment.additional",
            "module.eks_blueprints_addons_lbc.module.external_dns.aws_iam_role_policy_attachment.this",
            "module.eks_blueprints_addons_lbc.module.external_dns.data.aws_caller_identity.current",
            "module.eks_blueprints_addons_lbc.module.external_dns.data.aws_iam_policy_document.assume",
            "module.eks_blueprints_addons_lbc.module.external_dns.data.aws_iam_policy_document.this",
            "module.eks_blueprints_addons_lbc.module.external_dns.data.aws_partition.current",
            "module.eks_blueprints_addons_lbc.module.external_dns.helm_release.this",
            "module.eks_blueprints_addons_lbc.module.external_secrets.aws_iam_policy.this",
            "module.eks_blueprints_addons_lbc.module.external_secrets.aws_iam_role.this",
            "module.eks_blueprints_addons_lbc.module.external_secrets.aws_iam_role_policy_attachment.additional",
            "module.eks_blueprints_addons_lbc.module.external_secrets.aws_iam_role_policy_attachment.this",
            "module.eks_blueprints_addons_lbc.module.external_secrets.data.aws_caller_identity.current",
            "module.eks_blueprints_addons_lbc.module.external_secrets.data.aws_iam_policy_document.assume",
            "module.eks_blueprints_addons_lbc.module.external_secrets.data.aws_iam_policy_document.this",
            "module.eks_blueprints_addons_lbc.module.external_secrets.data.aws_partition.current",
            "module.eks_blueprints_addons_lbc.module.external_secrets.helm_release.this",
            "module.eks_blueprints_addons_lbc.module.gatekeeper.aws_iam_policy.this",
            "module.eks_blueprints_addons_lbc.module.gatekeeper.aws_iam_role.this",
            "module.eks_blueprints_addons_lbc.module.gatekeeper.aws_iam_role_policy_attachment.additional",
            "module.eks_blueprints_addons_lbc.module.gatekeeper.aws_iam_role_policy_attachment.this",
            "module.eks_blueprints_addons_lbc.module.gatekeeper.data.aws_caller_identity.current",
            "module.eks_blueprints_addons_lbc.module.gatekeeper.data.aws_iam_policy_document.assume",
            "module.eks_blueprints_addons_lbc.module.gatekeeper.data.aws_iam_policy_document.this",
            "module.eks_blueprints_addons_lbc.module.gatekeeper.data.aws_partition.current",
            "module.eks_blueprints_addons_lbc.module.gatekeeper.helm_release.this",
            "module.eks_blueprints_addons_lbc.module.ingress_nginx.aws_iam_policy.this",
            "module.eks_blueprints_addons_lbc.module.ingress_nginx.aws_iam_role.this",
            "module.eks_blueprints_addons_lbc.module.ingress_nginx.aws_iam_role_policy_attachment.additional",
            "module.eks_blueprints_addons_lbc.module.ingress_nginx.aws_iam_role_policy_attachment.this",
            "module.eks_blueprints_addons_lbc.module.ingress_nginx.data.aws_caller_identity.current",
            "module.eks_blueprints_addons_lbc.module.ingress_nginx.data.aws_iam_policy_document.assume",
            "module.eks_blueprints_addons_lbc.module.ingress_nginx.data.aws_iam_policy_document.this",
            "module.eks_blueprints_addons_lbc.module.ingress_nginx.data.aws_partition.current",
            "module.eks_blueprints_addons_lbc.module.ingress_nginx.helm_release.this",
            "module.eks_blueprints_addons_lbc.module.karpenter.aws_iam_policy.this",
            "module.eks_blueprints_addons_lbc.module.karpenter.aws_iam_role.this",
            "module.eks_blueprints_addons_lbc.module.karpenter.aws_iam_role_policy_attachment.additional",
            "module.eks_blueprints_addons_lbc.module.karpenter.aws_iam_role_policy_attachment.this",
            "module.eks_blueprints_addons_lbc.module.karpenter.data.aws_caller_identity.current",
            "module.eks_blueprints_addons_lbc.module.karpenter.data.aws_iam_policy_document.assume",
            "module.eks_blueprints_addons_lbc.module.karpenter.data.aws_iam_policy_document.this",
            "module.eks_blueprints_addons_lbc.module.karpenter.data.aws_partition.current",
            "module.eks_blueprints_addons_lbc.module.karpenter.helm_release.this",
            "module.eks_blueprints_addons_lbc.module.karpenter_sqs.aws_sqs_queue.dlq",
            "module.eks_blueprints_addons_lbc.module.karpenter_sqs.aws_sqs_queue.this",
            "module.eks_blueprints_addons_lbc.module.karpenter_sqs.aws_sqs_queue_policy.dlq",
            "module.eks_blueprints_addons_lbc.module.karpenter_sqs.aws_sqs_queue_policy.this",
            "module.eks_blueprints_addons_lbc.module.karpenter_sqs.aws_sqs_queue_redrive_allow_policy.dlq",
            "module.eks_blueprints_addons_lbc.module.karpenter_sqs.aws_sqs_queue_redrive_allow_policy.this",
            "module.eks_blueprints_addons_lbc.module.karpenter_sqs.aws_sqs_queue_redrive_policy.dlq",
            "module.eks_blueprints_addons_lbc.module.karpenter_sqs.aws_sqs_queue_redrive_policy.this",
            "module.eks_blueprints_addons_lbc.module.karpenter_sqs.data.aws_iam_policy_document.dlq",
            "module.eks_blueprints_addons_lbc.module.karpenter_sqs.data.aws_iam_policy_document.this",
            "module.eks_blueprints_addons_lbc.module.kube_prometheus_stack.aws_iam_policy.this",
            "module.eks_blueprints_addons_lbc.module.kube_prometheus_stack.aws_iam_role.this",
            "module.eks_blueprints_addons_lbc.module.kube_prometheus_stack.aws_iam_role_policy_attachment.additional",
            "module.eks_blueprints_addons_lbc.module.kube_prometheus_stack.aws_iam_role_policy_attachment.this",
            "module.eks_blueprints_addons_lbc.module.kube_prometheus_stack.data.aws_caller_identity.current",
            "module.eks_blueprints_addons_lbc.module.kube_prometheus_stack.data.aws_iam_policy_document.assume",
            "module.eks_blueprints_addons_lbc.module.kube_prometheus_stack.data.aws_iam_policy_document.this",
            "module.eks_blueprints_addons_lbc.module.kube_prometheus_stack.data.aws_partition.current",
            "module.eks_blueprints_addons_lbc.module.kube_prometheus_stack.helm_release.this",
            "module.eks_blueprints_addons_lbc.module.metrics_server.aws_iam_policy.this",
            "module.eks_blueprints_addons_lbc.module.metrics_server.aws_iam_role.this",
            "module.eks_blueprints_addons_lbc.module.metrics_server.aws_iam_role_policy_attachment.additional",
            "module.eks_blueprints_addons_lbc.module.metrics_server.aws_iam_role_policy_attachment.this",
            "module.eks_blueprints_addons_lbc.module.metrics_server.data.aws_caller_identity.current",
            "module.eks_blueprints_addons_lbc.module.metrics_server.data.aws_iam_policy_document.assume",
            "module.eks_blueprints_addons_lbc.module.metrics_server.data.aws_iam_policy_document.this",
            "module.eks_blueprints_addons_lbc.module.metrics_server.data.aws_partition.current",
            "module.eks_blueprints_addons_lbc.module.metrics_server.helm_release.this",
            "module.eks_blueprints_addons_lbc.module.secrets_store_csi_driver.aws_iam_policy.this",
            "module.eks_blueprints_addons_lbc.module.secrets_store_csi_driver.aws_iam_role.this",
            "module.eks_blueprints_addons_lbc.module.secrets_store_csi_driver.aws_iam_role_policy_attachment.additional",
            "module.eks_blueprints_addons_lbc.module.secrets_store_csi_driver.aws_iam_role_policy_attachment.this",
            "module.eks_blueprints_addons_lbc.module.secrets_store_csi_driver.data.aws_caller_identity.current",
            "module.eks_blueprints_addons_lbc.module.secrets_store_csi_driver.data.aws_iam_policy_document.assume",
            "module.eks_blueprints_addons_lbc.module.secrets_store_csi_driver.data.aws_iam_policy_document.this",
            "module.eks_blueprints_addons_lbc.module.secrets_store_csi_driver.data.aws_partition.current",
            "module.eks_blueprints_addons_lbc.module.secrets_store_csi_driver.helm_release.this",
            "module.eks_blueprints_addons_lbc.module.secrets_store_csi_driver_provider_aws.aws_iam_policy.this",
            "module.eks_blueprints_addons_lbc.module.secrets_store_csi_driver_provider_aws.aws_iam_role.this",
            "module.eks_blueprints_addons_lbc.module.secrets_store_csi_driver_provider_aws.aws_iam_role_policy_attachment.additional",
            "module.eks_blueprints_addons_lbc.module.secrets_store_csi_driver_provider_aws.aws_iam_role_policy_attachment.this",
            "module.eks_blueprints_addons_lbc.module.secrets_store_csi_driver_provider_aws.data.aws_caller_identity.current",
            "module.eks_blueprints_addons_lbc.module.secrets_store_csi_driver_provider_aws.data.aws_iam_policy_document.assume",
            "module.eks_blueprints_addons_lbc.module.secrets_store_csi_driver_provider_aws.data.aws_iam_policy_document.this",
            "module.eks_blueprints_addons_lbc.module.secrets_store_csi_driver_provider_aws.data.aws_partition.current",
            "module.eks_blueprints_addons_lbc.module.secrets_store_csi_driver_provider_aws.helm_release.this",
            "module.eks_blueprints_addons_lbc.module.velero.aws_iam_policy.this",
            "module.eks_blueprints_addons_lbc.module.velero.aws_iam_role.this",
            "module.eks_blueprints_addons_lbc.module.velero.aws_iam_role_policy_attachment.additional",
            "module.eks_blueprints_addons_lbc.module.velero.aws_iam_role_policy_attachment.this",
            "module.eks_blueprints_addons_lbc.module.velero.data.aws_caller_identity.current",
            "module.eks_blueprints_addons_lbc.module.velero.data.aws_iam_policy_document.assume",
            "module.eks_blueprints_addons_lbc.module.velero.data.aws_iam_policy_document.this",
            "module.eks_blueprints_addons_lbc.module.velero.data.aws_partition.current",
            "module.eks_blueprints_addons_lbc.module.velero.helm_release.this",
            "module.eks_blueprints_addons_lbc.module.vpa.aws_iam_policy.this",
            "module.eks_blueprints_addons_lbc.module.vpa.aws_iam_role.this",
            "module.eks_blueprints_addons_lbc.module.vpa.aws_iam_role_policy_attachment.additional",
            "module.eks_blueprints_addons_lbc.module.vpa.aws_iam_role_policy_attachment.this",
            "module.eks_blueprints_addons_lbc.module.vpa.data.aws_caller_identity.current",
            "module.eks_blueprints_addons_lbc.module.vpa.data.aws_iam_policy_document.assume",
            "module.eks_blueprints_addons_lbc.module.vpa.data.aws_iam_policy_document.this",
            "module.eks_blueprints_addons_lbc.module.vpa.data.aws_partition.current",
            "module.eks_blueprints_addons_lbc.module.vpa.helm_release.this",
            "module.eks_blueprints_addons_lbc.random_bytes.this",
            "module.eks_blueprints_addons_lbc.time_sleep.this",
            "null_resource.ingress_cleanup",
            "null_resource.wait_for_aws_lb_controller"
          ]
        }
      ]
    },
    {
      "mode": "managed",
      "type": "kubernetes_ingress_v1",
      "name": "arogcd",
      "provider": "provider[\"registry.terraform.io/hashicorp/kubernetes\"]",
      "instances": [
        {
          "schema_version": 0,
          "attributes": {
            "id": "argocd/argocd-ingress",
            "metadata": [
              {
                "annotations": {},
                "generate_name": "",
                "generation": 1,
                "labels": {},
                "name": "argocd-ingress",
                "namespace": "argocd",
                "resource_version": "8715",
                "uid": "d93f402a-aa07-4277-8b2f-72301a9b980d"
              }
            ],
            "spec": [
              {
                "default_backend": [],
                "ingress_class_name": "nginx",
                "rule": [
                  {
                    "host": "argocd.dev.ybort.shop",
                    "http": [
                      {
                        "path": [
                          {
                            "backend": [
                              {
                                "resource": [],
                                "service": [
                                  {
                                    "name": "argocd-server",
                                    "port": [
                                      {
                                        "name": "",
                                        "number": 80
                                      }
                                    ]
                                  }
                                ]
                              }
                            ],
                            "path": "/",
                            "path_type": "Prefix"
                          }
                        ]
                      }
                    ]
                  }
                ],
                "tls": []
              }
            ],
            "status": [
              {
                "load_balancer": [
                  {
                    "ingress": [
                      {
                        "hostname": "",
                        "ip": "172.20.152.74"
                      }
                    ]
                  }
                ]
              }
            ],
            "timeouts": null,
            "wait_for_load_balancer": null
          },
          "sensitive_attributes": [],
          "private": "eyJlMmJmYjczMC1lY2FhLTExZTYtOGY4OC0zNDM2M2JjN2M0YzAiOnsiY3JlYXRlIjoxMjAwMDAwMDAwMDAwLCJkZWxldGUiOjEyMDAwMDAwMDAwMDB9fQ==",
          "dependencies": [
            "aws_eks_pod_identity_association.aws_lbc",
            "aws_eks_pod_identity_association.ebs_csi_driver",
            "aws_iam_role.aws_lbc",
            "aws_iam_role.ebs_csi_driver",
            "aws_iam_role_policy.aws_lbc",
            "aws_iam_role_policy_attachment.ebs_csi_driver",
            "data.aws_acm_certificate.cert",
            "data.aws_iam_policy_document.aws_lbc",
            "data.aws_iam_policy_document.aws_lbc_assume",
            "data.aws_iam_policy_document.ebs_csi_driver",
            "data.aws_route53_zone.zone",
            "helm_release.nginx",
            "kubernetes_ingress_v1.alb_nginx",
            "module.acm.aws_acm_certificate.this",
            "module.acm.aws_acm_certificate_validation.this",
            "module.acm.aws_route53_record.validation",
            "module.eks_blueprints_addons.aws_autoscaling_group_tag.aws_node_termination_handler",
            "module.eks_blueprints_addons.aws_autoscaling_lifecycle_hook.aws_node_termination_handler",
            "module.eks_blueprints_addons.aws_cloudformation_stack.usage_telemetry",
            "module.eks_blueprints_addons.aws_cloudwatch_event_rule.aws_node_termination_handler",
            "module.eks_blueprints_addons.aws_cloudwatch_event_rule.karpenter",
            "module.eks_blueprints_addons.aws_cloudwatch_event_target.aws_node_termination_handler",
            "module.eks_blueprints_addons.aws_cloudwatch_event_target.karpenter",
            "module.eks_blueprints_addons.aws_cloudwatch_log_group.aws_for_fluentbit",
            "module.eks_blueprints_addons.aws_cloudwatch_log_group.fargate_fluentbit",
            "module.eks_blueprints_addons.aws_eks_addon.this",
            "module.eks_blueprints_addons.aws_iam_instance_profile.karpenter",
            "module.eks_blueprints_addons.aws_iam_policy.fargate_fluentbit",
            "module.eks_blueprints_addons.aws_iam_role.karpenter",
            "module.eks_blueprints_addons.aws_iam_role_policy_attachment.additional",
            "module.eks_blueprints_addons.aws_iam_role_policy_attachment.karpenter",
            "module.eks_blueprints_addons.data.aws_caller_identity.current",
            "module.eks_blueprints_addons.data.aws_eks_addon_version.this",
            "module.eks_blueprints_addons.data.aws_iam_policy_document.aws_efs_csi_driver",
            "module.eks_blueprints_addons.data.aws_iam_policy_document.aws_for_fluentbit",
            "module.eks_blueprints_addons.data.aws_iam_policy_document.aws_fsx_csi_driver",
            "module.eks_blueprints_addons.data.aws_iam_policy_document.aws_gateway_api_controller",
            "module.eks_blueprints_addons.data.aws_iam_policy_document.aws_load_balancer_controller",
            "module.eks_blueprints_addons.data.aws_iam_policy_document.aws_node_termination_handler",
            "module.eks_blueprints_addons.data.aws_iam_policy_document.aws_privateca_issuer",
            "module.eks_blueprints_addons.data.aws_iam_policy_document.cert_manager",
            "module.eks_blueprints_addons.data.aws_iam_policy_document.cluster_autoscaler",
            "module.eks_blueprints_addons.data.aws_iam_policy_document.external_dns",
            "module.eks_blueprints_addons.data.aws_iam_policy_document.external_secrets",
            "module.eks_blueprints_addons.data.aws_iam_policy_document.fargate_fluentbit",
            "module.eks_blueprints_addons.data.aws_iam_policy_document.karpenter",
            "module.eks_blueprints_addons.data.aws_iam_policy_document.karpenter_assume_role",
            "module.eks_blueprints_addons.data.aws_iam_policy_document.velero",
            "module.eks_blueprints_addons.data.aws_partition.current",
            "module.eks_blueprints_addons.data.aws_region.current",
            "module.eks_blueprints_addons.helm_release.this",
            "module.eks_blueprints_addons.kubernetes_config_map_v1.aws_logging",
            "module.eks_blueprints_addons.kubernetes_config_map_v1_data.aws_for_fluentbit_containerinsights",
            "module.eks_blueprints_addons.kubernetes_namespace_v1.aws_observability",
            "module.eks_blueprints_addons.module.argo_events.aws_iam_policy.this",
            "module.eks_blueprints_addons.module.argo_events.aws_iam_role.this",
            "module.eks_blueprints_addons.module.argo_events.aws_iam_role_policy_attachment.additional",
            "module.eks_blueprints_addons.module.argo_events.aws_iam_role_policy_attachment.this",
            "module.eks_blueprints_addons.module.argo_events.data.aws_caller_identity.current",
            "module.eks_blueprints_addons.module.argo_events.data.aws_iam_policy_document.assume",
            "module.eks_blueprints_addons.module.argo_events.data.aws_iam_policy_document.this",
            "module.eks_blueprints_addons.module.argo_events.data.aws_partition.current",
            "module.eks_blueprints_addons.module.argo_events.helm_release.this",
            "module.eks_blueprints_addons.module.argo_rollouts.aws_iam_policy.this",
            "module.eks_blueprints_addons.module.argo_rollouts.aws_iam_role.this",
            "module.eks_blueprints_addons.module.argo_rollouts.aws_iam_role_policy_attachment.additional",
            "module.eks_blueprints_addons.module.argo_rollouts.aws_iam_role_policy_attachment.this",
            "module.eks_blueprints_addons.module.argo_rollouts.data.aws_caller_identity.current",
            "module.eks_blueprints_addons.module.argo_rollouts.data.aws_iam_policy_document.assume",
            "module.eks_blueprints_addons.module.argo_rollouts.data.aws_iam_policy_document.this",
            "module.eks_blueprints_addons.module.argo_rollouts.data.aws_partition.current",
            "module.eks_blueprints_addons.module.argo_rollouts.helm_release.this",
            "module.eks_blueprints_addons.module.argo_workflows.aws_iam_policy.this",
            "module.eks_blueprints_addons.module.argo_workflows.aws_iam_role.this",
            "module.eks_blueprints_addons.module.argo_workflows.aws_iam_role_policy_attachment.additional",
            "module.eks_blueprints_addons.module.argo_workflows.aws_iam_role_policy_attachment.this",
            "module.eks_blueprints_addons.module.argo_workflows.data.aws_caller_identity.current",
            "module.eks_blueprints_addons.module.argo_workflows.data.aws_iam_policy_document.assume",
            "module.eks_blueprints_addons.module.argo_workflows.data.aws_iam_policy_document.this",
            "module.eks_blueprints_addons.module.argo_workflows.data.aws_partition.current",
            "module.eks_blueprints_addons.module.argo_workflows.helm_release.this",
            "module.eks_blueprints_addons.module.argocd.aws_iam_policy.this",
            "module.eks_blueprints_addons.module.argocd.aws_iam_role.this",
            "module.eks_blueprints_addons.module.argocd.aws_iam_role_policy_attachment.additional",
            "module.eks_blueprints_addons.module.argocd.aws_iam_role_policy_attachment.this",
            "module.eks_blueprints_addons.module.argocd.data.aws_caller_identity.current",
            "module.eks_blueprints_addons.module.argocd.data.aws_iam_policy_document.assume",
            "module.eks_blueprints_addons.module.argocd.data.aws_iam_policy_document.this",
            "module.eks_blueprints_addons.module.argocd.data.aws_partition.current",
            "module.eks_blueprints_addons.module.argocd.helm_release.this",
            "module.eks_blueprints_addons.module.aws_cloudwatch_metrics.aws_iam_policy.this",
            "module.eks_blueprints_addons.module.aws_cloudwatch_metrics.aws_iam_role.this",
            "module.eks_blueprints_addons.module.aws_cloudwatch_metrics.aws_iam_role_policy_attachment.additional",
            "module.eks_blueprints_addons.module.aws_cloudwatch_metrics.aws_iam_role_policy_attachment.this",
            "module.eks_blueprints_addons.module.aws_cloudwatch_metrics.data.aws_caller_identity.current",
            "module.eks_blueprints_addons.module.aws_cloudwatch_metrics.data.aws_iam_policy_document.assume",
            "module.eks_blueprints_addons.module.aws_cloudwatch_metrics.data.aws_iam_policy_document.this",
            "module.eks_blueprints_addons.module.aws_cloudwatch_metrics.data.aws_partition.current",
            "module.eks_blueprints_addons.module.aws_cloudwatch_metrics.helm_release.this",
            "module.eks_blueprints_addons.module.aws_efs_csi_driver.aws_iam_policy.this",
            "module.eks_blueprints_addons.module.aws_efs_csi_driver.aws_iam_role.this",
            "module.eks_blueprints_addons.module.aws_efs_csi_driver.aws_iam_role_policy_attachment.additional",
            "module.eks_blueprints_addons.module.aws_efs_csi_driver.aws_iam_role_policy_attachment.this",
            "module.eks_blueprints_addons.module.aws_efs_csi_driver.data.aws_caller_identity.current",
            "module.eks_blueprints_addons.module.aws_efs_csi_driver.data.aws_iam_policy_document.assume",
            "module.eks_blueprints_addons.module.aws_efs_csi_driver.data.aws_iam_policy_document.this",
            "module.eks_blueprints_addons.module.aws_efs_csi_driver.data.aws_partition.current",
            "module.eks_blueprints_addons.module.aws_efs_csi_driver.helm_release.this",
            "module.eks_blueprints_addons.module.aws_for_fluentbit.aws_iam_policy.this",
            "module.eks_blueprints_addons.module.aws_for_fluentbit.aws_iam_role.this",
            "module.eks_blueprints_addons.module.aws_for_fluentbit.aws_iam_role_policy_attachment.additional",
            "module.eks_blueprints_addons.module.aws_for_fluentbit.aws_iam_role_policy_attachment.this",
            "module.eks_blueprints_addons.module.aws_for_fluentbit.data.aws_caller_identity.current",
            "module.eks_blueprints_addons.module.aws_for_fluentbit.data.aws_iam_policy_document.assume",
            "module.eks_blueprints_addons.module.aws_for_fluentbit.data.aws_iam_policy_document.this",
            "module.eks_blueprints_addons.module.aws_for_fluentbit.data.aws_partition.current",
            "module.eks_blueprints_addons.module.aws_for_fluentbit.helm_release.this",
            "module.eks_blueprints_addons.module.aws_fsx_csi_driver.aws_iam_policy.this",
            "module.eks_blueprints_addons.module.aws_fsx_csi_driver.aws_iam_role.this",
            "module.eks_blueprints_addons.module.aws_fsx_csi_driver.aws_iam_role_policy_attachment.additional",
            "module.eks_blueprints_addons.module.aws_fsx_csi_driver.aws_iam_role_policy_attachment.this",
            "module.eks_blueprints_addons.module.aws_fsx_csi_driver.data.aws_caller_identity.current",
            "module.eks_blueprints_addons.module.aws_fsx_csi_driver.data.aws_iam_policy_document.assume",
            "module.eks_blueprints_addons.module.aws_fsx_csi_driver.data.aws_iam_policy_document.this",
            "module.eks_blueprints_addons.module.aws_fsx_csi_driver.data.aws_partition.current",
            "module.eks_blueprints_addons.module.aws_fsx_csi_driver.helm_release.this",
            "module.eks_blueprints_addons.module.aws_gateway_api_controller.aws_iam_policy.this",
            "module.eks_blueprints_addons.module.aws_gateway_api_controller.aws_iam_role.this",
            "module.eks_blueprints_addons.module.aws_gateway_api_controller.aws_iam_role_policy_attachment.additional",
            "module.eks_blueprints_addons.module.aws_gateway_api_controller.aws_iam_role_policy_attachment.this",
            "module.eks_blueprints_addons.module.aws_gateway_api_controller.data.aws_caller_identity.current",
            "module.eks_blueprints_addons.module.aws_gateway_api_controller.data.aws_iam_policy_document.assume",
            "module.eks_blueprints_addons.module.aws_gateway_api_controller.data.aws_iam_policy_document.this",
            "module.eks_blueprints_addons.module.aws_gateway_api_controller.data.aws_partition.current",
            "module.eks_blueprints_addons.module.aws_gateway_api_controller.helm_release.this",
            "module.eks_blueprints_addons.module.aws_load_balancer_controller.aws_iam_policy.this",
            "module.eks_blueprints_addons.module.aws_load_balancer_controller.aws_iam_role.this",
            "module.eks_blueprints_addons.module.aws_load_balancer_controller.aws_iam_role_policy_attachment.additional",
            "module.eks_blueprints_addons.module.aws_load_balancer_controller.aws_iam_role_policy_attachment.this",
            "module.eks_blueprints_addons.module.aws_load_balancer_controller.data.aws_caller_identity.current",
            "module.eks_blueprints_addons.module.aws_load_balancer_controller.data.aws_iam_policy_document.assume",
            "module.eks_blueprints_addons.module.aws_load_balancer_controller.data.aws_iam_policy_document.this",
            "module.eks_blueprints_addons.module.aws_load_balancer_controller.data.aws_partition.current",
            "module.eks_blueprints_addons.module.aws_load_balancer_controller.helm_release.this",
            "module.eks_blueprints_addons.module.aws_node_termination_handler.aws_iam_policy.this",
            "module.eks_blueprints_addons.module.aws_node_termination_handler.aws_iam_role.this",
            "module.eks_blueprints_addons.module.aws_node_termination_handler.aws_iam_role_policy_attachment.additional",
            "module.eks_blueprints_addons.module.aws_node_termination_handler.aws_iam_role_policy_attachment.this",
            "module.eks_blueprints_addons.module.aws_node_termination_handler.data.aws_caller_identity.current",
            "module.eks_blueprints_addons.module.aws_node_termination_handler.data.aws_iam_policy_document.assume",
            "module.eks_blueprints_addons.module.aws_node_termination_handler.data.aws_iam_policy_document.this",
            "module.eks_blueprints_addons.module.aws_node_termination_handler.data.aws_partition.current",
            "module.eks_blueprints_addons.module.aws_node_termination_handler.helm_release.this",
            "module.eks_blueprints_addons.module.aws_node_termination_handler_sqs.aws_sqs_queue.dlq",
            "module.eks_blueprints_addons.module.aws_node_termination_handler_sqs.aws_sqs_queue.this",
            "module.eks_blueprints_addons.module.aws_node_termination_handler_sqs.aws_sqs_queue_policy.dlq",
            "module.eks_blueprints_addons.module.aws_node_termination_handler_sqs.aws_sqs_queue_policy.this",
            "module.eks_blueprints_addons.module.aws_node_termination_handler_sqs.aws_sqs_queue_redrive_allow_policy.dlq",
            "module.eks_blueprints_addons.module.aws_node_termination_handler_sqs.aws_sqs_queue_redrive_allow_policy.this",
            "module.eks_blueprints_addons.module.aws_node_termination_handler_sqs.aws_sqs_queue_redrive_policy.dlq",
            "module.eks_blueprints_addons.module.aws_node_termination_handler_sqs.aws_sqs_queue_redrive_policy.this",
            "module.eks_blueprints_addons.module.aws_node_termination_handler_sqs.data.aws_iam_policy_document.dlq",
            "module.eks_blueprints_addons.module.aws_node_termination_handler_sqs.data.aws_iam_policy_document.this",
            "module.eks_blueprints_addons.module.aws_privateca_issuer.aws_iam_policy.this",
            "module.eks_blueprints_addons.module.aws_privateca_issuer.aws_iam_role.this",
            "module.eks_blueprints_addons.module.aws_privateca_issuer.aws_iam_role_policy_attachment.additional",
            "module.eks_blueprints_addons.module.aws_privateca_issuer.aws_iam_role_policy_attachment.this",
            "module.eks_blueprints_addons.module.aws_privateca_issuer.data.aws_caller_identity.current",
            "module.eks_blueprints_addons.module.aws_privateca_issuer.data.aws_iam_policy_document.assume",
            "module.eks_blueprints_addons.module.aws_privateca_issuer.data.aws_iam_policy_document.this",
            "module.eks_blueprints_addons.module.aws_privateca_issuer.data.aws_partition.current",
            "module.eks_blueprints_addons.module.aws_privateca_issuer.helm_release.this",
            "module.eks_blueprints_addons.module.bottlerocket_shadow.aws_iam_policy.this",
            "module.eks_blueprints_addons.module.bottlerocket_shadow.aws_iam_role.this",
            "module.eks_blueprints_addons.module.bottlerocket_shadow.aws_iam_role_policy_attachment.additional",
            "module.eks_blueprints_addons.module.bottlerocket_shadow.aws_iam_role_policy_attachment.this",
            "module.eks_blueprints_addons.module.bottlerocket_shadow.data.aws_caller_identity.current",
            "module.eks_blueprints_addons.module.bottlerocket_shadow.data.aws_iam_policy_document.assume",
            "module.eks_blueprints_addons.module.bottlerocket_shadow.data.aws_iam_policy_document.this",
            "module.eks_blueprints_addons.module.bottlerocket_shadow.data.aws_partition.current",
            "module.eks_blueprints_addons.module.bottlerocket_shadow.helm_release.this",
            "module.eks_blueprints_addons.module.bottlerocket_update_operator.aws_iam_policy.this",
            "module.eks_blueprints_addons.module.bottlerocket_update_operator.aws_iam_role.this",
            "module.eks_blueprints_addons.module.bottlerocket_update_operator.aws_iam_role_policy_attachment.additional",
            "module.eks_blueprints_addons.module.bottlerocket_update_operator.aws_iam_role_policy_attachment.this",
            "module.eks_blueprints_addons.module.bottlerocket_update_operator.data.aws_caller_identity.current",
            "module.eks_blueprints_addons.module.bottlerocket_update_operator.data.aws_iam_policy_document.assume",
            "module.eks_blueprints_addons.module.bottlerocket_update_operator.data.aws_iam_policy_document.this",
            "module.eks_blueprints_addons.module.bottlerocket_update_operator.data.aws_partition.current",
            "module.eks_blueprints_addons.module.bottlerocket_update_operator.helm_release.this",
            "module.eks_blueprints_addons.module.cert_manager.aws_iam_policy.this",
            "module.eks_blueprints_addons.module.cert_manager.aws_iam_role.this",
            "module.eks_blueprints_addons.module.cert_manager.aws_iam_role_policy_attachment.additional",
            "module.eks_blueprints_addons.module.cert_manager.aws_iam_role_policy_attachment.this",
            "module.eks_blueprints_addons.module.cert_manager.data.aws_caller_identity.current",
            "module.eks_blueprints_addons.module.cert_manager.data.aws_iam_policy_document.assume",
            "module.eks_blueprints_addons.module.cert_manager.data.aws_iam_policy_document.this",
            "module.eks_blueprints_addons.module.cert_manager.data.aws_partition.current",
            "module.eks_blueprints_addons.module.cert_manager.helm_release.this",
            "module.eks_blueprints_addons.module.cluster_autoscaler.aws_iam_policy.this",
            "module.eks_blueprints_addons.module.cluster_autoscaler.aws_iam_role.this",
            "module.eks_blueprints_addons.module.cluster_autoscaler.aws_iam_role_policy_attachment.additional",
            "module.eks_blueprints_addons.module.cluster_autoscaler.aws_iam_role_policy_attachment.this",
            "module.eks_blueprints_addons.module.cluster_autoscaler.data.aws_caller_identity.current",
            "module.eks_blueprints_addons.module.cluster_autoscaler.data.aws_iam_policy_document.assume",
            "module.eks_blueprints_addons.module.cluster_autoscaler.data.aws_iam_policy_document.this",
            "module.eks_blueprints_addons.module.cluster_autoscaler.data.aws_partition.current",
            "module.eks_blueprints_addons.module.cluster_autoscaler.helm_release.this",
            "module.eks_blueprints_addons.module.cluster_proportional_autoscaler.aws_iam_policy.this",
            "module.eks_blueprints_addons.module.cluster_proportional_autoscaler.aws_iam_role.this",
            "module.eks_blueprints_addons.module.cluster_proportional_autoscaler.aws_iam_role_policy_attachment.additional",
            "module.eks_blueprints_addons.module.cluster_proportional_autoscaler.aws_iam_role_policy_attachment.this",
            "module.eks_blueprints_addons.module.cluster_proportional_autoscaler.data.aws_caller_identity.current",
            "module.eks_blueprints_addons.module.cluster_proportional_autoscaler.data.aws_iam_policy_document.assume",
            "module.eks_blueprints_addons.module.cluster_proportional_autoscaler.data.aws_iam_policy_document.this",
            "module.eks_blueprints_addons.module.cluster_proportional_autoscaler.data.aws_partition.current",
            "module.eks_blueprints_addons.module.cluster_proportional_autoscaler.helm_release.this",
            "module.eks_blueprints_addons.module.external_dns.aws_iam_policy.this",
            "module.eks_blueprints_addons.module.external_dns.aws_iam_role.this",
            "module.eks_blueprints_addons.module.external_dns.aws_iam_role_policy_attachment.additional",
            "module.eks_blueprints_addons.module.external_dns.aws_iam_role_policy_attachment.this",
            "module.eks_blueprints_addons.module.external_dns.data.aws_caller_identity.current",
            "module.eks_blueprints_addons.module.external_dns.data.aws_iam_policy_document.assume",
            "module.eks_blueprints_addons.module.external_dns.data.aws_iam_policy_document.this",
            "module.eks_blueprints_addons.module.external_dns.data.aws_partition.current",
            "module.eks_blueprints_addons.module.external_dns.helm_release.this",
            "module.eks_blueprints_addons.module.external_secrets.aws_iam_policy.this",
            "module.eks_blueprints_addons.module.external_secrets.aws_iam_role.this",
            "module.eks_blueprints_addons.module.external_secrets.aws_iam_role_policy_attachment.additional",
            "module.eks_blueprints_addons.module.external_secrets.aws_iam_role_policy_attachment.this",
            "module.eks_blueprints_addons.module.external_secrets.data.aws_caller_identity.current",
            "module.eks_blueprints_addons.module.external_secrets.data.aws_iam_policy_document.assume",
            "module.eks_blueprints_addons.module.external_secrets.data.aws_iam_policy_document.this",
            "module.eks_blueprints_addons.module.external_secrets.data.aws_partition.current",
            "module.eks_blueprints_addons.module.external_secrets.helm_release.this",
            "module.eks_blueprints_addons.module.gatekeeper.aws_iam_policy.this",
            "module.eks_blueprints_addons.module.gatekeeper.aws_iam_role.this",
            "module.eks_blueprints_addons.module.gatekeeper.aws_iam_role_policy_attachment.additional",
            "module.eks_blueprints_addons.module.gatekeeper.aws_iam_role_policy_attachment.this",
            "module.eks_blueprints_addons.module.gatekeeper.data.aws_caller_identity.current",
            "module.eks_blueprints_addons.module.gatekeeper.data.aws_iam_policy_document.assume",
            "module.eks_blueprints_addons.module.gatekeeper.data.aws_iam_policy_document.this",
            "module.eks_blueprints_addons.module.gatekeeper.data.aws_partition.current",
            "module.eks_blueprints_addons.module.gatekeeper.helm_release.this",
            "module.eks_blueprints_addons.module.ingress_nginx.aws_iam_policy.this",
            "module.eks_blueprints_addons.module.ingress_nginx.aws_iam_role.this",
            "module.eks_blueprints_addons.module.ingress_nginx.aws_iam_role_policy_attachment.additional",
            "module.eks_blueprints_addons.module.ingress_nginx.aws_iam_role_policy_attachment.this",
            "module.eks_blueprints_addons.module.ingress_nginx.data.aws_caller_identity.current",
            "module.eks_blueprints_addons.module.ingress_nginx.data.aws_iam_policy_document.assume",
            "module.eks_blueprints_addons.module.ingress_nginx.data.aws_iam_policy_document.this",
            "module.eks_blueprints_addons.module.ingress_nginx.data.aws_partition.current",
            "module.eks_blueprints_addons.module.ingress_nginx.helm_release.this",
            "module.eks_blueprints_addons.module.karpenter.aws_iam_policy.this",
            "module.eks_blueprints_addons.module.karpenter.aws_iam_role.this",
            "module.eks_blueprints_addons.module.karpenter.aws_iam_role_policy_attachment.additional",
            "module.eks_blueprints_addons.module.karpenter.aws_iam_role_policy_attachment.this",
            "module.eks_blueprints_addons.module.karpenter.data.aws_caller_identity.current",
            "module.eks_blueprints_addons.module.karpenter.data.aws_iam_policy_document.assume",
            "module.eks_blueprints_addons.module.karpenter.data.aws_iam_policy_document.this",
            "module.eks_blueprints_addons.module.karpenter.data.aws_partition.current",
            "module.eks_blueprints_addons.module.karpenter.helm_release.this",
            "module.eks_blueprints_addons.module.karpenter_sqs.aws_sqs_queue.dlq",
            "module.eks_blueprints_addons.module.karpenter_sqs.aws_sqs_queue.this",
            "module.eks_blueprints_addons.module.karpenter_sqs.aws_sqs_queue_policy.dlq",
            "module.eks_blueprints_addons.module.karpenter_sqs.aws_sqs_queue_policy.this",
            "module.eks_blueprints_addons.module.karpenter_sqs.aws_sqs_queue_redrive_allow_policy.dlq",
            "module.eks_blueprints_addons.module.karpenter_sqs.aws_sqs_queue_redrive_allow_policy.this",
            "module.eks_blueprints_addons.module.karpenter_sqs.aws_sqs_queue_redrive_policy.dlq",
            "module.eks_blueprints_addons.module.karpenter_sqs.aws_sqs_queue_redrive_policy.this",
            "module.eks_blueprints_addons.module.karpenter_sqs.data.aws_iam_policy_document.dlq",
            "module.eks_blueprints_addons.module.karpenter_sqs.data.aws_iam_policy_document.this",
            "module.eks_blueprints_addons.module.kube_prometheus_stack.aws_iam_policy.this",
            "module.eks_blueprints_addons.module.kube_prometheus_stack.aws_iam_role.this",
            "module.eks_blueprints_addons.module.kube_prometheus_stack.aws_iam_role_policy_attachment.additional",
            "module.eks_blueprints_addons.module.kube_prometheus_stack.aws_iam_role_policy_attachment.this",
            "module.eks_blueprints_addons.module.kube_prometheus_stack.data.aws_caller_identity.current",
            "module.eks_blueprints_addons.module.kube_prometheus_stack.data.aws_iam_policy_document.assume",
            "module.eks_blueprints_addons.module.kube_prometheus_stack.data.aws_iam_policy_document.this",
            "module.eks_blueprints_addons.module.kube_prometheus_stack.data.aws_partition.current",
            "module.eks_blueprints_addons.module.kube_prometheus_stack.helm_release.this",
            "module.eks_blueprints_addons.module.metrics_server.aws_iam_policy.this",
            "module.eks_blueprints_addons.module.metrics_server.aws_iam_role.this",
            "module.eks_blueprints_addons.module.metrics_server.aws_iam_role_policy_attachment.additional",
            "module.eks_blueprints_addons.module.metrics_server.aws_iam_role_policy_attachment.this",
            "module.eks_blueprints_addons.module.metrics_server.data.aws_caller_identity.current",
            "module.eks_blueprints_addons.module.metrics_server.data.aws_iam_policy_document.assume",
            "module.eks_blueprints_addons.module.metrics_server.data.aws_iam_policy_document.this",
            "module.eks_blueprints_addons.module.metrics_server.data.aws_partition.current",
            "module.eks_blueprints_addons.module.metrics_server.helm_release.this",
            "module.eks_blueprints_addons.module.secrets_store_csi_driver.aws_iam_policy.this",
            "module.eks_blueprints_addons.module.secrets_store_csi_driver.aws_iam_role.this",
            "module.eks_blueprints_addons.module.secrets_store_csi_driver.aws_iam_role_policy_attachment.additional",
            "module.eks_blueprints_addons.module.secrets_store_csi_driver.aws_iam_role_policy_attachment.this",
            "module.eks_blueprints_addons.module.secrets_store_csi_driver.data.aws_caller_identity.current",
            "module.eks_blueprints_addons.module.secrets_store_csi_driver.data.aws_iam_policy_document.assume",
            "module.eks_blueprints_addons.module.secrets_store_csi_driver.data.aws_iam_policy_document.this",
            "module.eks_blueprints_addons.module.secrets_store_csi_driver.data.aws_partition.current",
            "module.eks_blueprints_addons.module.secrets_store_csi_driver.helm_release.this",
            "module.eks_blueprints_addons.module.secrets_store_csi_driver_provider_aws.aws_iam_policy.this",
            "module.eks_blueprints_addons.module.secrets_store_csi_driver_provider_aws.aws_iam_role.this",
            "module.eks_blueprints_addons.module.secrets_store_csi_driver_provider_aws.aws_iam_role_policy_attachment.additional",
            "module.eks_blueprints_addons.module.secrets_store_csi_driver_provider_aws.aws_iam_role_policy_attachment.this",
            "module.eks_blueprints_addons.module.secrets_store_csi_driver_provider_aws.data.aws_caller_identity.current",
            "module.eks_blueprints_addons.module.secrets_store_csi_driver_provider_aws.data.aws_iam_policy_document.assume",
            "module.eks_blueprints_addons.module.secrets_store_csi_driver_provider_aws.data.aws_iam_policy_document.this",
            "module.eks_blueprints_addons.module.secrets_store_csi_driver_provider_aws.data.aws_partition.current",
            "module.eks_blueprints_addons.module.secrets_store_csi_driver_provider_aws.helm_release.this",
            "module.eks_blueprints_addons.module.velero.aws_iam_policy.this",
            "module.eks_blueprints_addons.module.velero.aws_iam_role.this",
            "module.eks_blueprints_addons.module.velero.aws_iam_role_policy_attachment.additional",
            "module.eks_blueprints_addons.module.velero.aws_iam_role_policy_attachment.this",
            "module.eks_blueprints_addons.module.velero.data.aws_caller_identity.current",
            "module.eks_blueprints_addons.module.velero.data.aws_iam_policy_document.assume",
            "module.eks_blueprints_addons.module.velero.data.aws_iam_policy_document.this",
            "module.eks_blueprints_addons.module.velero.data.aws_partition.current",
            "module.eks_blueprints_addons.module.velero.helm_release.this",
            "module.eks_blueprints_addons.module.vpa.aws_iam_policy.this",
            "module.eks_blueprints_addons.module.vpa.aws_iam_role.this",
            "module.eks_blueprints_addons.module.vpa.aws_iam_role_policy_attachment.additional",
            "module.eks_blueprints_addons.module.vpa.aws_iam_role_policy_attachment.this",
            "module.eks_blueprints_addons.module.vpa.data.aws_caller_identity.current",
            "module.eks_blueprints_addons.module.vpa.data.aws_iam_policy_document.assume",
            "module.eks_blueprints_addons.module.vpa.data.aws_iam_policy_document.this",
            "module.eks_blueprints_addons.module.vpa.data.aws_partition.current",
            "module.eks_blueprints_addons.module.vpa.helm_release.this",
            "module.eks_blueprints_addons.random_bytes.this",
            "module.eks_blueprints_addons.time_sleep.this",
            "module.eks_blueprints_addons_lbc.aws_autoscaling_group_tag.aws_node_termination_handler",
            "module.eks_blueprints_addons_lbc.aws_autoscaling_lifecycle_hook.aws_node_termination_handler",
            "module.eks_blueprints_addons_lbc.aws_cloudformation_stack.usage_telemetry",
            "module.eks_blueprints_addons_lbc.aws_cloudwatch_event_rule.aws_node_termination_handler",
            "module.eks_blueprints_addons_lbc.aws_cloudwatch_event_rule.karpenter",
            "module.eks_blueprints_addons_lbc.aws_cloudwatch_event_target.aws_node_termination_handler",
            "module.eks_blueprints_addons_lbc.aws_cloudwatch_event_target.karpenter",
            "module.eks_blueprints_addons_lbc.aws_cloudwatch_log_group.aws_for_fluentbit",
            "module.eks_blueprints_addons_lbc.aws_cloudwatch_log_group.fargate_fluentbit",
            "module.eks_blueprints_addons_lbc.aws_eks_addon.this",
            "module.eks_blueprints_addons_lbc.aws_iam_instance_profile.karpenter",
            "module.eks_blueprints_addons_lbc.aws_iam_policy.fargate_fluentbit",
            "module.eks_blueprints_addons_lbc.aws_iam_role.karpenter",
            "module.eks_blueprints_addons_lbc.aws_iam_role_policy_attachment.additional",
            "module.eks_blueprints_addons_lbc.aws_iam_role_policy_attachment.karpenter",
            "module.eks_blueprints_addons_lbc.data.aws_caller_identity.current",
            "module.eks_blueprints_addons_lbc.data.aws_eks_addon_version.this",
            "module.eks_blueprints_addons_lbc.data.aws_iam_policy_document.aws_efs_csi_driver",
            "module.eks_blueprints_addons_lbc.data.aws_iam_policy_document.aws_for_fluentbit",
            "module.eks_blueprints_addons_lbc.data.aws_iam_policy_document.aws_fsx_csi_driver",
            "module.eks_blueprints_addons_lbc.data.aws_iam_policy_document.aws_gateway_api_controller",
            "module.eks_blueprints_addons_lbc.data.aws_iam_policy_document.aws_load_balancer_controller",
            "module.eks_blueprints_addons_lbc.data.aws_iam_policy_document.aws_node_termination_handler",
            "module.eks_blueprints_addons_lbc.data.aws_iam_policy_document.aws_privateca_issuer",
            "module.eks_blueprints_addons_lbc.data.aws_iam_policy_document.cert_manager",
            "module.eks_blueprints_addons_lbc.data.aws_iam_policy_document.cluster_autoscaler",
            "module.eks_blueprints_addons_lbc.data.aws_iam_policy_document.external_dns",
            "module.eks_blueprints_addons_lbc.data.aws_iam_policy_document.external_secrets",
            "module.eks_blueprints_addons_lbc.data.aws_iam_policy_document.fargate_fluentbit",
            "module.eks_blueprints_addons_lbc.data.aws_iam_policy_document.karpenter",
            "module.eks_blueprints_addons_lbc.data.aws_iam_policy_document.karpenter_assume_role",
            "module.eks_blueprints_addons_lbc.data.aws_iam_policy_document.velero",
            "module.eks_blueprints_addons_lbc.data.aws_partition.current",
            "module.eks_blueprints_addons_lbc.data.aws_region.current",
            "module.eks_blueprints_addons_lbc.helm_release.this",
            "module.eks_blueprints_addons_lbc.kubernetes_config_map_v1.aws_logging",
            "module.eks_blueprints_addons_lbc.kubernetes_config_map_v1_data.aws_for_fluentbit_containerinsights",
            "module.eks_blueprints_addons_lbc.kubernetes_namespace_v1.aws_observability",
            "module.eks_blueprints_addons_lbc.module.argo_events.aws_iam_policy.this",
            "module.eks_blueprints_addons_lbc.module.argo_events.aws_iam_role.this",
            "module.eks_blueprints_addons_lbc.module.argo_events.aws_iam_role_policy_attachment.additional",
            "module.eks_blueprints_addons_lbc.module.argo_events.aws_iam_role_policy_attachment.this",
            "module.eks_blueprints_addons_lbc.module.argo_events.data.aws_caller_identity.current",
            "module.eks_blueprints_addons_lbc.module.argo_events.data.aws_iam_policy_document.assume",
            "module.eks_blueprints_addons_lbc.module.argo_events.data.aws_iam_policy_document.this",
            "module.eks_blueprints_addons_lbc.module.argo_events.data.aws_partition.current",
            "module.eks_blueprints_addons_lbc.module.argo_events.helm_release.this",
            "module.eks_blueprints_addons_lbc.module.argo_rollouts.aws_iam_policy.this",
            "module.eks_blueprints_addons_lbc.module.argo_rollouts.aws_iam_role.this",
            "module.eks_blueprints_addons_lbc.module.argo_rollouts.aws_iam_role_policy_attachment.additional",
            "module.eks_blueprints_addons_lbc.module.argo_rollouts.aws_iam_role_policy_attachment.this",
            "module.eks_blueprints_addons_lbc.module.argo_rollouts.data.aws_caller_identity.current",
            "module.eks_blueprints_addons_lbc.module.argo_rollouts.data.aws_iam_policy_document.assume",
            "module.eks_blueprints_addons_lbc.module.argo_rollouts.data.aws_iam_policy_document.this",
            "module.eks_blueprints_addons_lbc.module.argo_rollouts.data.aws_partition.current",
            "module.eks_blueprints_addons_lbc.module.argo_rollouts.helm_release.this",
            "module.eks_blueprints_addons_lbc.module.argo_workflows.aws_iam_policy.this",
            "module.eks_blueprints_addons_lbc.module.argo_workflows.aws_iam_role.this",
            "module.eks_blueprints_addons_lbc.module.argo_workflows.aws_iam_role_policy_attachment.additional",
            "module.eks_blueprints_addons_lbc.module.argo_workflows.aws_iam_role_policy_attachment.this",
            "module.eks_blueprints_addons_lbc.module.argo_workflows.data.aws_caller_identity.current",
            "module.eks_blueprints_addons_lbc.module.argo_workflows.data.aws_iam_policy_document.assume",
            "module.eks_blueprints_addons_lbc.module.argo_workflows.data.aws_iam_policy_document.this",
            "module.eks_blueprints_addons_lbc.module.argo_workflows.data.aws_partition.current",
            "module.eks_blueprints_addons_lbc.module.argo_workflows.helm_release.this",
            "module.eks_blueprints_addons_lbc.module.argocd.aws_iam_policy.this",
            "module.eks_blueprints_addons_lbc.module.argocd.aws_iam_role.this",
            "module.eks_blueprints_addons_lbc.module.argocd.aws_iam_role_policy_attachment.additional",
            "module.eks_blueprints_addons_lbc.module.argocd.aws_iam_role_policy_attachment.this",
            "module.eks_blueprints_addons_lbc.module.argocd.data.aws_caller_identity.current",
            "module.eks_blueprints_addons_lbc.module.argocd.data.aws_iam_policy_document.assume",
            "module.eks_blueprints_addons_lbc.module.argocd.data.aws_iam_policy_document.this",
            "module.eks_blueprints_addons_lbc.module.argocd.data.aws_partition.current",
            "module.eks_blueprints_addons_lbc.module.argocd.helm_release.this",
            "module.eks_blueprints_addons_lbc.module.aws_cloudwatch_metrics.aws_iam_policy.this",
            "module.eks_blueprints_addons_lbc.module.aws_cloudwatch_metrics.aws_iam_role.this",
            "module.eks_blueprints_addons_lbc.module.aws_cloudwatch_metrics.aws_iam_role_policy_attachment.additional",
            "module.eks_blueprints_addons_lbc.module.aws_cloudwatch_metrics.aws_iam_role_policy_attachment.this",
            "module.eks_blueprints_addons_lbc.module.aws_cloudwatch_metrics.data.aws_caller_identity.current",
            "module.eks_blueprints_addons_lbc.module.aws_cloudwatch_metrics.data.aws_iam_policy_document.assume",
            "module.eks_blueprints_addons_lbc.module.aws_cloudwatch_metrics.data.aws_iam_policy_document.this",
            "module.eks_blueprints_addons_lbc.module.aws_cloudwatch_metrics.data.aws_partition.current",
            "module.eks_blueprints_addons_lbc.module.aws_cloudwatch_metrics.helm_release.this",
            "module.eks_blueprints_addons_lbc.module.aws_efs_csi_driver.aws_iam_policy.this",
            "module.eks_blueprints_addons_lbc.module.aws_efs_csi_driver.aws_iam_role.this",
            "module.eks_blueprints_addons_lbc.module.aws_efs_csi_driver.aws_iam_role_policy_attachment.additional",
            "module.eks_blueprints_addons_lbc.module.aws_efs_csi_driver.aws_iam_role_policy_attachment.this",
            "module.eks_blueprints_addons_lbc.module.aws_efs_csi_driver.data.aws_caller_identity.current",
            "module.eks_blueprints_addons_lbc.module.aws_efs_csi_driver.data.aws_iam_policy_document.assume",
            "module.eks_blueprints_addons_lbc.module.aws_efs_csi_driver.data.aws_iam_policy_document.this",
            "module.eks_blueprints_addons_lbc.module.aws_efs_csi_driver.data.aws_partition.current",
            "module.eks_blueprints_addons_lbc.module.aws_efs_csi_driver.helm_release.this",
            "module.eks_blueprints_addons_lbc.module.aws_for_fluentbit.aws_iam_policy.this",
            "module.eks_blueprints_addons_lbc.module.aws_for_fluentbit.aws_iam_role.this",
            "module.eks_blueprints_addons_lbc.module.aws_for_fluentbit.aws_iam_role_policy_attachment.additional",
            "module.eks_blueprints_addons_lbc.module.aws_for_fluentbit.aws_iam_role_policy_attachment.this",
            "module.eks_blueprints_addons_lbc.module.aws_for_fluentbit.data.aws_caller_identity.current",
            "module.eks_blueprints_addons_lbc.module.aws_for_fluentbit.data.aws_iam_policy_document.assume",
            "module.eks_blueprints_addons_lbc.module.aws_for_fluentbit.data.aws_iam_policy_document.this",
            "module.eks_blueprints_addons_lbc.module.aws_for_fluentbit.data.aws_partition.current",
            "module.eks_blueprints_addons_lbc.module.aws_for_fluentbit.helm_release.this",
            "module.eks_blueprints_addons_lbc.module.aws_fsx_csi_driver.aws_iam_policy.this",
            "module.eks_blueprints_addons_lbc.module.aws_fsx_csi_driver.aws_iam_role.this",
            "module.eks_blueprints_addons_lbc.module.aws_fsx_csi_driver.aws_iam_role_policy_attachment.additional",
            "module.eks_blueprints_addons_lbc.module.aws_fsx_csi_driver.aws_iam_role_policy_attachment.this",
            "module.eks_blueprints_addons_lbc.module.aws_fsx_csi_driver.data.aws_caller_identity.current",
            "module.eks_blueprints_addons_lbc.module.aws_fsx_csi_driver.data.aws_iam_policy_document.assume",
            "module.eks_blueprints_addons_lbc.module.aws_fsx_csi_driver.data.aws_iam_policy_document.this",
            "module.eks_blueprints_addons_lbc.module.aws_fsx_csi_driver.data.aws_partition.current",
            "module.eks_blueprints_addons_lbc.module.aws_fsx_csi_driver.helm_release.this",
            "module.eks_blueprints_addons_lbc.module.aws_gateway_api_controller.aws_iam_policy.this",
            "module.eks_blueprints_addons_lbc.module.aws_gateway_api_controller.aws_iam_role.this",
            "module.eks_blueprints_addons_lbc.module.aws_gateway_api_controller.aws_iam_role_policy_attachment.additional",
            "module.eks_blueprints_addons_lbc.module.aws_gateway_api_controller.aws_iam_role_policy_attachment.this",
            "module.eks_blueprints_addons_lbc.module.aws_gateway_api_controller.data.aws_caller_identity.current",
            "module.eks_blueprints_addons_lbc.module.aws_gateway_api_controller.data.aws_iam_policy_document.assume",
            "module.eks_blueprints_addons_lbc.module.aws_gateway_api_controller.data.aws_iam_policy_document.this",
            "module.eks_blueprints_addons_lbc.module.aws_gateway_api_controller.data.aws_partition.current",
            "module.eks_blueprints_addons_lbc.module.aws_gateway_api_controller.helm_release.this",
            "module.eks_blueprints_addons_lbc.module.aws_load_balancer_controller.aws_iam_policy.this",
            "module.eks_blueprints_addons_lbc.module.aws_load_balancer_controller.aws_iam_role.this",
            "module.eks_blueprints_addons_lbc.module.aws_load_balancer_controller.aws_iam_role_policy_attachment.additional",
            "module.eks_blueprints_addons_lbc.module.aws_load_balancer_controller.aws_iam_role_policy_attachment.this",
            "module.eks_blueprints_addons_lbc.module.aws_load_balancer_controller.data.aws_caller_identity.current",
            "module.eks_blueprints_addons_lbc.module.aws_load_balancer_controller.data.aws_iam_policy_document.assume",
            "module.eks_blueprints_addons_lbc.module.aws_load_balancer_controller.data.aws_iam_policy_document.this",
            "module.eks_blueprints_addons_lbc.module.aws_load_balancer_controller.data.aws_partition.current",
            "module.eks_blueprints_addons_lbc.module.aws_load_balancer_controller.helm_release.this",
            "module.eks_blueprints_addons_lbc.module.aws_node_termination_handler.aws_iam_policy.this",
            "module.eks_blueprints_addons_lbc.module.aws_node_termination_handler.aws_iam_role.this",
            "module.eks_blueprints_addons_lbc.module.aws_node_termination_handler.aws_iam_role_policy_attachment.additional",
            "module.eks_blueprints_addons_lbc.module.aws_node_termination_handler.aws_iam_role_policy_attachment.this",
            "module.eks_blueprints_addons_lbc.module.aws_node_termination_handler.data.aws_caller_identity.current",
            "module.eks_blueprints_addons_lbc.module.aws_node_termination_handler.data.aws_iam_policy_document.assume",
            "module.eks_blueprints_addons_lbc.module.aws_node_termination_handler.data.aws_iam_policy_document.this",
            "module.eks_blueprints_addons_lbc.module.aws_node_termination_handler.data.aws_partition.current",
            "module.eks_blueprints_addons_lbc.module.aws_node_termination_handler.helm_release.this",
            "module.eks_blueprints_addons_lbc.module.aws_node_termination_handler_sqs.aws_sqs_queue.dlq",
            "module.eks_blueprints_addons_lbc.module.aws_node_termination_handler_sqs.aws_sqs_queue.this",
            "module.eks_blueprints_addons_lbc.module.aws_node_termination_handler_sqs.aws_sqs_queue_policy.dlq",
            "module.eks_blueprints_addons_lbc.module.aws_node_termination_handler_sqs.aws_sqs_queue_policy.this",
            "module.eks_blueprints_addons_lbc.module.aws_node_termination_handler_sqs.aws_sqs_queue_redrive_allow_policy.dlq",
            "module.eks_blueprints_addons_lbc.module.aws_node_termination_handler_sqs.aws_sqs_queue_redrive_allow_policy.this",
            "module.eks_blueprints_addons_lbc.module.aws_node_termination_handler_sqs.aws_sqs_queue_redrive_policy.dlq",
            "module.eks_blueprints_addons_lbc.module.aws_node_termination_handler_sqs.aws_sqs_queue_redrive_policy.this",
            "module.eks_blueprints_addons_lbc.module.aws_node_termination_handler_sqs.data.aws_iam_policy_document.dlq",
            "module.eks_blueprints_addons_lbc.module.aws_node_termination_handler_sqs.data.aws_iam_policy_document.this",
            "module.eks_blueprints_addons_lbc.module.aws_privateca_issuer.aws_iam_policy.this",
            "module.eks_blueprints_addons_lbc.module.aws_privateca_issuer.aws_iam_role.this",
            "module.eks_blueprints_addons_lbc.module.aws_privateca_issuer.aws_iam_role_policy_attachment.additional",
            "module.eks_blueprints_addons_lbc.module.aws_privateca_issuer.aws_iam_role_policy_attachment.this",
            "module.eks_blueprints_addons_lbc.module.aws_privateca_issuer.data.aws_caller_identity.current",
            "module.eks_blueprints_addons_lbc.module.aws_privateca_issuer.data.aws_iam_policy_document.assume",
            "module.eks_blueprints_addons_lbc.module.aws_privateca_issuer.data.aws_iam_policy_document.this",
            "module.eks_blueprints_addons_lbc.module.aws_privateca_issuer.data.aws_partition.current",
            "module.eks_blueprints_addons_lbc.module.aws_privateca_issuer.helm_release.this",
            "module.eks_blueprints_addons_lbc.module.bottlerocket_shadow.aws_iam_policy.this",
            "module.eks_blueprints_addons_lbc.module.bottlerocket_shadow.aws_iam_role.this",
            "module.eks_blueprints_addons_lbc.module.bottlerocket_shadow.aws_iam_role_policy_attachment.additional",
            "module.eks_blueprints_addons_lbc.module.bottlerocket_shadow.aws_iam_role_policy_attachment.this",
            "module.eks_blueprints_addons_lbc.module.bottlerocket_shadow.data.aws_caller_identity.current",
            "module.eks_blueprints_addons_lbc.module.bottlerocket_shadow.data.aws_iam_policy_document.assume",
            "module.eks_blueprints_addons_lbc.module.bottlerocket_shadow.data.aws_iam_policy_document.this",
            "module.eks_blueprints_addons_lbc.module.bottlerocket_shadow.data.aws_partition.current",
            "module.eks_blueprints_addons_lbc.module.bottlerocket_shadow.helm_release.this",
            "module.eks_blueprints_addons_lbc.module.bottlerocket_update_operator.aws_iam_policy.this",
            "module.eks_blueprints_addons_lbc.module.bottlerocket_update_operator.aws_iam_role.this",
            "module.eks_blueprints_addons_lbc.module.bottlerocket_update_operator.aws_iam_role_policy_attachment.additional",
            "module.eks_blueprints_addons_lbc.module.bottlerocket_update_operator.aws_iam_role_policy_attachment.this",
            "module.eks_blueprints_addons_lbc.module.bottlerocket_update_operator.data.aws_caller_identity.current",
            "module.eks_blueprints_addons_lbc.module.bottlerocket_update_operator.data.aws_iam_policy_document.assume",
            "module.eks_blueprints_addons_lbc.module.bottlerocket_update_operator.data.aws_iam_policy_document.this",
            "module.eks_blueprints_addons_lbc.module.bottlerocket_update_operator.data.aws_partition.current",
            "module.eks_blueprints_addons_lbc.module.bottlerocket_update_operator.helm_release.this",
            "module.eks_blueprints_addons_lbc.module.cert_manager.aws_iam_policy.this",
            "module.eks_blueprints_addons_lbc.module.cert_manager.aws_iam_role.this",
            "module.eks_blueprints_addons_lbc.module.cert_manager.aws_iam_role_policy_attachment.additional",
            "module.eks_blueprints_addons_lbc.module.cert_manager.aws_iam_role_policy_attachment.this",
            "module.eks_blueprints_addons_lbc.module.cert_manager.data.aws_caller_identity.current",
            "module.eks_blueprints_addons_lbc.module.cert_manager.data.aws_iam_policy_document.assume",
            "module.eks_blueprints_addons_lbc.module.cert_manager.data.aws_iam_policy_document.this",
            "module.eks_blueprints_addons_lbc.module.cert_manager.data.aws_partition.current",
            "module.eks_blueprints_addons_lbc.module.cert_manager.helm_release.this",
            "module.eks_blueprints_addons_lbc.module.cluster_autoscaler.aws_iam_policy.this",
            "module.eks_blueprints_addons_lbc.module.cluster_autoscaler.aws_iam_role.this",
            "module.eks_blueprints_addons_lbc.module.cluster_autoscaler.aws_iam_role_policy_attachment.additional",
            "module.eks_blueprints_addons_lbc.module.cluster_autoscaler.aws_iam_role_policy_attachment.this",
            "module.eks_blueprints_addons_lbc.module.cluster_autoscaler.data.aws_caller_identity.current",
            "module.eks_blueprints_addons_lbc.module.cluster_autoscaler.data.aws_iam_policy_document.assume",
            "module.eks_blueprints_addons_lbc.module.cluster_autoscaler.data.aws_iam_policy_document.this",
            "module.eks_blueprints_addons_lbc.module.cluster_autoscaler.data.aws_partition.current",
            "module.eks_blueprints_addons_lbc.module.cluster_autoscaler.helm_release.this",
            "module.eks_blueprints_addons_lbc.module.cluster_proportional_autoscaler.aws_iam_policy.this",
            "module.eks_blueprints_addons_lbc.module.cluster_proportional_autoscaler.aws_iam_role.this",
            "module.eks_blueprints_addons_lbc.module.cluster_proportional_autoscaler.aws_iam_role_policy_attachment.additional",
            "module.eks_blueprints_addons_lbc.module.cluster_proportional_autoscaler.aws_iam_role_policy_attachment.this",
            "module.eks_blueprints_addons_lbc.module.cluster_proportional_autoscaler.data.aws_caller_identity.current",
            "module.eks_blueprints_addons_lbc.module.cluster_proportional_autoscaler.data.aws_iam_policy_document.assume",
            "module.eks_blueprints_addons_lbc.module.cluster_proportional_autoscaler.data.aws_iam_policy_document.this",
            "module.eks_blueprints_addons_lbc.module.cluster_proportional_autoscaler.data.aws_partition.current",
            "module.eks_blueprints_addons_lbc.module.cluster_proportional_autoscaler.helm_release.this",
            "module.eks_blueprints_addons_lbc.module.external_dns.aws_iam_policy.this",
            "module.eks_blueprints_addons_lbc.module.external_dns.aws_iam_role.this",
            "module.eks_blueprints_addons_lbc.module.external_dns.aws_iam_role_policy_attachment.additional",
            "module.eks_blueprints_addons_lbc.module.external_dns.aws_iam_role_policy_attachment.this",
            "module.eks_blueprints_addons_lbc.module.external_dns.data.aws_caller_identity.current",
            "module.eks_blueprints_addons_lbc.module.external_dns.data.aws_iam_policy_document.assume",
            "module.eks_blueprints_addons_lbc.module.external_dns.data.aws_iam_policy_document.this",
            "module.eks_blueprints_addons_lbc.module.external_dns.data.aws_partition.current",
            "module.eks_blueprints_addons_lbc.module.external_dns.helm_release.this",
            "module.eks_blueprints_addons_lbc.module.external_secrets.aws_iam_policy.this",
            "module.eks_blueprints_addons_lbc.module.external_secrets.aws_iam_role.this",
            "module.eks_blueprints_addons_lbc.module.external_secrets.aws_iam_role_policy_attachment.additional",
            "module.eks_blueprints_addons_lbc.module.external_secrets.aws_iam_role_policy_attachment.this",
            "module.eks_blueprints_addons_lbc.module.external_secrets.data.aws_caller_identity.current",
            "module.eks_blueprints_addons_lbc.module.external_secrets.data.aws_iam_policy_document.assume",
            "module.eks_blueprints_addons_lbc.module.external_secrets.data.aws_iam_policy_document.this",
            "module.eks_blueprints_addons_lbc.module.external_secrets.data.aws_partition.current",
            "module.eks_blueprints_addons_lbc.module.external_secrets.helm_release.this",
            "module.eks_blueprints_addons_lbc.module.gatekeeper.aws_iam_policy.this",
            "module.eks_blueprints_addons_lbc.module.gatekeeper.aws_iam_role.this",
            "module.eks_blueprints_addons_lbc.module.gatekeeper.aws_iam_role_policy_attachment.additional",
            "module.eks_blueprints_addons_lbc.module.gatekeeper.aws_iam_role_policy_attachment.this",
            "module.eks_blueprints_addons_lbc.module.gatekeeper.data.aws_caller_identity.current",
            "module.eks_blueprints_addons_lbc.module.gatekeeper.data.aws_iam_policy_document.assume",
            "module.eks_blueprints_addons_lbc.module.gatekeeper.data.aws_iam_policy_document.this",
            "module.eks_blueprints_addons_lbc.module.gatekeeper.data.aws_partition.current",
            "module.eks_blueprints_addons_lbc.module.gatekeeper.helm_release.this",
            "module.eks_blueprints_addons_lbc.module.ingress_nginx.aws_iam_policy.this",
            "module.eks_blueprints_addons_lbc.module.ingress_nginx.aws_iam_role.this",
            "module.eks_blueprints_addons_lbc.module.ingress_nginx.aws_iam_role_policy_attachment.additional",
            "module.eks_blueprints_addons_lbc.module.ingress_nginx.aws_iam_role_policy_attachment.this",
            "module.eks_blueprints_addons_lbc.module.ingress_nginx.data.aws_caller_identity.current",
            "module.eks_blueprints_addons_lbc.module.ingress_nginx.data.aws_iam_policy_document.assume",
            "module.eks_blueprints_addons_lbc.module.ingress_nginx.data.aws_iam_policy_document.this",
            "module.eks_blueprints_addons_lbc.module.ingress_nginx.data.aws_partition.current",
            "module.eks_blueprints_addons_lbc.module.ingress_nginx.helm_release.this",
            "module.eks_blueprints_addons_lbc.module.karpenter.aws_iam_policy.this",
            "module.eks_blueprints_addons_lbc.module.karpenter.aws_iam_role.this",
            "module.eks_blueprints_addons_lbc.module.karpenter.aws_iam_role_policy_attachment.additional",
            "module.eks_blueprints_addons_lbc.module.karpenter.aws_iam_role_policy_attachment.this",
            "module.eks_blueprints_addons_lbc.module.karpenter.data.aws_caller_identity.current",
            "module.eks_blueprints_addons_lbc.module.karpenter.data.aws_iam_policy_document.assume",
            "module.eks_blueprints_addons_lbc.module.karpenter.data.aws_iam_policy_document.this",
            "module.eks_blueprints_addons_lbc.module.karpenter.data.aws_partition.current",
            "module.eks_blueprints_addons_lbc.module.karpenter.helm_release.this",
            "module.eks_blueprints_addons_lbc.module.karpenter_sqs.aws_sqs_queue.dlq",
            "module.eks_blueprints_addons_lbc.module.karpenter_sqs.aws_sqs_queue.this",
            "module.eks_blueprints_addons_lbc.module.karpenter_sqs.aws_sqs_queue_policy.dlq",
            "module.eks_blueprints_addons_lbc.module.karpenter_sqs.aws_sqs_queue_policy.this",
            "module.eks_blueprints_addons_lbc.module.karpenter_sqs.aws_sqs_queue_redrive_allow_policy.dlq",
            "module.eks_blueprints_addons_lbc.module.karpenter_sqs.aws_sqs_queue_redrive_allow_policy.this",
            "module.eks_blueprints_addons_lbc.module.karpenter_sqs.aws_sqs_queue_redrive_policy.dlq",
            "module.eks_blueprints_addons_lbc.module.karpenter_sqs.aws_sqs_queue_redrive_policy.this",
            "module.eks_blueprints_addons_lbc.module.karpenter_sqs.data.aws_iam_policy_document.dlq",
            "module.eks_blueprints_addons_lbc.module.karpenter_sqs.data.aws_iam_policy_document.this",
            "module.eks_blueprints_addons_lbc.module.kube_prometheus_stack.aws_iam_policy.this",
            "module.eks_blueprints_addons_lbc.module.kube_prometheus_stack.aws_iam_role.this",
            "module.eks_blueprints_addons_lbc.module.kube_prometheus_stack.aws_iam_role_policy_attachment.additional",
            "module.eks_blueprints_addons_lbc.module.kube_prometheus_stack.aws_iam_role_policy_attachment.this",
            "module.eks_blueprints_addons_lbc.module.kube_prometheus_stack.data.aws_caller_identity.current",
            "module.eks_blueprints_addons_lbc.module.kube_prometheus_stack.data.aws_iam_policy_document.assume",
            "module.eks_blueprints_addons_lbc.module.kube_prometheus_stack.data.aws_iam_policy_document.this",
            "module.eks_blueprints_addons_lbc.module.kube_prometheus_stack.data.aws_partition.current",
            "module.eks_blueprints_addons_lbc.module.kube_prometheus_stack.helm_release.this",
            "module.eks_blueprints_addons_lbc.module.metrics_server.aws_iam_policy.this",
            "module.eks_blueprints_addons_lbc.module.metrics_server.aws_iam_role.this",
            "module.eks_blueprints_addons_lbc.module.metrics_server.aws_iam_role_policy_attachment.additional",
            "module.eks_blueprints_addons_lbc.module.metrics_server.aws_iam_role_policy_attachment.this",
            "module.eks_blueprints_addons_lbc.module.metrics_server.data.aws_caller_identity.current",
            "module.eks_blueprints_addons_lbc.module.metrics_server.data.aws_iam_policy_document.assume",
            "module.eks_blueprints_addons_lbc.module.metrics_server.data.aws_iam_policy_document.this",
            "module.eks_blueprints_addons_lbc.module.metrics_server.data.aws_partition.current",
            "module.eks_blueprints_addons_lbc.module.metrics_server.helm_release.this",
            "module.eks_blueprints_addons_lbc.module.secrets_store_csi_driver.aws_iam_policy.this",
            "module.eks_blueprints_addons_lbc.module.secrets_store_csi_driver.aws_iam_role.this",
            "module.eks_blueprints_addons_lbc.module.secrets_store_csi_driver.aws_iam_role_policy_attachment.additional",
            "module.eks_blueprints_addons_lbc.module.secrets_store_csi_driver.aws_iam_role_policy_attachment.this",
            "module.eks_blueprints_addons_lbc.module.secrets_store_csi_driver.data.aws_caller_identity.current",
            "module.eks_blueprints_addons_lbc.module.secrets_store_csi_driver.data.aws_iam_policy_document.assume",
            "module.eks_blueprints_addons_lbc.module.secrets_store_csi_driver.data.aws_iam_policy_document.this",
            "module.eks_blueprints_addons_lbc.module.secrets_store_csi_driver.data.aws_partition.current",
            "module.eks_blueprints_addons_lbc.module.secrets_store_csi_driver.helm_release.this",
            "module.eks_blueprints_addons_lbc.module.secrets_store_csi_driver_provider_aws.aws_iam_policy.this",
            "module.eks_blueprints_addons_lbc.module.secrets_store_csi_driver_provider_aws.aws_iam_role.this",
            "module.eks_blueprints_addons_lbc.module.secrets_store_csi_driver_provider_aws.aws_iam_role_policy_attachment.additional",
            "module.eks_blueprints_addons_lbc.module.secrets_store_csi_driver_provider_aws.aws_iam_role_policy_attachment.this",
            "module.eks_blueprints_addons_lbc.module.secrets_store_csi_driver_provider_aws.data.aws_caller_identity.current",
            "module.eks_blueprints_addons_lbc.module.secrets_store_csi_driver_provider_aws.data.aws_iam_policy_document.assume",
            "module.eks_blueprints_addons_lbc.module.secrets_store_csi_driver_provider_aws.data.aws_iam_policy_document.this",
            "module.eks_blueprints_addons_lbc.module.secrets_store_csi_driver_provider_aws.data.aws_partition.current",
            "module.eks_blueprints_addons_lbc.module.secrets_store_csi_driver_provider_aws.helm_release.this",
            "module.eks_blueprints_addons_lbc.module.velero.aws_iam_policy.this",
            "module.eks_blueprints_addons_lbc.module.velero.aws_iam_role.this",
            "module.eks_blueprints_addons_lbc.module.velero.aws_iam_role_policy_attachment.additional",
            "module.eks_blueprints_addons_lbc.module.velero.aws_iam_role_policy_attachment.this",
            "module.eks_blueprints_addons_lbc.module.velero.data.aws_caller_identity.current",
            "module.eks_blueprints_addons_lbc.module.velero.data.aws_iam_policy_document.assume",
            "module.eks_blueprints_addons_lbc.module.velero.data.aws_iam_policy_document.this",
            "module.eks_blueprints_addons_lbc.module.velero.data.aws_partition.current",
            "module.eks_blueprints_addons_lbc.module.velero.helm_release.this",
            "module.eks_blueprints_addons_lbc.module.vpa.aws_iam_policy.this",
            "module.eks_blueprints_addons_lbc.module.vpa.aws_iam_role.this",
            "module.eks_blueprints_addons_lbc.module.vpa.aws_iam_role_policy_attachment.additional",
            "module.eks_blueprints_addons_lbc.module.vpa.aws_iam_role_policy_attachment.this",
            "module.eks_blueprints_addons_lbc.module.vpa.data.aws_caller_identity.current",
            "module.eks_blueprints_addons_lbc.module.vpa.data.aws_iam_policy_document.assume",
            "module.eks_blueprints_addons_lbc.module.vpa.data.aws_iam_policy_document.this",
            "module.eks_blueprints_addons_lbc.module.vpa.data.aws_partition.current",
            "module.eks_blueprints_addons_lbc.module.vpa.helm_release.this",
            "module.eks_blueprints_addons_lbc.random_bytes.this",
            "module.eks_blueprints_addons_lbc.time_sleep.this",
            "null_resource.ingress_cleanup",
            "null_resource.wait_for_aws_lb_controller"
          ]
        }
      ]
    },
    {
      "mode": "managed",
      "type": "kubernetes_ingress_v1",
      "name": "grafana",
      "provider": "provider[\"registry.terraform.io/hashicorp/kubernetes\"]",
      "instances": [
        {
          "schema_version": 0,
          "attributes": {
            "id": "monitoring/grafana-ingress",
            "metadata": [
              {
                "annotations": {},
                "generate_name": "",
                "generation": 2,
                "labels": {},
                "name": "grafana-ingress",
                "namespace": "monitoring",
                "resource_version": "15880",
                "uid": "bd50ade4-805e-448a-bbe8-6a93ea06b062"
              }
            ],
            "spec": [
              {
                "default_backend": [],
                "ingress_class_name": "nginx",
                "rule": [
                  {
                    "host": "grafana.dev.ybort.shop",
                    "http": [
                      {
                        "path": [
                          {
                            "backend": [
                              {
                                "resource": [],
                                "service": [
                                  {
                                    "name": "kube-prometheus-stack-grafana",
                                    "port": [
                                      {
                                        "name": "",
                                        "number": 80
                                      }
                                    ]
                                  }
                                ]
                              }
                            ],
                            "path": "/",
                            "path_type": "Prefix"
                          }
                        ]
                      }
                    ]
                  }
                ],
                "tls": []
              }
            ],
            "status": [
              {
                "load_balancer": [
                  {
                    "ingress": [
                      {
                        "hostname": "",
                        "ip": "172.20.152.74"
                      }
                    ]
                  }
                ]
              }
            ],
            "timeouts": null,
            "wait_for_load_balancer": null
          },
          "sensitive_attributes": [],
          "private": "eyJlMmJmYjczMC1lY2FhLTExZTYtOGY4OC0zNDM2M2JjN2M0YzAiOnsiY3JlYXRlIjoxMjAwMDAwMDAwMDAwLCJkZWxldGUiOjEyMDAwMDAwMDAwMDB9fQ==",
          "dependencies": [
            "aws_eks_pod_identity_association.aws_lbc",
            "aws_eks_pod_identity_association.ebs_csi_driver",
            "aws_iam_role.aws_lbc",
            "aws_iam_role.ebs_csi_driver",
            "aws_iam_role_policy.aws_lbc",
            "aws_iam_role_policy_attachment.ebs_csi_driver",
            "data.aws_acm_certificate.cert",
            "data.aws_iam_policy_document.aws_lbc",
            "data.aws_iam_policy_document.aws_lbc_assume",
            "data.aws_iam_policy_document.ebs_csi_driver",
            "data.aws_route53_zone.zone",
            "helm_release.nginx",
            "kubernetes_ingress_v1.alb_nginx",
            "module.acm.aws_acm_certificate.this",
            "module.acm.aws_acm_certificate_validation.this",
            "module.acm.aws_route53_record.validation",
            "module.eks_blueprints_addons.aws_autoscaling_group_tag.aws_node_termination_handler",
            "module.eks_blueprints_addons.aws_autoscaling_lifecycle_hook.aws_node_termination_handler",
            "module.eks_blueprints_addons.aws_cloudformation_stack.usage_telemetry",
            "module.eks_blueprints_addons.aws_cloudwatch_event_rule.aws_node_termination_handler",
            "module.eks_blueprints_addons.aws_cloudwatch_event_rule.karpenter",
            "module.eks_blueprints_addons.aws_cloudwatch_event_target.aws_node_termination_handler",
            "module.eks_blueprints_addons.aws_cloudwatch_event_target.karpenter",
            "module.eks_blueprints_addons.aws_cloudwatch_log_group.aws_for_fluentbit",
            "module.eks_blueprints_addons.aws_cloudwatch_log_group.fargate_fluentbit",
            "module.eks_blueprints_addons.aws_eks_addon.this",
            "module.eks_blueprints_addons.aws_iam_instance_profile.karpenter",
            "module.eks_blueprints_addons.aws_iam_policy.fargate_fluentbit",
            "module.eks_blueprints_addons.aws_iam_role.karpenter",
            "module.eks_blueprints_addons.aws_iam_role_policy_attachment.additional",
            "module.eks_blueprints_addons.aws_iam_role_policy_attachment.karpenter",
            "module.eks_blueprints_addons.data.aws_caller_identity.current",
            "module.eks_blueprints_addons.data.aws_eks_addon_version.this",
            "module.eks_blueprints_addons.data.aws_iam_policy_document.aws_efs_csi_driver",
            "module.eks_blueprints_addons.data.aws_iam_policy_document.aws_for_fluentbit",
            "module.eks_blueprints_addons.data.aws_iam_policy_document.aws_fsx_csi_driver",
            "module.eks_blueprints_addons.data.aws_iam_policy_document.aws_gateway_api_controller",
            "module.eks_blueprints_addons.data.aws_iam_policy_document.aws_load_balancer_controller",
            "module.eks_blueprints_addons.data.aws_iam_policy_document.aws_node_termination_handler",
            "module.eks_blueprints_addons.data.aws_iam_policy_document.aws_privateca_issuer",
            "module.eks_blueprints_addons.data.aws_iam_policy_document.cert_manager",
            "module.eks_blueprints_addons.data.aws_iam_policy_document.cluster_autoscaler",
            "module.eks_blueprints_addons.data.aws_iam_policy_document.external_dns",
            "module.eks_blueprints_addons.data.aws_iam_policy_document.external_secrets",
            "module.eks_blueprints_addons.data.aws_iam_policy_document.fargate_fluentbit",
            "module.eks_blueprints_addons.data.aws_iam_policy_document.karpenter",
            "module.eks_blueprints_addons.data.aws_iam_policy_document.karpenter_assume_role",
            "module.eks_blueprints_addons.data.aws_iam_policy_document.velero",
            "module.eks_blueprints_addons.data.aws_partition.current",
            "module.eks_blueprints_addons.data.aws_region.current",
            "module.eks_blueprints_addons.helm_release.this",
            "module.eks_blueprints_addons.kubernetes_config_map_v1.aws_logging",
            "module.eks_blueprints_addons.kubernetes_config_map_v1_data.aws_for_fluentbit_containerinsights",
            "module.eks_blueprints_addons.kubernetes_namespace_v1.aws_observability",
            "module.eks_blueprints_addons.module.argo_events.aws_iam_policy.this",
            "module.eks_blueprints_addons.module.argo_events.aws_iam_role.this",
            "module.eks_blueprints_addons.module.argo_events.aws_iam_role_policy_attachment.additional",
            "module.eks_blueprints_addons.module.argo_events.aws_iam_role_policy_attachment.this",
            "module.eks_blueprints_addons.module.argo_events.data.aws_caller_identity.current",
            "module.eks_blueprints_addons.module.argo_events.data.aws_iam_policy_document.assume",
            "module.eks_blueprints_addons.module.argo_events.data.aws_iam_policy_document.this",
            "module.eks_blueprints_addons.module.argo_events.data.aws_partition.current",
            "module.eks_blueprints_addons.module.argo_events.helm_release.this",
            "module.eks_blueprints_addons.module.argo_rollouts.aws_iam_policy.this",
            "module.eks_blueprints_addons.module.argo_rollouts.aws_iam_role.this",
            "module.eks_blueprints_addons.module.argo_rollouts.aws_iam_role_policy_attachment.additional",
            "module.eks_blueprints_addons.module.argo_rollouts.aws_iam_role_policy_attachment.this",
            "module.eks_blueprints_addons.module.argo_rollouts.data.aws_caller_identity.current",
            "module.eks_blueprints_addons.module.argo_rollouts.data.aws_iam_policy_document.assume",
            "module.eks_blueprints_addons.module.argo_rollouts.data.aws_iam_policy_document.this",
            "module.eks_blueprints_addons.module.argo_rollouts.data.aws_partition.current",
            "module.eks_blueprints_addons.module.argo_rollouts.helm_release.this",
            "module.eks_blueprints_addons.module.argo_workflows.aws_iam_policy.this",
            "module.eks_blueprints_addons.module.argo_workflows.aws_iam_role.this",
            "module.eks_blueprints_addons.module.argo_workflows.aws_iam_role_policy_attachment.additional",
            "module.eks_blueprints_addons.module.argo_workflows.aws_iam_role_policy_attachment.this",
            "module.eks_blueprints_addons.module.argo_workflows.data.aws_caller_identity.current",
            "module.eks_blueprints_addons.module.argo_workflows.data.aws_iam_policy_document.assume",
            "module.eks_blueprints_addons.module.argo_workflows.data.aws_iam_policy_document.this",
            "module.eks_blueprints_addons.module.argo_workflows.data.aws_partition.current",
            "module.eks_blueprints_addons.module.argo_workflows.helm_release.this",
            "module.eks_blueprints_addons.module.argocd.aws_iam_policy.this",
            "module.eks_blueprints_addons.module.argocd.aws_iam_role.this",
            "module.eks_blueprints_addons.module.argocd.aws_iam_role_policy_attachment.additional",
            "module.eks_blueprints_addons.module.argocd.aws_iam_role_policy_attachment.this",
            "module.eks_blueprints_addons.module.argocd.data.aws_caller_identity.current",
            "module.eks_blueprints_addons.module.argocd.data.aws_iam_policy_document.assume",
            "module.eks_blueprints_addons.module.argocd.data.aws_iam_policy_document.this",
            "module.eks_blueprints_addons.module.argocd.data.aws_partition.current",
            "module.eks_blueprints_addons.module.argocd.helm_release.this",
            "module.eks_blueprints_addons.module.aws_cloudwatch_metrics.aws_iam_policy.this",
            "module.eks_blueprints_addons.module.aws_cloudwatch_metrics.aws_iam_role.this",
            "module.eks_blueprints_addons.module.aws_cloudwatch_metrics.aws_iam_role_policy_attachment.additional",
            "module.eks_blueprints_addons.module.aws_cloudwatch_metrics.aws_iam_role_policy_attachment.this",
            "module.eks_blueprints_addons.module.aws_cloudwatch_metrics.data.aws_caller_identity.current",
            "module.eks_blueprints_addons.module.aws_cloudwatch_metrics.data.aws_iam_policy_document.assume",
            "module.eks_blueprints_addons.module.aws_cloudwatch_metrics.data.aws_iam_policy_document.this",
            "module.eks_blueprints_addons.module.aws_cloudwatch_metrics.data.aws_partition.current",
            "module.eks_blueprints_addons.module.aws_cloudwatch_metrics.helm_release.this",
            "module.eks_blueprints_addons.module.aws_efs_csi_driver.aws_iam_policy.this",
            "module.eks_blueprints_addons.module.aws_efs_csi_driver.aws_iam_role.this",
            "module.eks_blueprints_addons.module.aws_efs_csi_driver.aws_iam_role_policy_attachment.additional",
            "module.eks_blueprints_addons.module.aws_efs_csi_driver.aws_iam_role_policy_attachment.this",
            "module.eks_blueprints_addons.module.aws_efs_csi_driver.data.aws_caller_identity.current",
            "module.eks_blueprints_addons.module.aws_efs_csi_driver.data.aws_iam_policy_document.assume",
            "module.eks_blueprints_addons.module.aws_efs_csi_driver.data.aws_iam_policy_document.this",
            "module.eks_blueprints_addons.module.aws_efs_csi_driver.data.aws_partition.current",
            "module.eks_blueprints_addons.module.aws_efs_csi_driver.helm_release.this",
            "module.eks_blueprints_addons.module.aws_for_fluentbit.aws_iam_policy.this",
            "module.eks_blueprints_addons.module.aws_for_fluentbit.aws_iam_role.this",
            "module.eks_blueprints_addons.module.aws_for_fluentbit.aws_iam_role_policy_attachment.additional",
            "module.eks_blueprints_addons.module.aws_for_fluentbit.aws_iam_role_policy_attachment.this",
            "module.eks_blueprints_addons.module.aws_for_fluentbit.data.aws_caller_identity.current",
            "module.eks_blueprints_addons.module.aws_for_fluentbit.data.aws_iam_policy_document.assume",
            "module.eks_blueprints_addons.module.aws_for_fluentbit.data.aws_iam_policy_document.this",
            "module.eks_blueprints_addons.module.aws_for_fluentbit.data.aws_partition.current",
            "module.eks_blueprints_addons.module.aws_for_fluentbit.helm_release.this",
            "module.eks_blueprints_addons.module.aws_fsx_csi_driver.aws_iam_policy.this",
            "module.eks_blueprints_addons.module.aws_fsx_csi_driver.aws_iam_role.this",
            "module.eks_blueprints_addons.module.aws_fsx_csi_driver.aws_iam_role_policy_attachment.additional",
            "module.eks_blueprints_addons.module.aws_fsx_csi_driver.aws_iam_role_policy_attachment.this",
            "module.eks_blueprints_addons.module.aws_fsx_csi_driver.data.aws_caller_identity.current",
            "module.eks_blueprints_addons.module.aws_fsx_csi_driver.data.aws_iam_policy_document.assume",
            "module.eks_blueprints_addons.module.aws_fsx_csi_driver.data.aws_iam_policy_document.this",
            "module.eks_blueprints_addons.module.aws_fsx_csi_driver.data.aws_partition.current",
            "module.eks_blueprints_addons.module.aws_fsx_csi_driver.helm_release.this",
            "module.eks_blueprints_addons.module.aws_gateway_api_controller.aws_iam_policy.this",
            "module.eks_blueprints_addons.module.aws_gateway_api_controller.aws_iam_role.this",
            "module.eks_blueprints_addons.module.aws_gateway_api_controller.aws_iam_role_policy_attachment.additional",
            "module.eks_blueprints_addons.module.aws_gateway_api_controller.aws_iam_role_policy_attachment.this",
            "module.eks_blueprints_addons.module.aws_gateway_api_controller.data.aws_caller_identity.current",
            "module.eks_blueprints_addons.module.aws_gateway_api_controller.data.aws_iam_policy_document.assume",
            "module.eks_blueprints_addons.module.aws_gateway_api_controller.data.aws_iam_policy_document.this",
            "module.eks_blueprints_addons.module.aws_gateway_api_controller.data.aws_partition.current",
            "module.eks_blueprints_addons.module.aws_gateway_api_controller.helm_release.this",
            "module.eks_blueprints_addons.module.aws_load_balancer_controller.aws_iam_policy.this",
            "module.eks_blueprints_addons.module.aws_load_balancer_controller.aws_iam_role.this",
            "module.eks_blueprints_addons.module.aws_load_balancer_controller.aws_iam_role_policy_attachment.additional",
            "module.eks_blueprints_addons.module.aws_load_balancer_controller.aws_iam_role_policy_attachment.this",
            "module.eks_blueprints_addons.module.aws_load_balancer_controller.data.aws_caller_identity.current",
            "module.eks_blueprints_addons.module.aws_load_balancer_controller.data.aws_iam_policy_document.assume",
            "module.eks_blueprints_addons.module.aws_load_balancer_controller.data.aws_iam_policy_document.this",
            "module.eks_blueprints_addons.module.aws_load_balancer_controller.data.aws_partition.current",
            "module.eks_blueprints_addons.module.aws_load_balancer_controller.helm_release.this",
            "module.eks_blueprints_addons.module.aws_node_termination_handler.aws_iam_policy.this",
            "module.eks_blueprints_addons.module.aws_node_termination_handler.aws_iam_role.this",
            "module.eks_blueprints_addons.module.aws_node_termination_handler.aws_iam_role_policy_attachment.additional",
            "module.eks_blueprints_addons.module.aws_node_termination_handler.aws_iam_role_policy_attachment.this",
            "module.eks_blueprints_addons.module.aws_node_termination_handler.data.aws_caller_identity.current",
            "module.eks_blueprints_addons.module.aws_node_termination_handler.data.aws_iam_policy_document.assume",
            "module.eks_blueprints_addons.module.aws_node_termination_handler.data.aws_iam_policy_document.this",
            "module.eks_blueprints_addons.module.aws_node_termination_handler.data.aws_partition.current",
            "module.eks_blueprints_addons.module.aws_node_termination_handler.helm_release.this",
            "module.eks_blueprints_addons.module.aws_node_termination_handler_sqs.aws_sqs_queue.dlq",
            "module.eks_blueprints_addons.module.aws_node_termination_handler_sqs.aws_sqs_queue.this",
            "module.eks_blueprints_addons.module.aws_node_termination_handler_sqs.aws_sqs_queue_policy.dlq",
            "module.eks_blueprints_addons.module.aws_node_termination_handler_sqs.aws_sqs_queue_policy.this",
            "module.eks_blueprints_addons.module.aws_node_termination_handler_sqs.aws_sqs_queue_redrive_allow_policy.dlq",
            "module.eks_blueprints_addons.module.aws_node_termination_handler_sqs.aws_sqs_queue_redrive_allow_policy.this",
            "module.eks_blueprints_addons.module.aws_node_termination_handler_sqs.aws_sqs_queue_redrive_policy.dlq",
            "module.eks_blueprints_addons.module.aws_node_termination_handler_sqs.aws_sqs_queue_redrive_policy.this",
            "module.eks_blueprints_addons.module.aws_node_termination_handler_sqs.data.aws_iam_policy_document.dlq",
            "module.eks_blueprints_addons.module.aws_node_termination_handler_sqs.data.aws_iam_policy_document.this",
            "module.eks_blueprints_addons.module.aws_privateca_issuer.aws_iam_policy.this",
            "module.eks_blueprints_addons.module.aws_privateca_issuer.aws_iam_role.this",
            "module.eks_blueprints_addons.module.aws_privateca_issuer.aws_iam_role_policy_attachment.additional",
            "module.eks_blueprints_addons.module.aws_privateca_issuer.aws_iam_role_policy_attachment.this",
            "module.eks_blueprints_addons.module.aws_privateca_issuer.data.aws_caller_identity.current",
            "module.eks_blueprints_addons.module.aws_privateca_issuer.data.aws_iam_policy_document.assume",
            "module.eks_blueprints_addons.module.aws_privateca_issuer.data.aws_iam_policy_document.this",
            "module.eks_blueprints_addons.module.aws_privateca_issuer.data.aws_partition.current",
            "module.eks_blueprints_addons.module.aws_privateca_issuer.helm_release.this",
            "module.eks_blueprints_addons.module.bottlerocket_shadow.aws_iam_policy.this",
            "module.eks_blueprints_addons.module.bottlerocket_shadow.aws_iam_role.this",
            "module.eks_blueprints_addons.module.bottlerocket_shadow.aws_iam_role_policy_attachment.additional",
            "module.eks_blueprints_addons.module.bottlerocket_shadow.aws_iam_role_policy_attachment.this",
            "module.eks_blueprints_addons.module.bottlerocket_shadow.data.aws_caller_identity.current",
            "module.eks_blueprints_addons.module.bottlerocket_shadow.data.aws_iam_policy_document.assume",
            "module.eks_blueprints_addons.module.bottlerocket_shadow.data.aws_iam_policy_document.this",
            "module.eks_blueprints_addons.module.bottlerocket_shadow.data.aws_partition.current",
            "module.eks_blueprints_addons.module.bottlerocket_shadow.helm_release.this",
            "module.eks_blueprints_addons.module.bottlerocket_update_operator.aws_iam_policy.this",
            "module.eks_blueprints_addons.module.bottlerocket_update_operator.aws_iam_role.this",
            "module.eks_blueprints_addons.module.bottlerocket_update_operator.aws_iam_role_policy_attachment.additional",
            "module.eks_blueprints_addons.module.bottlerocket_update_operator.aws_iam_role_policy_attachment.this",
            "module.eks_blueprints_addons.module.bottlerocket_update_operator.data.aws_caller_identity.current",
            "module.eks_blueprints_addons.module.bottlerocket_update_operator.data.aws_iam_policy_document.assume",
            "module.eks_blueprints_addons.module.bottlerocket_update_operator.data.aws_iam_policy_document.this",
            "module.eks_blueprints_addons.module.bottlerocket_update_operator.data.aws_partition.current",
            "module.eks_blueprints_addons.module.bottlerocket_update_operator.helm_release.this",
            "module.eks_blueprints_addons.module.cert_manager.aws_iam_policy.this",
            "module.eks_blueprints_addons.module.cert_manager.aws_iam_role.this",
            "module.eks_blueprints_addons.module.cert_manager.aws_iam_role_policy_attachment.additional",
            "module.eks_blueprints_addons.module.cert_manager.aws_iam_role_policy_attachment.this",
            "module.eks_blueprints_addons.module.cert_manager.data.aws_caller_identity.current",
            "module.eks_blueprints_addons.module.cert_manager.data.aws_iam_policy_document.assume",
            "module.eks_blueprints_addons.module.cert_manager.data.aws_iam_policy_document.this",
            "module.eks_blueprints_addons.module.cert_manager.data.aws_partition.current",
            "module.eks_blueprints_addons.module.cert_manager.helm_release.this",
            "module.eks_blueprints_addons.module.cluster_autoscaler.aws_iam_policy.this",
            "module.eks_blueprints_addons.module.cluster_autoscaler.aws_iam_role.this",
            "module.eks_blueprints_addons.module.cluster_autoscaler.aws_iam_role_policy_attachment.additional",
            "module.eks_blueprints_addons.module.cluster_autoscaler.aws_iam_role_policy_attachment.this",
            "module.eks_blueprints_addons.module.cluster_autoscaler.data.aws_caller_identity.current",
            "module.eks_blueprints_addons.module.cluster_autoscaler.data.aws_iam_policy_document.assume",
            "module.eks_blueprints_addons.module.cluster_autoscaler.data.aws_iam_policy_document.this",
            "module.eks_blueprints_addons.module.cluster_autoscaler.data.aws_partition.current",
            "module.eks_blueprints_addons.module.cluster_autoscaler.helm_release.this",
            "module.eks_blueprints_addons.module.cluster_proportional_autoscaler.aws_iam_policy.this",
            "module.eks_blueprints_addons.module.cluster_proportional_autoscaler.aws_iam_role.this",
            "module.eks_blueprints_addons.module.cluster_proportional_autoscaler.aws_iam_role_policy_attachment.additional",
            "module.eks_blueprints_addons.module.cluster_proportional_autoscaler.aws_iam_role_policy_attachment.this",
            "module.eks_blueprints_addons.module.cluster_proportional_autoscaler.data.aws_caller_identity.current",
            "module.eks_blueprints_addons.module.cluster_proportional_autoscaler.data.aws_iam_policy_document.assume",
            "module.eks_blueprints_addons.module.cluster_proportional_autoscaler.data.aws_iam_policy_document.this",
            "module.eks_blueprints_addons.module.cluster_proportional_autoscaler.data.aws_partition.current",
            "module.eks_blueprints_addons.module.cluster_proportional_autoscaler.helm_release.this",
            "module.eks_blueprints_addons.module.external_dns.aws_iam_policy.this",
            "module.eks_blueprints_addons.module.external_dns.aws_iam_role.this",
            "module.eks_blueprints_addons.module.external_dns.aws_iam_role_policy_attachment.additional",
            "module.eks_blueprints_addons.module.external_dns.aws_iam_role_policy_attachment.this",
            "module.eks_blueprints_addons.module.external_dns.data.aws_caller_identity.current",
            "module.eks_blueprints_addons.module.external_dns.data.aws_iam_policy_document.assume",
            "module.eks_blueprints_addons.module.external_dns.data.aws_iam_policy_document.this",
            "module.eks_blueprints_addons.module.external_dns.data.aws_partition.current",
            "module.eks_blueprints_addons.module.external_dns.helm_release.this",
            "module.eks_blueprints_addons.module.external_secrets.aws_iam_policy.this",
            "module.eks_blueprints_addons.module.external_secrets.aws_iam_role.this",
            "module.eks_blueprints_addons.module.external_secrets.aws_iam_role_policy_attachment.additional",
            "module.eks_blueprints_addons.module.external_secrets.aws_iam_role_policy_attachment.this",
            "module.eks_blueprints_addons.module.external_secrets.data.aws_caller_identity.current",
            "module.eks_blueprints_addons.module.external_secrets.data.aws_iam_policy_document.assume",
            "module.eks_blueprints_addons.module.external_secrets.data.aws_iam_policy_document.this",
            "module.eks_blueprints_addons.module.external_secrets.data.aws_partition.current",
            "module.eks_blueprints_addons.module.external_secrets.helm_release.this",
            "module.eks_blueprints_addons.module.gatekeeper.aws_iam_policy.this",
            "module.eks_blueprints_addons.module.gatekeeper.aws_iam_role.this",
            "module.eks_blueprints_addons.module.gatekeeper.aws_iam_role_policy_attachment.additional",
            "module.eks_blueprints_addons.module.gatekeeper.aws_iam_role_policy_attachment.this",
            "module.eks_blueprints_addons.module.gatekeeper.data.aws_caller_identity.current",
            "module.eks_blueprints_addons.module.gatekeeper.data.aws_iam_policy_document.assume",
            "module.eks_blueprints_addons.module.gatekeeper.data.aws_iam_policy_document.this",
            "module.eks_blueprints_addons.module.gatekeeper.data.aws_partition.current",
            "module.eks_blueprints_addons.module.gatekeeper.helm_release.this",
            "module.eks_blueprints_addons.module.ingress_nginx.aws_iam_policy.this",
            "module.eks_blueprints_addons.module.ingress_nginx.aws_iam_role.this",
            "module.eks_blueprints_addons.module.ingress_nginx.aws_iam_role_policy_attachment.additional",
            "module.eks_blueprints_addons.module.ingress_nginx.aws_iam_role_policy_attachment.this",
            "module.eks_blueprints_addons.module.ingress_nginx.data.aws_caller_identity.current",
            "module.eks_blueprints_addons.module.ingress_nginx.data.aws_iam_policy_document.assume",
            "module.eks_blueprints_addons.module.ingress_nginx.data.aws_iam_policy_document.this",
            "module.eks_blueprints_addons.module.ingress_nginx.data.aws_partition.current",
            "module.eks_blueprints_addons.module.ingress_nginx.helm_release.this",
            "module.eks_blueprints_addons.module.karpenter.aws_iam_policy.this",
            "module.eks_blueprints_addons.module.karpenter.aws_iam_role.this",
            "module.eks_blueprints_addons.module.karpenter.aws_iam_role_policy_attachment.additional",
            "module.eks_blueprints_addons.module.karpenter.aws_iam_role_policy_attachment.this",
            "module.eks_blueprints_addons.module.karpenter.data.aws_caller_identity.current",
            "module.eks_blueprints_addons.module.karpenter.data.aws_iam_policy_document.assume",
            "module.eks_blueprints_addons.module.karpenter.data.aws_iam_policy_document.this",
            "module.eks_blueprints_addons.module.karpenter.data.aws_partition.current",
            "module.eks_blueprints_addons.module.karpenter.helm_release.this",
            "module.eks_blueprints_addons.module.karpenter_sqs.aws_sqs_queue.dlq",
            "module.eks_blueprints_addons.module.karpenter_sqs.aws_sqs_queue.this",
            "module.eks_blueprints_addons.module.karpenter_sqs.aws_sqs_queue_policy.dlq",
            "module.eks_blueprints_addons.module.karpenter_sqs.aws_sqs_queue_policy.this",
            "module.eks_blueprints_addons.module.karpenter_sqs.aws_sqs_queue_redrive_allow_policy.dlq",
            "module.eks_blueprints_addons.module.karpenter_sqs.aws_sqs_queue_redrive_allow_policy.this",
            "module.eks_blueprints_addons.module.karpenter_sqs.aws_sqs_queue_redrive_policy.dlq",
            "module.eks_blueprints_addons.module.karpenter_sqs.aws_sqs_queue_redrive_policy.this",
            "module.eks_blueprints_addons.module.karpenter_sqs.data.aws_iam_policy_document.dlq",
            "module.eks_blueprints_addons.module.karpenter_sqs.data.aws_iam_policy_document.this",
            "module.eks_blueprints_addons.module.kube_prometheus_stack.aws_iam_policy.this",
            "module.eks_blueprints_addons.module.kube_prometheus_stack.aws_iam_role.this",
            "module.eks_blueprints_addons.module.kube_prometheus_stack.aws_iam_role_policy_attachment.additional",
            "module.eks_blueprints_addons.module.kube_prometheus_stack.aws_iam_role_policy_attachment.this",
            "module.eks_blueprints_addons.module.kube_prometheus_stack.data.aws_caller_identity.current",
            "module.eks_blueprints_addons.module.kube_prometheus_stack.data.aws_iam_policy_document.assume",
            "module.eks_blueprints_addons.module.kube_prometheus_stack.data.aws_iam_policy_document.this",
            "module.eks_blueprints_addons.module.kube_prometheus_stack.data.aws_partition.current",
            "module.eks_blueprints_addons.module.kube_prometheus_stack.helm_release.this",
            "module.eks_blueprints_addons.module.metrics_server.aws_iam_policy.this",
            "module.eks_blueprints_addons.module.metrics_server.aws_iam_role.this",
            "module.eks_blueprints_addons.module.metrics_server.aws_iam_role_policy_attachment.additional",
            "module.eks_blueprints_addons.module.metrics_server.aws_iam_role_policy_attachment.this",
            "module.eks_blueprints_addons.module.metrics_server.data.aws_caller_identity.current",
            "module.eks_blueprints_addons.module.metrics_server.data.aws_iam_policy_document.assume",
            "module.eks_blueprints_addons.module.metrics_server.data.aws_iam_policy_document.this",
            "module.eks_blueprints_addons.module.metrics_server.data.aws_partition.current",
            "module.eks_blueprints_addons.module.metrics_server.helm_release.this",
            "module.eks_blueprints_addons.module.secrets_store_csi_driver.aws_iam_policy.this",
            "module.eks_blueprints_addons.module.secrets_store_csi_driver.aws_iam_role.this",
            "module.eks_blueprints_addons.module.secrets_store_csi_driver.aws_iam_role_policy_attachment.additional",
            "module.eks_blueprints_addons.module.secrets_store_csi_driver.aws_iam_role_policy_attachment.this",
            "module.eks_blueprints_addons.module.secrets_store_csi_driver.data.aws_caller_identity.current",
            "module.eks_blueprints_addons.module.secrets_store_csi_driver.data.aws_iam_policy_document.assume",
            "module.eks_blueprints_addons.module.secrets_store_csi_driver.data.aws_iam_policy_document.this",
            "module.eks_blueprints_addons.module.secrets_store_csi_driver.data.aws_partition.current",
            "module.eks_blueprints_addons.module.secrets_store_csi_driver.helm_release.this",
            "module.eks_blueprints_addons.module.secrets_store_csi_driver_provider_aws.aws_iam_policy.this",
            "module.eks_blueprints_addons.module.secrets_store_csi_driver_provider_aws.aws_iam_role.this",
            "module.eks_blueprints_addons.module.secrets_store_csi_driver_provider_aws.aws_iam_role_policy_attachment.additional",
            "module.eks_blueprints_addons.module.secrets_store_csi_driver_provider_aws.aws_iam_role_policy_attachment.this",
            "module.eks_blueprints_addons.module.secrets_store_csi_driver_provider_aws.data.aws_caller_identity.current",
            "module.eks_blueprints_addons.module.secrets_store_csi_driver_provider_aws.data.aws_iam_policy_document.assume",
            "module.eks_blueprints_addons.module.secrets_store_csi_driver_provider_aws.data.aws_iam_policy_document.this",
            "module.eks_blueprints_addons.module.secrets_store_csi_driver_provider_aws.data.aws_partition.current",
            "module.eks_blueprints_addons.module.secrets_store_csi_driver_provider_aws.helm_release.this",
            "module.eks_blueprints_addons.module.velero.aws_iam_policy.this",
            "module.eks_blueprints_addons.module.velero.aws_iam_role.this",
            "module.eks_blueprints_addons.module.velero.aws_iam_role_policy_attachment.additional",
            "module.eks_blueprints_addons.module.velero.aws_iam_role_policy_attachment.this",
            "module.eks_blueprints_addons.module.velero.data.aws_caller_identity.current",
            "module.eks_blueprints_addons.module.velero.data.aws_iam_policy_document.assume",
            "module.eks_blueprints_addons.module.velero.data.aws_iam_policy_document.this",
            "module.eks_blueprints_addons.module.velero.data.aws_partition.current",
            "module.eks_blueprints_addons.module.velero.helm_release.this",
            "module.eks_blueprints_addons.module.vpa.aws_iam_policy.this",
            "module.eks_blueprints_addons.module.vpa.aws_iam_role.this",
            "module.eks_blueprints_addons.module.vpa.aws_iam_role_policy_attachment.additional",
            "module.eks_blueprints_addons.module.vpa.aws_iam_role_policy_attachment.this",
            "module.eks_blueprints_addons.module.vpa.data.aws_caller_identity.current",
            "module.eks_blueprints_addons.module.vpa.data.aws_iam_policy_document.assume",
            "module.eks_blueprints_addons.module.vpa.data.aws_iam_policy_document.this",
            "module.eks_blueprints_addons.module.vpa.data.aws_partition.current",
            "module.eks_blueprints_addons.module.vpa.helm_release.this",
            "module.eks_blueprints_addons.random_bytes.this",
            "module.eks_blueprints_addons.time_sleep.this",
            "module.eks_blueprints_addons_lbc.aws_autoscaling_group_tag.aws_node_termination_handler",
            "module.eks_blueprints_addons_lbc.aws_autoscaling_lifecycle_hook.aws_node_termination_handler",
            "module.eks_blueprints_addons_lbc.aws_cloudformation_stack.usage_telemetry",
            "module.eks_blueprints_addons_lbc.aws_cloudwatch_event_rule.aws_node_termination_handler",
            "module.eks_blueprints_addons_lbc.aws_cloudwatch_event_rule.karpenter",
            "module.eks_blueprints_addons_lbc.aws_cloudwatch_event_target.aws_node_termination_handler",
            "module.eks_blueprints_addons_lbc.aws_cloudwatch_event_target.karpenter",
            "module.eks_blueprints_addons_lbc.aws_cloudwatch_log_group.aws_for_fluentbit",
            "module.eks_blueprints_addons_lbc.aws_cloudwatch_log_group.fargate_fluentbit",
            "module.eks_blueprints_addons_lbc.aws_eks_addon.this",
            "module.eks_blueprints_addons_lbc.aws_iam_instance_profile.karpenter",
            "module.eks_blueprints_addons_lbc.aws_iam_policy.fargate_fluentbit",
            "module.eks_blueprints_addons_lbc.aws_iam_role.karpenter",
            "module.eks_blueprints_addons_lbc.aws_iam_role_policy_attachment.additional",
            "module.eks_blueprints_addons_lbc.aws_iam_role_policy_attachment.karpenter",
            "module.eks_blueprints_addons_lbc.data.aws_caller_identity.current",
            "module.eks_blueprints_addons_lbc.data.aws_eks_addon_version.this",
            "module.eks_blueprints_addons_lbc.data.aws_iam_policy_document.aws_efs_csi_driver",
            "module.eks_blueprints_addons_lbc.data.aws_iam_policy_document.aws_for_fluentbit",
            "module.eks_blueprints_addons_lbc.data.aws_iam_policy_document.aws_fsx_csi_driver",
            "module.eks_blueprints_addons_lbc.data.aws_iam_policy_document.aws_gateway_api_controller",
            "module.eks_blueprints_addons_lbc.data.aws_iam_policy_document.aws_load_balancer_controller",
            "module.eks_blueprints_addons_lbc.data.aws_iam_policy_document.aws_node_termination_handler",
            "module.eks_blueprints_addons_lbc.data.aws_iam_policy_document.aws_privateca_issuer",
            "module.eks_blueprints_addons_lbc.data.aws_iam_policy_document.cert_manager",
            "module.eks_blueprints_addons_lbc.data.aws_iam_policy_document.cluster_autoscaler",
            "module.eks_blueprints_addons_lbc.data.aws_iam_policy_document.external_dns",
            "module.eks_blueprints_addons_lbc.data.aws_iam_policy_document.external_secrets",
            "module.eks_blueprints_addons_lbc.data.aws_iam_policy_document.fargate_fluentbit",
            "module.eks_blueprints_addons_lbc.data.aws_iam_policy_document.karpenter",
            "module.eks_blueprints_addons_lbc.data.aws_iam_policy_document.karpenter_assume_role",
            "module.eks_blueprints_addons_lbc.data.aws_iam_policy_document.velero",
            "module.eks_blueprints_addons_lbc.data.aws_partition.current",
            "module.eks_blueprints_addons_lbc.data.aws_region.current",
            "module.eks_blueprints_addons_lbc.helm_release.this",
            "module.eks_blueprints_addons_lbc.kubernetes_config_map_v1.aws_logging",
            "module.eks_blueprints_addons_lbc.kubernetes_config_map_v1_data.aws_for_fluentbit_containerinsights",
            "module.eks_blueprints_addons_lbc.kubernetes_namespace_v1.aws_observability",
            "module.eks_blueprints_addons_lbc.module.argo_events.aws_iam_policy.this",
            "module.eks_blueprints_addons_lbc.module.argo_events.aws_iam_role.this",
            "module.eks_blueprints_addons_lbc.module.argo_events.aws_iam_role_policy_attachment.additional",
            "module.eks_blueprints_addons_lbc.module.argo_events.aws_iam_role_policy_attachment.this",
            "module.eks_blueprints_addons_lbc.module.argo_events.data.aws_caller_identity.current",
            "module.eks_blueprints_addons_lbc.module.argo_events.data.aws_iam_policy_document.assume",
            "module.eks_blueprints_addons_lbc.module.argo_events.data.aws_iam_policy_document.this",
            "module.eks_blueprints_addons_lbc.module.argo_events.data.aws_partition.current",
            "module.eks_blueprints_addons_lbc.module.argo_events.helm_release.this",
            "module.eks_blueprints_addons_lbc.module.argo_rollouts.aws_iam_policy.this",
            "module.eks_blueprints_addons_lbc.module.argo_rollouts.aws_iam_role.this",
            "module.eks_blueprints_addons_lbc.module.argo_rollouts.aws_iam_role_policy_attachment.additional",
            "module.eks_blueprints_addons_lbc.module.argo_rollouts.aws_iam_role_policy_attachment.this",
            "module.eks_blueprints_addons_lbc.module.argo_rollouts.data.aws_caller_identity.current",
            "module.eks_blueprints_addons_lbc.module.argo_rollouts.data.aws_iam_policy_document.assume",
            "module.eks_blueprints_addons_lbc.module.argo_rollouts.data.aws_iam_policy_document.this",
            "module.eks_blueprints_addons_lbc.module.argo_rollouts.data.aws_partition.current",
            "module.eks_blueprints_addons_lbc.module.argo_rollouts.helm_release.this",
            "module.eks_blueprints_addons_lbc.module.argo_workflows.aws_iam_policy.this",
            "module.eks_blueprints_addons_lbc.module.argo_workflows.aws_iam_role.this",
            "module.eks_blueprints_addons_lbc.module.argo_workflows.aws_iam_role_policy_attachment.additional",
            "module.eks_blueprints_addons_lbc.module.argo_workflows.aws_iam_role_policy_attachment.this",
            "module.eks_blueprints_addons_lbc.module.argo_workflows.data.aws_caller_identity.current",
            "module.eks_blueprints_addons_lbc.module.argo_workflows.data.aws_iam_policy_document.assume",
            "module.eks_blueprints_addons_lbc.module.argo_workflows.data.aws_iam_policy_document.this",
            "module.eks_blueprints_addons_lbc.module.argo_workflows.data.aws_partition.current",
            "module.eks_blueprints_addons_lbc.module.argo_workflows.helm_release.this",
            "module.eks_blueprints_addons_lbc.module.argocd.aws_iam_policy.this",
            "module.eks_blueprints_addons_lbc.module.argocd.aws_iam_role.this",
            "module.eks_blueprints_addons_lbc.module.argocd.aws_iam_role_policy_attachment.additional",
            "module.eks_blueprints_addons_lbc.module.argocd.aws_iam_role_policy_attachment.this",
            "module.eks_blueprints_addons_lbc.module.argocd.data.aws_caller_identity.current",
            "module.eks_blueprints_addons_lbc.module.argocd.data.aws_iam_policy_document.assume",
            "module.eks_blueprints_addons_lbc.module.argocd.data.aws_iam_policy_document.this",
            "module.eks_blueprints_addons_lbc.module.argocd.data.aws_partition.current",
            "module.eks_blueprints_addons_lbc.module.argocd.helm_release.this",
            "module.eks_blueprints_addons_lbc.module.aws_cloudwatch_metrics.aws_iam_policy.this",
            "module.eks_blueprints_addons_lbc.module.aws_cloudwatch_metrics.aws_iam_role.this",
            "module.eks_blueprints_addons_lbc.module.aws_cloudwatch_metrics.aws_iam_role_policy_attachment.additional",
            "module.eks_blueprints_addons_lbc.module.aws_cloudwatch_metrics.aws_iam_role_policy_attachment.this",
            "module.eks_blueprints_addons_lbc.module.aws_cloudwatch_metrics.data.aws_caller_identity.current",
            "module.eks_blueprints_addons_lbc.module.aws_cloudwatch_metrics.data.aws_iam_policy_document.assume",
            "module.eks_blueprints_addons_lbc.module.aws_cloudwatch_metrics.data.aws_iam_policy_document.this",
            "module.eks_blueprints_addons_lbc.module.aws_cloudwatch_metrics.data.aws_partition.current",
            "module.eks_blueprints_addons_lbc.module.aws_cloudwatch_metrics.helm_release.this",
            "module.eks_blueprints_addons_lbc.module.aws_efs_csi_driver.aws_iam_policy.this",
            "module.eks_blueprints_addons_lbc.module.aws_efs_csi_driver.aws_iam_role.this",
            "module.eks_blueprints_addons_lbc.module.aws_efs_csi_driver.aws_iam_role_policy_attachment.additional",
            "module.eks_blueprints_addons_lbc.module.aws_efs_csi_driver.aws_iam_role_policy_attachment.this",
            "module.eks_blueprints_addons_lbc.module.aws_efs_csi_driver.data.aws_caller_identity.current",
            "module.eks_blueprints_addons_lbc.module.aws_efs_csi_driver.data.aws_iam_policy_document.assume",
            "module.eks_blueprints_addons_lbc.module.aws_efs_csi_driver.data.aws_iam_policy_document.this",
            "module.eks_blueprints_addons_lbc.module.aws_efs_csi_driver.data.aws_partition.current",
            "module.eks_blueprints_addons_lbc.module.aws_efs_csi_driver.helm_release.this",
            "module.eks_blueprints_addons_lbc.module.aws_for_fluentbit.aws_iam_policy.this",
            "module.eks_blueprints_addons_lbc.module.aws_for_fluentbit.aws_iam_role.this",
            "module.eks_blueprints_addons_lbc.module.aws_for_fluentbit.aws_iam_role_policy_attachment.additional",
            "module.eks_blueprints_addons_lbc.module.aws_for_fluentbit.aws_iam_role_policy_attachment.this",
            "module.eks_blueprints_addons_lbc.module.aws_for_fluentbit.data.aws_caller_identity.current",
            "module.eks_blueprints_addons_lbc.module.aws_for_fluentbit.data.aws_iam_policy_document.assume",
            "module.eks_blueprints_addons_lbc.module.aws_for_fluentbit.data.aws_iam_policy_document.this",
            "module.eks_blueprints_addons_lbc.module.aws_for_fluentbit.data.aws_partition.current",
            "module.eks_blueprints_addons_lbc.module.aws_for_fluentbit.helm_release.this",
            "module.eks_blueprints_addons_lbc.module.aws_fsx_csi_driver.aws_iam_policy.this",
            "module.eks_blueprints_addons_lbc.module.aws_fsx_csi_driver.aws_iam_role.this",
            "module.eks_blueprints_addons_lbc.module.aws_fsx_csi_driver.aws_iam_role_policy_attachment.additional",
            "module.eks_blueprints_addons_lbc.module.aws_fsx_csi_driver.aws_iam_role_policy_attachment.this",
            "module.eks_blueprints_addons_lbc.module.aws_fsx_csi_driver.data.aws_caller_identity.current",
            "module.eks_blueprints_addons_lbc.module.aws_fsx_csi_driver.data.aws_iam_policy_document.assume",
            "module.eks_blueprints_addons_lbc.module.aws_fsx_csi_driver.data.aws_iam_policy_document.this",
            "module.eks_blueprints_addons_lbc.module.aws_fsx_csi_driver.data.aws_partition.current",
            "module.eks_blueprints_addons_lbc.module.aws_fsx_csi_driver.helm_release.this",
            "module.eks_blueprints_addons_lbc.module.aws_gateway_api_controller.aws_iam_policy.this",
            "module.eks_blueprints_addons_lbc.module.aws_gateway_api_controller.aws_iam_role.this",
            "module.eks_blueprints_addons_lbc.module.aws_gateway_api_controller.aws_iam_role_policy_attachment.additional",
            "module.eks_blueprints_addons_lbc.module.aws_gateway_api_controller.aws_iam_role_policy_attachment.this",
            "module.eks_blueprints_addons_lbc.module.aws_gateway_api_controller.data.aws_caller_identity.current",
            "module.eks_blueprints_addons_lbc.module.aws_gateway_api_controller.data.aws_iam_policy_document.assume",
            "module.eks_blueprints_addons_lbc.module.aws_gateway_api_controller.data.aws_iam_policy_document.this",
            "module.eks_blueprints_addons_lbc.module.aws_gateway_api_controller.data.aws_partition.current",
            "module.eks_blueprints_addons_lbc.module.aws_gateway_api_controller.helm_release.this",
            "module.eks_blueprints_addons_lbc.module.aws_load_balancer_controller.aws_iam_policy.this",
            "module.eks_blueprints_addons_lbc.module.aws_load_balancer_controller.aws_iam_role.this",
            "module.eks_blueprints_addons_lbc.module.aws_load_balancer_controller.aws_iam_role_policy_attachment.additional",
            "module.eks_blueprints_addons_lbc.module.aws_load_balancer_controller.aws_iam_role_policy_attachment.this",
            "module.eks_blueprints_addons_lbc.module.aws_load_balancer_controller.data.aws_caller_identity.current",
            "module.eks_blueprints_addons_lbc.module.aws_load_balancer_controller.data.aws_iam_policy_document.assume",
            "module.eks_blueprints_addons_lbc.module.aws_load_balancer_controller.data.aws_iam_policy_document.this",
            "module.eks_blueprints_addons_lbc.module.aws_load_balancer_controller.data.aws_partition.current",
            "module.eks_blueprints_addons_lbc.module.aws_load_balancer_controller.helm_release.this",
            "module.eks_blueprints_addons_lbc.module.aws_node_termination_handler.aws_iam_policy.this",
            "module.eks_blueprints_addons_lbc.module.aws_node_termination_handler.aws_iam_role.this",
            "module.eks_blueprints_addons_lbc.module.aws_node_termination_handler.aws_iam_role_policy_attachment.additional",
            "module.eks_blueprints_addons_lbc.module.aws_node_termination_handler.aws_iam_role_policy_attachment.this",
            "module.eks_blueprints_addons_lbc.module.aws_node_termination_handler.data.aws_caller_identity.current",
            "module.eks_blueprints_addons_lbc.module.aws_node_termination_handler.data.aws_iam_policy_document.assume",
            "module.eks_blueprints_addons_lbc.module.aws_node_termination_handler.data.aws_iam_policy_document.this",
            "module.eks_blueprints_addons_lbc.module.aws_node_termination_handler.data.aws_partition.current",
            "module.eks_blueprints_addons_lbc.module.aws_node_termination_handler.helm_release.this",
            "module.eks_blueprints_addons_lbc.module.aws_node_termination_handler_sqs.aws_sqs_queue.dlq",
            "module.eks_blueprints_addons_lbc.module.aws_node_termination_handler_sqs.aws_sqs_queue.this",
            "module.eks_blueprints_addons_lbc.module.aws_node_termination_handler_sqs.aws_sqs_queue_policy.dlq",
            "module.eks_blueprints_addons_lbc.module.aws_node_termination_handler_sqs.aws_sqs_queue_policy.this",
            "module.eks_blueprints_addons_lbc.module.aws_node_termination_handler_sqs.aws_sqs_queue_redrive_allow_policy.dlq",
            "module.eks_blueprints_addons_lbc.module.aws_node_termination_handler_sqs.aws_sqs_queue_redrive_allow_policy.this",
            "module.eks_blueprints_addons_lbc.module.aws_node_termination_handler_sqs.aws_sqs_queue_redrive_policy.dlq",
            "module.eks_blueprints_addons_lbc.module.aws_node_termination_handler_sqs.aws_sqs_queue_redrive_policy.this",
            "module.eks_blueprints_addons_lbc.module.aws_node_termination_handler_sqs.data.aws_iam_policy_document.dlq",
            "module.eks_blueprints_addons_lbc.module.aws_node_termination_handler_sqs.data.aws_iam_policy_document.this",
            "module.eks_blueprints_addons_lbc.module.aws_privateca_issuer.aws_iam_policy.this",
            "module.eks_blueprints_addons_lbc.module.aws_privateca_issuer.aws_iam_role.this",
            "module.eks_blueprints_addons_lbc.module.aws_privateca_issuer.aws_iam_role_policy_attachment.additional",
            "module.eks_blueprints_addons_lbc.module.aws_privateca_issuer.aws_iam_role_policy_attachment.this",
            "module.eks_blueprints_addons_lbc.module.aws_privateca_issuer.data.aws_caller_identity.current",
            "module.eks_blueprints_addons_lbc.module.aws_privateca_issuer.data.aws_iam_policy_document.assume",
            "module.eks_blueprints_addons_lbc.module.aws_privateca_issuer.data.aws_iam_policy_document.this",
            "module.eks_blueprints_addons_lbc.module.aws_privateca_issuer.data.aws_partition.current",
            "module.eks_blueprints_addons_lbc.module.aws_privateca_issuer.helm_release.this",
            "module.eks_blueprints_addons_lbc.module.bottlerocket_shadow.aws_iam_policy.this",
            "module.eks_blueprints_addons_lbc.module.bottlerocket_shadow.aws_iam_role.this",
            "module.eks_blueprints_addons_lbc.module.bottlerocket_shadow.aws_iam_role_policy_attachment.additional",
            "module.eks_blueprints_addons_lbc.module.bottlerocket_shadow.aws_iam_role_policy_attachment.this",
            "module.eks_blueprints_addons_lbc.module.bottlerocket_shadow.data.aws_caller_identity.current",
            "module.eks_blueprints_addons_lbc.module.bottlerocket_shadow.data.aws_iam_policy_document.assume",
            "module.eks_blueprints_addons_lbc.module.bottlerocket_shadow.data.aws_iam_policy_document.this",
            "module.eks_blueprints_addons_lbc.module.bottlerocket_shadow.data.aws_partition.current",
            "module.eks_blueprints_addons_lbc.module.bottlerocket_shadow.helm_release.this",
            "module.eks_blueprints_addons_lbc.module.bottlerocket_update_operator.aws_iam_policy.this",
            "module.eks_blueprints_addons_lbc.module.bottlerocket_update_operator.aws_iam_role.this",
            "module.eks_blueprints_addons_lbc.module.bottlerocket_update_operator.aws_iam_role_policy_attachment.additional",
            "module.eks_blueprints_addons_lbc.module.bottlerocket_update_operator.aws_iam_role_policy_attachment.this",
            "module.eks_blueprints_addons_lbc.module.bottlerocket_update_operator.data.aws_caller_identity.current",
            "module.eks_blueprints_addons_lbc.module.bottlerocket_update_operator.data.aws_iam_policy_document.assume",
            "module.eks_blueprints_addons_lbc.module.bottlerocket_update_operator.data.aws_iam_policy_document.this",
            "module.eks_blueprints_addons_lbc.module.bottlerocket_update_operator.data.aws_partition.current",
            "module.eks_blueprints_addons_lbc.module.bottlerocket_update_operator.helm_release.this",
            "module.eks_blueprints_addons_lbc.module.cert_manager.aws_iam_policy.this",
            "module.eks_blueprints_addons_lbc.module.cert_manager.aws_iam_role.this",
            "module.eks_blueprints_addons_lbc.module.cert_manager.aws_iam_role_policy_attachment.additional",
            "module.eks_blueprints_addons_lbc.module.cert_manager.aws_iam_role_policy_attachment.this",
            "module.eks_blueprints_addons_lbc.module.cert_manager.data.aws_caller_identity.current",
            "module.eks_blueprints_addons_lbc.module.cert_manager.data.aws_iam_policy_document.assume",
            "module.eks_blueprints_addons_lbc.module.cert_manager.data.aws_iam_policy_document.this",
            "module.eks_blueprints_addons_lbc.module.cert_manager.data.aws_partition.current",
            "module.eks_blueprints_addons_lbc.module.cert_manager.helm_release.this",
            "module.eks_blueprints_addons_lbc.module.cluster_autoscaler.aws_iam_policy.this",
            "module.eks_blueprints_addons_lbc.module.cluster_autoscaler.aws_iam_role.this",
            "module.eks_blueprints_addons_lbc.module.cluster_autoscaler.aws_iam_role_policy_attachment.additional",
            "module.eks_blueprints_addons_lbc.module.cluster_autoscaler.aws_iam_role_policy_attachment.this",
            "module.eks_blueprints_addons_lbc.module.cluster_autoscaler.data.aws_caller_identity.current",
            "module.eks_blueprints_addons_lbc.module.cluster_autoscaler.data.aws_iam_policy_document.assume",
            "module.eks_blueprints_addons_lbc.module.cluster_autoscaler.data.aws_iam_policy_document.this",
            "module.eks_blueprints_addons_lbc.module.cluster_autoscaler.data.aws_partition.current",
            "module.eks_blueprints_addons_lbc.module.cluster_autoscaler.helm_release.this",
            "module.eks_blueprints_addons_lbc.module.cluster_proportional_autoscaler.aws_iam_policy.this",
            "module.eks_blueprints_addons_lbc.module.cluster_proportional_autoscaler.aws_iam_role.this",
            "module.eks_blueprints_addons_lbc.module.cluster_proportional_autoscaler.aws_iam_role_policy_attachment.additional",
            "module.eks_blueprints_addons_lbc.module.cluster_proportional_autoscaler.aws_iam_role_policy_attachment.this",
            "module.eks_blueprints_addons_lbc.module.cluster_proportional_autoscaler.data.aws_caller_identity.current",
            "module.eks_blueprints_addons_lbc.module.cluster_proportional_autoscaler.data.aws_iam_policy_document.assume",
            "module.eks_blueprints_addons_lbc.module.cluster_proportional_autoscaler.data.aws_iam_policy_document.this",
            "module.eks_blueprints_addons_lbc.module.cluster_proportional_autoscaler.data.aws_partition.current",
            "module.eks_blueprints_addons_lbc.module.cluster_proportional_autoscaler.helm_release.this",
            "module.eks_blueprints_addons_lbc.module.external_dns.aws_iam_policy.this",
            "module.eks_blueprints_addons_lbc.module.external_dns.aws_iam_role.this",
            "module.eks_blueprints_addons_lbc.module.external_dns.aws_iam_role_policy_attachment.additional",
            "module.eks_blueprints_addons_lbc.module.external_dns.aws_iam_role_policy_attachment.this",
            "module.eks_blueprints_addons_lbc.module.external_dns.data.aws_caller_identity.current",
            "module.eks_blueprints_addons_lbc.module.external_dns.data.aws_iam_policy_document.assume",
            "module.eks_blueprints_addons_lbc.module.external_dns.data.aws_iam_policy_document.this",
            "module.eks_blueprints_addons_lbc.module.external_dns.data.aws_partition.current",
            "module.eks_blueprints_addons_lbc.module.external_dns.helm_release.this",
            "module.eks_blueprints_addons_lbc.module.external_secrets.aws_iam_policy.this",
            "module.eks_blueprints_addons_lbc.module.external_secrets.aws_iam_role.this",
            "module.eks_blueprints_addons_lbc.module.external_secrets.aws_iam_role_policy_attachment.additional",
            "module.eks_blueprints_addons_lbc.module.external_secrets.aws_iam_role_policy_attachment.this",
            "module.eks_blueprints_addons_lbc.module.external_secrets.data.aws_caller_identity.current",
            "module.eks_blueprints_addons_lbc.module.external_secrets.data.aws_iam_policy_document.assume",
            "module.eks_blueprints_addons_lbc.module.external_secrets.data.aws_iam_policy_document.this",
            "module.eks_blueprints_addons_lbc.module.external_secrets.data.aws_partition.current",
            "module.eks_blueprints_addons_lbc.module.external_secrets.helm_release.this",
            "module.eks_blueprints_addons_lbc.module.gatekeeper.aws_iam_policy.this",
            "module.eks_blueprints_addons_lbc.module.gatekeeper.aws_iam_role.this",
            "module.eks_blueprints_addons_lbc.module.gatekeeper.aws_iam_role_policy_attachment.additional",
            "module.eks_blueprints_addons_lbc.module.gatekeeper.aws_iam_role_policy_attachment.this",
            "module.eks_blueprints_addons_lbc.module.gatekeeper.data.aws_caller_identity.current",
            "module.eks_blueprints_addons_lbc.module.gatekeeper.data.aws_iam_policy_document.assume",
            "module.eks_blueprints_addons_lbc.module.gatekeeper.data.aws_iam_policy_document.this",
            "module.eks_blueprints_addons_lbc.module.gatekeeper.data.aws_partition.current",
            "module.eks_blueprints_addons_lbc.module.gatekeeper.helm_release.this",
            "module.eks_blueprints_addons_lbc.module.ingress_nginx.aws_iam_policy.this",
            "module.eks_blueprints_addons_lbc.module.ingress_nginx.aws_iam_role.this",
            "module.eks_blueprints_addons_lbc.module.ingress_nginx.aws_iam_role_policy_attachment.additional",
            "module.eks_blueprints_addons_lbc.module.ingress_nginx.aws_iam_role_policy_attachment.this",
            "module.eks_blueprints_addons_lbc.module.ingress_nginx.data.aws_caller_identity.current",
            "module.eks_blueprints_addons_lbc.module.ingress_nginx.data.aws_iam_policy_document.assume",
            "module.eks_blueprints_addons_lbc.module.ingress_nginx.data.aws_iam_policy_document.this",
            "module.eks_blueprints_addons_lbc.module.ingress_nginx.data.aws_partition.current",
            "module.eks_blueprints_addons_lbc.module.ingress_nginx.helm_release.this",
            "module.eks_blueprints_addons_lbc.module.karpenter.aws_iam_policy.this",
            "module.eks_blueprints_addons_lbc.module.karpenter.aws_iam_role.this",
            "module.eks_blueprints_addons_lbc.module.karpenter.aws_iam_role_policy_attachment.additional",
            "module.eks_blueprints_addons_lbc.module.karpenter.aws_iam_role_policy_attachment.this",
            "module.eks_blueprints_addons_lbc.module.karpenter.data.aws_caller_identity.current",
            "module.eks_blueprints_addons_lbc.module.karpenter.data.aws_iam_policy_document.assume",
            "module.eks_blueprints_addons_lbc.module.karpenter.data.aws_iam_policy_document.this",
            "module.eks_blueprints_addons_lbc.module.karpenter.data.aws_partition.current",
            "module.eks_blueprints_addons_lbc.module.karpenter.helm_release.this",
            "module.eks_blueprints_addons_lbc.module.karpenter_sqs.aws_sqs_queue.dlq",
            "module.eks_blueprints_addons_lbc.module.karpenter_sqs.aws_sqs_queue.this",
            "module.eks_blueprints_addons_lbc.module.karpenter_sqs.aws_sqs_queue_policy.dlq",
            "module.eks_blueprints_addons_lbc.module.karpenter_sqs.aws_sqs_queue_policy.this",
            "module.eks_blueprints_addons_lbc.module.karpenter_sqs.aws_sqs_queue_redrive_allow_policy.dlq",
            "module.eks_blueprints_addons_lbc.module.karpenter_sqs.aws_sqs_queue_redrive_allow_policy.this",
            "module.eks_blueprints_addons_lbc.module.karpenter_sqs.aws_sqs_queue_redrive_policy.dlq",
            "module.eks_blueprints_addons_lbc.module.karpenter_sqs.aws_sqs_queue_redrive_policy.this",
            "module.eks_blueprints_addons_lbc.module.karpenter_sqs.data.aws_iam_policy_document.dlq",
            "module.eks_blueprints_addons_lbc.module.karpenter_sqs.data.aws_iam_policy_document.this",
            "module.eks_blueprints_addons_lbc.module.kube_prometheus_stack.aws_iam_policy.this",
            "module.eks_blueprints_addons_lbc.module.kube_prometheus_stack.aws_iam_role.this",
            "module.eks_blueprints_addons_lbc.module.kube_prometheus_stack.aws_iam_role_policy_attachment.additional",
            "module.eks_blueprints_addons_lbc.module.kube_prometheus_stack.aws_iam_role_policy_attachment.this",
            "module.eks_blueprints_addons_lbc.module.kube_prometheus_stack.data.aws_caller_identity.current",
            "module.eks_blueprints_addons_lbc.module.kube_prometheus_stack.data.aws_iam_policy_document.assume",
            "module.eks_blueprints_addons_lbc.module.kube_prometheus_stack.data.aws_iam_policy_document.this",
            "module.eks_blueprints_addons_lbc.module.kube_prometheus_stack.data.aws_partition.current",
            "module.eks_blueprints_addons_lbc.module.kube_prometheus_stack.helm_release.this",
            "module.eks_blueprints_addons_lbc.module.metrics_server.aws_iam_policy.this",
            "module.eks_blueprints_addons_lbc.module.metrics_server.aws_iam_role.this",
            "module.eks_blueprints_addons_lbc.module.metrics_server.aws_iam_role_policy_attachment.additional",
            "module.eks_blueprints_addons_lbc.module.metrics_server.aws_iam_role_policy_attachment.this",
            "module.eks_blueprints_addons_lbc.module.metrics_server.data.aws_caller_identity.current",
            "module.eks_blueprints_addons_lbc.module.metrics_server.data.aws_iam_policy_document.assume",
            "module.eks_blueprints_addons_lbc.module.metrics_server.data.aws_iam_policy_document.this",
            "module.eks_blueprints_addons_lbc.module.metrics_server.data.aws_partition.current",
            "module.eks_blueprints_addons_lbc.module.metrics_server.helm_release.this",
            "module.eks_blueprints_addons_lbc.module.secrets_store_csi_driver.aws_iam_policy.this",
            "module.eks_blueprints_addons_lbc.module.secrets_store_csi_driver.aws_iam_role.this",
            "module.eks_blueprints_addons_lbc.module.secrets_store_csi_driver.aws_iam_role_policy_attachment.additional",
            "module.eks_blueprints_addons_lbc.module.secrets_store_csi_driver.aws_iam_role_policy_attachment.this",
            "module.eks_blueprints_addons_lbc.module.secrets_store_csi_driver.data.aws_caller_identity.current",
            "module.eks_blueprints_addons_lbc.module.secrets_store_csi_driver.data.aws_iam_policy_document.assume",
            "module.eks_blueprints_addons_lbc.module.secrets_store_csi_driver.data.aws_iam_policy_document.this",
            "module.eks_blueprints_addons_lbc.module.secrets_store_csi_driver.data.aws_partition.current",
            "module.eks_blueprints_addons_lbc.module.secrets_store_csi_driver.helm_release.this",
            "module.eks_blueprints_addons_lbc.module.secrets_store_csi_driver_provider_aws.aws_iam_policy.this",
            "module.eks_blueprints_addons_lbc.module.secrets_store_csi_driver_provider_aws.aws_iam_role.this",
            "module.eks_blueprints_addons_lbc.module.secrets_store_csi_driver_provider_aws.aws_iam_role_policy_attachment.additional",
            "module.eks_blueprints_addons_lbc.module.secrets_store_csi_driver_provider_aws.aws_iam_role_policy_attachment.this",
            "module.eks_blueprints_addons_lbc.module.secrets_store_csi_driver_provider_aws.data.aws_caller_identity.current",
            "module.eks_blueprints_addons_lbc.module.secrets_store_csi_driver_provider_aws.data.aws_iam_policy_document.assume",
            "module.eks_blueprints_addons_lbc.module.secrets_store_csi_driver_provider_aws.data.aws_iam_policy_document.this",
            "module.eks_blueprints_addons_lbc.module.secrets_store_csi_driver_provider_aws.data.aws_partition.current",
            "module.eks_blueprints_addons_lbc.module.secrets_store_csi_driver_provider_aws.helm_release.this",
            "module.eks_blueprints_addons_lbc.module.velero.aws_iam_policy.this",
            "module.eks_blueprints_addons_lbc.module.velero.aws_iam_role.this",
            "module.eks_blueprints_addons_lbc.module.velero.aws_iam_role_policy_attachment.additional",
            "module.eks_blueprints_addons_lbc.module.velero.aws_iam_role_policy_attachment.this",
            "module.eks_blueprints_addons_lbc.module.velero.data.aws_caller_identity.current",
            "module.eks_blueprints_addons_lbc.module.velero.data.aws_iam_policy_document.assume",
            "module.eks_blueprints_addons_lbc.module.velero.data.aws_iam_policy_document.this",
            "module.eks_blueprints_addons_lbc.module.velero.data.aws_partition.current",
            "module.eks_blueprints_addons_lbc.module.velero.helm_release.this",
            "module.eks_blueprints_addons_lbc.module.vpa.aws_iam_policy.this",
            "module.eks_blueprints_addons_lbc.module.vpa.aws_iam_role.this",
            "module.eks_blueprints_addons_lbc.module.vpa.aws_iam_role_policy_attachment.additional",
            "module.eks_blueprints_addons_lbc.module.vpa.aws_iam_role_policy_attachment.this",
            "module.eks_blueprints_addons_lbc.module.vpa.data.aws_caller_identity.current",
            "module.eks_blueprints_addons_lbc.module.vpa.data.aws_iam_policy_document.assume",
            "module.eks_blueprints_addons_lbc.module.vpa.data.aws_iam_policy_document.this",
            "module.eks_blueprints_addons_lbc.module.vpa.data.aws_partition.current",
            "module.eks_blueprints_addons_lbc.module.vpa.helm_release.this",
            "module.eks_blueprints_addons_lbc.random_bytes.this",
            "module.eks_blueprints_addons_lbc.time_sleep.this",
            "null_resource.ingress_cleanup",
            "null_resource.wait_for_aws_lb_controller"
          ]
        }
      ]
    },
    {
      "mode": "managed",
      "type": "null_resource",
      "name": "ingress_cleanup",
      "provider": "provider[\"registry.terraform.io/hashicorp/null\"]",
      "instances": [
        {
          "schema_version": 0,
          "attributes": {
            "id": "2978386249949588567",
            "triggers": null
          },
          "sensitive_attributes": []
        }
      ]
    },
    {
      "mode": "managed",
      "type": "null_resource",
      "name": "wait_for_aws_lb_controller",
      "provider": "provider[\"registry.terraform.io/hashicorp/null\"]",
      "instances": [
        {
          "schema_version": 0,
          "attributes": {
            "id": "1271898154400880109",
            "triggers": null
          },
          "sensitive_attributes": [],
          "dependencies": [
            "aws_eks_pod_identity_association.aws_lbc",
            "aws_eks_pod_identity_association.ebs_csi_driver",
            "aws_iam_role.aws_lbc",
            "aws_iam_role.ebs_csi_driver",
            "aws_iam_role_policy.aws_lbc",
            "aws_iam_role_policy_attachment.ebs_csi_driver",
            "data.aws_iam_policy_document.aws_lbc",
            "data.aws_iam_policy_document.aws_lbc_assume",
            "data.aws_iam_policy_document.ebs_csi_driver",
            "module.eks_blueprints_addons.aws_autoscaling_group_tag.aws_node_termination_handler",
            "module.eks_blueprints_addons.aws_autoscaling_lifecycle_hook.aws_node_termination_handler",
            "module.eks_blueprints_addons.aws_cloudformation_stack.usage_telemetry",
            "module.eks_blueprints_addons.aws_cloudwatch_event_rule.aws_node_termination_handler",
            "module.eks_blueprints_addons.aws_cloudwatch_event_rule.karpenter",
            "module.eks_blueprints_addons.aws_cloudwatch_event_target.aws_node_termination_handler",
            "module.eks_blueprints_addons.aws_cloudwatch_event_target.karpenter",
            "module.eks_blueprints_addons.aws_cloudwatch_log_group.aws_for_fluentbit",
            "module.eks_blueprints_addons.aws_cloudwatch_log_group.fargate_fluentbit",
            "module.eks_blueprints_addons.aws_eks_addon.this",
            "module.eks_blueprints_addons.aws_iam_instance_profile.karpenter",
            "module.eks_blueprints_addons.aws_iam_policy.fargate_fluentbit",
            "module.eks_blueprints_addons.aws_iam_role.karpenter",
            "module.eks_blueprints_addons.aws_iam_role_policy_attachment.additional",
            "module.eks_blueprints_addons.aws_iam_role_policy_attachment.karpenter",
            "module.eks_blueprints_addons.data.aws_caller_identity.current",
            "module.eks_blueprints_addons.data.aws_eks_addon_version.this",
            "module.eks_blueprints_addons.data.aws_iam_policy_document.aws_efs_csi_driver",
            "module.eks_blueprints_addons.data.aws_iam_policy_document.aws_for_fluentbit",
            "module.eks_blueprints_addons.data.aws_iam_policy_document.aws_fsx_csi_driver",
            "module.eks_blueprints_addons.data.aws_iam_policy_document.aws_gateway_api_controller",
            "module.eks_blueprints_addons.data.aws_iam_policy_document.aws_load_balancer_controller",
            "module.eks_blueprints_addons.data.aws_iam_policy_document.aws_node_termination_handler",
            "module.eks_blueprints_addons.data.aws_iam_policy_document.aws_privateca_issuer",
            "module.eks_blueprints_addons.data.aws_iam_policy_document.cert_manager",
            "module.eks_blueprints_addons.data.aws_iam_policy_document.cluster_autoscaler",
            "module.eks_blueprints_addons.data.aws_iam_policy_document.external_dns",
            "module.eks_blueprints_addons.data.aws_iam_policy_document.external_secrets",
            "module.eks_blueprints_addons.data.aws_iam_policy_document.fargate_fluentbit",
            "module.eks_blueprints_addons.data.aws_iam_policy_document.karpenter",
            "module.eks_blueprints_addons.data.aws_iam_policy_document.karpenter_assume_role",
            "module.eks_blueprints_addons.data.aws_iam_policy_document.velero",
            "module.eks_blueprints_addons.data.aws_partition.current",
            "module.eks_blueprints_addons.data.aws_region.current",
            "module.eks_blueprints_addons.helm_release.this",
            "module.eks_blueprints_addons.kubernetes_config_map_v1.aws_logging",
            "module.eks_blueprints_addons.kubernetes_config_map_v1_data.aws_for_fluentbit_containerinsights",
            "module.eks_blueprints_addons.kubernetes_namespace_v1.aws_observability",
            "module.eks_blueprints_addons.module.argo_events.aws_iam_policy.this",
            "module.eks_blueprints_addons.module.argo_events.aws_iam_role.this",
            "module.eks_blueprints_addons.module.argo_events.aws_iam_role_policy_attachment.additional",
            "module.eks_blueprints_addons.module.argo_events.aws_iam_role_policy_attachment.this",
            "module.eks_blueprints_addons.module.argo_events.data.aws_caller_identity.current",
            "module.eks_blueprints_addons.module.argo_events.data.aws_iam_policy_document.assume",
            "module.eks_blueprints_addons.module.argo_events.data.aws_iam_policy_document.this",
            "module.eks_blueprints_addons.module.argo_events.data.aws_partition.current",
            "module.eks_blueprints_addons.module.argo_events.helm_release.this",
            "module.eks_blueprints_addons.module.argo_rollouts.aws_iam_policy.this",
            "module.eks_blueprints_addons.module.argo_rollouts.aws_iam_role.this",
            "module.eks_blueprints_addons.module.argo_rollouts.aws_iam_role_policy_attachment.additional",
            "module.eks_blueprints_addons.module.argo_rollouts.aws_iam_role_policy_attachment.this",
            "module.eks_blueprints_addons.module.argo_rollouts.data.aws_caller_identity.current",
            "module.eks_blueprints_addons.module.argo_rollouts.data.aws_iam_policy_document.assume",
            "module.eks_blueprints_addons.module.argo_rollouts.data.aws_iam_policy_document.this",
            "module.eks_blueprints_addons.module.argo_rollouts.data.aws_partition.current",
            "module.eks_blueprints_addons.module.argo_rollouts.helm_release.this",
            "module.eks_blueprints_addons.module.argo_workflows.aws_iam_policy.this",
            "module.eks_blueprints_addons.module.argo_workflows.aws_iam_role.this",
            "module.eks_blueprints_addons.module.argo_workflows.aws_iam_role_policy_attachment.additional",
            "module.eks_blueprints_addons.module.argo_workflows.aws_iam_role_policy_attachment.this",
            "module.eks_blueprints_addons.module.argo_workflows.data.aws_caller_identity.current",
            "module.eks_blueprints_addons.module.argo_workflows.data.aws_iam_policy_document.assume",
            "module.eks_blueprints_addons.module.argo_workflows.data.aws_iam_policy_document.this",
            "module.eks_blueprints_addons.module.argo_workflows.data.aws_partition.current",
            "module.eks_blueprints_addons.module.argo_workflows.helm_release.this",
            "module.eks_blueprints_addons.module.argocd.aws_iam_policy.this",
            "module.eks_blueprints_addons.module.argocd.aws_iam_role.this",
            "module.eks_blueprints_addons.module.argocd.aws_iam_role_policy_attachment.additional",
            "module.eks_blueprints_addons.module.argocd.aws_iam_role_policy_attachment.this",
            "module.eks_blueprints_addons.module.argocd.data.aws_caller_identity.current",
            "module.eks_blueprints_addons.module.argocd.data.aws_iam_policy_document.assume",
            "module.eks_blueprints_addons.module.argocd.data.aws_iam_policy_document.this",
            "module.eks_blueprints_addons.module.argocd.data.aws_partition.current",
            "module.eks_blueprints_addons.module.argocd.helm_release.this",
            "module.eks_blueprints_addons.module.aws_cloudwatch_metrics.aws_iam_policy.this",
            "module.eks_blueprints_addons.module.aws_cloudwatch_metrics.aws_iam_role.this",
            "module.eks_blueprints_addons.module.aws_cloudwatch_metrics.aws_iam_role_policy_attachment.additional",
            "module.eks_blueprints_addons.module.aws_cloudwatch_metrics.aws_iam_role_policy_attachment.this",
            "module.eks_blueprints_addons.module.aws_cloudwatch_metrics.data.aws_caller_identity.current",
            "module.eks_blueprints_addons.module.aws_cloudwatch_metrics.data.aws_iam_policy_document.assume",
            "module.eks_blueprints_addons.module.aws_cloudwatch_metrics.data.aws_iam_policy_document.this",
            "module.eks_blueprints_addons.module.aws_cloudwatch_metrics.data.aws_partition.current",
            "module.eks_blueprints_addons.module.aws_cloudwatch_metrics.helm_release.this",
            "module.eks_blueprints_addons.module.aws_efs_csi_driver.aws_iam_policy.this",
            "module.eks_blueprints_addons.module.aws_efs_csi_driver.aws_iam_role.this",
            "module.eks_blueprints_addons.module.aws_efs_csi_driver.aws_iam_role_policy_attachment.additional",
            "module.eks_blueprints_addons.module.aws_efs_csi_driver.aws_iam_role_policy_attachment.this",
            "module.eks_blueprints_addons.module.aws_efs_csi_driver.data.aws_caller_identity.current",
            "module.eks_blueprints_addons.module.aws_efs_csi_driver.data.aws_iam_policy_document.assume",
            "module.eks_blueprints_addons.module.aws_efs_csi_driver.data.aws_iam_policy_document.this",
            "module.eks_blueprints_addons.module.aws_efs_csi_driver.data.aws_partition.current",
            "module.eks_blueprints_addons.module.aws_efs_csi_driver.helm_release.this",
            "module.eks_blueprints_addons.module.aws_for_fluentbit.aws_iam_policy.this",
            "module.eks_blueprints_addons.module.aws_for_fluentbit.aws_iam_role.this",
            "module.eks_blueprints_addons.module.aws_for_fluentbit.aws_iam_role_policy_attachment.additional",
            "module.eks_blueprints_addons.module.aws_for_fluentbit.aws_iam_role_policy_attachment.this",
            "module.eks_blueprints_addons.module.aws_for_fluentbit.data.aws_caller_identity.current",
            "module.eks_blueprints_addons.module.aws_for_fluentbit.data.aws_iam_policy_document.assume",
            "module.eks_blueprints_addons.module.aws_for_fluentbit.data.aws_iam_policy_document.this",
            "module.eks_blueprints_addons.module.aws_for_fluentbit.data.aws_partition.current",
            "module.eks_blueprints_addons.module.aws_for_fluentbit.helm_release.this",
            "module.eks_blueprints_addons.module.aws_fsx_csi_driver.aws_iam_policy.this",
            "module.eks_blueprints_addons.module.aws_fsx_csi_driver.aws_iam_role.this",
            "module.eks_blueprints_addons.module.aws_fsx_csi_driver.aws_iam_role_policy_attachment.additional",
            "module.eks_blueprints_addons.module.aws_fsx_csi_driver.aws_iam_role_policy_attachment.this",
            "module.eks_blueprints_addons.module.aws_fsx_csi_driver.data.aws_caller_identity.current",
            "module.eks_blueprints_addons.module.aws_fsx_csi_driver.data.aws_iam_policy_document.assume",
            "module.eks_blueprints_addons.module.aws_fsx_csi_driver.data.aws_iam_policy_document.this",
            "module.eks_blueprints_addons.module.aws_fsx_csi_driver.data.aws_partition.current",
            "module.eks_blueprints_addons.module.aws_fsx_csi_driver.helm_release.this",
            "module.eks_blueprints_addons.module.aws_gateway_api_controller.aws_iam_policy.this",
            "module.eks_blueprints_addons.module.aws_gateway_api_controller.aws_iam_role.this",
            "module.eks_blueprints_addons.module.aws_gateway_api_controller.aws_iam_role_policy_attachment.additional",
            "module.eks_blueprints_addons.module.aws_gateway_api_controller.aws_iam_role_policy_attachment.this",
            "module.eks_blueprints_addons.module.aws_gateway_api_controller.data.aws_caller_identity.current",
            "module.eks_blueprints_addons.module.aws_gateway_api_controller.data.aws_iam_policy_document.assume",
            "module.eks_blueprints_addons.module.aws_gateway_api_controller.data.aws_iam_policy_document.this",
            "module.eks_blueprints_addons.module.aws_gateway_api_controller.data.aws_partition.current",
            "module.eks_blueprints_addons.module.aws_gateway_api_controller.helm_release.this",
            "module.eks_blueprints_addons.module.aws_load_balancer_controller.aws_iam_policy.this",
            "module.eks_blueprints_addons.module.aws_load_balancer_controller.aws_iam_role.this",
            "module.eks_blueprints_addons.module.aws_load_balancer_controller.aws_iam_role_policy_attachment.additional",
            "module.eks_blueprints_addons.module.aws_load_balancer_controller.aws_iam_role_policy_attachment.this",
            "module.eks_blueprints_addons.module.aws_load_balancer_controller.data.aws_caller_identity.current",
            "module.eks_blueprints_addons.module.aws_load_balancer_controller.data.aws_iam_policy_document.assume",
            "module.eks_blueprints_addons.module.aws_load_balancer_controller.data.aws_iam_policy_document.this",
            "module.eks_blueprints_addons.module.aws_load_balancer_controller.data.aws_partition.current",
            "module.eks_blueprints_addons.module.aws_load_balancer_controller.helm_release.this",
            "module.eks_blueprints_addons.module.aws_node_termination_handler.aws_iam_policy.this",
            "module.eks_blueprints_addons.module.aws_node_termination_handler.aws_iam_role.this",
            "module.eks_blueprints_addons.module.aws_node_termination_handler.aws_iam_role_policy_attachment.additional",
            "module.eks_blueprints_addons.module.aws_node_termination_handler.aws_iam_role_policy_attachment.this",
            "module.eks_blueprints_addons.module.aws_node_termination_handler.data.aws_caller_identity.current",
            "module.eks_blueprints_addons.module.aws_node_termination_handler.data.aws_iam_policy_document.assume",
            "module.eks_blueprints_addons.module.aws_node_termination_handler.data.aws_iam_policy_document.this",
            "module.eks_blueprints_addons.module.aws_node_termination_handler.data.aws_partition.current",
            "module.eks_blueprints_addons.module.aws_node_termination_handler.helm_release.this",
            "module.eks_blueprints_addons.module.aws_node_termination_handler_sqs.aws_sqs_queue.dlq",
            "module.eks_blueprints_addons.module.aws_node_termination_handler_sqs.aws_sqs_queue.this",
            "module.eks_blueprints_addons.module.aws_node_termination_handler_sqs.aws_sqs_queue_policy.dlq",
            "module.eks_blueprints_addons.module.aws_node_termination_handler_sqs.aws_sqs_queue_policy.this",
            "module.eks_blueprints_addons.module.aws_node_termination_handler_sqs.aws_sqs_queue_redrive_allow_policy.dlq",
            "module.eks_blueprints_addons.module.aws_node_termination_handler_sqs.aws_sqs_queue_redrive_allow_policy.this",
            "module.eks_blueprints_addons.module.aws_node_termination_handler_sqs.aws_sqs_queue_redrive_policy.dlq",
            "module.eks_blueprints_addons.module.aws_node_termination_handler_sqs.aws_sqs_queue_redrive_policy.this",
            "module.eks_blueprints_addons.module.aws_node_termination_handler_sqs.data.aws_iam_policy_document.dlq",
            "module.eks_blueprints_addons.module.aws_node_termination_handler_sqs.data.aws_iam_policy_document.this",
            "module.eks_blueprints_addons.module.aws_privateca_issuer.aws_iam_policy.this",
            "module.eks_blueprints_addons.module.aws_privateca_issuer.aws_iam_role.this",
            "module.eks_blueprints_addons.module.aws_privateca_issuer.aws_iam_role_policy_attachment.additional",
            "module.eks_blueprints_addons.module.aws_privateca_issuer.aws_iam_role_policy_attachment.this",
            "module.eks_blueprints_addons.module.aws_privateca_issuer.data.aws_caller_identity.current",
            "module.eks_blueprints_addons.module.aws_privateca_issuer.data.aws_iam_policy_document.assume",
            "module.eks_blueprints_addons.module.aws_privateca_issuer.data.aws_iam_policy_document.this",
            "module.eks_blueprints_addons.module.aws_privateca_issuer.data.aws_partition.current",
            "module.eks_blueprints_addons.module.aws_privateca_issuer.helm_release.this",
            "module.eks_blueprints_addons.module.bottlerocket_shadow.aws_iam_policy.this",
            "module.eks_blueprints_addons.module.bottlerocket_shadow.aws_iam_role.this",
            "module.eks_blueprints_addons.module.bottlerocket_shadow.aws_iam_role_policy_attachment.additional",
            "module.eks_blueprints_addons.module.bottlerocket_shadow.aws_iam_role_policy_attachment.this",
            "module.eks_blueprints_addons.module.bottlerocket_shadow.data.aws_caller_identity.current",
            "module.eks_blueprints_addons.module.bottlerocket_shadow.data.aws_iam_policy_document.assume",
            "module.eks_blueprints_addons.module.bottlerocket_shadow.data.aws_iam_policy_document.this",
            "module.eks_blueprints_addons.module.bottlerocket_shadow.data.aws_partition.current",
            "module.eks_blueprints_addons.module.bottlerocket_shadow.helm_release.this",
            "module.eks_blueprints_addons.module.bottlerocket_update_operator.aws_iam_policy.this",
            "module.eks_blueprints_addons.module.bottlerocket_update_operator.aws_iam_role.this",
            "module.eks_blueprints_addons.module.bottlerocket_update_operator.aws_iam_role_policy_attachment.additional",
            "module.eks_blueprints_addons.module.bottlerocket_update_operator.aws_iam_role_policy_attachment.this",
            "module.eks_blueprints_addons.module.bottlerocket_update_operator.data.aws_caller_identity.current",
            "module.eks_blueprints_addons.module.bottlerocket_update_operator.data.aws_iam_policy_document.assume",
            "module.eks_blueprints_addons.module.bottlerocket_update_operator.data.aws_iam_policy_document.this",
            "module.eks_blueprints_addons.module.bottlerocket_update_operator.data.aws_partition.current",
            "module.eks_blueprints_addons.module.bottlerocket_update_operator.helm_release.this",
            "module.eks_blueprints_addons.module.cert_manager.aws_iam_policy.this",
            "module.eks_blueprints_addons.module.cert_manager.aws_iam_role.this",
            "module.eks_blueprints_addons.module.cert_manager.aws_iam_role_policy_attachment.additional",
            "module.eks_blueprints_addons.module.cert_manager.aws_iam_role_policy_attachment.this",
            "module.eks_blueprints_addons.module.cert_manager.data.aws_caller_identity.current",
            "module.eks_blueprints_addons.module.cert_manager.data.aws_iam_policy_document.assume",
            "module.eks_blueprints_addons.module.cert_manager.data.aws_iam_policy_document.this",
            "module.eks_blueprints_addons.module.cert_manager.data.aws_partition.current",
            "module.eks_blueprints_addons.module.cert_manager.helm_release.this",
            "module.eks_blueprints_addons.module.cluster_autoscaler.aws_iam_policy.this",
            "module.eks_blueprints_addons.module.cluster_autoscaler.aws_iam_role.this",
            "module.eks_blueprints_addons.module.cluster_autoscaler.aws_iam_role_policy_attachment.additional",
            "module.eks_blueprints_addons.module.cluster_autoscaler.aws_iam_role_policy_attachment.this",
            "module.eks_blueprints_addons.module.cluster_autoscaler.data.aws_caller_identity.current",
            "module.eks_blueprints_addons.module.cluster_autoscaler.data.aws_iam_policy_document.assume",
            "module.eks_blueprints_addons.module.cluster_autoscaler.data.aws_iam_policy_document.this",
            "module.eks_blueprints_addons.module.cluster_autoscaler.data.aws_partition.current",
            "module.eks_blueprints_addons.module.cluster_autoscaler.helm_release.this",
            "module.eks_blueprints_addons.module.cluster_proportional_autoscaler.aws_iam_policy.this",
            "module.eks_blueprints_addons.module.cluster_proportional_autoscaler.aws_iam_role.this",
            "module.eks_blueprints_addons.module.cluster_proportional_autoscaler.aws_iam_role_policy_attachment.additional",
            "module.eks_blueprints_addons.module.cluster_proportional_autoscaler.aws_iam_role_policy_attachment.this",
            "module.eks_blueprints_addons.module.cluster_proportional_autoscaler.data.aws_caller_identity.current",
            "module.eks_blueprints_addons.module.cluster_proportional_autoscaler.data.aws_iam_policy_document.assume",
            "module.eks_blueprints_addons.module.cluster_proportional_autoscaler.data.aws_iam_policy_document.this",
            "module.eks_blueprints_addons.module.cluster_proportional_autoscaler.data.aws_partition.current",
            "module.eks_blueprints_addons.module.cluster_proportional_autoscaler.helm_release.this",
            "module.eks_blueprints_addons.module.external_dns.aws_iam_policy.this",
            "module.eks_blueprints_addons.module.external_dns.aws_iam_role.this",
            "module.eks_blueprints_addons.module.external_dns.aws_iam_role_policy_attachment.additional",
            "module.eks_blueprints_addons.module.external_dns.aws_iam_role_policy_attachment.this",
            "module.eks_blueprints_addons.module.external_dns.data.aws_caller_identity.current",
            "module.eks_blueprints_addons.module.external_dns.data.aws_iam_policy_document.assume",
            "module.eks_blueprints_addons.module.external_dns.data.aws_iam_policy_document.this",
            "module.eks_blueprints_addons.module.external_dns.data.aws_partition.current",
            "module.eks_blueprints_addons.module.external_dns.helm_release.this",
            "module.eks_blueprints_addons.module.external_secrets.aws_iam_policy.this",
            "module.eks_blueprints_addons.module.external_secrets.aws_iam_role.this",
            "module.eks_blueprints_addons.module.external_secrets.aws_iam_role_policy_attachment.additional",
            "module.eks_blueprints_addons.module.external_secrets.aws_iam_role_policy_attachment.this",
            "module.eks_blueprints_addons.module.external_secrets.data.aws_caller_identity.current",
            "module.eks_blueprints_addons.module.external_secrets.data.aws_iam_policy_document.assume",
            "module.eks_blueprints_addons.module.external_secrets.data.aws_iam_policy_document.this",
            "module.eks_blueprints_addons.module.external_secrets.data.aws_partition.current",
            "module.eks_blueprints_addons.module.external_secrets.helm_release.this",
            "module.eks_blueprints_addons.module.gatekeeper.aws_iam_policy.this",
            "module.eks_blueprints_addons.module.gatekeeper.aws_iam_role.this",
            "module.eks_blueprints_addons.module.gatekeeper.aws_iam_role_policy_attachment.additional",
            "module.eks_blueprints_addons.module.gatekeeper.aws_iam_role_policy_attachment.this",
            "module.eks_blueprints_addons.module.gatekeeper.data.aws_caller_identity.current",
            "module.eks_blueprints_addons.module.gatekeeper.data.aws_iam_policy_document.assume",
            "module.eks_blueprints_addons.module.gatekeeper.data.aws_iam_policy_document.this",
            "module.eks_blueprints_addons.module.gatekeeper.data.aws_partition.current",
            "module.eks_blueprints_addons.module.gatekeeper.helm_release.this",
            "module.eks_blueprints_addons.module.ingress_nginx.aws_iam_policy.this",
            "module.eks_blueprints_addons.module.ingress_nginx.aws_iam_role.this",
            "module.eks_blueprints_addons.module.ingress_nginx.aws_iam_role_policy_attachment.additional",
            "module.eks_blueprints_addons.module.ingress_nginx.aws_iam_role_policy_attachment.this",
            "module.eks_blueprints_addons.module.ingress_nginx.data.aws_caller_identity.current",
            "module.eks_blueprints_addons.module.ingress_nginx.data.aws_iam_policy_document.assume",
            "module.eks_blueprints_addons.module.ingress_nginx.data.aws_iam_policy_document.this",
            "module.eks_blueprints_addons.module.ingress_nginx.data.aws_partition.current",
            "module.eks_blueprints_addons.module.ingress_nginx.helm_release.this",
            "module.eks_blueprints_addons.module.karpenter.aws_iam_policy.this",
            "module.eks_blueprints_addons.module.karpenter.aws_iam_role.this",
            "module.eks_blueprints_addons.module.karpenter.aws_iam_role_policy_attachment.additional",
            "module.eks_blueprints_addons.module.karpenter.aws_iam_role_policy_attachment.this",
            "module.eks_blueprints_addons.module.karpenter.data.aws_caller_identity.current",
            "module.eks_blueprints_addons.module.karpenter.data.aws_iam_policy_document.assume",
            "module.eks_blueprints_addons.module.karpenter.data.aws_iam_policy_document.this",
            "module.eks_blueprints_addons.module.karpenter.data.aws_partition.current",
            "module.eks_blueprints_addons.module.karpenter.helm_release.this",
            "module.eks_blueprints_addons.module.karpenter_sqs.aws_sqs_queue.dlq",
            "module.eks_blueprints_addons.module.karpenter_sqs.aws_sqs_queue.this",
            "module.eks_blueprints_addons.module.karpenter_sqs.aws_sqs_queue_policy.dlq",
            "module.eks_blueprints_addons.module.karpenter_sqs.aws_sqs_queue_policy.this",
            "module.eks_blueprints_addons.module.karpenter_sqs.aws_sqs_queue_redrive_allow_policy.dlq",
            "module.eks_blueprints_addons.module.karpenter_sqs.aws_sqs_queue_redrive_allow_policy.this",
            "module.eks_blueprints_addons.module.karpenter_sqs.aws_sqs_queue_redrive_policy.dlq",
            "module.eks_blueprints_addons.module.karpenter_sqs.aws_sqs_queue_redrive_policy.this",
            "module.eks_blueprints_addons.module.karpenter_sqs.data.aws_iam_policy_document.dlq",
            "module.eks_blueprints_addons.module.karpenter_sqs.data.aws_iam_policy_document.this",
            "module.eks_blueprints_addons.module.kube_prometheus_stack.aws_iam_policy.this",
            "module.eks_blueprints_addons.module.kube_prometheus_stack.aws_iam_role.this",
            "module.eks_blueprints_addons.module.kube_prometheus_stack.aws_iam_role_policy_attachment.additional",
            "module.eks_blueprints_addons.module.kube_prometheus_stack.aws_iam_role_policy_attachment.this",
            "module.eks_blueprints_addons.module.kube_prometheus_stack.data.aws_caller_identity.current",
            "module.eks_blueprints_addons.module.kube_prometheus_stack.data.aws_iam_policy_document.assume",
            "module.eks_blueprints_addons.module.kube_prometheus_stack.data.aws_iam_policy_document.this",
            "module.eks_blueprints_addons.module.kube_prometheus_stack.data.aws_partition.current",
            "module.eks_blueprints_addons.module.kube_prometheus_stack.helm_release.this",
            "module.eks_blueprints_addons.module.metrics_server.aws_iam_policy.this",
            "module.eks_blueprints_addons.module.metrics_server.aws_iam_role.this",
            "module.eks_blueprints_addons.module.metrics_server.aws_iam_role_policy_attachment.additional",
            "module.eks_blueprints_addons.module.metrics_server.aws_iam_role_policy_attachment.this",
            "module.eks_blueprints_addons.module.metrics_server.data.aws_caller_identity.current",
            "module.eks_blueprints_addons.module.metrics_server.data.aws_iam_policy_document.assume",
            "module.eks_blueprints_addons.module.metrics_server.data.aws_iam_policy_document.this",
            "module.eks_blueprints_addons.module.metrics_server.data.aws_partition.current",
            "module.eks_blueprints_addons.module.metrics_server.helm_release.this",
            "module.eks_blueprints_addons.module.secrets_store_csi_driver.aws_iam_policy.this",
            "module.eks_blueprints_addons.module.secrets_store_csi_driver.aws_iam_role.this",
            "module.eks_blueprints_addons.module.secrets_store_csi_driver.aws_iam_role_policy_attachment.additional",
            "module.eks_blueprints_addons.module.secrets_store_csi_driver.aws_iam_role_policy_attachment.this",
            "module.eks_blueprints_addons.module.secrets_store_csi_driver.data.aws_caller_identity.current",
            "module.eks_blueprints_addons.module.secrets_store_csi_driver.data.aws_iam_policy_document.assume",
            "module.eks_blueprints_addons.module.secrets_store_csi_driver.data.aws_iam_policy_document.this",
            "module.eks_blueprints_addons.module.secrets_store_csi_driver.data.aws_partition.current",
            "module.eks_blueprints_addons.module.secrets_store_csi_driver.helm_release.this",
            "module.eks_blueprints_addons.module.secrets_store_csi_driver_provider_aws.aws_iam_policy.this",
            "module.eks_blueprints_addons.module.secrets_store_csi_driver_provider_aws.aws_iam_role.this",
            "module.eks_blueprints_addons.module.secrets_store_csi_driver_provider_aws.aws_iam_role_policy_attachment.additional",
            "module.eks_blueprints_addons.module.secrets_store_csi_driver_provider_aws.aws_iam_role_policy_attachment.this",
            "module.eks_blueprints_addons.module.secrets_store_csi_driver_provider_aws.data.aws_caller_identity.current",
            "module.eks_blueprints_addons.module.secrets_store_csi_driver_provider_aws.data.aws_iam_policy_document.assume",
            "module.eks_blueprints_addons.module.secrets_store_csi_driver_provider_aws.data.aws_iam_policy_document.this",
            "module.eks_blueprints_addons.module.secrets_store_csi_driver_provider_aws.data.aws_partition.current",
            "module.eks_blueprints_addons.module.secrets_store_csi_driver_provider_aws.helm_release.this",
            "module.eks_blueprints_addons.module.velero.aws_iam_policy.this",
            "module.eks_blueprints_addons.module.velero.aws_iam_role.this",
            "module.eks_blueprints_addons.module.velero.aws_iam_role_policy_attachment.additional",
            "module.eks_blueprints_addons.module.velero.aws_iam_role_policy_attachment.this",
            "module.eks_blueprints_addons.module.velero.data.aws_caller_identity.current",
            "module.eks_blueprints_addons.module.velero.data.aws_iam_policy_document.assume",
            "module.eks_blueprints_addons.module.velero.data.aws_iam_policy_document.this",
            "module.eks_blueprints_addons.module.velero.data.aws_partition.current",
            "module.eks_blueprints_addons.module.velero.helm_release.this",
            "module.eks_blueprints_addons.module.vpa.aws_iam_policy.this",
            "module.eks_blueprints_addons.module.vpa.aws_iam_role.this",
            "module.eks_blueprints_addons.module.vpa.aws_iam_role_policy_attachment.additional",
            "module.eks_blueprints_addons.module.vpa.aws_iam_role_policy_attachment.this",
            "module.eks_blueprints_addons.module.vpa.data.aws_caller_identity.current",
            "module.eks_blueprints_addons.module.vpa.data.aws_iam_policy_document.assume",
            "module.eks_blueprints_addons.module.vpa.data.aws_iam_policy_document.this",
            "module.eks_blueprints_addons.module.vpa.data.aws_partition.current",
            "module.eks_blueprints_addons.module.vpa.helm_release.this",
            "module.eks_blueprints_addons.random_bytes.this",
            "module.eks_blueprints_addons.time_sleep.this",
            "module.eks_blueprints_addons_lbc.aws_autoscaling_group_tag.aws_node_termination_handler",
            "module.eks_blueprints_addons_lbc.aws_autoscaling_lifecycle_hook.aws_node_termination_handler",
            "module.eks_blueprints_addons_lbc.aws_cloudformation_stack.usage_telemetry",
            "module.eks_blueprints_addons_lbc.aws_cloudwatch_event_rule.aws_node_termination_handler",
            "module.eks_blueprints_addons_lbc.aws_cloudwatch_event_rule.karpenter",
            "module.eks_blueprints_addons_lbc.aws_cloudwatch_event_target.aws_node_termination_handler",
            "module.eks_blueprints_addons_lbc.aws_cloudwatch_event_target.karpenter",
            "module.eks_blueprints_addons_lbc.aws_cloudwatch_log_group.aws_for_fluentbit",
            "module.eks_blueprints_addons_lbc.aws_cloudwatch_log_group.fargate_fluentbit",
            "module.eks_blueprints_addons_lbc.aws_eks_addon.this",
            "module.eks_blueprints_addons_lbc.aws_iam_instance_profile.karpenter",
            "module.eks_blueprints_addons_lbc.aws_iam_policy.fargate_fluentbit",
            "module.eks_blueprints_addons_lbc.aws_iam_role.karpenter",
            "module.eks_blueprints_addons_lbc.aws_iam_role_policy_attachment.additional",
            "module.eks_blueprints_addons_lbc.aws_iam_role_policy_attachment.karpenter",
            "module.eks_blueprints_addons_lbc.data.aws_caller_identity.current",
            "module.eks_blueprints_addons_lbc.data.aws_eks_addon_version.this",
            "module.eks_blueprints_addons_lbc.data.aws_iam_policy_document.aws_efs_csi_driver",
            "module.eks_blueprints_addons_lbc.data.aws_iam_policy_document.aws_for_fluentbit",
            "module.eks_blueprints_addons_lbc.data.aws_iam_policy_document.aws_fsx_csi_driver",
            "module.eks_blueprints_addons_lbc.data.aws_iam_policy_document.aws_gateway_api_controller",
            "module.eks_blueprints_addons_lbc.data.aws_iam_policy_document.aws_load_balancer_controller",
            "module.eks_blueprints_addons_lbc.data.aws_iam_policy_document.aws_node_termination_handler",
            "module.eks_blueprints_addons_lbc.data.aws_iam_policy_document.aws_privateca_issuer",
            "module.eks_blueprints_addons_lbc.data.aws_iam_policy_document.cert_manager",
            "module.eks_blueprints_addons_lbc.data.aws_iam_policy_document.cluster_autoscaler",
            "module.eks_blueprints_addons_lbc.data.aws_iam_policy_document.external_dns",
            "module.eks_blueprints_addons_lbc.data.aws_iam_policy_document.external_secrets",
            "module.eks_blueprints_addons_lbc.data.aws_iam_policy_document.fargate_fluentbit",
            "module.eks_blueprints_addons_lbc.data.aws_iam_policy_document.karpenter",
            "module.eks_blueprints_addons_lbc.data.aws_iam_policy_document.karpenter_assume_role",
            "module.eks_blueprints_addons_lbc.data.aws_iam_policy_document.velero",
            "module.eks_blueprints_addons_lbc.data.aws_partition.current",
            "module.eks_blueprints_addons_lbc.data.aws_region.current",
            "module.eks_blueprints_addons_lbc.helm_release.this",
            "module.eks_blueprints_addons_lbc.kubernetes_config_map_v1.aws_logging",
            "module.eks_blueprints_addons_lbc.kubernetes_config_map_v1_data.aws_for_fluentbit_containerinsights",
            "module.eks_blueprints_addons_lbc.kubernetes_namespace_v1.aws_observability",
            "module.eks_blueprints_addons_lbc.module.argo_events.aws_iam_policy.this",
            "module.eks_blueprints_addons_lbc.module.argo_events.aws_iam_role.this",
            "module.eks_blueprints_addons_lbc.module.argo_events.aws_iam_role_policy_attachment.additional",
            "module.eks_blueprints_addons_lbc.module.argo_events.aws_iam_role_policy_attachment.this",
            "module.eks_blueprints_addons_lbc.module.argo_events.data.aws_caller_identity.current",
            "module.eks_blueprints_addons_lbc.module.argo_events.data.aws_iam_policy_document.assume",
            "module.eks_blueprints_addons_lbc.module.argo_events.data.aws_iam_policy_document.this",
            "module.eks_blueprints_addons_lbc.module.argo_events.data.aws_partition.current",
            "module.eks_blueprints_addons_lbc.module.argo_events.helm_release.this",
            "module.eks_blueprints_addons_lbc.module.argo_rollouts.aws_iam_policy.this",
            "module.eks_blueprints_addons_lbc.module.argo_rollouts.aws_iam_role.this",
            "module.eks_blueprints_addons_lbc.module.argo_rollouts.aws_iam_role_policy_attachment.additional",
            "module.eks_blueprints_addons_lbc.module.argo_rollouts.aws_iam_role_policy_attachment.this",
            "module.eks_blueprints_addons_lbc.module.argo_rollouts.data.aws_caller_identity.current",
            "module.eks_blueprints_addons_lbc.module.argo_rollouts.data.aws_iam_policy_document.assume",
            "module.eks_blueprints_addons_lbc.module.argo_rollouts.data.aws_iam_policy_document.this",
            "module.eks_blueprints_addons_lbc.module.argo_rollouts.data.aws_partition.current",
            "module.eks_blueprints_addons_lbc.module.argo_rollouts.helm_release.this",
            "module.eks_blueprints_addons_lbc.module.argo_workflows.aws_iam_policy.this",
            "module.eks_blueprints_addons_lbc.module.argo_workflows.aws_iam_role.this",
            "module.eks_blueprints_addons_lbc.module.argo_workflows.aws_iam_role_policy_attachment.additional",
            "module.eks_blueprints_addons_lbc.module.argo_workflows.aws_iam_role_policy_attachment.this",
            "module.eks_blueprints_addons_lbc.module.argo_workflows.data.aws_caller_identity.current",
            "module.eks_blueprints_addons_lbc.module.argo_workflows.data.aws_iam_policy_document.assume",
            "module.eks_blueprints_addons_lbc.module.argo_workflows.data.aws_iam_policy_document.this",
            "module.eks_blueprints_addons_lbc.module.argo_workflows.data.aws_partition.current",
            "module.eks_blueprints_addons_lbc.module.argo_workflows.helm_release.this",
            "module.eks_blueprints_addons_lbc.module.argocd.aws_iam_policy.this",
            "module.eks_blueprints_addons_lbc.module.argocd.aws_iam_role.this",
            "module.eks_blueprints_addons_lbc.module.argocd.aws_iam_role_policy_attachment.additional",
            "module.eks_blueprints_addons_lbc.module.argocd.aws_iam_role_policy_attachment.this",
            "module.eks_blueprints_addons_lbc.module.argocd.data.aws_caller_identity.current",
            "module.eks_blueprints_addons_lbc.module.argocd.data.aws_iam_policy_document.assume",
            "module.eks_blueprints_addons_lbc.module.argocd.data.aws_iam_policy_document.this",
            "module.eks_blueprints_addons_lbc.module.argocd.data.aws_partition.current",
            "module.eks_blueprints_addons_lbc.module.argocd.helm_release.this",
            "module.eks_blueprints_addons_lbc.module.aws_cloudwatch_metrics.aws_iam_policy.this",
            "module.eks_blueprints_addons_lbc.module.aws_cloudwatch_metrics.aws_iam_role.this",
            "module.eks_blueprints_addons_lbc.module.aws_cloudwatch_metrics.aws_iam_role_policy_attachment.additional",
            "module.eks_blueprints_addons_lbc.module.aws_cloudwatch_metrics.aws_iam_role_policy_attachment.this",
            "module.eks_blueprints_addons_lbc.module.aws_cloudwatch_metrics.data.aws_caller_identity.current",
            "module.eks_blueprints_addons_lbc.module.aws_cloudwatch_metrics.data.aws_iam_policy_document.assume",
            "module.eks_blueprints_addons_lbc.module.aws_cloudwatch_metrics.data.aws_iam_policy_document.this",
            "module.eks_blueprints_addons_lbc.module.aws_cloudwatch_metrics.data.aws_partition.current",
            "module.eks_blueprints_addons_lbc.module.aws_cloudwatch_metrics.helm_release.this",
            "module.eks_blueprints_addons_lbc.module.aws_efs_csi_driver.aws_iam_policy.this",
            "module.eks_blueprints_addons_lbc.module.aws_efs_csi_driver.aws_iam_role.this",
            "module.eks_blueprints_addons_lbc.module.aws_efs_csi_driver.aws_iam_role_policy_attachment.additional",
            "module.eks_blueprints_addons_lbc.module.aws_efs_csi_driver.aws_iam_role_policy_attachment.this",
            "module.eks_blueprints_addons_lbc.module.aws_efs_csi_driver.data.aws_caller_identity.current",
            "module.eks_blueprints_addons_lbc.module.aws_efs_csi_driver.data.aws_iam_policy_document.assume",
            "module.eks_blueprints_addons_lbc.module.aws_efs_csi_driver.data.aws_iam_policy_document.this",
            "module.eks_blueprints_addons_lbc.module.aws_efs_csi_driver.data.aws_partition.current",
            "module.eks_blueprints_addons_lbc.module.aws_efs_csi_driver.helm_release.this",
            "module.eks_blueprints_addons_lbc.module.aws_for_fluentbit.aws_iam_policy.this",
            "module.eks_blueprints_addons_lbc.module.aws_for_fluentbit.aws_iam_role.this",
            "module.eks_blueprints_addons_lbc.module.aws_for_fluentbit.aws_iam_role_policy_attachment.additional",
            "module.eks_blueprints_addons_lbc.module.aws_for_fluentbit.aws_iam_role_policy_attachment.this",
            "module.eks_blueprints_addons_lbc.module.aws_for_fluentbit.data.aws_caller_identity.current",
            "module.eks_blueprints_addons_lbc.module.aws_for_fluentbit.data.aws_iam_policy_document.assume",
            "module.eks_blueprints_addons_lbc.module.aws_for_fluentbit.data.aws_iam_policy_document.this",
            "module.eks_blueprints_addons_lbc.module.aws_for_fluentbit.data.aws_partition.current",
            "module.eks_blueprints_addons_lbc.module.aws_for_fluentbit.helm_release.this",
            "module.eks_blueprints_addons_lbc.module.aws_fsx_csi_driver.aws_iam_policy.this",
            "module.eks_blueprints_addons_lbc.module.aws_fsx_csi_driver.aws_iam_role.this",
            "module.eks_blueprints_addons_lbc.module.aws_fsx_csi_driver.aws_iam_role_policy_attachment.additional",
            "module.eks_blueprints_addons_lbc.module.aws_fsx_csi_driver.aws_iam_role_policy_attachment.this",
            "module.eks_blueprints_addons_lbc.module.aws_fsx_csi_driver.data.aws_caller_identity.current",
            "module.eks_blueprints_addons_lbc.module.aws_fsx_csi_driver.data.aws_iam_policy_document.assume",
            "module.eks_blueprints_addons_lbc.module.aws_fsx_csi_driver.data.aws_iam_policy_document.this",
            "module.eks_blueprints_addons_lbc.module.aws_fsx_csi_driver.data.aws_partition.current",
            "module.eks_blueprints_addons_lbc.module.aws_fsx_csi_driver.helm_release.this",
            "module.eks_blueprints_addons_lbc.module.aws_gateway_api_controller.aws_iam_policy.this",
            "module.eks_blueprints_addons_lbc.module.aws_gateway_api_controller.aws_iam_role.this",
            "module.eks_blueprints_addons_lbc.module.aws_gateway_api_controller.aws_iam_role_policy_attachment.additional",
            "module.eks_blueprints_addons_lbc.module.aws_gateway_api_controller.aws_iam_role_policy_attachment.this",
            "module.eks_blueprints_addons_lbc.module.aws_gateway_api_controller.data.aws_caller_identity.current",
            "module.eks_blueprints_addons_lbc.module.aws_gateway_api_controller.data.aws_iam_policy_document.assume",
            "module.eks_blueprints_addons_lbc.module.aws_gateway_api_controller.data.aws_iam_policy_document.this",
            "module.eks_blueprints_addons_lbc.module.aws_gateway_api_controller.data.aws_partition.current",
            "module.eks_blueprints_addons_lbc.module.aws_gateway_api_controller.helm_release.this",
            "module.eks_blueprints_addons_lbc.module.aws_load_balancer_controller.aws_iam_policy.this",
            "module.eks_blueprints_addons_lbc.module.aws_load_balancer_controller.aws_iam_role.this",
            "module.eks_blueprints_addons_lbc.module.aws_load_balancer_controller.aws_iam_role_policy_attachment.additional",
            "module.eks_blueprints_addons_lbc.module.aws_load_balancer_controller.aws_iam_role_policy_attachment.this",
            "module.eks_blueprints_addons_lbc.module.aws_load_balancer_controller.data.aws_caller_identity.current",
            "module.eks_blueprints_addons_lbc.module.aws_load_balancer_controller.data.aws_iam_policy_document.assume",
            "module.eks_blueprints_addons_lbc.module.aws_load_balancer_controller.data.aws_iam_policy_document.this",
            "module.eks_blueprints_addons_lbc.module.aws_load_balancer_controller.data.aws_partition.current",
            "module.eks_blueprints_addons_lbc.module.aws_load_balancer_controller.helm_release.this",
            "module.eks_blueprints_addons_lbc.module.aws_node_termination_handler.aws_iam_policy.this",
            "module.eks_blueprints_addons_lbc.module.aws_node_termination_handler.aws_iam_role.this",
            "module.eks_blueprints_addons_lbc.module.aws_node_termination_handler.aws_iam_role_policy_attachment.additional",
            "module.eks_blueprints_addons_lbc.module.aws_node_termination_handler.aws_iam_role_policy_attachment.this",
            "module.eks_blueprints_addons_lbc.module.aws_node_termination_handler.data.aws_caller_identity.current",
            "module.eks_blueprints_addons_lbc.module.aws_node_termination_handler.data.aws_iam_policy_document.assume",
            "module.eks_blueprints_addons_lbc.module.aws_node_termination_handler.data.aws_iam_policy_document.this",
            "module.eks_blueprints_addons_lbc.module.aws_node_termination_handler.data.aws_partition.current",
            "module.eks_blueprints_addons_lbc.module.aws_node_termination_handler.helm_release.this",
            "module.eks_blueprints_addons_lbc.module.aws_node_termination_handler_sqs.aws_sqs_queue.dlq",
            "module.eks_blueprints_addons_lbc.module.aws_node_termination_handler_sqs.aws_sqs_queue.this",
            "module.eks_blueprints_addons_lbc.module.aws_node_termination_handler_sqs.aws_sqs_queue_policy.dlq",
            "module.eks_blueprints_addons_lbc.module.aws_node_termination_handler_sqs.aws_sqs_queue_policy.this",
            "module.eks_blueprints_addons_lbc.module.aws_node_termination_handler_sqs.aws_sqs_queue_redrive_allow_policy.dlq",
            "module.eks_blueprints_addons_lbc.module.aws_node_termination_handler_sqs.aws_sqs_queue_redrive_allow_policy.this",
            "module.eks_blueprints_addons_lbc.module.aws_node_termination_handler_sqs.aws_sqs_queue_redrive_policy.dlq",
            "module.eks_blueprints_addons_lbc.module.aws_node_termination_handler_sqs.aws_sqs_queue_redrive_policy.this",
            "module.eks_blueprints_addons_lbc.module.aws_node_termination_handler_sqs.data.aws_iam_policy_document.dlq",
            "module.eks_blueprints_addons_lbc.module.aws_node_termination_handler_sqs.data.aws_iam_policy_document.this",
            "module.eks_blueprints_addons_lbc.module.aws_privateca_issuer.aws_iam_policy.this",
            "module.eks_blueprints_addons_lbc.module.aws_privateca_issuer.aws_iam_role.this",
            "module.eks_blueprints_addons_lbc.module.aws_privateca_issuer.aws_iam_role_policy_attachment.additional",
            "module.eks_blueprints_addons_lbc.module.aws_privateca_issuer.aws_iam_role_policy_attachment.this",
            "module.eks_blueprints_addons_lbc.module.aws_privateca_issuer.data.aws_caller_identity.current",
            "module.eks_blueprints_addons_lbc.module.aws_privateca_issuer.data.aws_iam_policy_document.assume",
            "module.eks_blueprints_addons_lbc.module.aws_privateca_issuer.data.aws_iam_policy_document.this",
            "module.eks_blueprints_addons_lbc.module.aws_privateca_issuer.data.aws_partition.current",
            "module.eks_blueprints_addons_lbc.module.aws_privateca_issuer.helm_release.this",
            "module.eks_blueprints_addons_lbc.module.bottlerocket_shadow.aws_iam_policy.this",
            "module.eks_blueprints_addons_lbc.module.bottlerocket_shadow.aws_iam_role.this",
            "module.eks_blueprints_addons_lbc.module.bottlerocket_shadow.aws_iam_role_policy_attachment.additional",
            "module.eks_blueprints_addons_lbc.module.bottlerocket_shadow.aws_iam_role_policy_attachment.this",
            "module.eks_blueprints_addons_lbc.module.bottlerocket_shadow.data.aws_caller_identity.current",
            "module.eks_blueprints_addons_lbc.module.bottlerocket_shadow.data.aws_iam_policy_document.assume",
            "module.eks_blueprints_addons_lbc.module.bottlerocket_shadow.data.aws_iam_policy_document.this",
            "module.eks_blueprints_addons_lbc.module.bottlerocket_shadow.data.aws_partition.current",
            "module.eks_blueprints_addons_lbc.module.bottlerocket_shadow.helm_release.this",
            "module.eks_blueprints_addons_lbc.module.bottlerocket_update_operator.aws_iam_policy.this",
            "module.eks_blueprints_addons_lbc.module.bottlerocket_update_operator.aws_iam_role.this",
            "module.eks_blueprints_addons_lbc.module.bottlerocket_update_operator.aws_iam_role_policy_attachment.additional",
            "module.eks_blueprints_addons_lbc.module.bottlerocket_update_operator.aws_iam_role_policy_attachment.this",
            "module.eks_blueprints_addons_lbc.module.bottlerocket_update_operator.data.aws_caller_identity.current",
            "module.eks_blueprints_addons_lbc.module.bottlerocket_update_operator.data.aws_iam_policy_document.assume",
            "module.eks_blueprints_addons_lbc.module.bottlerocket_update_operator.data.aws_iam_policy_document.this",
            "module.eks_blueprints_addons_lbc.module.bottlerocket_update_operator.data.aws_partition.current",
            "module.eks_blueprints_addons_lbc.module.bottlerocket_update_operator.helm_release.this",
            "module.eks_blueprints_addons_lbc.module.cert_manager.aws_iam_policy.this",
            "module.eks_blueprints_addons_lbc.module.cert_manager.aws_iam_role.this",
            "module.eks_blueprints_addons_lbc.module.cert_manager.aws_iam_role_policy_attachment.additional",
            "module.eks_blueprints_addons_lbc.module.cert_manager.aws_iam_role_policy_attachment.this",
            "module.eks_blueprints_addons_lbc.module.cert_manager.data.aws_caller_identity.current",
            "module.eks_blueprints_addons_lbc.module.cert_manager.data.aws_iam_policy_document.assume",
            "module.eks_blueprints_addons_lbc.module.cert_manager.data.aws_iam_policy_document.this",
            "module.eks_blueprints_addons_lbc.module.cert_manager.data.aws_partition.current",
            "module.eks_blueprints_addons_lbc.module.cert_manager.helm_release.this",
            "module.eks_blueprints_addons_lbc.module.cluster_autoscaler.aws_iam_policy.this",
            "module.eks_blueprints_addons_lbc.module.cluster_autoscaler.aws_iam_role.this",
            "module.eks_blueprints_addons_lbc.module.cluster_autoscaler.aws_iam_role_policy_attachment.additional",
            "module.eks_blueprints_addons_lbc.module.cluster_autoscaler.aws_iam_role_policy_attachment.this",
            "module.eks_blueprints_addons_lbc.module.cluster_autoscaler.data.aws_caller_identity.current",
            "module.eks_blueprints_addons_lbc.module.cluster_autoscaler.data.aws_iam_policy_document.assume",
            "module.eks_blueprints_addons_lbc.module.cluster_autoscaler.data.aws_iam_policy_document.this",
            "module.eks_blueprints_addons_lbc.module.cluster_autoscaler.data.aws_partition.current",
            "module.eks_blueprints_addons_lbc.module.cluster_autoscaler.helm_release.this",
            "module.eks_blueprints_addons_lbc.module.cluster_proportional_autoscaler.aws_iam_policy.this",
            "module.eks_blueprints_addons_lbc.module.cluster_proportional_autoscaler.aws_iam_role.this",
            "module.eks_blueprints_addons_lbc.module.cluster_proportional_autoscaler.aws_iam_role_policy_attachment.additional",
            "module.eks_blueprints_addons_lbc.module.cluster_proportional_autoscaler.aws_iam_role_policy_attachment.this",
            "module.eks_blueprints_addons_lbc.module.cluster_proportional_autoscaler.data.aws_caller_identity.current",
            "module.eks_blueprints_addons_lbc.module.cluster_proportional_autoscaler.data.aws_iam_policy_document.assume",
            "module.eks_blueprints_addons_lbc.module.cluster_proportional_autoscaler.data.aws_iam_policy_document.this",
            "module.eks_blueprints_addons_lbc.module.cluster_proportional_autoscaler.data.aws_partition.current",
            "module.eks_blueprints_addons_lbc.module.cluster_proportional_autoscaler.helm_release.this",
            "module.eks_blueprints_addons_lbc.module.external_dns.aws_iam_policy.this",
            "module.eks_blueprints_addons_lbc.module.external_dns.aws_iam_role.this",
            "module.eks_blueprints_addons_lbc.module.external_dns.aws_iam_role_policy_attachment.additional",
            "module.eks_blueprints_addons_lbc.module.external_dns.aws_iam_role_policy_attachment.this",
            "module.eks_blueprints_addons_lbc.module.external_dns.data.aws_caller_identity.current",
            "module.eks_blueprints_addons_lbc.module.external_dns.data.aws_iam_policy_document.assume",
            "module.eks_blueprints_addons_lbc.module.external_dns.data.aws_iam_policy_document.this",
            "module.eks_blueprints_addons_lbc.module.external_dns.data.aws_partition.current",
            "module.eks_blueprints_addons_lbc.module.external_dns.helm_release.this",
            "module.eks_blueprints_addons_lbc.module.external_secrets.aws_iam_policy.this",
            "module.eks_blueprints_addons_lbc.module.external_secrets.aws_iam_role.this",
            "module.eks_blueprints_addons_lbc.module.external_secrets.aws_iam_role_policy_attachment.additional",
            "module.eks_blueprints_addons_lbc.module.external_secrets.aws_iam_role_policy_attachment.this",
            "module.eks_blueprints_addons_lbc.module.external_secrets.data.aws_caller_identity.current",
            "module.eks_blueprints_addons_lbc.module.external_secrets.data.aws_iam_policy_document.assume",
            "module.eks_blueprints_addons_lbc.module.external_secrets.data.aws_iam_policy_document.this",
            "module.eks_blueprints_addons_lbc.module.external_secrets.data.aws_partition.current",
            "module.eks_blueprints_addons_lbc.module.external_secrets.helm_release.this",
            "module.eks_blueprints_addons_lbc.module.gatekeeper.aws_iam_policy.this",
            "module.eks_blueprints_addons_lbc.module.gatekeeper.aws_iam_role.this",
            "module.eks_blueprints_addons_lbc.module.gatekeeper.aws_iam_role_policy_attachment.additional",
            "module.eks_blueprints_addons_lbc.module.gatekeeper.aws_iam_role_policy_attachment.this",
            "module.eks_blueprints_addons_lbc.module.gatekeeper.data.aws_caller_identity.current",
            "module.eks_blueprints_addons_lbc.module.gatekeeper.data.aws_iam_policy_document.assume",
            "module.eks_blueprints_addons_lbc.module.gatekeeper.data.aws_iam_policy_document.this",
            "module.eks_blueprints_addons_lbc.module.gatekeeper.data.aws_partition.current",
            "module.eks_blueprints_addons_lbc.module.gatekeeper.helm_release.this",
            "module.eks_blueprints_addons_lbc.module.ingress_nginx.aws_iam_policy.this",
            "module.eks_blueprints_addons_lbc.module.ingress_nginx.aws_iam_role.this",
            "module.eks_blueprints_addons_lbc.module.ingress_nginx.aws_iam_role_policy_attachment.additional",
            "module.eks_blueprints_addons_lbc.module.ingress_nginx.aws_iam_role_policy_attachment.this",
            "module.eks_blueprints_addons_lbc.module.ingress_nginx.data.aws_caller_identity.current",
            "module.eks_blueprints_addons_lbc.module.ingress_nginx.data.aws_iam_policy_document.assume",
            "module.eks_blueprints_addons_lbc.module.ingress_nginx.data.aws_iam_policy_document.this",
            "module.eks_blueprints_addons_lbc.module.ingress_nginx.data.aws_partition.current",
            "module.eks_blueprints_addons_lbc.module.ingress_nginx.helm_release.this",
            "module.eks_blueprints_addons_lbc.module.karpenter.aws_iam_policy.this",
            "module.eks_blueprints_addons_lbc.module.karpenter.aws_iam_role.this",
            "module.eks_blueprints_addons_lbc.module.karpenter.aws_iam_role_policy_attachment.additional",
            "module.eks_blueprints_addons_lbc.module.karpenter.aws_iam_role_policy_attachment.this",
            "module.eks_blueprints_addons_lbc.module.karpenter.data.aws_caller_identity.current",
            "module.eks_blueprints_addons_lbc.module.karpenter.data.aws_iam_policy_document.assume",
            "module.eks_blueprints_addons_lbc.module.karpenter.data.aws_iam_policy_document.this",
            "module.eks_blueprints_addons_lbc.module.karpenter.data.aws_partition.current",
            "module.eks_blueprints_addons_lbc.module.karpenter.helm_release.this",
            "module.eks_blueprints_addons_lbc.module.karpenter_sqs.aws_sqs_queue.dlq",
            "module.eks_blueprints_addons_lbc.module.karpenter_sqs.aws_sqs_queue.this",
            "module.eks_blueprints_addons_lbc.module.karpenter_sqs.aws_sqs_queue_policy.dlq",
            "module.eks_blueprints_addons_lbc.module.karpenter_sqs.aws_sqs_queue_policy.this",
            "module.eks_blueprints_addons_lbc.module.karpenter_sqs.aws_sqs_queue_redrive_allow_policy.dlq",
            "module.eks_blueprints_addons_lbc.module.karpenter_sqs.aws_sqs_queue_redrive_allow_policy.this",
            "module.eks_blueprints_addons_lbc.module.karpenter_sqs.aws_sqs_queue_redrive_policy.dlq",
            "module.eks_blueprints_addons_lbc.module.karpenter_sqs.aws_sqs_queue_redrive_policy.this",
            "module.eks_blueprints_addons_lbc.module.karpenter_sqs.data.aws_iam_policy_document.dlq",
            "module.eks_blueprints_addons_lbc.module.karpenter_sqs.data.aws_iam_policy_document.this",
            "module.eks_blueprints_addons_lbc.module.kube_prometheus_stack.aws_iam_policy.this",
            "module.eks_blueprints_addons_lbc.module.kube_prometheus_stack.aws_iam_role.this",
            "module.eks_blueprints_addons_lbc.module.kube_prometheus_stack.aws_iam_role_policy_attachment.additional",
            "module.eks_blueprints_addons_lbc.module.kube_prometheus_stack.aws_iam_role_policy_attachment.this",
            "module.eks_blueprints_addons_lbc.module.kube_prometheus_stack.data.aws_caller_identity.current",
            "module.eks_blueprints_addons_lbc.module.kube_prometheus_stack.data.aws_iam_policy_document.assume",
            "module.eks_blueprints_addons_lbc.module.kube_prometheus_stack.data.aws_iam_policy_document.this",
            "module.eks_blueprints_addons_lbc.module.kube_prometheus_stack.data.aws_partition.current",
            "module.eks_blueprints_addons_lbc.module.kube_prometheus_stack.helm_release.this",
            "module.eks_blueprints_addons_lbc.module.metrics_server.aws_iam_policy.this",
            "module.eks_blueprints_addons_lbc.module.metrics_server.aws_iam_role.this",
            "module.eks_blueprints_addons_lbc.module.metrics_server.aws_iam_role_policy_attachment.additional",
            "module.eks_blueprints_addons_lbc.module.metrics_server.aws_iam_role_policy_attachment.this",
            "module.eks_blueprints_addons_lbc.module.metrics_server.data.aws_caller_identity.current",
            "module.eks_blueprints_addons_lbc.module.metrics_server.data.aws_iam_policy_document.assume",
            "module.eks_blueprints_addons_lbc.module.metrics_server.data.aws_iam_policy_document.this",
            "module.eks_blueprints_addons_lbc.module.metrics_server.data.aws_partition.current",
            "module.eks_blueprints_addons_lbc.module.metrics_server.helm_release.this",
            "module.eks_blueprints_addons_lbc.module.secrets_store_csi_driver.aws_iam_policy.this",
            "module.eks_blueprints_addons_lbc.module.secrets_store_csi_driver.aws_iam_role.this",
            "module.eks_blueprints_addons_lbc.module.secrets_store_csi_driver.aws_iam_role_policy_attachment.additional",
            "module.eks_blueprints_addons_lbc.module.secrets_store_csi_driver.aws_iam_role_policy_attachment.this",
            "module.eks_blueprints_addons_lbc.module.secrets_store_csi_driver.data.aws_caller_identity.current",
            "module.eks_blueprints_addons_lbc.module.secrets_store_csi_driver.data.aws_iam_policy_document.assume",
            "module.eks_blueprints_addons_lbc.module.secrets_store_csi_driver.data.aws_iam_policy_document.this",
            "module.eks_blueprints_addons_lbc.module.secrets_store_csi_driver.data.aws_partition.current",
            "module.eks_blueprints_addons_lbc.module.secrets_store_csi_driver.helm_release.this",
            "module.eks_blueprints_addons_lbc.module.secrets_store_csi_driver_provider_aws.aws_iam_policy.this",
            "module.eks_blueprints_addons_lbc.module.secrets_store_csi_driver_provider_aws.aws_iam_role.this",
            "module.eks_blueprints_addons_lbc.module.secrets_store_csi_driver_provider_aws.aws_iam_role_policy_attachment.additional",
            "module.eks_blueprints_addons_lbc.module.secrets_store_csi_driver_provider_aws.aws_iam_role_policy_attachment.this",
            "module.eks_blueprints_addons_lbc.module.secrets_store_csi_driver_provider_aws.data.aws_caller_identity.current",
            "module.eks_blueprints_addons_lbc.module.secrets_store_csi_driver_provider_aws.data.aws_iam_policy_document.assume",
            "module.eks_blueprints_addons_lbc.module.secrets_store_csi_driver_provider_aws.data.aws_iam_policy_document.this",
            "module.eks_blueprints_addons_lbc.module.secrets_store_csi_driver_provider_aws.data.aws_partition.current",
            "module.eks_blueprints_addons_lbc.module.secrets_store_csi_driver_provider_aws.helm_release.this",
            "module.eks_blueprints_addons_lbc.module.velero.aws_iam_policy.this",
            "module.eks_blueprints_addons_lbc.module.velero.aws_iam_role.this",
            "module.eks_blueprints_addons_lbc.module.velero.aws_iam_role_policy_attachment.additional",
            "module.eks_blueprints_addons_lbc.module.velero.aws_iam_role_policy_attachment.this",
            "module.eks_blueprints_addons_lbc.module.velero.data.aws_caller_identity.current",
            "module.eks_blueprints_addons_lbc.module.velero.data.aws_iam_policy_document.assume",
            "module.eks_blueprints_addons_lbc.module.velero.data.aws_iam_policy_document.this",
            "module.eks_blueprints_addons_lbc.module.velero.data.aws_partition.current",
            "module.eks_blueprints_addons_lbc.module.velero.helm_release.this",
            "module.eks_blueprints_addons_lbc.module.vpa.aws_iam_policy.this",
            "module.eks_blueprints_addons_lbc.module.vpa.aws_iam_role.this",
            "module.eks_blueprints_addons_lbc.module.vpa.aws_iam_role_policy_attachment.additional",
            "module.eks_blueprints_addons_lbc.module.vpa.aws_iam_role_policy_attachment.this",
            "module.eks_blueprints_addons_lbc.module.vpa.data.aws_caller_identity.current",
            "module.eks_blueprints_addons_lbc.module.vpa.data.aws_iam_policy_document.assume",
            "module.eks_blueprints_addons_lbc.module.vpa.data.aws_iam_policy_document.this",
            "module.eks_blueprints_addons_lbc.module.vpa.data.aws_partition.current",
            "module.eks_blueprints_addons_lbc.module.vpa.helm_release.this",
            "module.eks_blueprints_addons_lbc.random_bytes.this",
            "module.eks_blueprints_addons_lbc.time_sleep.this"
          ]
        }
      ]
    },
    {
      "module": "module.acm",
      "mode": "managed",
      "type": "aws_acm_certificate",
      "name": "this",
      "provider": "provider[\"registry.terraform.io/hashicorp/aws\"]",
      "instances": [
        {
          "index_key": 0,
          "schema_version": 0,
          "attributes": {
            "arn": "arn:aws:acm:us-east-1:640168420071:certificate/62ebb762-81f0-4002-84d0-0f15fd865a24",
            "certificate_authority_arn": "",
            "certificate_body": null,
            "certificate_chain": null,
            "domain_name": "ybort.shop",
            "domain_validation_options": [
              {
                "domain_name": "*.dev.ybort.shop",
                "resource_record_name": "_94f096dd0c4f9a53c4c43b4359ea6eef.dev.ybort.shop.",
                "resource_record_type": "CNAME",
                "resource_record_value": "_a1eacbe01a192b4fd63143dc0dcc19da.zfyfvmchrl.acm-validations.aws."
              },
              {
                "domain_name": "ybort.shop",
                "resource_record_name": "_c3ff756461995434a3bc9260b83ec5a9.ybort.shop.",
                "resource_record_type": "CNAME",
                "resource_record_value": "_7fec7ab28a2435bae7d49276b39dff19.zfyfvmchrl.acm-validations.aws."
              }
            ],
            "early_renewal_duration": "",
            "id": "arn:aws:acm:us-east-1:640168420071:certificate/62ebb762-81f0-4002-84d0-0f15fd865a24",
            "key_algorithm": "RSA_2048",
            "not_after": "2026-02-22T23:59:59Z",
            "not_before": "2025-01-24T00:00:00Z",
            "options": [
              {
                "certificate_transparency_logging_preference": "ENABLED"
              }
            ],
            "pending_renewal": false,
            "private_key": null,
            "renewal_eligibility": "ELIGIBLE",
            "renewal_summary": [],
            "status": "ISSUED",
            "subject_alternative_names": [
              "*.dev.ybort.shop",
              "ybort.shop"
            ],
            "tags": {},
            "tags_all": {},
            "type": "AMAZON_ISSUED",
            "validation_emails": [],
            "validation_method": "DNS",
            "validation_option": []
          },
          "sensitive_attributes": [
            [
              {
                "type": "get_attr",
                "value": "private_key"
              }
            ]
          ],
          "private": "bnVsbA==",
          "create_before_destroy": true
        }
      ]
    },
    {
      "module": "module.acm",
      "mode": "managed",
      "type": "aws_acm_certificate_validation",
      "name": "this",
      "provider": "provider[\"registry.terraform.io/hashicorp/aws\"]",
      "instances": [
        {
          "index_key": 0,
          "schema_version": 0,
          "attributes": {
            "certificate_arn": "arn:aws:acm:us-east-1:640168420071:certificate/62ebb762-81f0-4002-84d0-0f15fd865a24",
            "id": "2025-01-24 17:13:25.016 +0000 UTC",
            "timeouts": {
              "create": null
            },
            "validation_record_fqdns": [
              "_94f096dd0c4f9a53c4c43b4359ea6eef.dev.ybort.shop",
              "_c3ff756461995434a3bc9260b83ec5a9.ybort.shop"
            ]
          },
          "sensitive_attributes": [],
          "private": "eyJlMmJmYjczMC1lY2FhLTExZTYtOGY4OC0zNDM2M2JjN2M0YzAiOnsiY3JlYXRlIjo0NTAwMDAwMDAwMDAwfX0=",
          "dependencies": [
            "data.aws_route53_zone.zone",
            "module.acm.aws_acm_certificate.this",
            "module.acm.aws_route53_record.validation"
          ]
        }
      ]
    },
    {
      "module": "module.acm",
      "mode": "managed",
      "type": "aws_route53_record",
      "name": "validation",
      "provider": "provider[\"registry.terraform.io/hashicorp/aws\"]",
      "instances": [
        {
          "index_key": 0,
          "schema_version": 2,
          "attributes": {
            "alias": [],
            "allow_overwrite": true,
            "cidr_routing_policy": [],
            "failover_routing_policy": [],
            "fqdn": "_94f096dd0c4f9a53c4c43b4359ea6eef.dev.ybort.shop",
            "geolocation_routing_policy": [],
            "geoproximity_routing_policy": [],
            "health_check_id": "",
            "id": "Z09406153GH1DJ54EPTTZ__94f096dd0c4f9a53c4c43b4359ea6eef.dev.ybort.shop._CNAME",
            "latency_routing_policy": [],
            "multivalue_answer_routing_policy": false,
            "name": "_94f096dd0c4f9a53c4c43b4359ea6eef.dev.ybort.shop",
            "records": [
              "_a1eacbe01a192b4fd63143dc0dcc19da.zfyfvmchrl.acm-validations.aws."
            ],
            "set_identifier": "",
            "ttl": 60,
            "type": "CNAME",
            "weighted_routing_policy": [],
            "zone_id": "Z09406153GH1DJ54EPTTZ"
          },
          "sensitive_attributes": [],
          "private": "eyJzY2hlbWFfdmVyc2lvbiI6IjIifQ==",
          "dependencies": [
            "data.aws_route53_zone.zone",
            "module.acm.aws_acm_certificate.this"
          ]
        },
        {
          "index_key": 1,
          "schema_version": 2,
          "attributes": {
            "alias": [],
            "allow_overwrite": true,
            "cidr_routing_policy": [],
            "failover_routing_policy": [],
            "fqdn": "_c3ff756461995434a3bc9260b83ec5a9.ybort.shop",
            "geolocation_routing_policy": [],
            "geoproximity_routing_policy": [],
            "health_check_id": "",
            "id": "Z09406153GH1DJ54EPTTZ__c3ff756461995434a3bc9260b83ec5a9.ybort.shop._CNAME",
            "latency_routing_policy": [],
            "multivalue_answer_routing_policy": false,
            "name": "_c3ff756461995434a3bc9260b83ec5a9.ybort.shop",
            "records": [
              "_7fec7ab28a2435bae7d49276b39dff19.zfyfvmchrl.acm-validations.aws."
            ],
            "set_identifier": "",
            "ttl": 60,
            "type": "CNAME",
            "weighted_routing_policy": [],
            "zone_id": "Z09406153GH1DJ54EPTTZ"
          },
          "sensitive_attributes": [],
          "private": "eyJzY2hlbWFfdmVyc2lvbiI6IjIifQ==",
          "dependencies": [
            "data.aws_route53_zone.zone",
            "module.acm.aws_acm_certificate.this"
          ]
        }
      ]
    },
    {
      "module": "module.eks_blueprints_addons",
      "mode": "data",
      "type": "aws_caller_identity",
      "name": "current",
      "provider": "provider[\"registry.terraform.io/hashicorp/aws\"]",
      "instances": [
        {
          "schema_version": 0,
          "attributes": {
            "account_id": "640168420071",
            "arn": "arn:aws:iam::640168420071:user/iamadmin",
            "id": "640168420071",
            "user_id": "AIDAZKDIC4LTVXTRKQWQR"
          },
          "sensitive_attributes": []
        }
      ]
    },
    {
      "module": "module.eks_blueprints_addons",
      "mode": "data",
      "type": "aws_iam_policy_document",
      "name": "external_secrets",
      "provider": "provider[\"registry.terraform.io/hashicorp/aws\"]",
      "instances": [
        {
          "index_key": 0,
          "schema_version": 0,
          "attributes": {
            "id": "2831063531",
            "json": "{\n  \"Version\": \"2012-10-17\",\n  \"Statement\": [\n    {\n      \"Effect\": \"Allow\",\n      \"Action\": \"ssm:DescribeParameters\",\n      \"Resource\": \"*\"\n    },\n    {\n      \"Effect\": \"Allow\",\n      \"Action\": [\n        \"ssm:GetParameters\",\n        \"ssm:GetParameter\"\n      ],\n      \"Resource\": \"arn:aws:ssm:*:*:parameter/*\"\n    },\n    {\n      \"Effect\": \"Allow\",\n      \"Action\": \"secretsmanager:ListSecrets\",\n      \"Resource\": \"*\"\n    },\n    {\n      \"Effect\": \"Allow\",\n      \"Action\": [\n        \"secretsmanager:ListSecretVersionIds\",\n        \"secretsmanager:GetSecretValue\",\n        \"secretsmanager:GetResourcePolicy\",\n        \"secretsmanager:DescribeSecret\"\n      ],\n      \"Resource\": \"arn:aws:secretsmanager:*:*:secret:*\"\n    },\n    {\n      \"Effect\": \"Allow\",\n      \"Action\": \"kms:Decrypt\",\n      \"Resource\": \"arn:aws:kms:*:*:key/*\"\n    }\n  ]\n}",
            "minified_json": "{\"Version\":\"2012-10-17\",\"Statement\":[{\"Effect\":\"Allow\",\"Action\":\"ssm:DescribeParameters\",\"Resource\":\"*\"},{\"Effect\":\"Allow\",\"Action\":[\"ssm:GetParameters\",\"ssm:GetParameter\"],\"Resource\":\"arn:aws:ssm:*:*:parameter/*\"},{\"Effect\":\"Allow\",\"Action\":\"secretsmanager:ListSecrets\",\"Resource\":\"*\"},{\"Effect\":\"Allow\",\"Action\":[\"secretsmanager:ListSecretVersionIds\",\"secretsmanager:GetSecretValue\",\"secretsmanager:GetResourcePolicy\",\"secretsmanager:DescribeSecret\"],\"Resource\":\"arn:aws:secretsmanager:*:*:secret:*\"},{\"Effect\":\"Allow\",\"Action\":\"kms:Decrypt\",\"Resource\":\"arn:aws:kms:*:*:key/*\"}]}",
            "override_json": null,
            "override_policy_documents": null,
            "policy_id": null,
            "source_json": null,
            "source_policy_documents": null,
            "statement": [
              {
                "actions": [
                  "ssm:DescribeParameters"
                ],
                "condition": [],
                "effect": "Allow",
                "not_actions": [],
                "not_principals": [],
                "not_resources": [],
                "principals": [],
                "resources": [
                  "*"
                ],
                "sid": ""
              },
              {
                "actions": [
                  "ssm:GetParameter",
                  "ssm:GetParameters"
                ],
                "condition": [],
                "effect": "Allow",
                "not_actions": [],
                "not_principals": [],
                "not_resources": [],
                "principals": [],
                "resources": [
                  "arn:aws:ssm:*:*:parameter/*"
                ],
                "sid": ""
              },
              {
                "actions": [
                  "secretsmanager:ListSecrets"
                ],
                "condition": [],
                "effect": "Allow",
                "not_actions": [],
                "not_principals": [],
                "not_resources": [],
                "principals": [],
                "resources": [
                  "*"
                ],
                "sid": ""
              },
              {
                "actions": [
                  "secretsmanager:DescribeSecret",
                  "secretsmanager:GetResourcePolicy",
                  "secretsmanager:GetSecretValue",
                  "secretsmanager:ListSecretVersionIds"
                ],
                "condition": [],
                "effect": "Allow",
                "not_actions": [],
                "not_principals": [],
                "not_resources": [],
                "principals": [],
                "resources": [
                  "arn:aws:secretsmanager:*:*:secret:*"
                ],
                "sid": ""
              },
              {
                "actions": [
                  "kms:Decrypt"
                ],
                "condition": [],
                "effect": "Allow",
                "not_actions": [],
                "not_principals": [],
                "not_resources": [],
                "principals": [],
                "resources": [
                  "arn:aws:kms:*:*:key/*"
                ],
                "sid": ""
              }
            ],
            "version": "2012-10-17"
          },
          "sensitive_attributes": []
        }
      ]
    },
    {
      "module": "module.eks_blueprints_addons",
      "mode": "data",
      "type": "aws_partition",
      "name": "current",
      "provider": "provider[\"registry.terraform.io/hashicorp/aws\"]",
      "instances": [
        {
          "schema_version": 0,
          "attributes": {
            "dns_suffix": "amazonaws.com",
            "id": "aws",
            "partition": "aws",
            "reverse_dns_prefix": "com.amazonaws"
          },
          "sensitive_attributes": []
        }
      ]
    },
    {
      "module": "module.eks_blueprints_addons",
      "mode": "data",
      "type": "aws_region",
      "name": "current",
      "provider": "provider[\"registry.terraform.io/hashicorp/aws\"]",
      "instances": [
        {
          "schema_version": 0,
          "attributes": {
            "description": "US East (N. Virginia)",
            "endpoint": "ec2.us-east-1.amazonaws.com",
            "id": "us-east-1",
            "name": "us-east-1"
          },
          "sensitive_attributes": []
        }
      ]
    },
    {
      "module": "module.eks_blueprints_addons",
      "mode": "managed",
      "type": "aws_cloudformation_stack",
      "name": "usage_telemetry",
      "provider": "provider[\"registry.terraform.io/hashicorp/aws\"]",
      "instances": [
        {
          "index_key": 0,
          "schema_version": 0,
          "attributes": {
            "capabilities": null,
            "disable_rollback": false,
            "iam_role_arn": "",
            "id": "arn:aws:cloudformation:us-east-1:640168420071:stack/dev-DevOpsProject-fa46/c314c890-da76-11ef-beea-122e2f1fb2c5",
            "name": "dev-DevOpsProject-fa46",
            "notification_arns": null,
            "on_failure": "DO_NOTHING",
            "outputs": {},
            "parameters": {},
            "policy_body": null,
            "policy_url": null,
            "tags": {},
            "tags_all": {},
            "template_body": "{\"AWSTemplateFormatVersion\":\"2010-09-09\",\"Description\":\"Usage telemetry for EKS Blueprints. (qs-1ubotj5kl)\",\"Resources\":{\"EmptyResource\":{\"Type\":\"AWS::CloudFormation::WaitConditionHandle\"}}}",
            "template_url": null,
            "timeout_in_minutes": 0,
            "timeouts": null
          },
          "sensitive_attributes": [
            [
              {
                "type": "get_attr",
                "value": "name"
              }
            ]
          ],
          "private": "eyJlMmJmYjczMC1lY2FhLTExZTYtOGY4OC0zNDM2M2JjN2M0YzAiOnsiY3JlYXRlIjoxODAwMDAwMDAwMDAwLCJkZWxldGUiOjE4MDAwMDAwMDAwMDAsInVwZGF0ZSI6MTgwMDAwMDAwMDAwMH19",
          "dependencies": [
            "aws_eks_pod_identity_association.aws_lbc",
            "aws_eks_pod_identity_association.ebs_csi_driver",
            "aws_iam_role.aws_lbc",
            "aws_iam_role.ebs_csi_driver",
            "aws_iam_role_policy.aws_lbc",
            "aws_iam_role_policy_attachment.ebs_csi_driver",
            "data.aws_iam_policy_document.aws_lbc",
            "data.aws_iam_policy_document.aws_lbc_assume",
            "data.aws_iam_policy_document.ebs_csi_driver",
            "module.eks_blueprints_addons.random_bytes.this",
            "module.eks_blueprints_addons_lbc.aws_autoscaling_group_tag.aws_node_termination_handler",
            "module.eks_blueprints_addons_lbc.aws_autoscaling_lifecycle_hook.aws_node_termination_handler",
            "module.eks_blueprints_addons_lbc.aws_cloudformation_stack.usage_telemetry",
            "module.eks_blueprints_addons_lbc.aws_cloudwatch_event_rule.aws_node_termination_handler",
            "module.eks_blueprints_addons_lbc.aws_cloudwatch_event_rule.karpenter",
            "module.eks_blueprints_addons_lbc.aws_cloudwatch_event_target.aws_node_termination_handler",
            "module.eks_blueprints_addons_lbc.aws_cloudwatch_event_target.karpenter",
            "module.eks_blueprints_addons_lbc.aws_cloudwatch_log_group.aws_for_fluentbit",
            "module.eks_blueprints_addons_lbc.aws_cloudwatch_log_group.fargate_fluentbit",
            "module.eks_blueprints_addons_lbc.aws_eks_addon.this",
            "module.eks_blueprints_addons_lbc.aws_iam_instance_profile.karpenter",
            "module.eks_blueprints_addons_lbc.aws_iam_policy.fargate_fluentbit",
            "module.eks_blueprints_addons_lbc.aws_iam_role.karpenter",
            "module.eks_blueprints_addons_lbc.aws_iam_role_policy_attachment.additional",
            "module.eks_blueprints_addons_lbc.aws_iam_role_policy_attachment.karpenter",
            "module.eks_blueprints_addons_lbc.data.aws_caller_identity.current",
            "module.eks_blueprints_addons_lbc.data.aws_eks_addon_version.this",
            "module.eks_blueprints_addons_lbc.data.aws_iam_policy_document.aws_efs_csi_driver",
            "module.eks_blueprints_addons_lbc.data.aws_iam_policy_document.aws_for_fluentbit",
            "module.eks_blueprints_addons_lbc.data.aws_iam_policy_document.aws_fsx_csi_driver",
            "module.eks_blueprints_addons_lbc.data.aws_iam_policy_document.aws_gateway_api_controller",
            "module.eks_blueprints_addons_lbc.data.aws_iam_policy_document.aws_load_balancer_controller",
            "module.eks_blueprints_addons_lbc.data.aws_iam_policy_document.aws_node_termination_handler",
            "module.eks_blueprints_addons_lbc.data.aws_iam_policy_document.aws_privateca_issuer",
            "module.eks_blueprints_addons_lbc.data.aws_iam_policy_document.cert_manager",
            "module.eks_blueprints_addons_lbc.data.aws_iam_policy_document.cluster_autoscaler",
            "module.eks_blueprints_addons_lbc.data.aws_iam_policy_document.external_dns",
            "module.eks_blueprints_addons_lbc.data.aws_iam_policy_document.external_secrets",
            "module.eks_blueprints_addons_lbc.data.aws_iam_policy_document.fargate_fluentbit",
            "module.eks_blueprints_addons_lbc.data.aws_iam_policy_document.karpenter",
            "module.eks_blueprints_addons_lbc.data.aws_iam_policy_document.karpenter_assume_role",
            "module.eks_blueprints_addons_lbc.data.aws_iam_policy_document.velero",
            "module.eks_blueprints_addons_lbc.data.aws_partition.current",
            "module.eks_blueprints_addons_lbc.data.aws_region.current",
            "module.eks_blueprints_addons_lbc.helm_release.this",
            "module.eks_blueprints_addons_lbc.kubernetes_config_map_v1.aws_logging",
            "module.eks_blueprints_addons_lbc.kubernetes_config_map_v1_data.aws_for_fluentbit_containerinsights",
            "module.eks_blueprints_addons_lbc.kubernetes_namespace_v1.aws_observability",
            "module.eks_blueprints_addons_lbc.module.argo_events.aws_iam_policy.this",
            "module.eks_blueprints_addons_lbc.module.argo_events.aws_iam_role.this",
            "module.eks_blueprints_addons_lbc.module.argo_events.aws_iam_role_policy_attachment.additional",
            "module.eks_blueprints_addons_lbc.module.argo_events.aws_iam_role_policy_attachment.this",
            "module.eks_blueprints_addons_lbc.module.argo_events.data.aws_caller_identity.current",
            "module.eks_blueprints_addons_lbc.module.argo_events.data.aws_iam_policy_document.assume",
            "module.eks_blueprints_addons_lbc.module.argo_events.data.aws_iam_policy_document.this",
            "module.eks_blueprints_addons_lbc.module.argo_events.data.aws_partition.current",
            "module.eks_blueprints_addons_lbc.module.argo_events.helm_release.this",
            "module.eks_blueprints_addons_lbc.module.argo_rollouts.aws_iam_policy.this",
            "module.eks_blueprints_addons_lbc.module.argo_rollouts.aws_iam_role.this",
            "module.eks_blueprints_addons_lbc.module.argo_rollouts.aws_iam_role_policy_attachment.additional",
            "module.eks_blueprints_addons_lbc.module.argo_rollouts.aws_iam_role_policy_attachment.this",
            "module.eks_blueprints_addons_lbc.module.argo_rollouts.data.aws_caller_identity.current",
            "module.eks_blueprints_addons_lbc.module.argo_rollouts.data.aws_iam_policy_document.assume",
            "module.eks_blueprints_addons_lbc.module.argo_rollouts.data.aws_iam_policy_document.this",
            "module.eks_blueprints_addons_lbc.module.argo_rollouts.data.aws_partition.current",
            "module.eks_blueprints_addons_lbc.module.argo_rollouts.helm_release.this",
            "module.eks_blueprints_addons_lbc.module.argo_workflows.aws_iam_policy.this",
            "module.eks_blueprints_addons_lbc.module.argo_workflows.aws_iam_role.this",
            "module.eks_blueprints_addons_lbc.module.argo_workflows.aws_iam_role_policy_attachment.additional",
            "module.eks_blueprints_addons_lbc.module.argo_workflows.aws_iam_role_policy_attachment.this",
            "module.eks_blueprints_addons_lbc.module.argo_workflows.data.aws_caller_identity.current",
            "module.eks_blueprints_addons_lbc.module.argo_workflows.data.aws_iam_policy_document.assume",
            "module.eks_blueprints_addons_lbc.module.argo_workflows.data.aws_iam_policy_document.this",
            "module.eks_blueprints_addons_lbc.module.argo_workflows.data.aws_partition.current",
            "module.eks_blueprints_addons_lbc.module.argo_workflows.helm_release.this",
            "module.eks_blueprints_addons_lbc.module.argocd.aws_iam_policy.this",
            "module.eks_blueprints_addons_lbc.module.argocd.aws_iam_role.this",
            "module.eks_blueprints_addons_lbc.module.argocd.aws_iam_role_policy_attachment.additional",
            "module.eks_blueprints_addons_lbc.module.argocd.aws_iam_role_policy_attachment.this",
            "module.eks_blueprints_addons_lbc.module.argocd.data.aws_caller_identity.current",
            "module.eks_blueprints_addons_lbc.module.argocd.data.aws_iam_policy_document.assume",
            "module.eks_blueprints_addons_lbc.module.argocd.data.aws_iam_policy_document.this",
            "module.eks_blueprints_addons_lbc.module.argocd.data.aws_partition.current",
            "module.eks_blueprints_addons_lbc.module.argocd.helm_release.this",
            "module.eks_blueprints_addons_lbc.module.aws_cloudwatch_metrics.aws_iam_policy.this",
            "module.eks_blueprints_addons_lbc.module.aws_cloudwatch_metrics.aws_iam_role.this",
            "module.eks_blueprints_addons_lbc.module.aws_cloudwatch_metrics.aws_iam_role_policy_attachment.additional",
            "module.eks_blueprints_addons_lbc.module.aws_cloudwatch_metrics.aws_iam_role_policy_attachment.this",
            "module.eks_blueprints_addons_lbc.module.aws_cloudwatch_metrics.data.aws_caller_identity.current",
            "module.eks_blueprints_addons_lbc.module.aws_cloudwatch_metrics.data.aws_iam_policy_document.assume",
            "module.eks_blueprints_addons_lbc.module.aws_cloudwatch_metrics.data.aws_iam_policy_document.this",
            "module.eks_blueprints_addons_lbc.module.aws_cloudwatch_metrics.data.aws_partition.current",
            "module.eks_blueprints_addons_lbc.module.aws_cloudwatch_metrics.helm_release.this",
            "module.eks_blueprints_addons_lbc.module.aws_efs_csi_driver.aws_iam_policy.this",
            "module.eks_blueprints_addons_lbc.module.aws_efs_csi_driver.aws_iam_role.this",
            "module.eks_blueprints_addons_lbc.module.aws_efs_csi_driver.aws_iam_role_policy_attachment.additional",
            "module.eks_blueprints_addons_lbc.module.aws_efs_csi_driver.aws_iam_role_policy_attachment.this",
            "module.eks_blueprints_addons_lbc.module.aws_efs_csi_driver.data.aws_caller_identity.current",
            "module.eks_blueprints_addons_lbc.module.aws_efs_csi_driver.data.aws_iam_policy_document.assume",
            "module.eks_blueprints_addons_lbc.module.aws_efs_csi_driver.data.aws_iam_policy_document.this",
            "module.eks_blueprints_addons_lbc.module.aws_efs_csi_driver.data.aws_partition.current",
            "module.eks_blueprints_addons_lbc.module.aws_efs_csi_driver.helm_release.this",
            "module.eks_blueprints_addons_lbc.module.aws_for_fluentbit.aws_iam_policy.this",
            "module.eks_blueprints_addons_lbc.module.aws_for_fluentbit.aws_iam_role.this",
            "module.eks_blueprints_addons_lbc.module.aws_for_fluentbit.aws_iam_role_policy_attachment.additional",
            "module.eks_blueprints_addons_lbc.module.aws_for_fluentbit.aws_iam_role_policy_attachment.this",
            "module.eks_blueprints_addons_lbc.module.aws_for_fluentbit.data.aws_caller_identity.current",
            "module.eks_blueprints_addons_lbc.module.aws_for_fluentbit.data.aws_iam_policy_document.assume",
            "module.eks_blueprints_addons_lbc.module.aws_for_fluentbit.data.aws_iam_policy_document.this",
            "module.eks_blueprints_addons_lbc.module.aws_for_fluentbit.data.aws_partition.current",
            "module.eks_blueprints_addons_lbc.module.aws_for_fluentbit.helm_release.this",
            "module.eks_blueprints_addons_lbc.module.aws_fsx_csi_driver.aws_iam_policy.this",
            "module.eks_blueprints_addons_lbc.module.aws_fsx_csi_driver.aws_iam_role.this",
            "module.eks_blueprints_addons_lbc.module.aws_fsx_csi_driver.aws_iam_role_policy_attachment.additional",
            "module.eks_blueprints_addons_lbc.module.aws_fsx_csi_driver.aws_iam_role_policy_attachment.this",
            "module.eks_blueprints_addons_lbc.module.aws_fsx_csi_driver.data.aws_caller_identity.current",
            "module.eks_blueprints_addons_lbc.module.aws_fsx_csi_driver.data.aws_iam_policy_document.assume",
            "module.eks_blueprints_addons_lbc.module.aws_fsx_csi_driver.data.aws_iam_policy_document.this",
            "module.eks_blueprints_addons_lbc.module.aws_fsx_csi_driver.data.aws_partition.current",
            "module.eks_blueprints_addons_lbc.module.aws_fsx_csi_driver.helm_release.this",
            "module.eks_blueprints_addons_lbc.module.aws_gateway_api_controller.aws_iam_policy.this",
            "module.eks_blueprints_addons_lbc.module.aws_gateway_api_controller.aws_iam_role.this",
            "module.eks_blueprints_addons_lbc.module.aws_gateway_api_controller.aws_iam_role_policy_attachment.additional",
            "module.eks_blueprints_addons_lbc.module.aws_gateway_api_controller.aws_iam_role_policy_attachment.this",
            "module.eks_blueprints_addons_lbc.module.aws_gateway_api_controller.data.aws_caller_identity.current",
            "module.eks_blueprints_addons_lbc.module.aws_gateway_api_controller.data.aws_iam_policy_document.assume",
            "module.eks_blueprints_addons_lbc.module.aws_gateway_api_controller.data.aws_iam_policy_document.this",
            "module.eks_blueprints_addons_lbc.module.aws_gateway_api_controller.data.aws_partition.current",
            "module.eks_blueprints_addons_lbc.module.aws_gateway_api_controller.helm_release.this",
            "module.eks_blueprints_addons_lbc.module.aws_load_balancer_controller.aws_iam_policy.this",
            "module.eks_blueprints_addons_lbc.module.aws_load_balancer_controller.aws_iam_role.this",
            "module.eks_blueprints_addons_lbc.module.aws_load_balancer_controller.aws_iam_role_policy_attachment.additional",
            "module.eks_blueprints_addons_lbc.module.aws_load_balancer_controller.aws_iam_role_policy_attachment.this",
            "module.eks_blueprints_addons_lbc.module.aws_load_balancer_controller.data.aws_caller_identity.current",
            "module.eks_blueprints_addons_lbc.module.aws_load_balancer_controller.data.aws_iam_policy_document.assume",
            "module.eks_blueprints_addons_lbc.module.aws_load_balancer_controller.data.aws_iam_policy_document.this",
            "module.eks_blueprints_addons_lbc.module.aws_load_balancer_controller.data.aws_partition.current",
            "module.eks_blueprints_addons_lbc.module.aws_load_balancer_controller.helm_release.this",
            "module.eks_blueprints_addons_lbc.module.aws_node_termination_handler.aws_iam_policy.this",
            "module.eks_blueprints_addons_lbc.module.aws_node_termination_handler.aws_iam_role.this",
            "module.eks_blueprints_addons_lbc.module.aws_node_termination_handler.aws_iam_role_policy_attachment.additional",
            "module.eks_blueprints_addons_lbc.module.aws_node_termination_handler.aws_iam_role_policy_attachment.this",
            "module.eks_blueprints_addons_lbc.module.aws_node_termination_handler.data.aws_caller_identity.current",
            "module.eks_blueprints_addons_lbc.module.aws_node_termination_handler.data.aws_iam_policy_document.assume",
            "module.eks_blueprints_addons_lbc.module.aws_node_termination_handler.data.aws_iam_policy_document.this",
            "module.eks_blueprints_addons_lbc.module.aws_node_termination_handler.data.aws_partition.current",
            "module.eks_blueprints_addons_lbc.module.aws_node_termination_handler.helm_release.this",
            "module.eks_blueprints_addons_lbc.module.aws_node_termination_handler_sqs.aws_sqs_queue.dlq",
            "module.eks_blueprints_addons_lbc.module.aws_node_termination_handler_sqs.aws_sqs_queue.this",
            "module.eks_blueprints_addons_lbc.module.aws_node_termination_handler_sqs.aws_sqs_queue_policy.dlq",
            "module.eks_blueprints_addons_lbc.module.aws_node_termination_handler_sqs.aws_sqs_queue_policy.this",
            "module.eks_blueprints_addons_lbc.module.aws_node_termination_handler_sqs.aws_sqs_queue_redrive_allow_policy.dlq",
            "module.eks_blueprints_addons_lbc.module.aws_node_termination_handler_sqs.aws_sqs_queue_redrive_allow_policy.this",
            "module.eks_blueprints_addons_lbc.module.aws_node_termination_handler_sqs.aws_sqs_queue_redrive_policy.dlq",
            "module.eks_blueprints_addons_lbc.module.aws_node_termination_handler_sqs.aws_sqs_queue_redrive_policy.this",
            "module.eks_blueprints_addons_lbc.module.aws_node_termination_handler_sqs.data.aws_iam_policy_document.dlq",
            "module.eks_blueprints_addons_lbc.module.aws_node_termination_handler_sqs.data.aws_iam_policy_document.this",
            "module.eks_blueprints_addons_lbc.module.aws_privateca_issuer.aws_iam_policy.this",
            "module.eks_blueprints_addons_lbc.module.aws_privateca_issuer.aws_iam_role.this",
            "module.eks_blueprints_addons_lbc.module.aws_privateca_issuer.aws_iam_role_policy_attachment.additional",
            "module.eks_blueprints_addons_lbc.module.aws_privateca_issuer.aws_iam_role_policy_attachment.this",
            "module.eks_blueprints_addons_lbc.module.aws_privateca_issuer.data.aws_caller_identity.current",
            "module.eks_blueprints_addons_lbc.module.aws_privateca_issuer.data.aws_iam_policy_document.assume",
            "module.eks_blueprints_addons_lbc.module.aws_privateca_issuer.data.aws_iam_policy_document.this",
            "module.eks_blueprints_addons_lbc.module.aws_privateca_issuer.data.aws_partition.current",
            "module.eks_blueprints_addons_lbc.module.aws_privateca_issuer.helm_release.this",
            "module.eks_blueprints_addons_lbc.module.bottlerocket_shadow.aws_iam_policy.this",
            "module.eks_blueprints_addons_lbc.module.bottlerocket_shadow.aws_iam_role.this",
            "module.eks_blueprints_addons_lbc.module.bottlerocket_shadow.aws_iam_role_policy_attachment.additional",
            "module.eks_blueprints_addons_lbc.module.bottlerocket_shadow.aws_iam_role_policy_attachment.this",
            "module.eks_blueprints_addons_lbc.module.bottlerocket_shadow.data.aws_caller_identity.current",
            "module.eks_blueprints_addons_lbc.module.bottlerocket_shadow.data.aws_iam_policy_document.assume",
            "module.eks_blueprints_addons_lbc.module.bottlerocket_shadow.data.aws_iam_policy_document.this",
            "module.eks_blueprints_addons_lbc.module.bottlerocket_shadow.data.aws_partition.current",
            "module.eks_blueprints_addons_lbc.module.bottlerocket_shadow.helm_release.this",
            "module.eks_blueprints_addons_lbc.module.bottlerocket_update_operator.aws_iam_policy.this",
            "module.eks_blueprints_addons_lbc.module.bottlerocket_update_operator.aws_iam_role.this",
            "module.eks_blueprints_addons_lbc.module.bottlerocket_update_operator.aws_iam_role_policy_attachment.additional",
            "module.eks_blueprints_addons_lbc.module.bottlerocket_update_operator.aws_iam_role_policy_attachment.this",
            "module.eks_blueprints_addons_lbc.module.bottlerocket_update_operator.data.aws_caller_identity.current",
            "module.eks_blueprints_addons_lbc.module.bottlerocket_update_operator.data.aws_iam_policy_document.assume",
            "module.eks_blueprints_addons_lbc.module.bottlerocket_update_operator.data.aws_iam_policy_document.this",
            "module.eks_blueprints_addons_lbc.module.bottlerocket_update_operator.data.aws_partition.current",
            "module.eks_blueprints_addons_lbc.module.bottlerocket_update_operator.helm_release.this",
            "module.eks_blueprints_addons_lbc.module.cert_manager.aws_iam_policy.this",
            "module.eks_blueprints_addons_lbc.module.cert_manager.aws_iam_role.this",
            "module.eks_blueprints_addons_lbc.module.cert_manager.aws_iam_role_policy_attachment.additional",
            "module.eks_blueprints_addons_lbc.module.cert_manager.aws_iam_role_policy_attachment.this",
            "module.eks_blueprints_addons_lbc.module.cert_manager.data.aws_caller_identity.current",
            "module.eks_blueprints_addons_lbc.module.cert_manager.data.aws_iam_policy_document.assume",
            "module.eks_blueprints_addons_lbc.module.cert_manager.data.aws_iam_policy_document.this",
            "module.eks_blueprints_addons_lbc.module.cert_manager.data.aws_partition.current",
            "module.eks_blueprints_addons_lbc.module.cert_manager.helm_release.this",
            "module.eks_blueprints_addons_lbc.module.cluster_autoscaler.aws_iam_policy.this",
            "module.eks_blueprints_addons_lbc.module.cluster_autoscaler.aws_iam_role.this",
            "module.eks_blueprints_addons_lbc.module.cluster_autoscaler.aws_iam_role_policy_attachment.additional",
            "module.eks_blueprints_addons_lbc.module.cluster_autoscaler.aws_iam_role_policy_attachment.this",
            "module.eks_blueprints_addons_lbc.module.cluster_autoscaler.data.aws_caller_identity.current",
            "module.eks_blueprints_addons_lbc.module.cluster_autoscaler.data.aws_iam_policy_document.assume",
            "module.eks_blueprints_addons_lbc.module.cluster_autoscaler.data.aws_iam_policy_document.this",
            "module.eks_blueprints_addons_lbc.module.cluster_autoscaler.data.aws_partition.current",
            "module.eks_blueprints_addons_lbc.module.cluster_autoscaler.helm_release.this",
            "module.eks_blueprints_addons_lbc.module.cluster_proportional_autoscaler.aws_iam_policy.this",
            "module.eks_blueprints_addons_lbc.module.cluster_proportional_autoscaler.aws_iam_role.this",
            "module.eks_blueprints_addons_lbc.module.cluster_proportional_autoscaler.aws_iam_role_policy_attachment.additional",
            "module.eks_blueprints_addons_lbc.module.cluster_proportional_autoscaler.aws_iam_role_policy_attachment.this",
            "module.eks_blueprints_addons_lbc.module.cluster_proportional_autoscaler.data.aws_caller_identity.current",
            "module.eks_blueprints_addons_lbc.module.cluster_proportional_autoscaler.data.aws_iam_policy_document.assume",
            "module.eks_blueprints_addons_lbc.module.cluster_proportional_autoscaler.data.aws_iam_policy_document.this",
            "module.eks_blueprints_addons_lbc.module.cluster_proportional_autoscaler.data.aws_partition.current",
            "module.eks_blueprints_addons_lbc.module.cluster_proportional_autoscaler.helm_release.this",
            "module.eks_blueprints_addons_lbc.module.external_dns.aws_iam_policy.this",
            "module.eks_blueprints_addons_lbc.module.external_dns.aws_iam_role.this",
            "module.eks_blueprints_addons_lbc.module.external_dns.aws_iam_role_policy_attachment.additional",
            "module.eks_blueprints_addons_lbc.module.external_dns.aws_iam_role_policy_attachment.this",
            "module.eks_blueprints_addons_lbc.module.external_dns.data.aws_caller_identity.current",
            "module.eks_blueprints_addons_lbc.module.external_dns.data.aws_iam_policy_document.assume",
            "module.eks_blueprints_addons_lbc.module.external_dns.data.aws_iam_policy_document.this",
            "module.eks_blueprints_addons_lbc.module.external_dns.data.aws_partition.current",
            "module.eks_blueprints_addons_lbc.module.external_dns.helm_release.this",
            "module.eks_blueprints_addons_lbc.module.external_secrets.aws_iam_policy.this",
            "module.eks_blueprints_addons_lbc.module.external_secrets.aws_iam_role.this",
            "module.eks_blueprints_addons_lbc.module.external_secrets.aws_iam_role_policy_attachment.additional",
            "module.eks_blueprints_addons_lbc.module.external_secrets.aws_iam_role_policy_attachment.this",
            "module.eks_blueprints_addons_lbc.module.external_secrets.data.aws_caller_identity.current",
            "module.eks_blueprints_addons_lbc.module.external_secrets.data.aws_iam_policy_document.assume",
            "module.eks_blueprints_addons_lbc.module.external_secrets.data.aws_iam_policy_document.this",
            "module.eks_blueprints_addons_lbc.module.external_secrets.data.aws_partition.current",
            "module.eks_blueprints_addons_lbc.module.external_secrets.helm_release.this",
            "module.eks_blueprints_addons_lbc.module.gatekeeper.aws_iam_policy.this",
            "module.eks_blueprints_addons_lbc.module.gatekeeper.aws_iam_role.this",
            "module.eks_blueprints_addons_lbc.module.gatekeeper.aws_iam_role_policy_attachment.additional",
            "module.eks_blueprints_addons_lbc.module.gatekeeper.aws_iam_role_policy_attachment.this",
            "module.eks_blueprints_addons_lbc.module.gatekeeper.data.aws_caller_identity.current",
            "module.eks_blueprints_addons_lbc.module.gatekeeper.data.aws_iam_policy_document.assume",
            "module.eks_blueprints_addons_lbc.module.gatekeeper.data.aws_iam_policy_document.this",
            "module.eks_blueprints_addons_lbc.module.gatekeeper.data.aws_partition.current",
            "module.eks_blueprints_addons_lbc.module.gatekeeper.helm_release.this",
            "module.eks_blueprints_addons_lbc.module.ingress_nginx.aws_iam_policy.this",
            "module.eks_blueprints_addons_lbc.module.ingress_nginx.aws_iam_role.this",
            "module.eks_blueprints_addons_lbc.module.ingress_nginx.aws_iam_role_policy_attachment.additional",
            "module.eks_blueprints_addons_lbc.module.ingress_nginx.aws_iam_role_policy_attachment.this",
            "module.eks_blueprints_addons_lbc.module.ingress_nginx.data.aws_caller_identity.current",
            "module.eks_blueprints_addons_lbc.module.ingress_nginx.data.aws_iam_policy_document.assume",
            "module.eks_blueprints_addons_lbc.module.ingress_nginx.data.aws_iam_policy_document.this",
            "module.eks_blueprints_addons_lbc.module.ingress_nginx.data.aws_partition.current",
            "module.eks_blueprints_addons_lbc.module.ingress_nginx.helm_release.this",
            "module.eks_blueprints_addons_lbc.module.karpenter.aws_iam_policy.this",
            "module.eks_blueprints_addons_lbc.module.karpenter.aws_iam_role.this",
            "module.eks_blueprints_addons_lbc.module.karpenter.aws_iam_role_policy_attachment.additional",
            "module.eks_blueprints_addons_lbc.module.karpenter.aws_iam_role_policy_attachment.this",
            "module.eks_blueprints_addons_lbc.module.karpenter.data.aws_caller_identity.current",
            "module.eks_blueprints_addons_lbc.module.karpenter.data.aws_iam_policy_document.assume",
            "module.eks_blueprints_addons_lbc.module.karpenter.data.aws_iam_policy_document.this",
            "module.eks_blueprints_addons_lbc.module.karpenter.data.aws_partition.current",
            "module.eks_blueprints_addons_lbc.module.karpenter.helm_release.this",
            "module.eks_blueprints_addons_lbc.module.karpenter_sqs.aws_sqs_queue.dlq",
            "module.eks_blueprints_addons_lbc.module.karpenter_sqs.aws_sqs_queue.this",
            "module.eks_blueprints_addons_lbc.module.karpenter_sqs.aws_sqs_queue_policy.dlq",
            "module.eks_blueprints_addons_lbc.module.karpenter_sqs.aws_sqs_queue_policy.this",
            "module.eks_blueprints_addons_lbc.module.karpenter_sqs.aws_sqs_queue_redrive_allow_policy.dlq",
            "module.eks_blueprints_addons_lbc.module.karpenter_sqs.aws_sqs_queue_redrive_allow_policy.this",
            "module.eks_blueprints_addons_lbc.module.karpenter_sqs.aws_sqs_queue_redrive_policy.dlq",
            "module.eks_blueprints_addons_lbc.module.karpenter_sqs.aws_sqs_queue_redrive_policy.this",
            "module.eks_blueprints_addons_lbc.module.karpenter_sqs.data.aws_iam_policy_document.dlq",
            "module.eks_blueprints_addons_lbc.module.karpenter_sqs.data.aws_iam_policy_document.this",
            "module.eks_blueprints_addons_lbc.module.kube_prometheus_stack.aws_iam_policy.this",
            "module.eks_blueprints_addons_lbc.module.kube_prometheus_stack.aws_iam_role.this",
            "module.eks_blueprints_addons_lbc.module.kube_prometheus_stack.aws_iam_role_policy_attachment.additional",
            "module.eks_blueprints_addons_lbc.module.kube_prometheus_stack.aws_iam_role_policy_attachment.this",
            "module.eks_blueprints_addons_lbc.module.kube_prometheus_stack.data.aws_caller_identity.current",
            "module.eks_blueprints_addons_lbc.module.kube_prometheus_stack.data.aws_iam_policy_document.assume",
            "module.eks_blueprints_addons_lbc.module.kube_prometheus_stack.data.aws_iam_policy_document.this",
            "module.eks_blueprints_addons_lbc.module.kube_prometheus_stack.data.aws_partition.current",
            "module.eks_blueprints_addons_lbc.module.kube_prometheus_stack.helm_release.this",
            "module.eks_blueprints_addons_lbc.module.metrics_server.aws_iam_policy.this",
            "module.eks_blueprints_addons_lbc.module.metrics_server.aws_iam_role.this",
            "module.eks_blueprints_addons_lbc.module.metrics_server.aws_iam_role_policy_attachment.additional",
            "module.eks_blueprints_addons_lbc.module.metrics_server.aws_iam_role_policy_attachment.this",
            "module.eks_blueprints_addons_lbc.module.metrics_server.data.aws_caller_identity.current",
            "module.eks_blueprints_addons_lbc.module.metrics_server.data.aws_iam_policy_document.assume",
            "module.eks_blueprints_addons_lbc.module.metrics_server.data.aws_iam_policy_document.this",
            "module.eks_blueprints_addons_lbc.module.metrics_server.data.aws_partition.current",
            "module.eks_blueprints_addons_lbc.module.metrics_server.helm_release.this",
            "module.eks_blueprints_addons_lbc.module.secrets_store_csi_driver.aws_iam_policy.this",
            "module.eks_blueprints_addons_lbc.module.secrets_store_csi_driver.aws_iam_role.this",
            "module.eks_blueprints_addons_lbc.module.secrets_store_csi_driver.aws_iam_role_policy_attachment.additional",
            "module.eks_blueprints_addons_lbc.module.secrets_store_csi_driver.aws_iam_role_policy_attachment.this",
            "module.eks_blueprints_addons_lbc.module.secrets_store_csi_driver.data.aws_caller_identity.current",
            "module.eks_blueprints_addons_lbc.module.secrets_store_csi_driver.data.aws_iam_policy_document.assume",
            "module.eks_blueprints_addons_lbc.module.secrets_store_csi_driver.data.aws_iam_policy_document.this",
            "module.eks_blueprints_addons_lbc.module.secrets_store_csi_driver.data.aws_partition.current",
            "module.eks_blueprints_addons_lbc.module.secrets_store_csi_driver.helm_release.this",
            "module.eks_blueprints_addons_lbc.module.secrets_store_csi_driver_provider_aws.aws_iam_policy.this",
            "module.eks_blueprints_addons_lbc.module.secrets_store_csi_driver_provider_aws.aws_iam_role.this",
            "module.eks_blueprints_addons_lbc.module.secrets_store_csi_driver_provider_aws.aws_iam_role_policy_attachment.additional",
            "module.eks_blueprints_addons_lbc.module.secrets_store_csi_driver_provider_aws.aws_iam_role_policy_attachment.this",
            "module.eks_blueprints_addons_lbc.module.secrets_store_csi_driver_provider_aws.data.aws_caller_identity.current",
            "module.eks_blueprints_addons_lbc.module.secrets_store_csi_driver_provider_aws.data.aws_iam_policy_document.assume",
            "module.eks_blueprints_addons_lbc.module.secrets_store_csi_driver_provider_aws.data.aws_iam_policy_document.this",
            "module.eks_blueprints_addons_lbc.module.secrets_store_csi_driver_provider_aws.data.aws_partition.current",
            "module.eks_blueprints_addons_lbc.module.secrets_store_csi_driver_provider_aws.helm_release.this",
            "module.eks_blueprints_addons_lbc.module.velero.aws_iam_policy.this",
            "module.eks_blueprints_addons_lbc.module.velero.aws_iam_role.this",
            "module.eks_blueprints_addons_lbc.module.velero.aws_iam_role_policy_attachment.additional",
            "module.eks_blueprints_addons_lbc.module.velero.aws_iam_role_policy_attachment.this",
            "module.eks_blueprints_addons_lbc.module.velero.data.aws_caller_identity.current",
            "module.eks_blueprints_addons_lbc.module.velero.data.aws_iam_policy_document.assume",
            "module.eks_blueprints_addons_lbc.module.velero.data.aws_iam_policy_document.this",
            "module.eks_blueprints_addons_lbc.module.velero.data.aws_partition.current",
            "module.eks_blueprints_addons_lbc.module.velero.helm_release.this",
            "module.eks_blueprints_addons_lbc.module.vpa.aws_iam_policy.this",
            "module.eks_blueprints_addons_lbc.module.vpa.aws_iam_role.this",
            "module.eks_blueprints_addons_lbc.module.vpa.aws_iam_role_policy_attachment.additional",
            "module.eks_blueprints_addons_lbc.module.vpa.aws_iam_role_policy_attachment.this",
            "module.eks_blueprints_addons_lbc.module.vpa.data.aws_caller_identity.current",
            "module.eks_blueprints_addons_lbc.module.vpa.data.aws_iam_policy_document.assume",
            "module.eks_blueprints_addons_lbc.module.vpa.data.aws_iam_policy_document.this",
            "module.eks_blueprints_addons_lbc.module.vpa.data.aws_partition.current",
            "module.eks_blueprints_addons_lbc.module.vpa.helm_release.this",
            "module.eks_blueprints_addons_lbc.random_bytes.this",
            "module.eks_blueprints_addons_lbc.time_sleep.this"
          ]
        }
      ]
    },
    {
      "module": "module.eks_blueprints_addons",
      "mode": "managed",
      "type": "random_bytes",
      "name": "this",
      "provider": "provider[\"registry.terraform.io/hashicorp/random\"]",
      "instances": [
        {
          "schema_version": 0,
          "attributes": {
            "base64": "+kY=",
            "hex": "fa46",
            "keepers": null,
            "length": 2
          },
          "sensitive_attributes": [
            [
              {
                "type": "get_attr",
                "value": "base64"
              }
            ],
            [
              {
                "type": "get_attr",
                "value": "hex"
              }
            ]
          ],
          "dependencies": [
            "aws_eks_pod_identity_association.aws_lbc",
            "aws_eks_pod_identity_association.ebs_csi_driver",
            "aws_iam_role.aws_lbc",
            "aws_iam_role.ebs_csi_driver",
            "aws_iam_role_policy.aws_lbc",
            "aws_iam_role_policy_attachment.ebs_csi_driver",
            "data.aws_iam_policy_document.aws_lbc",
            "data.aws_iam_policy_document.aws_lbc_assume",
            "data.aws_iam_policy_document.ebs_csi_driver",
            "module.eks_blueprints_addons_lbc.aws_autoscaling_group_tag.aws_node_termination_handler",
            "module.eks_blueprints_addons_lbc.aws_autoscaling_lifecycle_hook.aws_node_termination_handler",
            "module.eks_blueprints_addons_lbc.aws_cloudformation_stack.usage_telemetry",
            "module.eks_blueprints_addons_lbc.aws_cloudwatch_event_rule.aws_node_termination_handler",
            "module.eks_blueprints_addons_lbc.aws_cloudwatch_event_rule.karpenter",
            "module.eks_blueprints_addons_lbc.aws_cloudwatch_event_target.aws_node_termination_handler",
            "module.eks_blueprints_addons_lbc.aws_cloudwatch_event_target.karpenter",
            "module.eks_blueprints_addons_lbc.aws_cloudwatch_log_group.aws_for_fluentbit",
            "module.eks_blueprints_addons_lbc.aws_cloudwatch_log_group.fargate_fluentbit",
            "module.eks_blueprints_addons_lbc.aws_eks_addon.this",
            "module.eks_blueprints_addons_lbc.aws_iam_instance_profile.karpenter",
            "module.eks_blueprints_addons_lbc.aws_iam_policy.fargate_fluentbit",
            "module.eks_blueprints_addons_lbc.aws_iam_role.karpenter",
            "module.eks_blueprints_addons_lbc.aws_iam_role_policy_attachment.additional",
            "module.eks_blueprints_addons_lbc.aws_iam_role_policy_attachment.karpenter",
            "module.eks_blueprints_addons_lbc.data.aws_caller_identity.current",
            "module.eks_blueprints_addons_lbc.data.aws_eks_addon_version.this",
            "module.eks_blueprints_addons_lbc.data.aws_iam_policy_document.aws_efs_csi_driver",
            "module.eks_blueprints_addons_lbc.data.aws_iam_policy_document.aws_for_fluentbit",
            "module.eks_blueprints_addons_lbc.data.aws_iam_policy_document.aws_fsx_csi_driver",
            "module.eks_blueprints_addons_lbc.data.aws_iam_policy_document.aws_gateway_api_controller",
            "module.eks_blueprints_addons_lbc.data.aws_iam_policy_document.aws_load_balancer_controller",
            "module.eks_blueprints_addons_lbc.data.aws_iam_policy_document.aws_node_termination_handler",
            "module.eks_blueprints_addons_lbc.data.aws_iam_policy_document.aws_privateca_issuer",
            "module.eks_blueprints_addons_lbc.data.aws_iam_policy_document.cert_manager",
            "module.eks_blueprints_addons_lbc.data.aws_iam_policy_document.cluster_autoscaler",
            "module.eks_blueprints_addons_lbc.data.aws_iam_policy_document.external_dns",
            "module.eks_blueprints_addons_lbc.data.aws_iam_policy_document.external_secrets",
            "module.eks_blueprints_addons_lbc.data.aws_iam_policy_document.fargate_fluentbit",
            "module.eks_blueprints_addons_lbc.data.aws_iam_policy_document.karpenter",
            "module.eks_blueprints_addons_lbc.data.aws_iam_policy_document.karpenter_assume_role",
            "module.eks_blueprints_addons_lbc.data.aws_iam_policy_document.velero",
            "module.eks_blueprints_addons_lbc.data.aws_partition.current",
            "module.eks_blueprints_addons_lbc.data.aws_region.current",
            "module.eks_blueprints_addons_lbc.helm_release.this",
            "module.eks_blueprints_addons_lbc.kubernetes_config_map_v1.aws_logging",
            "module.eks_blueprints_addons_lbc.kubernetes_config_map_v1_data.aws_for_fluentbit_containerinsights",
            "module.eks_blueprints_addons_lbc.kubernetes_namespace_v1.aws_observability",
            "module.eks_blueprints_addons_lbc.module.argo_events.aws_iam_policy.this",
            "module.eks_blueprints_addons_lbc.module.argo_events.aws_iam_role.this",
            "module.eks_blueprints_addons_lbc.module.argo_events.aws_iam_role_policy_attachment.additional",
            "module.eks_blueprints_addons_lbc.module.argo_events.aws_iam_role_policy_attachment.this",
            "module.eks_blueprints_addons_lbc.module.argo_events.data.aws_caller_identity.current",
            "module.eks_blueprints_addons_lbc.module.argo_events.data.aws_iam_policy_document.assume",
            "module.eks_blueprints_addons_lbc.module.argo_events.data.aws_iam_policy_document.this",
            "module.eks_blueprints_addons_lbc.module.argo_events.data.aws_partition.current",
            "module.eks_blueprints_addons_lbc.module.argo_events.helm_release.this",
            "module.eks_blueprints_addons_lbc.module.argo_rollouts.aws_iam_policy.this",
            "module.eks_blueprints_addons_lbc.module.argo_rollouts.aws_iam_role.this",
            "module.eks_blueprints_addons_lbc.module.argo_rollouts.aws_iam_role_policy_attachment.additional",
            "module.eks_blueprints_addons_lbc.module.argo_rollouts.aws_iam_role_policy_attachment.this",
            "module.eks_blueprints_addons_lbc.module.argo_rollouts.data.aws_caller_identity.current",
            "module.eks_blueprints_addons_lbc.module.argo_rollouts.data.aws_iam_policy_document.assume",
            "module.eks_blueprints_addons_lbc.module.argo_rollouts.data.aws_iam_policy_document.this",
            "module.eks_blueprints_addons_lbc.module.argo_rollouts.data.aws_partition.current",
            "module.eks_blueprints_addons_lbc.module.argo_rollouts.helm_release.this",
            "module.eks_blueprints_addons_lbc.module.argo_workflows.aws_iam_policy.this",
            "module.eks_blueprints_addons_lbc.module.argo_workflows.aws_iam_role.this",
            "module.eks_blueprints_addons_lbc.module.argo_workflows.aws_iam_role_policy_attachment.additional",
            "module.eks_blueprints_addons_lbc.module.argo_workflows.aws_iam_role_policy_attachment.this",
            "module.eks_blueprints_addons_lbc.module.argo_workflows.data.aws_caller_identity.current",
            "module.eks_blueprints_addons_lbc.module.argo_workflows.data.aws_iam_policy_document.assume",
            "module.eks_blueprints_addons_lbc.module.argo_workflows.data.aws_iam_policy_document.this",
            "module.eks_blueprints_addons_lbc.module.argo_workflows.data.aws_partition.current",
            "module.eks_blueprints_addons_lbc.module.argo_workflows.helm_release.this",
            "module.eks_blueprints_addons_lbc.module.argocd.aws_iam_policy.this",
            "module.eks_blueprints_addons_lbc.module.argocd.aws_iam_role.this",
            "module.eks_blueprints_addons_lbc.module.argocd.aws_iam_role_policy_attachment.additional",
            "module.eks_blueprints_addons_lbc.module.argocd.aws_iam_role_policy_attachment.this",
            "module.eks_blueprints_addons_lbc.module.argocd.data.aws_caller_identity.current",
            "module.eks_blueprints_addons_lbc.module.argocd.data.aws_iam_policy_document.assume",
            "module.eks_blueprints_addons_lbc.module.argocd.data.aws_iam_policy_document.this",
            "module.eks_blueprints_addons_lbc.module.argocd.data.aws_partition.current",
            "module.eks_blueprints_addons_lbc.module.argocd.helm_release.this",
            "module.eks_blueprints_addons_lbc.module.aws_cloudwatch_metrics.aws_iam_policy.this",
            "module.eks_blueprints_addons_lbc.module.aws_cloudwatch_metrics.aws_iam_role.this",
            "module.eks_blueprints_addons_lbc.module.aws_cloudwatch_metrics.aws_iam_role_policy_attachment.additional",
            "module.eks_blueprints_addons_lbc.module.aws_cloudwatch_metrics.aws_iam_role_policy_attachment.this",
            "module.eks_blueprints_addons_lbc.module.aws_cloudwatch_metrics.data.aws_caller_identity.current",
            "module.eks_blueprints_addons_lbc.module.aws_cloudwatch_metrics.data.aws_iam_policy_document.assume",
            "module.eks_blueprints_addons_lbc.module.aws_cloudwatch_metrics.data.aws_iam_policy_document.this",
            "module.eks_blueprints_addons_lbc.module.aws_cloudwatch_metrics.data.aws_partition.current",
            "module.eks_blueprints_addons_lbc.module.aws_cloudwatch_metrics.helm_release.this",
            "module.eks_blueprints_addons_lbc.module.aws_efs_csi_driver.aws_iam_policy.this",
            "module.eks_blueprints_addons_lbc.module.aws_efs_csi_driver.aws_iam_role.this",
            "module.eks_blueprints_addons_lbc.module.aws_efs_csi_driver.aws_iam_role_policy_attachment.additional",
            "module.eks_blueprints_addons_lbc.module.aws_efs_csi_driver.aws_iam_role_policy_attachment.this",
            "module.eks_blueprints_addons_lbc.module.aws_efs_csi_driver.data.aws_caller_identity.current",
            "module.eks_blueprints_addons_lbc.module.aws_efs_csi_driver.data.aws_iam_policy_document.assume",
            "module.eks_blueprints_addons_lbc.module.aws_efs_csi_driver.data.aws_iam_policy_document.this",
            "module.eks_blueprints_addons_lbc.module.aws_efs_csi_driver.data.aws_partition.current",
            "module.eks_blueprints_addons_lbc.module.aws_efs_csi_driver.helm_release.this",
            "module.eks_blueprints_addons_lbc.module.aws_for_fluentbit.aws_iam_policy.this",
            "module.eks_blueprints_addons_lbc.module.aws_for_fluentbit.aws_iam_role.this",
            "module.eks_blueprints_addons_lbc.module.aws_for_fluentbit.aws_iam_role_policy_attachment.additional",
            "module.eks_blueprints_addons_lbc.module.aws_for_fluentbit.aws_iam_role_policy_attachment.this",
            "module.eks_blueprints_addons_lbc.module.aws_for_fluentbit.data.aws_caller_identity.current",
            "module.eks_blueprints_addons_lbc.module.aws_for_fluentbit.data.aws_iam_policy_document.assume",
            "module.eks_blueprints_addons_lbc.module.aws_for_fluentbit.data.aws_iam_policy_document.this",
            "module.eks_blueprints_addons_lbc.module.aws_for_fluentbit.data.aws_partition.current",
            "module.eks_blueprints_addons_lbc.module.aws_for_fluentbit.helm_release.this",
            "module.eks_blueprints_addons_lbc.module.aws_fsx_csi_driver.aws_iam_policy.this",
            "module.eks_blueprints_addons_lbc.module.aws_fsx_csi_driver.aws_iam_role.this",
            "module.eks_blueprints_addons_lbc.module.aws_fsx_csi_driver.aws_iam_role_policy_attachment.additional",
            "module.eks_blueprints_addons_lbc.module.aws_fsx_csi_driver.aws_iam_role_policy_attachment.this",
            "module.eks_blueprints_addons_lbc.module.aws_fsx_csi_driver.data.aws_caller_identity.current",
            "module.eks_blueprints_addons_lbc.module.aws_fsx_csi_driver.data.aws_iam_policy_document.assume",
            "module.eks_blueprints_addons_lbc.module.aws_fsx_csi_driver.data.aws_iam_policy_document.this",
            "module.eks_blueprints_addons_lbc.module.aws_fsx_csi_driver.data.aws_partition.current",
            "module.eks_blueprints_addons_lbc.module.aws_fsx_csi_driver.helm_release.this",
            "module.eks_blueprints_addons_lbc.module.aws_gateway_api_controller.aws_iam_policy.this",
            "module.eks_blueprints_addons_lbc.module.aws_gateway_api_controller.aws_iam_role.this",
            "module.eks_blueprints_addons_lbc.module.aws_gateway_api_controller.aws_iam_role_policy_attachment.additional",
            "module.eks_blueprints_addons_lbc.module.aws_gateway_api_controller.aws_iam_role_policy_attachment.this",
            "module.eks_blueprints_addons_lbc.module.aws_gateway_api_controller.data.aws_caller_identity.current",
            "module.eks_blueprints_addons_lbc.module.aws_gateway_api_controller.data.aws_iam_policy_document.assume",
            "module.eks_blueprints_addons_lbc.module.aws_gateway_api_controller.data.aws_iam_policy_document.this",
            "module.eks_blueprints_addons_lbc.module.aws_gateway_api_controller.data.aws_partition.current",
            "module.eks_blueprints_addons_lbc.module.aws_gateway_api_controller.helm_release.this",
            "module.eks_blueprints_addons_lbc.module.aws_load_balancer_controller.aws_iam_policy.this",
            "module.eks_blueprints_addons_lbc.module.aws_load_balancer_controller.aws_iam_role.this",
            "module.eks_blueprints_addons_lbc.module.aws_load_balancer_controller.aws_iam_role_policy_attachment.additional",
            "module.eks_blueprints_addons_lbc.module.aws_load_balancer_controller.aws_iam_role_policy_attachment.this",
            "module.eks_blueprints_addons_lbc.module.aws_load_balancer_controller.data.aws_caller_identity.current",
            "module.eks_blueprints_addons_lbc.module.aws_load_balancer_controller.data.aws_iam_policy_document.assume",
            "module.eks_blueprints_addons_lbc.module.aws_load_balancer_controller.data.aws_iam_policy_document.this",
            "module.eks_blueprints_addons_lbc.module.aws_load_balancer_controller.data.aws_partition.current",
            "module.eks_blueprints_addons_lbc.module.aws_load_balancer_controller.helm_release.this",
            "module.eks_blueprints_addons_lbc.module.aws_node_termination_handler.aws_iam_policy.this",
            "module.eks_blueprints_addons_lbc.module.aws_node_termination_handler.aws_iam_role.this",
            "module.eks_blueprints_addons_lbc.module.aws_node_termination_handler.aws_iam_role_policy_attachment.additional",
            "module.eks_blueprints_addons_lbc.module.aws_node_termination_handler.aws_iam_role_policy_attachment.this",
            "module.eks_blueprints_addons_lbc.module.aws_node_termination_handler.data.aws_caller_identity.current",
            "module.eks_blueprints_addons_lbc.module.aws_node_termination_handler.data.aws_iam_policy_document.assume",
            "module.eks_blueprints_addons_lbc.module.aws_node_termination_handler.data.aws_iam_policy_document.this",
            "module.eks_blueprints_addons_lbc.module.aws_node_termination_handler.data.aws_partition.current",
            "module.eks_blueprints_addons_lbc.module.aws_node_termination_handler.helm_release.this",
            "module.eks_blueprints_addons_lbc.module.aws_node_termination_handler_sqs.aws_sqs_queue.dlq",
            "module.eks_blueprints_addons_lbc.module.aws_node_termination_handler_sqs.aws_sqs_queue.this",
            "module.eks_blueprints_addons_lbc.module.aws_node_termination_handler_sqs.aws_sqs_queue_policy.dlq",
            "module.eks_blueprints_addons_lbc.module.aws_node_termination_handler_sqs.aws_sqs_queue_policy.this",
            "module.eks_blueprints_addons_lbc.module.aws_node_termination_handler_sqs.aws_sqs_queue_redrive_allow_policy.dlq",
            "module.eks_blueprints_addons_lbc.module.aws_node_termination_handler_sqs.aws_sqs_queue_redrive_allow_policy.this",
            "module.eks_blueprints_addons_lbc.module.aws_node_termination_handler_sqs.aws_sqs_queue_redrive_policy.dlq",
            "module.eks_blueprints_addons_lbc.module.aws_node_termination_handler_sqs.aws_sqs_queue_redrive_policy.this",
            "module.eks_blueprints_addons_lbc.module.aws_node_termination_handler_sqs.data.aws_iam_policy_document.dlq",
            "module.eks_blueprints_addons_lbc.module.aws_node_termination_handler_sqs.data.aws_iam_policy_document.this",
            "module.eks_blueprints_addons_lbc.module.aws_privateca_issuer.aws_iam_policy.this",
            "module.eks_blueprints_addons_lbc.module.aws_privateca_issuer.aws_iam_role.this",
            "module.eks_blueprints_addons_lbc.module.aws_privateca_issuer.aws_iam_role_policy_attachment.additional",
            "module.eks_blueprints_addons_lbc.module.aws_privateca_issuer.aws_iam_role_policy_attachment.this",
            "module.eks_blueprints_addons_lbc.module.aws_privateca_issuer.data.aws_caller_identity.current",
            "module.eks_blueprints_addons_lbc.module.aws_privateca_issuer.data.aws_iam_policy_document.assume",
            "module.eks_blueprints_addons_lbc.module.aws_privateca_issuer.data.aws_iam_policy_document.this",
            "module.eks_blueprints_addons_lbc.module.aws_privateca_issuer.data.aws_partition.current",
            "module.eks_blueprints_addons_lbc.module.aws_privateca_issuer.helm_release.this",
            "module.eks_blueprints_addons_lbc.module.bottlerocket_shadow.aws_iam_policy.this",
            "module.eks_blueprints_addons_lbc.module.bottlerocket_shadow.aws_iam_role.this",
            "module.eks_blueprints_addons_lbc.module.bottlerocket_shadow.aws_iam_role_policy_attachment.additional",
            "module.eks_blueprints_addons_lbc.module.bottlerocket_shadow.aws_iam_role_policy_attachment.this",
            "module.eks_blueprints_addons_lbc.module.bottlerocket_shadow.data.aws_caller_identity.current",
            "module.eks_blueprints_addons_lbc.module.bottlerocket_shadow.data.aws_iam_policy_document.assume",
            "module.eks_blueprints_addons_lbc.module.bottlerocket_shadow.data.aws_iam_policy_document.this",
            "module.eks_blueprints_addons_lbc.module.bottlerocket_shadow.data.aws_partition.current",
            "module.eks_blueprints_addons_lbc.module.bottlerocket_shadow.helm_release.this",
            "module.eks_blueprints_addons_lbc.module.bottlerocket_update_operator.aws_iam_policy.this",
            "module.eks_blueprints_addons_lbc.module.bottlerocket_update_operator.aws_iam_role.this",
            "module.eks_blueprints_addons_lbc.module.bottlerocket_update_operator.aws_iam_role_policy_attachment.additional",
            "module.eks_blueprints_addons_lbc.module.bottlerocket_update_operator.aws_iam_role_policy_attachment.this",
            "module.eks_blueprints_addons_lbc.module.bottlerocket_update_operator.data.aws_caller_identity.current",
            "module.eks_blueprints_addons_lbc.module.bottlerocket_update_operator.data.aws_iam_policy_document.assume",
            "module.eks_blueprints_addons_lbc.module.bottlerocket_update_operator.data.aws_iam_policy_document.this",
            "module.eks_blueprints_addons_lbc.module.bottlerocket_update_operator.data.aws_partition.current",
            "module.eks_blueprints_addons_lbc.module.bottlerocket_update_operator.helm_release.this",
            "module.eks_blueprints_addons_lbc.module.cert_manager.aws_iam_policy.this",
            "module.eks_blueprints_addons_lbc.module.cert_manager.aws_iam_role.this",
            "module.eks_blueprints_addons_lbc.module.cert_manager.aws_iam_role_policy_attachment.additional",
            "module.eks_blueprints_addons_lbc.module.cert_manager.aws_iam_role_policy_attachment.this",
            "module.eks_blueprints_addons_lbc.module.cert_manager.data.aws_caller_identity.current",
            "module.eks_blueprints_addons_lbc.module.cert_manager.data.aws_iam_policy_document.assume",
            "module.eks_blueprints_addons_lbc.module.cert_manager.data.aws_iam_policy_document.this",
            "module.eks_blueprints_addons_lbc.module.cert_manager.data.aws_partition.current",
            "module.eks_blueprints_addons_lbc.module.cert_manager.helm_release.this",
            "module.eks_blueprints_addons_lbc.module.cluster_autoscaler.aws_iam_policy.this",
            "module.eks_blueprints_addons_lbc.module.cluster_autoscaler.aws_iam_role.this",
            "module.eks_blueprints_addons_lbc.module.cluster_autoscaler.aws_iam_role_policy_attachment.additional",
            "module.eks_blueprints_addons_lbc.module.cluster_autoscaler.aws_iam_role_policy_attachment.this",
            "module.eks_blueprints_addons_lbc.module.cluster_autoscaler.data.aws_caller_identity.current",
            "module.eks_blueprints_addons_lbc.module.cluster_autoscaler.data.aws_iam_policy_document.assume",
            "module.eks_blueprints_addons_lbc.module.cluster_autoscaler.data.aws_iam_policy_document.this",
            "module.eks_blueprints_addons_lbc.module.cluster_autoscaler.data.aws_partition.current",
            "module.eks_blueprints_addons_lbc.module.cluster_autoscaler.helm_release.this",
            "module.eks_blueprints_addons_lbc.module.cluster_proportional_autoscaler.aws_iam_policy.this",
            "module.eks_blueprints_addons_lbc.module.cluster_proportional_autoscaler.aws_iam_role.this",
            "module.eks_blueprints_addons_lbc.module.cluster_proportional_autoscaler.aws_iam_role_policy_attachment.additional",
            "module.eks_blueprints_addons_lbc.module.cluster_proportional_autoscaler.aws_iam_role_policy_attachment.this",
            "module.eks_blueprints_addons_lbc.module.cluster_proportional_autoscaler.data.aws_caller_identity.current",
            "module.eks_blueprints_addons_lbc.module.cluster_proportional_autoscaler.data.aws_iam_policy_document.assume",
            "module.eks_blueprints_addons_lbc.module.cluster_proportional_autoscaler.data.aws_iam_policy_document.this",
            "module.eks_blueprints_addons_lbc.module.cluster_proportional_autoscaler.data.aws_partition.current",
            "module.eks_blueprints_addons_lbc.module.cluster_proportional_autoscaler.helm_release.this",
            "module.eks_blueprints_addons_lbc.module.external_dns.aws_iam_policy.this",
            "module.eks_blueprints_addons_lbc.module.external_dns.aws_iam_role.this",
            "module.eks_blueprints_addons_lbc.module.external_dns.aws_iam_role_policy_attachment.additional",
            "module.eks_blueprints_addons_lbc.module.external_dns.aws_iam_role_policy_attachment.this",
            "module.eks_blueprints_addons_lbc.module.external_dns.data.aws_caller_identity.current",
            "module.eks_blueprints_addons_lbc.module.external_dns.data.aws_iam_policy_document.assume",
            "module.eks_blueprints_addons_lbc.module.external_dns.data.aws_iam_policy_document.this",
            "module.eks_blueprints_addons_lbc.module.external_dns.data.aws_partition.current",
            "module.eks_blueprints_addons_lbc.module.external_dns.helm_release.this",
            "module.eks_blueprints_addons_lbc.module.external_secrets.aws_iam_policy.this",
            "module.eks_blueprints_addons_lbc.module.external_secrets.aws_iam_role.this",
            "module.eks_blueprints_addons_lbc.module.external_secrets.aws_iam_role_policy_attachment.additional",
            "module.eks_blueprints_addons_lbc.module.external_secrets.aws_iam_role_policy_attachment.this",
            "module.eks_blueprints_addons_lbc.module.external_secrets.data.aws_caller_identity.current",
            "module.eks_blueprints_addons_lbc.module.external_secrets.data.aws_iam_policy_document.assume",
            "module.eks_blueprints_addons_lbc.module.external_secrets.data.aws_iam_policy_document.this",
            "module.eks_blueprints_addons_lbc.module.external_secrets.data.aws_partition.current",
            "module.eks_blueprints_addons_lbc.module.external_secrets.helm_release.this",
            "module.eks_blueprints_addons_lbc.module.gatekeeper.aws_iam_policy.this",
            "module.eks_blueprints_addons_lbc.module.gatekeeper.aws_iam_role.this",
            "module.eks_blueprints_addons_lbc.module.gatekeeper.aws_iam_role_policy_attachment.additional",
            "module.eks_blueprints_addons_lbc.module.gatekeeper.aws_iam_role_policy_attachment.this",
            "module.eks_blueprints_addons_lbc.module.gatekeeper.data.aws_caller_identity.current",
            "module.eks_blueprints_addons_lbc.module.gatekeeper.data.aws_iam_policy_document.assume",
            "module.eks_blueprints_addons_lbc.module.gatekeeper.data.aws_iam_policy_document.this",
            "module.eks_blueprints_addons_lbc.module.gatekeeper.data.aws_partition.current",
            "module.eks_blueprints_addons_lbc.module.gatekeeper.helm_release.this",
            "module.eks_blueprints_addons_lbc.module.ingress_nginx.aws_iam_policy.this",
            "module.eks_blueprints_addons_lbc.module.ingress_nginx.aws_iam_role.this",
            "module.eks_blueprints_addons_lbc.module.ingress_nginx.aws_iam_role_policy_attachment.additional",
            "module.eks_blueprints_addons_lbc.module.ingress_nginx.aws_iam_role_policy_attachment.this",
            "module.eks_blueprints_addons_lbc.module.ingress_nginx.data.aws_caller_identity.current",
            "module.eks_blueprints_addons_lbc.module.ingress_nginx.data.aws_iam_policy_document.assume",
            "module.eks_blueprints_addons_lbc.module.ingress_nginx.data.aws_iam_policy_document.this",
            "module.eks_blueprints_addons_lbc.module.ingress_nginx.data.aws_partition.current",
            "module.eks_blueprints_addons_lbc.module.ingress_nginx.helm_release.this",
            "module.eks_blueprints_addons_lbc.module.karpenter.aws_iam_policy.this",
            "module.eks_blueprints_addons_lbc.module.karpenter.aws_iam_role.this",
            "module.eks_blueprints_addons_lbc.module.karpenter.aws_iam_role_policy_attachment.additional",
            "module.eks_blueprints_addons_lbc.module.karpenter.aws_iam_role_policy_attachment.this",
            "module.eks_blueprints_addons_lbc.module.karpenter.data.aws_caller_identity.current",
            "module.eks_blueprints_addons_lbc.module.karpenter.data.aws_iam_policy_document.assume",
            "module.eks_blueprints_addons_lbc.module.karpenter.data.aws_iam_policy_document.this",
            "module.eks_blueprints_addons_lbc.module.karpenter.data.aws_partition.current",
            "module.eks_blueprints_addons_lbc.module.karpenter.helm_release.this",
            "module.eks_blueprints_addons_lbc.module.karpenter_sqs.aws_sqs_queue.dlq",
            "module.eks_blueprints_addons_lbc.module.karpenter_sqs.aws_sqs_queue.this",
            "module.eks_blueprints_addons_lbc.module.karpenter_sqs.aws_sqs_queue_policy.dlq",
            "module.eks_blueprints_addons_lbc.module.karpenter_sqs.aws_sqs_queue_policy.this",
            "module.eks_blueprints_addons_lbc.module.karpenter_sqs.aws_sqs_queue_redrive_allow_policy.dlq",
            "module.eks_blueprints_addons_lbc.module.karpenter_sqs.aws_sqs_queue_redrive_allow_policy.this",
            "module.eks_blueprints_addons_lbc.module.karpenter_sqs.aws_sqs_queue_redrive_policy.dlq",
            "module.eks_blueprints_addons_lbc.module.karpenter_sqs.aws_sqs_queue_redrive_policy.this",
            "module.eks_blueprints_addons_lbc.module.karpenter_sqs.data.aws_iam_policy_document.dlq",
            "module.eks_blueprints_addons_lbc.module.karpenter_sqs.data.aws_iam_policy_document.this",
            "module.eks_blueprints_addons_lbc.module.kube_prometheus_stack.aws_iam_policy.this",
            "module.eks_blueprints_addons_lbc.module.kube_prometheus_stack.aws_iam_role.this",
            "module.eks_blueprints_addons_lbc.module.kube_prometheus_stack.aws_iam_role_policy_attachment.additional",
            "module.eks_blueprints_addons_lbc.module.kube_prometheus_stack.aws_iam_role_policy_attachment.this",
            "module.eks_blueprints_addons_lbc.module.kube_prometheus_stack.data.aws_caller_identity.current",
            "module.eks_blueprints_addons_lbc.module.kube_prometheus_stack.data.aws_iam_policy_document.assume",
            "module.eks_blueprints_addons_lbc.module.kube_prometheus_stack.data.aws_iam_policy_document.this",
            "module.eks_blueprints_addons_lbc.module.kube_prometheus_stack.data.aws_partition.current",
            "module.eks_blueprints_addons_lbc.module.kube_prometheus_stack.helm_release.this",
            "module.eks_blueprints_addons_lbc.module.metrics_server.aws_iam_policy.this",
            "module.eks_blueprints_addons_lbc.module.metrics_server.aws_iam_role.this",
            "module.eks_blueprints_addons_lbc.module.metrics_server.aws_iam_role_policy_attachment.additional",
            "module.eks_blueprints_addons_lbc.module.metrics_server.aws_iam_role_policy_attachment.this",
            "module.eks_blueprints_addons_lbc.module.metrics_server.data.aws_caller_identity.current",
            "module.eks_blueprints_addons_lbc.module.metrics_server.data.aws_iam_policy_document.assume",
            "module.eks_blueprints_addons_lbc.module.metrics_server.data.aws_iam_policy_document.this",
            "module.eks_blueprints_addons_lbc.module.metrics_server.data.aws_partition.current",
            "module.eks_blueprints_addons_lbc.module.metrics_server.helm_release.this",
            "module.eks_blueprints_addons_lbc.module.secrets_store_csi_driver.aws_iam_policy.this",
            "module.eks_blueprints_addons_lbc.module.secrets_store_csi_driver.aws_iam_role.this",
            "module.eks_blueprints_addons_lbc.module.secrets_store_csi_driver.aws_iam_role_policy_attachment.additional",
            "module.eks_blueprints_addons_lbc.module.secrets_store_csi_driver.aws_iam_role_policy_attachment.this",
            "module.eks_blueprints_addons_lbc.module.secrets_store_csi_driver.data.aws_caller_identity.current",
            "module.eks_blueprints_addons_lbc.module.secrets_store_csi_driver.data.aws_iam_policy_document.assume",
            "module.eks_blueprints_addons_lbc.module.secrets_store_csi_driver.data.aws_iam_policy_document.this",
            "module.eks_blueprints_addons_lbc.module.secrets_store_csi_driver.data.aws_partition.current",
            "module.eks_blueprints_addons_lbc.module.secrets_store_csi_driver.helm_release.this",
            "module.eks_blueprints_addons_lbc.module.secrets_store_csi_driver_provider_aws.aws_iam_policy.this",
            "module.eks_blueprints_addons_lbc.module.secrets_store_csi_driver_provider_aws.aws_iam_role.this",
            "module.eks_blueprints_addons_lbc.module.secrets_store_csi_driver_provider_aws.aws_iam_role_policy_attachment.additional",
            "module.eks_blueprints_addons_lbc.module.secrets_store_csi_driver_provider_aws.aws_iam_role_policy_attachment.this",
            "module.eks_blueprints_addons_lbc.module.secrets_store_csi_driver_provider_aws.data.aws_caller_identity.current",
            "module.eks_blueprints_addons_lbc.module.secrets_store_csi_driver_provider_aws.data.aws_iam_policy_document.assume",
            "module.eks_blueprints_addons_lbc.module.secrets_store_csi_driver_provider_aws.data.aws_iam_policy_document.this",
            "module.eks_blueprints_addons_lbc.module.secrets_store_csi_driver_provider_aws.data.aws_partition.current",
            "module.eks_blueprints_addons_lbc.module.secrets_store_csi_driver_provider_aws.helm_release.this",
            "module.eks_blueprints_addons_lbc.module.velero.aws_iam_policy.this",
            "module.eks_blueprints_addons_lbc.module.velero.aws_iam_role.this",
            "module.eks_blueprints_addons_lbc.module.velero.aws_iam_role_policy_attachment.additional",
            "module.eks_blueprints_addons_lbc.module.velero.aws_iam_role_policy_attachment.this",
            "module.eks_blueprints_addons_lbc.module.velero.data.aws_caller_identity.current",
            "module.eks_blueprints_addons_lbc.module.velero.data.aws_iam_policy_document.assume",
            "module.eks_blueprints_addons_lbc.module.velero.data.aws_iam_policy_document.this",
            "module.eks_blueprints_addons_lbc.module.velero.data.aws_partition.current",
            "module.eks_blueprints_addons_lbc.module.velero.helm_release.this",
            "module.eks_blueprints_addons_lbc.module.vpa.aws_iam_policy.this",
            "module.eks_blueprints_addons_lbc.module.vpa.aws_iam_role.this",
            "module.eks_blueprints_addons_lbc.module.vpa.aws_iam_role_policy_attachment.additional",
            "module.eks_blueprints_addons_lbc.module.vpa.aws_iam_role_policy_attachment.this",
            "module.eks_blueprints_addons_lbc.module.vpa.data.aws_caller_identity.current",
            "module.eks_blueprints_addons_lbc.module.vpa.data.aws_iam_policy_document.assume",
            "module.eks_blueprints_addons_lbc.module.vpa.data.aws_iam_policy_document.this",
            "module.eks_blueprints_addons_lbc.module.vpa.data.aws_partition.current",
            "module.eks_blueprints_addons_lbc.module.vpa.helm_release.this",
            "module.eks_blueprints_addons_lbc.random_bytes.this",
            "module.eks_blueprints_addons_lbc.time_sleep.this"
          ]
        }
      ]
    },
    {
      "module": "module.eks_blueprints_addons",
      "mode": "managed",
      "type": "time_sleep",
      "name": "this",
      "provider": "provider[\"registry.terraform.io/hashicorp/time\"]",
      "instances": [
        {
          "schema_version": 0,
          "attributes": {
            "create_duration": "30s",
            "destroy_duration": null,
            "id": "2025-01-24T17:15:38Z",
            "triggers": {
              "cluster_endpoint": "https://D182618C592393E5D7FB39906CF93EED.gr7.us-east-1.eks.amazonaws.com",
              "cluster_name": "dev-DevOpsProject",
              "custom": "",
              "oidc_provider_arn": "arn:aws:iam::640168420071:oidc-provider/oidc.eks.us-east-1.amazonaws.com/id/D182618C592393E5D7FB39906CF93EED"
            }
          },
          "sensitive_attributes": [],
          "dependencies": [
            "aws_eks_pod_identity_association.aws_lbc",
            "aws_eks_pod_identity_association.ebs_csi_driver",
            "aws_iam_role.aws_lbc",
            "aws_iam_role.ebs_csi_driver",
            "aws_iam_role_policy.aws_lbc",
            "aws_iam_role_policy_attachment.ebs_csi_driver",
            "data.aws_iam_policy_document.aws_lbc",
            "data.aws_iam_policy_document.aws_lbc_assume",
            "data.aws_iam_policy_document.ebs_csi_driver",
            "module.eks_blueprints_addons_lbc.aws_autoscaling_group_tag.aws_node_termination_handler",
            "module.eks_blueprints_addons_lbc.aws_autoscaling_lifecycle_hook.aws_node_termination_handler",
            "module.eks_blueprints_addons_lbc.aws_cloudformation_stack.usage_telemetry",
            "module.eks_blueprints_addons_lbc.aws_cloudwatch_event_rule.aws_node_termination_handler",
            "module.eks_blueprints_addons_lbc.aws_cloudwatch_event_rule.karpenter",
            "module.eks_blueprints_addons_lbc.aws_cloudwatch_event_target.aws_node_termination_handler",
            "module.eks_blueprints_addons_lbc.aws_cloudwatch_event_target.karpenter",
            "module.eks_blueprints_addons_lbc.aws_cloudwatch_log_group.aws_for_fluentbit",
            "module.eks_blueprints_addons_lbc.aws_cloudwatch_log_group.fargate_fluentbit",
            "module.eks_blueprints_addons_lbc.aws_eks_addon.this",
            "module.eks_blueprints_addons_lbc.aws_iam_instance_profile.karpenter",
            "module.eks_blueprints_addons_lbc.aws_iam_policy.fargate_fluentbit",
            "module.eks_blueprints_addons_lbc.aws_iam_role.karpenter",
            "module.eks_blueprints_addons_lbc.aws_iam_role_policy_attachment.additional",
            "module.eks_blueprints_addons_lbc.aws_iam_role_policy_attachment.karpenter",
            "module.eks_blueprints_addons_lbc.data.aws_caller_identity.current",
            "module.eks_blueprints_addons_lbc.data.aws_eks_addon_version.this",
            "module.eks_blueprints_addons_lbc.data.aws_iam_policy_document.aws_efs_csi_driver",
            "module.eks_blueprints_addons_lbc.data.aws_iam_policy_document.aws_for_fluentbit",
            "module.eks_blueprints_addons_lbc.data.aws_iam_policy_document.aws_fsx_csi_driver",
            "module.eks_blueprints_addons_lbc.data.aws_iam_policy_document.aws_gateway_api_controller",
            "module.eks_blueprints_addons_lbc.data.aws_iam_policy_document.aws_load_balancer_controller",
            "module.eks_blueprints_addons_lbc.data.aws_iam_policy_document.aws_node_termination_handler",
            "module.eks_blueprints_addons_lbc.data.aws_iam_policy_document.aws_privateca_issuer",
            "module.eks_blueprints_addons_lbc.data.aws_iam_policy_document.cert_manager",
            "module.eks_blueprints_addons_lbc.data.aws_iam_policy_document.cluster_autoscaler",
            "module.eks_blueprints_addons_lbc.data.aws_iam_policy_document.external_dns",
            "module.eks_blueprints_addons_lbc.data.aws_iam_policy_document.external_secrets",
            "module.eks_blueprints_addons_lbc.data.aws_iam_policy_document.fargate_fluentbit",
            "module.eks_blueprints_addons_lbc.data.aws_iam_policy_document.karpenter",
            "module.eks_blueprints_addons_lbc.data.aws_iam_policy_document.karpenter_assume_role",
            "module.eks_blueprints_addons_lbc.data.aws_iam_policy_document.velero",
            "module.eks_blueprints_addons_lbc.data.aws_partition.current",
            "module.eks_blueprints_addons_lbc.data.aws_region.current",
            "module.eks_blueprints_addons_lbc.helm_release.this",
            "module.eks_blueprints_addons_lbc.kubernetes_config_map_v1.aws_logging",
            "module.eks_blueprints_addons_lbc.kubernetes_config_map_v1_data.aws_for_fluentbit_containerinsights",
            "module.eks_blueprints_addons_lbc.kubernetes_namespace_v1.aws_observability",
            "module.eks_blueprints_addons_lbc.module.argo_events.aws_iam_policy.this",
            "module.eks_blueprints_addons_lbc.module.argo_events.aws_iam_role.this",
            "module.eks_blueprints_addons_lbc.module.argo_events.aws_iam_role_policy_attachment.additional",
            "module.eks_blueprints_addons_lbc.module.argo_events.aws_iam_role_policy_attachment.this",
            "module.eks_blueprints_addons_lbc.module.argo_events.data.aws_caller_identity.current",
            "module.eks_blueprints_addons_lbc.module.argo_events.data.aws_iam_policy_document.assume",
            "module.eks_blueprints_addons_lbc.module.argo_events.data.aws_iam_policy_document.this",
            "module.eks_blueprints_addons_lbc.module.argo_events.data.aws_partition.current",
            "module.eks_blueprints_addons_lbc.module.argo_events.helm_release.this",
            "module.eks_blueprints_addons_lbc.module.argo_rollouts.aws_iam_policy.this",
            "module.eks_blueprints_addons_lbc.module.argo_rollouts.aws_iam_role.this",
            "module.eks_blueprints_addons_lbc.module.argo_rollouts.aws_iam_role_policy_attachment.additional",
            "module.eks_blueprints_addons_lbc.module.argo_rollouts.aws_iam_role_policy_attachment.this",
            "module.eks_blueprints_addons_lbc.module.argo_rollouts.data.aws_caller_identity.current",
            "module.eks_blueprints_addons_lbc.module.argo_rollouts.data.aws_iam_policy_document.assume",
            "module.eks_blueprints_addons_lbc.module.argo_rollouts.data.aws_iam_policy_document.this",
            "module.eks_blueprints_addons_lbc.module.argo_rollouts.data.aws_partition.current",
            "module.eks_blueprints_addons_lbc.module.argo_rollouts.helm_release.this",
            "module.eks_blueprints_addons_lbc.module.argo_workflows.aws_iam_policy.this",
            "module.eks_blueprints_addons_lbc.module.argo_workflows.aws_iam_role.this",
            "module.eks_blueprints_addons_lbc.module.argo_workflows.aws_iam_role_policy_attachment.additional",
            "module.eks_blueprints_addons_lbc.module.argo_workflows.aws_iam_role_policy_attachment.this",
            "module.eks_blueprints_addons_lbc.module.argo_workflows.data.aws_caller_identity.current",
            "module.eks_blueprints_addons_lbc.module.argo_workflows.data.aws_iam_policy_document.assume",
            "module.eks_blueprints_addons_lbc.module.argo_workflows.data.aws_iam_policy_document.this",
            "module.eks_blueprints_addons_lbc.module.argo_workflows.data.aws_partition.current",
            "module.eks_blueprints_addons_lbc.module.argo_workflows.helm_release.this",
            "module.eks_blueprints_addons_lbc.module.argocd.aws_iam_policy.this",
            "module.eks_blueprints_addons_lbc.module.argocd.aws_iam_role.this",
            "module.eks_blueprints_addons_lbc.module.argocd.aws_iam_role_policy_attachment.additional",
            "module.eks_blueprints_addons_lbc.module.argocd.aws_iam_role_policy_attachment.this",
            "module.eks_blueprints_addons_lbc.module.argocd.data.aws_caller_identity.current",
            "module.eks_blueprints_addons_lbc.module.argocd.data.aws_iam_policy_document.assume",
            "module.eks_blueprints_addons_lbc.module.argocd.data.aws_iam_policy_document.this",
            "module.eks_blueprints_addons_lbc.module.argocd.data.aws_partition.current",
            "module.eks_blueprints_addons_lbc.module.argocd.helm_release.this",
            "module.eks_blueprints_addons_lbc.module.aws_cloudwatch_metrics.aws_iam_policy.this",
            "module.eks_blueprints_addons_lbc.module.aws_cloudwatch_metrics.aws_iam_role.this",
            "module.eks_blueprints_addons_lbc.module.aws_cloudwatch_metrics.aws_iam_role_policy_attachment.additional",
            "module.eks_blueprints_addons_lbc.module.aws_cloudwatch_metrics.aws_iam_role_policy_attachment.this",
            "module.eks_blueprints_addons_lbc.module.aws_cloudwatch_metrics.data.aws_caller_identity.current",
            "module.eks_blueprints_addons_lbc.module.aws_cloudwatch_metrics.data.aws_iam_policy_document.assume",
            "module.eks_blueprints_addons_lbc.module.aws_cloudwatch_metrics.data.aws_iam_policy_document.this",
            "module.eks_blueprints_addons_lbc.module.aws_cloudwatch_metrics.data.aws_partition.current",
            "module.eks_blueprints_addons_lbc.module.aws_cloudwatch_metrics.helm_release.this",
            "module.eks_blueprints_addons_lbc.module.aws_efs_csi_driver.aws_iam_policy.this",
            "module.eks_blueprints_addons_lbc.module.aws_efs_csi_driver.aws_iam_role.this",
            "module.eks_blueprints_addons_lbc.module.aws_efs_csi_driver.aws_iam_role_policy_attachment.additional",
            "module.eks_blueprints_addons_lbc.module.aws_efs_csi_driver.aws_iam_role_policy_attachment.this",
            "module.eks_blueprints_addons_lbc.module.aws_efs_csi_driver.data.aws_caller_identity.current",
            "module.eks_blueprints_addons_lbc.module.aws_efs_csi_driver.data.aws_iam_policy_document.assume",
            "module.eks_blueprints_addons_lbc.module.aws_efs_csi_driver.data.aws_iam_policy_document.this",
            "module.eks_blueprints_addons_lbc.module.aws_efs_csi_driver.data.aws_partition.current",
            "module.eks_blueprints_addons_lbc.module.aws_efs_csi_driver.helm_release.this",
            "module.eks_blueprints_addons_lbc.module.aws_for_fluentbit.aws_iam_policy.this",
            "module.eks_blueprints_addons_lbc.module.aws_for_fluentbit.aws_iam_role.this",
            "module.eks_blueprints_addons_lbc.module.aws_for_fluentbit.aws_iam_role_policy_attachment.additional",
            "module.eks_blueprints_addons_lbc.module.aws_for_fluentbit.aws_iam_role_policy_attachment.this",
            "module.eks_blueprints_addons_lbc.module.aws_for_fluentbit.data.aws_caller_identity.current",
            "module.eks_blueprints_addons_lbc.module.aws_for_fluentbit.data.aws_iam_policy_document.assume",
            "module.eks_blueprints_addons_lbc.module.aws_for_fluentbit.data.aws_iam_policy_document.this",
            "module.eks_blueprints_addons_lbc.module.aws_for_fluentbit.data.aws_partition.current",
            "module.eks_blueprints_addons_lbc.module.aws_for_fluentbit.helm_release.this",
            "module.eks_blueprints_addons_lbc.module.aws_fsx_csi_driver.aws_iam_policy.this",
            "module.eks_blueprints_addons_lbc.module.aws_fsx_csi_driver.aws_iam_role.this",
            "module.eks_blueprints_addons_lbc.module.aws_fsx_csi_driver.aws_iam_role_policy_attachment.additional",
            "module.eks_blueprints_addons_lbc.module.aws_fsx_csi_driver.aws_iam_role_policy_attachment.this",
            "module.eks_blueprints_addons_lbc.module.aws_fsx_csi_driver.data.aws_caller_identity.current",
            "module.eks_blueprints_addons_lbc.module.aws_fsx_csi_driver.data.aws_iam_policy_document.assume",
            "module.eks_blueprints_addons_lbc.module.aws_fsx_csi_driver.data.aws_iam_policy_document.this",
            "module.eks_blueprints_addons_lbc.module.aws_fsx_csi_driver.data.aws_partition.current",
            "module.eks_blueprints_addons_lbc.module.aws_fsx_csi_driver.helm_release.this",
            "module.eks_blueprints_addons_lbc.module.aws_gateway_api_controller.aws_iam_policy.this",
            "module.eks_blueprints_addons_lbc.module.aws_gateway_api_controller.aws_iam_role.this",
            "module.eks_blueprints_addons_lbc.module.aws_gateway_api_controller.aws_iam_role_policy_attachment.additional",
            "module.eks_blueprints_addons_lbc.module.aws_gateway_api_controller.aws_iam_role_policy_attachment.this",
            "module.eks_blueprints_addons_lbc.module.aws_gateway_api_controller.data.aws_caller_identity.current",
            "module.eks_blueprints_addons_lbc.module.aws_gateway_api_controller.data.aws_iam_policy_document.assume",
            "module.eks_blueprints_addons_lbc.module.aws_gateway_api_controller.data.aws_iam_policy_document.this",
            "module.eks_blueprints_addons_lbc.module.aws_gateway_api_controller.data.aws_partition.current",
            "module.eks_blueprints_addons_lbc.module.aws_gateway_api_controller.helm_release.this",
            "module.eks_blueprints_addons_lbc.module.aws_load_balancer_controller.aws_iam_policy.this",
            "module.eks_blueprints_addons_lbc.module.aws_load_balancer_controller.aws_iam_role.this",
            "module.eks_blueprints_addons_lbc.module.aws_load_balancer_controller.aws_iam_role_policy_attachment.additional",
            "module.eks_blueprints_addons_lbc.module.aws_load_balancer_controller.aws_iam_role_policy_attachment.this",
            "module.eks_blueprints_addons_lbc.module.aws_load_balancer_controller.data.aws_caller_identity.current",
            "module.eks_blueprints_addons_lbc.module.aws_load_balancer_controller.data.aws_iam_policy_document.assume",
            "module.eks_blueprints_addons_lbc.module.aws_load_balancer_controller.data.aws_iam_policy_document.this",
            "module.eks_blueprints_addons_lbc.module.aws_load_balancer_controller.data.aws_partition.current",
            "module.eks_blueprints_addons_lbc.module.aws_load_balancer_controller.helm_release.this",
            "module.eks_blueprints_addons_lbc.module.aws_node_termination_handler.aws_iam_policy.this",
            "module.eks_blueprints_addons_lbc.module.aws_node_termination_handler.aws_iam_role.this",
            "module.eks_blueprints_addons_lbc.module.aws_node_termination_handler.aws_iam_role_policy_attachment.additional",
            "module.eks_blueprints_addons_lbc.module.aws_node_termination_handler.aws_iam_role_policy_attachment.this",
            "module.eks_blueprints_addons_lbc.module.aws_node_termination_handler.data.aws_caller_identity.current",
            "module.eks_blueprints_addons_lbc.module.aws_node_termination_handler.data.aws_iam_policy_document.assume",
            "module.eks_blueprints_addons_lbc.module.aws_node_termination_handler.data.aws_iam_policy_document.this",
            "module.eks_blueprints_addons_lbc.module.aws_node_termination_handler.data.aws_partition.current",
            "module.eks_blueprints_addons_lbc.module.aws_node_termination_handler.helm_release.this",
            "module.eks_blueprints_addons_lbc.module.aws_node_termination_handler_sqs.aws_sqs_queue.dlq",
            "module.eks_blueprints_addons_lbc.module.aws_node_termination_handler_sqs.aws_sqs_queue.this",
            "module.eks_blueprints_addons_lbc.module.aws_node_termination_handler_sqs.aws_sqs_queue_policy.dlq",
            "module.eks_blueprints_addons_lbc.module.aws_node_termination_handler_sqs.aws_sqs_queue_policy.this",
            "module.eks_blueprints_addons_lbc.module.aws_node_termination_handler_sqs.aws_sqs_queue_redrive_allow_policy.dlq",
            "module.eks_blueprints_addons_lbc.module.aws_node_termination_handler_sqs.aws_sqs_queue_redrive_allow_policy.this",
            "module.eks_blueprints_addons_lbc.module.aws_node_termination_handler_sqs.aws_sqs_queue_redrive_policy.dlq",
            "module.eks_blueprints_addons_lbc.module.aws_node_termination_handler_sqs.aws_sqs_queue_redrive_policy.this",
            "module.eks_blueprints_addons_lbc.module.aws_node_termination_handler_sqs.data.aws_iam_policy_document.dlq",
            "module.eks_blueprints_addons_lbc.module.aws_node_termination_handler_sqs.data.aws_iam_policy_document.this",
            "module.eks_blueprints_addons_lbc.module.aws_privateca_issuer.aws_iam_policy.this",
            "module.eks_blueprints_addons_lbc.module.aws_privateca_issuer.aws_iam_role.this",
            "module.eks_blueprints_addons_lbc.module.aws_privateca_issuer.aws_iam_role_policy_attachment.additional",
            "module.eks_blueprints_addons_lbc.module.aws_privateca_issuer.aws_iam_role_policy_attachment.this",
            "module.eks_blueprints_addons_lbc.module.aws_privateca_issuer.data.aws_caller_identity.current",
            "module.eks_blueprints_addons_lbc.module.aws_privateca_issuer.data.aws_iam_policy_document.assume",
            "module.eks_blueprints_addons_lbc.module.aws_privateca_issuer.data.aws_iam_policy_document.this",
            "module.eks_blueprints_addons_lbc.module.aws_privateca_issuer.data.aws_partition.current",
            "module.eks_blueprints_addons_lbc.module.aws_privateca_issuer.helm_release.this",
            "module.eks_blueprints_addons_lbc.module.bottlerocket_shadow.aws_iam_policy.this",
            "module.eks_blueprints_addons_lbc.module.bottlerocket_shadow.aws_iam_role.this",
            "module.eks_blueprints_addons_lbc.module.bottlerocket_shadow.aws_iam_role_policy_attachment.additional",
            "module.eks_blueprints_addons_lbc.module.bottlerocket_shadow.aws_iam_role_policy_attachment.this",
            "module.eks_blueprints_addons_lbc.module.bottlerocket_shadow.data.aws_caller_identity.current",
            "module.eks_blueprints_addons_lbc.module.bottlerocket_shadow.data.aws_iam_policy_document.assume",
            "module.eks_blueprints_addons_lbc.module.bottlerocket_shadow.data.aws_iam_policy_document.this",
            "module.eks_blueprints_addons_lbc.module.bottlerocket_shadow.data.aws_partition.current",
            "module.eks_blueprints_addons_lbc.module.bottlerocket_shadow.helm_release.this",
            "module.eks_blueprints_addons_lbc.module.bottlerocket_update_operator.aws_iam_policy.this",
            "module.eks_blueprints_addons_lbc.module.bottlerocket_update_operator.aws_iam_role.this",
            "module.eks_blueprints_addons_lbc.module.bottlerocket_update_operator.aws_iam_role_policy_attachment.additional",
            "module.eks_blueprints_addons_lbc.module.bottlerocket_update_operator.aws_iam_role_policy_attachment.this",
            "module.eks_blueprints_addons_lbc.module.bottlerocket_update_operator.data.aws_caller_identity.current",
            "module.eks_blueprints_addons_lbc.module.bottlerocket_update_operator.data.aws_iam_policy_document.assume",
            "module.eks_blueprints_addons_lbc.module.bottlerocket_update_operator.data.aws_iam_policy_document.this",
            "module.eks_blueprints_addons_lbc.module.bottlerocket_update_operator.data.aws_partition.current",
            "module.eks_blueprints_addons_lbc.module.bottlerocket_update_operator.helm_release.this",
            "module.eks_blueprints_addons_lbc.module.cert_manager.aws_iam_policy.this",
            "module.eks_blueprints_addons_lbc.module.cert_manager.aws_iam_role.this",
            "module.eks_blueprints_addons_lbc.module.cert_manager.aws_iam_role_policy_attachment.additional",
            "module.eks_blueprints_addons_lbc.module.cert_manager.aws_iam_role_policy_attachment.this",
            "module.eks_blueprints_addons_lbc.module.cert_manager.data.aws_caller_identity.current",
            "module.eks_blueprints_addons_lbc.module.cert_manager.data.aws_iam_policy_document.assume",
            "module.eks_blueprints_addons_lbc.module.cert_manager.data.aws_iam_policy_document.this",
            "module.eks_blueprints_addons_lbc.module.cert_manager.data.aws_partition.current",
            "module.eks_blueprints_addons_lbc.module.cert_manager.helm_release.this",
            "module.eks_blueprints_addons_lbc.module.cluster_autoscaler.aws_iam_policy.this",
            "module.eks_blueprints_addons_lbc.module.cluster_autoscaler.aws_iam_role.this",
            "module.eks_blueprints_addons_lbc.module.cluster_autoscaler.aws_iam_role_policy_attachment.additional",
            "module.eks_blueprints_addons_lbc.module.cluster_autoscaler.aws_iam_role_policy_attachment.this",
            "module.eks_blueprints_addons_lbc.module.cluster_autoscaler.data.aws_caller_identity.current",
            "module.eks_blueprints_addons_lbc.module.cluster_autoscaler.data.aws_iam_policy_document.assume",
            "module.eks_blueprints_addons_lbc.module.cluster_autoscaler.data.aws_iam_policy_document.this",
            "module.eks_blueprints_addons_lbc.module.cluster_autoscaler.data.aws_partition.current",
            "module.eks_blueprints_addons_lbc.module.cluster_autoscaler.helm_release.this",
            "module.eks_blueprints_addons_lbc.module.cluster_proportional_autoscaler.aws_iam_policy.this",
            "module.eks_blueprints_addons_lbc.module.cluster_proportional_autoscaler.aws_iam_role.this",
            "module.eks_blueprints_addons_lbc.module.cluster_proportional_autoscaler.aws_iam_role_policy_attachment.additional",
            "module.eks_blueprints_addons_lbc.module.cluster_proportional_autoscaler.aws_iam_role_policy_attachment.this",
            "module.eks_blueprints_addons_lbc.module.cluster_proportional_autoscaler.data.aws_caller_identity.current",
            "module.eks_blueprints_addons_lbc.module.cluster_proportional_autoscaler.data.aws_iam_policy_document.assume",
            "module.eks_blueprints_addons_lbc.module.cluster_proportional_autoscaler.data.aws_iam_policy_document.this",
            "module.eks_blueprints_addons_lbc.module.cluster_proportional_autoscaler.data.aws_partition.current",
            "module.eks_blueprints_addons_lbc.module.cluster_proportional_autoscaler.helm_release.this",
            "module.eks_blueprints_addons_lbc.module.external_dns.aws_iam_policy.this",
            "module.eks_blueprints_addons_lbc.module.external_dns.aws_iam_role.this",
            "module.eks_blueprints_addons_lbc.module.external_dns.aws_iam_role_policy_attachment.additional",
            "module.eks_blueprints_addons_lbc.module.external_dns.aws_iam_role_policy_attachment.this",
            "module.eks_blueprints_addons_lbc.module.external_dns.data.aws_caller_identity.current",
            "module.eks_blueprints_addons_lbc.module.external_dns.data.aws_iam_policy_document.assume",
            "module.eks_blueprints_addons_lbc.module.external_dns.data.aws_iam_policy_document.this",
            "module.eks_blueprints_addons_lbc.module.external_dns.data.aws_partition.current",
            "module.eks_blueprints_addons_lbc.module.external_dns.helm_release.this",
            "module.eks_blueprints_addons_lbc.module.external_secrets.aws_iam_policy.this",
            "module.eks_blueprints_addons_lbc.module.external_secrets.aws_iam_role.this",
            "module.eks_blueprints_addons_lbc.module.external_secrets.aws_iam_role_policy_attachment.additional",
            "module.eks_blueprints_addons_lbc.module.external_secrets.aws_iam_role_policy_attachment.this",
            "module.eks_blueprints_addons_lbc.module.external_secrets.data.aws_caller_identity.current",
            "module.eks_blueprints_addons_lbc.module.external_secrets.data.aws_iam_policy_document.assume",
            "module.eks_blueprints_addons_lbc.module.external_secrets.data.aws_iam_policy_document.this",
            "module.eks_blueprints_addons_lbc.module.external_secrets.data.aws_partition.current",
            "module.eks_blueprints_addons_lbc.module.external_secrets.helm_release.this",
            "module.eks_blueprints_addons_lbc.module.gatekeeper.aws_iam_policy.this",
            "module.eks_blueprints_addons_lbc.module.gatekeeper.aws_iam_role.this",
            "module.eks_blueprints_addons_lbc.module.gatekeeper.aws_iam_role_policy_attachment.additional",
            "module.eks_blueprints_addons_lbc.module.gatekeeper.aws_iam_role_policy_attachment.this",
            "module.eks_blueprints_addons_lbc.module.gatekeeper.data.aws_caller_identity.current",
            "module.eks_blueprints_addons_lbc.module.gatekeeper.data.aws_iam_policy_document.assume",
            "module.eks_blueprints_addons_lbc.module.gatekeeper.data.aws_iam_policy_document.this",
            "module.eks_blueprints_addons_lbc.module.gatekeeper.data.aws_partition.current",
            "module.eks_blueprints_addons_lbc.module.gatekeeper.helm_release.this",
            "module.eks_blueprints_addons_lbc.module.ingress_nginx.aws_iam_policy.this",
            "module.eks_blueprints_addons_lbc.module.ingress_nginx.aws_iam_role.this",
            "module.eks_blueprints_addons_lbc.module.ingress_nginx.aws_iam_role_policy_attachment.additional",
            "module.eks_blueprints_addons_lbc.module.ingress_nginx.aws_iam_role_policy_attachment.this",
            "module.eks_blueprints_addons_lbc.module.ingress_nginx.data.aws_caller_identity.current",
            "module.eks_blueprints_addons_lbc.module.ingress_nginx.data.aws_iam_policy_document.assume",
            "module.eks_blueprints_addons_lbc.module.ingress_nginx.data.aws_iam_policy_document.this",
            "module.eks_blueprints_addons_lbc.module.ingress_nginx.data.aws_partition.current",
            "module.eks_blueprints_addons_lbc.module.ingress_nginx.helm_release.this",
            "module.eks_blueprints_addons_lbc.module.karpenter.aws_iam_policy.this",
            "module.eks_blueprints_addons_lbc.module.karpenter.aws_iam_role.this",
            "module.eks_blueprints_addons_lbc.module.karpenter.aws_iam_role_policy_attachment.additional",
            "module.eks_blueprints_addons_lbc.module.karpenter.aws_iam_role_policy_attachment.this",
            "module.eks_blueprints_addons_lbc.module.karpenter.data.aws_caller_identity.current",
            "module.eks_blueprints_addons_lbc.module.karpenter.data.aws_iam_policy_document.assume",
            "module.eks_blueprints_addons_lbc.module.karpenter.data.aws_iam_policy_document.this",
            "module.eks_blueprints_addons_lbc.module.karpenter.data.aws_partition.current",
            "module.eks_blueprints_addons_lbc.module.karpenter.helm_release.this",
            "module.eks_blueprints_addons_lbc.module.karpenter_sqs.aws_sqs_queue.dlq",
            "module.eks_blueprints_addons_lbc.module.karpenter_sqs.aws_sqs_queue.this",
            "module.eks_blueprints_addons_lbc.module.karpenter_sqs.aws_sqs_queue_policy.dlq",
            "module.eks_blueprints_addons_lbc.module.karpenter_sqs.aws_sqs_queue_policy.this",
            "module.eks_blueprints_addons_lbc.module.karpenter_sqs.aws_sqs_queue_redrive_allow_policy.dlq",
            "module.eks_blueprints_addons_lbc.module.karpenter_sqs.aws_sqs_queue_redrive_allow_policy.this",
            "module.eks_blueprints_addons_lbc.module.karpenter_sqs.aws_sqs_queue_redrive_policy.dlq",
            "module.eks_blueprints_addons_lbc.module.karpenter_sqs.aws_sqs_queue_redrive_policy.this",
            "module.eks_blueprints_addons_lbc.module.karpenter_sqs.data.aws_iam_policy_document.dlq",
            "module.eks_blueprints_addons_lbc.module.karpenter_sqs.data.aws_iam_policy_document.this",
            "module.eks_blueprints_addons_lbc.module.kube_prometheus_stack.aws_iam_policy.this",
            "module.eks_blueprints_addons_lbc.module.kube_prometheus_stack.aws_iam_role.this",
            "module.eks_blueprints_addons_lbc.module.kube_prometheus_stack.aws_iam_role_policy_attachment.additional",
            "module.eks_blueprints_addons_lbc.module.kube_prometheus_stack.aws_iam_role_policy_attachment.this",
            "module.eks_blueprints_addons_lbc.module.kube_prometheus_stack.data.aws_caller_identity.current",
            "module.eks_blueprints_addons_lbc.module.kube_prometheus_stack.data.aws_iam_policy_document.assume",
            "module.eks_blueprints_addons_lbc.module.kube_prometheus_stack.data.aws_iam_policy_document.this",
            "module.eks_blueprints_addons_lbc.module.kube_prometheus_stack.data.aws_partition.current",
            "module.eks_blueprints_addons_lbc.module.kube_prometheus_stack.helm_release.this",
            "module.eks_blueprints_addons_lbc.module.metrics_server.aws_iam_policy.this",
            "module.eks_blueprints_addons_lbc.module.metrics_server.aws_iam_role.this",
            "module.eks_blueprints_addons_lbc.module.metrics_server.aws_iam_role_policy_attachment.additional",
            "module.eks_blueprints_addons_lbc.module.metrics_server.aws_iam_role_policy_attachment.this",
            "module.eks_blueprints_addons_lbc.module.metrics_server.data.aws_caller_identity.current",
            "module.eks_blueprints_addons_lbc.module.metrics_server.data.aws_iam_policy_document.assume",
            "module.eks_blueprints_addons_lbc.module.metrics_server.data.aws_iam_policy_document.this",
            "module.eks_blueprints_addons_lbc.module.metrics_server.data.aws_partition.current",
            "module.eks_blueprints_addons_lbc.module.metrics_server.helm_release.this",
            "module.eks_blueprints_addons_lbc.module.secrets_store_csi_driver.aws_iam_policy.this",
            "module.eks_blueprints_addons_lbc.module.secrets_store_csi_driver.aws_iam_role.this",
            "module.eks_blueprints_addons_lbc.module.secrets_store_csi_driver.aws_iam_role_policy_attachment.additional",
            "module.eks_blueprints_addons_lbc.module.secrets_store_csi_driver.aws_iam_role_policy_attachment.this",
            "module.eks_blueprints_addons_lbc.module.secrets_store_csi_driver.data.aws_caller_identity.current",
            "module.eks_blueprints_addons_lbc.module.secrets_store_csi_driver.data.aws_iam_policy_document.assume",
            "module.eks_blueprints_addons_lbc.module.secrets_store_csi_driver.data.aws_iam_policy_document.this",
            "module.eks_blueprints_addons_lbc.module.secrets_store_csi_driver.data.aws_partition.current",
            "module.eks_blueprints_addons_lbc.module.secrets_store_csi_driver.helm_release.this",
            "module.eks_blueprints_addons_lbc.module.secrets_store_csi_driver_provider_aws.aws_iam_policy.this",
            "module.eks_blueprints_addons_lbc.module.secrets_store_csi_driver_provider_aws.aws_iam_role.this",
            "module.eks_blueprints_addons_lbc.module.secrets_store_csi_driver_provider_aws.aws_iam_role_policy_attachment.additional",
            "module.eks_blueprints_addons_lbc.module.secrets_store_csi_driver_provider_aws.aws_iam_role_policy_attachment.this",
            "module.eks_blueprints_addons_lbc.module.secrets_store_csi_driver_provider_aws.data.aws_caller_identity.current",
            "module.eks_blueprints_addons_lbc.module.secrets_store_csi_driver_provider_aws.data.aws_iam_policy_document.assume",
            "module.eks_blueprints_addons_lbc.module.secrets_store_csi_driver_provider_aws.data.aws_iam_policy_document.this",
            "module.eks_blueprints_addons_lbc.module.secrets_store_csi_driver_provider_aws.data.aws_partition.current",
            "module.eks_blueprints_addons_lbc.module.secrets_store_csi_driver_provider_aws.helm_release.this",
            "module.eks_blueprints_addons_lbc.module.velero.aws_iam_policy.this",
            "module.eks_blueprints_addons_lbc.module.velero.aws_iam_role.this",
            "module.eks_blueprints_addons_lbc.module.velero.aws_iam_role_policy_attachment.additional",
            "module.eks_blueprints_addons_lbc.module.velero.aws_iam_role_policy_attachment.this",
            "module.eks_blueprints_addons_lbc.module.velero.data.aws_caller_identity.current",
            "module.eks_blueprints_addons_lbc.module.velero.data.aws_iam_policy_document.assume",
            "module.eks_blueprints_addons_lbc.module.velero.data.aws_iam_policy_document.this",
            "module.eks_blueprints_addons_lbc.module.velero.data.aws_partition.current",
            "module.eks_blueprints_addons_lbc.module.velero.helm_release.this",
            "module.eks_blueprints_addons_lbc.module.vpa.aws_iam_policy.this",
            "module.eks_blueprints_addons_lbc.module.vpa.aws_iam_role.this",
            "module.eks_blueprints_addons_lbc.module.vpa.aws_iam_role_policy_attachment.additional",
            "module.eks_blueprints_addons_lbc.module.vpa.aws_iam_role_policy_attachment.this",
            "module.eks_blueprints_addons_lbc.module.vpa.data.aws_caller_identity.current",
            "module.eks_blueprints_addons_lbc.module.vpa.data.aws_iam_policy_document.assume",
            "module.eks_blueprints_addons_lbc.module.vpa.data.aws_iam_policy_document.this",
            "module.eks_blueprints_addons_lbc.module.vpa.data.aws_partition.current",
            "module.eks_blueprints_addons_lbc.module.vpa.helm_release.this",
            "module.eks_blueprints_addons_lbc.random_bytes.this",
            "module.eks_blueprints_addons_lbc.time_sleep.this"
          ]
        }
      ]
    },
    {
      "module": "module.eks_blueprints_addons.module.argocd",
      "mode": "managed",
      "type": "helm_release",
      "name": "this",
      "provider": "provider[\"registry.terraform.io/hashicorp/helm\"]",
      "instances": [
        {
          "index_key": 0,
          "schema_version": 1,
          "attributes": {
            "atomic": false,
            "chart": "argo-cd",
            "cleanup_on_fail": false,
            "create_namespace": true,
            "dependency_update": false,
            "description": "A Helm chart to install the ArgoCD",
            "devel": null,
            "disable_crd_hooks": false,
            "disable_openapi_validation": false,
            "disable_webhooks": false,
            "force_update": false,
            "id": "argocd",
            "keyring": null,
            "lint": false,
            "manifest": null,
            "max_history": 0,
            "metadata": [
              {
                "app_version": "v2.11.7",
                "chart": "argo-cd",
                "first_deployed": 1737738915,
                "last_deployed": 1737738915,
                "name": "argocd",
                "namespace": "argocd",
                "notes": "In order to access the server UI you have the following options:\n\n1. kubectl port-forward service/argocd-server -n argocd 8080:443\n\n    and then open the browser on http://localhost:8080 and accept the certificate\n\n2. enable ingress in the values file `server.ingress.enabled` and either\n      - Add the annotation for ssl passthrough: https://argo-cd.readthedocs.io/en/stable/operator-manual/ingress/#option-1-ssl-passthrough\n      - Set the `configs.params.\"server.insecure\"` in the values file and terminate SSL at your ingress: https://argo-cd.readthedocs.io/en/stable/operator-manual/ingress/#option-2-multiple-ingress-objects-and-hosts\n\n\nAfter reaching the UI the first time you can login with username: admin and the random password generated during the installation. You can find the password by running:\n\nkubectl -n argocd get secret argocd-initial-admin-secret -o jsonpath=\"{.data.password}\" | base64 -d\n\n(You should delete the initial secret afterwards as suggested by the Getting Started Guide: https://argo-cd.readthedocs.io/en/stable/getting_started/#4-login-using-the-cli)\n",
                "revision": 1,
                "values": "{\"configs\":{\"params\":{\"server.insecure\":true}}}",
                "version": "7.3.11"
              }
            ],
            "name": "argocd",
            "namespace": "argocd",
            "pass_credentials": false,
            "postrender": [],
            "recreate_pods": false,
            "render_subchart_notes": true,
            "replace": false,
            "repository": "https://argoproj.github.io/argo-helm",
            "repository_ca_file": null,
            "repository_cert_file": null,
            "repository_key_file": null,
            "repository_password": null,
            "repository_username": null,
            "reset_values": false,
            "reuse_values": false,
            "set": [],
            "set_list": [],
            "set_sensitive": [],
            "skip_crds": false,
            "status": "deployed",
            "timeout": 300,
            "upgrade_install": null,
            "values": [
              "configs:\n    params:\n        server.insecure: true\n"
            ],
            "verify": false,
            "version": "7.3.11",
            "wait": false,
            "wait_for_jobs": false
          },
          "sensitive_attributes": [
            [
              {
                "type": "get_attr",
                "value": "repository_password"
              }
            ]
          ],
          "private": "eyJzY2hlbWFfdmVyc2lvbiI6IjEifQ==",
          "dependencies": [
            "aws_eks_pod_identity_association.aws_lbc",
            "aws_eks_pod_identity_association.ebs_csi_driver",
            "aws_iam_role.aws_lbc",
            "aws_iam_role.ebs_csi_driver",
            "aws_iam_role_policy.aws_lbc",
            "aws_iam_role_policy_attachment.ebs_csi_driver",
            "data.aws_iam_policy_document.aws_lbc",
            "data.aws_iam_policy_document.aws_lbc_assume",
            "data.aws_iam_policy_document.ebs_csi_driver",
            "module.eks_blueprints_addons.module.argocd.aws_iam_role.this",
            "module.eks_blueprints_addons.module.argocd.data.aws_caller_identity.current",
            "module.eks_blueprints_addons.module.argocd.data.aws_iam_policy_document.assume",
            "module.eks_blueprints_addons.module.argocd.data.aws_partition.current",
            "module.eks_blueprints_addons_lbc.aws_autoscaling_group_tag.aws_node_termination_handler",
            "module.eks_blueprints_addons_lbc.aws_autoscaling_lifecycle_hook.aws_node_termination_handler",
            "module.eks_blueprints_addons_lbc.aws_cloudformation_stack.usage_telemetry",
            "module.eks_blueprints_addons_lbc.aws_cloudwatch_event_rule.aws_node_termination_handler",
            "module.eks_blueprints_addons_lbc.aws_cloudwatch_event_rule.karpenter",
            "module.eks_blueprints_addons_lbc.aws_cloudwatch_event_target.aws_node_termination_handler",
            "module.eks_blueprints_addons_lbc.aws_cloudwatch_event_target.karpenter",
            "module.eks_blueprints_addons_lbc.aws_cloudwatch_log_group.aws_for_fluentbit",
            "module.eks_blueprints_addons_lbc.aws_cloudwatch_log_group.fargate_fluentbit",
            "module.eks_blueprints_addons_lbc.aws_eks_addon.this",
            "module.eks_blueprints_addons_lbc.aws_iam_instance_profile.karpenter",
            "module.eks_blueprints_addons_lbc.aws_iam_policy.fargate_fluentbit",
            "module.eks_blueprints_addons_lbc.aws_iam_role.karpenter",
            "module.eks_blueprints_addons_lbc.aws_iam_role_policy_attachment.additional",
            "module.eks_blueprints_addons_lbc.aws_iam_role_policy_attachment.karpenter",
            "module.eks_blueprints_addons_lbc.data.aws_caller_identity.current",
            "module.eks_blueprints_addons_lbc.data.aws_eks_addon_version.this",
            "module.eks_blueprints_addons_lbc.data.aws_iam_policy_document.aws_efs_csi_driver",
            "module.eks_blueprints_addons_lbc.data.aws_iam_policy_document.aws_for_fluentbit",
            "module.eks_blueprints_addons_lbc.data.aws_iam_policy_document.aws_fsx_csi_driver",
            "module.eks_blueprints_addons_lbc.data.aws_iam_policy_document.aws_gateway_api_controller",
            "module.eks_blueprints_addons_lbc.data.aws_iam_policy_document.aws_load_balancer_controller",
            "module.eks_blueprints_addons_lbc.data.aws_iam_policy_document.aws_node_termination_handler",
            "module.eks_blueprints_addons_lbc.data.aws_iam_policy_document.aws_privateca_issuer",
            "module.eks_blueprints_addons_lbc.data.aws_iam_policy_document.cert_manager",
            "module.eks_blueprints_addons_lbc.data.aws_iam_policy_document.cluster_autoscaler",
            "module.eks_blueprints_addons_lbc.data.aws_iam_policy_document.external_dns",
            "module.eks_blueprints_addons_lbc.data.aws_iam_policy_document.external_secrets",
            "module.eks_blueprints_addons_lbc.data.aws_iam_policy_document.fargate_fluentbit",
            "module.eks_blueprints_addons_lbc.data.aws_iam_policy_document.karpenter",
            "module.eks_blueprints_addons_lbc.data.aws_iam_policy_document.karpenter_assume_role",
            "module.eks_blueprints_addons_lbc.data.aws_iam_policy_document.velero",
            "module.eks_blueprints_addons_lbc.data.aws_partition.current",
            "module.eks_blueprints_addons_lbc.data.aws_region.current",
            "module.eks_blueprints_addons_lbc.helm_release.this",
            "module.eks_blueprints_addons_lbc.kubernetes_config_map_v1.aws_logging",
            "module.eks_blueprints_addons_lbc.kubernetes_config_map_v1_data.aws_for_fluentbit_containerinsights",
            "module.eks_blueprints_addons_lbc.kubernetes_namespace_v1.aws_observability",
            "module.eks_blueprints_addons_lbc.module.argo_events.aws_iam_policy.this",
            "module.eks_blueprints_addons_lbc.module.argo_events.aws_iam_role.this",
            "module.eks_blueprints_addons_lbc.module.argo_events.aws_iam_role_policy_attachment.additional",
            "module.eks_blueprints_addons_lbc.module.argo_events.aws_iam_role_policy_attachment.this",
            "module.eks_blueprints_addons_lbc.module.argo_events.data.aws_caller_identity.current",
            "module.eks_blueprints_addons_lbc.module.argo_events.data.aws_iam_policy_document.assume",
            "module.eks_blueprints_addons_lbc.module.argo_events.data.aws_iam_policy_document.this",
            "module.eks_blueprints_addons_lbc.module.argo_events.data.aws_partition.current",
            "module.eks_blueprints_addons_lbc.module.argo_events.helm_release.this",
            "module.eks_blueprints_addons_lbc.module.argo_rollouts.aws_iam_policy.this",
            "module.eks_blueprints_addons_lbc.module.argo_rollouts.aws_iam_role.this",
            "module.eks_blueprints_addons_lbc.module.argo_rollouts.aws_iam_role_policy_attachment.additional",
            "module.eks_blueprints_addons_lbc.module.argo_rollouts.aws_iam_role_policy_attachment.this",
            "module.eks_blueprints_addons_lbc.module.argo_rollouts.data.aws_caller_identity.current",
            "module.eks_blueprints_addons_lbc.module.argo_rollouts.data.aws_iam_policy_document.assume",
            "module.eks_blueprints_addons_lbc.module.argo_rollouts.data.aws_iam_policy_document.this",
            "module.eks_blueprints_addons_lbc.module.argo_rollouts.data.aws_partition.current",
            "module.eks_blueprints_addons_lbc.module.argo_rollouts.helm_release.this",
            "module.eks_blueprints_addons_lbc.module.argo_workflows.aws_iam_policy.this",
            "module.eks_blueprints_addons_lbc.module.argo_workflows.aws_iam_role.this",
            "module.eks_blueprints_addons_lbc.module.argo_workflows.aws_iam_role_policy_attachment.additional",
            "module.eks_blueprints_addons_lbc.module.argo_workflows.aws_iam_role_policy_attachment.this",
            "module.eks_blueprints_addons_lbc.module.argo_workflows.data.aws_caller_identity.current",
            "module.eks_blueprints_addons_lbc.module.argo_workflows.data.aws_iam_policy_document.assume",
            "module.eks_blueprints_addons_lbc.module.argo_workflows.data.aws_iam_policy_document.this",
            "module.eks_blueprints_addons_lbc.module.argo_workflows.data.aws_partition.current",
            "module.eks_blueprints_addons_lbc.module.argo_workflows.helm_release.this",
            "module.eks_blueprints_addons_lbc.module.argocd.aws_iam_policy.this",
            "module.eks_blueprints_addons_lbc.module.argocd.aws_iam_role.this",
            "module.eks_blueprints_addons_lbc.module.argocd.aws_iam_role_policy_attachment.additional",
            "module.eks_blueprints_addons_lbc.module.argocd.aws_iam_role_policy_attachment.this",
            "module.eks_blueprints_addons_lbc.module.argocd.data.aws_caller_identity.current",
            "module.eks_blueprints_addons_lbc.module.argocd.data.aws_iam_policy_document.assume",
            "module.eks_blueprints_addons_lbc.module.argocd.data.aws_iam_policy_document.this",
            "module.eks_blueprints_addons_lbc.module.argocd.data.aws_partition.current",
            "module.eks_blueprints_addons_lbc.module.argocd.helm_release.this",
            "module.eks_blueprints_addons_lbc.module.aws_cloudwatch_metrics.aws_iam_policy.this",
            "module.eks_blueprints_addons_lbc.module.aws_cloudwatch_metrics.aws_iam_role.this",
            "module.eks_blueprints_addons_lbc.module.aws_cloudwatch_metrics.aws_iam_role_policy_attachment.additional",
            "module.eks_blueprints_addons_lbc.module.aws_cloudwatch_metrics.aws_iam_role_policy_attachment.this",
            "module.eks_blueprints_addons_lbc.module.aws_cloudwatch_metrics.data.aws_caller_identity.current",
            "module.eks_blueprints_addons_lbc.module.aws_cloudwatch_metrics.data.aws_iam_policy_document.assume",
            "module.eks_blueprints_addons_lbc.module.aws_cloudwatch_metrics.data.aws_iam_policy_document.this",
            "module.eks_blueprints_addons_lbc.module.aws_cloudwatch_metrics.data.aws_partition.current",
            "module.eks_blueprints_addons_lbc.module.aws_cloudwatch_metrics.helm_release.this",
            "module.eks_blueprints_addons_lbc.module.aws_efs_csi_driver.aws_iam_policy.this",
            "module.eks_blueprints_addons_lbc.module.aws_efs_csi_driver.aws_iam_role.this",
            "module.eks_blueprints_addons_lbc.module.aws_efs_csi_driver.aws_iam_role_policy_attachment.additional",
            "module.eks_blueprints_addons_lbc.module.aws_efs_csi_driver.aws_iam_role_policy_attachment.this",
            "module.eks_blueprints_addons_lbc.module.aws_efs_csi_driver.data.aws_caller_identity.current",
            "module.eks_blueprints_addons_lbc.module.aws_efs_csi_driver.data.aws_iam_policy_document.assume",
            "module.eks_blueprints_addons_lbc.module.aws_efs_csi_driver.data.aws_iam_policy_document.this",
            "module.eks_blueprints_addons_lbc.module.aws_efs_csi_driver.data.aws_partition.current",
            "module.eks_blueprints_addons_lbc.module.aws_efs_csi_driver.helm_release.this",
            "module.eks_blueprints_addons_lbc.module.aws_for_fluentbit.aws_iam_policy.this",
            "module.eks_blueprints_addons_lbc.module.aws_for_fluentbit.aws_iam_role.this",
            "module.eks_blueprints_addons_lbc.module.aws_for_fluentbit.aws_iam_role_policy_attachment.additional",
            "module.eks_blueprints_addons_lbc.module.aws_for_fluentbit.aws_iam_role_policy_attachment.this",
            "module.eks_blueprints_addons_lbc.module.aws_for_fluentbit.data.aws_caller_identity.current",
            "module.eks_blueprints_addons_lbc.module.aws_for_fluentbit.data.aws_iam_policy_document.assume",
            "module.eks_blueprints_addons_lbc.module.aws_for_fluentbit.data.aws_iam_policy_document.this",
            "module.eks_blueprints_addons_lbc.module.aws_for_fluentbit.data.aws_partition.current",
            "module.eks_blueprints_addons_lbc.module.aws_for_fluentbit.helm_release.this",
            "module.eks_blueprints_addons_lbc.module.aws_fsx_csi_driver.aws_iam_policy.this",
            "module.eks_blueprints_addons_lbc.module.aws_fsx_csi_driver.aws_iam_role.this",
            "module.eks_blueprints_addons_lbc.module.aws_fsx_csi_driver.aws_iam_role_policy_attachment.additional",
            "module.eks_blueprints_addons_lbc.module.aws_fsx_csi_driver.aws_iam_role_policy_attachment.this",
            "module.eks_blueprints_addons_lbc.module.aws_fsx_csi_driver.data.aws_caller_identity.current",
            "module.eks_blueprints_addons_lbc.module.aws_fsx_csi_driver.data.aws_iam_policy_document.assume",
            "module.eks_blueprints_addons_lbc.module.aws_fsx_csi_driver.data.aws_iam_policy_document.this",
            "module.eks_blueprints_addons_lbc.module.aws_fsx_csi_driver.data.aws_partition.current",
            "module.eks_blueprints_addons_lbc.module.aws_fsx_csi_driver.helm_release.this",
            "module.eks_blueprints_addons_lbc.module.aws_gateway_api_controller.aws_iam_policy.this",
            "module.eks_blueprints_addons_lbc.module.aws_gateway_api_controller.aws_iam_role.this",
            "module.eks_blueprints_addons_lbc.module.aws_gateway_api_controller.aws_iam_role_policy_attachment.additional",
            "module.eks_blueprints_addons_lbc.module.aws_gateway_api_controller.aws_iam_role_policy_attachment.this",
            "module.eks_blueprints_addons_lbc.module.aws_gateway_api_controller.data.aws_caller_identity.current",
            "module.eks_blueprints_addons_lbc.module.aws_gateway_api_controller.data.aws_iam_policy_document.assume",
            "module.eks_blueprints_addons_lbc.module.aws_gateway_api_controller.data.aws_iam_policy_document.this",
            "module.eks_blueprints_addons_lbc.module.aws_gateway_api_controller.data.aws_partition.current",
            "module.eks_blueprints_addons_lbc.module.aws_gateway_api_controller.helm_release.this",
            "module.eks_blueprints_addons_lbc.module.aws_load_balancer_controller.aws_iam_policy.this",
            "module.eks_blueprints_addons_lbc.module.aws_load_balancer_controller.aws_iam_role.this",
            "module.eks_blueprints_addons_lbc.module.aws_load_balancer_controller.aws_iam_role_policy_attachment.additional",
            "module.eks_blueprints_addons_lbc.module.aws_load_balancer_controller.aws_iam_role_policy_attachment.this",
            "module.eks_blueprints_addons_lbc.module.aws_load_balancer_controller.data.aws_caller_identity.current",
            "module.eks_blueprints_addons_lbc.module.aws_load_balancer_controller.data.aws_iam_policy_document.assume",
            "module.eks_blueprints_addons_lbc.module.aws_load_balancer_controller.data.aws_iam_policy_document.this",
            "module.eks_blueprints_addons_lbc.module.aws_load_balancer_controller.data.aws_partition.current",
            "module.eks_blueprints_addons_lbc.module.aws_load_balancer_controller.helm_release.this",
            "module.eks_blueprints_addons_lbc.module.aws_node_termination_handler.aws_iam_policy.this",
            "module.eks_blueprints_addons_lbc.module.aws_node_termination_handler.aws_iam_role.this",
            "module.eks_blueprints_addons_lbc.module.aws_node_termination_handler.aws_iam_role_policy_attachment.additional",
            "module.eks_blueprints_addons_lbc.module.aws_node_termination_handler.aws_iam_role_policy_attachment.this",
            "module.eks_blueprints_addons_lbc.module.aws_node_termination_handler.data.aws_caller_identity.current",
            "module.eks_blueprints_addons_lbc.module.aws_node_termination_handler.data.aws_iam_policy_document.assume",
            "module.eks_blueprints_addons_lbc.module.aws_node_termination_handler.data.aws_iam_policy_document.this",
            "module.eks_blueprints_addons_lbc.module.aws_node_termination_handler.data.aws_partition.current",
            "module.eks_blueprints_addons_lbc.module.aws_node_termination_handler.helm_release.this",
            "module.eks_blueprints_addons_lbc.module.aws_node_termination_handler_sqs.aws_sqs_queue.dlq",
            "module.eks_blueprints_addons_lbc.module.aws_node_termination_handler_sqs.aws_sqs_queue.this",
            "module.eks_blueprints_addons_lbc.module.aws_node_termination_handler_sqs.aws_sqs_queue_policy.dlq",
            "module.eks_blueprints_addons_lbc.module.aws_node_termination_handler_sqs.aws_sqs_queue_policy.this",
            "module.eks_blueprints_addons_lbc.module.aws_node_termination_handler_sqs.aws_sqs_queue_redrive_allow_policy.dlq",
            "module.eks_blueprints_addons_lbc.module.aws_node_termination_handler_sqs.aws_sqs_queue_redrive_allow_policy.this",
            "module.eks_blueprints_addons_lbc.module.aws_node_termination_handler_sqs.aws_sqs_queue_redrive_policy.dlq",
            "module.eks_blueprints_addons_lbc.module.aws_node_termination_handler_sqs.aws_sqs_queue_redrive_policy.this",
            "module.eks_blueprints_addons_lbc.module.aws_node_termination_handler_sqs.data.aws_iam_policy_document.dlq",
            "module.eks_blueprints_addons_lbc.module.aws_node_termination_handler_sqs.data.aws_iam_policy_document.this",
            "module.eks_blueprints_addons_lbc.module.aws_privateca_issuer.aws_iam_policy.this",
            "module.eks_blueprints_addons_lbc.module.aws_privateca_issuer.aws_iam_role.this",
            "module.eks_blueprints_addons_lbc.module.aws_privateca_issuer.aws_iam_role_policy_attachment.additional",
            "module.eks_blueprints_addons_lbc.module.aws_privateca_issuer.aws_iam_role_policy_attachment.this",
            "module.eks_blueprints_addons_lbc.module.aws_privateca_issuer.data.aws_caller_identity.current",
            "module.eks_blueprints_addons_lbc.module.aws_privateca_issuer.data.aws_iam_policy_document.assume",
            "module.eks_blueprints_addons_lbc.module.aws_privateca_issuer.data.aws_iam_policy_document.this",
            "module.eks_blueprints_addons_lbc.module.aws_privateca_issuer.data.aws_partition.current",
            "module.eks_blueprints_addons_lbc.module.aws_privateca_issuer.helm_release.this",
            "module.eks_blueprints_addons_lbc.module.bottlerocket_shadow.aws_iam_policy.this",
            "module.eks_blueprints_addons_lbc.module.bottlerocket_shadow.aws_iam_role.this",
            "module.eks_blueprints_addons_lbc.module.bottlerocket_shadow.aws_iam_role_policy_attachment.additional",
            "module.eks_blueprints_addons_lbc.module.bottlerocket_shadow.aws_iam_role_policy_attachment.this",
            "module.eks_blueprints_addons_lbc.module.bottlerocket_shadow.data.aws_caller_identity.current",
            "module.eks_blueprints_addons_lbc.module.bottlerocket_shadow.data.aws_iam_policy_document.assume",
            "module.eks_blueprints_addons_lbc.module.bottlerocket_shadow.data.aws_iam_policy_document.this",
            "module.eks_blueprints_addons_lbc.module.bottlerocket_shadow.data.aws_partition.current",
            "module.eks_blueprints_addons_lbc.module.bottlerocket_shadow.helm_release.this",
            "module.eks_blueprints_addons_lbc.module.bottlerocket_update_operator.aws_iam_policy.this",
            "module.eks_blueprints_addons_lbc.module.bottlerocket_update_operator.aws_iam_role.this",
            "module.eks_blueprints_addons_lbc.module.bottlerocket_update_operator.aws_iam_role_policy_attachment.additional",
            "module.eks_blueprints_addons_lbc.module.bottlerocket_update_operator.aws_iam_role_policy_attachment.this",
            "module.eks_blueprints_addons_lbc.module.bottlerocket_update_operator.data.aws_caller_identity.current",
            "module.eks_blueprints_addons_lbc.module.bottlerocket_update_operator.data.aws_iam_policy_document.assume",
            "module.eks_blueprints_addons_lbc.module.bottlerocket_update_operator.data.aws_iam_policy_document.this",
            "module.eks_blueprints_addons_lbc.module.bottlerocket_update_operator.data.aws_partition.current",
            "module.eks_blueprints_addons_lbc.module.bottlerocket_update_operator.helm_release.this",
            "module.eks_blueprints_addons_lbc.module.cert_manager.aws_iam_policy.this",
            "module.eks_blueprints_addons_lbc.module.cert_manager.aws_iam_role.this",
            "module.eks_blueprints_addons_lbc.module.cert_manager.aws_iam_role_policy_attachment.additional",
            "module.eks_blueprints_addons_lbc.module.cert_manager.aws_iam_role_policy_attachment.this",
            "module.eks_blueprints_addons_lbc.module.cert_manager.data.aws_caller_identity.current",
            "module.eks_blueprints_addons_lbc.module.cert_manager.data.aws_iam_policy_document.assume",
            "module.eks_blueprints_addons_lbc.module.cert_manager.data.aws_iam_policy_document.this",
            "module.eks_blueprints_addons_lbc.module.cert_manager.data.aws_partition.current",
            "module.eks_blueprints_addons_lbc.module.cert_manager.helm_release.this",
            "module.eks_blueprints_addons_lbc.module.cluster_autoscaler.aws_iam_policy.this",
            "module.eks_blueprints_addons_lbc.module.cluster_autoscaler.aws_iam_role.this",
            "module.eks_blueprints_addons_lbc.module.cluster_autoscaler.aws_iam_role_policy_attachment.additional",
            "module.eks_blueprints_addons_lbc.module.cluster_autoscaler.aws_iam_role_policy_attachment.this",
            "module.eks_blueprints_addons_lbc.module.cluster_autoscaler.data.aws_caller_identity.current",
            "module.eks_blueprints_addons_lbc.module.cluster_autoscaler.data.aws_iam_policy_document.assume",
            "module.eks_blueprints_addons_lbc.module.cluster_autoscaler.data.aws_iam_policy_document.this",
            "module.eks_blueprints_addons_lbc.module.cluster_autoscaler.data.aws_partition.current",
            "module.eks_blueprints_addons_lbc.module.cluster_autoscaler.helm_release.this",
            "module.eks_blueprints_addons_lbc.module.cluster_proportional_autoscaler.aws_iam_policy.this",
            "module.eks_blueprints_addons_lbc.module.cluster_proportional_autoscaler.aws_iam_role.this",
            "module.eks_blueprints_addons_lbc.module.cluster_proportional_autoscaler.aws_iam_role_policy_attachment.additional",
            "module.eks_blueprints_addons_lbc.module.cluster_proportional_autoscaler.aws_iam_role_policy_attachment.this",
            "module.eks_blueprints_addons_lbc.module.cluster_proportional_autoscaler.data.aws_caller_identity.current",
            "module.eks_blueprints_addons_lbc.module.cluster_proportional_autoscaler.data.aws_iam_policy_document.assume",
            "module.eks_blueprints_addons_lbc.module.cluster_proportional_autoscaler.data.aws_iam_policy_document.this",
            "module.eks_blueprints_addons_lbc.module.cluster_proportional_autoscaler.data.aws_partition.current",
            "module.eks_blueprints_addons_lbc.module.cluster_proportional_autoscaler.helm_release.this",
            "module.eks_blueprints_addons_lbc.module.external_dns.aws_iam_policy.this",
            "module.eks_blueprints_addons_lbc.module.external_dns.aws_iam_role.this",
            "module.eks_blueprints_addons_lbc.module.external_dns.aws_iam_role_policy_attachment.additional",
            "module.eks_blueprints_addons_lbc.module.external_dns.aws_iam_role_policy_attachment.this",
            "module.eks_blueprints_addons_lbc.module.external_dns.data.aws_caller_identity.current",
            "module.eks_blueprints_addons_lbc.module.external_dns.data.aws_iam_policy_document.assume",
            "module.eks_blueprints_addons_lbc.module.external_dns.data.aws_iam_policy_document.this",
            "module.eks_blueprints_addons_lbc.module.external_dns.data.aws_partition.current",
            "module.eks_blueprints_addons_lbc.module.external_dns.helm_release.this",
            "module.eks_blueprints_addons_lbc.module.external_secrets.aws_iam_policy.this",
            "module.eks_blueprints_addons_lbc.module.external_secrets.aws_iam_role.this",
            "module.eks_blueprints_addons_lbc.module.external_secrets.aws_iam_role_policy_attachment.additional",
            "module.eks_blueprints_addons_lbc.module.external_secrets.aws_iam_role_policy_attachment.this",
            "module.eks_blueprints_addons_lbc.module.external_secrets.data.aws_caller_identity.current",
            "module.eks_blueprints_addons_lbc.module.external_secrets.data.aws_iam_policy_document.assume",
            "module.eks_blueprints_addons_lbc.module.external_secrets.data.aws_iam_policy_document.this",
            "module.eks_blueprints_addons_lbc.module.external_secrets.data.aws_partition.current",
            "module.eks_blueprints_addons_lbc.module.external_secrets.helm_release.this",
            "module.eks_blueprints_addons_lbc.module.gatekeeper.aws_iam_policy.this",
            "module.eks_blueprints_addons_lbc.module.gatekeeper.aws_iam_role.this",
            "module.eks_blueprints_addons_lbc.module.gatekeeper.aws_iam_role_policy_attachment.additional",
            "module.eks_blueprints_addons_lbc.module.gatekeeper.aws_iam_role_policy_attachment.this",
            "module.eks_blueprints_addons_lbc.module.gatekeeper.data.aws_caller_identity.current",
            "module.eks_blueprints_addons_lbc.module.gatekeeper.data.aws_iam_policy_document.assume",
            "module.eks_blueprints_addons_lbc.module.gatekeeper.data.aws_iam_policy_document.this",
            "module.eks_blueprints_addons_lbc.module.gatekeeper.data.aws_partition.current",
            "module.eks_blueprints_addons_lbc.module.gatekeeper.helm_release.this",
            "module.eks_blueprints_addons_lbc.module.ingress_nginx.aws_iam_policy.this",
            "module.eks_blueprints_addons_lbc.module.ingress_nginx.aws_iam_role.this",
            "module.eks_blueprints_addons_lbc.module.ingress_nginx.aws_iam_role_policy_attachment.additional",
            "module.eks_blueprints_addons_lbc.module.ingress_nginx.aws_iam_role_policy_attachment.this",
            "module.eks_blueprints_addons_lbc.module.ingress_nginx.data.aws_caller_identity.current",
            "module.eks_blueprints_addons_lbc.module.ingress_nginx.data.aws_iam_policy_document.assume",
            "module.eks_blueprints_addons_lbc.module.ingress_nginx.data.aws_iam_policy_document.this",
            "module.eks_blueprints_addons_lbc.module.ingress_nginx.data.aws_partition.current",
            "module.eks_blueprints_addons_lbc.module.ingress_nginx.helm_release.this",
            "module.eks_blueprints_addons_lbc.module.karpenter.aws_iam_policy.this",
            "module.eks_blueprints_addons_lbc.module.karpenter.aws_iam_role.this",
            "module.eks_blueprints_addons_lbc.module.karpenter.aws_iam_role_policy_attachment.additional",
            "module.eks_blueprints_addons_lbc.module.karpenter.aws_iam_role_policy_attachment.this",
            "module.eks_blueprints_addons_lbc.module.karpenter.data.aws_caller_identity.current",
            "module.eks_blueprints_addons_lbc.module.karpenter.data.aws_iam_policy_document.assume",
            "module.eks_blueprints_addons_lbc.module.karpenter.data.aws_iam_policy_document.this",
            "module.eks_blueprints_addons_lbc.module.karpenter.data.aws_partition.current",
            "module.eks_blueprints_addons_lbc.module.karpenter.helm_release.this",
            "module.eks_blueprints_addons_lbc.module.karpenter_sqs.aws_sqs_queue.dlq",
            "module.eks_blueprints_addons_lbc.module.karpenter_sqs.aws_sqs_queue.this",
            "module.eks_blueprints_addons_lbc.module.karpenter_sqs.aws_sqs_queue_policy.dlq",
            "module.eks_blueprints_addons_lbc.module.karpenter_sqs.aws_sqs_queue_policy.this",
            "module.eks_blueprints_addons_lbc.module.karpenter_sqs.aws_sqs_queue_redrive_allow_policy.dlq",
            "module.eks_blueprints_addons_lbc.module.karpenter_sqs.aws_sqs_queue_redrive_allow_policy.this",
            "module.eks_blueprints_addons_lbc.module.karpenter_sqs.aws_sqs_queue_redrive_policy.dlq",
            "module.eks_blueprints_addons_lbc.module.karpenter_sqs.aws_sqs_queue_redrive_policy.this",
            "module.eks_blueprints_addons_lbc.module.karpenter_sqs.data.aws_iam_policy_document.dlq",
            "module.eks_blueprints_addons_lbc.module.karpenter_sqs.data.aws_iam_policy_document.this",
            "module.eks_blueprints_addons_lbc.module.kube_prometheus_stack.aws_iam_policy.this",
            "module.eks_blueprints_addons_lbc.module.kube_prometheus_stack.aws_iam_role.this",
            "module.eks_blueprints_addons_lbc.module.kube_prometheus_stack.aws_iam_role_policy_attachment.additional",
            "module.eks_blueprints_addons_lbc.module.kube_prometheus_stack.aws_iam_role_policy_attachment.this",
            "module.eks_blueprints_addons_lbc.module.kube_prometheus_stack.data.aws_caller_identity.current",
            "module.eks_blueprints_addons_lbc.module.kube_prometheus_stack.data.aws_iam_policy_document.assume",
            "module.eks_blueprints_addons_lbc.module.kube_prometheus_stack.data.aws_iam_policy_document.this",
            "module.eks_blueprints_addons_lbc.module.kube_prometheus_stack.data.aws_partition.current",
            "module.eks_blueprints_addons_lbc.module.kube_prometheus_stack.helm_release.this",
            "module.eks_blueprints_addons_lbc.module.metrics_server.aws_iam_policy.this",
            "module.eks_blueprints_addons_lbc.module.metrics_server.aws_iam_role.this",
            "module.eks_blueprints_addons_lbc.module.metrics_server.aws_iam_role_policy_attachment.additional",
            "module.eks_blueprints_addons_lbc.module.metrics_server.aws_iam_role_policy_attachment.this",
            "module.eks_blueprints_addons_lbc.module.metrics_server.data.aws_caller_identity.current",
            "module.eks_blueprints_addons_lbc.module.metrics_server.data.aws_iam_policy_document.assume",
            "module.eks_blueprints_addons_lbc.module.metrics_server.data.aws_iam_policy_document.this",
            "module.eks_blueprints_addons_lbc.module.metrics_server.data.aws_partition.current",
            "module.eks_blueprints_addons_lbc.module.metrics_server.helm_release.this",
            "module.eks_blueprints_addons_lbc.module.secrets_store_csi_driver.aws_iam_policy.this",
            "module.eks_blueprints_addons_lbc.module.secrets_store_csi_driver.aws_iam_role.this",
            "module.eks_blueprints_addons_lbc.module.secrets_store_csi_driver.aws_iam_role_policy_attachment.additional",
            "module.eks_blueprints_addons_lbc.module.secrets_store_csi_driver.aws_iam_role_policy_attachment.this",
            "module.eks_blueprints_addons_lbc.module.secrets_store_csi_driver.data.aws_caller_identity.current",
            "module.eks_blueprints_addons_lbc.module.secrets_store_csi_driver.data.aws_iam_policy_document.assume",
            "module.eks_blueprints_addons_lbc.module.secrets_store_csi_driver.data.aws_iam_policy_document.this",
            "module.eks_blueprints_addons_lbc.module.secrets_store_csi_driver.data.aws_partition.current",
            "module.eks_blueprints_addons_lbc.module.secrets_store_csi_driver.helm_release.this",
            "module.eks_blueprints_addons_lbc.module.secrets_store_csi_driver_provider_aws.aws_iam_policy.this",
            "module.eks_blueprints_addons_lbc.module.secrets_store_csi_driver_provider_aws.aws_iam_role.this",
            "module.eks_blueprints_addons_lbc.module.secrets_store_csi_driver_provider_aws.aws_iam_role_policy_attachment.additional",
            "module.eks_blueprints_addons_lbc.module.secrets_store_csi_driver_provider_aws.aws_iam_role_policy_attachment.this",
            "module.eks_blueprints_addons_lbc.module.secrets_store_csi_driver_provider_aws.data.aws_caller_identity.current",
            "module.eks_blueprints_addons_lbc.module.secrets_store_csi_driver_provider_aws.data.aws_iam_policy_document.assume",
            "module.eks_blueprints_addons_lbc.module.secrets_store_csi_driver_provider_aws.data.aws_iam_policy_document.this",
            "module.eks_blueprints_addons_lbc.module.secrets_store_csi_driver_provider_aws.data.aws_partition.current",
            "module.eks_blueprints_addons_lbc.module.secrets_store_csi_driver_provider_aws.helm_release.this",
            "module.eks_blueprints_addons_lbc.module.velero.aws_iam_policy.this",
            "module.eks_blueprints_addons_lbc.module.velero.aws_iam_role.this",
            "module.eks_blueprints_addons_lbc.module.velero.aws_iam_role_policy_attachment.additional",
            "module.eks_blueprints_addons_lbc.module.velero.aws_iam_role_policy_attachment.this",
            "module.eks_blueprints_addons_lbc.module.velero.data.aws_caller_identity.current",
            "module.eks_blueprints_addons_lbc.module.velero.data.aws_iam_policy_document.assume",
            "module.eks_blueprints_addons_lbc.module.velero.data.aws_iam_policy_document.this",
            "module.eks_blueprints_addons_lbc.module.velero.data.aws_partition.current",
            "module.eks_blueprints_addons_lbc.module.velero.helm_release.this",
            "module.eks_blueprints_addons_lbc.module.vpa.aws_iam_policy.this",
            "module.eks_blueprints_addons_lbc.module.vpa.aws_iam_role.this",
            "module.eks_blueprints_addons_lbc.module.vpa.aws_iam_role_policy_attachment.additional",
            "module.eks_blueprints_addons_lbc.module.vpa.aws_iam_role_policy_attachment.this",
            "module.eks_blueprints_addons_lbc.module.vpa.data.aws_caller_identity.current",
            "module.eks_blueprints_addons_lbc.module.vpa.data.aws_iam_policy_document.assume",
            "module.eks_blueprints_addons_lbc.module.vpa.data.aws_iam_policy_document.this",
            "module.eks_blueprints_addons_lbc.module.vpa.data.aws_partition.current",
            "module.eks_blueprints_addons_lbc.module.vpa.helm_release.this",
            "module.eks_blueprints_addons_lbc.random_bytes.this",
            "module.eks_blueprints_addons_lbc.time_sleep.this"
          ]
        }
      ]
    },
    {
      "module": "module.eks_blueprints_addons.module.external_secrets",
      "mode": "data",
      "type": "aws_caller_identity",
      "name": "current",
      "provider": "provider[\"registry.terraform.io/hashicorp/aws\"]",
      "instances": [
        {
          "index_key": 0,
          "schema_version": 0,
          "attributes": {
            "account_id": "640168420071",
            "arn": "arn:aws:iam::640168420071:user/iamadmin",
            "id": "640168420071",
            "user_id": "AIDAZKDIC4LTVXTRKQWQR"
          },
          "sensitive_attributes": []
        }
      ]
    },
    {
      "module": "module.eks_blueprints_addons.module.external_secrets",
      "mode": "data",
      "type": "aws_iam_policy_document",
      "name": "assume",
      "provider": "provider[\"registry.terraform.io/hashicorp/aws\"]",
      "instances": [
        {
          "index_key": 0,
          "schema_version": 0,
          "attributes": {
            "id": "3973877173",
            "json": "{\n  \"Version\": \"2012-10-17\",\n  \"Statement\": [\n    {\n      \"Effect\": \"Allow\",\n      \"Action\": \"sts:AssumeRoleWithWebIdentity\",\n      \"Principal\": {\n        \"Federated\": \"arn:aws:iam::640168420071:oidc-provider/oidc.eks.us-east-1.amazonaws.com/id/D182618C592393E5D7FB39906CF93EED\"\n      },\n      \"Condition\": {\n        \"StringEquals\": {\n          \"oidc.eks.us-east-1.amazonaws.com/id/D182618C592393E5D7FB39906CF93EED:aud\": \"sts.amazonaws.com\",\n          \"oidc.eks.us-east-1.amazonaws.com/id/D182618C592393E5D7FB39906CF93EED:sub\": \"system:serviceaccount:external-secrets:external-secrets-sa\"\n        }\n      }\n    }\n  ]\n}",
            "minified_json": "{\"Version\":\"2012-10-17\",\"Statement\":[{\"Effect\":\"Allow\",\"Action\":\"sts:AssumeRoleWithWebIdentity\",\"Principal\":{\"Federated\":\"arn:aws:iam::640168420071:oidc-provider/oidc.eks.us-east-1.amazonaws.com/id/D182618C592393E5D7FB39906CF93EED\"},\"Condition\":{\"StringEquals\":{\"oidc.eks.us-east-1.amazonaws.com/id/D182618C592393E5D7FB39906CF93EED:aud\":\"sts.amazonaws.com\",\"oidc.eks.us-east-1.amazonaws.com/id/D182618C592393E5D7FB39906CF93EED:sub\":\"system:serviceaccount:external-secrets:external-secrets-sa\"}}}]}",
            "override_json": null,
            "override_policy_documents": null,
            "policy_id": null,
            "source_json": null,
            "source_policy_documents": null,
            "statement": [
              {
                "actions": [
                  "sts:AssumeRoleWithWebIdentity"
                ],
                "condition": [
                  {
                    "test": "StringEquals",
                    "values": [
                      "sts.amazonaws.com"
                    ],
                    "variable": "oidc.eks.us-east-1.amazonaws.com/id/D182618C592393E5D7FB39906CF93EED:aud"
                  },
                  {
                    "test": "StringEquals",
                    "values": [
                      "system:serviceaccount:external-secrets:external-secrets-sa"
                    ],
                    "variable": "oidc.eks.us-east-1.amazonaws.com/id/D182618C592393E5D7FB39906CF93EED:sub"
                  }
                ],
                "effect": "Allow",
                "not_actions": [],
                "not_principals": [],
                "not_resources": [],
                "principals": [
                  {
                    "identifiers": [
                      "arn:aws:iam::640168420071:oidc-provider/oidc.eks.us-east-1.amazonaws.com/id/D182618C592393E5D7FB39906CF93EED"
                    ],
                    "type": "Federated"
                  }
                ],
                "resources": [],
                "sid": ""
              }
            ],
            "version": "2012-10-17"
          },
          "sensitive_attributes": []
        }
      ]
    },
    {
      "module": "module.eks_blueprints_addons.module.external_secrets",
      "mode": "data",
      "type": "aws_iam_policy_document",
      "name": "this",
      "provider": "provider[\"registry.terraform.io/hashicorp/aws\"]",
      "instances": [
        {
          "index_key": 0,
          "schema_version": 0,
          "attributes": {
            "id": "2831063531",
            "json": "{\n  \"Version\": \"2012-10-17\",\n  \"Statement\": [\n    {\n      \"Effect\": \"Allow\",\n      \"Action\": \"ssm:DescribeParameters\",\n      \"Resource\": \"*\"\n    },\n    {\n      \"Effect\": \"Allow\",\n      \"Action\": [\n        \"ssm:GetParameters\",\n        \"ssm:GetParameter\"\n      ],\n      \"Resource\": \"arn:aws:ssm:*:*:parameter/*\"\n    },\n    {\n      \"Effect\": \"Allow\",\n      \"Action\": \"secretsmanager:ListSecrets\",\n      \"Resource\": \"*\"\n    },\n    {\n      \"Effect\": \"Allow\",\n      \"Action\": [\n        \"secretsmanager:ListSecretVersionIds\",\n        \"secretsmanager:GetSecretValue\",\n        \"secretsmanager:GetResourcePolicy\",\n        \"secretsmanager:DescribeSecret\"\n      ],\n      \"Resource\": \"arn:aws:secretsmanager:*:*:secret:*\"\n    },\n    {\n      \"Effect\": \"Allow\",\n      \"Action\": \"kms:Decrypt\",\n      \"Resource\": \"arn:aws:kms:*:*:key/*\"\n    }\n  ]\n}",
            "minified_json": "{\"Version\":\"2012-10-17\",\"Statement\":[{\"Effect\":\"Allow\",\"Action\":\"ssm:DescribeParameters\",\"Resource\":\"*\"},{\"Effect\":\"Allow\",\"Action\":[\"ssm:GetParameters\",\"ssm:GetParameter\"],\"Resource\":\"arn:aws:ssm:*:*:parameter/*\"},{\"Effect\":\"Allow\",\"Action\":\"secretsmanager:ListSecrets\",\"Resource\":\"*\"},{\"Effect\":\"Allow\",\"Action\":[\"secretsmanager:ListSecretVersionIds\",\"secretsmanager:GetSecretValue\",\"secretsmanager:GetResourcePolicy\",\"secretsmanager:DescribeSecret\"],\"Resource\":\"arn:aws:secretsmanager:*:*:secret:*\"},{\"Effect\":\"Allow\",\"Action\":\"kms:Decrypt\",\"Resource\":\"arn:aws:kms:*:*:key/*\"}]}",
            "override_json": null,
            "override_policy_documents": null,
            "policy_id": null,
            "source_json": null,
            "source_policy_documents": [
              "{\n  \"Version\": \"2012-10-17\",\n  \"Statement\": [\n    {\n      \"Effect\": \"Allow\",\n      \"Action\": \"ssm:DescribeParameters\",\n      \"Resource\": \"*\"\n    },\n    {\n      \"Effect\": \"Allow\",\n      \"Action\": [\n        \"ssm:GetParameters\",\n        \"ssm:GetParameter\"\n      ],\n      \"Resource\": \"arn:aws:ssm:*:*:parameter/*\"\n    },\n    {\n      \"Effect\": \"Allow\",\n      \"Action\": \"secretsmanager:ListSecrets\",\n      \"Resource\": \"*\"\n    },\n    {\n      \"Effect\": \"Allow\",\n      \"Action\": [\n        \"secretsmanager:ListSecretVersionIds\",\n        \"secretsmanager:GetSecretValue\",\n        \"secretsmanager:GetResourcePolicy\",\n        \"secretsmanager:DescribeSecret\"\n      ],\n      \"Resource\": \"arn:aws:secretsmanager:*:*:secret:*\"\n    },\n    {\n      \"Effect\": \"Allow\",\n      \"Action\": \"kms:Decrypt\",\n      \"Resource\": \"arn:aws:kms:*:*:key/*\"\n    }\n  ]\n}"
            ],
            "statement": null,
            "version": "2012-10-17"
          },
          "sensitive_attributes": []
        }
      ]
    },
    {
      "module": "module.eks_blueprints_addons.module.external_secrets",
      "mode": "data",
      "type": "aws_partition",
      "name": "current",
      "provider": "provider[\"registry.terraform.io/hashicorp/aws\"]",
      "instances": [
        {
          "index_key": 0,
          "schema_version": 0,
          "attributes": {
            "dns_suffix": "amazonaws.com",
            "id": "aws",
            "partition": "aws",
            "reverse_dns_prefix": "com.amazonaws"
          },
          "sensitive_attributes": []
        }
      ]
    },
    {
      "module": "module.eks_blueprints_addons.module.external_secrets",
      "mode": "managed",
      "type": "aws_iam_policy",
      "name": "this",
      "provider": "provider[\"registry.terraform.io/hashicorp/aws\"]",
      "instances": [
        {
          "index_key": 0,
          "schema_version": 0,
          "attributes": {
            "arn": "arn:aws:iam::640168420071:policy/external-secrets-2025012417150840810000000e",
            "attachment_count": 1,
            "description": "IAM Policy for external-secrets operator",
            "id": "arn:aws:iam::640168420071:policy/external-secrets-2025012417150840810000000e",
            "name": "external-secrets-2025012417150840810000000e",
            "name_prefix": "external-secrets-",
            "path": "/",
            "policy": "{\"Statement\":[{\"Action\":\"ssm:DescribeParameters\",\"Effect\":\"Allow\",\"Resource\":\"*\"},{\"Action\":[\"ssm:GetParameters\",\"ssm:GetParameter\"],\"Effect\":\"Allow\",\"Resource\":\"arn:aws:ssm:*:*:parameter/*\"},{\"Action\":\"secretsmanager:ListSecrets\",\"Effect\":\"Allow\",\"Resource\":\"*\"},{\"Action\":[\"secretsmanager:ListSecretVersionIds\",\"secretsmanager:GetSecretValue\",\"secretsmanager:GetResourcePolicy\",\"secretsmanager:DescribeSecret\"],\"Effect\":\"Allow\",\"Resource\":\"arn:aws:secretsmanager:*:*:secret:*\"},{\"Action\":\"kms:Decrypt\",\"Effect\":\"Allow\",\"Resource\":\"arn:aws:kms:*:*:key/*\"}],\"Version\":\"2012-10-17\"}",
            "policy_id": "ANPAZKDIC4LTV7AV7CLAB",
            "tags": {},
            "tags_all": {}
          },
          "sensitive_attributes": [],
          "private": "bnVsbA==",
          "dependencies": [
            "aws_eks_pod_identity_association.aws_lbc",
            "aws_eks_pod_identity_association.ebs_csi_driver",
            "aws_iam_role.aws_lbc",
            "aws_iam_role.ebs_csi_driver",
            "aws_iam_role_policy.aws_lbc",
            "aws_iam_role_policy_attachment.ebs_csi_driver",
            "data.aws_iam_policy_document.aws_lbc",
            "data.aws_iam_policy_document.aws_lbc_assume",
            "data.aws_iam_policy_document.ebs_csi_driver",
            "module.eks_blueprints_addons.data.aws_iam_policy_document.external_secrets",
            "module.eks_blueprints_addons.module.external_secrets.data.aws_iam_policy_document.this",
            "module.eks_blueprints_addons_lbc.aws_autoscaling_group_tag.aws_node_termination_handler",
            "module.eks_blueprints_addons_lbc.aws_autoscaling_lifecycle_hook.aws_node_termination_handler",
            "module.eks_blueprints_addons_lbc.aws_cloudformation_stack.usage_telemetry",
            "module.eks_blueprints_addons_lbc.aws_cloudwatch_event_rule.aws_node_termination_handler",
            "module.eks_blueprints_addons_lbc.aws_cloudwatch_event_rule.karpenter",
            "module.eks_blueprints_addons_lbc.aws_cloudwatch_event_target.aws_node_termination_handler",
            "module.eks_blueprints_addons_lbc.aws_cloudwatch_event_target.karpenter",
            "module.eks_blueprints_addons_lbc.aws_cloudwatch_log_group.aws_for_fluentbit",
            "module.eks_blueprints_addons_lbc.aws_cloudwatch_log_group.fargate_fluentbit",
            "module.eks_blueprints_addons_lbc.aws_eks_addon.this",
            "module.eks_blueprints_addons_lbc.aws_iam_instance_profile.karpenter",
            "module.eks_blueprints_addons_lbc.aws_iam_policy.fargate_fluentbit",
            "module.eks_blueprints_addons_lbc.aws_iam_role.karpenter",
            "module.eks_blueprints_addons_lbc.aws_iam_role_policy_attachment.additional",
            "module.eks_blueprints_addons_lbc.aws_iam_role_policy_attachment.karpenter",
            "module.eks_blueprints_addons_lbc.data.aws_caller_identity.current",
            "module.eks_blueprints_addons_lbc.data.aws_eks_addon_version.this",
            "module.eks_blueprints_addons_lbc.data.aws_iam_policy_document.aws_efs_csi_driver",
            "module.eks_blueprints_addons_lbc.data.aws_iam_policy_document.aws_for_fluentbit",
            "module.eks_blueprints_addons_lbc.data.aws_iam_policy_document.aws_fsx_csi_driver",
            "module.eks_blueprints_addons_lbc.data.aws_iam_policy_document.aws_gateway_api_controller",
            "module.eks_blueprints_addons_lbc.data.aws_iam_policy_document.aws_load_balancer_controller",
            "module.eks_blueprints_addons_lbc.data.aws_iam_policy_document.aws_node_termination_handler",
            "module.eks_blueprints_addons_lbc.data.aws_iam_policy_document.aws_privateca_issuer",
            "module.eks_blueprints_addons_lbc.data.aws_iam_policy_document.cert_manager",
            "module.eks_blueprints_addons_lbc.data.aws_iam_policy_document.cluster_autoscaler",
            "module.eks_blueprints_addons_lbc.data.aws_iam_policy_document.external_dns",
            "module.eks_blueprints_addons_lbc.data.aws_iam_policy_document.external_secrets",
            "module.eks_blueprints_addons_lbc.data.aws_iam_policy_document.fargate_fluentbit",
            "module.eks_blueprints_addons_lbc.data.aws_iam_policy_document.karpenter",
            "module.eks_blueprints_addons_lbc.data.aws_iam_policy_document.karpenter_assume_role",
            "module.eks_blueprints_addons_lbc.data.aws_iam_policy_document.velero",
            "module.eks_blueprints_addons_lbc.data.aws_partition.current",
            "module.eks_blueprints_addons_lbc.data.aws_region.current",
            "module.eks_blueprints_addons_lbc.helm_release.this",
            "module.eks_blueprints_addons_lbc.kubernetes_config_map_v1.aws_logging",
            "module.eks_blueprints_addons_lbc.kubernetes_config_map_v1_data.aws_for_fluentbit_containerinsights",
            "module.eks_blueprints_addons_lbc.kubernetes_namespace_v1.aws_observability",
            "module.eks_blueprints_addons_lbc.module.argo_events.aws_iam_policy.this",
            "module.eks_blueprints_addons_lbc.module.argo_events.aws_iam_role.this",
            "module.eks_blueprints_addons_lbc.module.argo_events.aws_iam_role_policy_attachment.additional",
            "module.eks_blueprints_addons_lbc.module.argo_events.aws_iam_role_policy_attachment.this",
            "module.eks_blueprints_addons_lbc.module.argo_events.data.aws_caller_identity.current",
            "module.eks_blueprints_addons_lbc.module.argo_events.data.aws_iam_policy_document.assume",
            "module.eks_blueprints_addons_lbc.module.argo_events.data.aws_iam_policy_document.this",
            "module.eks_blueprints_addons_lbc.module.argo_events.data.aws_partition.current",
            "module.eks_blueprints_addons_lbc.module.argo_events.helm_release.this",
            "module.eks_blueprints_addons_lbc.module.argo_rollouts.aws_iam_policy.this",
            "module.eks_blueprints_addons_lbc.module.argo_rollouts.aws_iam_role.this",
            "module.eks_blueprints_addons_lbc.module.argo_rollouts.aws_iam_role_policy_attachment.additional",
            "module.eks_blueprints_addons_lbc.module.argo_rollouts.aws_iam_role_policy_attachment.this",
            "module.eks_blueprints_addons_lbc.module.argo_rollouts.data.aws_caller_identity.current",
            "module.eks_blueprints_addons_lbc.module.argo_rollouts.data.aws_iam_policy_document.assume",
            "module.eks_blueprints_addons_lbc.module.argo_rollouts.data.aws_iam_policy_document.this",
            "module.eks_blueprints_addons_lbc.module.argo_rollouts.data.aws_partition.current",
            "module.eks_blueprints_addons_lbc.module.argo_rollouts.helm_release.this",
            "module.eks_blueprints_addons_lbc.module.argo_workflows.aws_iam_policy.this",
            "module.eks_blueprints_addons_lbc.module.argo_workflows.aws_iam_role.this",
            "module.eks_blueprints_addons_lbc.module.argo_workflows.aws_iam_role_policy_attachment.additional",
            "module.eks_blueprints_addons_lbc.module.argo_workflows.aws_iam_role_policy_attachment.this",
            "module.eks_blueprints_addons_lbc.module.argo_workflows.data.aws_caller_identity.current",
            "module.eks_blueprints_addons_lbc.module.argo_workflows.data.aws_iam_policy_document.assume",
            "module.eks_blueprints_addons_lbc.module.argo_workflows.data.aws_iam_policy_document.this",
            "module.eks_blueprints_addons_lbc.module.argo_workflows.data.aws_partition.current",
            "module.eks_blueprints_addons_lbc.module.argo_workflows.helm_release.this",
            "module.eks_blueprints_addons_lbc.module.argocd.aws_iam_policy.this",
            "module.eks_blueprints_addons_lbc.module.argocd.aws_iam_role.this",
            "module.eks_blueprints_addons_lbc.module.argocd.aws_iam_role_policy_attachment.additional",
            "module.eks_blueprints_addons_lbc.module.argocd.aws_iam_role_policy_attachment.this",
            "module.eks_blueprints_addons_lbc.module.argocd.data.aws_caller_identity.current",
            "module.eks_blueprints_addons_lbc.module.argocd.data.aws_iam_policy_document.assume",
            "module.eks_blueprints_addons_lbc.module.argocd.data.aws_iam_policy_document.this",
            "module.eks_blueprints_addons_lbc.module.argocd.data.aws_partition.current",
            "module.eks_blueprints_addons_lbc.module.argocd.helm_release.this",
            "module.eks_blueprints_addons_lbc.module.aws_cloudwatch_metrics.aws_iam_policy.this",
            "module.eks_blueprints_addons_lbc.module.aws_cloudwatch_metrics.aws_iam_role.this",
            "module.eks_blueprints_addons_lbc.module.aws_cloudwatch_metrics.aws_iam_role_policy_attachment.additional",
            "module.eks_blueprints_addons_lbc.module.aws_cloudwatch_metrics.aws_iam_role_policy_attachment.this",
            "module.eks_blueprints_addons_lbc.module.aws_cloudwatch_metrics.data.aws_caller_identity.current",
            "module.eks_blueprints_addons_lbc.module.aws_cloudwatch_metrics.data.aws_iam_policy_document.assume",
            "module.eks_blueprints_addons_lbc.module.aws_cloudwatch_metrics.data.aws_iam_policy_document.this",
            "module.eks_blueprints_addons_lbc.module.aws_cloudwatch_metrics.data.aws_partition.current",
            "module.eks_blueprints_addons_lbc.module.aws_cloudwatch_metrics.helm_release.this",
            "module.eks_blueprints_addons_lbc.module.aws_efs_csi_driver.aws_iam_policy.this",
            "module.eks_blueprints_addons_lbc.module.aws_efs_csi_driver.aws_iam_role.this",
            "module.eks_blueprints_addons_lbc.module.aws_efs_csi_driver.aws_iam_role_policy_attachment.additional",
            "module.eks_blueprints_addons_lbc.module.aws_efs_csi_driver.aws_iam_role_policy_attachment.this",
            "module.eks_blueprints_addons_lbc.module.aws_efs_csi_driver.data.aws_caller_identity.current",
            "module.eks_blueprints_addons_lbc.module.aws_efs_csi_driver.data.aws_iam_policy_document.assume",
            "module.eks_blueprints_addons_lbc.module.aws_efs_csi_driver.data.aws_iam_policy_document.this",
            "module.eks_blueprints_addons_lbc.module.aws_efs_csi_driver.data.aws_partition.current",
            "module.eks_blueprints_addons_lbc.module.aws_efs_csi_driver.helm_release.this",
            "module.eks_blueprints_addons_lbc.module.aws_for_fluentbit.aws_iam_policy.this",
            "module.eks_blueprints_addons_lbc.module.aws_for_fluentbit.aws_iam_role.this",
            "module.eks_blueprints_addons_lbc.module.aws_for_fluentbit.aws_iam_role_policy_attachment.additional",
            "module.eks_blueprints_addons_lbc.module.aws_for_fluentbit.aws_iam_role_policy_attachment.this",
            "module.eks_blueprints_addons_lbc.module.aws_for_fluentbit.data.aws_caller_identity.current",
            "module.eks_blueprints_addons_lbc.module.aws_for_fluentbit.data.aws_iam_policy_document.assume",
            "module.eks_blueprints_addons_lbc.module.aws_for_fluentbit.data.aws_iam_policy_document.this",
            "module.eks_blueprints_addons_lbc.module.aws_for_fluentbit.data.aws_partition.current",
            "module.eks_blueprints_addons_lbc.module.aws_for_fluentbit.helm_release.this",
            "module.eks_blueprints_addons_lbc.module.aws_fsx_csi_driver.aws_iam_policy.this",
            "module.eks_blueprints_addons_lbc.module.aws_fsx_csi_driver.aws_iam_role.this",
            "module.eks_blueprints_addons_lbc.module.aws_fsx_csi_driver.aws_iam_role_policy_attachment.additional",
            "module.eks_blueprints_addons_lbc.module.aws_fsx_csi_driver.aws_iam_role_policy_attachment.this",
            "module.eks_blueprints_addons_lbc.module.aws_fsx_csi_driver.data.aws_caller_identity.current",
            "module.eks_blueprints_addons_lbc.module.aws_fsx_csi_driver.data.aws_iam_policy_document.assume",
            "module.eks_blueprints_addons_lbc.module.aws_fsx_csi_driver.data.aws_iam_policy_document.this",
            "module.eks_blueprints_addons_lbc.module.aws_fsx_csi_driver.data.aws_partition.current",
            "module.eks_blueprints_addons_lbc.module.aws_fsx_csi_driver.helm_release.this",
            "module.eks_blueprints_addons_lbc.module.aws_gateway_api_controller.aws_iam_policy.this",
            "module.eks_blueprints_addons_lbc.module.aws_gateway_api_controller.aws_iam_role.this",
            "module.eks_blueprints_addons_lbc.module.aws_gateway_api_controller.aws_iam_role_policy_attachment.additional",
            "module.eks_blueprints_addons_lbc.module.aws_gateway_api_controller.aws_iam_role_policy_attachment.this",
            "module.eks_blueprints_addons_lbc.module.aws_gateway_api_controller.data.aws_caller_identity.current",
            "module.eks_blueprints_addons_lbc.module.aws_gateway_api_controller.data.aws_iam_policy_document.assume",
            "module.eks_blueprints_addons_lbc.module.aws_gateway_api_controller.data.aws_iam_policy_document.this",
            "module.eks_blueprints_addons_lbc.module.aws_gateway_api_controller.data.aws_partition.current",
            "module.eks_blueprints_addons_lbc.module.aws_gateway_api_controller.helm_release.this",
            "module.eks_blueprints_addons_lbc.module.aws_load_balancer_controller.aws_iam_policy.this",
            "module.eks_blueprints_addons_lbc.module.aws_load_balancer_controller.aws_iam_role.this",
            "module.eks_blueprints_addons_lbc.module.aws_load_balancer_controller.aws_iam_role_policy_attachment.additional",
            "module.eks_blueprints_addons_lbc.module.aws_load_balancer_controller.aws_iam_role_policy_attachment.this",
            "module.eks_blueprints_addons_lbc.module.aws_load_balancer_controller.data.aws_caller_identity.current",
            "module.eks_blueprints_addons_lbc.module.aws_load_balancer_controller.data.aws_iam_policy_document.assume",
            "module.eks_blueprints_addons_lbc.module.aws_load_balancer_controller.data.aws_iam_policy_document.this",
            "module.eks_blueprints_addons_lbc.module.aws_load_balancer_controller.data.aws_partition.current",
            "module.eks_blueprints_addons_lbc.module.aws_load_balancer_controller.helm_release.this",
            "module.eks_blueprints_addons_lbc.module.aws_node_termination_handler.aws_iam_policy.this",
            "module.eks_blueprints_addons_lbc.module.aws_node_termination_handler.aws_iam_role.this",
            "module.eks_blueprints_addons_lbc.module.aws_node_termination_handler.aws_iam_role_policy_attachment.additional",
            "module.eks_blueprints_addons_lbc.module.aws_node_termination_handler.aws_iam_role_policy_attachment.this",
            "module.eks_blueprints_addons_lbc.module.aws_node_termination_handler.data.aws_caller_identity.current",
            "module.eks_blueprints_addons_lbc.module.aws_node_termination_handler.data.aws_iam_policy_document.assume",
            "module.eks_blueprints_addons_lbc.module.aws_node_termination_handler.data.aws_iam_policy_document.this",
            "module.eks_blueprints_addons_lbc.module.aws_node_termination_handler.data.aws_partition.current",
            "module.eks_blueprints_addons_lbc.module.aws_node_termination_handler.helm_release.this",
            "module.eks_blueprints_addons_lbc.module.aws_node_termination_handler_sqs.aws_sqs_queue.dlq",
            "module.eks_blueprints_addons_lbc.module.aws_node_termination_handler_sqs.aws_sqs_queue.this",
            "module.eks_blueprints_addons_lbc.module.aws_node_termination_handler_sqs.aws_sqs_queue_policy.dlq",
            "module.eks_blueprints_addons_lbc.module.aws_node_termination_handler_sqs.aws_sqs_queue_policy.this",
            "module.eks_blueprints_addons_lbc.module.aws_node_termination_handler_sqs.aws_sqs_queue_redrive_allow_policy.dlq",
            "module.eks_blueprints_addons_lbc.module.aws_node_termination_handler_sqs.aws_sqs_queue_redrive_allow_policy.this",
            "module.eks_blueprints_addons_lbc.module.aws_node_termination_handler_sqs.aws_sqs_queue_redrive_policy.dlq",
            "module.eks_blueprints_addons_lbc.module.aws_node_termination_handler_sqs.aws_sqs_queue_redrive_policy.this",
            "module.eks_blueprints_addons_lbc.module.aws_node_termination_handler_sqs.data.aws_iam_policy_document.dlq",
            "module.eks_blueprints_addons_lbc.module.aws_node_termination_handler_sqs.data.aws_iam_policy_document.this",
            "module.eks_blueprints_addons_lbc.module.aws_privateca_issuer.aws_iam_policy.this",
            "module.eks_blueprints_addons_lbc.module.aws_privateca_issuer.aws_iam_role.this",
            "module.eks_blueprints_addons_lbc.module.aws_privateca_issuer.aws_iam_role_policy_attachment.additional",
            "module.eks_blueprints_addons_lbc.module.aws_privateca_issuer.aws_iam_role_policy_attachment.this",
            "module.eks_blueprints_addons_lbc.module.aws_privateca_issuer.data.aws_caller_identity.current",
            "module.eks_blueprints_addons_lbc.module.aws_privateca_issuer.data.aws_iam_policy_document.assume",
            "module.eks_blueprints_addons_lbc.module.aws_privateca_issuer.data.aws_iam_policy_document.this",
            "module.eks_blueprints_addons_lbc.module.aws_privateca_issuer.data.aws_partition.current",
            "module.eks_blueprints_addons_lbc.module.aws_privateca_issuer.helm_release.this",
            "module.eks_blueprints_addons_lbc.module.bottlerocket_shadow.aws_iam_policy.this",
            "module.eks_blueprints_addons_lbc.module.bottlerocket_shadow.aws_iam_role.this",
            "module.eks_blueprints_addons_lbc.module.bottlerocket_shadow.aws_iam_role_policy_attachment.additional",
            "module.eks_blueprints_addons_lbc.module.bottlerocket_shadow.aws_iam_role_policy_attachment.this",
            "module.eks_blueprints_addons_lbc.module.bottlerocket_shadow.data.aws_caller_identity.current",
            "module.eks_blueprints_addons_lbc.module.bottlerocket_shadow.data.aws_iam_policy_document.assume",
            "module.eks_blueprints_addons_lbc.module.bottlerocket_shadow.data.aws_iam_policy_document.this",
            "module.eks_blueprints_addons_lbc.module.bottlerocket_shadow.data.aws_partition.current",
            "module.eks_blueprints_addons_lbc.module.bottlerocket_shadow.helm_release.this",
            "module.eks_blueprints_addons_lbc.module.bottlerocket_update_operator.aws_iam_policy.this",
            "module.eks_blueprints_addons_lbc.module.bottlerocket_update_operator.aws_iam_role.this",
            "module.eks_blueprints_addons_lbc.module.bottlerocket_update_operator.aws_iam_role_policy_attachment.additional",
            "module.eks_blueprints_addons_lbc.module.bottlerocket_update_operator.aws_iam_role_policy_attachment.this",
            "module.eks_blueprints_addons_lbc.module.bottlerocket_update_operator.data.aws_caller_identity.current",
            "module.eks_blueprints_addons_lbc.module.bottlerocket_update_operator.data.aws_iam_policy_document.assume",
            "module.eks_blueprints_addons_lbc.module.bottlerocket_update_operator.data.aws_iam_policy_document.this",
            "module.eks_blueprints_addons_lbc.module.bottlerocket_update_operator.data.aws_partition.current",
            "module.eks_blueprints_addons_lbc.module.bottlerocket_update_operator.helm_release.this",
            "module.eks_blueprints_addons_lbc.module.cert_manager.aws_iam_policy.this",
            "module.eks_blueprints_addons_lbc.module.cert_manager.aws_iam_role.this",
            "module.eks_blueprints_addons_lbc.module.cert_manager.aws_iam_role_policy_attachment.additional",
            "module.eks_blueprints_addons_lbc.module.cert_manager.aws_iam_role_policy_attachment.this",
            "module.eks_blueprints_addons_lbc.module.cert_manager.data.aws_caller_identity.current",
            "module.eks_blueprints_addons_lbc.module.cert_manager.data.aws_iam_policy_document.assume",
            "module.eks_blueprints_addons_lbc.module.cert_manager.data.aws_iam_policy_document.this",
            "module.eks_blueprints_addons_lbc.module.cert_manager.data.aws_partition.current",
            "module.eks_blueprints_addons_lbc.module.cert_manager.helm_release.this",
            "module.eks_blueprints_addons_lbc.module.cluster_autoscaler.aws_iam_policy.this",
            "module.eks_blueprints_addons_lbc.module.cluster_autoscaler.aws_iam_role.this",
            "module.eks_blueprints_addons_lbc.module.cluster_autoscaler.aws_iam_role_policy_attachment.additional",
            "module.eks_blueprints_addons_lbc.module.cluster_autoscaler.aws_iam_role_policy_attachment.this",
            "module.eks_blueprints_addons_lbc.module.cluster_autoscaler.data.aws_caller_identity.current",
            "module.eks_blueprints_addons_lbc.module.cluster_autoscaler.data.aws_iam_policy_document.assume",
            "module.eks_blueprints_addons_lbc.module.cluster_autoscaler.data.aws_iam_policy_document.this",
            "module.eks_blueprints_addons_lbc.module.cluster_autoscaler.data.aws_partition.current",
            "module.eks_blueprints_addons_lbc.module.cluster_autoscaler.helm_release.this",
            "module.eks_blueprints_addons_lbc.module.cluster_proportional_autoscaler.aws_iam_policy.this",
            "module.eks_blueprints_addons_lbc.module.cluster_proportional_autoscaler.aws_iam_role.this",
            "module.eks_blueprints_addons_lbc.module.cluster_proportional_autoscaler.aws_iam_role_policy_attachment.additional",
            "module.eks_blueprints_addons_lbc.module.cluster_proportional_autoscaler.aws_iam_role_policy_attachment.this",
            "module.eks_blueprints_addons_lbc.module.cluster_proportional_autoscaler.data.aws_caller_identity.current",
            "module.eks_blueprints_addons_lbc.module.cluster_proportional_autoscaler.data.aws_iam_policy_document.assume",
            "module.eks_blueprints_addons_lbc.module.cluster_proportional_autoscaler.data.aws_iam_policy_document.this",
            "module.eks_blueprints_addons_lbc.module.cluster_proportional_autoscaler.data.aws_partition.current",
            "module.eks_blueprints_addons_lbc.module.cluster_proportional_autoscaler.helm_release.this",
            "module.eks_blueprints_addons_lbc.module.external_dns.aws_iam_policy.this",
            "module.eks_blueprints_addons_lbc.module.external_dns.aws_iam_role.this",
            "module.eks_blueprints_addons_lbc.module.external_dns.aws_iam_role_policy_attachment.additional",
            "module.eks_blueprints_addons_lbc.module.external_dns.aws_iam_role_policy_attachment.this",
            "module.eks_blueprints_addons_lbc.module.external_dns.data.aws_caller_identity.current",
            "module.eks_blueprints_addons_lbc.module.external_dns.data.aws_iam_policy_document.assume",
            "module.eks_blueprints_addons_lbc.module.external_dns.data.aws_iam_policy_document.this",
            "module.eks_blueprints_addons_lbc.module.external_dns.data.aws_partition.current",
            "module.eks_blueprints_addons_lbc.module.external_dns.helm_release.this",
            "module.eks_blueprints_addons_lbc.module.external_secrets.aws_iam_policy.this",
            "module.eks_blueprints_addons_lbc.module.external_secrets.aws_iam_role.this",
            "module.eks_blueprints_addons_lbc.module.external_secrets.aws_iam_role_policy_attachment.additional",
            "module.eks_blueprints_addons_lbc.module.external_secrets.aws_iam_role_policy_attachment.this",
            "module.eks_blueprints_addons_lbc.module.external_secrets.data.aws_caller_identity.current",
            "module.eks_blueprints_addons_lbc.module.external_secrets.data.aws_iam_policy_document.assume",
            "module.eks_blueprints_addons_lbc.module.external_secrets.data.aws_iam_policy_document.this",
            "module.eks_blueprints_addons_lbc.module.external_secrets.data.aws_partition.current",
            "module.eks_blueprints_addons_lbc.module.external_secrets.helm_release.this",
            "module.eks_blueprints_addons_lbc.module.gatekeeper.aws_iam_policy.this",
            "module.eks_blueprints_addons_lbc.module.gatekeeper.aws_iam_role.this",
            "module.eks_blueprints_addons_lbc.module.gatekeeper.aws_iam_role_policy_attachment.additional",
            "module.eks_blueprints_addons_lbc.module.gatekeeper.aws_iam_role_policy_attachment.this",
            "module.eks_blueprints_addons_lbc.module.gatekeeper.data.aws_caller_identity.current",
            "module.eks_blueprints_addons_lbc.module.gatekeeper.data.aws_iam_policy_document.assume",
            "module.eks_blueprints_addons_lbc.module.gatekeeper.data.aws_iam_policy_document.this",
            "module.eks_blueprints_addons_lbc.module.gatekeeper.data.aws_partition.current",
            "module.eks_blueprints_addons_lbc.module.gatekeeper.helm_release.this",
            "module.eks_blueprints_addons_lbc.module.ingress_nginx.aws_iam_policy.this",
            "module.eks_blueprints_addons_lbc.module.ingress_nginx.aws_iam_role.this",
            "module.eks_blueprints_addons_lbc.module.ingress_nginx.aws_iam_role_policy_attachment.additional",
            "module.eks_blueprints_addons_lbc.module.ingress_nginx.aws_iam_role_policy_attachment.this",
            "module.eks_blueprints_addons_lbc.module.ingress_nginx.data.aws_caller_identity.current",
            "module.eks_blueprints_addons_lbc.module.ingress_nginx.data.aws_iam_policy_document.assume",
            "module.eks_blueprints_addons_lbc.module.ingress_nginx.data.aws_iam_policy_document.this",
            "module.eks_blueprints_addons_lbc.module.ingress_nginx.data.aws_partition.current",
            "module.eks_blueprints_addons_lbc.module.ingress_nginx.helm_release.this",
            "module.eks_blueprints_addons_lbc.module.karpenter.aws_iam_policy.this",
            "module.eks_blueprints_addons_lbc.module.karpenter.aws_iam_role.this",
            "module.eks_blueprints_addons_lbc.module.karpenter.aws_iam_role_policy_attachment.additional",
            "module.eks_blueprints_addons_lbc.module.karpenter.aws_iam_role_policy_attachment.this",
            "module.eks_blueprints_addons_lbc.module.karpenter.data.aws_caller_identity.current",
            "module.eks_blueprints_addons_lbc.module.karpenter.data.aws_iam_policy_document.assume",
            "module.eks_blueprints_addons_lbc.module.karpenter.data.aws_iam_policy_document.this",
            "module.eks_blueprints_addons_lbc.module.karpenter.data.aws_partition.current",
            "module.eks_blueprints_addons_lbc.module.karpenter.helm_release.this",
            "module.eks_blueprints_addons_lbc.module.karpenter_sqs.aws_sqs_queue.dlq",
            "module.eks_blueprints_addons_lbc.module.karpenter_sqs.aws_sqs_queue.this",
            "module.eks_blueprints_addons_lbc.module.karpenter_sqs.aws_sqs_queue_policy.dlq",
            "module.eks_blueprints_addons_lbc.module.karpenter_sqs.aws_sqs_queue_policy.this",
            "module.eks_blueprints_addons_lbc.module.karpenter_sqs.aws_sqs_queue_redrive_allow_policy.dlq",
            "module.eks_blueprints_addons_lbc.module.karpenter_sqs.aws_sqs_queue_redrive_allow_policy.this",
            "module.eks_blueprints_addons_lbc.module.karpenter_sqs.aws_sqs_queue_redrive_policy.dlq",
            "module.eks_blueprints_addons_lbc.module.karpenter_sqs.aws_sqs_queue_redrive_policy.this",
            "module.eks_blueprints_addons_lbc.module.karpenter_sqs.data.aws_iam_policy_document.dlq",
            "module.eks_blueprints_addons_lbc.module.karpenter_sqs.data.aws_iam_policy_document.this",
            "module.eks_blueprints_addons_lbc.module.kube_prometheus_stack.aws_iam_policy.this",
            "module.eks_blueprints_addons_lbc.module.kube_prometheus_stack.aws_iam_role.this",
            "module.eks_blueprints_addons_lbc.module.kube_prometheus_stack.aws_iam_role_policy_attachment.additional",
            "module.eks_blueprints_addons_lbc.module.kube_prometheus_stack.aws_iam_role_policy_attachment.this",
            "module.eks_blueprints_addons_lbc.module.kube_prometheus_stack.data.aws_caller_identity.current",
            "module.eks_blueprints_addons_lbc.module.kube_prometheus_stack.data.aws_iam_policy_document.assume",
            "module.eks_blueprints_addons_lbc.module.kube_prometheus_stack.data.aws_iam_policy_document.this",
            "module.eks_blueprints_addons_lbc.module.kube_prometheus_stack.data.aws_partition.current",
            "module.eks_blueprints_addons_lbc.module.kube_prometheus_stack.helm_release.this",
            "module.eks_blueprints_addons_lbc.module.metrics_server.aws_iam_policy.this",
            "module.eks_blueprints_addons_lbc.module.metrics_server.aws_iam_role.this",
            "module.eks_blueprints_addons_lbc.module.metrics_server.aws_iam_role_policy_attachment.additional",
            "module.eks_blueprints_addons_lbc.module.metrics_server.aws_iam_role_policy_attachment.this",
            "module.eks_blueprints_addons_lbc.module.metrics_server.data.aws_caller_identity.current",
            "module.eks_blueprints_addons_lbc.module.metrics_server.data.aws_iam_policy_document.assume",
            "module.eks_blueprints_addons_lbc.module.metrics_server.data.aws_iam_policy_document.this",
            "module.eks_blueprints_addons_lbc.module.metrics_server.data.aws_partition.current",
            "module.eks_blueprints_addons_lbc.module.metrics_server.helm_release.this",
            "module.eks_blueprints_addons_lbc.module.secrets_store_csi_driver.aws_iam_policy.this",
            "module.eks_blueprints_addons_lbc.module.secrets_store_csi_driver.aws_iam_role.this",
            "module.eks_blueprints_addons_lbc.module.secrets_store_csi_driver.aws_iam_role_policy_attachment.additional",
            "module.eks_blueprints_addons_lbc.module.secrets_store_csi_driver.aws_iam_role_policy_attachment.this",
            "module.eks_blueprints_addons_lbc.module.secrets_store_csi_driver.data.aws_caller_identity.current",
            "module.eks_blueprints_addons_lbc.module.secrets_store_csi_driver.data.aws_iam_policy_document.assume",
            "module.eks_blueprints_addons_lbc.module.secrets_store_csi_driver.data.aws_iam_policy_document.this",
            "module.eks_blueprints_addons_lbc.module.secrets_store_csi_driver.data.aws_partition.current",
            "module.eks_blueprints_addons_lbc.module.secrets_store_csi_driver.helm_release.this",
            "module.eks_blueprints_addons_lbc.module.secrets_store_csi_driver_provider_aws.aws_iam_policy.this",
            "module.eks_blueprints_addons_lbc.module.secrets_store_csi_driver_provider_aws.aws_iam_role.this",
            "module.eks_blueprints_addons_lbc.module.secrets_store_csi_driver_provider_aws.aws_iam_role_policy_attachment.additional",
            "module.eks_blueprints_addons_lbc.module.secrets_store_csi_driver_provider_aws.aws_iam_role_policy_attachment.this",
            "module.eks_blueprints_addons_lbc.module.secrets_store_csi_driver_provider_aws.data.aws_caller_identity.current",
            "module.eks_blueprints_addons_lbc.module.secrets_store_csi_driver_provider_aws.data.aws_iam_policy_document.assume",
            "module.eks_blueprints_addons_lbc.module.secrets_store_csi_driver_provider_aws.data.aws_iam_policy_document.this",
            "module.eks_blueprints_addons_lbc.module.secrets_store_csi_driver_provider_aws.data.aws_partition.current",
            "module.eks_blueprints_addons_lbc.module.secrets_store_csi_driver_provider_aws.helm_release.this",
            "module.eks_blueprints_addons_lbc.module.velero.aws_iam_policy.this",
            "module.eks_blueprints_addons_lbc.module.velero.aws_iam_role.this",
            "module.eks_blueprints_addons_lbc.module.velero.aws_iam_role_policy_attachment.additional",
            "module.eks_blueprints_addons_lbc.module.velero.aws_iam_role_policy_attachment.this",
            "module.eks_blueprints_addons_lbc.module.velero.data.aws_caller_identity.current",
            "module.eks_blueprints_addons_lbc.module.velero.data.aws_iam_policy_document.assume",
            "module.eks_blueprints_addons_lbc.module.velero.data.aws_iam_policy_document.this",
            "module.eks_blueprints_addons_lbc.module.velero.data.aws_partition.current",
            "module.eks_blueprints_addons_lbc.module.velero.helm_release.this",
            "module.eks_blueprints_addons_lbc.module.vpa.aws_iam_policy.this",
            "module.eks_blueprints_addons_lbc.module.vpa.aws_iam_role.this",
            "module.eks_blueprints_addons_lbc.module.vpa.aws_iam_role_policy_attachment.additional",
            "module.eks_blueprints_addons_lbc.module.vpa.aws_iam_role_policy_attachment.this",
            "module.eks_blueprints_addons_lbc.module.vpa.data.aws_caller_identity.current",
            "module.eks_blueprints_addons_lbc.module.vpa.data.aws_iam_policy_document.assume",
            "module.eks_blueprints_addons_lbc.module.vpa.data.aws_iam_policy_document.this",
            "module.eks_blueprints_addons_lbc.module.vpa.data.aws_partition.current",
            "module.eks_blueprints_addons_lbc.module.vpa.helm_release.this",
            "module.eks_blueprints_addons_lbc.random_bytes.this",
            "module.eks_blueprints_addons_lbc.time_sleep.this"
          ]
        }
      ]
    },
    {
      "module": "module.eks_blueprints_addons.module.external_secrets",
      "mode": "managed",
      "type": "aws_iam_role",
      "name": "this",
      "provider": "provider[\"registry.terraform.io/hashicorp/aws\"]",
      "instances": [
        {
          "index_key": 0,
          "schema_version": 0,
          "attributes": {
            "arn": "arn:aws:iam::640168420071:role/external-secrets-2025012417153840780000000f",
            "assume_role_policy": "{\"Statement\":[{\"Action\":\"sts:AssumeRoleWithWebIdentity\",\"Condition\":{\"StringEquals\":{\"oidc.eks.us-east-1.amazonaws.com/id/D182618C592393E5D7FB39906CF93EED:aud\":\"sts.amazonaws.com\",\"oidc.eks.us-east-1.amazonaws.com/id/D182618C592393E5D7FB39906CF93EED:sub\":\"system:serviceaccount:external-secrets:external-secrets-sa\"}},\"Effect\":\"Allow\",\"Principal\":{\"Federated\":\"arn:aws:iam::640168420071:oidc-provider/oidc.eks.us-east-1.amazonaws.com/id/D182618C592393E5D7FB39906CF93EED\"}}],\"Version\":\"2012-10-17\"}",
            "create_date": "2025-01-24T17:15:38Z",
            "description": "IRSA for external-secrets operator",
            "force_detach_policies": true,
            "id": "external-secrets-2025012417153840780000000f",
            "inline_policy": [],
            "managed_policy_arns": [
              "arn:aws:iam::640168420071:policy/external-secrets-2025012417150840810000000e"
            ],
            "max_session_duration": 3600,
            "name": "external-secrets-2025012417153840780000000f",
            "name_prefix": "external-secrets-",
            "path": "/",
            "permissions_boundary": "",
            "tags": {},
            "tags_all": {},
            "unique_id": "AROAZKDIC4LT3KTF4WHKO"
          },
          "sensitive_attributes": [],
          "private": "bnVsbA==",
          "dependencies": [
            "aws_eks_pod_identity_association.aws_lbc",
            "aws_eks_pod_identity_association.ebs_csi_driver",
            "aws_iam_role.aws_lbc",
            "aws_iam_role.ebs_csi_driver",
            "aws_iam_role_policy.aws_lbc",
            "aws_iam_role_policy_attachment.ebs_csi_driver",
            "data.aws_iam_policy_document.aws_lbc",
            "data.aws_iam_policy_document.aws_lbc_assume",
            "data.aws_iam_policy_document.ebs_csi_driver",
            "module.eks_blueprints_addons.module.external_secrets.data.aws_caller_identity.current",
            "module.eks_blueprints_addons.module.external_secrets.data.aws_iam_policy_document.assume",
            "module.eks_blueprints_addons.module.external_secrets.data.aws_partition.current",
            "module.eks_blueprints_addons.time_sleep.this",
            "module.eks_blueprints_addons_lbc.aws_autoscaling_group_tag.aws_node_termination_handler",
            "module.eks_blueprints_addons_lbc.aws_autoscaling_lifecycle_hook.aws_node_termination_handler",
            "module.eks_blueprints_addons_lbc.aws_cloudformation_stack.usage_telemetry",
            "module.eks_blueprints_addons_lbc.aws_cloudwatch_event_rule.aws_node_termination_handler",
            "module.eks_blueprints_addons_lbc.aws_cloudwatch_event_rule.karpenter",
            "module.eks_blueprints_addons_lbc.aws_cloudwatch_event_target.aws_node_termination_handler",
            "module.eks_blueprints_addons_lbc.aws_cloudwatch_event_target.karpenter",
            "module.eks_blueprints_addons_lbc.aws_cloudwatch_log_group.aws_for_fluentbit",
            "module.eks_blueprints_addons_lbc.aws_cloudwatch_log_group.fargate_fluentbit",
            "module.eks_blueprints_addons_lbc.aws_eks_addon.this",
            "module.eks_blueprints_addons_lbc.aws_iam_instance_profile.karpenter",
            "module.eks_blueprints_addons_lbc.aws_iam_policy.fargate_fluentbit",
            "module.eks_blueprints_addons_lbc.aws_iam_role.karpenter",
            "module.eks_blueprints_addons_lbc.aws_iam_role_policy_attachment.additional",
            "module.eks_blueprints_addons_lbc.aws_iam_role_policy_attachment.karpenter",
            "module.eks_blueprints_addons_lbc.data.aws_caller_identity.current",
            "module.eks_blueprints_addons_lbc.data.aws_eks_addon_version.this",
            "module.eks_blueprints_addons_lbc.data.aws_iam_policy_document.aws_efs_csi_driver",
            "module.eks_blueprints_addons_lbc.data.aws_iam_policy_document.aws_for_fluentbit",
            "module.eks_blueprints_addons_lbc.data.aws_iam_policy_document.aws_fsx_csi_driver",
            "module.eks_blueprints_addons_lbc.data.aws_iam_policy_document.aws_gateway_api_controller",
            "module.eks_blueprints_addons_lbc.data.aws_iam_policy_document.aws_load_balancer_controller",
            "module.eks_blueprints_addons_lbc.data.aws_iam_policy_document.aws_node_termination_handler",
            "module.eks_blueprints_addons_lbc.data.aws_iam_policy_document.aws_privateca_issuer",
            "module.eks_blueprints_addons_lbc.data.aws_iam_policy_document.cert_manager",
            "module.eks_blueprints_addons_lbc.data.aws_iam_policy_document.cluster_autoscaler",
            "module.eks_blueprints_addons_lbc.data.aws_iam_policy_document.external_dns",
            "module.eks_blueprints_addons_lbc.data.aws_iam_policy_document.external_secrets",
            "module.eks_blueprints_addons_lbc.data.aws_iam_policy_document.fargate_fluentbit",
            "module.eks_blueprints_addons_lbc.data.aws_iam_policy_document.karpenter",
            "module.eks_blueprints_addons_lbc.data.aws_iam_policy_document.karpenter_assume_role",
            "module.eks_blueprints_addons_lbc.data.aws_iam_policy_document.velero",
            "module.eks_blueprints_addons_lbc.data.aws_partition.current",
            "module.eks_blueprints_addons_lbc.data.aws_region.current",
            "module.eks_blueprints_addons_lbc.helm_release.this",
            "module.eks_blueprints_addons_lbc.kubernetes_config_map_v1.aws_logging",
            "module.eks_blueprints_addons_lbc.kubernetes_config_map_v1_data.aws_for_fluentbit_containerinsights",
            "module.eks_blueprints_addons_lbc.kubernetes_namespace_v1.aws_observability",
            "module.eks_blueprints_addons_lbc.module.argo_events.aws_iam_policy.this",
            "module.eks_blueprints_addons_lbc.module.argo_events.aws_iam_role.this",
            "module.eks_blueprints_addons_lbc.module.argo_events.aws_iam_role_policy_attachment.additional",
            "module.eks_blueprints_addons_lbc.module.argo_events.aws_iam_role_policy_attachment.this",
            "module.eks_blueprints_addons_lbc.module.argo_events.data.aws_caller_identity.current",
            "module.eks_blueprints_addons_lbc.module.argo_events.data.aws_iam_policy_document.assume",
            "module.eks_blueprints_addons_lbc.module.argo_events.data.aws_iam_policy_document.this",
            "module.eks_blueprints_addons_lbc.module.argo_events.data.aws_partition.current",
            "module.eks_blueprints_addons_lbc.module.argo_events.helm_release.this",
            "module.eks_blueprints_addons_lbc.module.argo_rollouts.aws_iam_policy.this",
            "module.eks_blueprints_addons_lbc.module.argo_rollouts.aws_iam_role.this",
            "module.eks_blueprints_addons_lbc.module.argo_rollouts.aws_iam_role_policy_attachment.additional",
            "module.eks_blueprints_addons_lbc.module.argo_rollouts.aws_iam_role_policy_attachment.this",
            "module.eks_blueprints_addons_lbc.module.argo_rollouts.data.aws_caller_identity.current",
            "module.eks_blueprints_addons_lbc.module.argo_rollouts.data.aws_iam_policy_document.assume",
            "module.eks_blueprints_addons_lbc.module.argo_rollouts.data.aws_iam_policy_document.this",
            "module.eks_blueprints_addons_lbc.module.argo_rollouts.data.aws_partition.current",
            "module.eks_blueprints_addons_lbc.module.argo_rollouts.helm_release.this",
            "module.eks_blueprints_addons_lbc.module.argo_workflows.aws_iam_policy.this",
            "module.eks_blueprints_addons_lbc.module.argo_workflows.aws_iam_role.this",
            "module.eks_blueprints_addons_lbc.module.argo_workflows.aws_iam_role_policy_attachment.additional",
            "module.eks_blueprints_addons_lbc.module.argo_workflows.aws_iam_role_policy_attachment.this",
            "module.eks_blueprints_addons_lbc.module.argo_workflows.data.aws_caller_identity.current",
            "module.eks_blueprints_addons_lbc.module.argo_workflows.data.aws_iam_policy_document.assume",
            "module.eks_blueprints_addons_lbc.module.argo_workflows.data.aws_iam_policy_document.this",
            "module.eks_blueprints_addons_lbc.module.argo_workflows.data.aws_partition.current",
            "module.eks_blueprints_addons_lbc.module.argo_workflows.helm_release.this",
            "module.eks_blueprints_addons_lbc.module.argocd.aws_iam_policy.this",
            "module.eks_blueprints_addons_lbc.module.argocd.aws_iam_role.this",
            "module.eks_blueprints_addons_lbc.module.argocd.aws_iam_role_policy_attachment.additional",
            "module.eks_blueprints_addons_lbc.module.argocd.aws_iam_role_policy_attachment.this",
            "module.eks_blueprints_addons_lbc.module.argocd.data.aws_caller_identity.current",
            "module.eks_blueprints_addons_lbc.module.argocd.data.aws_iam_policy_document.assume",
            "module.eks_blueprints_addons_lbc.module.argocd.data.aws_iam_policy_document.this",
            "module.eks_blueprints_addons_lbc.module.argocd.data.aws_partition.current",
            "module.eks_blueprints_addons_lbc.module.argocd.helm_release.this",
            "module.eks_blueprints_addons_lbc.module.aws_cloudwatch_metrics.aws_iam_policy.this",
            "module.eks_blueprints_addons_lbc.module.aws_cloudwatch_metrics.aws_iam_role.this",
            "module.eks_blueprints_addons_lbc.module.aws_cloudwatch_metrics.aws_iam_role_policy_attachment.additional",
            "module.eks_blueprints_addons_lbc.module.aws_cloudwatch_metrics.aws_iam_role_policy_attachment.this",
            "module.eks_blueprints_addons_lbc.module.aws_cloudwatch_metrics.data.aws_caller_identity.current",
            "module.eks_blueprints_addons_lbc.module.aws_cloudwatch_metrics.data.aws_iam_policy_document.assume",
            "module.eks_blueprints_addons_lbc.module.aws_cloudwatch_metrics.data.aws_iam_policy_document.this",
            "module.eks_blueprints_addons_lbc.module.aws_cloudwatch_metrics.data.aws_partition.current",
            "module.eks_blueprints_addons_lbc.module.aws_cloudwatch_metrics.helm_release.this",
            "module.eks_blueprints_addons_lbc.module.aws_efs_csi_driver.aws_iam_policy.this",
            "module.eks_blueprints_addons_lbc.module.aws_efs_csi_driver.aws_iam_role.this",
            "module.eks_blueprints_addons_lbc.module.aws_efs_csi_driver.aws_iam_role_policy_attachment.additional",
            "module.eks_blueprints_addons_lbc.module.aws_efs_csi_driver.aws_iam_role_policy_attachment.this",
            "module.eks_blueprints_addons_lbc.module.aws_efs_csi_driver.data.aws_caller_identity.current",
            "module.eks_blueprints_addons_lbc.module.aws_efs_csi_driver.data.aws_iam_policy_document.assume",
            "module.eks_blueprints_addons_lbc.module.aws_efs_csi_driver.data.aws_iam_policy_document.this",
            "module.eks_blueprints_addons_lbc.module.aws_efs_csi_driver.data.aws_partition.current",
            "module.eks_blueprints_addons_lbc.module.aws_efs_csi_driver.helm_release.this",
            "module.eks_blueprints_addons_lbc.module.aws_for_fluentbit.aws_iam_policy.this",
            "module.eks_blueprints_addons_lbc.module.aws_for_fluentbit.aws_iam_role.this",
            "module.eks_blueprints_addons_lbc.module.aws_for_fluentbit.aws_iam_role_policy_attachment.additional",
            "module.eks_blueprints_addons_lbc.module.aws_for_fluentbit.aws_iam_role_policy_attachment.this",
            "module.eks_blueprints_addons_lbc.module.aws_for_fluentbit.data.aws_caller_identity.current",
            "module.eks_blueprints_addons_lbc.module.aws_for_fluentbit.data.aws_iam_policy_document.assume",
            "module.eks_blueprints_addons_lbc.module.aws_for_fluentbit.data.aws_iam_policy_document.this",
            "module.eks_blueprints_addons_lbc.module.aws_for_fluentbit.data.aws_partition.current",
            "module.eks_blueprints_addons_lbc.module.aws_for_fluentbit.helm_release.this",
            "module.eks_blueprints_addons_lbc.module.aws_fsx_csi_driver.aws_iam_policy.this",
            "module.eks_blueprints_addons_lbc.module.aws_fsx_csi_driver.aws_iam_role.this",
            "module.eks_blueprints_addons_lbc.module.aws_fsx_csi_driver.aws_iam_role_policy_attachment.additional",
            "module.eks_blueprints_addons_lbc.module.aws_fsx_csi_driver.aws_iam_role_policy_attachment.this",
            "module.eks_blueprints_addons_lbc.module.aws_fsx_csi_driver.data.aws_caller_identity.current",
            "module.eks_blueprints_addons_lbc.module.aws_fsx_csi_driver.data.aws_iam_policy_document.assume",
            "module.eks_blueprints_addons_lbc.module.aws_fsx_csi_driver.data.aws_iam_policy_document.this",
            "module.eks_blueprints_addons_lbc.module.aws_fsx_csi_driver.data.aws_partition.current",
            "module.eks_blueprints_addons_lbc.module.aws_fsx_csi_driver.helm_release.this",
            "module.eks_blueprints_addons_lbc.module.aws_gateway_api_controller.aws_iam_policy.this",
            "module.eks_blueprints_addons_lbc.module.aws_gateway_api_controller.aws_iam_role.this",
            "module.eks_blueprints_addons_lbc.module.aws_gateway_api_controller.aws_iam_role_policy_attachment.additional",
            "module.eks_blueprints_addons_lbc.module.aws_gateway_api_controller.aws_iam_role_policy_attachment.this",
            "module.eks_blueprints_addons_lbc.module.aws_gateway_api_controller.data.aws_caller_identity.current",
            "module.eks_blueprints_addons_lbc.module.aws_gateway_api_controller.data.aws_iam_policy_document.assume",
            "module.eks_blueprints_addons_lbc.module.aws_gateway_api_controller.data.aws_iam_policy_document.this",
            "module.eks_blueprints_addons_lbc.module.aws_gateway_api_controller.data.aws_partition.current",
            "module.eks_blueprints_addons_lbc.module.aws_gateway_api_controller.helm_release.this",
            "module.eks_blueprints_addons_lbc.module.aws_load_balancer_controller.aws_iam_policy.this",
            "module.eks_blueprints_addons_lbc.module.aws_load_balancer_controller.aws_iam_role.this",
            "module.eks_blueprints_addons_lbc.module.aws_load_balancer_controller.aws_iam_role_policy_attachment.additional",
            "module.eks_blueprints_addons_lbc.module.aws_load_balancer_controller.aws_iam_role_policy_attachment.this",
            "module.eks_blueprints_addons_lbc.module.aws_load_balancer_controller.data.aws_caller_identity.current",
            "module.eks_blueprints_addons_lbc.module.aws_load_balancer_controller.data.aws_iam_policy_document.assume",
            "module.eks_blueprints_addons_lbc.module.aws_load_balancer_controller.data.aws_iam_policy_document.this",
            "module.eks_blueprints_addons_lbc.module.aws_load_balancer_controller.data.aws_partition.current",
            "module.eks_blueprints_addons_lbc.module.aws_load_balancer_controller.helm_release.this",
            "module.eks_blueprints_addons_lbc.module.aws_node_termination_handler.aws_iam_policy.this",
            "module.eks_blueprints_addons_lbc.module.aws_node_termination_handler.aws_iam_role.this",
            "module.eks_blueprints_addons_lbc.module.aws_node_termination_handler.aws_iam_role_policy_attachment.additional",
            "module.eks_blueprints_addons_lbc.module.aws_node_termination_handler.aws_iam_role_policy_attachment.this",
            "module.eks_blueprints_addons_lbc.module.aws_node_termination_handler.data.aws_caller_identity.current",
            "module.eks_blueprints_addons_lbc.module.aws_node_termination_handler.data.aws_iam_policy_document.assume",
            "module.eks_blueprints_addons_lbc.module.aws_node_termination_handler.data.aws_iam_policy_document.this",
            "module.eks_blueprints_addons_lbc.module.aws_node_termination_handler.data.aws_partition.current",
            "module.eks_blueprints_addons_lbc.module.aws_node_termination_handler.helm_release.this",
            "module.eks_blueprints_addons_lbc.module.aws_node_termination_handler_sqs.aws_sqs_queue.dlq",
            "module.eks_blueprints_addons_lbc.module.aws_node_termination_handler_sqs.aws_sqs_queue.this",
            "module.eks_blueprints_addons_lbc.module.aws_node_termination_handler_sqs.aws_sqs_queue_policy.dlq",
            "module.eks_blueprints_addons_lbc.module.aws_node_termination_handler_sqs.aws_sqs_queue_policy.this",
            "module.eks_blueprints_addons_lbc.module.aws_node_termination_handler_sqs.aws_sqs_queue_redrive_allow_policy.dlq",
            "module.eks_blueprints_addons_lbc.module.aws_node_termination_handler_sqs.aws_sqs_queue_redrive_allow_policy.this",
            "module.eks_blueprints_addons_lbc.module.aws_node_termination_handler_sqs.aws_sqs_queue_redrive_policy.dlq",
            "module.eks_blueprints_addons_lbc.module.aws_node_termination_handler_sqs.aws_sqs_queue_redrive_policy.this",
            "module.eks_blueprints_addons_lbc.module.aws_node_termination_handler_sqs.data.aws_iam_policy_document.dlq",
            "module.eks_blueprints_addons_lbc.module.aws_node_termination_handler_sqs.data.aws_iam_policy_document.this",
            "module.eks_blueprints_addons_lbc.module.aws_privateca_issuer.aws_iam_policy.this",
            "module.eks_blueprints_addons_lbc.module.aws_privateca_issuer.aws_iam_role.this",
            "module.eks_blueprints_addons_lbc.module.aws_privateca_issuer.aws_iam_role_policy_attachment.additional",
            "module.eks_blueprints_addons_lbc.module.aws_privateca_issuer.aws_iam_role_policy_attachment.this",
            "module.eks_blueprints_addons_lbc.module.aws_privateca_issuer.data.aws_caller_identity.current",
            "module.eks_blueprints_addons_lbc.module.aws_privateca_issuer.data.aws_iam_policy_document.assume",
            "module.eks_blueprints_addons_lbc.module.aws_privateca_issuer.data.aws_iam_policy_document.this",
            "module.eks_blueprints_addons_lbc.module.aws_privateca_issuer.data.aws_partition.current",
            "module.eks_blueprints_addons_lbc.module.aws_privateca_issuer.helm_release.this",
            "module.eks_blueprints_addons_lbc.module.bottlerocket_shadow.aws_iam_policy.this",
            "module.eks_blueprints_addons_lbc.module.bottlerocket_shadow.aws_iam_role.this",
            "module.eks_blueprints_addons_lbc.module.bottlerocket_shadow.aws_iam_role_policy_attachment.additional",
            "module.eks_blueprints_addons_lbc.module.bottlerocket_shadow.aws_iam_role_policy_attachment.this",
            "module.eks_blueprints_addons_lbc.module.bottlerocket_shadow.data.aws_caller_identity.current",
            "module.eks_blueprints_addons_lbc.module.bottlerocket_shadow.data.aws_iam_policy_document.assume",
            "module.eks_blueprints_addons_lbc.module.bottlerocket_shadow.data.aws_iam_policy_document.this",
            "module.eks_blueprints_addons_lbc.module.bottlerocket_shadow.data.aws_partition.current",
            "module.eks_blueprints_addons_lbc.module.bottlerocket_shadow.helm_release.this",
            "module.eks_blueprints_addons_lbc.module.bottlerocket_update_operator.aws_iam_policy.this",
            "module.eks_blueprints_addons_lbc.module.bottlerocket_update_operator.aws_iam_role.this",
            "module.eks_blueprints_addons_lbc.module.bottlerocket_update_operator.aws_iam_role_policy_attachment.additional",
            "module.eks_blueprints_addons_lbc.module.bottlerocket_update_operator.aws_iam_role_policy_attachment.this",
            "module.eks_blueprints_addons_lbc.module.bottlerocket_update_operator.data.aws_caller_identity.current",
            "module.eks_blueprints_addons_lbc.module.bottlerocket_update_operator.data.aws_iam_policy_document.assume",
            "module.eks_blueprints_addons_lbc.module.bottlerocket_update_operator.data.aws_iam_policy_document.this",
            "module.eks_blueprints_addons_lbc.module.bottlerocket_update_operator.data.aws_partition.current",
            "module.eks_blueprints_addons_lbc.module.bottlerocket_update_operator.helm_release.this",
            "module.eks_blueprints_addons_lbc.module.cert_manager.aws_iam_policy.this",
            "module.eks_blueprints_addons_lbc.module.cert_manager.aws_iam_role.this",
            "module.eks_blueprints_addons_lbc.module.cert_manager.aws_iam_role_policy_attachment.additional",
            "module.eks_blueprints_addons_lbc.module.cert_manager.aws_iam_role_policy_attachment.this",
            "module.eks_blueprints_addons_lbc.module.cert_manager.data.aws_caller_identity.current",
            "module.eks_blueprints_addons_lbc.module.cert_manager.data.aws_iam_policy_document.assume",
            "module.eks_blueprints_addons_lbc.module.cert_manager.data.aws_iam_policy_document.this",
            "module.eks_blueprints_addons_lbc.module.cert_manager.data.aws_partition.current",
            "module.eks_blueprints_addons_lbc.module.cert_manager.helm_release.this",
            "module.eks_blueprints_addons_lbc.module.cluster_autoscaler.aws_iam_policy.this",
            "module.eks_blueprints_addons_lbc.module.cluster_autoscaler.aws_iam_role.this",
            "module.eks_blueprints_addons_lbc.module.cluster_autoscaler.aws_iam_role_policy_attachment.additional",
            "module.eks_blueprints_addons_lbc.module.cluster_autoscaler.aws_iam_role_policy_attachment.this",
            "module.eks_blueprints_addons_lbc.module.cluster_autoscaler.data.aws_caller_identity.current",
            "module.eks_blueprints_addons_lbc.module.cluster_autoscaler.data.aws_iam_policy_document.assume",
            "module.eks_blueprints_addons_lbc.module.cluster_autoscaler.data.aws_iam_policy_document.this",
            "module.eks_blueprints_addons_lbc.module.cluster_autoscaler.data.aws_partition.current",
            "module.eks_blueprints_addons_lbc.module.cluster_autoscaler.helm_release.this",
            "module.eks_blueprints_addons_lbc.module.cluster_proportional_autoscaler.aws_iam_policy.this",
            "module.eks_blueprints_addons_lbc.module.cluster_proportional_autoscaler.aws_iam_role.this",
            "module.eks_blueprints_addons_lbc.module.cluster_proportional_autoscaler.aws_iam_role_policy_attachment.additional",
            "module.eks_blueprints_addons_lbc.module.cluster_proportional_autoscaler.aws_iam_role_policy_attachment.this",
            "module.eks_blueprints_addons_lbc.module.cluster_proportional_autoscaler.data.aws_caller_identity.current",
            "module.eks_blueprints_addons_lbc.module.cluster_proportional_autoscaler.data.aws_iam_policy_document.assume",
            "module.eks_blueprints_addons_lbc.module.cluster_proportional_autoscaler.data.aws_iam_policy_document.this",
            "module.eks_blueprints_addons_lbc.module.cluster_proportional_autoscaler.data.aws_partition.current",
            "module.eks_blueprints_addons_lbc.module.cluster_proportional_autoscaler.helm_release.this",
            "module.eks_blueprints_addons_lbc.module.external_dns.aws_iam_policy.this",
            "module.eks_blueprints_addons_lbc.module.external_dns.aws_iam_role.this",
            "module.eks_blueprints_addons_lbc.module.external_dns.aws_iam_role_policy_attachment.additional",
            "module.eks_blueprints_addons_lbc.module.external_dns.aws_iam_role_policy_attachment.this",
            "module.eks_blueprints_addons_lbc.module.external_dns.data.aws_caller_identity.current",
            "module.eks_blueprints_addons_lbc.module.external_dns.data.aws_iam_policy_document.assume",
            "module.eks_blueprints_addons_lbc.module.external_dns.data.aws_iam_policy_document.this",
            "module.eks_blueprints_addons_lbc.module.external_dns.data.aws_partition.current",
            "module.eks_blueprints_addons_lbc.module.external_dns.helm_release.this",
            "module.eks_blueprints_addons_lbc.module.external_secrets.aws_iam_policy.this",
            "module.eks_blueprints_addons_lbc.module.external_secrets.aws_iam_role.this",
            "module.eks_blueprints_addons_lbc.module.external_secrets.aws_iam_role_policy_attachment.additional",
            "module.eks_blueprints_addons_lbc.module.external_secrets.aws_iam_role_policy_attachment.this",
            "module.eks_blueprints_addons_lbc.module.external_secrets.data.aws_caller_identity.current",
            "module.eks_blueprints_addons_lbc.module.external_secrets.data.aws_iam_policy_document.assume",
            "module.eks_blueprints_addons_lbc.module.external_secrets.data.aws_iam_policy_document.this",
            "module.eks_blueprints_addons_lbc.module.external_secrets.data.aws_partition.current",
            "module.eks_blueprints_addons_lbc.module.external_secrets.helm_release.this",
            "module.eks_blueprints_addons_lbc.module.gatekeeper.aws_iam_policy.this",
            "module.eks_blueprints_addons_lbc.module.gatekeeper.aws_iam_role.this",
            "module.eks_blueprints_addons_lbc.module.gatekeeper.aws_iam_role_policy_attachment.additional",
            "module.eks_blueprints_addons_lbc.module.gatekeeper.aws_iam_role_policy_attachment.this",
            "module.eks_blueprints_addons_lbc.module.gatekeeper.data.aws_caller_identity.current",
            "module.eks_blueprints_addons_lbc.module.gatekeeper.data.aws_iam_policy_document.assume",
            "module.eks_blueprints_addons_lbc.module.gatekeeper.data.aws_iam_policy_document.this",
            "module.eks_blueprints_addons_lbc.module.gatekeeper.data.aws_partition.current",
            "module.eks_blueprints_addons_lbc.module.gatekeeper.helm_release.this",
            "module.eks_blueprints_addons_lbc.module.ingress_nginx.aws_iam_policy.this",
            "module.eks_blueprints_addons_lbc.module.ingress_nginx.aws_iam_role.this",
            "module.eks_blueprints_addons_lbc.module.ingress_nginx.aws_iam_role_policy_attachment.additional",
            "module.eks_blueprints_addons_lbc.module.ingress_nginx.aws_iam_role_policy_attachment.this",
            "module.eks_blueprints_addons_lbc.module.ingress_nginx.data.aws_caller_identity.current",
            "module.eks_blueprints_addons_lbc.module.ingress_nginx.data.aws_iam_policy_document.assume",
            "module.eks_blueprints_addons_lbc.module.ingress_nginx.data.aws_iam_policy_document.this",
            "module.eks_blueprints_addons_lbc.module.ingress_nginx.data.aws_partition.current",
            "module.eks_blueprints_addons_lbc.module.ingress_nginx.helm_release.this",
            "module.eks_blueprints_addons_lbc.module.karpenter.aws_iam_policy.this",
            "module.eks_blueprints_addons_lbc.module.karpenter.aws_iam_role.this",
            "module.eks_blueprints_addons_lbc.module.karpenter.aws_iam_role_policy_attachment.additional",
            "module.eks_blueprints_addons_lbc.module.karpenter.aws_iam_role_policy_attachment.this",
            "module.eks_blueprints_addons_lbc.module.karpenter.data.aws_caller_identity.current",
            "module.eks_blueprints_addons_lbc.module.karpenter.data.aws_iam_policy_document.assume",
            "module.eks_blueprints_addons_lbc.module.karpenter.data.aws_iam_policy_document.this",
            "module.eks_blueprints_addons_lbc.module.karpenter.data.aws_partition.current",
            "module.eks_blueprints_addons_lbc.module.karpenter.helm_release.this",
            "module.eks_blueprints_addons_lbc.module.karpenter_sqs.aws_sqs_queue.dlq",
            "module.eks_blueprints_addons_lbc.module.karpenter_sqs.aws_sqs_queue.this",
            "module.eks_blueprints_addons_lbc.module.karpenter_sqs.aws_sqs_queue_policy.dlq",
            "module.eks_blueprints_addons_lbc.module.karpenter_sqs.aws_sqs_queue_policy.this",
            "module.eks_blueprints_addons_lbc.module.karpenter_sqs.aws_sqs_queue_redrive_allow_policy.dlq",
            "module.eks_blueprints_addons_lbc.module.karpenter_sqs.aws_sqs_queue_redrive_allow_policy.this",
            "module.eks_blueprints_addons_lbc.module.karpenter_sqs.aws_sqs_queue_redrive_policy.dlq",
            "module.eks_blueprints_addons_lbc.module.karpenter_sqs.aws_sqs_queue_redrive_policy.this",
            "module.eks_blueprints_addons_lbc.module.karpenter_sqs.data.aws_iam_policy_document.dlq",
            "module.eks_blueprints_addons_lbc.module.karpenter_sqs.data.aws_iam_policy_document.this",
            "module.eks_blueprints_addons_lbc.module.kube_prometheus_stack.aws_iam_policy.this",
            "module.eks_blueprints_addons_lbc.module.kube_prometheus_stack.aws_iam_role.this",
            "module.eks_blueprints_addons_lbc.module.kube_prometheus_stack.aws_iam_role_policy_attachment.additional",
            "module.eks_blueprints_addons_lbc.module.kube_prometheus_stack.aws_iam_role_policy_attachment.this",
            "module.eks_blueprints_addons_lbc.module.kube_prometheus_stack.data.aws_caller_identity.current",
            "module.eks_blueprints_addons_lbc.module.kube_prometheus_stack.data.aws_iam_policy_document.assume",
            "module.eks_blueprints_addons_lbc.module.kube_prometheus_stack.data.aws_iam_policy_document.this",
            "module.eks_blueprints_addons_lbc.module.kube_prometheus_stack.data.aws_partition.current",
            "module.eks_blueprints_addons_lbc.module.kube_prometheus_stack.helm_release.this",
            "module.eks_blueprints_addons_lbc.module.metrics_server.aws_iam_policy.this",
            "module.eks_blueprints_addons_lbc.module.metrics_server.aws_iam_role.this",
            "module.eks_blueprints_addons_lbc.module.metrics_server.aws_iam_role_policy_attachment.additional",
            "module.eks_blueprints_addons_lbc.module.metrics_server.aws_iam_role_policy_attachment.this",
            "module.eks_blueprints_addons_lbc.module.metrics_server.data.aws_caller_identity.current",
            "module.eks_blueprints_addons_lbc.module.metrics_server.data.aws_iam_policy_document.assume",
            "module.eks_blueprints_addons_lbc.module.metrics_server.data.aws_iam_policy_document.this",
            "module.eks_blueprints_addons_lbc.module.metrics_server.data.aws_partition.current",
            "module.eks_blueprints_addons_lbc.module.metrics_server.helm_release.this",
            "module.eks_blueprints_addons_lbc.module.secrets_store_csi_driver.aws_iam_policy.this",
            "module.eks_blueprints_addons_lbc.module.secrets_store_csi_driver.aws_iam_role.this",
            "module.eks_blueprints_addons_lbc.module.secrets_store_csi_driver.aws_iam_role_policy_attachment.additional",
            "module.eks_blueprints_addons_lbc.module.secrets_store_csi_driver.aws_iam_role_policy_attachment.this",
            "module.eks_blueprints_addons_lbc.module.secrets_store_csi_driver.data.aws_caller_identity.current",
            "module.eks_blueprints_addons_lbc.module.secrets_store_csi_driver.data.aws_iam_policy_document.assume",
            "module.eks_blueprints_addons_lbc.module.secrets_store_csi_driver.data.aws_iam_policy_document.this",
            "module.eks_blueprints_addons_lbc.module.secrets_store_csi_driver.data.aws_partition.current",
            "module.eks_blueprints_addons_lbc.module.secrets_store_csi_driver.helm_release.this",
            "module.eks_blueprints_addons_lbc.module.secrets_store_csi_driver_provider_aws.aws_iam_policy.this",
            "module.eks_blueprints_addons_lbc.module.secrets_store_csi_driver_provider_aws.aws_iam_role.this",
            "module.eks_blueprints_addons_lbc.module.secrets_store_csi_driver_provider_aws.aws_iam_role_policy_attachment.additional",
            "module.eks_blueprints_addons_lbc.module.secrets_store_csi_driver_provider_aws.aws_iam_role_policy_attachment.this",
            "module.eks_blueprints_addons_lbc.module.secrets_store_csi_driver_provider_aws.data.aws_caller_identity.current",
            "module.eks_blueprints_addons_lbc.module.secrets_store_csi_driver_provider_aws.data.aws_iam_policy_document.assume",
            "module.eks_blueprints_addons_lbc.module.secrets_store_csi_driver_provider_aws.data.aws_iam_policy_document.this",
            "module.eks_blueprints_addons_lbc.module.secrets_store_csi_driver_provider_aws.data.aws_partition.current",
            "module.eks_blueprints_addons_lbc.module.secrets_store_csi_driver_provider_aws.helm_release.this",
            "module.eks_blueprints_addons_lbc.module.velero.aws_iam_policy.this",
            "module.eks_blueprints_addons_lbc.module.velero.aws_iam_role.this",
            "module.eks_blueprints_addons_lbc.module.velero.aws_iam_role_policy_attachment.additional",
            "module.eks_blueprints_addons_lbc.module.velero.aws_iam_role_policy_attachment.this",
            "module.eks_blueprints_addons_lbc.module.velero.data.aws_caller_identity.current",
            "module.eks_blueprints_addons_lbc.module.velero.data.aws_iam_policy_document.assume",
            "module.eks_blueprints_addons_lbc.module.velero.data.aws_iam_policy_document.this",
            "module.eks_blueprints_addons_lbc.module.velero.data.aws_partition.current",
            "module.eks_blueprints_addons_lbc.module.velero.helm_release.this",
            "module.eks_blueprints_addons_lbc.module.vpa.aws_iam_policy.this",
            "module.eks_blueprints_addons_lbc.module.vpa.aws_iam_role.this",
            "module.eks_blueprints_addons_lbc.module.vpa.aws_iam_role_policy_attachment.additional",
            "module.eks_blueprints_addons_lbc.module.vpa.aws_iam_role_policy_attachment.this",
            "module.eks_blueprints_addons_lbc.module.vpa.data.aws_caller_identity.current",
            "module.eks_blueprints_addons_lbc.module.vpa.data.aws_iam_policy_document.assume",
            "module.eks_blueprints_addons_lbc.module.vpa.data.aws_iam_policy_document.this",
            "module.eks_blueprints_addons_lbc.module.vpa.data.aws_partition.current",
            "module.eks_blueprints_addons_lbc.module.vpa.helm_release.this",
            "module.eks_blueprints_addons_lbc.random_bytes.this",
            "module.eks_blueprints_addons_lbc.time_sleep.this"
          ]
        }
      ]
    },
    {
      "module": "module.eks_blueprints_addons.module.external_secrets",
      "mode": "managed",
      "type": "aws_iam_role_policy_attachment",
      "name": "this",
      "provider": "provider[\"registry.terraform.io/hashicorp/aws\"]",
      "instances": [
        {
          "index_key": 0,
          "schema_version": 0,
          "attributes": {
            "id": "external-secrets-2025012417153840780000000f-20250124171539497900000010",
            "policy_arn": "arn:aws:iam::640168420071:policy/external-secrets-2025012417150840810000000e",
            "role": "external-secrets-2025012417153840780000000f"
          },
          "sensitive_attributes": [],
          "private": "bnVsbA==",
          "dependencies": [
            "aws_eks_pod_identity_association.aws_lbc",
            "aws_eks_pod_identity_association.ebs_csi_driver",
            "aws_iam_role.aws_lbc",
            "aws_iam_role.ebs_csi_driver",
            "aws_iam_role_policy.aws_lbc",
            "aws_iam_role_policy_attachment.ebs_csi_driver",
            "data.aws_iam_policy_document.aws_lbc",
            "data.aws_iam_policy_document.aws_lbc_assume",
            "data.aws_iam_policy_document.ebs_csi_driver",
            "module.eks_blueprints_addons.data.aws_iam_policy_document.external_secrets",
            "module.eks_blueprints_addons.module.external_secrets.aws_iam_policy.this",
            "module.eks_blueprints_addons.module.external_secrets.aws_iam_role.this",
            "module.eks_blueprints_addons.module.external_secrets.data.aws_caller_identity.current",
            "module.eks_blueprints_addons.module.external_secrets.data.aws_iam_policy_document.assume",
            "module.eks_blueprints_addons.module.external_secrets.data.aws_iam_policy_document.this",
            "module.eks_blueprints_addons.module.external_secrets.data.aws_partition.current",
            "module.eks_blueprints_addons.time_sleep.this",
            "module.eks_blueprints_addons_lbc.aws_autoscaling_group_tag.aws_node_termination_handler",
            "module.eks_blueprints_addons_lbc.aws_autoscaling_lifecycle_hook.aws_node_termination_handler",
            "module.eks_blueprints_addons_lbc.aws_cloudformation_stack.usage_telemetry",
            "module.eks_blueprints_addons_lbc.aws_cloudwatch_event_rule.aws_node_termination_handler",
            "module.eks_blueprints_addons_lbc.aws_cloudwatch_event_rule.karpenter",
            "module.eks_blueprints_addons_lbc.aws_cloudwatch_event_target.aws_node_termination_handler",
            "module.eks_blueprints_addons_lbc.aws_cloudwatch_event_target.karpenter",
            "module.eks_blueprints_addons_lbc.aws_cloudwatch_log_group.aws_for_fluentbit",
            "module.eks_blueprints_addons_lbc.aws_cloudwatch_log_group.fargate_fluentbit",
            "module.eks_blueprints_addons_lbc.aws_eks_addon.this",
            "module.eks_blueprints_addons_lbc.aws_iam_instance_profile.karpenter",
            "module.eks_blueprints_addons_lbc.aws_iam_policy.fargate_fluentbit",
            "module.eks_blueprints_addons_lbc.aws_iam_role.karpenter",
            "module.eks_blueprints_addons_lbc.aws_iam_role_policy_attachment.additional",
            "module.eks_blueprints_addons_lbc.aws_iam_role_policy_attachment.karpenter",
            "module.eks_blueprints_addons_lbc.data.aws_caller_identity.current",
            "module.eks_blueprints_addons_lbc.data.aws_eks_addon_version.this",
            "module.eks_blueprints_addons_lbc.data.aws_iam_policy_document.aws_efs_csi_driver",
            "module.eks_blueprints_addons_lbc.data.aws_iam_policy_document.aws_for_fluentbit",
            "module.eks_blueprints_addons_lbc.data.aws_iam_policy_document.aws_fsx_csi_driver",
            "module.eks_blueprints_addons_lbc.data.aws_iam_policy_document.aws_gateway_api_controller",
            "module.eks_blueprints_addons_lbc.data.aws_iam_policy_document.aws_load_balancer_controller",
            "module.eks_blueprints_addons_lbc.data.aws_iam_policy_document.aws_node_termination_handler",
            "module.eks_blueprints_addons_lbc.data.aws_iam_policy_document.aws_privateca_issuer",
            "module.eks_blueprints_addons_lbc.data.aws_iam_policy_document.cert_manager",
            "module.eks_blueprints_addons_lbc.data.aws_iam_policy_document.cluster_autoscaler",
            "module.eks_blueprints_addons_lbc.data.aws_iam_policy_document.external_dns",
            "module.eks_blueprints_addons_lbc.data.aws_iam_policy_document.external_secrets",
            "module.eks_blueprints_addons_lbc.data.aws_iam_policy_document.fargate_fluentbit",
            "module.eks_blueprints_addons_lbc.data.aws_iam_policy_document.karpenter",
            "module.eks_blueprints_addons_lbc.data.aws_iam_policy_document.karpenter_assume_role",
            "module.eks_blueprints_addons_lbc.data.aws_iam_policy_document.velero",
            "module.eks_blueprints_addons_lbc.data.aws_partition.current",
            "module.eks_blueprints_addons_lbc.data.aws_region.current",
            "module.eks_blueprints_addons_lbc.helm_release.this",
            "module.eks_blueprints_addons_lbc.kubernetes_config_map_v1.aws_logging",
            "module.eks_blueprints_addons_lbc.kubernetes_config_map_v1_data.aws_for_fluentbit_containerinsights",
            "module.eks_blueprints_addons_lbc.kubernetes_namespace_v1.aws_observability",
            "module.eks_blueprints_addons_lbc.module.argo_events.aws_iam_policy.this",
            "module.eks_blueprints_addons_lbc.module.argo_events.aws_iam_role.this",
            "module.eks_blueprints_addons_lbc.module.argo_events.aws_iam_role_policy_attachment.additional",
            "module.eks_blueprints_addons_lbc.module.argo_events.aws_iam_role_policy_attachment.this",
            "module.eks_blueprints_addons_lbc.module.argo_events.data.aws_caller_identity.current",
            "module.eks_blueprints_addons_lbc.module.argo_events.data.aws_iam_policy_document.assume",
            "module.eks_blueprints_addons_lbc.module.argo_events.data.aws_iam_policy_document.this",
            "module.eks_blueprints_addons_lbc.module.argo_events.data.aws_partition.current",
            "module.eks_blueprints_addons_lbc.module.argo_events.helm_release.this",
            "module.eks_blueprints_addons_lbc.module.argo_rollouts.aws_iam_policy.this",
            "module.eks_blueprints_addons_lbc.module.argo_rollouts.aws_iam_role.this",
            "module.eks_blueprints_addons_lbc.module.argo_rollouts.aws_iam_role_policy_attachment.additional",
            "module.eks_blueprints_addons_lbc.module.argo_rollouts.aws_iam_role_policy_attachment.this",
            "module.eks_blueprints_addons_lbc.module.argo_rollouts.data.aws_caller_identity.current",
            "module.eks_blueprints_addons_lbc.module.argo_rollouts.data.aws_iam_policy_document.assume",
            "module.eks_blueprints_addons_lbc.module.argo_rollouts.data.aws_iam_policy_document.this",
            "module.eks_blueprints_addons_lbc.module.argo_rollouts.data.aws_partition.current",
            "module.eks_blueprints_addons_lbc.module.argo_rollouts.helm_release.this",
            "module.eks_blueprints_addons_lbc.module.argo_workflows.aws_iam_policy.this",
            "module.eks_blueprints_addons_lbc.module.argo_workflows.aws_iam_role.this",
            "module.eks_blueprints_addons_lbc.module.argo_workflows.aws_iam_role_policy_attachment.additional",
            "module.eks_blueprints_addons_lbc.module.argo_workflows.aws_iam_role_policy_attachment.this",
            "module.eks_blueprints_addons_lbc.module.argo_workflows.data.aws_caller_identity.current",
            "module.eks_blueprints_addons_lbc.module.argo_workflows.data.aws_iam_policy_document.assume",
            "module.eks_blueprints_addons_lbc.module.argo_workflows.data.aws_iam_policy_document.this",
            "module.eks_blueprints_addons_lbc.module.argo_workflows.data.aws_partition.current",
            "module.eks_blueprints_addons_lbc.module.argo_workflows.helm_release.this",
            "module.eks_blueprints_addons_lbc.module.argocd.aws_iam_policy.this",
            "module.eks_blueprints_addons_lbc.module.argocd.aws_iam_role.this",
            "module.eks_blueprints_addons_lbc.module.argocd.aws_iam_role_policy_attachment.additional",
            "module.eks_blueprints_addons_lbc.module.argocd.aws_iam_role_policy_attachment.this",
            "module.eks_blueprints_addons_lbc.module.argocd.data.aws_caller_identity.current",
            "module.eks_blueprints_addons_lbc.module.argocd.data.aws_iam_policy_document.assume",
            "module.eks_blueprints_addons_lbc.module.argocd.data.aws_iam_policy_document.this",
            "module.eks_blueprints_addons_lbc.module.argocd.data.aws_partition.current",
            "module.eks_blueprints_addons_lbc.module.argocd.helm_release.this",
            "module.eks_blueprints_addons_lbc.module.aws_cloudwatch_metrics.aws_iam_policy.this",
            "module.eks_blueprints_addons_lbc.module.aws_cloudwatch_metrics.aws_iam_role.this",
            "module.eks_blueprints_addons_lbc.module.aws_cloudwatch_metrics.aws_iam_role_policy_attachment.additional",
            "module.eks_blueprints_addons_lbc.module.aws_cloudwatch_metrics.aws_iam_role_policy_attachment.this",
            "module.eks_blueprints_addons_lbc.module.aws_cloudwatch_metrics.data.aws_caller_identity.current",
            "module.eks_blueprints_addons_lbc.module.aws_cloudwatch_metrics.data.aws_iam_policy_document.assume",
            "module.eks_blueprints_addons_lbc.module.aws_cloudwatch_metrics.data.aws_iam_policy_document.this",
            "module.eks_blueprints_addons_lbc.module.aws_cloudwatch_metrics.data.aws_partition.current",
            "module.eks_blueprints_addons_lbc.module.aws_cloudwatch_metrics.helm_release.this",
            "module.eks_blueprints_addons_lbc.module.aws_efs_csi_driver.aws_iam_policy.this",
            "module.eks_blueprints_addons_lbc.module.aws_efs_csi_driver.aws_iam_role.this",
            "module.eks_blueprints_addons_lbc.module.aws_efs_csi_driver.aws_iam_role_policy_attachment.additional",
            "module.eks_blueprints_addons_lbc.module.aws_efs_csi_driver.aws_iam_role_policy_attachment.this",
            "module.eks_blueprints_addons_lbc.module.aws_efs_csi_driver.data.aws_caller_identity.current",
            "module.eks_blueprints_addons_lbc.module.aws_efs_csi_driver.data.aws_iam_policy_document.assume",
            "module.eks_blueprints_addons_lbc.module.aws_efs_csi_driver.data.aws_iam_policy_document.this",
            "module.eks_blueprints_addons_lbc.module.aws_efs_csi_driver.data.aws_partition.current",
            "module.eks_blueprints_addons_lbc.module.aws_efs_csi_driver.helm_release.this",
            "module.eks_blueprints_addons_lbc.module.aws_for_fluentbit.aws_iam_policy.this",
            "module.eks_blueprints_addons_lbc.module.aws_for_fluentbit.aws_iam_role.this",
            "module.eks_blueprints_addons_lbc.module.aws_for_fluentbit.aws_iam_role_policy_attachment.additional",
            "module.eks_blueprints_addons_lbc.module.aws_for_fluentbit.aws_iam_role_policy_attachment.this",
            "module.eks_blueprints_addons_lbc.module.aws_for_fluentbit.data.aws_caller_identity.current",
            "module.eks_blueprints_addons_lbc.module.aws_for_fluentbit.data.aws_iam_policy_document.assume",
            "module.eks_blueprints_addons_lbc.module.aws_for_fluentbit.data.aws_iam_policy_document.this",
            "module.eks_blueprints_addons_lbc.module.aws_for_fluentbit.data.aws_partition.current",
            "module.eks_blueprints_addons_lbc.module.aws_for_fluentbit.helm_release.this",
            "module.eks_blueprints_addons_lbc.module.aws_fsx_csi_driver.aws_iam_policy.this",
            "module.eks_blueprints_addons_lbc.module.aws_fsx_csi_driver.aws_iam_role.this",
            "module.eks_blueprints_addons_lbc.module.aws_fsx_csi_driver.aws_iam_role_policy_attachment.additional",
            "module.eks_blueprints_addons_lbc.module.aws_fsx_csi_driver.aws_iam_role_policy_attachment.this",
            "module.eks_blueprints_addons_lbc.module.aws_fsx_csi_driver.data.aws_caller_identity.current",
            "module.eks_blueprints_addons_lbc.module.aws_fsx_csi_driver.data.aws_iam_policy_document.assume",
            "module.eks_blueprints_addons_lbc.module.aws_fsx_csi_driver.data.aws_iam_policy_document.this",
            "module.eks_blueprints_addons_lbc.module.aws_fsx_csi_driver.data.aws_partition.current",
            "module.eks_blueprints_addons_lbc.module.aws_fsx_csi_driver.helm_release.this",
            "module.eks_blueprints_addons_lbc.module.aws_gateway_api_controller.aws_iam_policy.this",
            "module.eks_blueprints_addons_lbc.module.aws_gateway_api_controller.aws_iam_role.this",
            "module.eks_blueprints_addons_lbc.module.aws_gateway_api_controller.aws_iam_role_policy_attachment.additional",
            "module.eks_blueprints_addons_lbc.module.aws_gateway_api_controller.aws_iam_role_policy_attachment.this",
            "module.eks_blueprints_addons_lbc.module.aws_gateway_api_controller.data.aws_caller_identity.current",
            "module.eks_blueprints_addons_lbc.module.aws_gateway_api_controller.data.aws_iam_policy_document.assume",
            "module.eks_blueprints_addons_lbc.module.aws_gateway_api_controller.data.aws_iam_policy_document.this",
            "module.eks_blueprints_addons_lbc.module.aws_gateway_api_controller.data.aws_partition.current",
            "module.eks_blueprints_addons_lbc.module.aws_gateway_api_controller.helm_release.this",
            "module.eks_blueprints_addons_lbc.module.aws_load_balancer_controller.aws_iam_policy.this",
            "module.eks_blueprints_addons_lbc.module.aws_load_balancer_controller.aws_iam_role.this",
            "module.eks_blueprints_addons_lbc.module.aws_load_balancer_controller.aws_iam_role_policy_attachment.additional",
            "module.eks_blueprints_addons_lbc.module.aws_load_balancer_controller.aws_iam_role_policy_attachment.this",
            "module.eks_blueprints_addons_lbc.module.aws_load_balancer_controller.data.aws_caller_identity.current",
            "module.eks_blueprints_addons_lbc.module.aws_load_balancer_controller.data.aws_iam_policy_document.assume",
            "module.eks_blueprints_addons_lbc.module.aws_load_balancer_controller.data.aws_iam_policy_document.this",
            "module.eks_blueprints_addons_lbc.module.aws_load_balancer_controller.data.aws_partition.current",
            "module.eks_blueprints_addons_lbc.module.aws_load_balancer_controller.helm_release.this",
            "module.eks_blueprints_addons_lbc.module.aws_node_termination_handler.aws_iam_policy.this",
            "module.eks_blueprints_addons_lbc.module.aws_node_termination_handler.aws_iam_role.this",
            "module.eks_blueprints_addons_lbc.module.aws_node_termination_handler.aws_iam_role_policy_attachment.additional",
            "module.eks_blueprints_addons_lbc.module.aws_node_termination_handler.aws_iam_role_policy_attachment.this",
            "module.eks_blueprints_addons_lbc.module.aws_node_termination_handler.data.aws_caller_identity.current",
            "module.eks_blueprints_addons_lbc.module.aws_node_termination_handler.data.aws_iam_policy_document.assume",
            "module.eks_blueprints_addons_lbc.module.aws_node_termination_handler.data.aws_iam_policy_document.this",
            "module.eks_blueprints_addons_lbc.module.aws_node_termination_handler.data.aws_partition.current",
            "module.eks_blueprints_addons_lbc.module.aws_node_termination_handler.helm_release.this",
            "module.eks_blueprints_addons_lbc.module.aws_node_termination_handler_sqs.aws_sqs_queue.dlq",
            "module.eks_blueprints_addons_lbc.module.aws_node_termination_handler_sqs.aws_sqs_queue.this",
            "module.eks_blueprints_addons_lbc.module.aws_node_termination_handler_sqs.aws_sqs_queue_policy.dlq",
            "module.eks_blueprints_addons_lbc.module.aws_node_termination_handler_sqs.aws_sqs_queue_policy.this",
            "module.eks_blueprints_addons_lbc.module.aws_node_termination_handler_sqs.aws_sqs_queue_redrive_allow_policy.dlq",
            "module.eks_blueprints_addons_lbc.module.aws_node_termination_handler_sqs.aws_sqs_queue_redrive_allow_policy.this",
            "module.eks_blueprints_addons_lbc.module.aws_node_termination_handler_sqs.aws_sqs_queue_redrive_policy.dlq",
            "module.eks_blueprints_addons_lbc.module.aws_node_termination_handler_sqs.aws_sqs_queue_redrive_policy.this",
            "module.eks_blueprints_addons_lbc.module.aws_node_termination_handler_sqs.data.aws_iam_policy_document.dlq",
            "module.eks_blueprints_addons_lbc.module.aws_node_termination_handler_sqs.data.aws_iam_policy_document.this",
            "module.eks_blueprints_addons_lbc.module.aws_privateca_issuer.aws_iam_policy.this",
            "module.eks_blueprints_addons_lbc.module.aws_privateca_issuer.aws_iam_role.this",
            "module.eks_blueprints_addons_lbc.module.aws_privateca_issuer.aws_iam_role_policy_attachment.additional",
            "module.eks_blueprints_addons_lbc.module.aws_privateca_issuer.aws_iam_role_policy_attachment.this",
            "module.eks_blueprints_addons_lbc.module.aws_privateca_issuer.data.aws_caller_identity.current",
            "module.eks_blueprints_addons_lbc.module.aws_privateca_issuer.data.aws_iam_policy_document.assume",
            "module.eks_blueprints_addons_lbc.module.aws_privateca_issuer.data.aws_iam_policy_document.this",
            "module.eks_blueprints_addons_lbc.module.aws_privateca_issuer.data.aws_partition.current",
            "module.eks_blueprints_addons_lbc.module.aws_privateca_issuer.helm_release.this",
            "module.eks_blueprints_addons_lbc.module.bottlerocket_shadow.aws_iam_policy.this",
            "module.eks_blueprints_addons_lbc.module.bottlerocket_shadow.aws_iam_role.this",
            "module.eks_blueprints_addons_lbc.module.bottlerocket_shadow.aws_iam_role_policy_attachment.additional",
            "module.eks_blueprints_addons_lbc.module.bottlerocket_shadow.aws_iam_role_policy_attachment.this",
            "module.eks_blueprints_addons_lbc.module.bottlerocket_shadow.data.aws_caller_identity.current",
            "module.eks_blueprints_addons_lbc.module.bottlerocket_shadow.data.aws_iam_policy_document.assume",
            "module.eks_blueprints_addons_lbc.module.bottlerocket_shadow.data.aws_iam_policy_document.this",
            "module.eks_blueprints_addons_lbc.module.bottlerocket_shadow.data.aws_partition.current",
            "module.eks_blueprints_addons_lbc.module.bottlerocket_shadow.helm_release.this",
            "module.eks_blueprints_addons_lbc.module.bottlerocket_update_operator.aws_iam_policy.this",
            "module.eks_blueprints_addons_lbc.module.bottlerocket_update_operator.aws_iam_role.this",
            "module.eks_blueprints_addons_lbc.module.bottlerocket_update_operator.aws_iam_role_policy_attachment.additional",
            "module.eks_blueprints_addons_lbc.module.bottlerocket_update_operator.aws_iam_role_policy_attachment.this",
            "module.eks_blueprints_addons_lbc.module.bottlerocket_update_operator.data.aws_caller_identity.current",
            "module.eks_blueprints_addons_lbc.module.bottlerocket_update_operator.data.aws_iam_policy_document.assume",
            "module.eks_blueprints_addons_lbc.module.bottlerocket_update_operator.data.aws_iam_policy_document.this",
            "module.eks_blueprints_addons_lbc.module.bottlerocket_update_operator.data.aws_partition.current",
            "module.eks_blueprints_addons_lbc.module.bottlerocket_update_operator.helm_release.this",
            "module.eks_blueprints_addons_lbc.module.cert_manager.aws_iam_policy.this",
            "module.eks_blueprints_addons_lbc.module.cert_manager.aws_iam_role.this",
            "module.eks_blueprints_addons_lbc.module.cert_manager.aws_iam_role_policy_attachment.additional",
            "module.eks_blueprints_addons_lbc.module.cert_manager.aws_iam_role_policy_attachment.this",
            "module.eks_blueprints_addons_lbc.module.cert_manager.data.aws_caller_identity.current",
            "module.eks_blueprints_addons_lbc.module.cert_manager.data.aws_iam_policy_document.assume",
            "module.eks_blueprints_addons_lbc.module.cert_manager.data.aws_iam_policy_document.this",
            "module.eks_blueprints_addons_lbc.module.cert_manager.data.aws_partition.current",
            "module.eks_blueprints_addons_lbc.module.cert_manager.helm_release.this",
            "module.eks_blueprints_addons_lbc.module.cluster_autoscaler.aws_iam_policy.this",
            "module.eks_blueprints_addons_lbc.module.cluster_autoscaler.aws_iam_role.this",
            "module.eks_blueprints_addons_lbc.module.cluster_autoscaler.aws_iam_role_policy_attachment.additional",
            "module.eks_blueprints_addons_lbc.module.cluster_autoscaler.aws_iam_role_policy_attachment.this",
            "module.eks_blueprints_addons_lbc.module.cluster_autoscaler.data.aws_caller_identity.current",
            "module.eks_blueprints_addons_lbc.module.cluster_autoscaler.data.aws_iam_policy_document.assume",
            "module.eks_blueprints_addons_lbc.module.cluster_autoscaler.data.aws_iam_policy_document.this",
            "module.eks_blueprints_addons_lbc.module.cluster_autoscaler.data.aws_partition.current",
            "module.eks_blueprints_addons_lbc.module.cluster_autoscaler.helm_release.this",
            "module.eks_blueprints_addons_lbc.module.cluster_proportional_autoscaler.aws_iam_policy.this",
            "module.eks_blueprints_addons_lbc.module.cluster_proportional_autoscaler.aws_iam_role.this",
            "module.eks_blueprints_addons_lbc.module.cluster_proportional_autoscaler.aws_iam_role_policy_attachment.additional",
            "module.eks_blueprints_addons_lbc.module.cluster_proportional_autoscaler.aws_iam_role_policy_attachment.this",
            "module.eks_blueprints_addons_lbc.module.cluster_proportional_autoscaler.data.aws_caller_identity.current",
            "module.eks_blueprints_addons_lbc.module.cluster_proportional_autoscaler.data.aws_iam_policy_document.assume",
            "module.eks_blueprints_addons_lbc.module.cluster_proportional_autoscaler.data.aws_iam_policy_document.this",
            "module.eks_blueprints_addons_lbc.module.cluster_proportional_autoscaler.data.aws_partition.current",
            "module.eks_blueprints_addons_lbc.module.cluster_proportional_autoscaler.helm_release.this",
            "module.eks_blueprints_addons_lbc.module.external_dns.aws_iam_policy.this",
            "module.eks_blueprints_addons_lbc.module.external_dns.aws_iam_role.this",
            "module.eks_blueprints_addons_lbc.module.external_dns.aws_iam_role_policy_attachment.additional",
            "module.eks_blueprints_addons_lbc.module.external_dns.aws_iam_role_policy_attachment.this",
            "module.eks_blueprints_addons_lbc.module.external_dns.data.aws_caller_identity.current",
            "module.eks_blueprints_addons_lbc.module.external_dns.data.aws_iam_policy_document.assume",
            "module.eks_blueprints_addons_lbc.module.external_dns.data.aws_iam_policy_document.this",
            "module.eks_blueprints_addons_lbc.module.external_dns.data.aws_partition.current",
            "module.eks_blueprints_addons_lbc.module.external_dns.helm_release.this",
            "module.eks_blueprints_addons_lbc.module.external_secrets.aws_iam_policy.this",
            "module.eks_blueprints_addons_lbc.module.external_secrets.aws_iam_role.this",
            "module.eks_blueprints_addons_lbc.module.external_secrets.aws_iam_role_policy_attachment.additional",
            "module.eks_blueprints_addons_lbc.module.external_secrets.aws_iam_role_policy_attachment.this",
            "module.eks_blueprints_addons_lbc.module.external_secrets.data.aws_caller_identity.current",
            "module.eks_blueprints_addons_lbc.module.external_secrets.data.aws_iam_policy_document.assume",
            "module.eks_blueprints_addons_lbc.module.external_secrets.data.aws_iam_policy_document.this",
            "module.eks_blueprints_addons_lbc.module.external_secrets.data.aws_partition.current",
            "module.eks_blueprints_addons_lbc.module.external_secrets.helm_release.this",
            "module.eks_blueprints_addons_lbc.module.gatekeeper.aws_iam_policy.this",
            "module.eks_blueprints_addons_lbc.module.gatekeeper.aws_iam_role.this",
            "module.eks_blueprints_addons_lbc.module.gatekeeper.aws_iam_role_policy_attachment.additional",
            "module.eks_blueprints_addons_lbc.module.gatekeeper.aws_iam_role_policy_attachment.this",
            "module.eks_blueprints_addons_lbc.module.gatekeeper.data.aws_caller_identity.current",
            "module.eks_blueprints_addons_lbc.module.gatekeeper.data.aws_iam_policy_document.assume",
            "module.eks_blueprints_addons_lbc.module.gatekeeper.data.aws_iam_policy_document.this",
            "module.eks_blueprints_addons_lbc.module.gatekeeper.data.aws_partition.current",
            "module.eks_blueprints_addons_lbc.module.gatekeeper.helm_release.this",
            "module.eks_blueprints_addons_lbc.module.ingress_nginx.aws_iam_policy.this",
            "module.eks_blueprints_addons_lbc.module.ingress_nginx.aws_iam_role.this",
            "module.eks_blueprints_addons_lbc.module.ingress_nginx.aws_iam_role_policy_attachment.additional",
            "module.eks_blueprints_addons_lbc.module.ingress_nginx.aws_iam_role_policy_attachment.this",
            "module.eks_blueprints_addons_lbc.module.ingress_nginx.data.aws_caller_identity.current",
            "module.eks_blueprints_addons_lbc.module.ingress_nginx.data.aws_iam_policy_document.assume",
            "module.eks_blueprints_addons_lbc.module.ingress_nginx.data.aws_iam_policy_document.this",
            "module.eks_blueprints_addons_lbc.module.ingress_nginx.data.aws_partition.current",
            "module.eks_blueprints_addons_lbc.module.ingress_nginx.helm_release.this",
            "module.eks_blueprints_addons_lbc.module.karpenter.aws_iam_policy.this",
            "module.eks_blueprints_addons_lbc.module.karpenter.aws_iam_role.this",
            "module.eks_blueprints_addons_lbc.module.karpenter.aws_iam_role_policy_attachment.additional",
            "module.eks_blueprints_addons_lbc.module.karpenter.aws_iam_role_policy_attachment.this",
            "module.eks_blueprints_addons_lbc.module.karpenter.data.aws_caller_identity.current",
            "module.eks_blueprints_addons_lbc.module.karpenter.data.aws_iam_policy_document.assume",
            "module.eks_blueprints_addons_lbc.module.karpenter.data.aws_iam_policy_document.this",
            "module.eks_blueprints_addons_lbc.module.karpenter.data.aws_partition.current",
            "module.eks_blueprints_addons_lbc.module.karpenter.helm_release.this",
            "module.eks_blueprints_addons_lbc.module.karpenter_sqs.aws_sqs_queue.dlq",
            "module.eks_blueprints_addons_lbc.module.karpenter_sqs.aws_sqs_queue.this",
            "module.eks_blueprints_addons_lbc.module.karpenter_sqs.aws_sqs_queue_policy.dlq",
            "module.eks_blueprints_addons_lbc.module.karpenter_sqs.aws_sqs_queue_policy.this",
            "module.eks_blueprints_addons_lbc.module.karpenter_sqs.aws_sqs_queue_redrive_allow_policy.dlq",
            "module.eks_blueprints_addons_lbc.module.karpenter_sqs.aws_sqs_queue_redrive_allow_policy.this",
            "module.eks_blueprints_addons_lbc.module.karpenter_sqs.aws_sqs_queue_redrive_policy.dlq",
            "module.eks_blueprints_addons_lbc.module.karpenter_sqs.aws_sqs_queue_redrive_policy.this",
            "module.eks_blueprints_addons_lbc.module.karpenter_sqs.data.aws_iam_policy_document.dlq",
            "module.eks_blueprints_addons_lbc.module.karpenter_sqs.data.aws_iam_policy_document.this",
            "module.eks_blueprints_addons_lbc.module.kube_prometheus_stack.aws_iam_policy.this",
            "module.eks_blueprints_addons_lbc.module.kube_prometheus_stack.aws_iam_role.this",
            "module.eks_blueprints_addons_lbc.module.kube_prometheus_stack.aws_iam_role_policy_attachment.additional",
            "module.eks_blueprints_addons_lbc.module.kube_prometheus_stack.aws_iam_role_policy_attachment.this",
            "module.eks_blueprints_addons_lbc.module.kube_prometheus_stack.data.aws_caller_identity.current",
            "module.eks_blueprints_addons_lbc.module.kube_prometheus_stack.data.aws_iam_policy_document.assume",
            "module.eks_blueprints_addons_lbc.module.kube_prometheus_stack.data.aws_iam_policy_document.this",
            "module.eks_blueprints_addons_lbc.module.kube_prometheus_stack.data.aws_partition.current",
            "module.eks_blueprints_addons_lbc.module.kube_prometheus_stack.helm_release.this",
            "module.eks_blueprints_addons_lbc.module.metrics_server.aws_iam_policy.this",
            "module.eks_blueprints_addons_lbc.module.metrics_server.aws_iam_role.this",
            "module.eks_blueprints_addons_lbc.module.metrics_server.aws_iam_role_policy_attachment.additional",
            "module.eks_blueprints_addons_lbc.module.metrics_server.aws_iam_role_policy_attachment.this",
            "module.eks_blueprints_addons_lbc.module.metrics_server.data.aws_caller_identity.current",
            "module.eks_blueprints_addons_lbc.module.metrics_server.data.aws_iam_policy_document.assume",
            "module.eks_blueprints_addons_lbc.module.metrics_server.data.aws_iam_policy_document.this",
            "module.eks_blueprints_addons_lbc.module.metrics_server.data.aws_partition.current",
            "module.eks_blueprints_addons_lbc.module.metrics_server.helm_release.this",
            "module.eks_blueprints_addons_lbc.module.secrets_store_csi_driver.aws_iam_policy.this",
            "module.eks_blueprints_addons_lbc.module.secrets_store_csi_driver.aws_iam_role.this",
            "module.eks_blueprints_addons_lbc.module.secrets_store_csi_driver.aws_iam_role_policy_attachment.additional",
            "module.eks_blueprints_addons_lbc.module.secrets_store_csi_driver.aws_iam_role_policy_attachment.this",
            "module.eks_blueprints_addons_lbc.module.secrets_store_csi_driver.data.aws_caller_identity.current",
            "module.eks_blueprints_addons_lbc.module.secrets_store_csi_driver.data.aws_iam_policy_document.assume",
            "module.eks_blueprints_addons_lbc.module.secrets_store_csi_driver.data.aws_iam_policy_document.this",
            "module.eks_blueprints_addons_lbc.module.secrets_store_csi_driver.data.aws_partition.current",
            "module.eks_blueprints_addons_lbc.module.secrets_store_csi_driver.helm_release.this",
            "module.eks_blueprints_addons_lbc.module.secrets_store_csi_driver_provider_aws.aws_iam_policy.this",
            "module.eks_blueprints_addons_lbc.module.secrets_store_csi_driver_provider_aws.aws_iam_role.this",
            "module.eks_blueprints_addons_lbc.module.secrets_store_csi_driver_provider_aws.aws_iam_role_policy_attachment.additional",
            "module.eks_blueprints_addons_lbc.module.secrets_store_csi_driver_provider_aws.aws_iam_role_policy_attachment.this",
            "module.eks_blueprints_addons_lbc.module.secrets_store_csi_driver_provider_aws.data.aws_caller_identity.current",
            "module.eks_blueprints_addons_lbc.module.secrets_store_csi_driver_provider_aws.data.aws_iam_policy_document.assume",
            "module.eks_blueprints_addons_lbc.module.secrets_store_csi_driver_provider_aws.data.aws_iam_policy_document.this",
            "module.eks_blueprints_addons_lbc.module.secrets_store_csi_driver_provider_aws.data.aws_partition.current",
            "module.eks_blueprints_addons_lbc.module.secrets_store_csi_driver_provider_aws.helm_release.this",
            "module.eks_blueprints_addons_lbc.module.velero.aws_iam_policy.this",
            "module.eks_blueprints_addons_lbc.module.velero.aws_iam_role.this",
            "module.eks_blueprints_addons_lbc.module.velero.aws_iam_role_policy_attachment.additional",
            "module.eks_blueprints_addons_lbc.module.velero.aws_iam_role_policy_attachment.this",
            "module.eks_blueprints_addons_lbc.module.velero.data.aws_caller_identity.current",
            "module.eks_blueprints_addons_lbc.module.velero.data.aws_iam_policy_document.assume",
            "module.eks_blueprints_addons_lbc.module.velero.data.aws_iam_policy_document.this",
            "module.eks_blueprints_addons_lbc.module.velero.data.aws_partition.current",
            "module.eks_blueprints_addons_lbc.module.velero.helm_release.this",
            "module.eks_blueprints_addons_lbc.module.vpa.aws_iam_policy.this",
            "module.eks_blueprints_addons_lbc.module.vpa.aws_iam_role.this",
            "module.eks_blueprints_addons_lbc.module.vpa.aws_iam_role_policy_attachment.additional",
            "module.eks_blueprints_addons_lbc.module.vpa.aws_iam_role_policy_attachment.this",
            "module.eks_blueprints_addons_lbc.module.vpa.data.aws_caller_identity.current",
            "module.eks_blueprints_addons_lbc.module.vpa.data.aws_iam_policy_document.assume",
            "module.eks_blueprints_addons_lbc.module.vpa.data.aws_iam_policy_document.this",
            "module.eks_blueprints_addons_lbc.module.vpa.data.aws_partition.current",
            "module.eks_blueprints_addons_lbc.module.vpa.helm_release.this",
            "module.eks_blueprints_addons_lbc.random_bytes.this",
            "module.eks_blueprints_addons_lbc.time_sleep.this"
          ]
        }
      ]
    },
    {
      "module": "module.eks_blueprints_addons.module.external_secrets",
      "mode": "managed",
      "type": "helm_release",
      "name": "this",
      "provider": "provider[\"registry.terraform.io/hashicorp/helm\"]",
      "instances": [
        {
          "index_key": 0,
          "schema_version": 1,
          "attributes": {
            "atomic": false,
            "chart": "external-secrets",
            "cleanup_on_fail": false,
            "create_namespace": true,
            "dependency_update": false,
            "description": "A Helm chart to deploy external-secrets",
            "devel": null,
            "disable_crd_hooks": false,
            "disable_openapi_validation": false,
            "disable_webhooks": false,
            "force_update": false,
            "id": "external-secrets",
            "keyring": null,
            "lint": false,
            "manifest": null,
            "max_history": 0,
            "metadata": [
              {
                "app_version": "v0.9.13",
                "chart": "external-secrets",
                "first_deployed": 1737738942,
                "last_deployed": 1737738942,
                "name": "external-secrets",
                "namespace": "external-secrets",
                "notes": "external-secrets has been deployed successfully!\n\nIn order to begin using ExternalSecrets, you will need to set up a SecretStore\nor ClusterSecretStore resource (for example, by creating a 'vault' SecretStore).\n\nMore information on the different types of SecretStores and how to configure them\ncan be found in our Github: https://github.com/external-secrets/external-secrets\n\n",
                "revision": 1,
                "values": "{\"serviceAccount\":{\"annotations\":{\"eks.amazonaws.com/role-arn\":\"arn:aws:iam::640168420071:role/external-secrets-2025012417153840780000000f\"},\"name\":\"external-secrets-sa\"},\"webhook\":{\"port\":10250}}",
                "version": "0.9.13"
              }
            ],
            "name": "external-secrets",
            "namespace": "external-secrets",
            "pass_credentials": false,
            "postrender": [],
            "recreate_pods": false,
            "render_subchart_notes": true,
            "replace": false,
            "repository": "https://charts.external-secrets.io",
            "repository_ca_file": null,
            "repository_cert_file": null,
            "repository_key_file": null,
            "repository_password": null,
            "repository_username": null,
            "reset_values": false,
            "reuse_values": false,
            "set": [
              {
                "name": "serviceAccount.annotations.eks\\.amazonaws\\.com/role-arn",
                "type": "",
                "value": "arn:aws:iam::640168420071:role/external-secrets-2025012417153840780000000f"
              },
              {
                "name": "serviceAccount.name",
                "type": "",
                "value": "external-secrets-sa"
              },
              {
                "name": "webhook.port",
                "type": "",
                "value": "10250"
              }
            ],
            "set_list": [],
            "set_sensitive": [],
            "skip_crds": false,
            "status": "deployed",
            "timeout": 300,
            "upgrade_install": null,
            "values": [],
            "verify": false,
            "version": "0.9.13",
            "wait": false,
            "wait_for_jobs": false
          },
          "sensitive_attributes": [
            [
              {
                "type": "get_attr",
                "value": "repository_password"
              }
            ]
          ],
          "private": "eyJzY2hlbWFfdmVyc2lvbiI6IjEifQ==",
          "dependencies": [
            "aws_eks_pod_identity_association.aws_lbc",
            "aws_eks_pod_identity_association.ebs_csi_driver",
            "aws_iam_role.aws_lbc",
            "aws_iam_role.ebs_csi_driver",
            "aws_iam_role_policy.aws_lbc",
            "aws_iam_role_policy_attachment.ebs_csi_driver",
            "data.aws_iam_policy_document.aws_lbc",
            "data.aws_iam_policy_document.aws_lbc_assume",
            "data.aws_iam_policy_document.ebs_csi_driver",
            "module.eks_blueprints_addons.module.external_secrets.aws_iam_role.this",
            "module.eks_blueprints_addons.module.external_secrets.data.aws_caller_identity.current",
            "module.eks_blueprints_addons.module.external_secrets.data.aws_iam_policy_document.assume",
            "module.eks_blueprints_addons.module.external_secrets.data.aws_partition.current",
            "module.eks_blueprints_addons.time_sleep.this",
            "module.eks_blueprints_addons_lbc.aws_autoscaling_group_tag.aws_node_termination_handler",
            "module.eks_blueprints_addons_lbc.aws_autoscaling_lifecycle_hook.aws_node_termination_handler",
            "module.eks_blueprints_addons_lbc.aws_cloudformation_stack.usage_telemetry",
            "module.eks_blueprints_addons_lbc.aws_cloudwatch_event_rule.aws_node_termination_handler",
            "module.eks_blueprints_addons_lbc.aws_cloudwatch_event_rule.karpenter",
            "module.eks_blueprints_addons_lbc.aws_cloudwatch_event_target.aws_node_termination_handler",
            "module.eks_blueprints_addons_lbc.aws_cloudwatch_event_target.karpenter",
            "module.eks_blueprints_addons_lbc.aws_cloudwatch_log_group.aws_for_fluentbit",
            "module.eks_blueprints_addons_lbc.aws_cloudwatch_log_group.fargate_fluentbit",
            "module.eks_blueprints_addons_lbc.aws_eks_addon.this",
            "module.eks_blueprints_addons_lbc.aws_iam_instance_profile.karpenter",
            "module.eks_blueprints_addons_lbc.aws_iam_policy.fargate_fluentbit",
            "module.eks_blueprints_addons_lbc.aws_iam_role.karpenter",
            "module.eks_blueprints_addons_lbc.aws_iam_role_policy_attachment.additional",
            "module.eks_blueprints_addons_lbc.aws_iam_role_policy_attachment.karpenter",
            "module.eks_blueprints_addons_lbc.data.aws_caller_identity.current",
            "module.eks_blueprints_addons_lbc.data.aws_eks_addon_version.this",
            "module.eks_blueprints_addons_lbc.data.aws_iam_policy_document.aws_efs_csi_driver",
            "module.eks_blueprints_addons_lbc.data.aws_iam_policy_document.aws_for_fluentbit",
            "module.eks_blueprints_addons_lbc.data.aws_iam_policy_document.aws_fsx_csi_driver",
            "module.eks_blueprints_addons_lbc.data.aws_iam_policy_document.aws_gateway_api_controller",
            "module.eks_blueprints_addons_lbc.data.aws_iam_policy_document.aws_load_balancer_controller",
            "module.eks_blueprints_addons_lbc.data.aws_iam_policy_document.aws_node_termination_handler",
            "module.eks_blueprints_addons_lbc.data.aws_iam_policy_document.aws_privateca_issuer",
            "module.eks_blueprints_addons_lbc.data.aws_iam_policy_document.cert_manager",
            "module.eks_blueprints_addons_lbc.data.aws_iam_policy_document.cluster_autoscaler",
            "module.eks_blueprints_addons_lbc.data.aws_iam_policy_document.external_dns",
            "module.eks_blueprints_addons_lbc.data.aws_iam_policy_document.external_secrets",
            "module.eks_blueprints_addons_lbc.data.aws_iam_policy_document.fargate_fluentbit",
            "module.eks_blueprints_addons_lbc.data.aws_iam_policy_document.karpenter",
            "module.eks_blueprints_addons_lbc.data.aws_iam_policy_document.karpenter_assume_role",
            "module.eks_blueprints_addons_lbc.data.aws_iam_policy_document.velero",
            "module.eks_blueprints_addons_lbc.data.aws_partition.current",
            "module.eks_blueprints_addons_lbc.data.aws_region.current",
            "module.eks_blueprints_addons_lbc.helm_release.this",
            "module.eks_blueprints_addons_lbc.kubernetes_config_map_v1.aws_logging",
            "module.eks_blueprints_addons_lbc.kubernetes_config_map_v1_data.aws_for_fluentbit_containerinsights",
            "module.eks_blueprints_addons_lbc.kubernetes_namespace_v1.aws_observability",
            "module.eks_blueprints_addons_lbc.module.argo_events.aws_iam_policy.this",
            "module.eks_blueprints_addons_lbc.module.argo_events.aws_iam_role.this",
            "module.eks_blueprints_addons_lbc.module.argo_events.aws_iam_role_policy_attachment.additional",
            "module.eks_blueprints_addons_lbc.module.argo_events.aws_iam_role_policy_attachment.this",
            "module.eks_blueprints_addons_lbc.module.argo_events.data.aws_caller_identity.current",
            "module.eks_blueprints_addons_lbc.module.argo_events.data.aws_iam_policy_document.assume",
            "module.eks_blueprints_addons_lbc.module.argo_events.data.aws_iam_policy_document.this",
            "module.eks_blueprints_addons_lbc.module.argo_events.data.aws_partition.current",
            "module.eks_blueprints_addons_lbc.module.argo_events.helm_release.this",
            "module.eks_blueprints_addons_lbc.module.argo_rollouts.aws_iam_policy.this",
            "module.eks_blueprints_addons_lbc.module.argo_rollouts.aws_iam_role.this",
            "module.eks_blueprints_addons_lbc.module.argo_rollouts.aws_iam_role_policy_attachment.additional",
            "module.eks_blueprints_addons_lbc.module.argo_rollouts.aws_iam_role_policy_attachment.this",
            "module.eks_blueprints_addons_lbc.module.argo_rollouts.data.aws_caller_identity.current",
            "module.eks_blueprints_addons_lbc.module.argo_rollouts.data.aws_iam_policy_document.assume",
            "module.eks_blueprints_addons_lbc.module.argo_rollouts.data.aws_iam_policy_document.this",
            "module.eks_blueprints_addons_lbc.module.argo_rollouts.data.aws_partition.current",
            "module.eks_blueprints_addons_lbc.module.argo_rollouts.helm_release.this",
            "module.eks_blueprints_addons_lbc.module.argo_workflows.aws_iam_policy.this",
            "module.eks_blueprints_addons_lbc.module.argo_workflows.aws_iam_role.this",
            "module.eks_blueprints_addons_lbc.module.argo_workflows.aws_iam_role_policy_attachment.additional",
            "module.eks_blueprints_addons_lbc.module.argo_workflows.aws_iam_role_policy_attachment.this",
            "module.eks_blueprints_addons_lbc.module.argo_workflows.data.aws_caller_identity.current",
            "module.eks_blueprints_addons_lbc.module.argo_workflows.data.aws_iam_policy_document.assume",
            "module.eks_blueprints_addons_lbc.module.argo_workflows.data.aws_iam_policy_document.this",
            "module.eks_blueprints_addons_lbc.module.argo_workflows.data.aws_partition.current",
            "module.eks_blueprints_addons_lbc.module.argo_workflows.helm_release.this",
            "module.eks_blueprints_addons_lbc.module.argocd.aws_iam_policy.this",
            "module.eks_blueprints_addons_lbc.module.argocd.aws_iam_role.this",
            "module.eks_blueprints_addons_lbc.module.argocd.aws_iam_role_policy_attachment.additional",
            "module.eks_blueprints_addons_lbc.module.argocd.aws_iam_role_policy_attachment.this",
            "module.eks_blueprints_addons_lbc.module.argocd.data.aws_caller_identity.current",
            "module.eks_blueprints_addons_lbc.module.argocd.data.aws_iam_policy_document.assume",
            "module.eks_blueprints_addons_lbc.module.argocd.data.aws_iam_policy_document.this",
            "module.eks_blueprints_addons_lbc.module.argocd.data.aws_partition.current",
            "module.eks_blueprints_addons_lbc.module.argocd.helm_release.this",
            "module.eks_blueprints_addons_lbc.module.aws_cloudwatch_metrics.aws_iam_policy.this",
            "module.eks_blueprints_addons_lbc.module.aws_cloudwatch_metrics.aws_iam_role.this",
            "module.eks_blueprints_addons_lbc.module.aws_cloudwatch_metrics.aws_iam_role_policy_attachment.additional",
            "module.eks_blueprints_addons_lbc.module.aws_cloudwatch_metrics.aws_iam_role_policy_attachment.this",
            "module.eks_blueprints_addons_lbc.module.aws_cloudwatch_metrics.data.aws_caller_identity.current",
            "module.eks_blueprints_addons_lbc.module.aws_cloudwatch_metrics.data.aws_iam_policy_document.assume",
            "module.eks_blueprints_addons_lbc.module.aws_cloudwatch_metrics.data.aws_iam_policy_document.this",
            "module.eks_blueprints_addons_lbc.module.aws_cloudwatch_metrics.data.aws_partition.current",
            "module.eks_blueprints_addons_lbc.module.aws_cloudwatch_metrics.helm_release.this",
            "module.eks_blueprints_addons_lbc.module.aws_efs_csi_driver.aws_iam_policy.this",
            "module.eks_blueprints_addons_lbc.module.aws_efs_csi_driver.aws_iam_role.this",
            "module.eks_blueprints_addons_lbc.module.aws_efs_csi_driver.aws_iam_role_policy_attachment.additional",
            "module.eks_blueprints_addons_lbc.module.aws_efs_csi_driver.aws_iam_role_policy_attachment.this",
            "module.eks_blueprints_addons_lbc.module.aws_efs_csi_driver.data.aws_caller_identity.current",
            "module.eks_blueprints_addons_lbc.module.aws_efs_csi_driver.data.aws_iam_policy_document.assume",
            "module.eks_blueprints_addons_lbc.module.aws_efs_csi_driver.data.aws_iam_policy_document.this",
            "module.eks_blueprints_addons_lbc.module.aws_efs_csi_driver.data.aws_partition.current",
            "module.eks_blueprints_addons_lbc.module.aws_efs_csi_driver.helm_release.this",
            "module.eks_blueprints_addons_lbc.module.aws_for_fluentbit.aws_iam_policy.this",
            "module.eks_blueprints_addons_lbc.module.aws_for_fluentbit.aws_iam_role.this",
            "module.eks_blueprints_addons_lbc.module.aws_for_fluentbit.aws_iam_role_policy_attachment.additional",
            "module.eks_blueprints_addons_lbc.module.aws_for_fluentbit.aws_iam_role_policy_attachment.this",
            "module.eks_blueprints_addons_lbc.module.aws_for_fluentbit.data.aws_caller_identity.current",
            "module.eks_blueprints_addons_lbc.module.aws_for_fluentbit.data.aws_iam_policy_document.assume",
            "module.eks_blueprints_addons_lbc.module.aws_for_fluentbit.data.aws_iam_policy_document.this",
            "module.eks_blueprints_addons_lbc.module.aws_for_fluentbit.data.aws_partition.current",
            "module.eks_blueprints_addons_lbc.module.aws_for_fluentbit.helm_release.this",
            "module.eks_blueprints_addons_lbc.module.aws_fsx_csi_driver.aws_iam_policy.this",
            "module.eks_blueprints_addons_lbc.module.aws_fsx_csi_driver.aws_iam_role.this",
            "module.eks_blueprints_addons_lbc.module.aws_fsx_csi_driver.aws_iam_role_policy_attachment.additional",
            "module.eks_blueprints_addons_lbc.module.aws_fsx_csi_driver.aws_iam_role_policy_attachment.this",
            "module.eks_blueprints_addons_lbc.module.aws_fsx_csi_driver.data.aws_caller_identity.current",
            "module.eks_blueprints_addons_lbc.module.aws_fsx_csi_driver.data.aws_iam_policy_document.assume",
            "module.eks_blueprints_addons_lbc.module.aws_fsx_csi_driver.data.aws_iam_policy_document.this",
            "module.eks_blueprints_addons_lbc.module.aws_fsx_csi_driver.data.aws_partition.current",
            "module.eks_blueprints_addons_lbc.module.aws_fsx_csi_driver.helm_release.this",
            "module.eks_blueprints_addons_lbc.module.aws_gateway_api_controller.aws_iam_policy.this",
            "module.eks_blueprints_addons_lbc.module.aws_gateway_api_controller.aws_iam_role.this",
            "module.eks_blueprints_addons_lbc.module.aws_gateway_api_controller.aws_iam_role_policy_attachment.additional",
            "module.eks_blueprints_addons_lbc.module.aws_gateway_api_controller.aws_iam_role_policy_attachment.this",
            "module.eks_blueprints_addons_lbc.module.aws_gateway_api_controller.data.aws_caller_identity.current",
            "module.eks_blueprints_addons_lbc.module.aws_gateway_api_controller.data.aws_iam_policy_document.assume",
            "module.eks_blueprints_addons_lbc.module.aws_gateway_api_controller.data.aws_iam_policy_document.this",
            "module.eks_blueprints_addons_lbc.module.aws_gateway_api_controller.data.aws_partition.current",
            "module.eks_blueprints_addons_lbc.module.aws_gateway_api_controller.helm_release.this",
            "module.eks_blueprints_addons_lbc.module.aws_load_balancer_controller.aws_iam_policy.this",
            "module.eks_blueprints_addons_lbc.module.aws_load_balancer_controller.aws_iam_role.this",
            "module.eks_blueprints_addons_lbc.module.aws_load_balancer_controller.aws_iam_role_policy_attachment.additional",
            "module.eks_blueprints_addons_lbc.module.aws_load_balancer_controller.aws_iam_role_policy_attachment.this",
            "module.eks_blueprints_addons_lbc.module.aws_load_balancer_controller.data.aws_caller_identity.current",
            "module.eks_blueprints_addons_lbc.module.aws_load_balancer_controller.data.aws_iam_policy_document.assume",
            "module.eks_blueprints_addons_lbc.module.aws_load_balancer_controller.data.aws_iam_policy_document.this",
            "module.eks_blueprints_addons_lbc.module.aws_load_balancer_controller.data.aws_partition.current",
            "module.eks_blueprints_addons_lbc.module.aws_load_balancer_controller.helm_release.this",
            "module.eks_blueprints_addons_lbc.module.aws_node_termination_handler.aws_iam_policy.this",
            "module.eks_blueprints_addons_lbc.module.aws_node_termination_handler.aws_iam_role.this",
            "module.eks_blueprints_addons_lbc.module.aws_node_termination_handler.aws_iam_role_policy_attachment.additional",
            "module.eks_blueprints_addons_lbc.module.aws_node_termination_handler.aws_iam_role_policy_attachment.this",
            "module.eks_blueprints_addons_lbc.module.aws_node_termination_handler.data.aws_caller_identity.current",
            "module.eks_blueprints_addons_lbc.module.aws_node_termination_handler.data.aws_iam_policy_document.assume",
            "module.eks_blueprints_addons_lbc.module.aws_node_termination_handler.data.aws_iam_policy_document.this",
            "module.eks_blueprints_addons_lbc.module.aws_node_termination_handler.data.aws_partition.current",
            "module.eks_blueprints_addons_lbc.module.aws_node_termination_handler.helm_release.this",
            "module.eks_blueprints_addons_lbc.module.aws_node_termination_handler_sqs.aws_sqs_queue.dlq",
            "module.eks_blueprints_addons_lbc.module.aws_node_termination_handler_sqs.aws_sqs_queue.this",
            "module.eks_blueprints_addons_lbc.module.aws_node_termination_handler_sqs.aws_sqs_queue_policy.dlq",
            "module.eks_blueprints_addons_lbc.module.aws_node_termination_handler_sqs.aws_sqs_queue_policy.this",
            "module.eks_blueprints_addons_lbc.module.aws_node_termination_handler_sqs.aws_sqs_queue_redrive_allow_policy.dlq",
            "module.eks_blueprints_addons_lbc.module.aws_node_termination_handler_sqs.aws_sqs_queue_redrive_allow_policy.this",
            "module.eks_blueprints_addons_lbc.module.aws_node_termination_handler_sqs.aws_sqs_queue_redrive_policy.dlq",
            "module.eks_blueprints_addons_lbc.module.aws_node_termination_handler_sqs.aws_sqs_queue_redrive_policy.this",
            "module.eks_blueprints_addons_lbc.module.aws_node_termination_handler_sqs.data.aws_iam_policy_document.dlq",
            "module.eks_blueprints_addons_lbc.module.aws_node_termination_handler_sqs.data.aws_iam_policy_document.this",
            "module.eks_blueprints_addons_lbc.module.aws_privateca_issuer.aws_iam_policy.this",
            "module.eks_blueprints_addons_lbc.module.aws_privateca_issuer.aws_iam_role.this",
            "module.eks_blueprints_addons_lbc.module.aws_privateca_issuer.aws_iam_role_policy_attachment.additional",
            "module.eks_blueprints_addons_lbc.module.aws_privateca_issuer.aws_iam_role_policy_attachment.this",
            "module.eks_blueprints_addons_lbc.module.aws_privateca_issuer.data.aws_caller_identity.current",
            "module.eks_blueprints_addons_lbc.module.aws_privateca_issuer.data.aws_iam_policy_document.assume",
            "module.eks_blueprints_addons_lbc.module.aws_privateca_issuer.data.aws_iam_policy_document.this",
            "module.eks_blueprints_addons_lbc.module.aws_privateca_issuer.data.aws_partition.current",
            "module.eks_blueprints_addons_lbc.module.aws_privateca_issuer.helm_release.this",
            "module.eks_blueprints_addons_lbc.module.bottlerocket_shadow.aws_iam_policy.this",
            "module.eks_blueprints_addons_lbc.module.bottlerocket_shadow.aws_iam_role.this",
            "module.eks_blueprints_addons_lbc.module.bottlerocket_shadow.aws_iam_role_policy_attachment.additional",
            "module.eks_blueprints_addons_lbc.module.bottlerocket_shadow.aws_iam_role_policy_attachment.this",
            "module.eks_blueprints_addons_lbc.module.bottlerocket_shadow.data.aws_caller_identity.current",
            "module.eks_blueprints_addons_lbc.module.bottlerocket_shadow.data.aws_iam_policy_document.assume",
            "module.eks_blueprints_addons_lbc.module.bottlerocket_shadow.data.aws_iam_policy_document.this",
            "module.eks_blueprints_addons_lbc.module.bottlerocket_shadow.data.aws_partition.current",
            "module.eks_blueprints_addons_lbc.module.bottlerocket_shadow.helm_release.this",
            "module.eks_blueprints_addons_lbc.module.bottlerocket_update_operator.aws_iam_policy.this",
            "module.eks_blueprints_addons_lbc.module.bottlerocket_update_operator.aws_iam_role.this",
            "module.eks_blueprints_addons_lbc.module.bottlerocket_update_operator.aws_iam_role_policy_attachment.additional",
            "module.eks_blueprints_addons_lbc.module.bottlerocket_update_operator.aws_iam_role_policy_attachment.this",
            "module.eks_blueprints_addons_lbc.module.bottlerocket_update_operator.data.aws_caller_identity.current",
            "module.eks_blueprints_addons_lbc.module.bottlerocket_update_operator.data.aws_iam_policy_document.assume",
            "module.eks_blueprints_addons_lbc.module.bottlerocket_update_operator.data.aws_iam_policy_document.this",
            "module.eks_blueprints_addons_lbc.module.bottlerocket_update_operator.data.aws_partition.current",
            "module.eks_blueprints_addons_lbc.module.bottlerocket_update_operator.helm_release.this",
            "module.eks_blueprints_addons_lbc.module.cert_manager.aws_iam_policy.this",
            "module.eks_blueprints_addons_lbc.module.cert_manager.aws_iam_role.this",
            "module.eks_blueprints_addons_lbc.module.cert_manager.aws_iam_role_policy_attachment.additional",
            "module.eks_blueprints_addons_lbc.module.cert_manager.aws_iam_role_policy_attachment.this",
            "module.eks_blueprints_addons_lbc.module.cert_manager.data.aws_caller_identity.current",
            "module.eks_blueprints_addons_lbc.module.cert_manager.data.aws_iam_policy_document.assume",
            "module.eks_blueprints_addons_lbc.module.cert_manager.data.aws_iam_policy_document.this",
            "module.eks_blueprints_addons_lbc.module.cert_manager.data.aws_partition.current",
            "module.eks_blueprints_addons_lbc.module.cert_manager.helm_release.this",
            "module.eks_blueprints_addons_lbc.module.cluster_autoscaler.aws_iam_policy.this",
            "module.eks_blueprints_addons_lbc.module.cluster_autoscaler.aws_iam_role.this",
            "module.eks_blueprints_addons_lbc.module.cluster_autoscaler.aws_iam_role_policy_attachment.additional",
            "module.eks_blueprints_addons_lbc.module.cluster_autoscaler.aws_iam_role_policy_attachment.this",
            "module.eks_blueprints_addons_lbc.module.cluster_autoscaler.data.aws_caller_identity.current",
            "module.eks_blueprints_addons_lbc.module.cluster_autoscaler.data.aws_iam_policy_document.assume",
            "module.eks_blueprints_addons_lbc.module.cluster_autoscaler.data.aws_iam_policy_document.this",
            "module.eks_blueprints_addons_lbc.module.cluster_autoscaler.data.aws_partition.current",
            "module.eks_blueprints_addons_lbc.module.cluster_autoscaler.helm_release.this",
            "module.eks_blueprints_addons_lbc.module.cluster_proportional_autoscaler.aws_iam_policy.this",
            "module.eks_blueprints_addons_lbc.module.cluster_proportional_autoscaler.aws_iam_role.this",
            "module.eks_blueprints_addons_lbc.module.cluster_proportional_autoscaler.aws_iam_role_policy_attachment.additional",
            "module.eks_blueprints_addons_lbc.module.cluster_proportional_autoscaler.aws_iam_role_policy_attachment.this",
            "module.eks_blueprints_addons_lbc.module.cluster_proportional_autoscaler.data.aws_caller_identity.current",
            "module.eks_blueprints_addons_lbc.module.cluster_proportional_autoscaler.data.aws_iam_policy_document.assume",
            "module.eks_blueprints_addons_lbc.module.cluster_proportional_autoscaler.data.aws_iam_policy_document.this",
            "module.eks_blueprints_addons_lbc.module.cluster_proportional_autoscaler.data.aws_partition.current",
            "module.eks_blueprints_addons_lbc.module.cluster_proportional_autoscaler.helm_release.this",
            "module.eks_blueprints_addons_lbc.module.external_dns.aws_iam_policy.this",
            "module.eks_blueprints_addons_lbc.module.external_dns.aws_iam_role.this",
            "module.eks_blueprints_addons_lbc.module.external_dns.aws_iam_role_policy_attachment.additional",
            "module.eks_blueprints_addons_lbc.module.external_dns.aws_iam_role_policy_attachment.this",
            "module.eks_blueprints_addons_lbc.module.external_dns.data.aws_caller_identity.current",
            "module.eks_blueprints_addons_lbc.module.external_dns.data.aws_iam_policy_document.assume",
            "module.eks_blueprints_addons_lbc.module.external_dns.data.aws_iam_policy_document.this",
            "module.eks_blueprints_addons_lbc.module.external_dns.data.aws_partition.current",
            "module.eks_blueprints_addons_lbc.module.external_dns.helm_release.this",
            "module.eks_blueprints_addons_lbc.module.external_secrets.aws_iam_policy.this",
            "module.eks_blueprints_addons_lbc.module.external_secrets.aws_iam_role.this",
            "module.eks_blueprints_addons_lbc.module.external_secrets.aws_iam_role_policy_attachment.additional",
            "module.eks_blueprints_addons_lbc.module.external_secrets.aws_iam_role_policy_attachment.this",
            "module.eks_blueprints_addons_lbc.module.external_secrets.data.aws_caller_identity.current",
            "module.eks_blueprints_addons_lbc.module.external_secrets.data.aws_iam_policy_document.assume",
            "module.eks_blueprints_addons_lbc.module.external_secrets.data.aws_iam_policy_document.this",
            "module.eks_blueprints_addons_lbc.module.external_secrets.data.aws_partition.current",
            "module.eks_blueprints_addons_lbc.module.external_secrets.helm_release.this",
            "module.eks_blueprints_addons_lbc.module.gatekeeper.aws_iam_policy.this",
            "module.eks_blueprints_addons_lbc.module.gatekeeper.aws_iam_role.this",
            "module.eks_blueprints_addons_lbc.module.gatekeeper.aws_iam_role_policy_attachment.additional",
            "module.eks_blueprints_addons_lbc.module.gatekeeper.aws_iam_role_policy_attachment.this",
            "module.eks_blueprints_addons_lbc.module.gatekeeper.data.aws_caller_identity.current",
            "module.eks_blueprints_addons_lbc.module.gatekeeper.data.aws_iam_policy_document.assume",
            "module.eks_blueprints_addons_lbc.module.gatekeeper.data.aws_iam_policy_document.this",
            "module.eks_blueprints_addons_lbc.module.gatekeeper.data.aws_partition.current",
            "module.eks_blueprints_addons_lbc.module.gatekeeper.helm_release.this",
            "module.eks_blueprints_addons_lbc.module.ingress_nginx.aws_iam_policy.this",
            "module.eks_blueprints_addons_lbc.module.ingress_nginx.aws_iam_role.this",
            "module.eks_blueprints_addons_lbc.module.ingress_nginx.aws_iam_role_policy_attachment.additional",
            "module.eks_blueprints_addons_lbc.module.ingress_nginx.aws_iam_role_policy_attachment.this",
            "module.eks_blueprints_addons_lbc.module.ingress_nginx.data.aws_caller_identity.current",
            "module.eks_blueprints_addons_lbc.module.ingress_nginx.data.aws_iam_policy_document.assume",
            "module.eks_blueprints_addons_lbc.module.ingress_nginx.data.aws_iam_policy_document.this",
            "module.eks_blueprints_addons_lbc.module.ingress_nginx.data.aws_partition.current",
            "module.eks_blueprints_addons_lbc.module.ingress_nginx.helm_release.this",
            "module.eks_blueprints_addons_lbc.module.karpenter.aws_iam_policy.this",
            "module.eks_blueprints_addons_lbc.module.karpenter.aws_iam_role.this",
            "module.eks_blueprints_addons_lbc.module.karpenter.aws_iam_role_policy_attachment.additional",
            "module.eks_blueprints_addons_lbc.module.karpenter.aws_iam_role_policy_attachment.this",
            "module.eks_blueprints_addons_lbc.module.karpenter.data.aws_caller_identity.current",
            "module.eks_blueprints_addons_lbc.module.karpenter.data.aws_iam_policy_document.assume",
            "module.eks_blueprints_addons_lbc.module.karpenter.data.aws_iam_policy_document.this",
            "module.eks_blueprints_addons_lbc.module.karpenter.data.aws_partition.current",
            "module.eks_blueprints_addons_lbc.module.karpenter.helm_release.this",
            "module.eks_blueprints_addons_lbc.module.karpenter_sqs.aws_sqs_queue.dlq",
            "module.eks_blueprints_addons_lbc.module.karpenter_sqs.aws_sqs_queue.this",
            "module.eks_blueprints_addons_lbc.module.karpenter_sqs.aws_sqs_queue_policy.dlq",
            "module.eks_blueprints_addons_lbc.module.karpenter_sqs.aws_sqs_queue_policy.this",
            "module.eks_blueprints_addons_lbc.module.karpenter_sqs.aws_sqs_queue_redrive_allow_policy.dlq",
            "module.eks_blueprints_addons_lbc.module.karpenter_sqs.aws_sqs_queue_redrive_allow_policy.this",
            "module.eks_blueprints_addons_lbc.module.karpenter_sqs.aws_sqs_queue_redrive_policy.dlq",
            "module.eks_blueprints_addons_lbc.module.karpenter_sqs.aws_sqs_queue_redrive_policy.this",
            "module.eks_blueprints_addons_lbc.module.karpenter_sqs.data.aws_iam_policy_document.dlq",
            "module.eks_blueprints_addons_lbc.module.karpenter_sqs.data.aws_iam_policy_document.this",
            "module.eks_blueprints_addons_lbc.module.kube_prometheus_stack.aws_iam_policy.this",
            "module.eks_blueprints_addons_lbc.module.kube_prometheus_stack.aws_iam_role.this",
            "module.eks_blueprints_addons_lbc.module.kube_prometheus_stack.aws_iam_role_policy_attachment.additional",
            "module.eks_blueprints_addons_lbc.module.kube_prometheus_stack.aws_iam_role_policy_attachment.this",
            "module.eks_blueprints_addons_lbc.module.kube_prometheus_stack.data.aws_caller_identity.current",
            "module.eks_blueprints_addons_lbc.module.kube_prometheus_stack.data.aws_iam_policy_document.assume",
            "module.eks_blueprints_addons_lbc.module.kube_prometheus_stack.data.aws_iam_policy_document.this",
            "module.eks_blueprints_addons_lbc.module.kube_prometheus_stack.data.aws_partition.current",
            "module.eks_blueprints_addons_lbc.module.kube_prometheus_stack.helm_release.this",
            "module.eks_blueprints_addons_lbc.module.metrics_server.aws_iam_policy.this",
            "module.eks_blueprints_addons_lbc.module.metrics_server.aws_iam_role.this",
            "module.eks_blueprints_addons_lbc.module.metrics_server.aws_iam_role_policy_attachment.additional",
            "module.eks_blueprints_addons_lbc.module.metrics_server.aws_iam_role_policy_attachment.this",
            "module.eks_blueprints_addons_lbc.module.metrics_server.data.aws_caller_identity.current",
            "module.eks_blueprints_addons_lbc.module.metrics_server.data.aws_iam_policy_document.assume",
            "module.eks_blueprints_addons_lbc.module.metrics_server.data.aws_iam_policy_document.this",
            "module.eks_blueprints_addons_lbc.module.metrics_server.data.aws_partition.current",
            "module.eks_blueprints_addons_lbc.module.metrics_server.helm_release.this",
            "module.eks_blueprints_addons_lbc.module.secrets_store_csi_driver.aws_iam_policy.this",
            "module.eks_blueprints_addons_lbc.module.secrets_store_csi_driver.aws_iam_role.this",
            "module.eks_blueprints_addons_lbc.module.secrets_store_csi_driver.aws_iam_role_policy_attachment.additional",
            "module.eks_blueprints_addons_lbc.module.secrets_store_csi_driver.aws_iam_role_policy_attachment.this",
            "module.eks_blueprints_addons_lbc.module.secrets_store_csi_driver.data.aws_caller_identity.current",
            "module.eks_blueprints_addons_lbc.module.secrets_store_csi_driver.data.aws_iam_policy_document.assume",
            "module.eks_blueprints_addons_lbc.module.secrets_store_csi_driver.data.aws_iam_policy_document.this",
            "module.eks_blueprints_addons_lbc.module.secrets_store_csi_driver.data.aws_partition.current",
            "module.eks_blueprints_addons_lbc.module.secrets_store_csi_driver.helm_release.this",
            "module.eks_blueprints_addons_lbc.module.secrets_store_csi_driver_provider_aws.aws_iam_policy.this",
            "module.eks_blueprints_addons_lbc.module.secrets_store_csi_driver_provider_aws.aws_iam_role.this",
            "module.eks_blueprints_addons_lbc.module.secrets_store_csi_driver_provider_aws.aws_iam_role_policy_attachment.additional",
            "module.eks_blueprints_addons_lbc.module.secrets_store_csi_driver_provider_aws.aws_iam_role_policy_attachment.this",
            "module.eks_blueprints_addons_lbc.module.secrets_store_csi_driver_provider_aws.data.aws_caller_identity.current",
            "module.eks_blueprints_addons_lbc.module.secrets_store_csi_driver_provider_aws.data.aws_iam_policy_document.assume",
            "module.eks_blueprints_addons_lbc.module.secrets_store_csi_driver_provider_aws.data.aws_iam_policy_document.this",
            "module.eks_blueprints_addons_lbc.module.secrets_store_csi_driver_provider_aws.data.aws_partition.current",
            "module.eks_blueprints_addons_lbc.module.secrets_store_csi_driver_provider_aws.helm_release.this",
            "module.eks_blueprints_addons_lbc.module.velero.aws_iam_policy.this",
            "module.eks_blueprints_addons_lbc.module.velero.aws_iam_role.this",
            "module.eks_blueprints_addons_lbc.module.velero.aws_iam_role_policy_attachment.additional",
            "module.eks_blueprints_addons_lbc.module.velero.aws_iam_role_policy_attachment.this",
            "module.eks_blueprints_addons_lbc.module.velero.data.aws_caller_identity.current",
            "module.eks_blueprints_addons_lbc.module.velero.data.aws_iam_policy_document.assume",
            "module.eks_blueprints_addons_lbc.module.velero.data.aws_iam_policy_document.this",
            "module.eks_blueprints_addons_lbc.module.velero.data.aws_partition.current",
            "module.eks_blueprints_addons_lbc.module.velero.helm_release.this",
            "module.eks_blueprints_addons_lbc.module.vpa.aws_iam_policy.this",
            "module.eks_blueprints_addons_lbc.module.vpa.aws_iam_role.this",
            "module.eks_blueprints_addons_lbc.module.vpa.aws_iam_role_policy_attachment.additional",
            "module.eks_blueprints_addons_lbc.module.vpa.aws_iam_role_policy_attachment.this",
            "module.eks_blueprints_addons_lbc.module.vpa.data.aws_caller_identity.current",
            "module.eks_blueprints_addons_lbc.module.vpa.data.aws_iam_policy_document.assume",
            "module.eks_blueprints_addons_lbc.module.vpa.data.aws_iam_policy_document.this",
            "module.eks_blueprints_addons_lbc.module.vpa.data.aws_partition.current",
            "module.eks_blueprints_addons_lbc.module.vpa.helm_release.this",
            "module.eks_blueprints_addons_lbc.random_bytes.this",
            "module.eks_blueprints_addons_lbc.time_sleep.this"
          ]
        }
      ]
    },
    {
      "module": "module.eks_blueprints_addons.module.kube_prometheus_stack",
      "mode": "managed",
      "type": "helm_release",
      "name": "this",
      "provider": "provider[\"registry.terraform.io/hashicorp/helm\"]",
      "instances": [
        {
          "index_key": 0,
          "schema_version": 1,
          "attributes": {
            "atomic": false,
            "chart": "kube-prometheus-stack",
            "cleanup_on_fail": false,
            "create_namespace": true,
            "dependency_update": false,
            "description": "A Helm chart to install the Kube Prometheus Stack",
            "devel": null,
            "disable_crd_hooks": false,
            "disable_openapi_validation": false,
            "disable_webhooks": false,
            "force_update": false,
            "id": "kube-prometheus-stack",
            "keyring": null,
            "lint": false,
            "manifest": null,
            "max_history": 0,
            "metadata": [
              {
                "app_version": "v0.66.0",
                "chart": "kube-prometheus-stack",
                "first_deployed": 1737738927,
                "last_deployed": 1737738927,
                "name": "kube-prometheus-stack",
                "namespace": "monitoring",
                "notes": "1. Get your 'admin' user password by running:\n\n   kubectl get secret --namespace monitoring kube-prometheus-stack-grafana -o jsonpath=\"{.data.admin-password}\" | base64 --decode ; echo\n\n\n2. The Grafana server can be accessed via port 80 on the following DNS name from within your cluster:\n\n   kube-prometheus-stack-grafana.monitoring.svc.cluster.local\n\n   Get the Grafana URL to visit by running these commands in the same shell:\n     export POD_NAME=$(kubectl get pods --namespace monitoring -l \"app.kubernetes.io/name=grafana,app.kubernetes.io/instance=kube-prometheus-stack\" -o jsonpath=\"{.items[0].metadata.name}\")\n     kubectl --namespace monitoring port-forward $POD_NAME 3000\n\n3. Login with the password from step 1 and the username: admin\n#################################################################################\n######   WARNING: Persistence is disabled!!! You will lose your data when   #####\n######            the Grafana pod is terminated.                            #####\n#################################################################################\n\nkube-state-metrics is a simple service that listens to the Kubernetes API server and generates metrics about the state of the objects.\nThe exposed metrics can be found here:\nhttps://github.com/kubernetes/kube-state-metrics/blob/master/docs/README.md#exposed-metrics\n\nThe metrics are exported on the HTTP endpoint /metrics on the listening port.\nIn your case, kube-prometheus-stack-kube-state-metrics.monitoring.svc.cluster.local:8080/metrics\n\nThey are served either as plaintext or protobuf depending on the Accept header.\nThey are designed to be consumed either by Prometheus itself or by a scraper that is compatible with scraping a Prometheus client endpoint.\n\nkube-prometheus-stack has been installed. Check its status by running:\n  kubectl --namespace monitoring get pods -l \"release=kube-prometheus-stack\"\n\nVisit https://github.com/prometheus-operator/kube-prometheus for instructions on how to create \u0026 configure Alertmanager and Prometheus instances using the Operator.\n\n1. Get the application URL by running these commands:\n  export POD_NAME=$(kubectl get pods --namespace monitoring -l \"app.kubernetes.io/name=prometheus-node-exporter,app.kubernetes.io/instance=kube-prometheus-stack\" -o jsonpath=\"{.items[0].metadata.name}\")\n  echo \"Visit http://127.0.0.1:9100 to use your application\"\n  kubectl port-forward --namespace monitoring $POD_NAME 9100",
                "revision": 1,
                "values": "{\"prometheus\":{\"prometheusSpec\":{\"podMonitorSelectorNilUsesHelmValues\":false,\"serviceMonitorSelector\":{\"matchLabels\":{\"release\":\"kube-prometheus-stack\"}},\"serviceMonitorSelectorNilUsesHelmValues\":false}},\"prometheus-node-exporter\":{\"affinity\":{\"nodeAffinity\":{\"requiredDuringSchedulingIgnoredDuringExecution\":{\"nodeSelectorTerms\":[{\"matchExpressions\":[{\"key\":\"eks.amazonaws.com/compute-type\",\"operator\":\"NotIn\",\"values\":[\"fargate\"]}]}]}}}}}",
                "version": "48.2.3"
              }
            ],
            "name": "kube-prometheus-stack",
            "namespace": "monitoring",
            "pass_credentials": false,
            "postrender": [],
            "recreate_pods": false,
            "render_subchart_notes": true,
            "replace": false,
            "repository": "https://prometheus-community.github.io/helm-charts",
            "repository_ca_file": null,
            "repository_cert_file": null,
            "repository_key_file": null,
            "repository_password": null,
            "repository_username": null,
            "reset_values": false,
            "reuse_values": false,
            "set": [],
            "set_list": [],
            "set_sensitive": [],
            "skip_crds": false,
            "status": "deployed",
            "timeout": 300,
            "upgrade_install": null,
            "values": [
              "prometheus:\n  prometheusSpec:\n    podMonitorSelectorNilUsesHelmValues: false\n    serviceMonitorSelectorNilUsesHelmValues: false\n    serviceMonitorSelector:\n      matchLabels:\n        release: kube-prometheus-stack \nprometheus-node-exporter:\n  affinity:\n    nodeAffinity:\n      requiredDuringSchedulingIgnoredDuringExecution:\n        nodeSelectorTerms:\n          - matchExpressions:\n            - key: eks.amazonaws.com/compute-type\n              operator: NotIn\n              values:\n                - fargate\n"
            ],
            "verify": false,
            "version": "48.2.3",
            "wait": false,
            "wait_for_jobs": false
          },
          "sensitive_attributes": [
            [
              {
                "type": "get_attr",
                "value": "repository_password"
              }
            ]
          ],
          "private": "eyJzY2hlbWFfdmVyc2lvbiI6IjEifQ==",
          "dependencies": [
            "aws_eks_pod_identity_association.aws_lbc",
            "aws_eks_pod_identity_association.ebs_csi_driver",
            "aws_iam_role.aws_lbc",
            "aws_iam_role.ebs_csi_driver",
            "aws_iam_role_policy.aws_lbc",
            "aws_iam_role_policy_attachment.ebs_csi_driver",
            "data.aws_iam_policy_document.aws_lbc",
            "data.aws_iam_policy_document.aws_lbc_assume",
            "data.aws_iam_policy_document.ebs_csi_driver",
            "module.eks_blueprints_addons.module.kube_prometheus_stack.aws_iam_role.this",
            "module.eks_blueprints_addons.module.kube_prometheus_stack.data.aws_caller_identity.current",
            "module.eks_blueprints_addons.module.kube_prometheus_stack.data.aws_iam_policy_document.assume",
            "module.eks_blueprints_addons.module.kube_prometheus_stack.data.aws_partition.current",
            "module.eks_blueprints_addons_lbc.aws_autoscaling_group_tag.aws_node_termination_handler",
            "module.eks_blueprints_addons_lbc.aws_autoscaling_lifecycle_hook.aws_node_termination_handler",
            "module.eks_blueprints_addons_lbc.aws_cloudformation_stack.usage_telemetry",
            "module.eks_blueprints_addons_lbc.aws_cloudwatch_event_rule.aws_node_termination_handler",
            "module.eks_blueprints_addons_lbc.aws_cloudwatch_event_rule.karpenter",
            "module.eks_blueprints_addons_lbc.aws_cloudwatch_event_target.aws_node_termination_handler",
            "module.eks_blueprints_addons_lbc.aws_cloudwatch_event_target.karpenter",
            "module.eks_blueprints_addons_lbc.aws_cloudwatch_log_group.aws_for_fluentbit",
            "module.eks_blueprints_addons_lbc.aws_cloudwatch_log_group.fargate_fluentbit",
            "module.eks_blueprints_addons_lbc.aws_eks_addon.this",
            "module.eks_blueprints_addons_lbc.aws_iam_instance_profile.karpenter",
            "module.eks_blueprints_addons_lbc.aws_iam_policy.fargate_fluentbit",
            "module.eks_blueprints_addons_lbc.aws_iam_role.karpenter",
            "module.eks_blueprints_addons_lbc.aws_iam_role_policy_attachment.additional",
            "module.eks_blueprints_addons_lbc.aws_iam_role_policy_attachment.karpenter",
            "module.eks_blueprints_addons_lbc.data.aws_caller_identity.current",
            "module.eks_blueprints_addons_lbc.data.aws_eks_addon_version.this",
            "module.eks_blueprints_addons_lbc.data.aws_iam_policy_document.aws_efs_csi_driver",
            "module.eks_blueprints_addons_lbc.data.aws_iam_policy_document.aws_for_fluentbit",
            "module.eks_blueprints_addons_lbc.data.aws_iam_policy_document.aws_fsx_csi_driver",
            "module.eks_blueprints_addons_lbc.data.aws_iam_policy_document.aws_gateway_api_controller",
            "module.eks_blueprints_addons_lbc.data.aws_iam_policy_document.aws_load_balancer_controller",
            "module.eks_blueprints_addons_lbc.data.aws_iam_policy_document.aws_node_termination_handler",
            "module.eks_blueprints_addons_lbc.data.aws_iam_policy_document.aws_privateca_issuer",
            "module.eks_blueprints_addons_lbc.data.aws_iam_policy_document.cert_manager",
            "module.eks_blueprints_addons_lbc.data.aws_iam_policy_document.cluster_autoscaler",
            "module.eks_blueprints_addons_lbc.data.aws_iam_policy_document.external_dns",
            "module.eks_blueprints_addons_lbc.data.aws_iam_policy_document.external_secrets",
            "module.eks_blueprints_addons_lbc.data.aws_iam_policy_document.fargate_fluentbit",
            "module.eks_blueprints_addons_lbc.data.aws_iam_policy_document.karpenter",
            "module.eks_blueprints_addons_lbc.data.aws_iam_policy_document.karpenter_assume_role",
            "module.eks_blueprints_addons_lbc.data.aws_iam_policy_document.velero",
            "module.eks_blueprints_addons_lbc.data.aws_partition.current",
            "module.eks_blueprints_addons_lbc.data.aws_region.current",
            "module.eks_blueprints_addons_lbc.helm_release.this",
            "module.eks_blueprints_addons_lbc.kubernetes_config_map_v1.aws_logging",
            "module.eks_blueprints_addons_lbc.kubernetes_config_map_v1_data.aws_for_fluentbit_containerinsights",
            "module.eks_blueprints_addons_lbc.kubernetes_namespace_v1.aws_observability",
            "module.eks_blueprints_addons_lbc.module.argo_events.aws_iam_policy.this",
            "module.eks_blueprints_addons_lbc.module.argo_events.aws_iam_role.this",
            "module.eks_blueprints_addons_lbc.module.argo_events.aws_iam_role_policy_attachment.additional",
            "module.eks_blueprints_addons_lbc.module.argo_events.aws_iam_role_policy_attachment.this",
            "module.eks_blueprints_addons_lbc.module.argo_events.data.aws_caller_identity.current",
            "module.eks_blueprints_addons_lbc.module.argo_events.data.aws_iam_policy_document.assume",
            "module.eks_blueprints_addons_lbc.module.argo_events.data.aws_iam_policy_document.this",
            "module.eks_blueprints_addons_lbc.module.argo_events.data.aws_partition.current",
            "module.eks_blueprints_addons_lbc.module.argo_events.helm_release.this",
            "module.eks_blueprints_addons_lbc.module.argo_rollouts.aws_iam_policy.this",
            "module.eks_blueprints_addons_lbc.module.argo_rollouts.aws_iam_role.this",
            "module.eks_blueprints_addons_lbc.module.argo_rollouts.aws_iam_role_policy_attachment.additional",
            "module.eks_blueprints_addons_lbc.module.argo_rollouts.aws_iam_role_policy_attachment.this",
            "module.eks_blueprints_addons_lbc.module.argo_rollouts.data.aws_caller_identity.current",
            "module.eks_blueprints_addons_lbc.module.argo_rollouts.data.aws_iam_policy_document.assume",
            "module.eks_blueprints_addons_lbc.module.argo_rollouts.data.aws_iam_policy_document.this",
            "module.eks_blueprints_addons_lbc.module.argo_rollouts.data.aws_partition.current",
            "module.eks_blueprints_addons_lbc.module.argo_rollouts.helm_release.this",
            "module.eks_blueprints_addons_lbc.module.argo_workflows.aws_iam_policy.this",
            "module.eks_blueprints_addons_lbc.module.argo_workflows.aws_iam_role.this",
            "module.eks_blueprints_addons_lbc.module.argo_workflows.aws_iam_role_policy_attachment.additional",
            "module.eks_blueprints_addons_lbc.module.argo_workflows.aws_iam_role_policy_attachment.this",
            "module.eks_blueprints_addons_lbc.module.argo_workflows.data.aws_caller_identity.current",
            "module.eks_blueprints_addons_lbc.module.argo_workflows.data.aws_iam_policy_document.assume",
            "module.eks_blueprints_addons_lbc.module.argo_workflows.data.aws_iam_policy_document.this",
            "module.eks_blueprints_addons_lbc.module.argo_workflows.data.aws_partition.current",
            "module.eks_blueprints_addons_lbc.module.argo_workflows.helm_release.this",
            "module.eks_blueprints_addons_lbc.module.argocd.aws_iam_policy.this",
            "module.eks_blueprints_addons_lbc.module.argocd.aws_iam_role.this",
            "module.eks_blueprints_addons_lbc.module.argocd.aws_iam_role_policy_attachment.additional",
            "module.eks_blueprints_addons_lbc.module.argocd.aws_iam_role_policy_attachment.this",
            "module.eks_blueprints_addons_lbc.module.argocd.data.aws_caller_identity.current",
            "module.eks_blueprints_addons_lbc.module.argocd.data.aws_iam_policy_document.assume",
            "module.eks_blueprints_addons_lbc.module.argocd.data.aws_iam_policy_document.this",
            "module.eks_blueprints_addons_lbc.module.argocd.data.aws_partition.current",
            "module.eks_blueprints_addons_lbc.module.argocd.helm_release.this",
            "module.eks_blueprints_addons_lbc.module.aws_cloudwatch_metrics.aws_iam_policy.this",
            "module.eks_blueprints_addons_lbc.module.aws_cloudwatch_metrics.aws_iam_role.this",
            "module.eks_blueprints_addons_lbc.module.aws_cloudwatch_metrics.aws_iam_role_policy_attachment.additional",
            "module.eks_blueprints_addons_lbc.module.aws_cloudwatch_metrics.aws_iam_role_policy_attachment.this",
            "module.eks_blueprints_addons_lbc.module.aws_cloudwatch_metrics.data.aws_caller_identity.current",
            "module.eks_blueprints_addons_lbc.module.aws_cloudwatch_metrics.data.aws_iam_policy_document.assume",
            "module.eks_blueprints_addons_lbc.module.aws_cloudwatch_metrics.data.aws_iam_policy_document.this",
            "module.eks_blueprints_addons_lbc.module.aws_cloudwatch_metrics.data.aws_partition.current",
            "module.eks_blueprints_addons_lbc.module.aws_cloudwatch_metrics.helm_release.this",
            "module.eks_blueprints_addons_lbc.module.aws_efs_csi_driver.aws_iam_policy.this",
            "module.eks_blueprints_addons_lbc.module.aws_efs_csi_driver.aws_iam_role.this",
            "module.eks_blueprints_addons_lbc.module.aws_efs_csi_driver.aws_iam_role_policy_attachment.additional",
            "module.eks_blueprints_addons_lbc.module.aws_efs_csi_driver.aws_iam_role_policy_attachment.this",
            "module.eks_blueprints_addons_lbc.module.aws_efs_csi_driver.data.aws_caller_identity.current",
            "module.eks_blueprints_addons_lbc.module.aws_efs_csi_driver.data.aws_iam_policy_document.assume",
            "module.eks_blueprints_addons_lbc.module.aws_efs_csi_driver.data.aws_iam_policy_document.this",
            "module.eks_blueprints_addons_lbc.module.aws_efs_csi_driver.data.aws_partition.current",
            "module.eks_blueprints_addons_lbc.module.aws_efs_csi_driver.helm_release.this",
            "module.eks_blueprints_addons_lbc.module.aws_for_fluentbit.aws_iam_policy.this",
            "module.eks_blueprints_addons_lbc.module.aws_for_fluentbit.aws_iam_role.this",
            "module.eks_blueprints_addons_lbc.module.aws_for_fluentbit.aws_iam_role_policy_attachment.additional",
            "module.eks_blueprints_addons_lbc.module.aws_for_fluentbit.aws_iam_role_policy_attachment.this",
            "module.eks_blueprints_addons_lbc.module.aws_for_fluentbit.data.aws_caller_identity.current",
            "module.eks_blueprints_addons_lbc.module.aws_for_fluentbit.data.aws_iam_policy_document.assume",
            "module.eks_blueprints_addons_lbc.module.aws_for_fluentbit.data.aws_iam_policy_document.this",
            "module.eks_blueprints_addons_lbc.module.aws_for_fluentbit.data.aws_partition.current",
            "module.eks_blueprints_addons_lbc.module.aws_for_fluentbit.helm_release.this",
            "module.eks_blueprints_addons_lbc.module.aws_fsx_csi_driver.aws_iam_policy.this",
            "module.eks_blueprints_addons_lbc.module.aws_fsx_csi_driver.aws_iam_role.this",
            "module.eks_blueprints_addons_lbc.module.aws_fsx_csi_driver.aws_iam_role_policy_attachment.additional",
            "module.eks_blueprints_addons_lbc.module.aws_fsx_csi_driver.aws_iam_role_policy_attachment.this",
            "module.eks_blueprints_addons_lbc.module.aws_fsx_csi_driver.data.aws_caller_identity.current",
            "module.eks_blueprints_addons_lbc.module.aws_fsx_csi_driver.data.aws_iam_policy_document.assume",
            "module.eks_blueprints_addons_lbc.module.aws_fsx_csi_driver.data.aws_iam_policy_document.this",
            "module.eks_blueprints_addons_lbc.module.aws_fsx_csi_driver.data.aws_partition.current",
            "module.eks_blueprints_addons_lbc.module.aws_fsx_csi_driver.helm_release.this",
            "module.eks_blueprints_addons_lbc.module.aws_gateway_api_controller.aws_iam_policy.this",
            "module.eks_blueprints_addons_lbc.module.aws_gateway_api_controller.aws_iam_role.this",
            "module.eks_blueprints_addons_lbc.module.aws_gateway_api_controller.aws_iam_role_policy_attachment.additional",
            "module.eks_blueprints_addons_lbc.module.aws_gateway_api_controller.aws_iam_role_policy_attachment.this",
            "module.eks_blueprints_addons_lbc.module.aws_gateway_api_controller.data.aws_caller_identity.current",
            "module.eks_blueprints_addons_lbc.module.aws_gateway_api_controller.data.aws_iam_policy_document.assume",
            "module.eks_blueprints_addons_lbc.module.aws_gateway_api_controller.data.aws_iam_policy_document.this",
            "module.eks_blueprints_addons_lbc.module.aws_gateway_api_controller.data.aws_partition.current",
            "module.eks_blueprints_addons_lbc.module.aws_gateway_api_controller.helm_release.this",
            "module.eks_blueprints_addons_lbc.module.aws_load_balancer_controller.aws_iam_policy.this",
            "module.eks_blueprints_addons_lbc.module.aws_load_balancer_controller.aws_iam_role.this",
            "module.eks_blueprints_addons_lbc.module.aws_load_balancer_controller.aws_iam_role_policy_attachment.additional",
            "module.eks_blueprints_addons_lbc.module.aws_load_balancer_controller.aws_iam_role_policy_attachment.this",
            "module.eks_blueprints_addons_lbc.module.aws_load_balancer_controller.data.aws_caller_identity.current",
            "module.eks_blueprints_addons_lbc.module.aws_load_balancer_controller.data.aws_iam_policy_document.assume",
            "module.eks_blueprints_addons_lbc.module.aws_load_balancer_controller.data.aws_iam_policy_document.this",
            "module.eks_blueprints_addons_lbc.module.aws_load_balancer_controller.data.aws_partition.current",
            "module.eks_blueprints_addons_lbc.module.aws_load_balancer_controller.helm_release.this",
            "module.eks_blueprints_addons_lbc.module.aws_node_termination_handler.aws_iam_policy.this",
            "module.eks_blueprints_addons_lbc.module.aws_node_termination_handler.aws_iam_role.this",
            "module.eks_blueprints_addons_lbc.module.aws_node_termination_handler.aws_iam_role_policy_attachment.additional",
            "module.eks_blueprints_addons_lbc.module.aws_node_termination_handler.aws_iam_role_policy_attachment.this",
            "module.eks_blueprints_addons_lbc.module.aws_node_termination_handler.data.aws_caller_identity.current",
            "module.eks_blueprints_addons_lbc.module.aws_node_termination_handler.data.aws_iam_policy_document.assume",
            "module.eks_blueprints_addons_lbc.module.aws_node_termination_handler.data.aws_iam_policy_document.this",
            "module.eks_blueprints_addons_lbc.module.aws_node_termination_handler.data.aws_partition.current",
            "module.eks_blueprints_addons_lbc.module.aws_node_termination_handler.helm_release.this",
            "module.eks_blueprints_addons_lbc.module.aws_node_termination_handler_sqs.aws_sqs_queue.dlq",
            "module.eks_blueprints_addons_lbc.module.aws_node_termination_handler_sqs.aws_sqs_queue.this",
            "module.eks_blueprints_addons_lbc.module.aws_node_termination_handler_sqs.aws_sqs_queue_policy.dlq",
            "module.eks_blueprints_addons_lbc.module.aws_node_termination_handler_sqs.aws_sqs_queue_policy.this",
            "module.eks_blueprints_addons_lbc.module.aws_node_termination_handler_sqs.aws_sqs_queue_redrive_allow_policy.dlq",
            "module.eks_blueprints_addons_lbc.module.aws_node_termination_handler_sqs.aws_sqs_queue_redrive_allow_policy.this",
            "module.eks_blueprints_addons_lbc.module.aws_node_termination_handler_sqs.aws_sqs_queue_redrive_policy.dlq",
            "module.eks_blueprints_addons_lbc.module.aws_node_termination_handler_sqs.aws_sqs_queue_redrive_policy.this",
            "module.eks_blueprints_addons_lbc.module.aws_node_termination_handler_sqs.data.aws_iam_policy_document.dlq",
            "module.eks_blueprints_addons_lbc.module.aws_node_termination_handler_sqs.data.aws_iam_policy_document.this",
            "module.eks_blueprints_addons_lbc.module.aws_privateca_issuer.aws_iam_policy.this",
            "module.eks_blueprints_addons_lbc.module.aws_privateca_issuer.aws_iam_role.this",
            "module.eks_blueprints_addons_lbc.module.aws_privateca_issuer.aws_iam_role_policy_attachment.additional",
            "module.eks_blueprints_addons_lbc.module.aws_privateca_issuer.aws_iam_role_policy_attachment.this",
            "module.eks_blueprints_addons_lbc.module.aws_privateca_issuer.data.aws_caller_identity.current",
            "module.eks_blueprints_addons_lbc.module.aws_privateca_issuer.data.aws_iam_policy_document.assume",
            "module.eks_blueprints_addons_lbc.module.aws_privateca_issuer.data.aws_iam_policy_document.this",
            "module.eks_blueprints_addons_lbc.module.aws_privateca_issuer.data.aws_partition.current",
            "module.eks_blueprints_addons_lbc.module.aws_privateca_issuer.helm_release.this",
            "module.eks_blueprints_addons_lbc.module.bottlerocket_shadow.aws_iam_policy.this",
            "module.eks_blueprints_addons_lbc.module.bottlerocket_shadow.aws_iam_role.this",
            "module.eks_blueprints_addons_lbc.module.bottlerocket_shadow.aws_iam_role_policy_attachment.additional",
            "module.eks_blueprints_addons_lbc.module.bottlerocket_shadow.aws_iam_role_policy_attachment.this",
            "module.eks_blueprints_addons_lbc.module.bottlerocket_shadow.data.aws_caller_identity.current",
            "module.eks_blueprints_addons_lbc.module.bottlerocket_shadow.data.aws_iam_policy_document.assume",
            "module.eks_blueprints_addons_lbc.module.bottlerocket_shadow.data.aws_iam_policy_document.this",
            "module.eks_blueprints_addons_lbc.module.bottlerocket_shadow.data.aws_partition.current",
            "module.eks_blueprints_addons_lbc.module.bottlerocket_shadow.helm_release.this",
            "module.eks_blueprints_addons_lbc.module.bottlerocket_update_operator.aws_iam_policy.this",
            "module.eks_blueprints_addons_lbc.module.bottlerocket_update_operator.aws_iam_role.this",
            "module.eks_blueprints_addons_lbc.module.bottlerocket_update_operator.aws_iam_role_policy_attachment.additional",
            "module.eks_blueprints_addons_lbc.module.bottlerocket_update_operator.aws_iam_role_policy_attachment.this",
            "module.eks_blueprints_addons_lbc.module.bottlerocket_update_operator.data.aws_caller_identity.current",
            "module.eks_blueprints_addons_lbc.module.bottlerocket_update_operator.data.aws_iam_policy_document.assume",
            "module.eks_blueprints_addons_lbc.module.bottlerocket_update_operator.data.aws_iam_policy_document.this",
            "module.eks_blueprints_addons_lbc.module.bottlerocket_update_operator.data.aws_partition.current",
            "module.eks_blueprints_addons_lbc.module.bottlerocket_update_operator.helm_release.this",
            "module.eks_blueprints_addons_lbc.module.cert_manager.aws_iam_policy.this",
            "module.eks_blueprints_addons_lbc.module.cert_manager.aws_iam_role.this",
            "module.eks_blueprints_addons_lbc.module.cert_manager.aws_iam_role_policy_attachment.additional",
            "module.eks_blueprints_addons_lbc.module.cert_manager.aws_iam_role_policy_attachment.this",
            "module.eks_blueprints_addons_lbc.module.cert_manager.data.aws_caller_identity.current",
            "module.eks_blueprints_addons_lbc.module.cert_manager.data.aws_iam_policy_document.assume",
            "module.eks_blueprints_addons_lbc.module.cert_manager.data.aws_iam_policy_document.this",
            "module.eks_blueprints_addons_lbc.module.cert_manager.data.aws_partition.current",
            "module.eks_blueprints_addons_lbc.module.cert_manager.helm_release.this",
            "module.eks_blueprints_addons_lbc.module.cluster_autoscaler.aws_iam_policy.this",
            "module.eks_blueprints_addons_lbc.module.cluster_autoscaler.aws_iam_role.this",
            "module.eks_blueprints_addons_lbc.module.cluster_autoscaler.aws_iam_role_policy_attachment.additional",
            "module.eks_blueprints_addons_lbc.module.cluster_autoscaler.aws_iam_role_policy_attachment.this",
            "module.eks_blueprints_addons_lbc.module.cluster_autoscaler.data.aws_caller_identity.current",
            "module.eks_blueprints_addons_lbc.module.cluster_autoscaler.data.aws_iam_policy_document.assume",
            "module.eks_blueprints_addons_lbc.module.cluster_autoscaler.data.aws_iam_policy_document.this",
            "module.eks_blueprints_addons_lbc.module.cluster_autoscaler.data.aws_partition.current",
            "module.eks_blueprints_addons_lbc.module.cluster_autoscaler.helm_release.this",
            "module.eks_blueprints_addons_lbc.module.cluster_proportional_autoscaler.aws_iam_policy.this",
            "module.eks_blueprints_addons_lbc.module.cluster_proportional_autoscaler.aws_iam_role.this",
            "module.eks_blueprints_addons_lbc.module.cluster_proportional_autoscaler.aws_iam_role_policy_attachment.additional",
            "module.eks_blueprints_addons_lbc.module.cluster_proportional_autoscaler.aws_iam_role_policy_attachment.this",
            "module.eks_blueprints_addons_lbc.module.cluster_proportional_autoscaler.data.aws_caller_identity.current",
            "module.eks_blueprints_addons_lbc.module.cluster_proportional_autoscaler.data.aws_iam_policy_document.assume",
            "module.eks_blueprints_addons_lbc.module.cluster_proportional_autoscaler.data.aws_iam_policy_document.this",
            "module.eks_blueprints_addons_lbc.module.cluster_proportional_autoscaler.data.aws_partition.current",
            "module.eks_blueprints_addons_lbc.module.cluster_proportional_autoscaler.helm_release.this",
            "module.eks_blueprints_addons_lbc.module.external_dns.aws_iam_policy.this",
            "module.eks_blueprints_addons_lbc.module.external_dns.aws_iam_role.this",
            "module.eks_blueprints_addons_lbc.module.external_dns.aws_iam_role_policy_attachment.additional",
            "module.eks_blueprints_addons_lbc.module.external_dns.aws_iam_role_policy_attachment.this",
            "module.eks_blueprints_addons_lbc.module.external_dns.data.aws_caller_identity.current",
            "module.eks_blueprints_addons_lbc.module.external_dns.data.aws_iam_policy_document.assume",
            "module.eks_blueprints_addons_lbc.module.external_dns.data.aws_iam_policy_document.this",
            "module.eks_blueprints_addons_lbc.module.external_dns.data.aws_partition.current",
            "module.eks_blueprints_addons_lbc.module.external_dns.helm_release.this",
            "module.eks_blueprints_addons_lbc.module.external_secrets.aws_iam_policy.this",
            "module.eks_blueprints_addons_lbc.module.external_secrets.aws_iam_role.this",
            "module.eks_blueprints_addons_lbc.module.external_secrets.aws_iam_role_policy_attachment.additional",
            "module.eks_blueprints_addons_lbc.module.external_secrets.aws_iam_role_policy_attachment.this",
            "module.eks_blueprints_addons_lbc.module.external_secrets.data.aws_caller_identity.current",
            "module.eks_blueprints_addons_lbc.module.external_secrets.data.aws_iam_policy_document.assume",
            "module.eks_blueprints_addons_lbc.module.external_secrets.data.aws_iam_policy_document.this",
            "module.eks_blueprints_addons_lbc.module.external_secrets.data.aws_partition.current",
            "module.eks_blueprints_addons_lbc.module.external_secrets.helm_release.this",
            "module.eks_blueprints_addons_lbc.module.gatekeeper.aws_iam_policy.this",
            "module.eks_blueprints_addons_lbc.module.gatekeeper.aws_iam_role.this",
            "module.eks_blueprints_addons_lbc.module.gatekeeper.aws_iam_role_policy_attachment.additional",
            "module.eks_blueprints_addons_lbc.module.gatekeeper.aws_iam_role_policy_attachment.this",
            "module.eks_blueprints_addons_lbc.module.gatekeeper.data.aws_caller_identity.current",
            "module.eks_blueprints_addons_lbc.module.gatekeeper.data.aws_iam_policy_document.assume",
            "module.eks_blueprints_addons_lbc.module.gatekeeper.data.aws_iam_policy_document.this",
            "module.eks_blueprints_addons_lbc.module.gatekeeper.data.aws_partition.current",
            "module.eks_blueprints_addons_lbc.module.gatekeeper.helm_release.this",
            "module.eks_blueprints_addons_lbc.module.ingress_nginx.aws_iam_policy.this",
            "module.eks_blueprints_addons_lbc.module.ingress_nginx.aws_iam_role.this",
            "module.eks_blueprints_addons_lbc.module.ingress_nginx.aws_iam_role_policy_attachment.additional",
            "module.eks_blueprints_addons_lbc.module.ingress_nginx.aws_iam_role_policy_attachment.this",
            "module.eks_blueprints_addons_lbc.module.ingress_nginx.data.aws_caller_identity.current",
            "module.eks_blueprints_addons_lbc.module.ingress_nginx.data.aws_iam_policy_document.assume",
            "module.eks_blueprints_addons_lbc.module.ingress_nginx.data.aws_iam_policy_document.this",
            "module.eks_blueprints_addons_lbc.module.ingress_nginx.data.aws_partition.current",
            "module.eks_blueprints_addons_lbc.module.ingress_nginx.helm_release.this",
            "module.eks_blueprints_addons_lbc.module.karpenter.aws_iam_policy.this",
            "module.eks_blueprints_addons_lbc.module.karpenter.aws_iam_role.this",
            "module.eks_blueprints_addons_lbc.module.karpenter.aws_iam_role_policy_attachment.additional",
            "module.eks_blueprints_addons_lbc.module.karpenter.aws_iam_role_policy_attachment.this",
            "module.eks_blueprints_addons_lbc.module.karpenter.data.aws_caller_identity.current",
            "module.eks_blueprints_addons_lbc.module.karpenter.data.aws_iam_policy_document.assume",
            "module.eks_blueprints_addons_lbc.module.karpenter.data.aws_iam_policy_document.this",
            "module.eks_blueprints_addons_lbc.module.karpenter.data.aws_partition.current",
            "module.eks_blueprints_addons_lbc.module.karpenter.helm_release.this",
            "module.eks_blueprints_addons_lbc.module.karpenter_sqs.aws_sqs_queue.dlq",
            "module.eks_blueprints_addons_lbc.module.karpenter_sqs.aws_sqs_queue.this",
            "module.eks_blueprints_addons_lbc.module.karpenter_sqs.aws_sqs_queue_policy.dlq",
            "module.eks_blueprints_addons_lbc.module.karpenter_sqs.aws_sqs_queue_policy.this",
            "module.eks_blueprints_addons_lbc.module.karpenter_sqs.aws_sqs_queue_redrive_allow_policy.dlq",
            "module.eks_blueprints_addons_lbc.module.karpenter_sqs.aws_sqs_queue_redrive_allow_policy.this",
            "module.eks_blueprints_addons_lbc.module.karpenter_sqs.aws_sqs_queue_redrive_policy.dlq",
            "module.eks_blueprints_addons_lbc.module.karpenter_sqs.aws_sqs_queue_redrive_policy.this",
            "module.eks_blueprints_addons_lbc.module.karpenter_sqs.data.aws_iam_policy_document.dlq",
            "module.eks_blueprints_addons_lbc.module.karpenter_sqs.data.aws_iam_policy_document.this",
            "module.eks_blueprints_addons_lbc.module.kube_prometheus_stack.aws_iam_policy.this",
            "module.eks_blueprints_addons_lbc.module.kube_prometheus_stack.aws_iam_role.this",
            "module.eks_blueprints_addons_lbc.module.kube_prometheus_stack.aws_iam_role_policy_attachment.additional",
            "module.eks_blueprints_addons_lbc.module.kube_prometheus_stack.aws_iam_role_policy_attachment.this",
            "module.eks_blueprints_addons_lbc.module.kube_prometheus_stack.data.aws_caller_identity.current",
            "module.eks_blueprints_addons_lbc.module.kube_prometheus_stack.data.aws_iam_policy_document.assume",
            "module.eks_blueprints_addons_lbc.module.kube_prometheus_stack.data.aws_iam_policy_document.this",
            "module.eks_blueprints_addons_lbc.module.kube_prometheus_stack.data.aws_partition.current",
            "module.eks_blueprints_addons_lbc.module.kube_prometheus_stack.helm_release.this",
            "module.eks_blueprints_addons_lbc.module.metrics_server.aws_iam_policy.this",
            "module.eks_blueprints_addons_lbc.module.metrics_server.aws_iam_role.this",
            "module.eks_blueprints_addons_lbc.module.metrics_server.aws_iam_role_policy_attachment.additional",
            "module.eks_blueprints_addons_lbc.module.metrics_server.aws_iam_role_policy_attachment.this",
            "module.eks_blueprints_addons_lbc.module.metrics_server.data.aws_caller_identity.current",
            "module.eks_blueprints_addons_lbc.module.metrics_server.data.aws_iam_policy_document.assume",
            "module.eks_blueprints_addons_lbc.module.metrics_server.data.aws_iam_policy_document.this",
            "module.eks_blueprints_addons_lbc.module.metrics_server.data.aws_partition.current",
            "module.eks_blueprints_addons_lbc.module.metrics_server.helm_release.this",
            "module.eks_blueprints_addons_lbc.module.secrets_store_csi_driver.aws_iam_policy.this",
            "module.eks_blueprints_addons_lbc.module.secrets_store_csi_driver.aws_iam_role.this",
            "module.eks_blueprints_addons_lbc.module.secrets_store_csi_driver.aws_iam_role_policy_attachment.additional",
            "module.eks_blueprints_addons_lbc.module.secrets_store_csi_driver.aws_iam_role_policy_attachment.this",
            "module.eks_blueprints_addons_lbc.module.secrets_store_csi_driver.data.aws_caller_identity.current",
            "module.eks_blueprints_addons_lbc.module.secrets_store_csi_driver.data.aws_iam_policy_document.assume",
            "module.eks_blueprints_addons_lbc.module.secrets_store_csi_driver.data.aws_iam_policy_document.this",
            "module.eks_blueprints_addons_lbc.module.secrets_store_csi_driver.data.aws_partition.current",
            "module.eks_blueprints_addons_lbc.module.secrets_store_csi_driver.helm_release.this",
            "module.eks_blueprints_addons_lbc.module.secrets_store_csi_driver_provider_aws.aws_iam_policy.this",
            "module.eks_blueprints_addons_lbc.module.secrets_store_csi_driver_provider_aws.aws_iam_role.this",
            "module.eks_blueprints_addons_lbc.module.secrets_store_csi_driver_provider_aws.aws_iam_role_policy_attachment.additional",
            "module.eks_blueprints_addons_lbc.module.secrets_store_csi_driver_provider_aws.aws_iam_role_policy_attachment.this",
            "module.eks_blueprints_addons_lbc.module.secrets_store_csi_driver_provider_aws.data.aws_caller_identity.current",
            "module.eks_blueprints_addons_lbc.module.secrets_store_csi_driver_provider_aws.data.aws_iam_policy_document.assume",
            "module.eks_blueprints_addons_lbc.module.secrets_store_csi_driver_provider_aws.data.aws_iam_policy_document.this",
            "module.eks_blueprints_addons_lbc.module.secrets_store_csi_driver_provider_aws.data.aws_partition.current",
            "module.eks_blueprints_addons_lbc.module.secrets_store_csi_driver_provider_aws.helm_release.this",
            "module.eks_blueprints_addons_lbc.module.velero.aws_iam_policy.this",
            "module.eks_blueprints_addons_lbc.module.velero.aws_iam_role.this",
            "module.eks_blueprints_addons_lbc.module.velero.aws_iam_role_policy_attachment.additional",
            "module.eks_blueprints_addons_lbc.module.velero.aws_iam_role_policy_attachment.this",
            "module.eks_blueprints_addons_lbc.module.velero.data.aws_caller_identity.current",
            "module.eks_blueprints_addons_lbc.module.velero.data.aws_iam_policy_document.assume",
            "module.eks_blueprints_addons_lbc.module.velero.data.aws_iam_policy_document.this",
            "module.eks_blueprints_addons_lbc.module.velero.data.aws_partition.current",
            "module.eks_blueprints_addons_lbc.module.velero.helm_release.this",
            "module.eks_blueprints_addons_lbc.module.vpa.aws_iam_policy.this",
            "module.eks_blueprints_addons_lbc.module.vpa.aws_iam_role.this",
            "module.eks_blueprints_addons_lbc.module.vpa.aws_iam_role_policy_attachment.additional",
            "module.eks_blueprints_addons_lbc.module.vpa.aws_iam_role_policy_attachment.this",
            "module.eks_blueprints_addons_lbc.module.vpa.data.aws_caller_identity.current",
            "module.eks_blueprints_addons_lbc.module.vpa.data.aws_iam_policy_document.assume",
            "module.eks_blueprints_addons_lbc.module.vpa.data.aws_iam_policy_document.this",
            "module.eks_blueprints_addons_lbc.module.vpa.data.aws_partition.current",
            "module.eks_blueprints_addons_lbc.module.vpa.helm_release.this",
            "module.eks_blueprints_addons_lbc.random_bytes.this",
            "module.eks_blueprints_addons_lbc.time_sleep.this"
          ]
        }
      ]
    },
    {
      "module": "module.eks_blueprints_addons_lbc",
      "mode": "data",
      "type": "aws_caller_identity",
      "name": "current",
      "provider": "provider[\"registry.terraform.io/hashicorp/aws\"]",
      "instances": [
        {
          "schema_version": 0,
          "attributes": {
            "account_id": "640168420071",
            "arn": "arn:aws:iam::640168420071:user/iamadmin",
            "id": "640168420071",
            "user_id": "AIDAZKDIC4LTVXTRKQWQR"
          },
          "sensitive_attributes": []
        }
      ]
    },
    {
      "module": "module.eks_blueprints_addons_lbc",
      "mode": "data",
      "type": "aws_eks_addon_version",
      "name": "this",
      "provider": "provider[\"registry.terraform.io/hashicorp/aws\"]",
      "instances": [
        {
          "index_key": "aws-ebs-csi-driver",
          "schema_version": 0,
          "attributes": {
            "addon_name": "aws-ebs-csi-driver",
            "id": "aws-ebs-csi-driver",
            "kubernetes_version": "1.30",
            "most_recent": true,
            "version": "v1.38.1-eksbuild.2"
          },
          "sensitive_attributes": []
        },
        {
          "index_key": "eks-pod-identity-agent",
          "schema_version": 0,
          "attributes": {
            "addon_name": "eks-pod-identity-agent",
            "id": "eks-pod-identity-agent",
            "kubernetes_version": "1.30",
            "most_recent": true,
            "version": "v1.3.4-eksbuild.1"
          },
          "sensitive_attributes": []
        },
        {
          "index_key": "kube-proxy",
          "schema_version": 0,
          "attributes": {
            "addon_name": "kube-proxy",
            "id": "kube-proxy",
            "kubernetes_version": "1.30",
            "most_recent": true,
            "version": "v1.30.7-eksbuild.2"
          },
          "sensitive_attributes": []
        },
        {
          "index_key": "vpc-cni",
          "schema_version": 0,
          "attributes": {
            "addon_name": "vpc-cni",
            "id": "vpc-cni",
            "kubernetes_version": "1.30",
            "most_recent": true,
            "version": "v1.19.2-eksbuild.1"
          },
          "sensitive_attributes": []
        }
      ]
    },
    {
      "module": "module.eks_blueprints_addons_lbc",
      "mode": "data",
      "type": "aws_iam_policy_document",
      "name": "aws_load_balancer_controller",
      "provider": "provider[\"registry.terraform.io/hashicorp/aws\"]",
      "instances": [
        {
          "index_key": 0,
          "schema_version": 0,
          "attributes": {
            "id": "2641054984",
            "json": "{\n  \"Version\": \"2012-10-17\",\n  \"Statement\": [\n    {\n      \"Effect\": \"Allow\",\n      \"Action\": \"iam:CreateServiceLinkedRole\",\n      \"Resource\": \"*\",\n      \"Condition\": {\n        \"StringEquals\": {\n          \"iam:AWSServiceName\": \"elasticloadbalancing.amazonaws.com\"\n        }\n      }\n    },\n    {\n      \"Effect\": \"Allow\",\n      \"Action\": [\n        \"elasticloadbalancing:DescribeTrustStores\",\n        \"elasticloadbalancing:DescribeTargetHealth\",\n        \"elasticloadbalancing:DescribeTargetGroups\",\n        \"elasticloadbalancing:DescribeTargetGroupAttributes\",\n        \"elasticloadbalancing:DescribeTags\",\n        \"elasticloadbalancing:DescribeSSLPolicies\",\n        \"elasticloadbalancing:DescribeRules\",\n        \"elasticloadbalancing:DescribeLoadBalancers\",\n        \"elasticloadbalancing:DescribeLoadBalancerAttributes\",\n        \"elasticloadbalancing:DescribeListeners\",\n        \"elasticloadbalancing:DescribeListenerCertificates\",\n        \"elasticloadbalancing:DescribeListenerAttributes\",\n        \"ec2:GetSecurityGroupsForVpc\",\n        \"ec2:GetCoipPoolUsage\",\n        \"ec2:DescribeVpcs\",\n        \"ec2:DescribeVpcPeeringConnections\",\n        \"ec2:DescribeTags\",\n        \"ec2:DescribeSubnets\",\n        \"ec2:DescribeSecurityGroups\",\n        \"ec2:DescribeNetworkInterfaces\",\n        \"ec2:DescribeInternetGateways\",\n        \"ec2:DescribeInstances\",\n        \"ec2:DescribeCoipPools\",\n        \"ec2:DescribeAvailabilityZones\",\n        \"ec2:DescribeAddresses\",\n        \"ec2:DescribeAccountAttributes\"\n      ],\n      \"Resource\": \"*\"\n    },\n    {\n      \"Effect\": \"Allow\",\n      \"Action\": [\n        \"wafv2:GetWebACLForResource\",\n        \"wafv2:GetWebACL\",\n        \"wafv2:DisassociateWebACL\",\n        \"wafv2:AssociateWebACL\",\n        \"waf-regional:GetWebACLForResource\",\n        \"waf-regional:GetWebACL\",\n        \"waf-regional:DisassociateWebACL\",\n        \"waf-regional:AssociateWebACL\",\n        \"shield:GetSubscriptionState\",\n        \"shield:DescribeProtection\",\n        \"shield:DeleteProtection\",\n        \"shield:CreateProtection\",\n        \"iam:ListServerCertificates\",\n        \"iam:GetServerCertificate\",\n        \"cognito-idp:DescribeUserPoolClient\",\n        \"acm:ListCertificates\",\n        \"acm:DescribeCertificate\"\n      ],\n      \"Resource\": \"*\"\n    },\n    {\n      \"Effect\": \"Allow\",\n      \"Action\": [\n        \"ec2:RevokeSecurityGroupIngress\",\n        \"ec2:AuthorizeSecurityGroupIngress\"\n      ],\n      \"Resource\": \"*\"\n    },\n    {\n      \"Effect\": \"Allow\",\n      \"Action\": \"ec2:CreateSecurityGroup\",\n      \"Resource\": \"*\"\n    },\n    {\n      \"Effect\": \"Allow\",\n      \"Action\": \"ec2:CreateTags\",\n      \"Resource\": \"arn:aws:ec2:*:*:security-group/*\",\n      \"Condition\": {\n        \"Null\": {\n          \"aws:RequestTag/elbv2.k8s.aws/cluster\": \"false\"\n        },\n        \"StringEquals\": {\n          \"ec2:CreateAction\": \"CreateSecurityGroup\"\n        }\n      }\n    },\n    {\n      \"Effect\": \"Allow\",\n      \"Action\": [\n        \"ec2:DeleteTags\",\n        \"ec2:CreateTags\"\n      ],\n      \"Resource\": \"arn:aws:ec2:*:*:security-group/*\",\n      \"Condition\": {\n        \"Null\": {\n          \"aws:RequestTag/elbv2.k8s.aws/cluster\": \"true\",\n          \"aws:ResourceTag/elbv2.k8s.aws/cluster\": \"false\"\n        }\n      }\n    },\n    {\n      \"Effect\": \"Allow\",\n      \"Action\": [\n        \"ec2:RevokeSecurityGroupIngress\",\n        \"ec2:DeleteSecurityGroup\",\n        \"ec2:AuthorizeSecurityGroupIngress\"\n      ],\n      \"Resource\": \"*\",\n      \"Condition\": {\n        \"Null\": {\n          \"aws:ResourceTag/elbv2.k8s.aws/cluster\": \"false\"\n        }\n      }\n    },\n    {\n      \"Effect\": \"Allow\",\n      \"Action\": [\n        \"elasticloadbalancing:CreateTargetGroup\",\n        \"elasticloadbalancing:CreateLoadBalancer\"\n      ],\n      \"Resource\": \"*\",\n      \"Condition\": {\n        \"Null\": {\n          \"aws:RequestTag/elbv2.k8s.aws/cluster\": \"false\"\n        }\n      }\n    },\n    {\n      \"Effect\": \"Allow\",\n      \"Action\": [\n        \"elasticloadbalancing:DeleteRule\",\n        \"elasticloadbalancing:DeleteListener\",\n        \"elasticloadbalancing:CreateRule\",\n        \"elasticloadbalancing:CreateListener\"\n      ],\n      \"Resource\": \"*\"\n    },\n    {\n      \"Effect\": \"Allow\",\n      \"Action\": [\n        \"elasticloadbalancing:RemoveTags\",\n        \"elasticloadbalancing:AddTags\"\n      ],\n      \"Resource\": [\n        \"arn:aws:elasticloadbalancing:*:*:targetgroup/*/*\",\n        \"arn:aws:elasticloadbalancing:*:*:loadbalancer/net/*/*\",\n        \"arn:aws:elasticloadbalancing:*:*:loadbalancer/app/*/*\"\n      ],\n      \"Condition\": {\n        \"Null\": {\n          \"aws:RequestTag/elbv2.k8s.aws/cluster\": \"true\",\n          \"aws:ResourceTag/elbv2.k8s.aws/cluster\": \"false\"\n        }\n      }\n    },\n    {\n      \"Effect\": \"Allow\",\n      \"Action\": [\n        \"elasticloadbalancing:RemoveTags\",\n        \"elasticloadbalancing:AddTags\"\n      ],\n      \"Resource\": [\n        \"arn:aws:elasticloadbalancing:*:*:listener/net/*/*/*\",\n        \"arn:aws:elasticloadbalancing:*:*:listener/app/*/*/*\",\n        \"arn:aws:elasticloadbalancing:*:*:listener-rule/net/*/*/*\",\n        \"arn:aws:elasticloadbalancing:*:*:listener-rule/app/*/*/*\"\n      ]\n    },\n    {\n      \"Effect\": \"Allow\",\n      \"Action\": [\n        \"elasticloadbalancing:SetSubnets\",\n        \"elasticloadbalancing:SetSecurityGroups\",\n        \"elasticloadbalancing:SetIpAddressType\",\n        \"elasticloadbalancing:ModifyTargetGroupAttributes\",\n        \"elasticloadbalancing:ModifyTargetGroup\",\n        \"elasticloadbalancing:ModifyLoadBalancerAttributes\",\n        \"elasticloadbalancing:ModifyListenerAttributes\",\n        \"elasticloadbalancing:DeleteTargetGroup\",\n        \"elasticloadbalancing:DeleteLoadBalancer\"\n      ],\n      \"Resource\": \"*\",\n      \"Condition\": {\n        \"Null\": {\n          \"aws:ResourceTag/elbv2.k8s.aws/cluster\": \"false\"\n        }\n      }\n    },\n    {\n      \"Effect\": \"Allow\",\n      \"Action\": \"elasticloadbalancing:AddTags\",\n      \"Resource\": [\n        \"arn:aws:elasticloadbalancing:*:*:targetgroup/*/*\",\n        \"arn:aws:elasticloadbalancing:*:*:loadbalancer/net/*/*\",\n        \"arn:aws:elasticloadbalancing:*:*:loadbalancer/app/*/*\"\n      ],\n      \"Condition\": {\n        \"Null\": {\n          \"aws:RequestTag/elbv2.k8s.aws/cluster\": \"false\"\n        },\n        \"StringEquals\": {\n          \"elasticloadbalancing:CreateAction\": [\n            \"CreateTargetGroup\",\n            \"CreateLoadBalancer\"\n          ]\n        }\n      }\n    },\n    {\n      \"Effect\": \"Allow\",\n      \"Action\": [\n        \"elasticloadbalancing:RegisterTargets\",\n        \"elasticloadbalancing:DeregisterTargets\"\n      ],\n      \"Resource\": \"arn:aws:elasticloadbalancing:*:*:targetgroup/*/*\"\n    },\n    {\n      \"Effect\": \"Allow\",\n      \"Action\": [\n        \"elasticloadbalancing:SetWebAcl\",\n        \"elasticloadbalancing:RemoveListenerCertificates\",\n        \"elasticloadbalancing:ModifyRule\",\n        \"elasticloadbalancing:ModifyListener\",\n        \"elasticloadbalancing:AddListenerCertificates\"\n      ],\n      \"Resource\": \"*\"\n    }\n  ]\n}",
            "minified_json": "{\"Version\":\"2012-10-17\",\"Statement\":[{\"Effect\":\"Allow\",\"Action\":\"iam:CreateServiceLinkedRole\",\"Resource\":\"*\",\"Condition\":{\"StringEquals\":{\"iam:AWSServiceName\":\"elasticloadbalancing.amazonaws.com\"}}},{\"Effect\":\"Allow\",\"Action\":[\"elasticloadbalancing:DescribeTrustStores\",\"elasticloadbalancing:DescribeTargetHealth\",\"elasticloadbalancing:DescribeTargetGroups\",\"elasticloadbalancing:DescribeTargetGroupAttributes\",\"elasticloadbalancing:DescribeTags\",\"elasticloadbalancing:DescribeSSLPolicies\",\"elasticloadbalancing:DescribeRules\",\"elasticloadbalancing:DescribeLoadBalancers\",\"elasticloadbalancing:DescribeLoadBalancerAttributes\",\"elasticloadbalancing:DescribeListeners\",\"elasticloadbalancing:DescribeListenerCertificates\",\"elasticloadbalancing:DescribeListenerAttributes\",\"ec2:GetSecurityGroupsForVpc\",\"ec2:GetCoipPoolUsage\",\"ec2:DescribeVpcs\",\"ec2:DescribeVpcPeeringConnections\",\"ec2:DescribeTags\",\"ec2:DescribeSubnets\",\"ec2:DescribeSecurityGroups\",\"ec2:DescribeNetworkInterfaces\",\"ec2:DescribeInternetGateways\",\"ec2:DescribeInstances\",\"ec2:DescribeCoipPools\",\"ec2:DescribeAvailabilityZones\",\"ec2:DescribeAddresses\",\"ec2:DescribeAccountAttributes\"],\"Resource\":\"*\"},{\"Effect\":\"Allow\",\"Action\":[\"wafv2:GetWebACLForResource\",\"wafv2:GetWebACL\",\"wafv2:DisassociateWebACL\",\"wafv2:AssociateWebACL\",\"waf-regional:GetWebACLForResource\",\"waf-regional:GetWebACL\",\"waf-regional:DisassociateWebACL\",\"waf-regional:AssociateWebACL\",\"shield:GetSubscriptionState\",\"shield:DescribeProtection\",\"shield:DeleteProtection\",\"shield:CreateProtection\",\"iam:ListServerCertificates\",\"iam:GetServerCertificate\",\"cognito-idp:DescribeUserPoolClient\",\"acm:ListCertificates\",\"acm:DescribeCertificate\"],\"Resource\":\"*\"},{\"Effect\":\"Allow\",\"Action\":[\"ec2:RevokeSecurityGroupIngress\",\"ec2:AuthorizeSecurityGroupIngress\"],\"Resource\":\"*\"},{\"Effect\":\"Allow\",\"Action\":\"ec2:CreateSecurityGroup\",\"Resource\":\"*\"},{\"Effect\":\"Allow\",\"Action\":\"ec2:CreateTags\",\"Resource\":\"arn:aws:ec2:*:*:security-group/*\",\"Condition\":{\"Null\":{\"aws:RequestTag/elbv2.k8s.aws/cluster\":\"false\"},\"StringEquals\":{\"ec2:CreateAction\":\"CreateSecurityGroup\"}}},{\"Effect\":\"Allow\",\"Action\":[\"ec2:DeleteTags\",\"ec2:CreateTags\"],\"Resource\":\"arn:aws:ec2:*:*:security-group/*\",\"Condition\":{\"Null\":{\"aws:RequestTag/elbv2.k8s.aws/cluster\":\"true\",\"aws:ResourceTag/elbv2.k8s.aws/cluster\":\"false\"}}},{\"Effect\":\"Allow\",\"Action\":[\"ec2:RevokeSecurityGroupIngress\",\"ec2:DeleteSecurityGroup\",\"ec2:AuthorizeSecurityGroupIngress\"],\"Resource\":\"*\",\"Condition\":{\"Null\":{\"aws:ResourceTag/elbv2.k8s.aws/cluster\":\"false\"}}},{\"Effect\":\"Allow\",\"Action\":[\"elasticloadbalancing:CreateTargetGroup\",\"elasticloadbalancing:CreateLoadBalancer\"],\"Resource\":\"*\",\"Condition\":{\"Null\":{\"aws:RequestTag/elbv2.k8s.aws/cluster\":\"false\"}}},{\"Effect\":\"Allow\",\"Action\":[\"elasticloadbalancing:DeleteRule\",\"elasticloadbalancing:DeleteListener\",\"elasticloadbalancing:CreateRule\",\"elasticloadbalancing:CreateListener\"],\"Resource\":\"*\"},{\"Effect\":\"Allow\",\"Action\":[\"elasticloadbalancing:RemoveTags\",\"elasticloadbalancing:AddTags\"],\"Resource\":[\"arn:aws:elasticloadbalancing:*:*:targetgroup/*/*\",\"arn:aws:elasticloadbalancing:*:*:loadbalancer/net/*/*\",\"arn:aws:elasticloadbalancing:*:*:loadbalancer/app/*/*\"],\"Condition\":{\"Null\":{\"aws:RequestTag/elbv2.k8s.aws/cluster\":\"true\",\"aws:ResourceTag/elbv2.k8s.aws/cluster\":\"false\"}}},{\"Effect\":\"Allow\",\"Action\":[\"elasticloadbalancing:RemoveTags\",\"elasticloadbalancing:AddTags\"],\"Resource\":[\"arn:aws:elasticloadbalancing:*:*:listener/net/*/*/*\",\"arn:aws:elasticloadbalancing:*:*:listener/app/*/*/*\",\"arn:aws:elasticloadbalancing:*:*:listener-rule/net/*/*/*\",\"arn:aws:elasticloadbalancing:*:*:listener-rule/app/*/*/*\"]},{\"Effect\":\"Allow\",\"Action\":[\"elasticloadbalancing:SetSubnets\",\"elasticloadbalancing:SetSecurityGroups\",\"elasticloadbalancing:SetIpAddressType\",\"elasticloadbalancing:ModifyTargetGroupAttributes\",\"elasticloadbalancing:ModifyTargetGroup\",\"elasticloadbalancing:ModifyLoadBalancerAttributes\",\"elasticloadbalancing:ModifyListenerAttributes\",\"elasticloadbalancing:DeleteTargetGroup\",\"elasticloadbalancing:DeleteLoadBalancer\"],\"Resource\":\"*\",\"Condition\":{\"Null\":{\"aws:ResourceTag/elbv2.k8s.aws/cluster\":\"false\"}}},{\"Effect\":\"Allow\",\"Action\":\"elasticloadbalancing:AddTags\",\"Resource\":[\"arn:aws:elasticloadbalancing:*:*:targetgroup/*/*\",\"arn:aws:elasticloadbalancing:*:*:loadbalancer/net/*/*\",\"arn:aws:elasticloadbalancing:*:*:loadbalancer/app/*/*\"],\"Condition\":{\"Null\":{\"aws:RequestTag/elbv2.k8s.aws/cluster\":\"false\"},\"StringEquals\":{\"elasticloadbalancing:CreateAction\":[\"CreateTargetGroup\",\"CreateLoadBalancer\"]}}},{\"Effect\":\"Allow\",\"Action\":[\"elasticloadbalancing:RegisterTargets\",\"elasticloadbalancing:DeregisterTargets\"],\"Resource\":\"arn:aws:elasticloadbalancing:*:*:targetgroup/*/*\"},{\"Effect\":\"Allow\",\"Action\":[\"elasticloadbalancing:SetWebAcl\",\"elasticloadbalancing:RemoveListenerCertificates\",\"elasticloadbalancing:ModifyRule\",\"elasticloadbalancing:ModifyListener\",\"elasticloadbalancing:AddListenerCertificates\"],\"Resource\":\"*\"}]}",
            "override_json": null,
            "override_policy_documents": null,
            "policy_id": null,
            "source_json": null,
            "source_policy_documents": null,
            "statement": [
              {
                "actions": [
                  "iam:CreateServiceLinkedRole"
                ],
                "condition": [
                  {
                    "test": "StringEquals",
                    "values": [
                      "elasticloadbalancing.amazonaws.com"
                    ],
                    "variable": "iam:AWSServiceName"
                  }
                ],
                "effect": "Allow",
                "not_actions": [],
                "not_principals": [],
                "not_resources": [],
                "principals": [],
                "resources": [
                  "*"
                ],
                "sid": ""
              },
              {
                "actions": [
                  "ec2:DescribeAccountAttributes",
                  "ec2:DescribeAddresses",
                  "ec2:DescribeAvailabilityZones",
                  "ec2:DescribeCoipPools",
                  "ec2:DescribeInstances",
                  "ec2:DescribeInternetGateways",
                  "ec2:DescribeNetworkInterfaces",
                  "ec2:DescribeSecurityGroups",
                  "ec2:DescribeSubnets",
                  "ec2:DescribeTags",
                  "ec2:DescribeVpcPeeringConnections",
                  "ec2:DescribeVpcs",
                  "ec2:GetCoipPoolUsage",
                  "ec2:GetSecurityGroupsForVpc",
                  "elasticloadbalancing:DescribeListenerAttributes",
                  "elasticloadbalancing:DescribeListenerCertificates",
                  "elasticloadbalancing:DescribeListeners",
                  "elasticloadbalancing:DescribeLoadBalancerAttributes",
                  "elasticloadbalancing:DescribeLoadBalancers",
                  "elasticloadbalancing:DescribeRules",
                  "elasticloadbalancing:DescribeSSLPolicies",
                  "elasticloadbalancing:DescribeTags",
                  "elasticloadbalancing:DescribeTargetGroupAttributes",
                  "elasticloadbalancing:DescribeTargetGroups",
                  "elasticloadbalancing:DescribeTargetHealth",
                  "elasticloadbalancing:DescribeTrustStores"
                ],
                "condition": [],
                "effect": "Allow",
                "not_actions": [],
                "not_principals": [],
                "not_resources": [],
                "principals": [],
                "resources": [
                  "*"
                ],
                "sid": ""
              },
              {
                "actions": [
                  "acm:DescribeCertificate",
                  "acm:ListCertificates",
                  "cognito-idp:DescribeUserPoolClient",
                  "iam:GetServerCertificate",
                  "iam:ListServerCertificates",
                  "shield:CreateProtection",
                  "shield:DeleteProtection",
                  "shield:DescribeProtection",
                  "shield:GetSubscriptionState",
                  "waf-regional:AssociateWebACL",
                  "waf-regional:DisassociateWebACL",
                  "waf-regional:GetWebACL",
                  "waf-regional:GetWebACLForResource",
                  "wafv2:AssociateWebACL",
                  "wafv2:DisassociateWebACL",
                  "wafv2:GetWebACL",
                  "wafv2:GetWebACLForResource"
                ],
                "condition": [],
                "effect": "Allow",
                "not_actions": [],
                "not_principals": [],
                "not_resources": [],
                "principals": [],
                "resources": [
                  "*"
                ],
                "sid": ""
              },
              {
                "actions": [
                  "ec2:AuthorizeSecurityGroupIngress",
                  "ec2:RevokeSecurityGroupIngress"
                ],
                "condition": [],
                "effect": "Allow",
                "not_actions": [],
                "not_principals": [],
                "not_resources": [],
                "principals": [],
                "resources": [
                  "*"
                ],
                "sid": ""
              },
              {
                "actions": [
                  "ec2:CreateSecurityGroup"
                ],
                "condition": [],
                "effect": "Allow",
                "not_actions": [],
                "not_principals": [],
                "not_resources": [],
                "principals": [],
                "resources": [
                  "*"
                ],
                "sid": ""
              },
              {
                "actions": [
                  "ec2:CreateTags"
                ],
                "condition": [
                  {
                    "test": "Null",
                    "values": [
                      "false"
                    ],
                    "variable": "aws:RequestTag/elbv2.k8s.aws/cluster"
                  },
                  {
                    "test": "StringEquals",
                    "values": [
                      "CreateSecurityGroup"
                    ],
                    "variable": "ec2:CreateAction"
                  }
                ],
                "effect": "Allow",
                "not_actions": [],
                "not_principals": [],
                "not_resources": [],
                "principals": [],
                "resources": [
                  "arn:aws:ec2:*:*:security-group/*"
                ],
                "sid": ""
              },
              {
                "actions": [
                  "ec2:CreateTags",
                  "ec2:DeleteTags"
                ],
                "condition": [
                  {
                    "test": "Null",
                    "values": [
                      "false"
                    ],
                    "variable": "aws:ResourceTag/elbv2.k8s.aws/cluster"
                  },
                  {
                    "test": "Null",
                    "values": [
                      "true"
                    ],
                    "variable": "aws:RequestTag/elbv2.k8s.aws/cluster"
                  }
                ],
                "effect": "Allow",
                "not_actions": [],
                "not_principals": [],
                "not_resources": [],
                "principals": [],
                "resources": [
                  "arn:aws:ec2:*:*:security-group/*"
                ],
                "sid": ""
              },
              {
                "actions": [
                  "ec2:AuthorizeSecurityGroupIngress",
                  "ec2:DeleteSecurityGroup",
                  "ec2:RevokeSecurityGroupIngress"
                ],
                "condition": [
                  {
                    "test": "Null",
                    "values": [
                      "false"
                    ],
                    "variable": "aws:ResourceTag/elbv2.k8s.aws/cluster"
                  }
                ],
                "effect": "Allow",
                "not_actions": [],
                "not_principals": [],
                "not_resources": [],
                "principals": [],
                "resources": [
                  "*"
                ],
                "sid": ""
              },
              {
                "actions": [
                  "elasticloadbalancing:CreateLoadBalancer",
                  "elasticloadbalancing:CreateTargetGroup"
                ],
                "condition": [
                  {
                    "test": "Null",
                    "values": [
                      "false"
                    ],
                    "variable": "aws:RequestTag/elbv2.k8s.aws/cluster"
                  }
                ],
                "effect": "Allow",
                "not_actions": [],
                "not_principals": [],
                "not_resources": [],
                "principals": [],
                "resources": [
                  "*"
                ],
                "sid": ""
              },
              {
                "actions": [
                  "elasticloadbalancing:CreateListener",
                  "elasticloadbalancing:CreateRule",
                  "elasticloadbalancing:DeleteListener",
                  "elasticloadbalancing:DeleteRule"
                ],
                "condition": [],
                "effect": "Allow",
                "not_actions": [],
                "not_principals": [],
                "not_resources": [],
                "principals": [],
                "resources": [
                  "*"
                ],
                "sid": ""
              },
              {
                "actions": [
                  "elasticloadbalancing:AddTags",
                  "elasticloadbalancing:RemoveTags"
                ],
                "condition": [
                  {
                    "test": "Null",
                    "values": [
                      "false"
                    ],
                    "variable": "aws:ResourceTag/elbv2.k8s.aws/cluster"
                  },
                  {
                    "test": "Null",
                    "values": [
                      "true"
                    ],
                    "variable": "aws:RequestTag/elbv2.k8s.aws/cluster"
                  }
                ],
                "effect": "Allow",
                "not_actions": [],
                "not_principals": [],
                "not_resources": [],
                "principals": [],
                "resources": [
                  "arn:aws:elasticloadbalancing:*:*:loadbalancer/app/*/*",
                  "arn:aws:elasticloadbalancing:*:*:loadbalancer/net/*/*",
                  "arn:aws:elasticloadbalancing:*:*:targetgroup/*/*"
                ],
                "sid": ""
              },
              {
                "actions": [
                  "elasticloadbalancing:AddTags",
                  "elasticloadbalancing:RemoveTags"
                ],
                "condition": [],
                "effect": "Allow",
                "not_actions": [],
                "not_principals": [],
                "not_resources": [],
                "principals": [],
                "resources": [
                  "arn:aws:elasticloadbalancing:*:*:listener-rule/app/*/*/*",
                  "arn:aws:elasticloadbalancing:*:*:listener-rule/net/*/*/*",
                  "arn:aws:elasticloadbalancing:*:*:listener/app/*/*/*",
                  "arn:aws:elasticloadbalancing:*:*:listener/net/*/*/*"
                ],
                "sid": ""
              },
              {
                "actions": [
                  "elasticloadbalancing:DeleteLoadBalancer",
                  "elasticloadbalancing:DeleteTargetGroup",
                  "elasticloadbalancing:ModifyListenerAttributes",
                  "elasticloadbalancing:ModifyLoadBalancerAttributes",
                  "elasticloadbalancing:ModifyTargetGroup",
                  "elasticloadbalancing:ModifyTargetGroupAttributes",
                  "elasticloadbalancing:SetIpAddressType",
                  "elasticloadbalancing:SetSecurityGroups",
                  "elasticloadbalancing:SetSubnets"
                ],
                "condition": [
                  {
                    "test": "Null",
                    "values": [
                      "false"
                    ],
                    "variable": "aws:ResourceTag/elbv2.k8s.aws/cluster"
                  }
                ],
                "effect": "Allow",
                "not_actions": [],
                "not_principals": [],
                "not_resources": [],
                "principals": [],
                "resources": [
                  "*"
                ],
                "sid": ""
              },
              {
                "actions": [
                  "elasticloadbalancing:AddTags"
                ],
                "condition": [
                  {
                    "test": "Null",
                    "values": [
                      "false"
                    ],
                    "variable": "aws:RequestTag/elbv2.k8s.aws/cluster"
                  },
                  {
                    "test": "StringEquals",
                    "values": [
                      "CreateTargetGroup",
                      "CreateLoadBalancer"
                    ],
                    "variable": "elasticloadbalancing:CreateAction"
                  }
                ],
                "effect": "Allow",
                "not_actions": [],
                "not_principals": [],
                "not_resources": [],
                "principals": [],
                "resources": [
                  "arn:aws:elasticloadbalancing:*:*:loadbalancer/app/*/*",
                  "arn:aws:elasticloadbalancing:*:*:loadbalancer/net/*/*",
                  "arn:aws:elasticloadbalancing:*:*:targetgroup/*/*"
                ],
                "sid": ""
              },
              {
                "actions": [
                  "elasticloadbalancing:DeregisterTargets",
                  "elasticloadbalancing:RegisterTargets"
                ],
                "condition": [],
                "effect": "Allow",
                "not_actions": [],
                "not_principals": [],
                "not_resources": [],
                "principals": [],
                "resources": [
                  "arn:aws:elasticloadbalancing:*:*:targetgroup/*/*"
                ],
                "sid": ""
              },
              {
                "actions": [
                  "elasticloadbalancing:AddListenerCertificates",
                  "elasticloadbalancing:ModifyListener",
                  "elasticloadbalancing:ModifyRule",
                  "elasticloadbalancing:RemoveListenerCertificates",
                  "elasticloadbalancing:SetWebAcl"
                ],
                "condition": [],
                "effect": "Allow",
                "not_actions": [],
                "not_principals": [],
                "not_resources": [],
                "principals": [],
                "resources": [
                  "*"
                ],
                "sid": ""
              }
            ],
            "version": "2012-10-17"
          },
          "sensitive_attributes": []
        }
      ]
    },
    {
      "module": "module.eks_blueprints_addons_lbc",
      "mode": "data",
      "type": "aws_partition",
      "name": "current",
      "provider": "provider[\"registry.terraform.io/hashicorp/aws\"]",
      "instances": [
        {
          "schema_version": 0,
          "attributes": {
            "dns_suffix": "amazonaws.com",
            "id": "aws",
            "partition": "aws",
            "reverse_dns_prefix": "com.amazonaws"
          },
          "sensitive_attributes": []
        }
      ]
    },
    {
      "module": "module.eks_blueprints_addons_lbc",
      "mode": "data",
      "type": "aws_region",
      "name": "current",
      "provider": "provider[\"registry.terraform.io/hashicorp/aws\"]",
      "instances": [
        {
          "schema_version": 0,
          "attributes": {
            "description": "US East (N. Virginia)",
            "endpoint": "ec2.us-east-1.amazonaws.com",
            "id": "us-east-1",
            "name": "us-east-1"
          },
          "sensitive_attributes": []
        }
      ]
    },
    {
      "module": "module.eks_blueprints_addons_lbc",
      "mode": "managed",
      "type": "aws_cloudformation_stack",
      "name": "usage_telemetry",
      "provider": "provider[\"registry.terraform.io/hashicorp/aws\"]",
      "instances": [
        {
          "index_key": 0,
          "schema_version": 0,
          "attributes": {
            "capabilities": null,
            "disable_rollback": false,
            "iam_role_arn": "",
            "id": "arn:aws:cloudformation:us-east-1:640168420071:stack/dev-DevOpsProject-73cd/7d1aa8f0-da76-11ef-833c-0affc0519237",
            "name": "dev-DevOpsProject-73cd",
            "notification_arns": null,
            "on_failure": "DO_NOTHING",
            "outputs": {},
            "parameters": {},
            "policy_body": null,
            "policy_url": null,
            "tags": {},
            "tags_all": {},
            "template_body": "{\"AWSTemplateFormatVersion\":\"2010-09-09\",\"Description\":\"Usage telemetry for EKS Blueprints. (qs-1ubotj5kl)\",\"Resources\":{\"EmptyResource\":{\"Type\":\"AWS::CloudFormation::WaitConditionHandle\"}}}",
            "template_url": null,
            "timeout_in_minutes": 0,
            "timeouts": null
          },
          "sensitive_attributes": [
            [
              {
                "type": "get_attr",
                "value": "name"
              }
            ]
          ],
          "private": "eyJlMmJmYjczMC1lY2FhLTExZTYtOGY4OC0zNDM2M2JjN2M0YzAiOnsiY3JlYXRlIjoxODAwMDAwMDAwMDAwLCJkZWxldGUiOjE4MDAwMDAwMDAwMDAsInVwZGF0ZSI6MTgwMDAwMDAwMDAwMH19",
          "dependencies": [
            "aws_eks_pod_identity_association.aws_lbc",
            "aws_eks_pod_identity_association.ebs_csi_driver",
            "aws_iam_role.aws_lbc",
            "aws_iam_role.ebs_csi_driver",
            "aws_iam_role_policy.aws_lbc",
            "aws_iam_role_policy_attachment.ebs_csi_driver",
            "data.aws_iam_policy_document.aws_lbc",
            "data.aws_iam_policy_document.aws_lbc_assume",
            "data.aws_iam_policy_document.ebs_csi_driver",
            "module.eks_blueprints_addons_lbc.random_bytes.this"
          ]
        }
      ]
    },
    {
      "module": "module.eks_blueprints_addons_lbc",
      "mode": "managed",
      "type": "aws_eks_addon",
      "name": "this",
      "provider": "provider[\"registry.terraform.io/hashicorp/aws\"]",
      "instances": [
        {
          "index_key": "aws-ebs-csi-driver",
          "schema_version": 0,
          "attributes": {
            "addon_name": "aws-ebs-csi-driver",
            "addon_version": "v1.38.1-eksbuild.2",
            "arn": "arn:aws:eks:us-east-1:640168420071:addon/dev-DevOpsProject/aws-ebs-csi-driver/32ca4ca7-0e3d-3499-f00d-feccd66cd32f",
            "cluster_name": "dev-DevOpsProject",
            "configuration_values": "",
            "created_at": "2025-01-24T17:13:40Z",
            "id": "dev-DevOpsProject:aws-ebs-csi-driver",
            "modified_at": "2025-01-24T17:14:58Z",
            "pod_identity_association": [],
            "preserve": true,
            "resolve_conflicts": null,
            "resolve_conflicts_on_create": "OVERWRITE",
            "resolve_conflicts_on_update": "OVERWRITE",
            "service_account_role_arn": "arn:aws:iam::640168420071:role/DevOpsProject-ebs-csi-driver",
            "tags": {},
            "tags_all": {},
            "timeouts": {
              "create": null,
              "delete": null,
              "update": null
            }
          },
          "sensitive_attributes": [],
          "private": "eyJlMmJmYjczMC1lY2FhLTExZTYtOGY4OC0zNDM2M2JjN2M0YzAiOnsiY3JlYXRlIjoxMjAwMDAwMDAwMDAwLCJkZWxldGUiOjI0MDAwMDAwMDAwMDAsInVwZGF0ZSI6MTIwMDAwMDAwMDAwMH19",
          "dependencies": [
            "aws_eks_pod_identity_association.aws_lbc",
            "aws_eks_pod_identity_association.ebs_csi_driver",
            "aws_iam_role.aws_lbc",
            "aws_iam_role.ebs_csi_driver",
            "aws_iam_role_policy.aws_lbc",
            "aws_iam_role_policy_attachment.ebs_csi_driver",
            "data.aws_iam_policy_document.aws_lbc",
            "data.aws_iam_policy_document.aws_lbc_assume",
            "data.aws_iam_policy_document.ebs_csi_driver",
            "module.eks_blueprints_addons_lbc.data.aws_eks_addon_version.this",
            "module.eks_blueprints_addons_lbc.module.cert_manager.aws_iam_role.this",
            "module.eks_blueprints_addons_lbc.module.cert_manager.data.aws_caller_identity.current",
            "module.eks_blueprints_addons_lbc.module.cert_manager.data.aws_iam_policy_document.assume",
            "module.eks_blueprints_addons_lbc.module.cert_manager.data.aws_partition.current",
            "module.eks_blueprints_addons_lbc.module.cert_manager.helm_release.this",
            "module.eks_blueprints_addons_lbc.time_sleep.this"
          ]
        },
        {
          "index_key": "eks-pod-identity-agent",
          "schema_version": 0,
          "attributes": {
            "addon_name": "eks-pod-identity-agent",
            "addon_version": "v1.3.4-eksbuild.1",
            "arn": "arn:aws:eks:us-east-1:640168420071:addon/dev-DevOpsProject/eks-pod-identity-agent/0aca4ca7-0e38-bef6-494f-4ee02382c785",
            "cluster_name": "dev-DevOpsProject",
            "configuration_values": "",
            "created_at": "2025-01-24T17:13:40Z",
            "id": "dev-DevOpsProject:eks-pod-identity-agent",
            "modified_at": "2025-01-24T17:14:17Z",
            "pod_identity_association": [],
            "preserve": true,
            "resolve_conflicts": null,
            "resolve_conflicts_on_create": "OVERWRITE",
            "resolve_conflicts_on_update": "OVERWRITE",
            "service_account_role_arn": "",
            "tags": {},
            "tags_all": {},
            "timeouts": {
              "create": null,
              "delete": null,
              "update": null
            }
          },
          "sensitive_attributes": [],
          "private": "eyJlMmJmYjczMC1lY2FhLTExZTYtOGY4OC0zNDM2M2JjN2M0YzAiOnsiY3JlYXRlIjoxMjAwMDAwMDAwMDAwLCJkZWxldGUiOjI0MDAwMDAwMDAwMDAsInVwZGF0ZSI6MTIwMDAwMDAwMDAwMH19",
          "dependencies": [
            "aws_eks_pod_identity_association.aws_lbc",
            "aws_eks_pod_identity_association.ebs_csi_driver",
            "aws_iam_role.aws_lbc",
            "aws_iam_role.ebs_csi_driver",
            "aws_iam_role_policy.aws_lbc",
            "aws_iam_role_policy_attachment.ebs_csi_driver",
            "data.aws_iam_policy_document.aws_lbc",
            "data.aws_iam_policy_document.aws_lbc_assume",
            "data.aws_iam_policy_document.ebs_csi_driver",
            "module.eks_blueprints_addons_lbc.data.aws_eks_addon_version.this",
            "module.eks_blueprints_addons_lbc.module.cert_manager.aws_iam_role.this",
            "module.eks_blueprints_addons_lbc.module.cert_manager.data.aws_caller_identity.current",
            "module.eks_blueprints_addons_lbc.module.cert_manager.data.aws_iam_policy_document.assume",
            "module.eks_blueprints_addons_lbc.module.cert_manager.data.aws_partition.current",
            "module.eks_blueprints_addons_lbc.module.cert_manager.helm_release.this",
            "module.eks_blueprints_addons_lbc.time_sleep.this"
          ]
        },
        {
          "index_key": "kube-proxy",
          "schema_version": 0,
          "attributes": {
            "addon_name": "kube-proxy",
            "addon_version": "v1.30.7-eksbuild.2",
            "arn": "arn:aws:eks:us-east-1:640168420071:addon/dev-DevOpsProject/kube-proxy/f4ca4ca7-0e38-1379-abed-0bbc33518dc1",
            "cluster_name": "dev-DevOpsProject",
            "configuration_values": "",
            "created_at": "2025-01-24T17:13:40Z",
            "id": "dev-DevOpsProject:kube-proxy",
            "modified_at": "2025-01-24T17:14:17Z",
            "pod_identity_association": [],
            "preserve": true,
            "resolve_conflicts": null,
            "resolve_conflicts_on_create": "OVERWRITE",
            "resolve_conflicts_on_update": "OVERWRITE",
            "service_account_role_arn": "",
            "tags": {},
            "tags_all": {},
            "timeouts": {
              "create": null,
              "delete": null,
              "update": null
            }
          },
          "sensitive_attributes": [],
          "private": "eyJlMmJmYjczMC1lY2FhLTExZTYtOGY4OC0zNDM2M2JjN2M0YzAiOnsiY3JlYXRlIjoxMjAwMDAwMDAwMDAwLCJkZWxldGUiOjI0MDAwMDAwMDAwMDAsInVwZGF0ZSI6MTIwMDAwMDAwMDAwMH19",
          "dependencies": [
            "aws_eks_pod_identity_association.aws_lbc",
            "aws_eks_pod_identity_association.ebs_csi_driver",
            "aws_iam_role.aws_lbc",
            "aws_iam_role.ebs_csi_driver",
            "aws_iam_role_policy.aws_lbc",
            "aws_iam_role_policy_attachment.ebs_csi_driver",
            "data.aws_iam_policy_document.aws_lbc",
            "data.aws_iam_policy_document.aws_lbc_assume",
            "data.aws_iam_policy_document.ebs_csi_driver",
            "module.eks_blueprints_addons_lbc.data.aws_eks_addon_version.this",
            "module.eks_blueprints_addons_lbc.module.cert_manager.aws_iam_role.this",
            "module.eks_blueprints_addons_lbc.module.cert_manager.data.aws_caller_identity.current",
            "module.eks_blueprints_addons_lbc.module.cert_manager.data.aws_iam_policy_document.assume",
            "module.eks_blueprints_addons_lbc.module.cert_manager.data.aws_partition.current",
            "module.eks_blueprints_addons_lbc.module.cert_manager.helm_release.this",
            "module.eks_blueprints_addons_lbc.time_sleep.this"
          ]
        },
        {
          "index_key": "vpc-cni",
          "schema_version": 0,
          "attributes": {
            "addon_name": "vpc-cni",
            "addon_version": "v1.19.2-eksbuild.1",
            "arn": "arn:aws:eks:us-east-1:640168420071:addon/dev-DevOpsProject/vpc-cni/4cca4ca7-0e39-b4c8-80a5-3a79f351cd06",
            "cluster_name": "dev-DevOpsProject",
            "configuration_values": "",
            "created_at": "2025-01-24T17:13:40Z",
            "id": "dev-DevOpsProject:vpc-cni",
            "modified_at": "2025-01-24T17:14:18Z",
            "pod_identity_association": [],
            "preserve": true,
            "resolve_conflicts": null,
            "resolve_conflicts_on_create": "OVERWRITE",
            "resolve_conflicts_on_update": "OVERWRITE",
            "service_account_role_arn": "",
            "tags": {},
            "tags_all": {},
            "timeouts": {
              "create": null,
              "delete": null,
              "update": null
            }
          },
          "sensitive_attributes": [],
          "private": "eyJlMmJmYjczMC1lY2FhLTExZTYtOGY4OC0zNDM2M2JjN2M0YzAiOnsiY3JlYXRlIjoxMjAwMDAwMDAwMDAwLCJkZWxldGUiOjI0MDAwMDAwMDAwMDAsInVwZGF0ZSI6MTIwMDAwMDAwMDAwMH19",
          "dependencies": [
            "aws_eks_pod_identity_association.aws_lbc",
            "aws_eks_pod_identity_association.ebs_csi_driver",
            "aws_iam_role.aws_lbc",
            "aws_iam_role.ebs_csi_driver",
            "aws_iam_role_policy.aws_lbc",
            "aws_iam_role_policy_attachment.ebs_csi_driver",
            "data.aws_iam_policy_document.aws_lbc",
            "data.aws_iam_policy_document.aws_lbc_assume",
            "data.aws_iam_policy_document.ebs_csi_driver",
            "module.eks_blueprints_addons_lbc.data.aws_eks_addon_version.this",
            "module.eks_blueprints_addons_lbc.module.cert_manager.aws_iam_role.this",
            "module.eks_blueprints_addons_lbc.module.cert_manager.data.aws_caller_identity.current",
            "module.eks_blueprints_addons_lbc.module.cert_manager.data.aws_iam_policy_document.assume",
            "module.eks_blueprints_addons_lbc.module.cert_manager.data.aws_partition.current",
            "module.eks_blueprints_addons_lbc.module.cert_manager.helm_release.this",
            "module.eks_blueprints_addons_lbc.time_sleep.this"
          ]
        }
      ]
    },
    {
      "module": "module.eks_blueprints_addons_lbc",
      "mode": "managed",
      "type": "random_bytes",
      "name": "this",
      "provider": "provider[\"registry.terraform.io/hashicorp/random\"]",
      "instances": [
        {
          "schema_version": 0,
          "attributes": {
            "base64": "c80=",
            "hex": "73cd",
            "keepers": null,
            "length": 2
          },
          "sensitive_attributes": [
            [
              {
                "type": "get_attr",
                "value": "base64"
              }
            ],
            [
              {
                "type": "get_attr",
                "value": "hex"
              }
            ]
          ],
          "dependencies": [
            "aws_eks_pod_identity_association.aws_lbc",
            "aws_eks_pod_identity_association.ebs_csi_driver",
            "aws_iam_role.aws_lbc",
            "aws_iam_role.ebs_csi_driver",
            "aws_iam_role_policy.aws_lbc",
            "aws_iam_role_policy_attachment.ebs_csi_driver",
            "data.aws_iam_policy_document.aws_lbc",
            "data.aws_iam_policy_document.aws_lbc_assume",
            "data.aws_iam_policy_document.ebs_csi_driver"
          ]
        }
      ]
    },
    {
      "module": "module.eks_blueprints_addons_lbc",
      "mode": "managed",
      "type": "time_sleep",
      "name": "this",
      "provider": "provider[\"registry.terraform.io/hashicorp/time\"]",
      "instances": [
        {
          "schema_version": 0,
          "attributes": {
            "create_duration": "30s",
            "destroy_duration": null,
            "id": "2025-01-24T17:13:40Z",
            "triggers": {
              "cluster_endpoint": "https://D182618C592393E5D7FB39906CF93EED.gr7.us-east-1.eks.amazonaws.com",
              "cluster_name": "dev-DevOpsProject",
              "custom": "",
              "oidc_provider_arn": "arn:aws:iam::640168420071:oidc-provider/oidc.eks.us-east-1.amazonaws.com/id/D182618C592393E5D7FB39906CF93EED"
            }
          },
          "sensitive_attributes": [],
          "dependencies": [
            "aws_eks_pod_identity_association.aws_lbc",
            "aws_eks_pod_identity_association.ebs_csi_driver",
            "aws_iam_role.aws_lbc",
            "aws_iam_role.ebs_csi_driver",
            "aws_iam_role_policy.aws_lbc",
            "aws_iam_role_policy_attachment.ebs_csi_driver",
            "data.aws_iam_policy_document.aws_lbc",
            "data.aws_iam_policy_document.aws_lbc_assume",
            "data.aws_iam_policy_document.ebs_csi_driver"
          ]
        }
      ]
    },
    {
      "module": "module.eks_blueprints_addons_lbc.module.aws_load_balancer_controller",
      "mode": "data",
      "type": "aws_caller_identity",
      "name": "current",
      "provider": "provider[\"registry.terraform.io/hashicorp/aws\"]",
      "instances": [
        {
          "index_key": 0,
          "schema_version": 0,
          "attributes": {
            "account_id": "640168420071",
            "arn": "arn:aws:iam::640168420071:user/iamadmin",
            "id": "640168420071",
            "user_id": "AIDAZKDIC4LTVXTRKQWQR"
          },
          "sensitive_attributes": []
        }
      ]
    },
    {
      "module": "module.eks_blueprints_addons_lbc.module.aws_load_balancer_controller",
      "mode": "data",
      "type": "aws_iam_policy_document",
      "name": "assume",
      "provider": "provider[\"registry.terraform.io/hashicorp/aws\"]",
      "instances": [
        {
          "index_key": 0,
          "schema_version": 0,
          "attributes": {
            "id": "2079031857",
            "json": "{\n  \"Version\": \"2012-10-17\",\n  \"Statement\": [\n    {\n      \"Effect\": \"Allow\",\n      \"Action\": \"sts:AssumeRoleWithWebIdentity\",\n      \"Principal\": {\n        \"Federated\": \"arn:aws:iam::640168420071:oidc-provider/oidc.eks.us-east-1.amazonaws.com/id/D182618C592393E5D7FB39906CF93EED\"\n      },\n      \"Condition\": {\n        \"StringEquals\": {\n          \"oidc.eks.us-east-1.amazonaws.com/id/D182618C592393E5D7FB39906CF93EED:aud\": \"sts.amazonaws.com\",\n          \"oidc.eks.us-east-1.amazonaws.com/id/D182618C592393E5D7FB39906CF93EED:sub\": \"system:serviceaccount:kube-system:aws-load-balancer-controller-sa\"\n        }\n      }\n    }\n  ]\n}",
            "minified_json": "{\"Version\":\"2012-10-17\",\"Statement\":[{\"Effect\":\"Allow\",\"Action\":\"sts:AssumeRoleWithWebIdentity\",\"Principal\":{\"Federated\":\"arn:aws:iam::640168420071:oidc-provider/oidc.eks.us-east-1.amazonaws.com/id/D182618C592393E5D7FB39906CF93EED\"},\"Condition\":{\"StringEquals\":{\"oidc.eks.us-east-1.amazonaws.com/id/D182618C592393E5D7FB39906CF93EED:aud\":\"sts.amazonaws.com\",\"oidc.eks.us-east-1.amazonaws.com/id/D182618C592393E5D7FB39906CF93EED:sub\":\"system:serviceaccount:kube-system:aws-load-balancer-controller-sa\"}}}]}",
            "override_json": null,
            "override_policy_documents": null,
            "policy_id": null,
            "source_json": null,
            "source_policy_documents": null,
            "statement": [
              {
                "actions": [
                  "sts:AssumeRoleWithWebIdentity"
                ],
                "condition": [
                  {
                    "test": "StringEquals",
                    "values": [
                      "sts.amazonaws.com"
                    ],
                    "variable": "oidc.eks.us-east-1.amazonaws.com/id/D182618C592393E5D7FB39906CF93EED:aud"
                  },
                  {
                    "test": "StringEquals",
                    "values": [
                      "system:serviceaccount:kube-system:aws-load-balancer-controller-sa"
                    ],
                    "variable": "oidc.eks.us-east-1.amazonaws.com/id/D182618C592393E5D7FB39906CF93EED:sub"
                  }
                ],
                "effect": "Allow",
                "not_actions": [],
                "not_principals": [],
                "not_resources": [],
                "principals": [
                  {
                    "identifiers": [
                      "arn:aws:iam::640168420071:oidc-provider/oidc.eks.us-east-1.amazonaws.com/id/D182618C592393E5D7FB39906CF93EED"
                    ],
                    "type": "Federated"
                  }
                ],
                "resources": [],
                "sid": ""
              }
            ],
            "version": "2012-10-17"
          },
          "sensitive_attributes": []
        }
      ]
    },
    {
      "module": "module.eks_blueprints_addons_lbc.module.aws_load_balancer_controller",
      "mode": "data",
      "type": "aws_iam_policy_document",
      "name": "this",
      "provider": "provider[\"registry.terraform.io/hashicorp/aws\"]",
      "instances": [
        {
          "index_key": 0,
          "schema_version": 0,
          "attributes": {
            "id": "2641054984",
            "json": "{\n  \"Version\": \"2012-10-17\",\n  \"Statement\": [\n    {\n      \"Effect\": \"Allow\",\n      \"Action\": \"iam:CreateServiceLinkedRole\",\n      \"Resource\": \"*\",\n      \"Condition\": {\n        \"StringEquals\": {\n          \"iam:AWSServiceName\": \"elasticloadbalancing.amazonaws.com\"\n        }\n      }\n    },\n    {\n      \"Effect\": \"Allow\",\n      \"Action\": [\n        \"elasticloadbalancing:DescribeTrustStores\",\n        \"elasticloadbalancing:DescribeTargetHealth\",\n        \"elasticloadbalancing:DescribeTargetGroups\",\n        \"elasticloadbalancing:DescribeTargetGroupAttributes\",\n        \"elasticloadbalancing:DescribeTags\",\n        \"elasticloadbalancing:DescribeSSLPolicies\",\n        \"elasticloadbalancing:DescribeRules\",\n        \"elasticloadbalancing:DescribeLoadBalancers\",\n        \"elasticloadbalancing:DescribeLoadBalancerAttributes\",\n        \"elasticloadbalancing:DescribeListeners\",\n        \"elasticloadbalancing:DescribeListenerCertificates\",\n        \"elasticloadbalancing:DescribeListenerAttributes\",\n        \"ec2:GetSecurityGroupsForVpc\",\n        \"ec2:GetCoipPoolUsage\",\n        \"ec2:DescribeVpcs\",\n        \"ec2:DescribeVpcPeeringConnections\",\n        \"ec2:DescribeTags\",\n        \"ec2:DescribeSubnets\",\n        \"ec2:DescribeSecurityGroups\",\n        \"ec2:DescribeNetworkInterfaces\",\n        \"ec2:DescribeInternetGateways\",\n        \"ec2:DescribeInstances\",\n        \"ec2:DescribeCoipPools\",\n        \"ec2:DescribeAvailabilityZones\",\n        \"ec2:DescribeAddresses\",\n        \"ec2:DescribeAccountAttributes\"\n      ],\n      \"Resource\": \"*\"\n    },\n    {\n      \"Effect\": \"Allow\",\n      \"Action\": [\n        \"wafv2:GetWebACLForResource\",\n        \"wafv2:GetWebACL\",\n        \"wafv2:DisassociateWebACL\",\n        \"wafv2:AssociateWebACL\",\n        \"waf-regional:GetWebACLForResource\",\n        \"waf-regional:GetWebACL\",\n        \"waf-regional:DisassociateWebACL\",\n        \"waf-regional:AssociateWebACL\",\n        \"shield:GetSubscriptionState\",\n        \"shield:DescribeProtection\",\n        \"shield:DeleteProtection\",\n        \"shield:CreateProtection\",\n        \"iam:ListServerCertificates\",\n        \"iam:GetServerCertificate\",\n        \"cognito-idp:DescribeUserPoolClient\",\n        \"acm:ListCertificates\",\n        \"acm:DescribeCertificate\"\n      ],\n      \"Resource\": \"*\"\n    },\n    {\n      \"Effect\": \"Allow\",\n      \"Action\": [\n        \"ec2:RevokeSecurityGroupIngress\",\n        \"ec2:AuthorizeSecurityGroupIngress\"\n      ],\n      \"Resource\": \"*\"\n    },\n    {\n      \"Effect\": \"Allow\",\n      \"Action\": \"ec2:CreateSecurityGroup\",\n      \"Resource\": \"*\"\n    },\n    {\n      \"Effect\": \"Allow\",\n      \"Action\": \"ec2:CreateTags\",\n      \"Resource\": \"arn:aws:ec2:*:*:security-group/*\",\n      \"Condition\": {\n        \"Null\": {\n          \"aws:RequestTag/elbv2.k8s.aws/cluster\": \"false\"\n        },\n        \"StringEquals\": {\n          \"ec2:CreateAction\": \"CreateSecurityGroup\"\n        }\n      }\n    },\n    {\n      \"Effect\": \"Allow\",\n      \"Action\": [\n        \"ec2:DeleteTags\",\n        \"ec2:CreateTags\"\n      ],\n      \"Resource\": \"arn:aws:ec2:*:*:security-group/*\",\n      \"Condition\": {\n        \"Null\": {\n          \"aws:RequestTag/elbv2.k8s.aws/cluster\": \"true\",\n          \"aws:ResourceTag/elbv2.k8s.aws/cluster\": \"false\"\n        }\n      }\n    },\n    {\n      \"Effect\": \"Allow\",\n      \"Action\": [\n        \"ec2:RevokeSecurityGroupIngress\",\n        \"ec2:DeleteSecurityGroup\",\n        \"ec2:AuthorizeSecurityGroupIngress\"\n      ],\n      \"Resource\": \"*\",\n      \"Condition\": {\n        \"Null\": {\n          \"aws:ResourceTag/elbv2.k8s.aws/cluster\": \"false\"\n        }\n      }\n    },\n    {\n      \"Effect\": \"Allow\",\n      \"Action\": [\n        \"elasticloadbalancing:CreateTargetGroup\",\n        \"elasticloadbalancing:CreateLoadBalancer\"\n      ],\n      \"Resource\": \"*\",\n      \"Condition\": {\n        \"Null\": {\n          \"aws:RequestTag/elbv2.k8s.aws/cluster\": \"false\"\n        }\n      }\n    },\n    {\n      \"Effect\": \"Allow\",\n      \"Action\": [\n        \"elasticloadbalancing:DeleteRule\",\n        \"elasticloadbalancing:DeleteListener\",\n        \"elasticloadbalancing:CreateRule\",\n        \"elasticloadbalancing:CreateListener\"\n      ],\n      \"Resource\": \"*\"\n    },\n    {\n      \"Effect\": \"Allow\",\n      \"Action\": [\n        \"elasticloadbalancing:RemoveTags\",\n        \"elasticloadbalancing:AddTags\"\n      ],\n      \"Resource\": [\n        \"arn:aws:elasticloadbalancing:*:*:targetgroup/*/*\",\n        \"arn:aws:elasticloadbalancing:*:*:loadbalancer/net/*/*\",\n        \"arn:aws:elasticloadbalancing:*:*:loadbalancer/app/*/*\"\n      ],\n      \"Condition\": {\n        \"Null\": {\n          \"aws:RequestTag/elbv2.k8s.aws/cluster\": \"true\",\n          \"aws:ResourceTag/elbv2.k8s.aws/cluster\": \"false\"\n        }\n      }\n    },\n    {\n      \"Effect\": \"Allow\",\n      \"Action\": [\n        \"elasticloadbalancing:RemoveTags\",\n        \"elasticloadbalancing:AddTags\"\n      ],\n      \"Resource\": [\n        \"arn:aws:elasticloadbalancing:*:*:listener/net/*/*/*\",\n        \"arn:aws:elasticloadbalancing:*:*:listener/app/*/*/*\",\n        \"arn:aws:elasticloadbalancing:*:*:listener-rule/net/*/*/*\",\n        \"arn:aws:elasticloadbalancing:*:*:listener-rule/app/*/*/*\"\n      ]\n    },\n    {\n      \"Effect\": \"Allow\",\n      \"Action\": [\n        \"elasticloadbalancing:SetSubnets\",\n        \"elasticloadbalancing:SetSecurityGroups\",\n        \"elasticloadbalancing:SetIpAddressType\",\n        \"elasticloadbalancing:ModifyTargetGroupAttributes\",\n        \"elasticloadbalancing:ModifyTargetGroup\",\n        \"elasticloadbalancing:ModifyLoadBalancerAttributes\",\n        \"elasticloadbalancing:ModifyListenerAttributes\",\n        \"elasticloadbalancing:DeleteTargetGroup\",\n        \"elasticloadbalancing:DeleteLoadBalancer\"\n      ],\n      \"Resource\": \"*\",\n      \"Condition\": {\n        \"Null\": {\n          \"aws:ResourceTag/elbv2.k8s.aws/cluster\": \"false\"\n        }\n      }\n    },\n    {\n      \"Effect\": \"Allow\",\n      \"Action\": \"elasticloadbalancing:AddTags\",\n      \"Resource\": [\n        \"arn:aws:elasticloadbalancing:*:*:targetgroup/*/*\",\n        \"arn:aws:elasticloadbalancing:*:*:loadbalancer/net/*/*\",\n        \"arn:aws:elasticloadbalancing:*:*:loadbalancer/app/*/*\"\n      ],\n      \"Condition\": {\n        \"Null\": {\n          \"aws:RequestTag/elbv2.k8s.aws/cluster\": \"false\"\n        },\n        \"StringEquals\": {\n          \"elasticloadbalancing:CreateAction\": [\n            \"CreateTargetGroup\",\n            \"CreateLoadBalancer\"\n          ]\n        }\n      }\n    },\n    {\n      \"Effect\": \"Allow\",\n      \"Action\": [\n        \"elasticloadbalancing:RegisterTargets\",\n        \"elasticloadbalancing:DeregisterTargets\"\n      ],\n      \"Resource\": \"arn:aws:elasticloadbalancing:*:*:targetgroup/*/*\"\n    },\n    {\n      \"Effect\": \"Allow\",\n      \"Action\": [\n        \"elasticloadbalancing:SetWebAcl\",\n        \"elasticloadbalancing:RemoveListenerCertificates\",\n        \"elasticloadbalancing:ModifyRule\",\n        \"elasticloadbalancing:ModifyListener\",\n        \"elasticloadbalancing:AddListenerCertificates\"\n      ],\n      \"Resource\": \"*\"\n    }\n  ]\n}",
            "minified_json": "{\"Version\":\"2012-10-17\",\"Statement\":[{\"Effect\":\"Allow\",\"Action\":\"iam:CreateServiceLinkedRole\",\"Resource\":\"*\",\"Condition\":{\"StringEquals\":{\"iam:AWSServiceName\":\"elasticloadbalancing.amazonaws.com\"}}},{\"Effect\":\"Allow\",\"Action\":[\"elasticloadbalancing:DescribeTrustStores\",\"elasticloadbalancing:DescribeTargetHealth\",\"elasticloadbalancing:DescribeTargetGroups\",\"elasticloadbalancing:DescribeTargetGroupAttributes\",\"elasticloadbalancing:DescribeTags\",\"elasticloadbalancing:DescribeSSLPolicies\",\"elasticloadbalancing:DescribeRules\",\"elasticloadbalancing:DescribeLoadBalancers\",\"elasticloadbalancing:DescribeLoadBalancerAttributes\",\"elasticloadbalancing:DescribeListeners\",\"elasticloadbalancing:DescribeListenerCertificates\",\"elasticloadbalancing:DescribeListenerAttributes\",\"ec2:GetSecurityGroupsForVpc\",\"ec2:GetCoipPoolUsage\",\"ec2:DescribeVpcs\",\"ec2:DescribeVpcPeeringConnections\",\"ec2:DescribeTags\",\"ec2:DescribeSubnets\",\"ec2:DescribeSecurityGroups\",\"ec2:DescribeNetworkInterfaces\",\"ec2:DescribeInternetGateways\",\"ec2:DescribeInstances\",\"ec2:DescribeCoipPools\",\"ec2:DescribeAvailabilityZones\",\"ec2:DescribeAddresses\",\"ec2:DescribeAccountAttributes\"],\"Resource\":\"*\"},{\"Effect\":\"Allow\",\"Action\":[\"wafv2:GetWebACLForResource\",\"wafv2:GetWebACL\",\"wafv2:DisassociateWebACL\",\"wafv2:AssociateWebACL\",\"waf-regional:GetWebACLForResource\",\"waf-regional:GetWebACL\",\"waf-regional:DisassociateWebACL\",\"waf-regional:AssociateWebACL\",\"shield:GetSubscriptionState\",\"shield:DescribeProtection\",\"shield:DeleteProtection\",\"shield:CreateProtection\",\"iam:ListServerCertificates\",\"iam:GetServerCertificate\",\"cognito-idp:DescribeUserPoolClient\",\"acm:ListCertificates\",\"acm:DescribeCertificate\"],\"Resource\":\"*\"},{\"Effect\":\"Allow\",\"Action\":[\"ec2:RevokeSecurityGroupIngress\",\"ec2:AuthorizeSecurityGroupIngress\"],\"Resource\":\"*\"},{\"Effect\":\"Allow\",\"Action\":\"ec2:CreateSecurityGroup\",\"Resource\":\"*\"},{\"Effect\":\"Allow\",\"Action\":\"ec2:CreateTags\",\"Resource\":\"arn:aws:ec2:*:*:security-group/*\",\"Condition\":{\"Null\":{\"aws:RequestTag/elbv2.k8s.aws/cluster\":\"false\"},\"StringEquals\":{\"ec2:CreateAction\":\"CreateSecurityGroup\"}}},{\"Effect\":\"Allow\",\"Action\":[\"ec2:DeleteTags\",\"ec2:CreateTags\"],\"Resource\":\"arn:aws:ec2:*:*:security-group/*\",\"Condition\":{\"Null\":{\"aws:RequestTag/elbv2.k8s.aws/cluster\":\"true\",\"aws:ResourceTag/elbv2.k8s.aws/cluster\":\"false\"}}},{\"Effect\":\"Allow\",\"Action\":[\"ec2:RevokeSecurityGroupIngress\",\"ec2:DeleteSecurityGroup\",\"ec2:AuthorizeSecurityGroupIngress\"],\"Resource\":\"*\",\"Condition\":{\"Null\":{\"aws:ResourceTag/elbv2.k8s.aws/cluster\":\"false\"}}},{\"Effect\":\"Allow\",\"Action\":[\"elasticloadbalancing:CreateTargetGroup\",\"elasticloadbalancing:CreateLoadBalancer\"],\"Resource\":\"*\",\"Condition\":{\"Null\":{\"aws:RequestTag/elbv2.k8s.aws/cluster\":\"false\"}}},{\"Effect\":\"Allow\",\"Action\":[\"elasticloadbalancing:DeleteRule\",\"elasticloadbalancing:DeleteListener\",\"elasticloadbalancing:CreateRule\",\"elasticloadbalancing:CreateListener\"],\"Resource\":\"*\"},{\"Effect\":\"Allow\",\"Action\":[\"elasticloadbalancing:RemoveTags\",\"elasticloadbalancing:AddTags\"],\"Resource\":[\"arn:aws:elasticloadbalancing:*:*:targetgroup/*/*\",\"arn:aws:elasticloadbalancing:*:*:loadbalancer/net/*/*\",\"arn:aws:elasticloadbalancing:*:*:loadbalancer/app/*/*\"],\"Condition\":{\"Null\":{\"aws:RequestTag/elbv2.k8s.aws/cluster\":\"true\",\"aws:ResourceTag/elbv2.k8s.aws/cluster\":\"false\"}}},{\"Effect\":\"Allow\",\"Action\":[\"elasticloadbalancing:RemoveTags\",\"elasticloadbalancing:AddTags\"],\"Resource\":[\"arn:aws:elasticloadbalancing:*:*:listener/net/*/*/*\",\"arn:aws:elasticloadbalancing:*:*:listener/app/*/*/*\",\"arn:aws:elasticloadbalancing:*:*:listener-rule/net/*/*/*\",\"arn:aws:elasticloadbalancing:*:*:listener-rule/app/*/*/*\"]},{\"Effect\":\"Allow\",\"Action\":[\"elasticloadbalancing:SetSubnets\",\"elasticloadbalancing:SetSecurityGroups\",\"elasticloadbalancing:SetIpAddressType\",\"elasticloadbalancing:ModifyTargetGroupAttributes\",\"elasticloadbalancing:ModifyTargetGroup\",\"elasticloadbalancing:ModifyLoadBalancerAttributes\",\"elasticloadbalancing:ModifyListenerAttributes\",\"elasticloadbalancing:DeleteTargetGroup\",\"elasticloadbalancing:DeleteLoadBalancer\"],\"Resource\":\"*\",\"Condition\":{\"Null\":{\"aws:ResourceTag/elbv2.k8s.aws/cluster\":\"false\"}}},{\"Effect\":\"Allow\",\"Action\":\"elasticloadbalancing:AddTags\",\"Resource\":[\"arn:aws:elasticloadbalancing:*:*:targetgroup/*/*\",\"arn:aws:elasticloadbalancing:*:*:loadbalancer/net/*/*\",\"arn:aws:elasticloadbalancing:*:*:loadbalancer/app/*/*\"],\"Condition\":{\"Null\":{\"aws:RequestTag/elbv2.k8s.aws/cluster\":\"false\"},\"StringEquals\":{\"elasticloadbalancing:CreateAction\":[\"CreateTargetGroup\",\"CreateLoadBalancer\"]}}},{\"Effect\":\"Allow\",\"Action\":[\"elasticloadbalancing:RegisterTargets\",\"elasticloadbalancing:DeregisterTargets\"],\"Resource\":\"arn:aws:elasticloadbalancing:*:*:targetgroup/*/*\"},{\"Effect\":\"Allow\",\"Action\":[\"elasticloadbalancing:SetWebAcl\",\"elasticloadbalancing:RemoveListenerCertificates\",\"elasticloadbalancing:ModifyRule\",\"elasticloadbalancing:ModifyListener\",\"elasticloadbalancing:AddListenerCertificates\"],\"Resource\":\"*\"}]}",
            "override_json": null,
            "override_policy_documents": null,
            "policy_id": null,
            "source_json": null,
            "source_policy_documents": [
              "{\n  \"Version\": \"2012-10-17\",\n  \"Statement\": [\n    {\n      \"Effect\": \"Allow\",\n      \"Action\": \"iam:CreateServiceLinkedRole\",\n      \"Resource\": \"*\",\n      \"Condition\": {\n        \"StringEquals\": {\n          \"iam:AWSServiceName\": \"elasticloadbalancing.amazonaws.com\"\n        }\n      }\n    },\n    {\n      \"Effect\": \"Allow\",\n      \"Action\": [\n        \"elasticloadbalancing:DescribeTrustStores\",\n        \"elasticloadbalancing:DescribeTargetHealth\",\n        \"elasticloadbalancing:DescribeTargetGroups\",\n        \"elasticloadbalancing:DescribeTargetGroupAttributes\",\n        \"elasticloadbalancing:DescribeTags\",\n        \"elasticloadbalancing:DescribeSSLPolicies\",\n        \"elasticloadbalancing:DescribeRules\",\n        \"elasticloadbalancing:DescribeLoadBalancers\",\n        \"elasticloadbalancing:DescribeLoadBalancerAttributes\",\n        \"elasticloadbalancing:DescribeListeners\",\n        \"elasticloadbalancing:DescribeListenerCertificates\",\n        \"elasticloadbalancing:DescribeListenerAttributes\",\n        \"ec2:GetSecurityGroupsForVpc\",\n        \"ec2:GetCoipPoolUsage\",\n        \"ec2:DescribeVpcs\",\n        \"ec2:DescribeVpcPeeringConnections\",\n        \"ec2:DescribeTags\",\n        \"ec2:DescribeSubnets\",\n        \"ec2:DescribeSecurityGroups\",\n        \"ec2:DescribeNetworkInterfaces\",\n        \"ec2:DescribeInternetGateways\",\n        \"ec2:DescribeInstances\",\n        \"ec2:DescribeCoipPools\",\n        \"ec2:DescribeAvailabilityZones\",\n        \"ec2:DescribeAddresses\",\n        \"ec2:DescribeAccountAttributes\"\n      ],\n      \"Resource\": \"*\"\n    },\n    {\n      \"Effect\": \"Allow\",\n      \"Action\": [\n        \"wafv2:GetWebACLForResource\",\n        \"wafv2:GetWebACL\",\n        \"wafv2:DisassociateWebACL\",\n        \"wafv2:AssociateWebACL\",\n        \"waf-regional:GetWebACLForResource\",\n        \"waf-regional:GetWebACL\",\n        \"waf-regional:DisassociateWebACL\",\n        \"waf-regional:AssociateWebACL\",\n        \"shield:GetSubscriptionState\",\n        \"shield:DescribeProtection\",\n        \"shield:DeleteProtection\",\n        \"shield:CreateProtection\",\n        \"iam:ListServerCertificates\",\n        \"iam:GetServerCertificate\",\n        \"cognito-idp:DescribeUserPoolClient\",\n        \"acm:ListCertificates\",\n        \"acm:DescribeCertificate\"\n      ],\n      \"Resource\": \"*\"\n    },\n    {\n      \"Effect\": \"Allow\",\n      \"Action\": [\n        \"ec2:RevokeSecurityGroupIngress\",\n        \"ec2:AuthorizeSecurityGroupIngress\"\n      ],\n      \"Resource\": \"*\"\n    },\n    {\n      \"Effect\": \"Allow\",\n      \"Action\": \"ec2:CreateSecurityGroup\",\n      \"Resource\": \"*\"\n    },\n    {\n      \"Effect\": \"Allow\",\n      \"Action\": \"ec2:CreateTags\",\n      \"Resource\": \"arn:aws:ec2:*:*:security-group/*\",\n      \"Condition\": {\n        \"Null\": {\n          \"aws:RequestTag/elbv2.k8s.aws/cluster\": \"false\"\n        },\n        \"StringEquals\": {\n          \"ec2:CreateAction\": \"CreateSecurityGroup\"\n        }\n      }\n    },\n    {\n      \"Effect\": \"Allow\",\n      \"Action\": [\n        \"ec2:DeleteTags\",\n        \"ec2:CreateTags\"\n      ],\n      \"Resource\": \"arn:aws:ec2:*:*:security-group/*\",\n      \"Condition\": {\n        \"Null\": {\n          \"aws:RequestTag/elbv2.k8s.aws/cluster\": \"true\",\n          \"aws:ResourceTag/elbv2.k8s.aws/cluster\": \"false\"\n        }\n      }\n    },\n    {\n      \"Effect\": \"Allow\",\n      \"Action\": [\n        \"ec2:RevokeSecurityGroupIngress\",\n        \"ec2:DeleteSecurityGroup\",\n        \"ec2:AuthorizeSecurityGroupIngress\"\n      ],\n      \"Resource\": \"*\",\n      \"Condition\": {\n        \"Null\": {\n          \"aws:ResourceTag/elbv2.k8s.aws/cluster\": \"false\"\n        }\n      }\n    },\n    {\n      \"Effect\": \"Allow\",\n      \"Action\": [\n        \"elasticloadbalancing:CreateTargetGroup\",\n        \"elasticloadbalancing:CreateLoadBalancer\"\n      ],\n      \"Resource\": \"*\",\n      \"Condition\": {\n        \"Null\": {\n          \"aws:RequestTag/elbv2.k8s.aws/cluster\": \"false\"\n        }\n      }\n    },\n    {\n      \"Effect\": \"Allow\",\n      \"Action\": [\n        \"elasticloadbalancing:DeleteRule\",\n        \"elasticloadbalancing:DeleteListener\",\n        \"elasticloadbalancing:CreateRule\",\n        \"elasticloadbalancing:CreateListener\"\n      ],\n      \"Resource\": \"*\"\n    },\n    {\n      \"Effect\": \"Allow\",\n      \"Action\": [\n        \"elasticloadbalancing:RemoveTags\",\n        \"elasticloadbalancing:AddTags\"\n      ],\n      \"Resource\": [\n        \"arn:aws:elasticloadbalancing:*:*:targetgroup/*/*\",\n        \"arn:aws:elasticloadbalancing:*:*:loadbalancer/net/*/*\",\n        \"arn:aws:elasticloadbalancing:*:*:loadbalancer/app/*/*\"\n      ],\n      \"Condition\": {\n        \"Null\": {\n          \"aws:RequestTag/elbv2.k8s.aws/cluster\": \"true\",\n          \"aws:ResourceTag/elbv2.k8s.aws/cluster\": \"false\"\n        }\n      }\n    },\n    {\n      \"Effect\": \"Allow\",\n      \"Action\": [\n        \"elasticloadbalancing:RemoveTags\",\n        \"elasticloadbalancing:AddTags\"\n      ],\n      \"Resource\": [\n        \"arn:aws:elasticloadbalancing:*:*:listener/net/*/*/*\",\n        \"arn:aws:elasticloadbalancing:*:*:listener/app/*/*/*\",\n        \"arn:aws:elasticloadbalancing:*:*:listener-rule/net/*/*/*\",\n        \"arn:aws:elasticloadbalancing:*:*:listener-rule/app/*/*/*\"\n      ]\n    },\n    {\n      \"Effect\": \"Allow\",\n      \"Action\": [\n        \"elasticloadbalancing:SetSubnets\",\n        \"elasticloadbalancing:SetSecurityGroups\",\n        \"elasticloadbalancing:SetIpAddressType\",\n        \"elasticloadbalancing:ModifyTargetGroupAttributes\",\n        \"elasticloadbalancing:ModifyTargetGroup\",\n        \"elasticloadbalancing:ModifyLoadBalancerAttributes\",\n        \"elasticloadbalancing:ModifyListenerAttributes\",\n        \"elasticloadbalancing:DeleteTargetGroup\",\n        \"elasticloadbalancing:DeleteLoadBalancer\"\n      ],\n      \"Resource\": \"*\",\n      \"Condition\": {\n        \"Null\": {\n          \"aws:ResourceTag/elbv2.k8s.aws/cluster\": \"false\"\n        }\n      }\n    },\n    {\n      \"Effect\": \"Allow\",\n      \"Action\": \"elasticloadbalancing:AddTags\",\n      \"Resource\": [\n        \"arn:aws:elasticloadbalancing:*:*:targetgroup/*/*\",\n        \"arn:aws:elasticloadbalancing:*:*:loadbalancer/net/*/*\",\n        \"arn:aws:elasticloadbalancing:*:*:loadbalancer/app/*/*\"\n      ],\n      \"Condition\": {\n        \"Null\": {\n          \"aws:RequestTag/elbv2.k8s.aws/cluster\": \"false\"\n        },\n        \"StringEquals\": {\n          \"elasticloadbalancing:CreateAction\": [\n            \"CreateTargetGroup\",\n            \"CreateLoadBalancer\"\n          ]\n        }\n      }\n    },\n    {\n      \"Effect\": \"Allow\",\n      \"Action\": [\n        \"elasticloadbalancing:RegisterTargets\",\n        \"elasticloadbalancing:DeregisterTargets\"\n      ],\n      \"Resource\": \"arn:aws:elasticloadbalancing:*:*:targetgroup/*/*\"\n    },\n    {\n      \"Effect\": \"Allow\",\n      \"Action\": [\n        \"elasticloadbalancing:SetWebAcl\",\n        \"elasticloadbalancing:RemoveListenerCertificates\",\n        \"elasticloadbalancing:ModifyRule\",\n        \"elasticloadbalancing:ModifyListener\",\n        \"elasticloadbalancing:AddListenerCertificates\"\n      ],\n      \"Resource\": \"*\"\n    }\n  ]\n}"
            ],
            "statement": null,
            "version": "2012-10-17"
          },
          "sensitive_attributes": []
        }
      ]
    },
    {
      "module": "module.eks_blueprints_addons_lbc.module.aws_load_balancer_controller",
      "mode": "data",
      "type": "aws_partition",
      "name": "current",
      "provider": "provider[\"registry.terraform.io/hashicorp/aws\"]",
      "instances": [
        {
          "index_key": 0,
          "schema_version": 0,
          "attributes": {
            "dns_suffix": "amazonaws.com",
            "id": "aws",
            "partition": "aws",
            "reverse_dns_prefix": "com.amazonaws"
          },
          "sensitive_attributes": []
        }
      ]
    },
    {
      "module": "module.eks_blueprints_addons_lbc.module.aws_load_balancer_controller",
      "mode": "managed",
      "type": "aws_iam_policy",
      "name": "this",
      "provider": "provider[\"registry.terraform.io/hashicorp/aws\"]",
      "instances": [
        {
          "index_key": 0,
          "schema_version": 0,
          "attributes": {
            "arn": "arn:aws:iam::640168420071:policy/alb-controller-20250124171310915600000006",
            "attachment_count": 1,
            "description": "IAM Policy for AWS Load Balancer Controller",
            "id": "arn:aws:iam::640168420071:policy/alb-controller-20250124171310915600000006",
            "name": "alb-controller-20250124171310915600000006",
            "name_prefix": "alb-controller-",
            "path": "/",
            "policy": "{\"Statement\":[{\"Action\":\"iam:CreateServiceLinkedRole\",\"Condition\":{\"StringEquals\":{\"iam:AWSServiceName\":\"elasticloadbalancing.amazonaws.com\"}},\"Effect\":\"Allow\",\"Resource\":\"*\"},{\"Action\":[\"elasticloadbalancing:DescribeTrustStores\",\"elasticloadbalancing:DescribeTargetHealth\",\"elasticloadbalancing:DescribeTargetGroups\",\"elasticloadbalancing:DescribeTargetGroupAttributes\",\"elasticloadbalancing:DescribeTags\",\"elasticloadbalancing:DescribeSSLPolicies\",\"elasticloadbalancing:DescribeRules\",\"elasticloadbalancing:DescribeLoadBalancers\",\"elasticloadbalancing:DescribeLoadBalancerAttributes\",\"elasticloadbalancing:DescribeListeners\",\"elasticloadbalancing:DescribeListenerCertificates\",\"elasticloadbalancing:DescribeListenerAttributes\",\"ec2:GetSecurityGroupsForVpc\",\"ec2:GetCoipPoolUsage\",\"ec2:DescribeVpcs\",\"ec2:DescribeVpcPeeringConnections\",\"ec2:DescribeTags\",\"ec2:DescribeSubnets\",\"ec2:DescribeSecurityGroups\",\"ec2:DescribeNetworkInterfaces\",\"ec2:DescribeInternetGateways\",\"ec2:DescribeInstances\",\"ec2:DescribeCoipPools\",\"ec2:DescribeAvailabilityZones\",\"ec2:DescribeAddresses\",\"ec2:DescribeAccountAttributes\"],\"Effect\":\"Allow\",\"Resource\":\"*\"},{\"Action\":[\"wafv2:GetWebACLForResource\",\"wafv2:GetWebACL\",\"wafv2:DisassociateWebACL\",\"wafv2:AssociateWebACL\",\"waf-regional:GetWebACLForResource\",\"waf-regional:GetWebACL\",\"waf-regional:DisassociateWebACL\",\"waf-regional:AssociateWebACL\",\"shield:GetSubscriptionState\",\"shield:DescribeProtection\",\"shield:DeleteProtection\",\"shield:CreateProtection\",\"iam:ListServerCertificates\",\"iam:GetServerCertificate\",\"cognito-idp:DescribeUserPoolClient\",\"acm:ListCertificates\",\"acm:DescribeCertificate\"],\"Effect\":\"Allow\",\"Resource\":\"*\"},{\"Action\":[\"ec2:RevokeSecurityGroupIngress\",\"ec2:AuthorizeSecurityGroupIngress\"],\"Effect\":\"Allow\",\"Resource\":\"*\"},{\"Action\":\"ec2:CreateSecurityGroup\",\"Effect\":\"Allow\",\"Resource\":\"*\"},{\"Action\":\"ec2:CreateTags\",\"Condition\":{\"Null\":{\"aws:RequestTag/elbv2.k8s.aws/cluster\":\"false\"},\"StringEquals\":{\"ec2:CreateAction\":\"CreateSecurityGroup\"}},\"Effect\":\"Allow\",\"Resource\":\"arn:aws:ec2:*:*:security-group/*\"},{\"Action\":[\"ec2:DeleteTags\",\"ec2:CreateTags\"],\"Condition\":{\"Null\":{\"aws:RequestTag/elbv2.k8s.aws/cluster\":\"true\",\"aws:ResourceTag/elbv2.k8s.aws/cluster\":\"false\"}},\"Effect\":\"Allow\",\"Resource\":\"arn:aws:ec2:*:*:security-group/*\"},{\"Action\":[\"ec2:RevokeSecurityGroupIngress\",\"ec2:DeleteSecurityGroup\",\"ec2:AuthorizeSecurityGroupIngress\"],\"Condition\":{\"Null\":{\"aws:ResourceTag/elbv2.k8s.aws/cluster\":\"false\"}},\"Effect\":\"Allow\",\"Resource\":\"*\"},{\"Action\":[\"elasticloadbalancing:CreateTargetGroup\",\"elasticloadbalancing:CreateLoadBalancer\"],\"Condition\":{\"Null\":{\"aws:RequestTag/elbv2.k8s.aws/cluster\":\"false\"}},\"Effect\":\"Allow\",\"Resource\":\"*\"},{\"Action\":[\"elasticloadbalancing:DeleteRule\",\"elasticloadbalancing:DeleteListener\",\"elasticloadbalancing:CreateRule\",\"elasticloadbalancing:CreateListener\"],\"Effect\":\"Allow\",\"Resource\":\"*\"},{\"Action\":[\"elasticloadbalancing:RemoveTags\",\"elasticloadbalancing:AddTags\"],\"Condition\":{\"Null\":{\"aws:RequestTag/elbv2.k8s.aws/cluster\":\"true\",\"aws:ResourceTag/elbv2.k8s.aws/cluster\":\"false\"}},\"Effect\":\"Allow\",\"Resource\":[\"arn:aws:elasticloadbalancing:*:*:targetgroup/*/*\",\"arn:aws:elasticloadbalancing:*:*:loadbalancer/net/*/*\",\"arn:aws:elasticloadbalancing:*:*:loadbalancer/app/*/*\"]},{\"Action\":[\"elasticloadbalancing:RemoveTags\",\"elasticloadbalancing:AddTags\"],\"Effect\":\"Allow\",\"Resource\":[\"arn:aws:elasticloadbalancing:*:*:listener/net/*/*/*\",\"arn:aws:elasticloadbalancing:*:*:listener/app/*/*/*\",\"arn:aws:elasticloadbalancing:*:*:listener-rule/net/*/*/*\",\"arn:aws:elasticloadbalancing:*:*:listener-rule/app/*/*/*\"]},{\"Action\":[\"elasticloadbalancing:SetSubnets\",\"elasticloadbalancing:SetSecurityGroups\",\"elasticloadbalancing:SetIpAddressType\",\"elasticloadbalancing:ModifyTargetGroupAttributes\",\"elasticloadbalancing:ModifyTargetGroup\",\"elasticloadbalancing:ModifyLoadBalancerAttributes\",\"elasticloadbalancing:ModifyListenerAttributes\",\"elasticloadbalancing:DeleteTargetGroup\",\"elasticloadbalancing:DeleteLoadBalancer\"],\"Condition\":{\"Null\":{\"aws:ResourceTag/elbv2.k8s.aws/cluster\":\"false\"}},\"Effect\":\"Allow\",\"Resource\":\"*\"},{\"Action\":\"elasticloadbalancing:AddTags\",\"Condition\":{\"Null\":{\"aws:RequestTag/elbv2.k8s.aws/cluster\":\"false\"},\"StringEquals\":{\"elasticloadbalancing:CreateAction\":[\"CreateTargetGroup\",\"CreateLoadBalancer\"]}},\"Effect\":\"Allow\",\"Resource\":[\"arn:aws:elasticloadbalancing:*:*:targetgroup/*/*\",\"arn:aws:elasticloadbalancing:*:*:loadbalancer/net/*/*\",\"arn:aws:elasticloadbalancing:*:*:loadbalancer/app/*/*\"]},{\"Action\":[\"elasticloadbalancing:RegisterTargets\",\"elasticloadbalancing:DeregisterTargets\"],\"Effect\":\"Allow\",\"Resource\":\"arn:aws:elasticloadbalancing:*:*:targetgroup/*/*\"},{\"Action\":[\"elasticloadbalancing:SetWebAcl\",\"elasticloadbalancing:RemoveListenerCertificates\",\"elasticloadbalancing:ModifyRule\",\"elasticloadbalancing:ModifyListener\",\"elasticloadbalancing:AddListenerCertificates\"],\"Effect\":\"Allow\",\"Resource\":\"*\"}],\"Version\":\"2012-10-17\"}",
            "policy_id": "ANPAZKDIC4LTSVCWGRHQO",
            "tags": {},
            "tags_all": {}
          },
          "sensitive_attributes": [],
          "private": "bnVsbA==",
          "dependencies": [
            "aws_eks_pod_identity_association.aws_lbc",
            "aws_eks_pod_identity_association.ebs_csi_driver",
            "aws_iam_role.aws_lbc",
            "aws_iam_role.ebs_csi_driver",
            "aws_iam_role_policy.aws_lbc",
            "aws_iam_role_policy_attachment.ebs_csi_driver",
            "data.aws_iam_policy_document.aws_lbc",
            "data.aws_iam_policy_document.aws_lbc_assume",
            "data.aws_iam_policy_document.ebs_csi_driver",
            "module.eks_blueprints_addons_lbc.data.aws_iam_policy_document.aws_load_balancer_controller",
            "module.eks_blueprints_addons_lbc.data.aws_partition.current",
            "module.eks_blueprints_addons_lbc.module.aws_load_balancer_controller.data.aws_iam_policy_document.this"
          ]
        }
      ]
    },
    {
      "module": "module.eks_blueprints_addons_lbc.module.aws_load_balancer_controller",
      "mode": "managed",
      "type": "aws_iam_role",
      "name": "this",
      "provider": "provider[\"registry.terraform.io/hashicorp/aws\"]",
      "instances": [
        {
          "index_key": 0,
          "schema_version": 0,
          "attributes": {
            "arn": "arn:aws:iam::640168420071:role/alb-controller-20250124171340789500000009",
            "assume_role_policy": "{\"Statement\":[{\"Action\":\"sts:AssumeRoleWithWebIdentity\",\"Condition\":{\"StringEquals\":{\"oidc.eks.us-east-1.amazonaws.com/id/D182618C592393E5D7FB39906CF93EED:aud\":\"sts.amazonaws.com\",\"oidc.eks.us-east-1.amazonaws.com/id/D182618C592393E5D7FB39906CF93EED:sub\":\"system:serviceaccount:kube-system:aws-load-balancer-controller-sa\"}},\"Effect\":\"Allow\",\"Principal\":{\"Federated\":\"arn:aws:iam::640168420071:oidc-provider/oidc.eks.us-east-1.amazonaws.com/id/D182618C592393E5D7FB39906CF93EED\"}}],\"Version\":\"2012-10-17\"}",
            "create_date": "2025-01-24T17:13:40Z",
            "description": "IRSA for aws-load-balancer-controller project",
            "force_detach_policies": true,
            "id": "alb-controller-20250124171340789500000009",
            "inline_policy": [],
            "managed_policy_arns": [
              "arn:aws:iam::640168420071:policy/alb-controller-20250124171310915600000006"
            ],
            "max_session_duration": 3600,
            "name": "alb-controller-20250124171340789500000009",
            "name_prefix": "alb-controller-",
            "path": "/",
            "permissions_boundary": "",
            "tags": {},
            "tags_all": {},
            "unique_id": "AROAZKDIC4LTQXXFBW2FA"
          },
          "sensitive_attributes": [],
          "private": "bnVsbA==",
          "dependencies": [
            "aws_eks_pod_identity_association.aws_lbc",
            "aws_eks_pod_identity_association.ebs_csi_driver",
            "aws_iam_role.aws_lbc",
            "aws_iam_role.ebs_csi_driver",
            "aws_iam_role_policy.aws_lbc",
            "aws_iam_role_policy_attachment.ebs_csi_driver",
            "data.aws_iam_policy_document.aws_lbc",
            "data.aws_iam_policy_document.aws_lbc_assume",
            "data.aws_iam_policy_document.ebs_csi_driver",
            "module.eks_blueprints_addons_lbc.module.aws_load_balancer_controller.data.aws_caller_identity.current",
            "module.eks_blueprints_addons_lbc.module.aws_load_balancer_controller.data.aws_iam_policy_document.assume",
            "module.eks_blueprints_addons_lbc.module.aws_load_balancer_controller.data.aws_partition.current",
            "module.eks_blueprints_addons_lbc.time_sleep.this"
          ]
        }
      ]
    },
    {
      "module": "module.eks_blueprints_addons_lbc.module.aws_load_balancer_controller",
      "mode": "managed",
      "type": "aws_iam_role_policy_attachment",
      "name": "this",
      "provider": "provider[\"registry.terraform.io/hashicorp/aws\"]",
      "instances": [
        {
          "index_key": 0,
          "schema_version": 0,
          "attributes": {
            "id": "alb-controller-20250124171340789500000009-2025012417134173830000000c",
            "policy_arn": "arn:aws:iam::640168420071:policy/alb-controller-20250124171310915600000006",
            "role": "alb-controller-20250124171340789500000009"
          },
          "sensitive_attributes": [],
          "private": "bnVsbA==",
          "dependencies": [
            "aws_eks_pod_identity_association.aws_lbc",
            "aws_eks_pod_identity_association.ebs_csi_driver",
            "aws_iam_role.aws_lbc",
            "aws_iam_role.ebs_csi_driver",
            "aws_iam_role_policy.aws_lbc",
            "aws_iam_role_policy_attachment.ebs_csi_driver",
            "data.aws_iam_policy_document.aws_lbc",
            "data.aws_iam_policy_document.aws_lbc_assume",
            "data.aws_iam_policy_document.ebs_csi_driver",
            "module.eks_blueprints_addons_lbc.data.aws_iam_policy_document.aws_load_balancer_controller",
            "module.eks_blueprints_addons_lbc.data.aws_partition.current",
            "module.eks_blueprints_addons_lbc.module.aws_load_balancer_controller.aws_iam_policy.this",
            "module.eks_blueprints_addons_lbc.module.aws_load_balancer_controller.aws_iam_role.this",
            "module.eks_blueprints_addons_lbc.module.aws_load_balancer_controller.data.aws_caller_identity.current",
            "module.eks_blueprints_addons_lbc.module.aws_load_balancer_controller.data.aws_iam_policy_document.assume",
            "module.eks_blueprints_addons_lbc.module.aws_load_balancer_controller.data.aws_iam_policy_document.this",
            "module.eks_blueprints_addons_lbc.module.aws_load_balancer_controller.data.aws_partition.current",
            "module.eks_blueprints_addons_lbc.time_sleep.this"
          ]
        }
      ]
    },
    {
      "module": "module.eks_blueprints_addons_lbc.module.aws_load_balancer_controller",
      "mode": "managed",
      "type": "helm_release",
      "name": "this",
      "provider": "provider[\"registry.terraform.io/hashicorp/helm\"]",
      "instances": [
        {
          "index_key": 0,
          "schema_version": 1,
          "attributes": {
            "atomic": false,
            "chart": "aws-load-balancer-controller",
            "cleanup_on_fail": false,
            "create_namespace": false,
            "dependency_update": false,
            "description": "A Helm chart to deploy aws-load-balancer-controller for ingress resources",
            "devel": null,
            "disable_crd_hooks": false,
            "disable_openapi_validation": false,
            "disable_webhooks": false,
            "force_update": false,
            "id": "aws-load-balancer-controller",
            "keyring": null,
            "lint": false,
            "manifest": null,
            "max_history": 0,
            "metadata": [
              {
                "app_version": "v2.7.1",
                "chart": "aws-load-balancer-controller",
                "first_deployed": 1737738829,
                "last_deployed": 1737738829,
                "name": "aws-load-balancer-controller",
                "namespace": "kube-system",
                "notes": "AWS Load Balancer controller installed!\n",
                "revision": 1,
                "values": "{\"clusterName\":\"dev-DevOpsProject\",\"image\":{\"repository\":\"602401143452.dkr.ecr.us-east-1.amazonaws.com/amazon/aws-load-balancer-controller\"},\"nodeSelector\":{\"workload-type\":\"critical\"},\"podIdentity\":{\"enabled\":true},\"region\":\"us-east-1\",\"serviceAccount\":{\"annotations\":{\"eks.amazonaws.com/role-arn\":\"arn:aws:iam::640168420071:role/alb-controller-20250124171340789500000009\"},\"create\":true,\"name\":\"aws-load-balancer-controller-sa\"},\"tolerations\":[{\"effect\":\"NoSchedule\",\"key\":\"workload-type\",\"values\":\"critical\"}],\"vpcId\":\"vpc-035cd613c43fc31f5\"}",
                "version": "1.7.1"
              }
            ],
            "name": "aws-load-balancer-controller",
            "namespace": "kube-system",
            "pass_credentials": false,
            "postrender": [],
            "recreate_pods": false,
            "render_subchart_notes": true,
            "replace": false,
            "repository": "https://aws.github.io/eks-charts",
            "repository_ca_file": null,
            "repository_cert_file": null,
            "repository_key_file": null,
            "repository_password": null,
            "repository_username": null,
            "reset_values": false,
            "reuse_values": false,
            "set": [
              {
                "name": "clusterName",
                "type": "",
                "value": "dev-DevOpsProject"
              },
              {
                "name": "serviceAccount.annotations.eks\\.amazonaws\\.com/role-arn",
                "type": "",
                "value": "arn:aws:iam::640168420071:role/alb-controller-20250124171340789500000009"
              },
              {
                "name": "serviceAccount.name",
                "type": "",
                "value": "aws-load-balancer-controller-sa"
              }
            ],
            "set_list": [],
            "set_sensitive": [],
            "skip_crds": false,
            "status": "deployed",
            "timeout": 300,
            "upgrade_install": null,
            "values": [
              "podIdentity:\n  enabled: true\nserviceAccount:\n  create: true\nregion: us-east-1\nvpcId: vpc-035cd613c43fc31f5\nimage:\n  repository: 602401143452.dkr.ecr.us-east-1.amazonaws.com/amazon/aws-load-balancer-controller\nnodeSelector:\n  workload-type: critical\ntolerations:\n  - key: \"workload-type\"\n    values: \"critical\"\n    effect: \"NoSchedule\"\n"
            ],
            "verify": false,
            "version": "1.7.1",
            "wait": true,
            "wait_for_jobs": true
          },
          "sensitive_attributes": [
            [
              {
                "type": "get_attr",
                "value": "repository_password"
              }
            ]
          ],
          "private": "eyJzY2hlbWFfdmVyc2lvbiI6IjEifQ==",
          "dependencies": [
            "aws_eks_pod_identity_association.aws_lbc",
            "aws_eks_pod_identity_association.ebs_csi_driver",
            "aws_iam_role.aws_lbc",
            "aws_iam_role.ebs_csi_driver",
            "aws_iam_role_policy.aws_lbc",
            "aws_iam_role_policy_attachment.ebs_csi_driver",
            "data.aws_iam_policy_document.aws_lbc",
            "data.aws_iam_policy_document.aws_lbc_assume",
            "data.aws_iam_policy_document.ebs_csi_driver",
            "module.eks_blueprints_addons_lbc.module.aws_load_balancer_controller.aws_iam_role.this",
            "module.eks_blueprints_addons_lbc.module.aws_load_balancer_controller.data.aws_caller_identity.current",
            "module.eks_blueprints_addons_lbc.module.aws_load_balancer_controller.data.aws_iam_policy_document.assume",
            "module.eks_blueprints_addons_lbc.module.aws_load_balancer_controller.data.aws_partition.current",
            "module.eks_blueprints_addons_lbc.time_sleep.this"
          ]
        }
      ]
    }
  ],
  "check_results": [
    {
      "object_kind": "var",
      "config_addr": "module.acm.var.validation_method",
      "status": "pass",
      "objects": [
        {
          "object_addr": "module.acm.var.validation_method",
          "status": "pass"
        }
      ]
    }
  ]
}
